2024/12/04 08:29:57 chat.go:112: === Starting SendMessage ===
2024/12/04 08:29:57 chat.go:113: Payload: {Message:create sqs queue - default config, call it blablabla - just PLAN IT!

Here's some reference files for context:
 AgentUUID:7695b865-97bd-4c14-8f65-c617976a40a5 SessionID:1733293797975496000}
2024/12/04 08:30:06 chat.go:219: Sending message: {Content:ERROR: Sorry, I had an issue processing your request. Please try again. If the issue persists, please contact support. Session id: 1733293797975496000. Error: SessionID: Timestamp:2024-12-04T08:30:06+02:00 SenderName:Bot Type:system_message Message: MessageID:688711 Final:true Status:}
2024/12/04 08:30:11 chat.go:112: === Starting SendMessage ===
2024/12/04 08:30:11 chat.go:113: Payload: {Message:create sqs queue - default config, call it blablabla - just PLAN IT!

Here's some reference files for context:
 AgentUUID:7695b865-97bd-4c14-8f65-c617976a40a5 SessionID:1733293811879431000}
2024/12/04 08:30:20 chat.go:219: Sending message: {Content:
Tool: tf_aws_sqs_plan
Arguments:  Error: SessionID: Timestamp:2024-12-04T08:30:20+02:00 SenderName:Bot Type:tool Message: MessageID:761913 Final:false Status:}
2024/12/04 08:30:20 chat.go:219: Sending message: {Content:
Tool: tf_aws_sqs_plan
Arguments: {" Error: SessionID: Timestamp:2024-12-04T08:30:20+02:00 SenderName:Bot Type:tool Message: MessageID:761913 Final:false Status:}
2024/12/04 08:30:20 chat.go:219: Sending message: {Content:
Tool: tf_aws_sqs_plan
Arguments: {"name Error: SessionID: Timestamp:2024-12-04T08:30:20+02:00 SenderName:Bot Type:tool Message: MessageID:761913 Final:false Status:}
2024/12/04 08:30:21 chat.go:219: Sending message: {Content:
Tool: tf_aws_sqs_plan
Arguments: {"name":" Error: SessionID: Timestamp:2024-12-04T08:30:21+02:00 SenderName:Bot Type:tool Message: MessageID:761913 Final:false Status:}
2024/12/04 08:30:21 chat.go:219: Sending message: {Content:
Tool: tf_aws_sqs_plan
Arguments: {"name":"bl Error: SessionID: Timestamp:2024-12-04T08:30:21+02:00 SenderName:Bot Type:tool Message: MessageID:761913 Final:false Status:}
2024/12/04 08:30:21 chat.go:219: Sending message: {Content:
Tool: tf_aws_sqs_plan
Arguments: {"name":"blabl Error: SessionID: Timestamp:2024-12-04T08:30:21+02:00 SenderName:Bot Type:tool Message: MessageID:761913 Final:false Status:}
2024/12/04 08:30:21 chat.go:219: Sending message: {Content:
Tool: tf_aws_sqs_plan
Arguments: {"name":"blablabla Error: SessionID: Timestamp:2024-12-04T08:30:21+02:00 SenderName:Bot Type:tool Message: MessageID:761913 Final:false Status:}
2024/12/04 08:30:21 chat.go:219: Sending message: {Content:
Tool: tf_aws_sqs_plan
Arguments: {"name":"blablabla"} Error: SessionID: Timestamp:2024-12-04T08:30:21+02:00 SenderName:Bot Type:tool Message: MessageID:761913 Final:false Status:}
2024/12/04 08:30:21 chat.go:219: Sending message: {Content:
Tool: tf_aws_sqs_plan
Arguments: {"name":"blablabla"} Error: SessionID: Timestamp:2024-12-04T08:30:21+02:00 SenderName:Bot Type:tool Message: MessageID:761913 Final:true Status:}
2024/12/04 08:30:21 chat.go:219: Sending message: {Content:
Tool: tf_aws_sqs_plan
Arguments: {"name":"blablabla"} Error: SessionID: Timestamp:2024-12-04T08:30:21+02:00 SenderName:Bot Type:tool Message: MessageID:761913 Final:true Status:}
2024/12/04 08:30:33 chat.go:219: Sending message: {Content:📦 Installing system dependencies... Error: SessionID: Timestamp:2024-12-04T08:30:33+02:00 SenderName:Bot Type:tool_output Message: MessageID:737901 Final:true Status:}
2024/12/04 08:30:34 chat.go:219: Sending message: {Content:📦 Installing system dependencies...📦 Installing Terraform 1.10.0... Error: SessionID: Timestamp:2024-12-04T08:30:34+02:00 SenderName:Bot Type:tool_output Message: MessageID:737901 Final:true Status:}
2024/12/04 08:30:35 chat.go:219: Sending message: {Content:📦 Installing system dependencies...📦 Installing Terraform 1.10.0...✅ Successfully installed Terraform 1.10.0 Error: SessionID: Timestamp:2024-12-04T08:30:35+02:00 SenderName:Bot Type:tool_output Message: MessageID:737901 Final:false Status:}
2024/12/04 08:30:35 chat.go:219: Sending message: {Content:📦 Installing system dependencies...📦 Installing Terraform 1.10.0...✅ Successfully installed Terraform 1.10.0🔧 Using workspace name: shaked-kubiya-ai-plan Error: SessionID: Timestamp:2024-12-04T08:30:35+02:00 SenderName:Bot Type:tool_output Message: MessageID:737901 Final:false Status:}
2024/12/04 08:30:35 chat.go:219: Sending message: {Content:📦 Installing system dependencies...📦 Installing Terraform 1.10.0...✅ Successfully installed Terraform 1.10.0🔧 Using workspace name: shaked-kubiya-ai-plan📦 Cloning module repository... Error: SessionID: Timestamp:2024-12-04T08:30:35+02:00 SenderName:Bot Type:tool_output Message: MessageID:737901 Final:true Status:}
2024/12/04 08:30:35 chat.go:219: Sending message: {Content:📦 Installing system dependencies...📦 Installing Terraform 1.10.0...✅ Successfully installed Terraform 1.10.0🔧 Using workspace name: shaked-kubiya-ai-plan📦 Cloning module repository...Cloning into '/workspace/shaked-kubiya-ai-plan/terraform-aws-sqs'... Error: SessionID: Timestamp:2024-12-04T08:30:35+02:00 SenderName:Bot Type:tool_output Message: MessageID:737901 Final:true Status:}
2024/12/04 08:30:35 chat.go:219: Sending message: {Content:📦 Installing system dependencies...📦 Installing Terraform 1.10.0...✅ Successfully installed Terraform 1.10.0🔧 Using workspace name: shaked-kubiya-ai-plan📦 Cloning module repository...Cloning into '/workspace/shaked-kubiya-ai-plan/terraform-aws-sqs'...Checking for Terraform files in /workspace/shaked-kubiya-ai-plan/terraform-aws-sqs Error: SessionID: Timestamp:2024-12-04T08:30:35+02:00 SenderName:Bot Type:tool_output Message: MessageID:737901 Final:false Status:}
2024/12/04 08:30:35 chat.go:219: Sending message: {Content:📦 Installing system dependencies...📦 Installing Terraform 1.10.0...✅ Successfully installed Terraform 1.10.0🔧 Using workspace name: shaked-kubiya-ai-plan📦 Cloning module repository...Cloning into '/workspace/shaked-kubiya-ai-plan/terraform-aws-sqs'...Checking for Terraform files in /workspace/shaked-kubiya-ai-plan/terraform-aws-sqsFound 4 Terraform files in module directory Error: SessionID: Timestamp:2024-12-04T08:30:35+02:00 SenderName:Bot Type:tool_output Message: MessageID:737901 Final:false Status:}
2024/12/04 08:30:35 chat.go:219: Sending message: {Content:📦 Installing system dependencies...📦 Installing Terraform 1.10.0...✅ Successfully installed Terraform 1.10.0🔧 Using workspace name: shaked-kubiya-ai-plan📦 Cloning module repository...Cloning into '/workspace/shaked-kubiya-ai-plan/terraform-aws-sqs'...Checking for Terraform files in /workspace/shaked-kubiya-ai-plan/terraform-aws-sqsFound 4 Terraform files in module directory📍 Working in directory: /workspace/shaked-kubiya-ai-plan/terraform-aws-sqs Error: SessionID: Timestamp:2024-12-04T08:30:35+02:00 SenderName:Bot Type:tool_output Message: MessageID:737901 Final:false Status:}
2024/12/04 08:30:35 chat.go:219: Sending message: {Content:📦 Installing system dependencies...📦 Installing Terraform 1.10.0...✅ Successfully installed Terraform 1.10.0🔧 Using workspace name: shaked-kubiya-ai-plan📦 Cloning module repository...Cloning into '/workspace/shaked-kubiya-ai-plan/terraform-aws-sqs'...Checking for Terraform files in /workspace/shaked-kubiya-ai-plan/terraform-aws-sqsFound 4 Terraform files in module directory📍 Working in directory: /workspace/shaked-kubiya-ai-plan/terraform-aws-sqsTerraform files in working directory: Error: SessionID: Timestamp:2024-12-04T08:30:35+02:00 SenderName:Bot Type:tool_output Message: MessageID:737901 Final:false Status:}
2024/12/04 08:30:35 chat.go:219: Sending message: {Content:📦 Installing system dependencies...📦 Installing Terraform 1.10.0...✅ Successfully installed Terraform 1.10.0🔧 Using workspace name: shaked-kubiya-ai-plan📦 Cloning module repository...Cloning into '/workspace/shaked-kubiya-ai-plan/terraform-aws-sqs'...Checking for Terraform files in /workspace/shaked-kubiya-ai-plan/terraform-aws-sqsFound 4 Terraform files in module directory📍 Working in directory: /workspace/shaked-kubiya-ai-plan/terraform-aws-sqsTerraform files in working directory:-rw-r--r--    1 root     root          8786 Dec  4 06:30 main.tf Error: SessionID: Timestamp:2024-12-04T08:30:35+02:00 SenderName:Bot Type:tool_output Message: MessageID:737901 Final:false Status:}
2024/12/04 08:30:35 chat.go:219: Sending message: {Content:📦 Installing system dependencies...📦 Installing Terraform 1.10.0...✅ Successfully installed Terraform 1.10.0🔧 Using workspace name: shaked-kubiya-ai-plan📦 Cloning module repository...Cloning into '/workspace/shaked-kubiya-ai-plan/terraform-aws-sqs'...Checking for Terraform files in /workspace/shaked-kubiya-ai-plan/terraform-aws-sqsFound 4 Terraform files in module directory📍 Working in directory: /workspace/shaked-kubiya-ai-plan/terraform-aws-sqsTerraform files in working directory:-rw-r--r--    1 root     root          8786 Dec  4 06:30 main.tf-rw-r--r--    1 root     root          2133 Dec  4 06:30 outputs.tf Error: SessionID: Timestamp:2024-12-04T08:30:35+02:00 SenderName:Bot Type:tool_output Message: MessageID:737901 Final:false Status:}
2024/12/04 08:30:35 chat.go:219: Sending message: {Content:📦 Installing system dependencies...📦 Installing Terraform 1.10.0...✅ Successfully installed Terraform 1.10.0🔧 Using workspace name: shaked-kubiya-ai-plan📦 Cloning module repository...Cloning into '/workspace/shaked-kubiya-ai-plan/terraform-aws-sqs'...Checking for Terraform files in /workspace/shaked-kubiya-ai-plan/terraform-aws-sqsFound 4 Terraform files in module directory📍 Working in directory: /workspace/shaked-kubiya-ai-plan/terraform-aws-sqsTerraform files in working directory:-rw-r--r--    1 root     root          8786 Dec  4 06:30 main.tf-rw-r--r--    1 root     root          2133 Dec  4 06:30 outputs.tf-rw-r--r--    1 root     root          8829 Dec  4 06:30 variables.tf Error: SessionID: Timestamp:2024-12-04T08:30:35+02:00 SenderName:Bot Type:tool_output Message: MessageID:737901 Final:false Status:}
2024/12/04 08:30:35 chat.go:219: Sending message: {Content:📦 Installing system dependencies...📦 Installing Terraform 1.10.0...✅ Successfully installed Terraform 1.10.0🔧 Using workspace name: shaked-kubiya-ai-plan📦 Cloning module repository...Cloning into '/workspace/shaked-kubiya-ai-plan/terraform-aws-sqs'...Checking for Terraform files in /workspace/shaked-kubiya-ai-plan/terraform-aws-sqsFound 4 Terraform files in module directory📍 Working in directory: /workspace/shaked-kubiya-ai-plan/terraform-aws-sqsTerraform files in working directory:-rw-r--r--    1 root     root          8786 Dec  4 06:30 main.tf-rw-r--r--    1 root     root          2133 Dec  4 06:30 outputs.tf-rw-r--r--    1 root     root          8829 Dec  4 06:30 variables.tf-rw-r--r--    1 root     root           148 Dec  4 06:30 versions.tf Error: SessionID: Timestamp:2024-12-04T08:30:35+02:00 SenderName:Bot Type:tool_output Message: MessageID:737901 Final:false Status:}
2024/12/04 08:30:35 chat.go:219: Sending message: {Content:📦 Installing system dependencies...📦 Installing Terraform 1.10.0...✅ Successfully installed Terraform 1.10.0🔧 Using workspace name: shaked-kubiya-ai-plan📦 Cloning module repository...Cloning into '/workspace/shaked-kubiya-ai-plan/terraform-aws-sqs'...Checking for Terraform files in /workspace/shaked-kubiya-ai-plan/terraform-aws-sqsFound 4 Terraform files in module directory📍 Working in directory: /workspace/shaked-kubiya-ai-plan/terraform-aws-sqsTerraform files in working directory:-rw-r--r--    1 root     root          8786 Dec  4 06:30 main.tf-rw-r--r--    1 root     root          2133 Dec  4 06:30 outputs.tf-rw-r--r--    1 root     root          8829 Dec  4 06:30 variables.tf-rw-r--r--    1 root     root           148 Dec  4 06:30 versions.tf📦 Setting up Python environment... Error: SessionID: Timestamp:2024-12-04T08:30:35+02:00 SenderName:Bot Type:tool_output Message: MessageID:737901 Final:true Status:}
2024/12/04 08:30:35 chat.go:219: Sending message: {Content:📦 Installing system dependencies...📦 Installing Terraform 1.10.0...✅ Successfully installed Terraform 1.10.0🔧 Using workspace name: shaked-kubiya-ai-plan📦 Cloning module repository...Cloning into '/workspace/shaked-kubiya-ai-plan/terraform-aws-sqs'...Checking for Terraform files in /workspace/shaked-kubiya-ai-plan/terraform-aws-sqsFound 4 Terraform files in module directory📍 Working in directory: /workspace/shaked-kubiya-ai-plan/terraform-aws-sqsTerraform files in working directory:-rw-r--r--    1 root     root          8786 Dec  4 06:30 main.tf-rw-r--r--    1 root     root          2133 Dec  4 06:30 outputs.tf-rw-r--r--    1 root     root          8829 Dec  4 06:30 variables.tf-rw-r--r--    1 root     root           148 Dec  4 06:30 versions.tf📦 Setting up Python environment...📦 Installing package and dependencies... Error: SessionID: Timestamp:2024-12-04T08:30:35+02:00 SenderName:Bot Type:tool_output Message: MessageID:737901 Final:true Status:}
2024/12/04 08:30:37 chat.go:219: Sending message: {Content:📦 Installing system dependencies...📦 Installing Terraform 1.10.0...✅ Successfully installed Terraform 1.10.0🔧 Using workspace name: shaked-kubiya-ai-plan📦 Cloning module repository...Cloning into '/workspace/shaked-kubiya-ai-plan/terraform-aws-sqs'...Checking for Terraform files in /workspace/shaked-kubiya-ai-plan/terraform-aws-sqsFound 4 Terraform files in module directory📍 Working in directory: /workspace/shaked-kubiya-ai-plan/terraform-aws-sqsTerraform files in working directory:-rw-r--r--    1 root     root          8786 Dec  4 06:30 main.tf-rw-r--r--    1 root     root          2133 Dec  4 06:30 outputs.tf-rw-r--r--    1 root     root          8829 Dec  4 06:30 variables.tf-rw-r--r--    1 root     root           148 Dec  4 06:30 versions.tf📦 Setting up Python environment...📦 Installing package and dependencies...Obtaining file:///opt/scripts Error: SessionID: Timestamp:2024-12-04T08:30:37+02:00 SenderName:Bot Type:tool_output Message: MessageID:737901 Final:false Status:}
2024/12/04 08:30:37 chat.go:219: Sending message: {Content:📦 Installing system dependencies...📦 Installing Terraform 1.10.0...✅ Successfully installed Terraform 1.10.0🔧 Using workspace name: shaked-kubiya-ai-plan📦 Cloning module repository...Cloning into '/workspace/shaked-kubiya-ai-plan/terraform-aws-sqs'...Checking for Terraform files in /workspace/shaked-kubiya-ai-plan/terraform-aws-sqsFound 4 Terraform files in module directory📍 Working in directory: /workspace/shaked-kubiya-ai-plan/terraform-aws-sqsTerraform files in working directory:-rw-r--r--    1 root     root          8786 Dec  4 06:30 main.tf-rw-r--r--    1 root     root          2133 Dec  4 06:30 outputs.tf-rw-r--r--    1 root     root          8829 Dec  4 06:30 variables.tf-rw-r--r--    1 root     root           148 Dec  4 06:30 versions.tf📦 Setting up Python environment...📦 Installing package and dependencies...Obtaining file:///opt/scripts  Preparing metadata (setup.py): started Error: SessionID: Timestamp:2024-12-04T08:30:37+02:00 SenderName:Bot Type:tool_output Message: MessageID:737901 Final:false Status:}
2024/12/04 08:30:37 chat.go:219: Sending message: {Content:📦 Installing system dependencies...📦 Installing Terraform 1.10.0...✅ Successfully installed Terraform 1.10.0🔧 Using workspace name: shaked-kubiya-ai-plan📦 Cloning module repository...Cloning into '/workspace/shaked-kubiya-ai-plan/terraform-aws-sqs'...Checking for Terraform files in /workspace/shaked-kubiya-ai-plan/terraform-aws-sqsFound 4 Terraform files in module directory📍 Working in directory: /workspace/shaked-kubiya-ai-plan/terraform-aws-sqsTerraform files in working directory:-rw-r--r--    1 root     root          8786 Dec  4 06:30 main.tf-rw-r--r--    1 root     root          2133 Dec  4 06:30 outputs.tf-rw-r--r--    1 root     root          8829 Dec  4 06:30 variables.tf-rw-r--r--    1 root     root           148 Dec  4 06:30 versions.tf📦 Setting up Python environment...📦 Installing package and dependencies...Obtaining file:///opt/scripts  Preparing metadata (setup.py): started  Preparing metadata (setup.py): finished with status 'done' Error: SessionID: Timestamp:2024-12-04T08:30:37+02:00 SenderName:Bot Type:tool_output Message: MessageID:737901 Final:false Status:}
2024/12/04 08:30:37 chat.go:219: Sending message: {Content:📦 Installing system dependencies...📦 Installing Terraform 1.10.0...✅ Successfully installed Terraform 1.10.0🔧 Using workspace name: shaked-kubiya-ai-plan📦 Cloning module repository...Cloning into '/workspace/shaked-kubiya-ai-plan/terraform-aws-sqs'...Checking for Terraform files in /workspace/shaked-kubiya-ai-plan/terraform-aws-sqsFound 4 Terraform files in module directory📍 Working in directory: /workspace/shaked-kubiya-ai-plan/terraform-aws-sqsTerraform files in working directory:-rw-r--r--    1 root     root          8786 Dec  4 06:30 main.tf-rw-r--r--    1 root     root          2133 Dec  4 06:30 outputs.tf-rw-r--r--    1 root     root          8829 Dec  4 06:30 variables.tf-rw-r--r--    1 root     root           148 Dec  4 06:30 versions.tf📦 Setting up Python environment...📦 Installing package and dependencies...Obtaining file:///opt/scripts  Preparing metadata (setup.py): started  Preparing metadata (setup.py): finished with status 'done'Collecting slack-sdk Error: SessionID: Timestamp:2024-12-04T08:30:37+02:00 SenderName:Bot Type:tool_output Message: MessageID:737901 Final:false Status:}
2024/12/04 08:30:38 chat.go:219: Sending message: {Content:📦 Installing system dependencies...📦 Installing Terraform 1.10.0...✅ Successfully installed Terraform 1.10.0🔧 Using workspace name: shaked-kubiya-ai-plan📦 Cloning module repository...Cloning into '/workspace/shaked-kubiya-ai-plan/terraform-aws-sqs'...Checking for Terraform files in /workspace/shaked-kubiya-ai-plan/terraform-aws-sqsFound 4 Terraform files in module directory📍 Working in directory: /workspace/shaked-kubiya-ai-plan/terraform-aws-sqsTerraform files in working directory:-rw-r--r--    1 root     root          8786 Dec  4 06:30 main.tf-rw-r--r--    1 root     root          2133 Dec  4 06:30 outputs.tf-rw-r--r--    1 root     root          8829 Dec  4 06:30 variables.tf-rw-r--r--    1 root     root           148 Dec  4 06:30 versions.tf📦 Setting up Python environment...📦 Installing package and dependencies...Obtaining file:///opt/scripts  Preparing metadata (setup.py): started  Preparing metadata (setup.py): finished with status 'done'Collecting slack-sdk  Using cached slack_sdk-3.33.4-py2.py3-none-any.whl (292 kB) Error: SessionID: Timestamp:2024-12-04T08:30:38+02:00 SenderName:Bot Type:tool_output Message: MessageID:737901 Final:false Status:}
2024/12/04 08:30:38 chat.go:219: Sending message: {Content:📦 Installing system dependencies...📦 Installing Terraform 1.10.0...✅ Successfully installed Terraform 1.10.0🔧 Using workspace name: shaked-kubiya-ai-plan📦 Cloning module repository...Cloning into '/workspace/shaked-kubiya-ai-plan/terraform-aws-sqs'...Checking for Terraform files in /workspace/shaked-kubiya-ai-plan/terraform-aws-sqsFound 4 Terraform files in module directory📍 Working in directory: /workspace/shaked-kubiya-ai-plan/terraform-aws-sqsTerraform files in working directory:-rw-r--r--    1 root     root          8786 Dec  4 06:30 main.tf-rw-r--r--    1 root     root          2133 Dec  4 06:30 outputs.tf-rw-r--r--    1 root     root          8829 Dec  4 06:30 variables.tf-rw-r--r--    1 root     root           148 Dec  4 06:30 versions.tf📦 Setting up Python environment...📦 Installing package and dependencies...Obtaining file:///opt/scripts  Preparing metadata (setup.py): started  Preparing metadata (setup.py): finished with status 'done'Collecting slack-sdk  Using cached slack_sdk-3.33.4-py2.py3-none-any.whl (292 kB)Collecting pydantic Error: SessionID: Timestamp:2024-12-04T08:30:38+02:00 SenderName:Bot Type:tool_output Message: MessageID:737901 Final:false Status:}
2024/12/04 08:30:38 chat.go:219: Sending message: {Content:📦 Installing system dependencies...📦 Installing Terraform 1.10.0...✅ Successfully installed Terraform 1.10.0🔧 Using workspace name: shaked-kubiya-ai-plan📦 Cloning module repository...Cloning into '/workspace/shaked-kubiya-ai-plan/terraform-aws-sqs'...Checking for Terraform files in /workspace/shaked-kubiya-ai-plan/terraform-aws-sqsFound 4 Terraform files in module directory📍 Working in directory: /workspace/shaked-kubiya-ai-plan/terraform-aws-sqsTerraform files in working directory:-rw-r--r--    1 root     root          8786 Dec  4 06:30 main.tf-rw-r--r--    1 root     root          2133 Dec  4 06:30 outputs.tf-rw-r--r--    1 root     root          8829 Dec  4 06:30 variables.tf-rw-r--r--    1 root     root           148 Dec  4 06:30 versions.tf📦 Setting up Python environment...📦 Installing package and dependencies...Obtaining file:///opt/scripts  Preparing metadata (setup.py): started  Preparing metadata (setup.py): finished with status 'done'Collecting slack-sdk  Using cached slack_sdk-3.33.4-py2.py3-none-any.whl (292 kB)Collecting pydantic  Using cached pydantic-2.10.3-py3-none-any.whl (456 kB) Error: SessionID: Timestamp:2024-12-04T08:30:38+02:00 SenderName:Bot Type:tool_output Message: MessageID:737901 Final:false Status:}
2024/12/04 08:30:38 chat.go:219: Sending message: {Content:📦 Installing system dependencies...📦 Installing Terraform 1.10.0...✅ Successfully installed Terraform 1.10.0🔧 Using workspace name: shaked-kubiya-ai-plan📦 Cloning module repository...Cloning into '/workspace/shaked-kubiya-ai-plan/terraform-aws-sqs'...Checking for Terraform files in /workspace/shaked-kubiya-ai-plan/terraform-aws-sqsFound 4 Terraform files in module directory📍 Working in directory: /workspace/shaked-kubiya-ai-plan/terraform-aws-sqsTerraform files in working directory:-rw-r--r--    1 root     root          8786 Dec  4 06:30 main.tf-rw-r--r--    1 root     root          2133 Dec  4 06:30 outputs.tf-rw-r--r--    1 root     root          8829 Dec  4 06:30 variables.tf-rw-r--r--    1 root     root           148 Dec  4 06:30 versions.tf📦 Setting up Python environment...📦 Installing package and dependencies...Obtaining file:///opt/scripts  Preparing metadata (setup.py): started  Preparing metadata (setup.py): finished with status 'done'Collecting slack-sdk  Using cached slack_sdk-3.33.4-py2.py3-none-any.whl (292 kB)Collecting pydantic  Using cached pydantic-2.10.3-py3-none-any.whl (456 kB)Collecting pyyaml Error: SessionID: Timestamp:2024-12-04T08:30:38+02:00 SenderName:Bot Type:tool_output Message: MessageID:737901 Final:false Status:}
2024/12/04 08:30:38 chat.go:219: Sending message: {Content:📦 Installing system dependencies...📦 Installing Terraform 1.10.0...✅ Successfully installed Terraform 1.10.0🔧 Using workspace name: shaked-kubiya-ai-plan📦 Cloning module repository...Cloning into '/workspace/shaked-kubiya-ai-plan/terraform-aws-sqs'...Checking for Terraform files in /workspace/shaked-kubiya-ai-plan/terraform-aws-sqsFound 4 Terraform files in module directory📍 Working in directory: /workspace/shaked-kubiya-ai-plan/terraform-aws-sqsTerraform files in working directory:-rw-r--r--    1 root     root          8786 Dec  4 06:30 main.tf-rw-r--r--    1 root     root          2133 Dec  4 06:30 outputs.tf-rw-r--r--    1 root     root          8829 Dec  4 06:30 variables.tf-rw-r--r--    1 root     root           148 Dec  4 06:30 versions.tf📦 Setting up Python environment...📦 Installing package and dependencies...Obtaining file:///opt/scripts  Preparing metadata (setup.py): started  Preparing metadata (setup.py): finished with status 'done'Collecting slack-sdk  Using cached slack_sdk-3.33.4-py2.py3-none-any.whl (292 kB)Collecting pydantic  Using cached pydantic-2.10.3-py3-none-any.whl (456 kB)Collecting pyyaml  Using cached PyYAML-6.0.2-cp39-cp39-musllinux_1_1_x86_64.whl (723 kB) Error: SessionID: Timestamp:2024-12-04T08:30:38+02:00 SenderName:Bot Type:tool_output Message: MessageID:737901 Final:false Status:}
2024/12/04 08:30:38 chat.go:219: Sending message: {Content:📦 Installing system dependencies...📦 Installing Terraform 1.10.0...✅ Successfully installed Terraform 1.10.0🔧 Using workspace name: shaked-kubiya-ai-plan📦 Cloning module repository...Cloning into '/workspace/shaked-kubiya-ai-plan/terraform-aws-sqs'...Checking for Terraform files in /workspace/shaked-kubiya-ai-plan/terraform-aws-sqsFound 4 Terraform files in module directory📍 Working in directory: /workspace/shaked-kubiya-ai-plan/terraform-aws-sqsTerraform files in working directory:-rw-r--r--    1 root     root          8786 Dec  4 06:30 main.tf-rw-r--r--    1 root     root          2133 Dec  4 06:30 outputs.tf-rw-r--r--    1 root     root          8829 Dec  4 06:30 variables.tf-rw-r--r--    1 root     root           148 Dec  4 06:30 versions.tf📦 Setting up Python environment...📦 Installing package and dependencies...Obtaining file:///opt/scripts  Preparing metadata (setup.py): started  Preparing metadata (setup.py): finished with status 'done'Collecting slack-sdk  Using cached slack_sdk-3.33.4-py2.py3-none-any.whl (292 kB)Collecting pydantic  Using cached pydantic-2.10.3-py3-none-any.whl (456 kB)Collecting pyyaml  Using cached PyYAML-6.0.2-cp39-cp39-musllinux_1_1_x86_64.whl (723 kB)Collecting requests Error: SessionID: Timestamp:2024-12-04T08:30:38+02:00 SenderName:Bot Type:tool_output Message: MessageID:737901 Final:false Status:}
2024/12/04 08:30:38 chat.go:219: Sending message: {Content:📦 Installing system dependencies...📦 Installing Terraform 1.10.0...✅ Successfully installed Terraform 1.10.0🔧 Using workspace name: shaked-kubiya-ai-plan📦 Cloning module repository...Cloning into '/workspace/shaked-kubiya-ai-plan/terraform-aws-sqs'...Checking for Terraform files in /workspace/shaked-kubiya-ai-plan/terraform-aws-sqsFound 4 Terraform files in module directory📍 Working in directory: /workspace/shaked-kubiya-ai-plan/terraform-aws-sqsTerraform files in working directory:-rw-r--r--    1 root     root          8786 Dec  4 06:30 main.tf-rw-r--r--    1 root     root          2133 Dec  4 06:30 outputs.tf-rw-r--r--    1 root     root          8829 Dec  4 06:30 variables.tf-rw-r--r--    1 root     root           148 Dec  4 06:30 versions.tf📦 Setting up Python environment...📦 Installing package and dependencies...Obtaining file:///opt/scripts  Preparing metadata (setup.py): started  Preparing metadata (setup.py): finished with status 'done'Collecting slack-sdk  Using cached slack_sdk-3.33.4-py2.py3-none-any.whl (292 kB)Collecting pydantic  Using cached pydantic-2.10.3-py3-none-any.whl (456 kB)Collecting pyyaml  Using cached PyYAML-6.0.2-cp39-cp39-musllinux_1_1_x86_64.whl (723 kB)Collecting requests  Using cached requests-2.32.3-py3-none-any.whl (64 kB) Error: SessionID: Timestamp:2024-12-04T08:30:38+02:00 SenderName:Bot Type:tool_output Message: MessageID:737901 Final:false Status:}
2024/12/04 08:30:39 chat.go:219: Sending message: {Content:📦 Installing system dependencies...📦 Installing Terraform 1.10.0...✅ Successfully installed Terraform 1.10.0🔧 Using workspace name: shaked-kubiya-ai-plan📦 Cloning module repository...Cloning into '/workspace/shaked-kubiya-ai-plan/terraform-aws-sqs'...Checking for Terraform files in /workspace/shaked-kubiya-ai-plan/terraform-aws-sqsFound 4 Terraform files in module directory📍 Working in directory: /workspace/shaked-kubiya-ai-plan/terraform-aws-sqsTerraform files in working directory:-rw-r--r--    1 root     root          8786 Dec  4 06:30 main.tf-rw-r--r--    1 root     root          2133 Dec  4 06:30 outputs.tf-rw-r--r--    1 root     root          8829 Dec  4 06:30 variables.tf-rw-r--r--    1 root     root           148 Dec  4 06:30 versions.tf📦 Setting up Python environment...📦 Installing package and dependencies...Obtaining file:///opt/scripts  Preparing metadata (setup.py): started  Preparing metadata (setup.py): finished with status 'done'Collecting slack-sdk  Using cached slack_sdk-3.33.4-py2.py3-none-any.whl (292 kB)Collecting pydantic  Using cached pydantic-2.10.3-py3-none-any.whl (456 kB)Collecting pyyaml  Using cached PyYAML-6.0.2-cp39-cp39-musllinux_1_1_x86_64.whl (723 kB)Collecting requests  Using cached requests-2.32.3-py3-none-any.whl (64 kB)Collecting pydantic-core==2.27.1 Error: SessionID: Timestamp:2024-12-04T08:30:39+02:00 SenderName:Bot Type:tool_output Message: MessageID:737901 Final:false Status:}
2024/12/04 08:30:39 chat.go:219: Sending message: {Content:📦 Installing system dependencies...📦 Installing Terraform 1.10.0...✅ Successfully installed Terraform 1.10.0🔧 Using workspace name: shaked-kubiya-ai-plan📦 Cloning module repository...Cloning into '/workspace/shaked-kubiya-ai-plan/terraform-aws-sqs'...Checking for Terraform files in /workspace/shaked-kubiya-ai-plan/terraform-aws-sqsFound 4 Terraform files in module directory📍 Working in directory: /workspace/shaked-kubiya-ai-plan/terraform-aws-sqsTerraform files in working directory:-rw-r--r--    1 root     root          8786 Dec  4 06:30 main.tf-rw-r--r--    1 root     root          2133 Dec  4 06:30 outputs.tf-rw-r--r--    1 root     root          8829 Dec  4 06:30 variables.tf-rw-r--r--    1 root     root           148 Dec  4 06:30 versions.tf📦 Setting up Python environment...📦 Installing package and dependencies...Obtaining file:///opt/scripts  Preparing metadata (setup.py): started  Preparing metadata (setup.py): finished with status 'done'Collecting slack-sdk  Using cached slack_sdk-3.33.4-py2.py3-none-any.whl (292 kB)Collecting pydantic  Using cached pydantic-2.10.3-py3-none-any.whl (456 kB)Collecting pyyaml  Using cached PyYAML-6.0.2-cp39-cp39-musllinux_1_1_x86_64.whl (723 kB)Collecting requests  Using cached requests-2.32.3-py3-none-any.whl (64 kB)Collecting pydantic-core==2.27.1  Using cached pydantic_core-2.27.1-cp39-cp39-musllinux_1_1_x86_64.whl (2.1 MB) Error: SessionID: Timestamp:2024-12-04T08:30:39+02:00 SenderName:Bot Type:tool_output Message: MessageID:737901 Final:false Status:}
2024/12/04 08:30:39 chat.go:219: Sending message: {Content:📦 Installing system dependencies...📦 Installing Terraform 1.10.0...✅ Successfully installed Terraform 1.10.0🔧 Using workspace name: shaked-kubiya-ai-plan📦 Cloning module repository...Cloning into '/workspace/shaked-kubiya-ai-plan/terraform-aws-sqs'...Checking for Terraform files in /workspace/shaked-kubiya-ai-plan/terraform-aws-sqsFound 4 Terraform files in module directory📍 Working in directory: /workspace/shaked-kubiya-ai-plan/terraform-aws-sqsTerraform files in working directory:-rw-r--r--    1 root     root          8786 Dec  4 06:30 main.tf-rw-r--r--    1 root     root          2133 Dec  4 06:30 outputs.tf-rw-r--r--    1 root     root          8829 Dec  4 06:30 variables.tf-rw-r--r--    1 root     root           148 Dec  4 06:30 versions.tf📦 Setting up Python environment...📦 Installing package and dependencies...Obtaining file:///opt/scripts  Preparing metadata (setup.py): started  Preparing metadata (setup.py): finished with status 'done'Collecting slack-sdk  Using cached slack_sdk-3.33.4-py2.py3-none-any.whl (292 kB)Collecting pydantic  Using cached pydantic-2.10.3-py3-none-any.whl (456 kB)Collecting pyyaml  Using cached PyYAML-6.0.2-cp39-cp39-musllinux_1_1_x86_64.whl (723 kB)Collecting requests  Using cached requests-2.32.3-py3-none-any.whl (64 kB)Collecting pydantic-core==2.27.1  Using cached pydantic_core-2.27.1-cp39-cp39-musllinux_1_1_x86_64.whl (2.1 MB)Collecting annotated-types>=0.6.0 Error: SessionID: Timestamp:2024-12-04T08:30:39+02:00 SenderName:Bot Type:tool_output Message: MessageID:737901 Final:false Status:}
2024/12/04 08:30:39 chat.go:219: Sending message: {Content:📦 Installing system dependencies...📦 Installing Terraform 1.10.0...✅ Successfully installed Terraform 1.10.0🔧 Using workspace name: shaked-kubiya-ai-plan📦 Cloning module repository...Cloning into '/workspace/shaked-kubiya-ai-plan/terraform-aws-sqs'...Checking for Terraform files in /workspace/shaked-kubiya-ai-plan/terraform-aws-sqsFound 4 Terraform files in module directory📍 Working in directory: /workspace/shaked-kubiya-ai-plan/terraform-aws-sqsTerraform files in working directory:-rw-r--r--    1 root     root          8786 Dec  4 06:30 main.tf-rw-r--r--    1 root     root          2133 Dec  4 06:30 outputs.tf-rw-r--r--    1 root     root          8829 Dec  4 06:30 variables.tf-rw-r--r--    1 root     root           148 Dec  4 06:30 versions.tf📦 Setting up Python environment...📦 Installing package and dependencies...Obtaining file:///opt/scripts  Preparing metadata (setup.py): started  Preparing metadata (setup.py): finished with status 'done'Collecting slack-sdk  Using cached slack_sdk-3.33.4-py2.py3-none-any.whl (292 kB)Collecting pydantic  Using cached pydantic-2.10.3-py3-none-any.whl (456 kB)Collecting pyyaml  Using cached PyYAML-6.0.2-cp39-cp39-musllinux_1_1_x86_64.whl (723 kB)Collecting requests  Using cached requests-2.32.3-py3-none-any.whl (64 kB)Collecting pydantic-core==2.27.1  Using cached pydantic_core-2.27.1-cp39-cp39-musllinux_1_1_x86_64.whl (2.1 MB)Collecting annotated-types>=0.6.0  Using cached annotated_types-0.7.0-py3-none-any.whl (13 kB) Error: SessionID: Timestamp:2024-12-04T08:30:39+02:00 SenderName:Bot Type:tool_output Message: MessageID:737901 Final:false Status:}
2024/12/04 08:30:39 chat.go:219: Sending message: {Content:📦 Installing system dependencies...📦 Installing Terraform 1.10.0...✅ Successfully installed Terraform 1.10.0🔧 Using workspace name: shaked-kubiya-ai-plan📦 Cloning module repository...Cloning into '/workspace/shaked-kubiya-ai-plan/terraform-aws-sqs'...Checking for Terraform files in /workspace/shaked-kubiya-ai-plan/terraform-aws-sqsFound 4 Terraform files in module directory📍 Working in directory: /workspace/shaked-kubiya-ai-plan/terraform-aws-sqsTerraform files in working directory:-rw-r--r--    1 root     root          8786 Dec  4 06:30 main.tf-rw-r--r--    1 root     root          2133 Dec  4 06:30 outputs.tf-rw-r--r--    1 root     root          8829 Dec  4 06:30 variables.tf-rw-r--r--    1 root     root           148 Dec  4 06:30 versions.tf📦 Setting up Python environment...📦 Installing package and dependencies...Obtaining file:///opt/scripts  Preparing metadata (setup.py): started  Preparing metadata (setup.py): finished with status 'done'Collecting slack-sdk  Using cached slack_sdk-3.33.4-py2.py3-none-any.whl (292 kB)Collecting pydantic  Using cached pydantic-2.10.3-py3-none-any.whl (456 kB)Collecting pyyaml  Using cached PyYAML-6.0.2-cp39-cp39-musllinux_1_1_x86_64.whl (723 kB)Collecting requests  Using cached requests-2.32.3-py3-none-any.whl (64 kB)Collecting pydantic-core==2.27.1  Using cached pydantic_core-2.27.1-cp39-cp39-musllinux_1_1_x86_64.whl (2.1 MB)Collecting annotated-types>=0.6.0  Using cached annotated_types-0.7.0-py3-none-any.whl (13 kB)Collecting typing-extensions>=4.12.2 Error: SessionID: Timestamp:2024-12-04T08:30:39+02:00 SenderName:Bot Type:tool_output Message: MessageID:737901 Final:false Status:}
2024/12/04 08:30:39 chat.go:219: Sending message: {Content:📦 Installing system dependencies...📦 Installing Terraform 1.10.0...✅ Successfully installed Terraform 1.10.0🔧 Using workspace name: shaked-kubiya-ai-plan📦 Cloning module repository...Cloning into '/workspace/shaked-kubiya-ai-plan/terraform-aws-sqs'...Checking for Terraform files in /workspace/shaked-kubiya-ai-plan/terraform-aws-sqsFound 4 Terraform files in module directory📍 Working in directory: /workspace/shaked-kubiya-ai-plan/terraform-aws-sqsTerraform files in working directory:-rw-r--r--    1 root     root          8786 Dec  4 06:30 main.tf-rw-r--r--    1 root     root          2133 Dec  4 06:30 outputs.tf-rw-r--r--    1 root     root          8829 Dec  4 06:30 variables.tf-rw-r--r--    1 root     root           148 Dec  4 06:30 versions.tf📦 Setting up Python environment...📦 Installing package and dependencies...Obtaining file:///opt/scripts  Preparing metadata (setup.py): started  Preparing metadata (setup.py): finished with status 'done'Collecting slack-sdk  Using cached slack_sdk-3.33.4-py2.py3-none-any.whl (292 kB)Collecting pydantic  Using cached pydantic-2.10.3-py3-none-any.whl (456 kB)Collecting pyyaml  Using cached PyYAML-6.0.2-cp39-cp39-musllinux_1_1_x86_64.whl (723 kB)Collecting requests  Using cached requests-2.32.3-py3-none-any.whl (64 kB)Collecting pydantic-core==2.27.1  Using cached pydantic_core-2.27.1-cp39-cp39-musllinux_1_1_x86_64.whl (2.1 MB)Collecting annotated-types>=0.6.0  Using cached annotated_types-0.7.0-py3-none-any.whl (13 kB)Collecting typing-extensions>=4.12.2  Using cached typing_extensions-4.12.2-py3-none-any.whl (37 kB) Error: SessionID: Timestamp:2024-12-04T08:30:39+02:00 SenderName:Bot Type:tool_output Message: MessageID:737901 Final:false Status:}
2024/12/04 08:30:39 chat.go:219: Sending message: {Content:📦 Installing system dependencies...📦 Installing Terraform 1.10.0...✅ Successfully installed Terraform 1.10.0🔧 Using workspace name: shaked-kubiya-ai-plan📦 Cloning module repository...Cloning into '/workspace/shaked-kubiya-ai-plan/terraform-aws-sqs'...Checking for Terraform files in /workspace/shaked-kubiya-ai-plan/terraform-aws-sqsFound 4 Terraform files in module directory📍 Working in directory: /workspace/shaked-kubiya-ai-plan/terraform-aws-sqsTerraform files in working directory:-rw-r--r--    1 root     root          8786 Dec  4 06:30 main.tf-rw-r--r--    1 root     root          2133 Dec  4 06:30 outputs.tf-rw-r--r--    1 root     root          8829 Dec  4 06:30 variables.tf-rw-r--r--    1 root     root           148 Dec  4 06:30 versions.tf📦 Setting up Python environment...📦 Installing package and dependencies...Obtaining file:///opt/scripts  Preparing metadata (setup.py): started  Preparing metadata (setup.py): finished with status 'done'Collecting slack-sdk  Using cached slack_sdk-3.33.4-py2.py3-none-any.whl (292 kB)Collecting pydantic  Using cached pydantic-2.10.3-py3-none-any.whl (456 kB)Collecting pyyaml  Using cached PyYAML-6.0.2-cp39-cp39-musllinux_1_1_x86_64.whl (723 kB)Collecting requests  Using cached requests-2.32.3-py3-none-any.whl (64 kB)Collecting pydantic-core==2.27.1  Using cached pydantic_core-2.27.1-cp39-cp39-musllinux_1_1_x86_64.whl (2.1 MB)Collecting annotated-types>=0.6.0  Using cached annotated_types-0.7.0-py3-none-any.whl (13 kB)Collecting typing-extensions>=4.12.2  Using cached typing_extensions-4.12.2-py3-none-any.whl (37 kB)Collecting certifi>=2017.4.17 Error: SessionID: Timestamp:2024-12-04T08:30:39+02:00 SenderName:Bot Type:tool_output Message: MessageID:737901 Final:false Status:}
2024/12/04 08:30:39 chat.go:219: Sending message: {Content:📦 Installing system dependencies...📦 Installing Terraform 1.10.0...✅ Successfully installed Terraform 1.10.0🔧 Using workspace name: shaked-kubiya-ai-plan📦 Cloning module repository...Cloning into '/workspace/shaked-kubiya-ai-plan/terraform-aws-sqs'...Checking for Terraform files in /workspace/shaked-kubiya-ai-plan/terraform-aws-sqsFound 4 Terraform files in module directory📍 Working in directory: /workspace/shaked-kubiya-ai-plan/terraform-aws-sqsTerraform files in working directory:-rw-r--r--    1 root     root          8786 Dec  4 06:30 main.tf-rw-r--r--    1 root     root          2133 Dec  4 06:30 outputs.tf-rw-r--r--    1 root     root          8829 Dec  4 06:30 variables.tf-rw-r--r--    1 root     root           148 Dec  4 06:30 versions.tf📦 Setting up Python environment...📦 Installing package and dependencies...Obtaining file:///opt/scripts  Preparing metadata (setup.py): started  Preparing metadata (setup.py): finished with status 'done'Collecting slack-sdk  Using cached slack_sdk-3.33.4-py2.py3-none-any.whl (292 kB)Collecting pydantic  Using cached pydantic-2.10.3-py3-none-any.whl (456 kB)Collecting pyyaml  Using cached PyYAML-6.0.2-cp39-cp39-musllinux_1_1_x86_64.whl (723 kB)Collecting requests  Using cached requests-2.32.3-py3-none-any.whl (64 kB)Collecting pydantic-core==2.27.1  Using cached pydantic_core-2.27.1-cp39-cp39-musllinux_1_1_x86_64.whl (2.1 MB)Collecting annotated-types>=0.6.0  Using cached annotated_types-0.7.0-py3-none-any.whl (13 kB)Collecting typing-extensions>=4.12.2  Using cached typing_extensions-4.12.2-py3-none-any.whl (37 kB)Collecting certifi>=2017.4.17  Using cached certifi-2024.8.30-py3-none-any.whl (167 kB) Error: SessionID: Timestamp:2024-12-04T08:30:39+02:00 SenderName:Bot Type:tool_output Message: MessageID:737901 Final:false Status:}
2024/12/04 08:30:39 chat.go:219: Sending message: {Content:📦 Installing system dependencies...📦 Installing Terraform 1.10.0...✅ Successfully installed Terraform 1.10.0🔧 Using workspace name: shaked-kubiya-ai-plan📦 Cloning module repository...Cloning into '/workspace/shaked-kubiya-ai-plan/terraform-aws-sqs'...Checking for Terraform files in /workspace/shaked-kubiya-ai-plan/terraform-aws-sqsFound 4 Terraform files in module directory📍 Working in directory: /workspace/shaked-kubiya-ai-plan/terraform-aws-sqsTerraform files in working directory:-rw-r--r--    1 root     root          8786 Dec  4 06:30 main.tf-rw-r--r--    1 root     root          2133 Dec  4 06:30 outputs.tf-rw-r--r--    1 root     root          8829 Dec  4 06:30 variables.tf-rw-r--r--    1 root     root           148 Dec  4 06:30 versions.tf📦 Setting up Python environment...📦 Installing package and dependencies...Obtaining file:///opt/scripts  Preparing metadata (setup.py): started  Preparing metadata (setup.py): finished with status 'done'Collecting slack-sdk  Using cached slack_sdk-3.33.4-py2.py3-none-any.whl (292 kB)Collecting pydantic  Using cached pydantic-2.10.3-py3-none-any.whl (456 kB)Collecting pyyaml  Using cached PyYAML-6.0.2-cp39-cp39-musllinux_1_1_x86_64.whl (723 kB)Collecting requests  Using cached requests-2.32.3-py3-none-any.whl (64 kB)Collecting pydantic-core==2.27.1  Using cached pydantic_core-2.27.1-cp39-cp39-musllinux_1_1_x86_64.whl (2.1 MB)Collecting annotated-types>=0.6.0  Using cached annotated_types-0.7.0-py3-none-any.whl (13 kB)Collecting typing-extensions>=4.12.2  Using cached typing_extensions-4.12.2-py3-none-any.whl (37 kB)Collecting certifi>=2017.4.17  Using cached certifi-2024.8.30-py3-none-any.whl (167 kB)Collecting urllib3<3,>=1.21.1 Error: SessionID: Timestamp:2024-12-04T08:30:39+02:00 SenderName:Bot Type:tool_output Message: MessageID:737901 Final:false Status:}
2024/12/04 08:30:39 chat.go:219: Sending message: {Content:📦 Installing system dependencies...📦 Installing Terraform 1.10.0...✅ Successfully installed Terraform 1.10.0🔧 Using workspace name: shaked-kubiya-ai-plan📦 Cloning module repository...Cloning into '/workspace/shaked-kubiya-ai-plan/terraform-aws-sqs'...Checking for Terraform files in /workspace/shaked-kubiya-ai-plan/terraform-aws-sqsFound 4 Terraform files in module directory📍 Working in directory: /workspace/shaked-kubiya-ai-plan/terraform-aws-sqsTerraform files in working directory:-rw-r--r--    1 root     root          8786 Dec  4 06:30 main.tf-rw-r--r--    1 root     root          2133 Dec  4 06:30 outputs.tf-rw-r--r--    1 root     root          8829 Dec  4 06:30 variables.tf-rw-r--r--    1 root     root           148 Dec  4 06:30 versions.tf📦 Setting up Python environment...📦 Installing package and dependencies...Obtaining file:///opt/scripts  Preparing metadata (setup.py): started  Preparing metadata (setup.py): finished with status 'done'Collecting slack-sdk  Using cached slack_sdk-3.33.4-py2.py3-none-any.whl (292 kB)Collecting pydantic  Using cached pydantic-2.10.3-py3-none-any.whl (456 kB)Collecting pyyaml  Using cached PyYAML-6.0.2-cp39-cp39-musllinux_1_1_x86_64.whl (723 kB)Collecting requests  Using cached requests-2.32.3-py3-none-any.whl (64 kB)Collecting pydantic-core==2.27.1  Using cached pydantic_core-2.27.1-cp39-cp39-musllinux_1_1_x86_64.whl (2.1 MB)Collecting annotated-types>=0.6.0  Using cached annotated_types-0.7.0-py3-none-any.whl (13 kB)Collecting typing-extensions>=4.12.2  Using cached typing_extensions-4.12.2-py3-none-any.whl (37 kB)Collecting certifi>=2017.4.17  Using cached certifi-2024.8.30-py3-none-any.whl (167 kB)Collecting urllib3<3,>=1.21.1  Using cached urllib3-2.2.3-py3-none-any.whl (126 kB) Error: SessionID: Timestamp:2024-12-04T08:30:39+02:00 SenderName:Bot Type:tool_output Message: MessageID:737901 Final:false Status:}
2024/12/04 08:30:39 chat.go:219: Sending message: {Content:📦 Installing system dependencies...📦 Installing Terraform 1.10.0...✅ Successfully installed Terraform 1.10.0🔧 Using workspace name: shaked-kubiya-ai-plan📦 Cloning module repository...Cloning into '/workspace/shaked-kubiya-ai-plan/terraform-aws-sqs'...Checking for Terraform files in /workspace/shaked-kubiya-ai-plan/terraform-aws-sqsFound 4 Terraform files in module directory📍 Working in directory: /workspace/shaked-kubiya-ai-plan/terraform-aws-sqsTerraform files in working directory:-rw-r--r--    1 root     root          8786 Dec  4 06:30 main.tf-rw-r--r--    1 root     root          2133 Dec  4 06:30 outputs.tf-rw-r--r--    1 root     root          8829 Dec  4 06:30 variables.tf-rw-r--r--    1 root     root           148 Dec  4 06:30 versions.tf📦 Setting up Python environment...📦 Installing package and dependencies...Obtaining file:///opt/scripts  Preparing metadata (setup.py): started  Preparing metadata (setup.py): finished with status 'done'Collecting slack-sdk  Using cached slack_sdk-3.33.4-py2.py3-none-any.whl (292 kB)Collecting pydantic  Using cached pydantic-2.10.3-py3-none-any.whl (456 kB)Collecting pyyaml  Using cached PyYAML-6.0.2-cp39-cp39-musllinux_1_1_x86_64.whl (723 kB)Collecting requests  Using cached requests-2.32.3-py3-none-any.whl (64 kB)Collecting pydantic-core==2.27.1  Using cached pydantic_core-2.27.1-cp39-cp39-musllinux_1_1_x86_64.whl (2.1 MB)Collecting annotated-types>=0.6.0  Using cached annotated_types-0.7.0-py3-none-any.whl (13 kB)Collecting typing-extensions>=4.12.2  Using cached typing_extensions-4.12.2-py3-none-any.whl (37 kB)Collecting certifi>=2017.4.17  Using cached certifi-2024.8.30-py3-none-any.whl (167 kB)Collecting urllib3<3,>=1.21.1  Using cached urllib3-2.2.3-py3-none-any.whl (126 kB)Collecting charset-normalizer<4,>=2 Error: SessionID: Timestamp:2024-12-04T08:30:39+02:00 SenderName:Bot Type:tool_output Message: MessageID:737901 Final:false Status:}
2024/12/04 08:30:39 chat.go:219: Sending message: {Content:📦 Installing system dependencies...📦 Installing Terraform 1.10.0...✅ Successfully installed Terraform 1.10.0🔧 Using workspace name: shaked-kubiya-ai-plan📦 Cloning module repository...Cloning into '/workspace/shaked-kubiya-ai-plan/terraform-aws-sqs'...Checking for Terraform files in /workspace/shaked-kubiya-ai-plan/terraform-aws-sqsFound 4 Terraform files in module directory📍 Working in directory: /workspace/shaked-kubiya-ai-plan/terraform-aws-sqsTerraform files in working directory:-rw-r--r--    1 root     root          8786 Dec  4 06:30 main.tf-rw-r--r--    1 root     root          2133 Dec  4 06:30 outputs.tf-rw-r--r--    1 root     root          8829 Dec  4 06:30 variables.tf-rw-r--r--    1 root     root           148 Dec  4 06:30 versions.tf📦 Setting up Python environment...📦 Installing package and dependencies...Obtaining file:///opt/scripts  Preparing metadata (setup.py): started  Preparing metadata (setup.py): finished with status 'done'Collecting slack-sdk  Using cached slack_sdk-3.33.4-py2.py3-none-any.whl (292 kB)Collecting pydantic  Using cached pydantic-2.10.3-py3-none-any.whl (456 kB)Collecting pyyaml  Using cached PyYAML-6.0.2-cp39-cp39-musllinux_1_1_x86_64.whl (723 kB)Collecting requests  Using cached requests-2.32.3-py3-none-any.whl (64 kB)Collecting pydantic-core==2.27.1  Using cached pydantic_core-2.27.1-cp39-cp39-musllinux_1_1_x86_64.whl (2.1 MB)Collecting annotated-types>=0.6.0  Using cached annotated_types-0.7.0-py3-none-any.whl (13 kB)Collecting typing-extensions>=4.12.2  Using cached typing_extensions-4.12.2-py3-none-any.whl (37 kB)Collecting certifi>=2017.4.17  Using cached certifi-2024.8.30-py3-none-any.whl (167 kB)Collecting urllib3<3,>=1.21.1  Using cached urllib3-2.2.3-py3-none-any.whl (126 kB)Collecting charset-normalizer<4,>=2  Using cached charset_normalizer-3.4.0-cp39-cp39-musllinux_1_2_x86_64.whl (145 kB) Error: SessionID: Timestamp:2024-12-04T08:30:39+02:00 SenderName:Bot Type:tool_output Message: MessageID:737901 Final:false Status:}
2024/12/04 08:30:39 chat.go:219: Sending message: {Content:📦 Installing system dependencies...📦 Installing Terraform 1.10.0...✅ Successfully installed Terraform 1.10.0🔧 Using workspace name: shaked-kubiya-ai-plan📦 Cloning module repository...Cloning into '/workspace/shaked-kubiya-ai-plan/terraform-aws-sqs'...Checking for Terraform files in /workspace/shaked-kubiya-ai-plan/terraform-aws-sqsFound 4 Terraform files in module directory📍 Working in directory: /workspace/shaked-kubiya-ai-plan/terraform-aws-sqsTerraform files in working directory:-rw-r--r--    1 root     root          8786 Dec  4 06:30 main.tf-rw-r--r--    1 root     root          2133 Dec  4 06:30 outputs.tf-rw-r--r--    1 root     root          8829 Dec  4 06:30 variables.tf-rw-r--r--    1 root     root           148 Dec  4 06:30 versions.tf📦 Setting up Python environment...📦 Installing package and dependencies...Obtaining file:///opt/scripts  Preparing metadata (setup.py): started  Preparing metadata (setup.py): finished with status 'done'Collecting slack-sdk  Using cached slack_sdk-3.33.4-py2.py3-none-any.whl (292 kB)Collecting pydantic  Using cached pydantic-2.10.3-py3-none-any.whl (456 kB)Collecting pyyaml  Using cached PyYAML-6.0.2-cp39-cp39-musllinux_1_1_x86_64.whl (723 kB)Collecting requests  Using cached requests-2.32.3-py3-none-any.whl (64 kB)Collecting pydantic-core==2.27.1  Using cached pydantic_core-2.27.1-cp39-cp39-musllinux_1_1_x86_64.whl (2.1 MB)Collecting annotated-types>=0.6.0  Using cached annotated_types-0.7.0-py3-none-any.whl (13 kB)Collecting typing-extensions>=4.12.2  Using cached typing_extensions-4.12.2-py3-none-any.whl (37 kB)Collecting certifi>=2017.4.17  Using cached certifi-2024.8.30-py3-none-any.whl (167 kB)Collecting urllib3<3,>=1.21.1  Using cached urllib3-2.2.3-py3-none-any.whl (126 kB)Collecting charset-normalizer<4,>=2  Using cached charset_normalizer-3.4.0-cp39-cp39-musllinux_1_2_x86_64.whl (145 kB)Collecting idna<4,>=2.5 Error: SessionID: Timestamp:2024-12-04T08:30:39+02:00 SenderName:Bot Type:tool_output Message: MessageID:737901 Final:false Status:}
2024/12/04 08:30:39 chat.go:219: Sending message: {Content:📦 Installing system dependencies...📦 Installing Terraform 1.10.0...✅ Successfully installed Terraform 1.10.0🔧 Using workspace name: shaked-kubiya-ai-plan📦 Cloning module repository...Cloning into '/workspace/shaked-kubiya-ai-plan/terraform-aws-sqs'...Checking for Terraform files in /workspace/shaked-kubiya-ai-plan/terraform-aws-sqsFound 4 Terraform files in module directory📍 Working in directory: /workspace/shaked-kubiya-ai-plan/terraform-aws-sqsTerraform files in working directory:-rw-r--r--    1 root     root          8786 Dec  4 06:30 main.tf-rw-r--r--    1 root     root          2133 Dec  4 06:30 outputs.tf-rw-r--r--    1 root     root          8829 Dec  4 06:30 variables.tf-rw-r--r--    1 root     root           148 Dec  4 06:30 versions.tf📦 Setting up Python environment...📦 Installing package and dependencies...Obtaining file:///opt/scripts  Preparing metadata (setup.py): started  Preparing metadata (setup.py): finished with status 'done'Collecting slack-sdk  Using cached slack_sdk-3.33.4-py2.py3-none-any.whl (292 kB)Collecting pydantic  Using cached pydantic-2.10.3-py3-none-any.whl (456 kB)Collecting pyyaml  Using cached PyYAML-6.0.2-cp39-cp39-musllinux_1_1_x86_64.whl (723 kB)Collecting requests  Using cached requests-2.32.3-py3-none-any.whl (64 kB)Collecting pydantic-core==2.27.1  Using cached pydantic_core-2.27.1-cp39-cp39-musllinux_1_1_x86_64.whl (2.1 MB)Collecting annotated-types>=0.6.0  Using cached annotated_types-0.7.0-py3-none-any.whl (13 kB)Collecting typing-extensions>=4.12.2  Using cached typing_extensions-4.12.2-py3-none-any.whl (37 kB)Collecting certifi>=2017.4.17  Using cached certifi-2024.8.30-py3-none-any.whl (167 kB)Collecting urllib3<3,>=1.21.1  Using cached urllib3-2.2.3-py3-none-any.whl (126 kB)Collecting charset-normalizer<4,>=2  Using cached charset_normalizer-3.4.0-cp39-cp39-musllinux_1_2_x86_64.whl (145 kB)Collecting idna<4,>=2.5  Using cached idna-3.10-py3-none-any.whl (70 kB) Error: SessionID: Timestamp:2024-12-04T08:30:39+02:00 SenderName:Bot Type:tool_output Message: MessageID:737901 Final:false Status:}
2024/12/04 08:30:39 chat.go:219: Sending message: {Content:📦 Installing system dependencies...📦 Installing Terraform 1.10.0...✅ Successfully installed Terraform 1.10.0🔧 Using workspace name: shaked-kubiya-ai-plan📦 Cloning module repository...Cloning into '/workspace/shaked-kubiya-ai-plan/terraform-aws-sqs'...Checking for Terraform files in /workspace/shaked-kubiya-ai-plan/terraform-aws-sqsFound 4 Terraform files in module directory📍 Working in directory: /workspace/shaked-kubiya-ai-plan/terraform-aws-sqsTerraform files in working directory:-rw-r--r--    1 root     root          8786 Dec  4 06:30 main.tf-rw-r--r--    1 root     root          2133 Dec  4 06:30 outputs.tf-rw-r--r--    1 root     root          8829 Dec  4 06:30 variables.tf-rw-r--r--    1 root     root           148 Dec  4 06:30 versions.tf📦 Setting up Python environment...📦 Installing package and dependencies...Obtaining file:///opt/scripts  Preparing metadata (setup.py): started  Preparing metadata (setup.py): finished with status 'done'Collecting slack-sdk  Using cached slack_sdk-3.33.4-py2.py3-none-any.whl (292 kB)Collecting pydantic  Using cached pydantic-2.10.3-py3-none-any.whl (456 kB)Collecting pyyaml  Using cached PyYAML-6.0.2-cp39-cp39-musllinux_1_1_x86_64.whl (723 kB)Collecting requests  Using cached requests-2.32.3-py3-none-any.whl (64 kB)Collecting pydantic-core==2.27.1  Using cached pydantic_core-2.27.1-cp39-cp39-musllinux_1_1_x86_64.whl (2.1 MB)Collecting annotated-types>=0.6.0  Using cached annotated_types-0.7.0-py3-none-any.whl (13 kB)Collecting typing-extensions>=4.12.2  Using cached typing_extensions-4.12.2-py3-none-any.whl (37 kB)Collecting certifi>=2017.4.17  Using cached certifi-2024.8.30-py3-none-any.whl (167 kB)Collecting urllib3<3,>=1.21.1  Using cached urllib3-2.2.3-py3-none-any.whl (126 kB)Collecting charset-normalizer<4,>=2  Using cached charset_normalizer-3.4.0-cp39-cp39-musllinux_1_2_x86_64.whl (145 kB)Collecting idna<4,>=2.5  Using cached idna-3.10-py3-none-any.whl (70 kB)Installing collected packages: urllib3, typing-extensions, slack-sdk, pyyaml, idna, charset-normalizer, certifi, annotated-types, requests, pydantic-core, pydantic, terraform-tools Error: SessionID: Timestamp:2024-12-04T08:30:39+02:00 SenderName:Bot Type:tool_output Message: MessageID:737901 Final:false Status:}
2024/12/04 08:30:41 chat.go:219: Sending message: {Content:📦 Installing system dependencies...📦 Installing Terraform 1.10.0...✅ Successfully installed Terraform 1.10.0🔧 Using workspace name: shaked-kubiya-ai-plan📦 Cloning module repository...Cloning into '/workspace/shaked-kubiya-ai-plan/terraform-aws-sqs'...Checking for Terraform files in /workspace/shaked-kubiya-ai-plan/terraform-aws-sqsFound 4 Terraform files in module directory📍 Working in directory: /workspace/shaked-kubiya-ai-plan/terraform-aws-sqsTerraform files in working directory:-rw-r--r--    1 root     root          8786 Dec  4 06:30 main.tf-rw-r--r--    1 root     root          2133 Dec  4 06:30 outputs.tf-rw-r--r--    1 root     root          8829 Dec  4 06:30 variables.tf-rw-r--r--    1 root     root           148 Dec  4 06:30 versions.tf📦 Setting up Python environment...📦 Installing package and dependencies...Obtaining file:///opt/scripts  Preparing metadata (setup.py): started  Preparing metadata (setup.py): finished with status 'done'Collecting slack-sdk  Using cached slack_sdk-3.33.4-py2.py3-none-any.whl (292 kB)Collecting pydantic  Using cached pydantic-2.10.3-py3-none-any.whl (456 kB)Collecting pyyaml  Using cached PyYAML-6.0.2-cp39-cp39-musllinux_1_1_x86_64.whl (723 kB)Collecting requests  Using cached requests-2.32.3-py3-none-any.whl (64 kB)Collecting pydantic-core==2.27.1  Using cached pydantic_core-2.27.1-cp39-cp39-musllinux_1_1_x86_64.whl (2.1 MB)Collecting annotated-types>=0.6.0  Using cached annotated_types-0.7.0-py3-none-any.whl (13 kB)Collecting typing-extensions>=4.12.2  Using cached typing_extensions-4.12.2-py3-none-any.whl (37 kB)Collecting certifi>=2017.4.17  Using cached certifi-2024.8.30-py3-none-any.whl (167 kB)Collecting urllib3<3,>=1.21.1  Using cached urllib3-2.2.3-py3-none-any.whl (126 kB)Collecting charset-normalizer<4,>=2  Using cached charset_normalizer-3.4.0-cp39-cp39-musllinux_1_2_x86_64.whl (145 kB)Collecting idna<4,>=2.5  Using cached idna-3.10-py3-none-any.whl (70 kB)Installing collected packages: urllib3, typing-extensions, slack-sdk, pyyaml, idna, charset-normalizer, certifi, annotated-types, requests, pydantic-core, pydantic, terraform-tools  Running setup.py develop for terraform-tools Error: SessionID: Timestamp:2024-12-04T08:30:41+02:00 SenderName:Bot Type:tool_output Message: MessageID:737901 Final:false Status:}
2024/12/04 08:30:41 chat.go:219: Sending message: {Content:📦 Installing system dependencies...📦 Installing Terraform 1.10.0...✅ Successfully installed Terraform 1.10.0🔧 Using workspace name: shaked-kubiya-ai-plan📦 Cloning module repository...Cloning into '/workspace/shaked-kubiya-ai-plan/terraform-aws-sqs'...Checking for Terraform files in /workspace/shaked-kubiya-ai-plan/terraform-aws-sqsFound 4 Terraform files in module directory📍 Working in directory: /workspace/shaked-kubiya-ai-plan/terraform-aws-sqsTerraform files in working directory:-rw-r--r--    1 root     root          8786 Dec  4 06:30 main.tf-rw-r--r--    1 root     root          2133 Dec  4 06:30 outputs.tf-rw-r--r--    1 root     root          8829 Dec  4 06:30 variables.tf-rw-r--r--    1 root     root           148 Dec  4 06:30 versions.tf📦 Setting up Python environment...📦 Installing package and dependencies...Obtaining file:///opt/scripts  Preparing metadata (setup.py): started  Preparing metadata (setup.py): finished with status 'done'Collecting slack-sdk  Using cached slack_sdk-3.33.4-py2.py3-none-any.whl (292 kB)Collecting pydantic  Using cached pydantic-2.10.3-py3-none-any.whl (456 kB)Collecting pyyaml  Using cached PyYAML-6.0.2-cp39-cp39-musllinux_1_1_x86_64.whl (723 kB)Collecting requests  Using cached requests-2.32.3-py3-none-any.whl (64 kB)Collecting pydantic-core==2.27.1  Using cached pydantic_core-2.27.1-cp39-cp39-musllinux_1_1_x86_64.whl (2.1 MB)Collecting annotated-types>=0.6.0  Using cached annotated_types-0.7.0-py3-none-any.whl (13 kB)Collecting typing-extensions>=4.12.2  Using cached typing_extensions-4.12.2-py3-none-any.whl (37 kB)Collecting certifi>=2017.4.17  Using cached certifi-2024.8.30-py3-none-any.whl (167 kB)Collecting urllib3<3,>=1.21.1  Using cached urllib3-2.2.3-py3-none-any.whl (126 kB)Collecting charset-normalizer<4,>=2  Using cached charset_normalizer-3.4.0-cp39-cp39-musllinux_1_2_x86_64.whl (145 kB)Collecting idna<4,>=2.5  Using cached idna-3.10-py3-none-any.whl (70 kB)Installing collected packages: urllib3, typing-extensions, slack-sdk, pyyaml, idna, charset-normalizer, certifi, annotated-types, requests, pydantic-core, pydantic, terraform-tools  Running setup.py develop for terraform-toolsSuccessfully installed annotated-types-0.7.0 certifi-2024.8.30 charset-normalizer-3.4.0 idna-3.10 pydantic-2.10.3 pydantic-core-2.27.1 pyyaml-6.0.2 requests-2.32.3 slack-sdk-3.33.4 terraform-tools-0.1.0 typing-extensions-4.12.2 urllib3-2.2.3 Error: SessionID: Timestamp:2024-12-04T08:30:41+02:00 SenderName:Bot Type:tool_output Message: MessageID:737901 Final:false Status:}
2024/12/04 08:30:41 chat.go:219: Sending message: {Content:📦 Installing system dependencies...📦 Installing Terraform 1.10.0...✅ Successfully installed Terraform 1.10.0🔧 Using workspace name: shaked-kubiya-ai-plan📦 Cloning module repository...Cloning into '/workspace/shaked-kubiya-ai-plan/terraform-aws-sqs'...Checking for Terraform files in /workspace/shaked-kubiya-ai-plan/terraform-aws-sqsFound 4 Terraform files in module directory📍 Working in directory: /workspace/shaked-kubiya-ai-plan/terraform-aws-sqsTerraform files in working directory:-rw-r--r--    1 root     root          8786 Dec  4 06:30 main.tf-rw-r--r--    1 root     root          2133 Dec  4 06:30 outputs.tf-rw-r--r--    1 root     root          8829 Dec  4 06:30 variables.tf-rw-r--r--    1 root     root           148 Dec  4 06:30 versions.tf📦 Setting up Python environment...📦 Installing package and dependencies...Obtaining file:///opt/scripts  Preparing metadata (setup.py): started  Preparing metadata (setup.py): finished with status 'done'Collecting slack-sdk  Using cached slack_sdk-3.33.4-py2.py3-none-any.whl (292 kB)Collecting pydantic  Using cached pydantic-2.10.3-py3-none-any.whl (456 kB)Collecting pyyaml  Using cached PyYAML-6.0.2-cp39-cp39-musllinux_1_1_x86_64.whl (723 kB)Collecting requests  Using cached requests-2.32.3-py3-none-any.whl (64 kB)Collecting pydantic-core==2.27.1  Using cached pydantic_core-2.27.1-cp39-cp39-musllinux_1_1_x86_64.whl (2.1 MB)Collecting annotated-types>=0.6.0  Using cached annotated_types-0.7.0-py3-none-any.whl (13 kB)Collecting typing-extensions>=4.12.2  Using cached typing_extensions-4.12.2-py3-none-any.whl (37 kB)Collecting certifi>=2017.4.17  Using cached certifi-2024.8.30-py3-none-any.whl (167 kB)Collecting urllib3<3,>=1.21.1  Using cached urllib3-2.2.3-py3-none-any.whl (126 kB)Collecting charset-normalizer<4,>=2  Using cached charset_normalizer-3.4.0-cp39-cp39-musllinux_1_2_x86_64.whl (145 kB)Collecting idna<4,>=2.5  Using cached idna-3.10-py3-none-any.whl (70 kB)Installing collected packages: urllib3, typing-extensions, slack-sdk, pyyaml, idna, charset-normalizer, certifi, annotated-types, requests, pydantic-core, pydantic, terraform-tools  Running setup.py develop for terraform-toolsSuccessfully installed annotated-types-0.7.0 certifi-2024.8.30 charset-normalizer-3.4.0 idna-3.10 pydantic-2.10.3 pydantic-core-2.27.1 pyyaml-6.0.2 requests-2.32.3 slack-sdk-3.33.4 terraform-tools-0.1.0 typing-extensions-4.12.2 urllib3-2.2.3WARNING: Running pip as the 'root' user can result in broken permissions and conflicting behaviour with the system package manager. It is recommended to use a virtual environment instead: https://pip.pypa.io/warnings/venv Error: SessionID: Timestamp:2024-12-04T08:30:41+02:00 SenderName:Bot Type:tool_output Message: MessageID:737901 Final:false Status:}
2024/12/04 08:30:41 chat.go:219: Sending message: {Content:📦 Installing system dependencies...📦 Installing Terraform 1.10.0...✅ Successfully installed Terraform 1.10.0🔧 Using workspace name: shaked-kubiya-ai-plan📦 Cloning module repository...Cloning into '/workspace/shaked-kubiya-ai-plan/terraform-aws-sqs'...Checking for Terraform files in /workspace/shaked-kubiya-ai-plan/terraform-aws-sqsFound 4 Terraform files in module directory📍 Working in directory: /workspace/shaked-kubiya-ai-plan/terraform-aws-sqsTerraform files in working directory:-rw-r--r--    1 root     root          8786 Dec  4 06:30 main.tf-rw-r--r--    1 root     root          2133 Dec  4 06:30 outputs.tf-rw-r--r--    1 root     root          8829 Dec  4 06:30 variables.tf-rw-r--r--    1 root     root           148 Dec  4 06:30 versions.tf📦 Setting up Python environment...📦 Installing package and dependencies...Obtaining file:///opt/scripts  Preparing metadata (setup.py): started  Preparing metadata (setup.py): finished with status 'done'Collecting slack-sdk  Using cached slack_sdk-3.33.4-py2.py3-none-any.whl (292 kB)Collecting pydantic  Using cached pydantic-2.10.3-py3-none-any.whl (456 kB)Collecting pyyaml  Using cached PyYAML-6.0.2-cp39-cp39-musllinux_1_1_x86_64.whl (723 kB)Collecting requests  Using cached requests-2.32.3-py3-none-any.whl (64 kB)Collecting pydantic-core==2.27.1  Using cached pydantic_core-2.27.1-cp39-cp39-musllinux_1_1_x86_64.whl (2.1 MB)Collecting annotated-types>=0.6.0  Using cached annotated_types-0.7.0-py3-none-any.whl (13 kB)Collecting typing-extensions>=4.12.2  Using cached typing_extensions-4.12.2-py3-none-any.whl (37 kB)Collecting certifi>=2017.4.17  Using cached certifi-2024.8.30-py3-none-any.whl (167 kB)Collecting urllib3<3,>=1.21.1  Using cached urllib3-2.2.3-py3-none-any.whl (126 kB)Collecting charset-normalizer<4,>=2  Using cached charset_normalizer-3.4.0-cp39-cp39-musllinux_1_2_x86_64.whl (145 kB)Collecting idna<4,>=2.5  Using cached idna-3.10-py3-none-any.whl (70 kB)Installing collected packages: urllib3, typing-extensions, slack-sdk, pyyaml, idna, charset-normalizer, certifi, annotated-types, requests, pydantic-core, pydantic, terraform-tools  Running setup.py develop for terraform-toolsSuccessfully installed annotated-types-0.7.0 certifi-2024.8.30 charset-normalizer-3.4.0 idna-3.10 pydantic-2.10.3 pydantic-core-2.27.1 pyyaml-6.0.2 requests-2.32.3 slack-sdk-3.33.4 terraform-tools-0.1.0 typing-extensions-4.12.2 urllib3-2.2.3WARNING: Running pip as the 'root' user can result in broken permissions and conflicting behaviour with the system package manager. It is recommended to use a virtual environment instead: https://pip.pypa.io/warnings/venvWARNING: There was an error checking the latest version of pip. Error: SessionID: Timestamp:2024-12-04T08:30:41+02:00 SenderName:Bot Type:tool_output Message: MessageID:737901 Final:true Status:}
2024/12/04 08:30:41 chat.go:219: Sending message: {Content:📦 Installing system dependencies...📦 Installing Terraform 1.10.0...✅ Successfully installed Terraform 1.10.0🔧 Using workspace name: shaked-kubiya-ai-plan📦 Cloning module repository...Cloning into '/workspace/shaked-kubiya-ai-plan/terraform-aws-sqs'...Checking for Terraform files in /workspace/shaked-kubiya-ai-plan/terraform-aws-sqsFound 4 Terraform files in module directory📍 Working in directory: /workspace/shaked-kubiya-ai-plan/terraform-aws-sqsTerraform files in working directory:-rw-r--r--    1 root     root          8786 Dec  4 06:30 main.tf-rw-r--r--    1 root     root          2133 Dec  4 06:30 outputs.tf-rw-r--r--    1 root     root          8829 Dec  4 06:30 variables.tf-rw-r--r--    1 root     root           148 Dec  4 06:30 versions.tf📦 Setting up Python environment...📦 Installing package and dependencies...Obtaining file:///opt/scripts  Preparing metadata (setup.py): started  Preparing metadata (setup.py): finished with status 'done'Collecting slack-sdk  Using cached slack_sdk-3.33.4-py2.py3-none-any.whl (292 kB)Collecting pydantic  Using cached pydantic-2.10.3-py3-none-any.whl (456 kB)Collecting pyyaml  Using cached PyYAML-6.0.2-cp39-cp39-musllinux_1_1_x86_64.whl (723 kB)Collecting requests  Using cached requests-2.32.3-py3-none-any.whl (64 kB)Collecting pydantic-core==2.27.1  Using cached pydantic_core-2.27.1-cp39-cp39-musllinux_1_1_x86_64.whl (2.1 MB)Collecting annotated-types>=0.6.0  Using cached annotated_types-0.7.0-py3-none-any.whl (13 kB)Collecting typing-extensions>=4.12.2  Using cached typing_extensions-4.12.2-py3-none-any.whl (37 kB)Collecting certifi>=2017.4.17  Using cached certifi-2024.8.30-py3-none-any.whl (167 kB)Collecting urllib3<3,>=1.21.1  Using cached urllib3-2.2.3-py3-none-any.whl (126 kB)Collecting charset-normalizer<4,>=2  Using cached charset_normalizer-3.4.0-cp39-cp39-musllinux_1_2_x86_64.whl (145 kB)Collecting idna<4,>=2.5  Using cached idna-3.10-py3-none-any.whl (70 kB)Installing collected packages: urllib3, typing-extensions, slack-sdk, pyyaml, idna, charset-normalizer, certifi, annotated-types, requests, pydantic-core, pydantic, terraform-tools  Running setup.py develop for terraform-toolsSuccessfully installed annotated-types-0.7.0 certifi-2024.8.30 charset-normalizer-3.4.0 idna-3.10 pydantic-2.10.3 pydantic-core-2.27.1 pyyaml-6.0.2 requests-2.32.3 slack-sdk-3.33.4 terraform-tools-0.1.0 typing-extensions-4.12.2 urllib3-2.2.3WARNING: Running pip as the 'root' user can result in broken permissions and conflicting behaviour with the system package manager. It is recommended to use a virtual environment instead: https://pip.pypa.io/warnings/venvWARNING: There was an error checking the latest version of pip.🔧 Preparing terraform variables... Error: SessionID: Timestamp:2024-12-04T08:30:41+02:00 SenderName:Bot Type:tool_output Message: MessageID:737901 Final:true Status:}
2024/12/04 08:30:41 chat.go:219: Sending message: {Content:📦 Installing system dependencies...📦 Installing Terraform 1.10.0...✅ Successfully installed Terraform 1.10.0🔧 Using workspace name: shaked-kubiya-ai-plan📦 Cloning module repository...Cloning into '/workspace/shaked-kubiya-ai-plan/terraform-aws-sqs'...Checking for Terraform files in /workspace/shaked-kubiya-ai-plan/terraform-aws-sqsFound 4 Terraform files in module directory📍 Working in directory: /workspace/shaked-kubiya-ai-plan/terraform-aws-sqsTerraform files in working directory:-rw-r--r--    1 root     root          8786 Dec  4 06:30 main.tf-rw-r--r--    1 root     root          2133 Dec  4 06:30 outputs.tf-rw-r--r--    1 root     root          8829 Dec  4 06:30 variables.tf-rw-r--r--    1 root     root           148 Dec  4 06:30 versions.tf📦 Setting up Python environment...📦 Installing package and dependencies...Obtaining file:///opt/scripts  Preparing metadata (setup.py): started  Preparing metadata (setup.py): finished with status 'done'Collecting slack-sdk  Using cached slack_sdk-3.33.4-py2.py3-none-any.whl (292 kB)Collecting pydantic  Using cached pydantic-2.10.3-py3-none-any.whl (456 kB)Collecting pyyaml  Using cached PyYAML-6.0.2-cp39-cp39-musllinux_1_1_x86_64.whl (723 kB)Collecting requests  Using cached requests-2.32.3-py3-none-any.whl (64 kB)Collecting pydantic-core==2.27.1  Using cached pydantic_core-2.27.1-cp39-cp39-musllinux_1_1_x86_64.whl (2.1 MB)Collecting annotated-types>=0.6.0  Using cached annotated_types-0.7.0-py3-none-any.whl (13 kB)Collecting typing-extensions>=4.12.2  Using cached typing_extensions-4.12.2-py3-none-any.whl (37 kB)Collecting certifi>=2017.4.17  Using cached certifi-2024.8.30-py3-none-any.whl (167 kB)Collecting urllib3<3,>=1.21.1  Using cached urllib3-2.2.3-py3-none-any.whl (126 kB)Collecting charset-normalizer<4,>=2  Using cached charset_normalizer-3.4.0-cp39-cp39-musllinux_1_2_x86_64.whl (145 kB)Collecting idna<4,>=2.5  Using cached idna-3.10-py3-none-any.whl (70 kB)Installing collected packages: urllib3, typing-extensions, slack-sdk, pyyaml, idna, charset-normalizer, certifi, annotated-types, requests, pydantic-core, pydantic, terraform-tools  Running setup.py develop for terraform-toolsSuccessfully installed annotated-types-0.7.0 certifi-2024.8.30 charset-normalizer-3.4.0 idna-3.10 pydantic-2.10.3 pydantic-core-2.27.1 pyyaml-6.0.2 requests-2.32.3 slack-sdk-3.33.4 terraform-tools-0.1.0 typing-extensions-4.12.2 urllib3-2.2.3WARNING: Running pip as the 'root' user can result in broken permissions and conflicting behaviour with the system package manager. It is recommended to use a virtual environment instead: https://pip.pypa.io/warnings/venvWARNING: There was an error checking the latest version of pip.🔧 Preparing terraform variables...2024-12-04 06:30:41,732 - INFO - 🚀 Starting tfvars preparation... Error: SessionID: Timestamp:2024-12-04T08:30:41+02:00 SenderName:Bot Type:tool_output Message: MessageID:737901 Final:true Status:}
2024/12/04 08:30:41 chat.go:219: Sending message: {Content:📦 Installing system dependencies...📦 Installing Terraform 1.10.0...✅ Successfully installed Terraform 1.10.0🔧 Using workspace name: shaked-kubiya-ai-plan📦 Cloning module repository...Cloning into '/workspace/shaked-kubiya-ai-plan/terraform-aws-sqs'...Checking for Terraform files in /workspace/shaked-kubiya-ai-plan/terraform-aws-sqsFound 4 Terraform files in module directory📍 Working in directory: /workspace/shaked-kubiya-ai-plan/terraform-aws-sqsTerraform files in working directory:-rw-r--r--    1 root     root          8786 Dec  4 06:30 main.tf-rw-r--r--    1 root     root          2133 Dec  4 06:30 outputs.tf-rw-r--r--    1 root     root          8829 Dec  4 06:30 variables.tf-rw-r--r--    1 root     root           148 Dec  4 06:30 versions.tf📦 Setting up Python environment...📦 Installing package and dependencies...Obtaining file:///opt/scripts  Preparing metadata (setup.py): started  Preparing metadata (setup.py): finished with status 'done'Collecting slack-sdk  Using cached slack_sdk-3.33.4-py2.py3-none-any.whl (292 kB)Collecting pydantic  Using cached pydantic-2.10.3-py3-none-any.whl (456 kB)Collecting pyyaml  Using cached PyYAML-6.0.2-cp39-cp39-musllinux_1_1_x86_64.whl (723 kB)Collecting requests  Using cached requests-2.32.3-py3-none-any.whl (64 kB)Collecting pydantic-core==2.27.1  Using cached pydantic_core-2.27.1-cp39-cp39-musllinux_1_1_x86_64.whl (2.1 MB)Collecting annotated-types>=0.6.0  Using cached annotated_types-0.7.0-py3-none-any.whl (13 kB)Collecting typing-extensions>=4.12.2  Using cached typing_extensions-4.12.2-py3-none-any.whl (37 kB)Collecting certifi>=2017.4.17  Using cached certifi-2024.8.30-py3-none-any.whl (167 kB)Collecting urllib3<3,>=1.21.1  Using cached urllib3-2.2.3-py3-none-any.whl (126 kB)Collecting charset-normalizer<4,>=2  Using cached charset_normalizer-3.4.0-cp39-cp39-musllinux_1_2_x86_64.whl (145 kB)Collecting idna<4,>=2.5  Using cached idna-3.10-py3-none-any.whl (70 kB)Installing collected packages: urllib3, typing-extensions, slack-sdk, pyyaml, idna, charset-normalizer, certifi, annotated-types, requests, pydantic-core, pydantic, terraform-tools  Running setup.py develop for terraform-toolsSuccessfully installed annotated-types-0.7.0 certifi-2024.8.30 charset-normalizer-3.4.0 idna-3.10 pydantic-2.10.3 pydantic-core-2.27.1 pyyaml-6.0.2 requests-2.32.3 slack-sdk-3.33.4 terraform-tools-0.1.0 typing-extensions-4.12.2 urllib3-2.2.3WARNING: Running pip as the 'root' user can result in broken permissions and conflicting behaviour with the system package manager. It is recommended to use a virtual environment instead: https://pip.pypa.io/warnings/venvWARNING: There was an error checking the latest version of pip.🔧 Preparing terraform variables...2024-12-04 06:30:41,732 - INFO - 🚀 Starting tfvars preparation...2024-12-04 06:30:41,732 - INFO - 📝 Creating terraform.tfvars.json at /workspace/shaked-kubiya-ai-plan/terraform-aws-sqs/terraform.tfvars.json Error: SessionID: Timestamp:2024-12-04T08:30:41+02:00 SenderName:Bot Type:tool_output Message: MessageID:737901 Final:false Status:}
2024/12/04 08:30:41 chat.go:219: Sending message: {Content:📦 Installing system dependencies...📦 Installing Terraform 1.10.0...✅ Successfully installed Terraform 1.10.0🔧 Using workspace name: shaked-kubiya-ai-plan📦 Cloning module repository...Cloning into '/workspace/shaked-kubiya-ai-plan/terraform-aws-sqs'...Checking for Terraform files in /workspace/shaked-kubiya-ai-plan/terraform-aws-sqsFound 4 Terraform files in module directory📍 Working in directory: /workspace/shaked-kubiya-ai-plan/terraform-aws-sqsTerraform files in working directory:-rw-r--r--    1 root     root          8786 Dec  4 06:30 main.tf-rw-r--r--    1 root     root          2133 Dec  4 06:30 outputs.tf-rw-r--r--    1 root     root          8829 Dec  4 06:30 variables.tf-rw-r--r--    1 root     root           148 Dec  4 06:30 versions.tf📦 Setting up Python environment...📦 Installing package and dependencies...Obtaining file:///opt/scripts  Preparing metadata (setup.py): started  Preparing metadata (setup.py): finished with status 'done'Collecting slack-sdk  Using cached slack_sdk-3.33.4-py2.py3-none-any.whl (292 kB)Collecting pydantic  Using cached pydantic-2.10.3-py3-none-any.whl (456 kB)Collecting pyyaml  Using cached PyYAML-6.0.2-cp39-cp39-musllinux_1_1_x86_64.whl (723 kB)Collecting requests  Using cached requests-2.32.3-py3-none-any.whl (64 kB)Collecting pydantic-core==2.27.1  Using cached pydantic_core-2.27.1-cp39-cp39-musllinux_1_1_x86_64.whl (2.1 MB)Collecting annotated-types>=0.6.0  Using cached annotated_types-0.7.0-py3-none-any.whl (13 kB)Collecting typing-extensions>=4.12.2  Using cached typing_extensions-4.12.2-py3-none-any.whl (37 kB)Collecting certifi>=2017.4.17  Using cached certifi-2024.8.30-py3-none-any.whl (167 kB)Collecting urllib3<3,>=1.21.1  Using cached urllib3-2.2.3-py3-none-any.whl (126 kB)Collecting charset-normalizer<4,>=2  Using cached charset_normalizer-3.4.0-cp39-cp39-musllinux_1_2_x86_64.whl (145 kB)Collecting idna<4,>=2.5  Using cached idna-3.10-py3-none-any.whl (70 kB)Installing collected packages: urllib3, typing-extensions, slack-sdk, pyyaml, idna, charset-normalizer, certifi, annotated-types, requests, pydantic-core, pydantic, terraform-tools  Running setup.py develop for terraform-toolsSuccessfully installed annotated-types-0.7.0 certifi-2024.8.30 charset-normalizer-3.4.0 idna-3.10 pydantic-2.10.3 pydantic-core-2.27.1 pyyaml-6.0.2 requests-2.32.3 slack-sdk-3.33.4 terraform-tools-0.1.0 typing-extensions-4.12.2 urllib3-2.2.3WARNING: Running pip as the 'root' user can result in broken permissions and conflicting behaviour with the system package manager. It is recommended to use a virtual environment instead: https://pip.pypa.io/warnings/venvWARNING: There was an error checking the latest version of pip.🔧 Preparing terraform variables...2024-12-04 06:30:41,732 - INFO - 🚀 Starting tfvars preparation...2024-12-04 06:30:41,732 - INFO - 📝 Creating terraform.tfvars.json at /workspace/shaked-kubiya-ai-plan/terraform-aws-sqs/terraform.tfvars.json2024-12-04 06:30:41,733 - INFO - ✅ Successfully prepared terraform.tfvars.json Error: SessionID: Timestamp:2024-12-04T08:30:41+02:00 SenderName:Bot Type:tool_output Message: MessageID:737901 Final:false Status:}
2024/12/04 08:30:41 chat.go:219: Sending message: {Content:📦 Installing system dependencies...📦 Installing Terraform 1.10.0...✅ Successfully installed Terraform 1.10.0🔧 Using workspace name: shaked-kubiya-ai-plan📦 Cloning module repository...Cloning into '/workspace/shaked-kubiya-ai-plan/terraform-aws-sqs'...Checking for Terraform files in /workspace/shaked-kubiya-ai-plan/terraform-aws-sqsFound 4 Terraform files in module directory📍 Working in directory: /workspace/shaked-kubiya-ai-plan/terraform-aws-sqsTerraform files in working directory:-rw-r--r--    1 root     root          8786 Dec  4 06:30 main.tf-rw-r--r--    1 root     root          2133 Dec  4 06:30 outputs.tf-rw-r--r--    1 root     root          8829 Dec  4 06:30 variables.tf-rw-r--r--    1 root     root           148 Dec  4 06:30 versions.tf📦 Setting up Python environment...📦 Installing package and dependencies...Obtaining file:///opt/scripts  Preparing metadata (setup.py): started  Preparing metadata (setup.py): finished with status 'done'Collecting slack-sdk  Using cached slack_sdk-3.33.4-py2.py3-none-any.whl (292 kB)Collecting pydantic  Using cached pydantic-2.10.3-py3-none-any.whl (456 kB)Collecting pyyaml  Using cached PyYAML-6.0.2-cp39-cp39-musllinux_1_1_x86_64.whl (723 kB)Collecting requests  Using cached requests-2.32.3-py3-none-any.whl (64 kB)Collecting pydantic-core==2.27.1  Using cached pydantic_core-2.27.1-cp39-cp39-musllinux_1_1_x86_64.whl (2.1 MB)Collecting annotated-types>=0.6.0  Using cached annotated_types-0.7.0-py3-none-any.whl (13 kB)Collecting typing-extensions>=4.12.2  Using cached typing_extensions-4.12.2-py3-none-any.whl (37 kB)Collecting certifi>=2017.4.17  Using cached certifi-2024.8.30-py3-none-any.whl (167 kB)Collecting urllib3<3,>=1.21.1  Using cached urllib3-2.2.3-py3-none-any.whl (126 kB)Collecting charset-normalizer<4,>=2  Using cached charset_normalizer-3.4.0-cp39-cp39-musllinux_1_2_x86_64.whl (145 kB)Collecting idna<4,>=2.5  Using cached idna-3.10-py3-none-any.whl (70 kB)Installing collected packages: urllib3, typing-extensions, slack-sdk, pyyaml, idna, charset-normalizer, certifi, annotated-types, requests, pydantic-core, pydantic, terraform-tools  Running setup.py develop for terraform-toolsSuccessfully installed annotated-types-0.7.0 certifi-2024.8.30 charset-normalizer-3.4.0 idna-3.10 pydantic-2.10.3 pydantic-core-2.27.1 pyyaml-6.0.2 requests-2.32.3 slack-sdk-3.33.4 terraform-tools-0.1.0 typing-extensions-4.12.2 urllib3-2.2.3WARNING: Running pip as the 'root' user can result in broken permissions and conflicting behaviour with the system package manager. It is recommended to use a virtual environment instead: https://pip.pypa.io/warnings/venvWARNING: There was an error checking the latest version of pip.🔧 Preparing terraform variables...2024-12-04 06:30:41,732 - INFO - 🚀 Starting tfvars preparation...2024-12-04 06:30:41,732 - INFO - 📝 Creating terraform.tfvars.json at /workspace/shaked-kubiya-ai-plan/terraform-aws-sqs/terraform.tfvars.json2024-12-04 06:30:41,733 - INFO - ✅ Successfully prepared terraform.tfvars.json🚀 Running Terraform plan... Error: SessionID: Timestamp:2024-12-04T08:30:41+02:00 SenderName:Bot Type:tool_output Message: MessageID:737901 Final:true Status:}
2024/12/04 08:30:41 chat.go:219: Sending message: {Content:📦 Installing system dependencies...📦 Installing Terraform 1.10.0...✅ Successfully installed Terraform 1.10.0🔧 Using workspace name: shaked-kubiya-ai-plan📦 Cloning module repository...Cloning into '/workspace/shaked-kubiya-ai-plan/terraform-aws-sqs'...Checking for Terraform files in /workspace/shaked-kubiya-ai-plan/terraform-aws-sqsFound 4 Terraform files in module directory📍 Working in directory: /workspace/shaked-kubiya-ai-plan/terraform-aws-sqsTerraform files in working directory:-rw-r--r--    1 root     root          8786 Dec  4 06:30 main.tf-rw-r--r--    1 root     root          2133 Dec  4 06:30 outputs.tf-rw-r--r--    1 root     root          8829 Dec  4 06:30 variables.tf-rw-r--r--    1 root     root           148 Dec  4 06:30 versions.tf📦 Setting up Python environment...📦 Installing package and dependencies...Obtaining file:///opt/scripts  Preparing metadata (setup.py): started  Preparing metadata (setup.py): finished with status 'done'Collecting slack-sdk  Using cached slack_sdk-3.33.4-py2.py3-none-any.whl (292 kB)Collecting pydantic  Using cached pydantic-2.10.3-py3-none-any.whl (456 kB)Collecting pyyaml  Using cached PyYAML-6.0.2-cp39-cp39-musllinux_1_1_x86_64.whl (723 kB)Collecting requests  Using cached requests-2.32.3-py3-none-any.whl (64 kB)Collecting pydantic-core==2.27.1  Using cached pydantic_core-2.27.1-cp39-cp39-musllinux_1_1_x86_64.whl (2.1 MB)Collecting annotated-types>=0.6.0  Using cached annotated_types-0.7.0-py3-none-any.whl (13 kB)Collecting typing-extensions>=4.12.2  Using cached typing_extensions-4.12.2-py3-none-any.whl (37 kB)Collecting certifi>=2017.4.17  Using cached certifi-2024.8.30-py3-none-any.whl (167 kB)Collecting urllib3<3,>=1.21.1  Using cached urllib3-2.2.3-py3-none-any.whl (126 kB)Collecting charset-normalizer<4,>=2  Using cached charset_normalizer-3.4.0-cp39-cp39-musllinux_1_2_x86_64.whl (145 kB)Collecting idna<4,>=2.5  Using cached idna-3.10-py3-none-any.whl (70 kB)Installing collected packages: urllib3, typing-extensions, slack-sdk, pyyaml, idna, charset-normalizer, certifi, annotated-types, requests, pydantic-core, pydantic, terraform-tools  Running setup.py develop for terraform-toolsSuccessfully installed annotated-types-0.7.0 certifi-2024.8.30 charset-normalizer-3.4.0 idna-3.10 pydantic-2.10.3 pydantic-core-2.27.1 pyyaml-6.0.2 requests-2.32.3 slack-sdk-3.33.4 terraform-tools-0.1.0 typing-extensions-4.12.2 urllib3-2.2.3WARNING: Running pip as the 'root' user can result in broken permissions and conflicting behaviour with the system package manager. It is recommended to use a virtual environment instead: https://pip.pypa.io/warnings/venvWARNING: There was an error checking the latest version of pip.🔧 Preparing terraform variables...2024-12-04 06:30:41,732 - INFO - 🚀 Starting tfvars preparation...2024-12-04 06:30:41,732 - INFO - 📝 Creating terraform.tfvars.json at /workspace/shaked-kubiya-ai-plan/terraform-aws-sqs/terraform.tfvars.json2024-12-04 06:30:41,733 - INFO - ✅ Successfully prepared terraform.tfvars.json🚀 Running Terraform plan...2024-12-04 06:30:41,831 - INFO - 🚀 Starting Terraform plan for workspace 'shaked-kubiya-ai-plan'... Error: SessionID: Timestamp:2024-12-04T08:30:41+02:00 SenderName:Bot Type:tool_output Message: MessageID:737901 Final:true Status:}
2024/12/04 08:30:41 chat.go:219: Sending message: {Content:📦 Installing system dependencies...📦 Installing Terraform 1.10.0...✅ Successfully installed Terraform 1.10.0🔧 Using workspace name: shaked-kubiya-ai-plan📦 Cloning module repository...Cloning into '/workspace/shaked-kubiya-ai-plan/terraform-aws-sqs'...Checking for Terraform files in /workspace/shaked-kubiya-ai-plan/terraform-aws-sqsFound 4 Terraform files in module directory📍 Working in directory: /workspace/shaked-kubiya-ai-plan/terraform-aws-sqsTerraform files in working directory:-rw-r--r--    1 root     root          8786 Dec  4 06:30 main.tf-rw-r--r--    1 root     root          2133 Dec  4 06:30 outputs.tf-rw-r--r--    1 root     root          8829 Dec  4 06:30 variables.tf-rw-r--r--    1 root     root           148 Dec  4 06:30 versions.tf📦 Setting up Python environment...📦 Installing package and dependencies...Obtaining file:///opt/scripts  Preparing metadata (setup.py): started  Preparing metadata (setup.py): finished with status 'done'Collecting slack-sdk  Using cached slack_sdk-3.33.4-py2.py3-none-any.whl (292 kB)Collecting pydantic  Using cached pydantic-2.10.3-py3-none-any.whl (456 kB)Collecting pyyaml  Using cached PyYAML-6.0.2-cp39-cp39-musllinux_1_1_x86_64.whl (723 kB)Collecting requests  Using cached requests-2.32.3-py3-none-any.whl (64 kB)Collecting pydantic-core==2.27.1  Using cached pydantic_core-2.27.1-cp39-cp39-musllinux_1_1_x86_64.whl (2.1 MB)Collecting annotated-types>=0.6.0  Using cached annotated_types-0.7.0-py3-none-any.whl (13 kB)Collecting typing-extensions>=4.12.2  Using cached typing_extensions-4.12.2-py3-none-any.whl (37 kB)Collecting certifi>=2017.4.17  Using cached certifi-2024.8.30-py3-none-any.whl (167 kB)Collecting urllib3<3,>=1.21.1  Using cached urllib3-2.2.3-py3-none-any.whl (126 kB)Collecting charset-normalizer<4,>=2  Using cached charset_normalizer-3.4.0-cp39-cp39-musllinux_1_2_x86_64.whl (145 kB)Collecting idna<4,>=2.5  Using cached idna-3.10-py3-none-any.whl (70 kB)Installing collected packages: urllib3, typing-extensions, slack-sdk, pyyaml, idna, charset-normalizer, certifi, annotated-types, requests, pydantic-core, pydantic, terraform-tools  Running setup.py develop for terraform-toolsSuccessfully installed annotated-types-0.7.0 certifi-2024.8.30 charset-normalizer-3.4.0 idna-3.10 pydantic-2.10.3 pydantic-core-2.27.1 pyyaml-6.0.2 requests-2.32.3 slack-sdk-3.33.4 terraform-tools-0.1.0 typing-extensions-4.12.2 urllib3-2.2.3WARNING: Running pip as the 'root' user can result in broken permissions and conflicting behaviour with the system package manager. It is recommended to use a virtual environment instead: https://pip.pypa.io/warnings/venvWARNING: There was an error checking the latest version of pip.🔧 Preparing terraform variables...2024-12-04 06:30:41,732 - INFO - 🚀 Starting tfvars preparation...2024-12-04 06:30:41,732 - INFO - 📝 Creating terraform.tfvars.json at /workspace/shaked-kubiya-ai-plan/terraform-aws-sqs/terraform.tfvars.json2024-12-04 06:30:41,733 - INFO - ✅ Successfully prepared terraform.tfvars.json🚀 Running Terraform plan...2024-12-04 06:30:41,831 - INFO - 🚀 Starting Terraform plan for workspace 'shaked-kubiya-ai-plan'...2024-12-04 06:30:41,831 - WARNING - Missing required environment variables: SLACK_API_TOKEN, SLACK_CHANNEL_ID Error: SessionID: Timestamp:2024-12-04T08:30:41+02:00 SenderName:Bot Type:tool_output Message: MessageID:737901 Final:false Status:}
2024/12/04 08:30:41 chat.go:219: Sending message: {Content:📦 Installing system dependencies...📦 Installing Terraform 1.10.0...✅ Successfully installed Terraform 1.10.0🔧 Using workspace name: shaked-kubiya-ai-plan📦 Cloning module repository...Cloning into '/workspace/shaked-kubiya-ai-plan/terraform-aws-sqs'...Checking for Terraform files in /workspace/shaked-kubiya-ai-plan/terraform-aws-sqsFound 4 Terraform files in module directory📍 Working in directory: /workspace/shaked-kubiya-ai-plan/terraform-aws-sqsTerraform files in working directory:-rw-r--r--    1 root     root          8786 Dec  4 06:30 main.tf-rw-r--r--    1 root     root          2133 Dec  4 06:30 outputs.tf-rw-r--r--    1 root     root          8829 Dec  4 06:30 variables.tf-rw-r--r--    1 root     root           148 Dec  4 06:30 versions.tf📦 Setting up Python environment...📦 Installing package and dependencies...Obtaining file:///opt/scripts  Preparing metadata (setup.py): started  Preparing metadata (setup.py): finished with status 'done'Collecting slack-sdk  Using cached slack_sdk-3.33.4-py2.py3-none-any.whl (292 kB)Collecting pydantic  Using cached pydantic-2.10.3-py3-none-any.whl (456 kB)Collecting pyyaml  Using cached PyYAML-6.0.2-cp39-cp39-musllinux_1_1_x86_64.whl (723 kB)Collecting requests  Using cached requests-2.32.3-py3-none-any.whl (64 kB)Collecting pydantic-core==2.27.1  Using cached pydantic_core-2.27.1-cp39-cp39-musllinux_1_1_x86_64.whl (2.1 MB)Collecting annotated-types>=0.6.0  Using cached annotated_types-0.7.0-py3-none-any.whl (13 kB)Collecting typing-extensions>=4.12.2  Using cached typing_extensions-4.12.2-py3-none-any.whl (37 kB)Collecting certifi>=2017.4.17  Using cached certifi-2024.8.30-py3-none-any.whl (167 kB)Collecting urllib3<3,>=1.21.1  Using cached urllib3-2.2.3-py3-none-any.whl (126 kB)Collecting charset-normalizer<4,>=2  Using cached charset_normalizer-3.4.0-cp39-cp39-musllinux_1_2_x86_64.whl (145 kB)Collecting idna<4,>=2.5  Using cached idna-3.10-py3-none-any.whl (70 kB)Installing collected packages: urllib3, typing-extensions, slack-sdk, pyyaml, idna, charset-normalizer, certifi, annotated-types, requests, pydantic-core, pydantic, terraform-tools  Running setup.py develop for terraform-toolsSuccessfully installed annotated-types-0.7.0 certifi-2024.8.30 charset-normalizer-3.4.0 idna-3.10 pydantic-2.10.3 pydantic-core-2.27.1 pyyaml-6.0.2 requests-2.32.3 slack-sdk-3.33.4 terraform-tools-0.1.0 typing-extensions-4.12.2 urllib3-2.2.3WARNING: Running pip as the 'root' user can result in broken permissions and conflicting behaviour with the system package manager. It is recommended to use a virtual environment instead: https://pip.pypa.io/warnings/venvWARNING: There was an error checking the latest version of pip.🔧 Preparing terraform variables...2024-12-04 06:30:41,732 - INFO - 🚀 Starting tfvars preparation...2024-12-04 06:30:41,732 - INFO - 📝 Creating terraform.tfvars.json at /workspace/shaked-kubiya-ai-plan/terraform-aws-sqs/terraform.tfvars.json2024-12-04 06:30:41,733 - INFO - ✅ Successfully prepared terraform.tfvars.json🚀 Running Terraform plan...2024-12-04 06:30:41,831 - INFO - 🚀 Starting Terraform plan for workspace 'shaked-kubiya-ai-plan'...2024-12-04 06:30:41,831 - WARNING - Missing required environment variables: SLACK_API_TOKEN, SLACK_CHANNEL_ID2024-12-04 06:30:41,832 - INFO - Using module path: /workspace/shaked-kubiya-ai-plan/terraform-aws-sqs Error: SessionID: Timestamp:2024-12-04T08:30:41+02:00 SenderName:Bot Type:tool_output Message: MessageID:737901 Final:false Status:}
2024/12/04 08:30:41 chat.go:219: Sending message: {Content:📦 Installing system dependencies...📦 Installing Terraform 1.10.0...✅ Successfully installed Terraform 1.10.0🔧 Using workspace name: shaked-kubiya-ai-plan📦 Cloning module repository...Cloning into '/workspace/shaked-kubiya-ai-plan/terraform-aws-sqs'...Checking for Terraform files in /workspace/shaked-kubiya-ai-plan/terraform-aws-sqsFound 4 Terraform files in module directory📍 Working in directory: /workspace/shaked-kubiya-ai-plan/terraform-aws-sqsTerraform files in working directory:-rw-r--r--    1 root     root          8786 Dec  4 06:30 main.tf-rw-r--r--    1 root     root          2133 Dec  4 06:30 outputs.tf-rw-r--r--    1 root     root          8829 Dec  4 06:30 variables.tf-rw-r--r--    1 root     root           148 Dec  4 06:30 versions.tf📦 Setting up Python environment...📦 Installing package and dependencies...Obtaining file:///opt/scripts  Preparing metadata (setup.py): started  Preparing metadata (setup.py): finished with status 'done'Collecting slack-sdk  Using cached slack_sdk-3.33.4-py2.py3-none-any.whl (292 kB)Collecting pydantic  Using cached pydantic-2.10.3-py3-none-any.whl (456 kB)Collecting pyyaml  Using cached PyYAML-6.0.2-cp39-cp39-musllinux_1_1_x86_64.whl (723 kB)Collecting requests  Using cached requests-2.32.3-py3-none-any.whl (64 kB)Collecting pydantic-core==2.27.1  Using cached pydantic_core-2.27.1-cp39-cp39-musllinux_1_1_x86_64.whl (2.1 MB)Collecting annotated-types>=0.6.0  Using cached annotated_types-0.7.0-py3-none-any.whl (13 kB)Collecting typing-extensions>=4.12.2  Using cached typing_extensions-4.12.2-py3-none-any.whl (37 kB)Collecting certifi>=2017.4.17  Using cached certifi-2024.8.30-py3-none-any.whl (167 kB)Collecting urllib3<3,>=1.21.1  Using cached urllib3-2.2.3-py3-none-any.whl (126 kB)Collecting charset-normalizer<4,>=2  Using cached charset_normalizer-3.4.0-cp39-cp39-musllinux_1_2_x86_64.whl (145 kB)Collecting idna<4,>=2.5  Using cached idna-3.10-py3-none-any.whl (70 kB)Installing collected packages: urllib3, typing-extensions, slack-sdk, pyyaml, idna, charset-normalizer, certifi, annotated-types, requests, pydantic-core, pydantic, terraform-tools  Running setup.py develop for terraform-toolsSuccessfully installed annotated-types-0.7.0 certifi-2024.8.30 charset-normalizer-3.4.0 idna-3.10 pydantic-2.10.3 pydantic-core-2.27.1 pyyaml-6.0.2 requests-2.32.3 slack-sdk-3.33.4 terraform-tools-0.1.0 typing-extensions-4.12.2 urllib3-2.2.3WARNING: Running pip as the 'root' user can result in broken permissions and conflicting behaviour with the system package manager. It is recommended to use a virtual environment instead: https://pip.pypa.io/warnings/venvWARNING: There was an error checking the latest version of pip.🔧 Preparing terraform variables...2024-12-04 06:30:41,732 - INFO - 🚀 Starting tfvars preparation...2024-12-04 06:30:41,732 - INFO - 📝 Creating terraform.tfvars.json at /workspace/shaked-kubiya-ai-plan/terraform-aws-sqs/terraform.tfvars.json2024-12-04 06:30:41,733 - INFO - ✅ Successfully prepared terraform.tfvars.json🚀 Running Terraform plan...2024-12-04 06:30:41,831 - INFO - 🚀 Starting Terraform plan for workspace 'shaked-kubiya-ai-plan'...2024-12-04 06:30:41,831 - WARNING - Missing required environment variables: SLACK_API_TOKEN, SLACK_CHANNEL_ID2024-12-04 06:30:41,832 - INFO - Using module path: /workspace/shaked-kubiya-ai-plan/terraform-aws-sqs2024-12-04 06:30:41,832 - INFO - ⚙️ Initializing Terraform... Error: SessionID: Timestamp:2024-12-04T08:30:41+02:00 SenderName:Bot Type:tool_output Message: MessageID:737901 Final:true Status:}
2024/12/04 08:30:41 chat.go:219: Sending message: {Content:📦 Installing system dependencies...📦 Installing Terraform 1.10.0...✅ Successfully installed Terraform 1.10.0🔧 Using workspace name: shaked-kubiya-ai-plan📦 Cloning module repository...Cloning into '/workspace/shaked-kubiya-ai-plan/terraform-aws-sqs'...Checking for Terraform files in /workspace/shaked-kubiya-ai-plan/terraform-aws-sqsFound 4 Terraform files in module directory📍 Working in directory: /workspace/shaked-kubiya-ai-plan/terraform-aws-sqsTerraform files in working directory:-rw-r--r--    1 root     root          8786 Dec  4 06:30 main.tf-rw-r--r--    1 root     root          2133 Dec  4 06:30 outputs.tf-rw-r--r--    1 root     root          8829 Dec  4 06:30 variables.tf-rw-r--r--    1 root     root           148 Dec  4 06:30 versions.tf📦 Setting up Python environment...📦 Installing package and dependencies...Obtaining file:///opt/scripts  Preparing metadata (setup.py): started  Preparing metadata (setup.py): finished with status 'done'Collecting slack-sdk  Using cached slack_sdk-3.33.4-py2.py3-none-any.whl (292 kB)Collecting pydantic  Using cached pydantic-2.10.3-py3-none-any.whl (456 kB)Collecting pyyaml  Using cached PyYAML-6.0.2-cp39-cp39-musllinux_1_1_x86_64.whl (723 kB)Collecting requests  Using cached requests-2.32.3-py3-none-any.whl (64 kB)Collecting pydantic-core==2.27.1  Using cached pydantic_core-2.27.1-cp39-cp39-musllinux_1_1_x86_64.whl (2.1 MB)Collecting annotated-types>=0.6.0  Using cached annotated_types-0.7.0-py3-none-any.whl (13 kB)Collecting typing-extensions>=4.12.2  Using cached typing_extensions-4.12.2-py3-none-any.whl (37 kB)Collecting certifi>=2017.4.17  Using cached certifi-2024.8.30-py3-none-any.whl (167 kB)Collecting urllib3<3,>=1.21.1  Using cached urllib3-2.2.3-py3-none-any.whl (126 kB)Collecting charset-normalizer<4,>=2  Using cached charset_normalizer-3.4.0-cp39-cp39-musllinux_1_2_x86_64.whl (145 kB)Collecting idna<4,>=2.5  Using cached idna-3.10-py3-none-any.whl (70 kB)Installing collected packages: urllib3, typing-extensions, slack-sdk, pyyaml, idna, charset-normalizer, certifi, annotated-types, requests, pydantic-core, pydantic, terraform-tools  Running setup.py develop for terraform-toolsSuccessfully installed annotated-types-0.7.0 certifi-2024.8.30 charset-normalizer-3.4.0 idna-3.10 pydantic-2.10.3 pydantic-core-2.27.1 pyyaml-6.0.2 requests-2.32.3 slack-sdk-3.33.4 terraform-tools-0.1.0 typing-extensions-4.12.2 urllib3-2.2.3WARNING: Running pip as the 'root' user can result in broken permissions and conflicting behaviour with the system package manager. It is recommended to use a virtual environment instead: https://pip.pypa.io/warnings/venvWARNING: There was an error checking the latest version of pip.🔧 Preparing terraform variables...2024-12-04 06:30:41,732 - INFO - 🚀 Starting tfvars preparation...2024-12-04 06:30:41,732 - INFO - 📝 Creating terraform.tfvars.json at /workspace/shaked-kubiya-ai-plan/terraform-aws-sqs/terraform.tfvars.json2024-12-04 06:30:41,733 - INFO - ✅ Successfully prepared terraform.tfvars.json🚀 Running Terraform plan...2024-12-04 06:30:41,831 - INFO - 🚀 Starting Terraform plan for workspace 'shaked-kubiya-ai-plan'...2024-12-04 06:30:41,831 - WARNING - Missing required environment variables: SLACK_API_TOKEN, SLACK_CHANNEL_ID2024-12-04 06:30:41,832 - INFO - Using module path: /workspace/shaked-kubiya-ai-plan/terraform-aws-sqs2024-12-04 06:30:41,832 - INFO - ⚙️ Initializing Terraform...2024-12-04 06:30:41,832 - INFO - 🔄 Running command in /workspace/shaked-kubiya-ai-plan/terraform-aws-sqs: terraform init Error: SessionID: Timestamp:2024-12-04T08:30:41+02:00 SenderName:Bot Type:tool_output Message: MessageID:737901 Final:false Status:}
2024/12/04 08:30:41 chat.go:219: Sending message: {Content:📦 Installing system dependencies...📦 Installing Terraform 1.10.0...✅ Successfully installed Terraform 1.10.0🔧 Using workspace name: shaked-kubiya-ai-plan📦 Cloning module repository...Cloning into '/workspace/shaked-kubiya-ai-plan/terraform-aws-sqs'...Checking for Terraform files in /workspace/shaked-kubiya-ai-plan/terraform-aws-sqsFound 4 Terraform files in module directory📍 Working in directory: /workspace/shaked-kubiya-ai-plan/terraform-aws-sqsTerraform files in working directory:-rw-r--r--    1 root     root          8786 Dec  4 06:30 main.tf-rw-r--r--    1 root     root          2133 Dec  4 06:30 outputs.tf-rw-r--r--    1 root     root          8829 Dec  4 06:30 variables.tf-rw-r--r--    1 root     root           148 Dec  4 06:30 versions.tf📦 Setting up Python environment...📦 Installing package and dependencies...Obtaining file:///opt/scripts  Preparing metadata (setup.py): started  Preparing metadata (setup.py): finished with status 'done'Collecting slack-sdk  Using cached slack_sdk-3.33.4-py2.py3-none-any.whl (292 kB)Collecting pydantic  Using cached pydantic-2.10.3-py3-none-any.whl (456 kB)Collecting pyyaml  Using cached PyYAML-6.0.2-cp39-cp39-musllinux_1_1_x86_64.whl (723 kB)Collecting requests  Using cached requests-2.32.3-py3-none-any.whl (64 kB)Collecting pydantic-core==2.27.1  Using cached pydantic_core-2.27.1-cp39-cp39-musllinux_1_1_x86_64.whl (2.1 MB)Collecting annotated-types>=0.6.0  Using cached annotated_types-0.7.0-py3-none-any.whl (13 kB)Collecting typing-extensions>=4.12.2  Using cached typing_extensions-4.12.2-py3-none-any.whl (37 kB)Collecting certifi>=2017.4.17  Using cached certifi-2024.8.30-py3-none-any.whl (167 kB)Collecting urllib3<3,>=1.21.1  Using cached urllib3-2.2.3-py3-none-any.whl (126 kB)Collecting charset-normalizer<4,>=2  Using cached charset_normalizer-3.4.0-cp39-cp39-musllinux_1_2_x86_64.whl (145 kB)Collecting idna<4,>=2.5  Using cached idna-3.10-py3-none-any.whl (70 kB)Installing collected packages: urllib3, typing-extensions, slack-sdk, pyyaml, idna, charset-normalizer, certifi, annotated-types, requests, pydantic-core, pydantic, terraform-tools  Running setup.py develop for terraform-toolsSuccessfully installed annotated-types-0.7.0 certifi-2024.8.30 charset-normalizer-3.4.0 idna-3.10 pydantic-2.10.3 pydantic-core-2.27.1 pyyaml-6.0.2 requests-2.32.3 slack-sdk-3.33.4 terraform-tools-0.1.0 typing-extensions-4.12.2 urllib3-2.2.3WARNING: Running pip as the 'root' user can result in broken permissions and conflicting behaviour with the system package manager. It is recommended to use a virtual environment instead: https://pip.pypa.io/warnings/venvWARNING: There was an error checking the latest version of pip.🔧 Preparing terraform variables...2024-12-04 06:30:41,732 - INFO - 🚀 Starting tfvars preparation...2024-12-04 06:30:41,732 - INFO - 📝 Creating terraform.tfvars.json at /workspace/shaked-kubiya-ai-plan/terraform-aws-sqs/terraform.tfvars.json2024-12-04 06:30:41,733 - INFO - ✅ Successfully prepared terraform.tfvars.json🚀 Running Terraform plan...2024-12-04 06:30:41,831 - INFO - 🚀 Starting Terraform plan for workspace 'shaked-kubiya-ai-plan'...2024-12-04 06:30:41,831 - WARNING - Missing required environment variables: SLACK_API_TOKEN, SLACK_CHANNEL_ID2024-12-04 06:30:41,832 - INFO - Using module path: /workspace/shaked-kubiya-ai-plan/terraform-aws-sqs2024-12-04 06:30:41,832 - INFO - ⚙️ Initializing Terraform...2024-12-04 06:30:41,832 - INFO - 🔄 Running command in /workspace/shaked-kubiya-ai-plan/terraform-aws-sqs: terraform init[0m[1mInitializing the backend...[0m Error: SessionID: Timestamp:2024-12-04T08:30:41+02:00 SenderName:Bot Type:tool_output Message: MessageID:737901 Final:false Status:}
2024/12/04 08:30:41 chat.go:219: Sending message: {Content:📦 Installing system dependencies...📦 Installing Terraform 1.10.0...✅ Successfully installed Terraform 1.10.0🔧 Using workspace name: shaked-kubiya-ai-plan📦 Cloning module repository...Cloning into '/workspace/shaked-kubiya-ai-plan/terraform-aws-sqs'...Checking for Terraform files in /workspace/shaked-kubiya-ai-plan/terraform-aws-sqsFound 4 Terraform files in module directory📍 Working in directory: /workspace/shaked-kubiya-ai-plan/terraform-aws-sqsTerraform files in working directory:-rw-r--r--    1 root     root          8786 Dec  4 06:30 main.tf-rw-r--r--    1 root     root          2133 Dec  4 06:30 outputs.tf-rw-r--r--    1 root     root          8829 Dec  4 06:30 variables.tf-rw-r--r--    1 root     root           148 Dec  4 06:30 versions.tf📦 Setting up Python environment...📦 Installing package and dependencies...Obtaining file:///opt/scripts  Preparing metadata (setup.py): started  Preparing metadata (setup.py): finished with status 'done'Collecting slack-sdk  Using cached slack_sdk-3.33.4-py2.py3-none-any.whl (292 kB)Collecting pydantic  Using cached pydantic-2.10.3-py3-none-any.whl (456 kB)Collecting pyyaml  Using cached PyYAML-6.0.2-cp39-cp39-musllinux_1_1_x86_64.whl (723 kB)Collecting requests  Using cached requests-2.32.3-py3-none-any.whl (64 kB)Collecting pydantic-core==2.27.1  Using cached pydantic_core-2.27.1-cp39-cp39-musllinux_1_1_x86_64.whl (2.1 MB)Collecting annotated-types>=0.6.0  Using cached annotated_types-0.7.0-py3-none-any.whl (13 kB)Collecting typing-extensions>=4.12.2  Using cached typing_extensions-4.12.2-py3-none-any.whl (37 kB)Collecting certifi>=2017.4.17  Using cached certifi-2024.8.30-py3-none-any.whl (167 kB)Collecting urllib3<3,>=1.21.1  Using cached urllib3-2.2.3-py3-none-any.whl (126 kB)Collecting charset-normalizer<4,>=2  Using cached charset_normalizer-3.4.0-cp39-cp39-musllinux_1_2_x86_64.whl (145 kB)Collecting idna<4,>=2.5  Using cached idna-3.10-py3-none-any.whl (70 kB)Installing collected packages: urllib3, typing-extensions, slack-sdk, pyyaml, idna, charset-normalizer, certifi, annotated-types, requests, pydantic-core, pydantic, terraform-tools  Running setup.py develop for terraform-toolsSuccessfully installed annotated-types-0.7.0 certifi-2024.8.30 charset-normalizer-3.4.0 idna-3.10 pydantic-2.10.3 pydantic-core-2.27.1 pyyaml-6.0.2 requests-2.32.3 slack-sdk-3.33.4 terraform-tools-0.1.0 typing-extensions-4.12.2 urllib3-2.2.3WARNING: Running pip as the 'root' user can result in broken permissions and conflicting behaviour with the system package manager. It is recommended to use a virtual environment instead: https://pip.pypa.io/warnings/venvWARNING: There was an error checking the latest version of pip.🔧 Preparing terraform variables...2024-12-04 06:30:41,732 - INFO - 🚀 Starting tfvars preparation...2024-12-04 06:30:41,732 - INFO - 📝 Creating terraform.tfvars.json at /workspace/shaked-kubiya-ai-plan/terraform-aws-sqs/terraform.tfvars.json2024-12-04 06:30:41,733 - INFO - ✅ Successfully prepared terraform.tfvars.json🚀 Running Terraform plan...2024-12-04 06:30:41,831 - INFO - 🚀 Starting Terraform plan for workspace 'shaked-kubiya-ai-plan'...2024-12-04 06:30:41,831 - WARNING - Missing required environment variables: SLACK_API_TOKEN, SLACK_CHANNEL_ID2024-12-04 06:30:41,832 - INFO - Using module path: /workspace/shaked-kubiya-ai-plan/terraform-aws-sqs2024-12-04 06:30:41,832 - INFO - ⚙️ Initializing Terraform...2024-12-04 06:30:41,832 - INFO - 🔄 Running command in /workspace/shaked-kubiya-ai-plan/terraform-aws-sqs: terraform init[0m[1mInitializing the backend...[0m[0m[1mInitializing provider plugins...[0m Error: SessionID: Timestamp:2024-12-04T08:30:41+02:00 SenderName:Bot Type:tool_output Message: MessageID:737901 Final:false Status:}
2024/12/04 08:30:41 chat.go:219: Sending message: {Content:📦 Installing system dependencies...📦 Installing Terraform 1.10.0...✅ Successfully installed Terraform 1.10.0🔧 Using workspace name: shaked-kubiya-ai-plan📦 Cloning module repository...Cloning into '/workspace/shaked-kubiya-ai-plan/terraform-aws-sqs'...Checking for Terraform files in /workspace/shaked-kubiya-ai-plan/terraform-aws-sqsFound 4 Terraform files in module directory📍 Working in directory: /workspace/shaked-kubiya-ai-plan/terraform-aws-sqsTerraform files in working directory:-rw-r--r--    1 root     root          8786 Dec  4 06:30 main.tf-rw-r--r--    1 root     root          2133 Dec  4 06:30 outputs.tf-rw-r--r--    1 root     root          8829 Dec  4 06:30 variables.tf-rw-r--r--    1 root     root           148 Dec  4 06:30 versions.tf📦 Setting up Python environment...📦 Installing package and dependencies...Obtaining file:///opt/scripts  Preparing metadata (setup.py): started  Preparing metadata (setup.py): finished with status 'done'Collecting slack-sdk  Using cached slack_sdk-3.33.4-py2.py3-none-any.whl (292 kB)Collecting pydantic  Using cached pydantic-2.10.3-py3-none-any.whl (456 kB)Collecting pyyaml  Using cached PyYAML-6.0.2-cp39-cp39-musllinux_1_1_x86_64.whl (723 kB)Collecting requests  Using cached requests-2.32.3-py3-none-any.whl (64 kB)Collecting pydantic-core==2.27.1  Using cached pydantic_core-2.27.1-cp39-cp39-musllinux_1_1_x86_64.whl (2.1 MB)Collecting annotated-types>=0.6.0  Using cached annotated_types-0.7.0-py3-none-any.whl (13 kB)Collecting typing-extensions>=4.12.2  Using cached typing_extensions-4.12.2-py3-none-any.whl (37 kB)Collecting certifi>=2017.4.17  Using cached certifi-2024.8.30-py3-none-any.whl (167 kB)Collecting urllib3<3,>=1.21.1  Using cached urllib3-2.2.3-py3-none-any.whl (126 kB)Collecting charset-normalizer<4,>=2  Using cached charset_normalizer-3.4.0-cp39-cp39-musllinux_1_2_x86_64.whl (145 kB)Collecting idna<4,>=2.5  Using cached idna-3.10-py3-none-any.whl (70 kB)Installing collected packages: urllib3, typing-extensions, slack-sdk, pyyaml, idna, charset-normalizer, certifi, annotated-types, requests, pydantic-core, pydantic, terraform-tools  Running setup.py develop for terraform-toolsSuccessfully installed annotated-types-0.7.0 certifi-2024.8.30 charset-normalizer-3.4.0 idna-3.10 pydantic-2.10.3 pydantic-core-2.27.1 pyyaml-6.0.2 requests-2.32.3 slack-sdk-3.33.4 terraform-tools-0.1.0 typing-extensions-4.12.2 urllib3-2.2.3WARNING: Running pip as the 'root' user can result in broken permissions and conflicting behaviour with the system package manager. It is recommended to use a virtual environment instead: https://pip.pypa.io/warnings/venvWARNING: There was an error checking the latest version of pip.🔧 Preparing terraform variables...2024-12-04 06:30:41,732 - INFO - 🚀 Starting tfvars preparation...2024-12-04 06:30:41,732 - INFO - 📝 Creating terraform.tfvars.json at /workspace/shaked-kubiya-ai-plan/terraform-aws-sqs/terraform.tfvars.json2024-12-04 06:30:41,733 - INFO - ✅ Successfully prepared terraform.tfvars.json🚀 Running Terraform plan...2024-12-04 06:30:41,831 - INFO - 🚀 Starting Terraform plan for workspace 'shaked-kubiya-ai-plan'...2024-12-04 06:30:41,831 - WARNING - Missing required environment variables: SLACK_API_TOKEN, SLACK_CHANNEL_ID2024-12-04 06:30:41,832 - INFO - Using module path: /workspace/shaked-kubiya-ai-plan/terraform-aws-sqs2024-12-04 06:30:41,832 - INFO - ⚙️ Initializing Terraform...2024-12-04 06:30:41,832 - INFO - 🔄 Running command in /workspace/shaked-kubiya-ai-plan/terraform-aws-sqs: terraform init[0m[1mInitializing the backend...[0m[0m[1mInitializing provider plugins...[0m- Finding hashicorp/aws versions matching ">= 4.36.0"... Error: SessionID: Timestamp:2024-12-04T08:30:41+02:00 SenderName:Bot Type:tool_output Message: MessageID:737901 Final:true Status:}
2024/12/04 08:30:42 chat.go:219: Sending message: {Content:📦 Installing system dependencies...📦 Installing Terraform 1.10.0...✅ Successfully installed Terraform 1.10.0🔧 Using workspace name: shaked-kubiya-ai-plan📦 Cloning module repository...Cloning into '/workspace/shaked-kubiya-ai-plan/terraform-aws-sqs'...Checking for Terraform files in /workspace/shaked-kubiya-ai-plan/terraform-aws-sqsFound 4 Terraform files in module directory📍 Working in directory: /workspace/shaked-kubiya-ai-plan/terraform-aws-sqsTerraform files in working directory:-rw-r--r--    1 root     root          8786 Dec  4 06:30 main.tf-rw-r--r--    1 root     root          2133 Dec  4 06:30 outputs.tf-rw-r--r--    1 root     root          8829 Dec  4 06:30 variables.tf-rw-r--r--    1 root     root           148 Dec  4 06:30 versions.tf📦 Setting up Python environment...📦 Installing package and dependencies...Obtaining file:///opt/scripts  Preparing metadata (setup.py): started  Preparing metadata (setup.py): finished with status 'done'Collecting slack-sdk  Using cached slack_sdk-3.33.4-py2.py3-none-any.whl (292 kB)Collecting pydantic  Using cached pydantic-2.10.3-py3-none-any.whl (456 kB)Collecting pyyaml  Using cached PyYAML-6.0.2-cp39-cp39-musllinux_1_1_x86_64.whl (723 kB)Collecting requests  Using cached requests-2.32.3-py3-none-any.whl (64 kB)Collecting pydantic-core==2.27.1  Using cached pydantic_core-2.27.1-cp39-cp39-musllinux_1_1_x86_64.whl (2.1 MB)Collecting annotated-types>=0.6.0  Using cached annotated_types-0.7.0-py3-none-any.whl (13 kB)Collecting typing-extensions>=4.12.2  Using cached typing_extensions-4.12.2-py3-none-any.whl (37 kB)Collecting certifi>=2017.4.17  Using cached certifi-2024.8.30-py3-none-any.whl (167 kB)Collecting urllib3<3,>=1.21.1  Using cached urllib3-2.2.3-py3-none-any.whl (126 kB)Collecting charset-normalizer<4,>=2  Using cached charset_normalizer-3.4.0-cp39-cp39-musllinux_1_2_x86_64.whl (145 kB)Collecting idna<4,>=2.5  Using cached idna-3.10-py3-none-any.whl (70 kB)Installing collected packages: urllib3, typing-extensions, slack-sdk, pyyaml, idna, charset-normalizer, certifi, annotated-types, requests, pydantic-core, pydantic, terraform-tools  Running setup.py develop for terraform-toolsSuccessfully installed annotated-types-0.7.0 certifi-2024.8.30 charset-normalizer-3.4.0 idna-3.10 pydantic-2.10.3 pydantic-core-2.27.1 pyyaml-6.0.2 requests-2.32.3 slack-sdk-3.33.4 terraform-tools-0.1.0 typing-extensions-4.12.2 urllib3-2.2.3WARNING: Running pip as the 'root' user can result in broken permissions and conflicting behaviour with the system package manager. It is recommended to use a virtual environment instead: https://pip.pypa.io/warnings/venvWARNING: There was an error checking the latest version of pip.🔧 Preparing terraform variables...2024-12-04 06:30:41,732 - INFO - 🚀 Starting tfvars preparation...2024-12-04 06:30:41,732 - INFO - 📝 Creating terraform.tfvars.json at /workspace/shaked-kubiya-ai-plan/terraform-aws-sqs/terraform.tfvars.json2024-12-04 06:30:41,733 - INFO - ✅ Successfully prepared terraform.tfvars.json🚀 Running Terraform plan...2024-12-04 06:30:41,831 - INFO - 🚀 Starting Terraform plan for workspace 'shaked-kubiya-ai-plan'...2024-12-04 06:30:41,831 - WARNING - Missing required environment variables: SLACK_API_TOKEN, SLACK_CHANNEL_ID2024-12-04 06:30:41,832 - INFO - Using module path: /workspace/shaked-kubiya-ai-plan/terraform-aws-sqs2024-12-04 06:30:41,832 - INFO - ⚙️ Initializing Terraform...2024-12-04 06:30:41,832 - INFO - 🔄 Running command in /workspace/shaked-kubiya-ai-plan/terraform-aws-sqs: terraform init[0m[1mInitializing the backend...[0m[0m[1mInitializing provider plugins...[0m- Finding hashicorp/aws versions matching ">= 4.36.0"...- Installing hashicorp/aws v5.79.0... Error: SessionID: Timestamp:2024-12-04T08:30:42+02:00 SenderName:Bot Type:tool_output Message: MessageID:737901 Final:true Status:}
2024/12/04 08:30:46 chat.go:219: Sending message: {Content:📦 Installing system dependencies...📦 Installing Terraform 1.10.0...✅ Successfully installed Terraform 1.10.0🔧 Using workspace name: shaked-kubiya-ai-plan📦 Cloning module repository...Cloning into '/workspace/shaked-kubiya-ai-plan/terraform-aws-sqs'...Checking for Terraform files in /workspace/shaked-kubiya-ai-plan/terraform-aws-sqsFound 4 Terraform files in module directory📍 Working in directory: /workspace/shaked-kubiya-ai-plan/terraform-aws-sqsTerraform files in working directory:-rw-r--r--    1 root     root          8786 Dec  4 06:30 main.tf-rw-r--r--    1 root     root          2133 Dec  4 06:30 outputs.tf-rw-r--r--    1 root     root          8829 Dec  4 06:30 variables.tf-rw-r--r--    1 root     root           148 Dec  4 06:30 versions.tf📦 Setting up Python environment...📦 Installing package and dependencies...Obtaining file:///opt/scripts  Preparing metadata (setup.py): started  Preparing metadata (setup.py): finished with status 'done'Collecting slack-sdk  Using cached slack_sdk-3.33.4-py2.py3-none-any.whl (292 kB)Collecting pydantic  Using cached pydantic-2.10.3-py3-none-any.whl (456 kB)Collecting pyyaml  Using cached PyYAML-6.0.2-cp39-cp39-musllinux_1_1_x86_64.whl (723 kB)Collecting requests  Using cached requests-2.32.3-py3-none-any.whl (64 kB)Collecting pydantic-core==2.27.1  Using cached pydantic_core-2.27.1-cp39-cp39-musllinux_1_1_x86_64.whl (2.1 MB)Collecting annotated-types>=0.6.0  Using cached annotated_types-0.7.0-py3-none-any.whl (13 kB)Collecting typing-extensions>=4.12.2  Using cached typing_extensions-4.12.2-py3-none-any.whl (37 kB)Collecting certifi>=2017.4.17  Using cached certifi-2024.8.30-py3-none-any.whl (167 kB)Collecting urllib3<3,>=1.21.1  Using cached urllib3-2.2.3-py3-none-any.whl (126 kB)Collecting charset-normalizer<4,>=2  Using cached charset_normalizer-3.4.0-cp39-cp39-musllinux_1_2_x86_64.whl (145 kB)Collecting idna<4,>=2.5  Using cached idna-3.10-py3-none-any.whl (70 kB)Installing collected packages: urllib3, typing-extensions, slack-sdk, pyyaml, idna, charset-normalizer, certifi, annotated-types, requests, pydantic-core, pydantic, terraform-tools  Running setup.py develop for terraform-toolsSuccessfully installed annotated-types-0.7.0 certifi-2024.8.30 charset-normalizer-3.4.0 idna-3.10 pydantic-2.10.3 pydantic-core-2.27.1 pyyaml-6.0.2 requests-2.32.3 slack-sdk-3.33.4 terraform-tools-0.1.0 typing-extensions-4.12.2 urllib3-2.2.3WARNING: Running pip as the 'root' user can result in broken permissions and conflicting behaviour with the system package manager. It is recommended to use a virtual environment instead: https://pip.pypa.io/warnings/venvWARNING: There was an error checking the latest version of pip.🔧 Preparing terraform variables...2024-12-04 06:30:41,732 - INFO - 🚀 Starting tfvars preparation...2024-12-04 06:30:41,732 - INFO - 📝 Creating terraform.tfvars.json at /workspace/shaked-kubiya-ai-plan/terraform-aws-sqs/terraform.tfvars.json2024-12-04 06:30:41,733 - INFO - ✅ Successfully prepared terraform.tfvars.json🚀 Running Terraform plan...2024-12-04 06:30:41,831 - INFO - 🚀 Starting Terraform plan for workspace 'shaked-kubiya-ai-plan'...2024-12-04 06:30:41,831 - WARNING - Missing required environment variables: SLACK_API_TOKEN, SLACK_CHANNEL_ID2024-12-04 06:30:41,832 - INFO - Using module path: /workspace/shaked-kubiya-ai-plan/terraform-aws-sqs2024-12-04 06:30:41,832 - INFO - ⚙️ Initializing Terraform...2024-12-04 06:30:41,832 - INFO - 🔄 Running command in /workspace/shaked-kubiya-ai-plan/terraform-aws-sqs: terraform init[0m[1mInitializing the backend...[0m[0m[1mInitializing provider plugins...[0m- Finding hashicorp/aws versions matching ">= 4.36.0"...- Installing hashicorp/aws v5.79.0...- Installed hashicorp/aws v5.79.0 (signed by HashiCorp) Error: SessionID: Timestamp:2024-12-04T08:30:46+02:00 SenderName:Bot Type:tool_output Message: MessageID:737901 Final:false Status:}
2024/12/04 08:30:46 chat.go:219: Sending message: {Content:📦 Installing system dependencies...📦 Installing Terraform 1.10.0...✅ Successfully installed Terraform 1.10.0🔧 Using workspace name: shaked-kubiya-ai-plan📦 Cloning module repository...Cloning into '/workspace/shaked-kubiya-ai-plan/terraform-aws-sqs'...Checking for Terraform files in /workspace/shaked-kubiya-ai-plan/terraform-aws-sqsFound 4 Terraform files in module directory📍 Working in directory: /workspace/shaked-kubiya-ai-plan/terraform-aws-sqsTerraform files in working directory:-rw-r--r--    1 root     root          8786 Dec  4 06:30 main.tf-rw-r--r--    1 root     root          2133 Dec  4 06:30 outputs.tf-rw-r--r--    1 root     root          8829 Dec  4 06:30 variables.tf-rw-r--r--    1 root     root           148 Dec  4 06:30 versions.tf📦 Setting up Python environment...📦 Installing package and dependencies...Obtaining file:///opt/scripts  Preparing metadata (setup.py): started  Preparing metadata (setup.py): finished with status 'done'Collecting slack-sdk  Using cached slack_sdk-3.33.4-py2.py3-none-any.whl (292 kB)Collecting pydantic  Using cached pydantic-2.10.3-py3-none-any.whl (456 kB)Collecting pyyaml  Using cached PyYAML-6.0.2-cp39-cp39-musllinux_1_1_x86_64.whl (723 kB)Collecting requests  Using cached requests-2.32.3-py3-none-any.whl (64 kB)Collecting pydantic-core==2.27.1  Using cached pydantic_core-2.27.1-cp39-cp39-musllinux_1_1_x86_64.whl (2.1 MB)Collecting annotated-types>=0.6.0  Using cached annotated_types-0.7.0-py3-none-any.whl (13 kB)Collecting typing-extensions>=4.12.2  Using cached typing_extensions-4.12.2-py3-none-any.whl (37 kB)Collecting certifi>=2017.4.17  Using cached certifi-2024.8.30-py3-none-any.whl (167 kB)Collecting urllib3<3,>=1.21.1  Using cached urllib3-2.2.3-py3-none-any.whl (126 kB)Collecting charset-normalizer<4,>=2  Using cached charset_normalizer-3.4.0-cp39-cp39-musllinux_1_2_x86_64.whl (145 kB)Collecting idna<4,>=2.5  Using cached idna-3.10-py3-none-any.whl (70 kB)Installing collected packages: urllib3, typing-extensions, slack-sdk, pyyaml, idna, charset-normalizer, certifi, annotated-types, requests, pydantic-core, pydantic, terraform-tools  Running setup.py develop for terraform-toolsSuccessfully installed annotated-types-0.7.0 certifi-2024.8.30 charset-normalizer-3.4.0 idna-3.10 pydantic-2.10.3 pydantic-core-2.27.1 pyyaml-6.0.2 requests-2.32.3 slack-sdk-3.33.4 terraform-tools-0.1.0 typing-extensions-4.12.2 urllib3-2.2.3WARNING: Running pip as the 'root' user can result in broken permissions and conflicting behaviour with the system package manager. It is recommended to use a virtual environment instead: https://pip.pypa.io/warnings/venvWARNING: There was an error checking the latest version of pip.🔧 Preparing terraform variables...2024-12-04 06:30:41,732 - INFO - 🚀 Starting tfvars preparation...2024-12-04 06:30:41,732 - INFO - 📝 Creating terraform.tfvars.json at /workspace/shaked-kubiya-ai-plan/terraform-aws-sqs/terraform.tfvars.json2024-12-04 06:30:41,733 - INFO - ✅ Successfully prepared terraform.tfvars.json🚀 Running Terraform plan...2024-12-04 06:30:41,831 - INFO - 🚀 Starting Terraform plan for workspace 'shaked-kubiya-ai-plan'...2024-12-04 06:30:41,831 - WARNING - Missing required environment variables: SLACK_API_TOKEN, SLACK_CHANNEL_ID2024-12-04 06:30:41,832 - INFO - Using module path: /workspace/shaked-kubiya-ai-plan/terraform-aws-sqs2024-12-04 06:30:41,832 - INFO - ⚙️ Initializing Terraform...2024-12-04 06:30:41,832 - INFO - 🔄 Running command in /workspace/shaked-kubiya-ai-plan/terraform-aws-sqs: terraform init[0m[1mInitializing the backend...[0m[0m[1mInitializing provider plugins...[0m- Finding hashicorp/aws versions matching ">= 4.36.0"...- Installing hashicorp/aws v5.79.0...- Installed hashicorp/aws v5.79.0 (signed by HashiCorp)Terraform has created a lock file [1m.terraform.lock.hcl[0m to record the provider Error: SessionID: Timestamp:2024-12-04T08:30:46+02:00 SenderName:Bot Type:tool_output Message: MessageID:737901 Final:false Status:}
2024/12/04 08:30:46 chat.go:219: Sending message: {Content:📦 Installing system dependencies...📦 Installing Terraform 1.10.0...✅ Successfully installed Terraform 1.10.0🔧 Using workspace name: shaked-kubiya-ai-plan📦 Cloning module repository...Cloning into '/workspace/shaked-kubiya-ai-plan/terraform-aws-sqs'...Checking for Terraform files in /workspace/shaked-kubiya-ai-plan/terraform-aws-sqsFound 4 Terraform files in module directory📍 Working in directory: /workspace/shaked-kubiya-ai-plan/terraform-aws-sqsTerraform files in working directory:-rw-r--r--    1 root     root          8786 Dec  4 06:30 main.tf-rw-r--r--    1 root     root          2133 Dec  4 06:30 outputs.tf-rw-r--r--    1 root     root          8829 Dec  4 06:30 variables.tf-rw-r--r--    1 root     root           148 Dec  4 06:30 versions.tf📦 Setting up Python environment...📦 Installing package and dependencies...Obtaining file:///opt/scripts  Preparing metadata (setup.py): started  Preparing metadata (setup.py): finished with status 'done'Collecting slack-sdk  Using cached slack_sdk-3.33.4-py2.py3-none-any.whl (292 kB)Collecting pydantic  Using cached pydantic-2.10.3-py3-none-any.whl (456 kB)Collecting pyyaml  Using cached PyYAML-6.0.2-cp39-cp39-musllinux_1_1_x86_64.whl (723 kB)Collecting requests  Using cached requests-2.32.3-py3-none-any.whl (64 kB)Collecting pydantic-core==2.27.1  Using cached pydantic_core-2.27.1-cp39-cp39-musllinux_1_1_x86_64.whl (2.1 MB)Collecting annotated-types>=0.6.0  Using cached annotated_types-0.7.0-py3-none-any.whl (13 kB)Collecting typing-extensions>=4.12.2  Using cached typing_extensions-4.12.2-py3-none-any.whl (37 kB)Collecting certifi>=2017.4.17  Using cached certifi-2024.8.30-py3-none-any.whl (167 kB)Collecting urllib3<3,>=1.21.1  Using cached urllib3-2.2.3-py3-none-any.whl (126 kB)Collecting charset-normalizer<4,>=2  Using cached charset_normalizer-3.4.0-cp39-cp39-musllinux_1_2_x86_64.whl (145 kB)Collecting idna<4,>=2.5  Using cached idna-3.10-py3-none-any.whl (70 kB)Installing collected packages: urllib3, typing-extensions, slack-sdk, pyyaml, idna, charset-normalizer, certifi, annotated-types, requests, pydantic-core, pydantic, terraform-tools  Running setup.py develop for terraform-toolsSuccessfully installed annotated-types-0.7.0 certifi-2024.8.30 charset-normalizer-3.4.0 idna-3.10 pydantic-2.10.3 pydantic-core-2.27.1 pyyaml-6.0.2 requests-2.32.3 slack-sdk-3.33.4 terraform-tools-0.1.0 typing-extensions-4.12.2 urllib3-2.2.3WARNING: Running pip as the 'root' user can result in broken permissions and conflicting behaviour with the system package manager. It is recommended to use a virtual environment instead: https://pip.pypa.io/warnings/venvWARNING: There was an error checking the latest version of pip.🔧 Preparing terraform variables...2024-12-04 06:30:41,732 - INFO - 🚀 Starting tfvars preparation...2024-12-04 06:30:41,732 - INFO - 📝 Creating terraform.tfvars.json at /workspace/shaked-kubiya-ai-plan/terraform-aws-sqs/terraform.tfvars.json2024-12-04 06:30:41,733 - INFO - ✅ Successfully prepared terraform.tfvars.json🚀 Running Terraform plan...2024-12-04 06:30:41,831 - INFO - 🚀 Starting Terraform plan for workspace 'shaked-kubiya-ai-plan'...2024-12-04 06:30:41,831 - WARNING - Missing required environment variables: SLACK_API_TOKEN, SLACK_CHANNEL_ID2024-12-04 06:30:41,832 - INFO - Using module path: /workspace/shaked-kubiya-ai-plan/terraform-aws-sqs2024-12-04 06:30:41,832 - INFO - ⚙️ Initializing Terraform...2024-12-04 06:30:41,832 - INFO - 🔄 Running command in /workspace/shaked-kubiya-ai-plan/terraform-aws-sqs: terraform init[0m[1mInitializing the backend...[0m[0m[1mInitializing provider plugins...[0m- Finding hashicorp/aws versions matching ">= 4.36.0"...- Installing hashicorp/aws v5.79.0...- Installed hashicorp/aws v5.79.0 (signed by HashiCorp)Terraform has created a lock file [1m.terraform.lock.hcl[0m to record the providerselections it made above. Include this file in your version control repository Error: SessionID: Timestamp:2024-12-04T08:30:46+02:00 SenderName:Bot Type:tool_output Message: MessageID:737901 Final:false Status:}
2024/12/04 08:30:46 chat.go:219: Sending message: {Content:📦 Installing system dependencies...📦 Installing Terraform 1.10.0...✅ Successfully installed Terraform 1.10.0🔧 Using workspace name: shaked-kubiya-ai-plan📦 Cloning module repository...Cloning into '/workspace/shaked-kubiya-ai-plan/terraform-aws-sqs'...Checking for Terraform files in /workspace/shaked-kubiya-ai-plan/terraform-aws-sqsFound 4 Terraform files in module directory📍 Working in directory: /workspace/shaked-kubiya-ai-plan/terraform-aws-sqsTerraform files in working directory:-rw-r--r--    1 root     root          8786 Dec  4 06:30 main.tf-rw-r--r--    1 root     root          2133 Dec  4 06:30 outputs.tf-rw-r--r--    1 root     root          8829 Dec  4 06:30 variables.tf-rw-r--r--    1 root     root           148 Dec  4 06:30 versions.tf📦 Setting up Python environment...📦 Installing package and dependencies...Obtaining file:///opt/scripts  Preparing metadata (setup.py): started  Preparing metadata (setup.py): finished with status 'done'Collecting slack-sdk  Using cached slack_sdk-3.33.4-py2.py3-none-any.whl (292 kB)Collecting pydantic  Using cached pydantic-2.10.3-py3-none-any.whl (456 kB)Collecting pyyaml  Using cached PyYAML-6.0.2-cp39-cp39-musllinux_1_1_x86_64.whl (723 kB)Collecting requests  Using cached requests-2.32.3-py3-none-any.whl (64 kB)Collecting pydantic-core==2.27.1  Using cached pydantic_core-2.27.1-cp39-cp39-musllinux_1_1_x86_64.whl (2.1 MB)Collecting annotated-types>=0.6.0  Using cached annotated_types-0.7.0-py3-none-any.whl (13 kB)Collecting typing-extensions>=4.12.2  Using cached typing_extensions-4.12.2-py3-none-any.whl (37 kB)Collecting certifi>=2017.4.17  Using cached certifi-2024.8.30-py3-none-any.whl (167 kB)Collecting urllib3<3,>=1.21.1  Using cached urllib3-2.2.3-py3-none-any.whl (126 kB)Collecting charset-normalizer<4,>=2  Using cached charset_normalizer-3.4.0-cp39-cp39-musllinux_1_2_x86_64.whl (145 kB)Collecting idna<4,>=2.5  Using cached idna-3.10-py3-none-any.whl (70 kB)Installing collected packages: urllib3, typing-extensions, slack-sdk, pyyaml, idna, charset-normalizer, certifi, annotated-types, requests, pydantic-core, pydantic, terraform-tools  Running setup.py develop for terraform-toolsSuccessfully installed annotated-types-0.7.0 certifi-2024.8.30 charset-normalizer-3.4.0 idna-3.10 pydantic-2.10.3 pydantic-core-2.27.1 pyyaml-6.0.2 requests-2.32.3 slack-sdk-3.33.4 terraform-tools-0.1.0 typing-extensions-4.12.2 urllib3-2.2.3WARNING: Running pip as the 'root' user can result in broken permissions and conflicting behaviour with the system package manager. It is recommended to use a virtual environment instead: https://pip.pypa.io/warnings/venvWARNING: There was an error checking the latest version of pip.🔧 Preparing terraform variables...2024-12-04 06:30:41,732 - INFO - 🚀 Starting tfvars preparation...2024-12-04 06:30:41,732 - INFO - 📝 Creating terraform.tfvars.json at /workspace/shaked-kubiya-ai-plan/terraform-aws-sqs/terraform.tfvars.json2024-12-04 06:30:41,733 - INFO - ✅ Successfully prepared terraform.tfvars.json🚀 Running Terraform plan...2024-12-04 06:30:41,831 - INFO - 🚀 Starting Terraform plan for workspace 'shaked-kubiya-ai-plan'...2024-12-04 06:30:41,831 - WARNING - Missing required environment variables: SLACK_API_TOKEN, SLACK_CHANNEL_ID2024-12-04 06:30:41,832 - INFO - Using module path: /workspace/shaked-kubiya-ai-plan/terraform-aws-sqs2024-12-04 06:30:41,832 - INFO - ⚙️ Initializing Terraform...2024-12-04 06:30:41,832 - INFO - 🔄 Running command in /workspace/shaked-kubiya-ai-plan/terraform-aws-sqs: terraform init[0m[1mInitializing the backend...[0m[0m[1mInitializing provider plugins...[0m- Finding hashicorp/aws versions matching ">= 4.36.0"...- Installing hashicorp/aws v5.79.0...- Installed hashicorp/aws v5.79.0 (signed by HashiCorp)Terraform has created a lock file [1m.terraform.lock.hcl[0m to record the providerselections it made above. Include this file in your version control repositoryso that Terraform can guarantee to make the same selections by default when Error: SessionID: Timestamp:2024-12-04T08:30:46+02:00 SenderName:Bot Type:tool_output Message: MessageID:737901 Final:false Status:}
2024/12/04 08:30:46 chat.go:219: Sending message: {Content:📦 Installing system dependencies...📦 Installing Terraform 1.10.0...✅ Successfully installed Terraform 1.10.0🔧 Using workspace name: shaked-kubiya-ai-plan📦 Cloning module repository...Cloning into '/workspace/shaked-kubiya-ai-plan/terraform-aws-sqs'...Checking for Terraform files in /workspace/shaked-kubiya-ai-plan/terraform-aws-sqsFound 4 Terraform files in module directory📍 Working in directory: /workspace/shaked-kubiya-ai-plan/terraform-aws-sqsTerraform files in working directory:-rw-r--r--    1 root     root          8786 Dec  4 06:30 main.tf-rw-r--r--    1 root     root          2133 Dec  4 06:30 outputs.tf-rw-r--r--    1 root     root          8829 Dec  4 06:30 variables.tf-rw-r--r--    1 root     root           148 Dec  4 06:30 versions.tf📦 Setting up Python environment...📦 Installing package and dependencies...Obtaining file:///opt/scripts  Preparing metadata (setup.py): started  Preparing metadata (setup.py): finished with status 'done'Collecting slack-sdk  Using cached slack_sdk-3.33.4-py2.py3-none-any.whl (292 kB)Collecting pydantic  Using cached pydantic-2.10.3-py3-none-any.whl (456 kB)Collecting pyyaml  Using cached PyYAML-6.0.2-cp39-cp39-musllinux_1_1_x86_64.whl (723 kB)Collecting requests  Using cached requests-2.32.3-py3-none-any.whl (64 kB)Collecting pydantic-core==2.27.1  Using cached pydantic_core-2.27.1-cp39-cp39-musllinux_1_1_x86_64.whl (2.1 MB)Collecting annotated-types>=0.6.0  Using cached annotated_types-0.7.0-py3-none-any.whl (13 kB)Collecting typing-extensions>=4.12.2  Using cached typing_extensions-4.12.2-py3-none-any.whl (37 kB)Collecting certifi>=2017.4.17  Using cached certifi-2024.8.30-py3-none-any.whl (167 kB)Collecting urllib3<3,>=1.21.1  Using cached urllib3-2.2.3-py3-none-any.whl (126 kB)Collecting charset-normalizer<4,>=2  Using cached charset_normalizer-3.4.0-cp39-cp39-musllinux_1_2_x86_64.whl (145 kB)Collecting idna<4,>=2.5  Using cached idna-3.10-py3-none-any.whl (70 kB)Installing collected packages: urllib3, typing-extensions, slack-sdk, pyyaml, idna, charset-normalizer, certifi, annotated-types, requests, pydantic-core, pydantic, terraform-tools  Running setup.py develop for terraform-toolsSuccessfully installed annotated-types-0.7.0 certifi-2024.8.30 charset-normalizer-3.4.0 idna-3.10 pydantic-2.10.3 pydantic-core-2.27.1 pyyaml-6.0.2 requests-2.32.3 slack-sdk-3.33.4 terraform-tools-0.1.0 typing-extensions-4.12.2 urllib3-2.2.3WARNING: Running pip as the 'root' user can result in broken permissions and conflicting behaviour with the system package manager. It is recommended to use a virtual environment instead: https://pip.pypa.io/warnings/venvWARNING: There was an error checking the latest version of pip.🔧 Preparing terraform variables...2024-12-04 06:30:41,732 - INFO - 🚀 Starting tfvars preparation...2024-12-04 06:30:41,732 - INFO - 📝 Creating terraform.tfvars.json at /workspace/shaked-kubiya-ai-plan/terraform-aws-sqs/terraform.tfvars.json2024-12-04 06:30:41,733 - INFO - ✅ Successfully prepared terraform.tfvars.json🚀 Running Terraform plan...2024-12-04 06:30:41,831 - INFO - 🚀 Starting Terraform plan for workspace 'shaked-kubiya-ai-plan'...2024-12-04 06:30:41,831 - WARNING - Missing required environment variables: SLACK_API_TOKEN, SLACK_CHANNEL_ID2024-12-04 06:30:41,832 - INFO - Using module path: /workspace/shaked-kubiya-ai-plan/terraform-aws-sqs2024-12-04 06:30:41,832 - INFO - ⚙️ Initializing Terraform...2024-12-04 06:30:41,832 - INFO - 🔄 Running command in /workspace/shaked-kubiya-ai-plan/terraform-aws-sqs: terraform init[0m[1mInitializing the backend...[0m[0m[1mInitializing provider plugins...[0m- Finding hashicorp/aws versions matching ">= 4.36.0"...- Installing hashicorp/aws v5.79.0...- Installed hashicorp/aws v5.79.0 (signed by HashiCorp)Terraform has created a lock file [1m.terraform.lock.hcl[0m to record the providerselections it made above. Include this file in your version control repositoryso that Terraform can guarantee to make the same selections by default whenyou run "terraform init" in the future.[0m Error: SessionID: Timestamp:2024-12-04T08:30:46+02:00 SenderName:Bot Type:tool_output Message: MessageID:737901 Final:false Status:}
2024/12/04 08:30:46 chat.go:219: Sending message: {Content:📦 Installing system dependencies...📦 Installing Terraform 1.10.0...✅ Successfully installed Terraform 1.10.0🔧 Using workspace name: shaked-kubiya-ai-plan📦 Cloning module repository...Cloning into '/workspace/shaked-kubiya-ai-plan/terraform-aws-sqs'...Checking for Terraform files in /workspace/shaked-kubiya-ai-plan/terraform-aws-sqsFound 4 Terraform files in module directory📍 Working in directory: /workspace/shaked-kubiya-ai-plan/terraform-aws-sqsTerraform files in working directory:-rw-r--r--    1 root     root          8786 Dec  4 06:30 main.tf-rw-r--r--    1 root     root          2133 Dec  4 06:30 outputs.tf-rw-r--r--    1 root     root          8829 Dec  4 06:30 variables.tf-rw-r--r--    1 root     root           148 Dec  4 06:30 versions.tf📦 Setting up Python environment...📦 Installing package and dependencies...Obtaining file:///opt/scripts  Preparing metadata (setup.py): started  Preparing metadata (setup.py): finished with status 'done'Collecting slack-sdk  Using cached slack_sdk-3.33.4-py2.py3-none-any.whl (292 kB)Collecting pydantic  Using cached pydantic-2.10.3-py3-none-any.whl (456 kB)Collecting pyyaml  Using cached PyYAML-6.0.2-cp39-cp39-musllinux_1_1_x86_64.whl (723 kB)Collecting requests  Using cached requests-2.32.3-py3-none-any.whl (64 kB)Collecting pydantic-core==2.27.1  Using cached pydantic_core-2.27.1-cp39-cp39-musllinux_1_1_x86_64.whl (2.1 MB)Collecting annotated-types>=0.6.0  Using cached annotated_types-0.7.0-py3-none-any.whl (13 kB)Collecting typing-extensions>=4.12.2  Using cached typing_extensions-4.12.2-py3-none-any.whl (37 kB)Collecting certifi>=2017.4.17  Using cached certifi-2024.8.30-py3-none-any.whl (167 kB)Collecting urllib3<3,>=1.21.1  Using cached urllib3-2.2.3-py3-none-any.whl (126 kB)Collecting charset-normalizer<4,>=2  Using cached charset_normalizer-3.4.0-cp39-cp39-musllinux_1_2_x86_64.whl (145 kB)Collecting idna<4,>=2.5  Using cached idna-3.10-py3-none-any.whl (70 kB)Installing collected packages: urllib3, typing-extensions, slack-sdk, pyyaml, idna, charset-normalizer, certifi, annotated-types, requests, pydantic-core, pydantic, terraform-tools  Running setup.py develop for terraform-toolsSuccessfully installed annotated-types-0.7.0 certifi-2024.8.30 charset-normalizer-3.4.0 idna-3.10 pydantic-2.10.3 pydantic-core-2.27.1 pyyaml-6.0.2 requests-2.32.3 slack-sdk-3.33.4 terraform-tools-0.1.0 typing-extensions-4.12.2 urllib3-2.2.3WARNING: Running pip as the 'root' user can result in broken permissions and conflicting behaviour with the system package manager. It is recommended to use a virtual environment instead: https://pip.pypa.io/warnings/venvWARNING: There was an error checking the latest version of pip.🔧 Preparing terraform variables...2024-12-04 06:30:41,732 - INFO - 🚀 Starting tfvars preparation...2024-12-04 06:30:41,732 - INFO - 📝 Creating terraform.tfvars.json at /workspace/shaked-kubiya-ai-plan/terraform-aws-sqs/terraform.tfvars.json2024-12-04 06:30:41,733 - INFO - ✅ Successfully prepared terraform.tfvars.json🚀 Running Terraform plan...2024-12-04 06:30:41,831 - INFO - 🚀 Starting Terraform plan for workspace 'shaked-kubiya-ai-plan'...2024-12-04 06:30:41,831 - WARNING - Missing required environment variables: SLACK_API_TOKEN, SLACK_CHANNEL_ID2024-12-04 06:30:41,832 - INFO - Using module path: /workspace/shaked-kubiya-ai-plan/terraform-aws-sqs2024-12-04 06:30:41,832 - INFO - ⚙️ Initializing Terraform...2024-12-04 06:30:41,832 - INFO - 🔄 Running command in /workspace/shaked-kubiya-ai-plan/terraform-aws-sqs: terraform init[0m[1mInitializing the backend...[0m[0m[1mInitializing provider plugins...[0m- Finding hashicorp/aws versions matching ">= 4.36.0"...- Installing hashicorp/aws v5.79.0...- Installed hashicorp/aws v5.79.0 (signed by HashiCorp)Terraform has created a lock file [1m.terraform.lock.hcl[0m to record the providerselections it made above. Include this file in your version control repositoryso that Terraform can guarantee to make the same selections by default whenyou run "terraform init" in the future.[0m[0m[1m[32mTerraform has been successfully initialized![0m[32m[0m Error: SessionID: Timestamp:2024-12-04T08:30:46+02:00 SenderName:Bot Type:tool_output Message: MessageID:737901 Final:false Status:}
2024/12/04 08:30:46 chat.go:219: Sending message: {Content:📦 Installing system dependencies...📦 Installing Terraform 1.10.0...✅ Successfully installed Terraform 1.10.0🔧 Using workspace name: shaked-kubiya-ai-plan📦 Cloning module repository...Cloning into '/workspace/shaked-kubiya-ai-plan/terraform-aws-sqs'...Checking for Terraform files in /workspace/shaked-kubiya-ai-plan/terraform-aws-sqsFound 4 Terraform files in module directory📍 Working in directory: /workspace/shaked-kubiya-ai-plan/terraform-aws-sqsTerraform files in working directory:-rw-r--r--    1 root     root          8786 Dec  4 06:30 main.tf-rw-r--r--    1 root     root          2133 Dec  4 06:30 outputs.tf-rw-r--r--    1 root     root          8829 Dec  4 06:30 variables.tf-rw-r--r--    1 root     root           148 Dec  4 06:30 versions.tf📦 Setting up Python environment...📦 Installing package and dependencies...Obtaining file:///opt/scripts  Preparing metadata (setup.py): started  Preparing metadata (setup.py): finished with status 'done'Collecting slack-sdk  Using cached slack_sdk-3.33.4-py2.py3-none-any.whl (292 kB)Collecting pydantic  Using cached pydantic-2.10.3-py3-none-any.whl (456 kB)Collecting pyyaml  Using cached PyYAML-6.0.2-cp39-cp39-musllinux_1_1_x86_64.whl (723 kB)Collecting requests  Using cached requests-2.32.3-py3-none-any.whl (64 kB)Collecting pydantic-core==2.27.1  Using cached pydantic_core-2.27.1-cp39-cp39-musllinux_1_1_x86_64.whl (2.1 MB)Collecting annotated-types>=0.6.0  Using cached annotated_types-0.7.0-py3-none-any.whl (13 kB)Collecting typing-extensions>=4.12.2  Using cached typing_extensions-4.12.2-py3-none-any.whl (37 kB)Collecting certifi>=2017.4.17  Using cached certifi-2024.8.30-py3-none-any.whl (167 kB)Collecting urllib3<3,>=1.21.1  Using cached urllib3-2.2.3-py3-none-any.whl (126 kB)Collecting charset-normalizer<4,>=2  Using cached charset_normalizer-3.4.0-cp39-cp39-musllinux_1_2_x86_64.whl (145 kB)Collecting idna<4,>=2.5  Using cached idna-3.10-py3-none-any.whl (70 kB)Installing collected packages: urllib3, typing-extensions, slack-sdk, pyyaml, idna, charset-normalizer, certifi, annotated-types, requests, pydantic-core, pydantic, terraform-tools  Running setup.py develop for terraform-toolsSuccessfully installed annotated-types-0.7.0 certifi-2024.8.30 charset-normalizer-3.4.0 idna-3.10 pydantic-2.10.3 pydantic-core-2.27.1 pyyaml-6.0.2 requests-2.32.3 slack-sdk-3.33.4 terraform-tools-0.1.0 typing-extensions-4.12.2 urllib3-2.2.3WARNING: Running pip as the 'root' user can result in broken permissions and conflicting behaviour with the system package manager. It is recommended to use a virtual environment instead: https://pip.pypa.io/warnings/venvWARNING: There was an error checking the latest version of pip.🔧 Preparing terraform variables...2024-12-04 06:30:41,732 - INFO - 🚀 Starting tfvars preparation...2024-12-04 06:30:41,732 - INFO - 📝 Creating terraform.tfvars.json at /workspace/shaked-kubiya-ai-plan/terraform-aws-sqs/terraform.tfvars.json2024-12-04 06:30:41,733 - INFO - ✅ Successfully prepared terraform.tfvars.json🚀 Running Terraform plan...2024-12-04 06:30:41,831 - INFO - 🚀 Starting Terraform plan for workspace 'shaked-kubiya-ai-plan'...2024-12-04 06:30:41,831 - WARNING - Missing required environment variables: SLACK_API_TOKEN, SLACK_CHANNEL_ID2024-12-04 06:30:41,832 - INFO - Using module path: /workspace/shaked-kubiya-ai-plan/terraform-aws-sqs2024-12-04 06:30:41,832 - INFO - ⚙️ Initializing Terraform...2024-12-04 06:30:41,832 - INFO - 🔄 Running command in /workspace/shaked-kubiya-ai-plan/terraform-aws-sqs: terraform init[0m[1mInitializing the backend...[0m[0m[1mInitializing provider plugins...[0m- Finding hashicorp/aws versions matching ">= 4.36.0"...- Installing hashicorp/aws v5.79.0...- Installed hashicorp/aws v5.79.0 (signed by HashiCorp)Terraform has created a lock file [1m.terraform.lock.hcl[0m to record the providerselections it made above. Include this file in your version control repositoryso that Terraform can guarantee to make the same selections by default whenyou run "terraform init" in the future.[0m[0m[1m[32mTerraform has been successfully initialized![0m[32m[0m2024-12-04 06:30:46,124 - INFO - 📋 Generating Terraform plan... Error: SessionID: Timestamp:2024-12-04T08:30:46+02:00 SenderName:Bot Type:tool_output Message: MessageID:737901 Final:true Status:}
2024/12/04 08:30:46 chat.go:219: Sending message: {Content:📦 Installing system dependencies...📦 Installing Terraform 1.10.0...✅ Successfully installed Terraform 1.10.0🔧 Using workspace name: shaked-kubiya-ai-plan📦 Cloning module repository...Cloning into '/workspace/shaked-kubiya-ai-plan/terraform-aws-sqs'...Checking for Terraform files in /workspace/shaked-kubiya-ai-plan/terraform-aws-sqsFound 4 Terraform files in module directory📍 Working in directory: /workspace/shaked-kubiya-ai-plan/terraform-aws-sqsTerraform files in working directory:-rw-r--r--    1 root     root          8786 Dec  4 06:30 main.tf-rw-r--r--    1 root     root          2133 Dec  4 06:30 outputs.tf-rw-r--r--    1 root     root          8829 Dec  4 06:30 variables.tf-rw-r--r--    1 root     root           148 Dec  4 06:30 versions.tf📦 Setting up Python environment...📦 Installing package and dependencies...Obtaining file:///opt/scripts  Preparing metadata (setup.py): started  Preparing metadata (setup.py): finished with status 'done'Collecting slack-sdk  Using cached slack_sdk-3.33.4-py2.py3-none-any.whl (292 kB)Collecting pydantic  Using cached pydantic-2.10.3-py3-none-any.whl (456 kB)Collecting pyyaml  Using cached PyYAML-6.0.2-cp39-cp39-musllinux_1_1_x86_64.whl (723 kB)Collecting requests  Using cached requests-2.32.3-py3-none-any.whl (64 kB)Collecting pydantic-core==2.27.1  Using cached pydantic_core-2.27.1-cp39-cp39-musllinux_1_1_x86_64.whl (2.1 MB)Collecting annotated-types>=0.6.0  Using cached annotated_types-0.7.0-py3-none-any.whl (13 kB)Collecting typing-extensions>=4.12.2  Using cached typing_extensions-4.12.2-py3-none-any.whl (37 kB)Collecting certifi>=2017.4.17  Using cached certifi-2024.8.30-py3-none-any.whl (167 kB)Collecting urllib3<3,>=1.21.1  Using cached urllib3-2.2.3-py3-none-any.whl (126 kB)Collecting charset-normalizer<4,>=2  Using cached charset_normalizer-3.4.0-cp39-cp39-musllinux_1_2_x86_64.whl (145 kB)Collecting idna<4,>=2.5  Using cached idna-3.10-py3-none-any.whl (70 kB)Installing collected packages: urllib3, typing-extensions, slack-sdk, pyyaml, idna, charset-normalizer, certifi, annotated-types, requests, pydantic-core, pydantic, terraform-tools  Running setup.py develop for terraform-toolsSuccessfully installed annotated-types-0.7.0 certifi-2024.8.30 charset-normalizer-3.4.0 idna-3.10 pydantic-2.10.3 pydantic-core-2.27.1 pyyaml-6.0.2 requests-2.32.3 slack-sdk-3.33.4 terraform-tools-0.1.0 typing-extensions-4.12.2 urllib3-2.2.3WARNING: Running pip as the 'root' user can result in broken permissions and conflicting behaviour with the system package manager. It is recommended to use a virtual environment instead: https://pip.pypa.io/warnings/venvWARNING: There was an error checking the latest version of pip.🔧 Preparing terraform variables...2024-12-04 06:30:41,732 - INFO - 🚀 Starting tfvars preparation...2024-12-04 06:30:41,732 - INFO - 📝 Creating terraform.tfvars.json at /workspace/shaked-kubiya-ai-plan/terraform-aws-sqs/terraform.tfvars.json2024-12-04 06:30:41,733 - INFO - ✅ Successfully prepared terraform.tfvars.json🚀 Running Terraform plan...2024-12-04 06:30:41,831 - INFO - 🚀 Starting Terraform plan for workspace 'shaked-kubiya-ai-plan'...2024-12-04 06:30:41,831 - WARNING - Missing required environment variables: SLACK_API_TOKEN, SLACK_CHANNEL_ID2024-12-04 06:30:41,832 - INFO - Using module path: /workspace/shaked-kubiya-ai-plan/terraform-aws-sqs2024-12-04 06:30:41,832 - INFO - ⚙️ Initializing Terraform...2024-12-04 06:30:41,832 - INFO - 🔄 Running command in /workspace/shaked-kubiya-ai-plan/terraform-aws-sqs: terraform init[0m[1mInitializing the backend...[0m[0m[1mInitializing provider plugins...[0m- Finding hashicorp/aws versions matching ">= 4.36.0"...- Installing hashicorp/aws v5.79.0...- Installed hashicorp/aws v5.79.0 (signed by HashiCorp)Terraform has created a lock file [1m.terraform.lock.hcl[0m to record the providerselections it made above. Include this file in your version control repositoryso that Terraform can guarantee to make the same selections by default whenyou run "terraform init" in the future.[0m[0m[1m[32mTerraform has been successfully initialized![0m[32m[0m2024-12-04 06:30:46,124 - INFO - 📋 Generating Terraform plan...2024-12-04 06:30:46,125 - INFO - 🔄 Running command in /workspace/shaked-kubiya-ai-plan/terraform-aws-sqs: terraform plan -no-color Error: SessionID: Timestamp:2024-12-04T08:30:46+02:00 SenderName:Bot Type:tool_output Message: MessageID:737901 Final:false Status:}
2024/12/04 08:30:49 chat.go:219: Sending message: {Content:📦 Installing system dependencies...📦 Installing Terraform 1.10.0...✅ Successfully installed Terraform 1.10.0🔧 Using workspace name: shaked-kubiya-ai-plan📦 Cloning module repository...Cloning into '/workspace/shaked-kubiya-ai-plan/terraform-aws-sqs'...Checking for Terraform files in /workspace/shaked-kubiya-ai-plan/terraform-aws-sqsFound 4 Terraform files in module directory📍 Working in directory: /workspace/shaked-kubiya-ai-plan/terraform-aws-sqsTerraform files in working directory:-rw-r--r--    1 root     root          8786 Dec  4 06:30 main.tf-rw-r--r--    1 root     root          2133 Dec  4 06:30 outputs.tf-rw-r--r--    1 root     root          8829 Dec  4 06:30 variables.tf-rw-r--r--    1 root     root           148 Dec  4 06:30 versions.tf📦 Setting up Python environment...📦 Installing package and dependencies...Obtaining file:///opt/scripts  Preparing metadata (setup.py): started  Preparing metadata (setup.py): finished with status 'done'Collecting slack-sdk  Using cached slack_sdk-3.33.4-py2.py3-none-any.whl (292 kB)Collecting pydantic  Using cached pydantic-2.10.3-py3-none-any.whl (456 kB)Collecting pyyaml  Using cached PyYAML-6.0.2-cp39-cp39-musllinux_1_1_x86_64.whl (723 kB)Collecting requests  Using cached requests-2.32.3-py3-none-any.whl (64 kB)Collecting pydantic-core==2.27.1  Using cached pydantic_core-2.27.1-cp39-cp39-musllinux_1_1_x86_64.whl (2.1 MB)Collecting annotated-types>=0.6.0  Using cached annotated_types-0.7.0-py3-none-any.whl (13 kB)Collecting typing-extensions>=4.12.2  Using cached typing_extensions-4.12.2-py3-none-any.whl (37 kB)Collecting certifi>=2017.4.17  Using cached certifi-2024.8.30-py3-none-any.whl (167 kB)Collecting urllib3<3,>=1.21.1  Using cached urllib3-2.2.3-py3-none-any.whl (126 kB)Collecting charset-normalizer<4,>=2  Using cached charset_normalizer-3.4.0-cp39-cp39-musllinux_1_2_x86_64.whl (145 kB)Collecting idna<4,>=2.5  Using cached idna-3.10-py3-none-any.whl (70 kB)Installing collected packages: urllib3, typing-extensions, slack-sdk, pyyaml, idna, charset-normalizer, certifi, annotated-types, requests, pydantic-core, pydantic, terraform-tools  Running setup.py develop for terraform-toolsSuccessfully installed annotated-types-0.7.0 certifi-2024.8.30 charset-normalizer-3.4.0 idna-3.10 pydantic-2.10.3 pydantic-core-2.27.1 pyyaml-6.0.2 requests-2.32.3 slack-sdk-3.33.4 terraform-tools-0.1.0 typing-extensions-4.12.2 urllib3-2.2.3WARNING: Running pip as the 'root' user can result in broken permissions and conflicting behaviour with the system package manager. It is recommended to use a virtual environment instead: https://pip.pypa.io/warnings/venvWARNING: There was an error checking the latest version of pip.🔧 Preparing terraform variables...2024-12-04 06:30:41,732 - INFO - 🚀 Starting tfvars preparation...2024-12-04 06:30:41,732 - INFO - 📝 Creating terraform.tfvars.json at /workspace/shaked-kubiya-ai-plan/terraform-aws-sqs/terraform.tfvars.json2024-12-04 06:30:41,733 - INFO - ✅ Successfully prepared terraform.tfvars.json🚀 Running Terraform plan...2024-12-04 06:30:41,831 - INFO - 🚀 Starting Terraform plan for workspace 'shaked-kubiya-ai-plan'...2024-12-04 06:30:41,831 - WARNING - Missing required environment variables: SLACK_API_TOKEN, SLACK_CHANNEL_ID2024-12-04 06:30:41,832 - INFO - Using module path: /workspace/shaked-kubiya-ai-plan/terraform-aws-sqs2024-12-04 06:30:41,832 - INFO - ⚙️ Initializing Terraform...2024-12-04 06:30:41,832 - INFO - 🔄 Running command in /workspace/shaked-kubiya-ai-plan/terraform-aws-sqs: terraform init[0m[1mInitializing the backend...[0m[0m[1mInitializing provider plugins...[0m- Finding hashicorp/aws versions matching ">= 4.36.0"...- Installing hashicorp/aws v5.79.0...- Installed hashicorp/aws v5.79.0 (signed by HashiCorp)Terraform has created a lock file [1m.terraform.lock.hcl[0m to record the providerselections it made above. Include this file in your version control repositoryso that Terraform can guarantee to make the same selections by default whenyou run "terraform init" in the future.[0m[0m[1m[32mTerraform has been successfully initialized![0m[32m[0m2024-12-04 06:30:46,124 - INFO - 📋 Generating Terraform plan...2024-12-04 06:30:46,125 - INFO - 🔄 Running command in /workspace/shaked-kubiya-ai-plan/terraform-aws-sqs: terraform plan -no-color2024-12-04 06:30:49,151 - INFO - ✅ Terraform plan completed successfully. Error: SessionID: Timestamp:2024-12-04T08:30:49+02:00 SenderName:Bot Type:tool_output Message: MessageID:737901 Final:true Status:}
2024/12/04 08:30:49 chat.go:219: Sending message: {Content:📦 Installing system dependencies...📦 Installing Terraform 1.10.0...✅ Successfully installed Terraform 1.10.0🔧 Using workspace name: shaked-kubiya-ai-plan📦 Cloning module repository...Cloning into '/workspace/shaked-kubiya-ai-plan/terraform-aws-sqs'...Checking for Terraform files in /workspace/shaked-kubiya-ai-plan/terraform-aws-sqsFound 4 Terraform files in module directory📍 Working in directory: /workspace/shaked-kubiya-ai-plan/terraform-aws-sqsTerraform files in working directory:-rw-r--r--    1 root     root          8786 Dec  4 06:30 main.tf-rw-r--r--    1 root     root          2133 Dec  4 06:30 outputs.tf-rw-r--r--    1 root     root          8829 Dec  4 06:30 variables.tf-rw-r--r--    1 root     root           148 Dec  4 06:30 versions.tf📦 Setting up Python environment...📦 Installing package and dependencies...Obtaining file:///opt/scripts  Preparing metadata (setup.py): started  Preparing metadata (setup.py): finished with status 'done'Collecting slack-sdk  Using cached slack_sdk-3.33.4-py2.py3-none-any.whl (292 kB)Collecting pydantic  Using cached pydantic-2.10.3-py3-none-any.whl (456 kB)Collecting pyyaml  Using cached PyYAML-6.0.2-cp39-cp39-musllinux_1_1_x86_64.whl (723 kB)Collecting requests  Using cached requests-2.32.3-py3-none-any.whl (64 kB)Collecting pydantic-core==2.27.1  Using cached pydantic_core-2.27.1-cp39-cp39-musllinux_1_1_x86_64.whl (2.1 MB)Collecting annotated-types>=0.6.0  Using cached annotated_types-0.7.0-py3-none-any.whl (13 kB)Collecting typing-extensions>=4.12.2  Using cached typing_extensions-4.12.2-py3-none-any.whl (37 kB)Collecting certifi>=2017.4.17  Using cached certifi-2024.8.30-py3-none-any.whl (167 kB)Collecting urllib3<3,>=1.21.1  Using cached urllib3-2.2.3-py3-none-any.whl (126 kB)Collecting charset-normalizer<4,>=2  Using cached charset_normalizer-3.4.0-cp39-cp39-musllinux_1_2_x86_64.whl (145 kB)Collecting idna<4,>=2.5  Using cached idna-3.10-py3-none-any.whl (70 kB)Installing collected packages: urllib3, typing-extensions, slack-sdk, pyyaml, idna, charset-normalizer, certifi, annotated-types, requests, pydantic-core, pydantic, terraform-tools  Running setup.py develop for terraform-toolsSuccessfully installed annotated-types-0.7.0 certifi-2024.8.30 charset-normalizer-3.4.0 idna-3.10 pydantic-2.10.3 pydantic-core-2.27.1 pyyaml-6.0.2 requests-2.32.3 slack-sdk-3.33.4 terraform-tools-0.1.0 typing-extensions-4.12.2 urllib3-2.2.3WARNING: Running pip as the 'root' user can result in broken permissions and conflicting behaviour with the system package manager. It is recommended to use a virtual environment instead: https://pip.pypa.io/warnings/venvWARNING: There was an error checking the latest version of pip.🔧 Preparing terraform variables...2024-12-04 06:30:41,732 - INFO - 🚀 Starting tfvars preparation...2024-12-04 06:30:41,732 - INFO - 📝 Creating terraform.tfvars.json at /workspace/shaked-kubiya-ai-plan/terraform-aws-sqs/terraform.tfvars.json2024-12-04 06:30:41,733 - INFO - ✅ Successfully prepared terraform.tfvars.json🚀 Running Terraform plan...2024-12-04 06:30:41,831 - INFO - 🚀 Starting Terraform plan for workspace 'shaked-kubiya-ai-plan'...2024-12-04 06:30:41,831 - WARNING - Missing required environment variables: SLACK_API_TOKEN, SLACK_CHANNEL_ID2024-12-04 06:30:41,832 - INFO - Using module path: /workspace/shaked-kubiya-ai-plan/terraform-aws-sqs2024-12-04 06:30:41,832 - INFO - ⚙️ Initializing Terraform...2024-12-04 06:30:41,832 - INFO - 🔄 Running command in /workspace/shaked-kubiya-ai-plan/terraform-aws-sqs: terraform init[0m[1mInitializing the backend...[0m[0m[1mInitializing provider plugins...[0m- Finding hashicorp/aws versions matching ">= 4.36.0"...- Installing hashicorp/aws v5.79.0...- Installed hashicorp/aws v5.79.0 (signed by HashiCorp)Terraform has created a lock file [1m.terraform.lock.hcl[0m to record the providerselections it made above. Include this file in your version control repositoryso that Terraform can guarantee to make the same selections by default whenyou run "terraform init" in the future.[0m[0m[1m[32mTerraform has been successfully initialized![0m[32m[0m2024-12-04 06:30:46,124 - INFO - 📋 Generating Terraform plan...2024-12-04 06:30:46,125 - INFO - 🔄 Running command in /workspace/shaked-kubiya-ai-plan/terraform-aws-sqs: terraform plan -no-color2024-12-04 06:30:49,151 - INFO - ✅ Terraform plan completed successfully.data.aws_region.current: Reading... Error: SessionID: Timestamp:2024-12-04T08:30:49+02:00 SenderName:Bot Type:tool_output Message: MessageID:737901 Final:true Status:}
2024/12/04 08:30:49 chat.go:219: Sending message: {Content:📦 Installing system dependencies...📦 Installing Terraform 1.10.0...✅ Successfully installed Terraform 1.10.0🔧 Using workspace name: shaked-kubiya-ai-plan📦 Cloning module repository...Cloning into '/workspace/shaked-kubiya-ai-plan/terraform-aws-sqs'...Checking for Terraform files in /workspace/shaked-kubiya-ai-plan/terraform-aws-sqsFound 4 Terraform files in module directory📍 Working in directory: /workspace/shaked-kubiya-ai-plan/terraform-aws-sqsTerraform files in working directory:-rw-r--r--    1 root     root          8786 Dec  4 06:30 main.tf-rw-r--r--    1 root     root          2133 Dec  4 06:30 outputs.tf-rw-r--r--    1 root     root          8829 Dec  4 06:30 variables.tf-rw-r--r--    1 root     root           148 Dec  4 06:30 versions.tf📦 Setting up Python environment...📦 Installing package and dependencies...Obtaining file:///opt/scripts  Preparing metadata (setup.py): started  Preparing metadata (setup.py): finished with status 'done'Collecting slack-sdk  Using cached slack_sdk-3.33.4-py2.py3-none-any.whl (292 kB)Collecting pydantic  Using cached pydantic-2.10.3-py3-none-any.whl (456 kB)Collecting pyyaml  Using cached PyYAML-6.0.2-cp39-cp39-musllinux_1_1_x86_64.whl (723 kB)Collecting requests  Using cached requests-2.32.3-py3-none-any.whl (64 kB)Collecting pydantic-core==2.27.1  Using cached pydantic_core-2.27.1-cp39-cp39-musllinux_1_1_x86_64.whl (2.1 MB)Collecting annotated-types>=0.6.0  Using cached annotated_types-0.7.0-py3-none-any.whl (13 kB)Collecting typing-extensions>=4.12.2  Using cached typing_extensions-4.12.2-py3-none-any.whl (37 kB)Collecting certifi>=2017.4.17  Using cached certifi-2024.8.30-py3-none-any.whl (167 kB)Collecting urllib3<3,>=1.21.1  Using cached urllib3-2.2.3-py3-none-any.whl (126 kB)Collecting charset-normalizer<4,>=2  Using cached charset_normalizer-3.4.0-cp39-cp39-musllinux_1_2_x86_64.whl (145 kB)Collecting idna<4,>=2.5  Using cached idna-3.10-py3-none-any.whl (70 kB)Installing collected packages: urllib3, typing-extensions, slack-sdk, pyyaml, idna, charset-normalizer, certifi, annotated-types, requests, pydantic-core, pydantic, terraform-tools  Running setup.py develop for terraform-toolsSuccessfully installed annotated-types-0.7.0 certifi-2024.8.30 charset-normalizer-3.4.0 idna-3.10 pydantic-2.10.3 pydantic-core-2.27.1 pyyaml-6.0.2 requests-2.32.3 slack-sdk-3.33.4 terraform-tools-0.1.0 typing-extensions-4.12.2 urllib3-2.2.3WARNING: Running pip as the 'root' user can result in broken permissions and conflicting behaviour with the system package manager. It is recommended to use a virtual environment instead: https://pip.pypa.io/warnings/venvWARNING: There was an error checking the latest version of pip.🔧 Preparing terraform variables...2024-12-04 06:30:41,732 - INFO - 🚀 Starting tfvars preparation...2024-12-04 06:30:41,732 - INFO - 📝 Creating terraform.tfvars.json at /workspace/shaked-kubiya-ai-plan/terraform-aws-sqs/terraform.tfvars.json2024-12-04 06:30:41,733 - INFO - ✅ Successfully prepared terraform.tfvars.json🚀 Running Terraform plan...2024-12-04 06:30:41,831 - INFO - 🚀 Starting Terraform plan for workspace 'shaked-kubiya-ai-plan'...2024-12-04 06:30:41,831 - WARNING - Missing required environment variables: SLACK_API_TOKEN, SLACK_CHANNEL_ID2024-12-04 06:30:41,832 - INFO - Using module path: /workspace/shaked-kubiya-ai-plan/terraform-aws-sqs2024-12-04 06:30:41,832 - INFO - ⚙️ Initializing Terraform...2024-12-04 06:30:41,832 - INFO - 🔄 Running command in /workspace/shaked-kubiya-ai-plan/terraform-aws-sqs: terraform init[0m[1mInitializing the backend...[0m[0m[1mInitializing provider plugins...[0m- Finding hashicorp/aws versions matching ">= 4.36.0"...- Installing hashicorp/aws v5.79.0...- Installed hashicorp/aws v5.79.0 (signed by HashiCorp)Terraform has created a lock file [1m.terraform.lock.hcl[0m to record the providerselections it made above. Include this file in your version control repositoryso that Terraform can guarantee to make the same selections by default whenyou run "terraform init" in the future.[0m[0m[1m[32mTerraform has been successfully initialized![0m[32m[0m2024-12-04 06:30:46,124 - INFO - 📋 Generating Terraform plan...2024-12-04 06:30:46,125 - INFO - 🔄 Running command in /workspace/shaked-kubiya-ai-plan/terraform-aws-sqs: terraform plan -no-color2024-12-04 06:30:49,151 - INFO - ✅ Terraform plan completed successfully.data.aws_region.current: Reading...data.aws_caller_identity.current: Reading... Error: SessionID: Timestamp:2024-12-04T08:30:49+02:00 SenderName:Bot Type:tool_output Message: MessageID:737901 Final:true Status:}
2024/12/04 08:30:49 chat.go:219: Sending message: {Content:📦 Installing system dependencies...📦 Installing Terraform 1.10.0...✅ Successfully installed Terraform 1.10.0🔧 Using workspace name: shaked-kubiya-ai-plan📦 Cloning module repository...Cloning into '/workspace/shaked-kubiya-ai-plan/terraform-aws-sqs'...Checking for Terraform files in /workspace/shaked-kubiya-ai-plan/terraform-aws-sqsFound 4 Terraform files in module directory📍 Working in directory: /workspace/shaked-kubiya-ai-plan/terraform-aws-sqsTerraform files in working directory:-rw-r--r--    1 root     root          8786 Dec  4 06:30 main.tf-rw-r--r--    1 root     root          2133 Dec  4 06:30 outputs.tf-rw-r--r--    1 root     root          8829 Dec  4 06:30 variables.tf-rw-r--r--    1 root     root           148 Dec  4 06:30 versions.tf📦 Setting up Python environment...📦 Installing package and dependencies...Obtaining file:///opt/scripts  Preparing metadata (setup.py): started  Preparing metadata (setup.py): finished with status 'done'Collecting slack-sdk  Using cached slack_sdk-3.33.4-py2.py3-none-any.whl (292 kB)Collecting pydantic  Using cached pydantic-2.10.3-py3-none-any.whl (456 kB)Collecting pyyaml  Using cached PyYAML-6.0.2-cp39-cp39-musllinux_1_1_x86_64.whl (723 kB)Collecting requests  Using cached requests-2.32.3-py3-none-any.whl (64 kB)Collecting pydantic-core==2.27.1  Using cached pydantic_core-2.27.1-cp39-cp39-musllinux_1_1_x86_64.whl (2.1 MB)Collecting annotated-types>=0.6.0  Using cached annotated_types-0.7.0-py3-none-any.whl (13 kB)Collecting typing-extensions>=4.12.2  Using cached typing_extensions-4.12.2-py3-none-any.whl (37 kB)Collecting certifi>=2017.4.17  Using cached certifi-2024.8.30-py3-none-any.whl (167 kB)Collecting urllib3<3,>=1.21.1  Using cached urllib3-2.2.3-py3-none-any.whl (126 kB)Collecting charset-normalizer<4,>=2  Using cached charset_normalizer-3.4.0-cp39-cp39-musllinux_1_2_x86_64.whl (145 kB)Collecting idna<4,>=2.5  Using cached idna-3.10-py3-none-any.whl (70 kB)Installing collected packages: urllib3, typing-extensions, slack-sdk, pyyaml, idna, charset-normalizer, certifi, annotated-types, requests, pydantic-core, pydantic, terraform-tools  Running setup.py develop for terraform-toolsSuccessfully installed annotated-types-0.7.0 certifi-2024.8.30 charset-normalizer-3.4.0 idna-3.10 pydantic-2.10.3 pydantic-core-2.27.1 pyyaml-6.0.2 requests-2.32.3 slack-sdk-3.33.4 terraform-tools-0.1.0 typing-extensions-4.12.2 urllib3-2.2.3WARNING: Running pip as the 'root' user can result in broken permissions and conflicting behaviour with the system package manager. It is recommended to use a virtual environment instead: https://pip.pypa.io/warnings/venvWARNING: There was an error checking the latest version of pip.🔧 Preparing terraform variables...2024-12-04 06:30:41,732 - INFO - 🚀 Starting tfvars preparation...2024-12-04 06:30:41,732 - INFO - 📝 Creating terraform.tfvars.json at /workspace/shaked-kubiya-ai-plan/terraform-aws-sqs/terraform.tfvars.json2024-12-04 06:30:41,733 - INFO - ✅ Successfully prepared terraform.tfvars.json🚀 Running Terraform plan...2024-12-04 06:30:41,831 - INFO - 🚀 Starting Terraform plan for workspace 'shaked-kubiya-ai-plan'...2024-12-04 06:30:41,831 - WARNING - Missing required environment variables: SLACK_API_TOKEN, SLACK_CHANNEL_ID2024-12-04 06:30:41,832 - INFO - Using module path: /workspace/shaked-kubiya-ai-plan/terraform-aws-sqs2024-12-04 06:30:41,832 - INFO - ⚙️ Initializing Terraform...2024-12-04 06:30:41,832 - INFO - 🔄 Running command in /workspace/shaked-kubiya-ai-plan/terraform-aws-sqs: terraform init[0m[1mInitializing the backend...[0m[0m[1mInitializing provider plugins...[0m- Finding hashicorp/aws versions matching ">= 4.36.0"...- Installing hashicorp/aws v5.79.0...- Installed hashicorp/aws v5.79.0 (signed by HashiCorp)Terraform has created a lock file [1m.terraform.lock.hcl[0m to record the providerselections it made above. Include this file in your version control repositoryso that Terraform can guarantee to make the same selections by default whenyou run "terraform init" in the future.[0m[0m[1m[32mTerraform has been successfully initialized![0m[32m[0m2024-12-04 06:30:46,124 - INFO - 📋 Generating Terraform plan...2024-12-04 06:30:46,125 - INFO - 🔄 Running command in /workspace/shaked-kubiya-ai-plan/terraform-aws-sqs: terraform plan -no-color2024-12-04 06:30:49,151 - INFO - ✅ Terraform plan completed successfully.data.aws_region.current: Reading...data.aws_caller_identity.current: Reading...data.aws_region.current: Read complete after 0s [id=us-east-1] Error: SessionID: Timestamp:2024-12-04T08:30:49+02:00 SenderName:Bot Type:tool_output Message: MessageID:737901 Final:false Status:}
2024/12/04 08:30:49 chat.go:219: Sending message: {Content:📦 Installing system dependencies...📦 Installing Terraform 1.10.0...✅ Successfully installed Terraform 1.10.0🔧 Using workspace name: shaked-kubiya-ai-plan📦 Cloning module repository...Cloning into '/workspace/shaked-kubiya-ai-plan/terraform-aws-sqs'...Checking for Terraform files in /workspace/shaked-kubiya-ai-plan/terraform-aws-sqsFound 4 Terraform files in module directory📍 Working in directory: /workspace/shaked-kubiya-ai-plan/terraform-aws-sqsTerraform files in working directory:-rw-r--r--    1 root     root          8786 Dec  4 06:30 main.tf-rw-r--r--    1 root     root          2133 Dec  4 06:30 outputs.tf-rw-r--r--    1 root     root          8829 Dec  4 06:30 variables.tf-rw-r--r--    1 root     root           148 Dec  4 06:30 versions.tf📦 Setting up Python environment...📦 Installing package and dependencies...Obtaining file:///opt/scripts  Preparing metadata (setup.py): started  Preparing metadata (setup.py): finished with status 'done'Collecting slack-sdk  Using cached slack_sdk-3.33.4-py2.py3-none-any.whl (292 kB)Collecting pydantic  Using cached pydantic-2.10.3-py3-none-any.whl (456 kB)Collecting pyyaml  Using cached PyYAML-6.0.2-cp39-cp39-musllinux_1_1_x86_64.whl (723 kB)Collecting requests  Using cached requests-2.32.3-py3-none-any.whl (64 kB)Collecting pydantic-core==2.27.1  Using cached pydantic_core-2.27.1-cp39-cp39-musllinux_1_1_x86_64.whl (2.1 MB)Collecting annotated-types>=0.6.0  Using cached annotated_types-0.7.0-py3-none-any.whl (13 kB)Collecting typing-extensions>=4.12.2  Using cached typing_extensions-4.12.2-py3-none-any.whl (37 kB)Collecting certifi>=2017.4.17  Using cached certifi-2024.8.30-py3-none-any.whl (167 kB)Collecting urllib3<3,>=1.21.1  Using cached urllib3-2.2.3-py3-none-any.whl (126 kB)Collecting charset-normalizer<4,>=2  Using cached charset_normalizer-3.4.0-cp39-cp39-musllinux_1_2_x86_64.whl (145 kB)Collecting idna<4,>=2.5  Using cached idna-3.10-py3-none-any.whl (70 kB)Installing collected packages: urllib3, typing-extensions, slack-sdk, pyyaml, idna, charset-normalizer, certifi, annotated-types, requests, pydantic-core, pydantic, terraform-tools  Running setup.py develop for terraform-toolsSuccessfully installed annotated-types-0.7.0 certifi-2024.8.30 charset-normalizer-3.4.0 idna-3.10 pydantic-2.10.3 pydantic-core-2.27.1 pyyaml-6.0.2 requests-2.32.3 slack-sdk-3.33.4 terraform-tools-0.1.0 typing-extensions-4.12.2 urllib3-2.2.3WARNING: Running pip as the 'root' user can result in broken permissions and conflicting behaviour with the system package manager. It is recommended to use a virtual environment instead: https://pip.pypa.io/warnings/venvWARNING: There was an error checking the latest version of pip.🔧 Preparing terraform variables...2024-12-04 06:30:41,732 - INFO - 🚀 Starting tfvars preparation...2024-12-04 06:30:41,732 - INFO - 📝 Creating terraform.tfvars.json at /workspace/shaked-kubiya-ai-plan/terraform-aws-sqs/terraform.tfvars.json2024-12-04 06:30:41,733 - INFO - ✅ Successfully prepared terraform.tfvars.json🚀 Running Terraform plan...2024-12-04 06:30:41,831 - INFO - 🚀 Starting Terraform plan for workspace 'shaked-kubiya-ai-plan'...2024-12-04 06:30:41,831 - WARNING - Missing required environment variables: SLACK_API_TOKEN, SLACK_CHANNEL_ID2024-12-04 06:30:41,832 - INFO - Using module path: /workspace/shaked-kubiya-ai-plan/terraform-aws-sqs2024-12-04 06:30:41,832 - INFO - ⚙️ Initializing Terraform...2024-12-04 06:30:41,832 - INFO - 🔄 Running command in /workspace/shaked-kubiya-ai-plan/terraform-aws-sqs: terraform init[0m[1mInitializing the backend...[0m[0m[1mInitializing provider plugins...[0m- Finding hashicorp/aws versions matching ">= 4.36.0"...- Installing hashicorp/aws v5.79.0...- Installed hashicorp/aws v5.79.0 (signed by HashiCorp)Terraform has created a lock file [1m.terraform.lock.hcl[0m to record the providerselections it made above. Include this file in your version control repositoryso that Terraform can guarantee to make the same selections by default whenyou run "terraform init" in the future.[0m[0m[1m[32mTerraform has been successfully initialized![0m[32m[0m2024-12-04 06:30:46,124 - INFO - 📋 Generating Terraform plan...2024-12-04 06:30:46,125 - INFO - 🔄 Running command in /workspace/shaked-kubiya-ai-plan/terraform-aws-sqs: terraform plan -no-color2024-12-04 06:30:49,151 - INFO - ✅ Terraform plan completed successfully.data.aws_region.current: Reading...data.aws_caller_identity.current: Reading...data.aws_region.current: Read complete after 0s [id=us-east-1]data.aws_caller_identity.current: Read complete after 0s [id=564407622114] Error: SessionID: Timestamp:2024-12-04T08:30:49+02:00 SenderName:Bot Type:tool_output Message: MessageID:737901 Final:false Status:}
2024/12/04 08:30:49 chat.go:219: Sending message: {Content:📦 Installing system dependencies...📦 Installing Terraform 1.10.0...✅ Successfully installed Terraform 1.10.0🔧 Using workspace name: shaked-kubiya-ai-plan📦 Cloning module repository...Cloning into '/workspace/shaked-kubiya-ai-plan/terraform-aws-sqs'...Checking for Terraform files in /workspace/shaked-kubiya-ai-plan/terraform-aws-sqsFound 4 Terraform files in module directory📍 Working in directory: /workspace/shaked-kubiya-ai-plan/terraform-aws-sqsTerraform files in working directory:-rw-r--r--    1 root     root          8786 Dec  4 06:30 main.tf-rw-r--r--    1 root     root          2133 Dec  4 06:30 outputs.tf-rw-r--r--    1 root     root          8829 Dec  4 06:30 variables.tf-rw-r--r--    1 root     root           148 Dec  4 06:30 versions.tf📦 Setting up Python environment...📦 Installing package and dependencies...Obtaining file:///opt/scripts  Preparing metadata (setup.py): started  Preparing metadata (setup.py): finished with status 'done'Collecting slack-sdk  Using cached slack_sdk-3.33.4-py2.py3-none-any.whl (292 kB)Collecting pydantic  Using cached pydantic-2.10.3-py3-none-any.whl (456 kB)Collecting pyyaml  Using cached PyYAML-6.0.2-cp39-cp39-musllinux_1_1_x86_64.whl (723 kB)Collecting requests  Using cached requests-2.32.3-py3-none-any.whl (64 kB)Collecting pydantic-core==2.27.1  Using cached pydantic_core-2.27.1-cp39-cp39-musllinux_1_1_x86_64.whl (2.1 MB)Collecting annotated-types>=0.6.0  Using cached annotated_types-0.7.0-py3-none-any.whl (13 kB)Collecting typing-extensions>=4.12.2  Using cached typing_extensions-4.12.2-py3-none-any.whl (37 kB)Collecting certifi>=2017.4.17  Using cached certifi-2024.8.30-py3-none-any.whl (167 kB)Collecting urllib3<3,>=1.21.1  Using cached urllib3-2.2.3-py3-none-any.whl (126 kB)Collecting charset-normalizer<4,>=2  Using cached charset_normalizer-3.4.0-cp39-cp39-musllinux_1_2_x86_64.whl (145 kB)Collecting idna<4,>=2.5  Using cached idna-3.10-py3-none-any.whl (70 kB)Installing collected packages: urllib3, typing-extensions, slack-sdk, pyyaml, idna, charset-normalizer, certifi, annotated-types, requests, pydantic-core, pydantic, terraform-tools  Running setup.py develop for terraform-toolsSuccessfully installed annotated-types-0.7.0 certifi-2024.8.30 charset-normalizer-3.4.0 idna-3.10 pydantic-2.10.3 pydantic-core-2.27.1 pyyaml-6.0.2 requests-2.32.3 slack-sdk-3.33.4 terraform-tools-0.1.0 typing-extensions-4.12.2 urllib3-2.2.3WARNING: Running pip as the 'root' user can result in broken permissions and conflicting behaviour with the system package manager. It is recommended to use a virtual environment instead: https://pip.pypa.io/warnings/venvWARNING: There was an error checking the latest version of pip.🔧 Preparing terraform variables...2024-12-04 06:30:41,732 - INFO - 🚀 Starting tfvars preparation...2024-12-04 06:30:41,732 - INFO - 📝 Creating terraform.tfvars.json at /workspace/shaked-kubiya-ai-plan/terraform-aws-sqs/terraform.tfvars.json2024-12-04 06:30:41,733 - INFO - ✅ Successfully prepared terraform.tfvars.json🚀 Running Terraform plan...2024-12-04 06:30:41,831 - INFO - 🚀 Starting Terraform plan for workspace 'shaked-kubiya-ai-plan'...2024-12-04 06:30:41,831 - WARNING - Missing required environment variables: SLACK_API_TOKEN, SLACK_CHANNEL_ID2024-12-04 06:30:41,832 - INFO - Using module path: /workspace/shaked-kubiya-ai-plan/terraform-aws-sqs2024-12-04 06:30:41,832 - INFO - ⚙️ Initializing Terraform...2024-12-04 06:30:41,832 - INFO - 🔄 Running command in /workspace/shaked-kubiya-ai-plan/terraform-aws-sqs: terraform init[0m[1mInitializing the backend...[0m[0m[1mInitializing provider plugins...[0m- Finding hashicorp/aws versions matching ">= 4.36.0"...- Installing hashicorp/aws v5.79.0...- Installed hashicorp/aws v5.79.0 (signed by HashiCorp)Terraform has created a lock file [1m.terraform.lock.hcl[0m to record the providerselections it made above. Include this file in your version control repositoryso that Terraform can guarantee to make the same selections by default whenyou run "terraform init" in the future.[0m[0m[1m[32mTerraform has been successfully initialized![0m[32m[0m2024-12-04 06:30:46,124 - INFO - 📋 Generating Terraform plan...2024-12-04 06:30:46,125 - INFO - 🔄 Running command in /workspace/shaked-kubiya-ai-plan/terraform-aws-sqs: terraform plan -no-color2024-12-04 06:30:49,151 - INFO - ✅ Terraform plan completed successfully.data.aws_region.current: Reading...data.aws_caller_identity.current: Reading...data.aws_region.current: Read complete after 0s [id=us-east-1]data.aws_caller_identity.current: Read complete after 0s [id=564407622114]Terraform used the selected providers to generate the following execution Error: SessionID: Timestamp:2024-12-04T08:30:49+02:00 SenderName:Bot Type:tool_output Message: MessageID:737901 Final:false Status:}
2024/12/04 08:30:49 chat.go:219: Sending message: {Content:📦 Installing system dependencies...📦 Installing Terraform 1.10.0...✅ Successfully installed Terraform 1.10.0🔧 Using workspace name: shaked-kubiya-ai-plan📦 Cloning module repository...Cloning into '/workspace/shaked-kubiya-ai-plan/terraform-aws-sqs'...Checking for Terraform files in /workspace/shaked-kubiya-ai-plan/terraform-aws-sqsFound 4 Terraform files in module directory📍 Working in directory: /workspace/shaked-kubiya-ai-plan/terraform-aws-sqsTerraform files in working directory:-rw-r--r--    1 root     root          8786 Dec  4 06:30 main.tf-rw-r--r--    1 root     root          2133 Dec  4 06:30 outputs.tf-rw-r--r--    1 root     root          8829 Dec  4 06:30 variables.tf-rw-r--r--    1 root     root           148 Dec  4 06:30 versions.tf📦 Setting up Python environment...📦 Installing package and dependencies...Obtaining file:///opt/scripts  Preparing metadata (setup.py): started  Preparing metadata (setup.py): finished with status 'done'Collecting slack-sdk  Using cached slack_sdk-3.33.4-py2.py3-none-any.whl (292 kB)Collecting pydantic  Using cached pydantic-2.10.3-py3-none-any.whl (456 kB)Collecting pyyaml  Using cached PyYAML-6.0.2-cp39-cp39-musllinux_1_1_x86_64.whl (723 kB)Collecting requests  Using cached requests-2.32.3-py3-none-any.whl (64 kB)Collecting pydantic-core==2.27.1  Using cached pydantic_core-2.27.1-cp39-cp39-musllinux_1_1_x86_64.whl (2.1 MB)Collecting annotated-types>=0.6.0  Using cached annotated_types-0.7.0-py3-none-any.whl (13 kB)Collecting typing-extensions>=4.12.2  Using cached typing_extensions-4.12.2-py3-none-any.whl (37 kB)Collecting certifi>=2017.4.17  Using cached certifi-2024.8.30-py3-none-any.whl (167 kB)Collecting urllib3<3,>=1.21.1  Using cached urllib3-2.2.3-py3-none-any.whl (126 kB)Collecting charset-normalizer<4,>=2  Using cached charset_normalizer-3.4.0-cp39-cp39-musllinux_1_2_x86_64.whl (145 kB)Collecting idna<4,>=2.5  Using cached idna-3.10-py3-none-any.whl (70 kB)Installing collected packages: urllib3, typing-extensions, slack-sdk, pyyaml, idna, charset-normalizer, certifi, annotated-types, requests, pydantic-core, pydantic, terraform-tools  Running setup.py develop for terraform-toolsSuccessfully installed annotated-types-0.7.0 certifi-2024.8.30 charset-normalizer-3.4.0 idna-3.10 pydantic-2.10.3 pydantic-core-2.27.1 pyyaml-6.0.2 requests-2.32.3 slack-sdk-3.33.4 terraform-tools-0.1.0 typing-extensions-4.12.2 urllib3-2.2.3WARNING: Running pip as the 'root' user can result in broken permissions and conflicting behaviour with the system package manager. It is recommended to use a virtual environment instead: https://pip.pypa.io/warnings/venvWARNING: There was an error checking the latest version of pip.🔧 Preparing terraform variables...2024-12-04 06:30:41,732 - INFO - 🚀 Starting tfvars preparation...2024-12-04 06:30:41,732 - INFO - 📝 Creating terraform.tfvars.json at /workspace/shaked-kubiya-ai-plan/terraform-aws-sqs/terraform.tfvars.json2024-12-04 06:30:41,733 - INFO - ✅ Successfully prepared terraform.tfvars.json🚀 Running Terraform plan...2024-12-04 06:30:41,831 - INFO - 🚀 Starting Terraform plan for workspace 'shaked-kubiya-ai-plan'...2024-12-04 06:30:41,831 - WARNING - Missing required environment variables: SLACK_API_TOKEN, SLACK_CHANNEL_ID2024-12-04 06:30:41,832 - INFO - Using module path: /workspace/shaked-kubiya-ai-plan/terraform-aws-sqs2024-12-04 06:30:41,832 - INFO - ⚙️ Initializing Terraform...2024-12-04 06:30:41,832 - INFO - 🔄 Running command in /workspace/shaked-kubiya-ai-plan/terraform-aws-sqs: terraform init[0m[1mInitializing the backend...[0m[0m[1mInitializing provider plugins...[0m- Finding hashicorp/aws versions matching ">= 4.36.0"...- Installing hashicorp/aws v5.79.0...- Installed hashicorp/aws v5.79.0 (signed by HashiCorp)Terraform has created a lock file [1m.terraform.lock.hcl[0m to record the providerselections it made above. Include this file in your version control repositoryso that Terraform can guarantee to make the same selections by default whenyou run "terraform init" in the future.[0m[0m[1m[32mTerraform has been successfully initialized![0m[32m[0m2024-12-04 06:30:46,124 - INFO - 📋 Generating Terraform plan...2024-12-04 06:30:46,125 - INFO - 🔄 Running command in /workspace/shaked-kubiya-ai-plan/terraform-aws-sqs: terraform plan -no-color2024-12-04 06:30:49,151 - INFO - ✅ Terraform plan completed successfully.data.aws_region.current: Reading...data.aws_caller_identity.current: Reading...data.aws_region.current: Read complete after 0s [id=us-east-1]data.aws_caller_identity.current: Read complete after 0s [id=564407622114]Terraform used the selected providers to generate the following executionplan. Resource actions are indicated with the following symbols: Error: SessionID: Timestamp:2024-12-04T08:30:49+02:00 SenderName:Bot Type:tool_output Message: MessageID:737901 Final:false Status:}
2024/12/04 08:30:49 chat.go:219: Sending message: {Content:📦 Installing system dependencies...📦 Installing Terraform 1.10.0...✅ Successfully installed Terraform 1.10.0🔧 Using workspace name: shaked-kubiya-ai-plan📦 Cloning module repository...Cloning into '/workspace/shaked-kubiya-ai-plan/terraform-aws-sqs'...Checking for Terraform files in /workspace/shaked-kubiya-ai-plan/terraform-aws-sqsFound 4 Terraform files in module directory📍 Working in directory: /workspace/shaked-kubiya-ai-plan/terraform-aws-sqsTerraform files in working directory:-rw-r--r--    1 root     root          8786 Dec  4 06:30 main.tf-rw-r--r--    1 root     root          2133 Dec  4 06:30 outputs.tf-rw-r--r--    1 root     root          8829 Dec  4 06:30 variables.tf-rw-r--r--    1 root     root           148 Dec  4 06:30 versions.tf📦 Setting up Python environment...📦 Installing package and dependencies...Obtaining file:///opt/scripts  Preparing metadata (setup.py): started  Preparing metadata (setup.py): finished with status 'done'Collecting slack-sdk  Using cached slack_sdk-3.33.4-py2.py3-none-any.whl (292 kB)Collecting pydantic  Using cached pydantic-2.10.3-py3-none-any.whl (456 kB)Collecting pyyaml  Using cached PyYAML-6.0.2-cp39-cp39-musllinux_1_1_x86_64.whl (723 kB)Collecting requests  Using cached requests-2.32.3-py3-none-any.whl (64 kB)Collecting pydantic-core==2.27.1  Using cached pydantic_core-2.27.1-cp39-cp39-musllinux_1_1_x86_64.whl (2.1 MB)Collecting annotated-types>=0.6.0  Using cached annotated_types-0.7.0-py3-none-any.whl (13 kB)Collecting typing-extensions>=4.12.2  Using cached typing_extensions-4.12.2-py3-none-any.whl (37 kB)Collecting certifi>=2017.4.17  Using cached certifi-2024.8.30-py3-none-any.whl (167 kB)Collecting urllib3<3,>=1.21.1  Using cached urllib3-2.2.3-py3-none-any.whl (126 kB)Collecting charset-normalizer<4,>=2  Using cached charset_normalizer-3.4.0-cp39-cp39-musllinux_1_2_x86_64.whl (145 kB)Collecting idna<4,>=2.5  Using cached idna-3.10-py3-none-any.whl (70 kB)Installing collected packages: urllib3, typing-extensions, slack-sdk, pyyaml, idna, charset-normalizer, certifi, annotated-types, requests, pydantic-core, pydantic, terraform-tools  Running setup.py develop for terraform-toolsSuccessfully installed annotated-types-0.7.0 certifi-2024.8.30 charset-normalizer-3.4.0 idna-3.10 pydantic-2.10.3 pydantic-core-2.27.1 pyyaml-6.0.2 requests-2.32.3 slack-sdk-3.33.4 terraform-tools-0.1.0 typing-extensions-4.12.2 urllib3-2.2.3WARNING: Running pip as the 'root' user can result in broken permissions and conflicting behaviour with the system package manager. It is recommended to use a virtual environment instead: https://pip.pypa.io/warnings/venvWARNING: There was an error checking the latest version of pip.🔧 Preparing terraform variables...2024-12-04 06:30:41,732 - INFO - 🚀 Starting tfvars preparation...2024-12-04 06:30:41,732 - INFO - 📝 Creating terraform.tfvars.json at /workspace/shaked-kubiya-ai-plan/terraform-aws-sqs/terraform.tfvars.json2024-12-04 06:30:41,733 - INFO - ✅ Successfully prepared terraform.tfvars.json🚀 Running Terraform plan...2024-12-04 06:30:41,831 - INFO - 🚀 Starting Terraform plan for workspace 'shaked-kubiya-ai-plan'...2024-12-04 06:30:41,831 - WARNING - Missing required environment variables: SLACK_API_TOKEN, SLACK_CHANNEL_ID2024-12-04 06:30:41,832 - INFO - Using module path: /workspace/shaked-kubiya-ai-plan/terraform-aws-sqs2024-12-04 06:30:41,832 - INFO - ⚙️ Initializing Terraform...2024-12-04 06:30:41,832 - INFO - 🔄 Running command in /workspace/shaked-kubiya-ai-plan/terraform-aws-sqs: terraform init[0m[1mInitializing the backend...[0m[0m[1mInitializing provider plugins...[0m- Finding hashicorp/aws versions matching ">= 4.36.0"...- Installing hashicorp/aws v5.79.0...- Installed hashicorp/aws v5.79.0 (signed by HashiCorp)Terraform has created a lock file [1m.terraform.lock.hcl[0m to record the providerselections it made above. Include this file in your version control repositoryso that Terraform can guarantee to make the same selections by default whenyou run "terraform init" in the future.[0m[0m[1m[32mTerraform has been successfully initialized![0m[32m[0m2024-12-04 06:30:46,124 - INFO - 📋 Generating Terraform plan...2024-12-04 06:30:46,125 - INFO - 🔄 Running command in /workspace/shaked-kubiya-ai-plan/terraform-aws-sqs: terraform plan -no-color2024-12-04 06:30:49,151 - INFO - ✅ Terraform plan completed successfully.data.aws_region.current: Reading...data.aws_caller_identity.current: Reading...data.aws_region.current: Read complete after 0s [id=us-east-1]data.aws_caller_identity.current: Read complete after 0s [id=564407622114]Terraform used the selected providers to generate the following executionplan. Resource actions are indicated with the following symbols:  + create Error: SessionID: Timestamp:2024-12-04T08:30:49+02:00 SenderName:Bot Type:tool_output Message: MessageID:737901 Final:false Status:}
2024/12/04 08:30:49 chat.go:219: Sending message: {Content:📦 Installing system dependencies...📦 Installing Terraform 1.10.0...✅ Successfully installed Terraform 1.10.0🔧 Using workspace name: shaked-kubiya-ai-plan📦 Cloning module repository...Cloning into '/workspace/shaked-kubiya-ai-plan/terraform-aws-sqs'...Checking for Terraform files in /workspace/shaked-kubiya-ai-plan/terraform-aws-sqsFound 4 Terraform files in module directory📍 Working in directory: /workspace/shaked-kubiya-ai-plan/terraform-aws-sqsTerraform files in working directory:-rw-r--r--    1 root     root          8786 Dec  4 06:30 main.tf-rw-r--r--    1 root     root          2133 Dec  4 06:30 outputs.tf-rw-r--r--    1 root     root          8829 Dec  4 06:30 variables.tf-rw-r--r--    1 root     root           148 Dec  4 06:30 versions.tf📦 Setting up Python environment...📦 Installing package and dependencies...Obtaining file:///opt/scripts  Preparing metadata (setup.py): started  Preparing metadata (setup.py): finished with status 'done'Collecting slack-sdk  Using cached slack_sdk-3.33.4-py2.py3-none-any.whl (292 kB)Collecting pydantic  Using cached pydantic-2.10.3-py3-none-any.whl (456 kB)Collecting pyyaml  Using cached PyYAML-6.0.2-cp39-cp39-musllinux_1_1_x86_64.whl (723 kB)Collecting requests  Using cached requests-2.32.3-py3-none-any.whl (64 kB)Collecting pydantic-core==2.27.1  Using cached pydantic_core-2.27.1-cp39-cp39-musllinux_1_1_x86_64.whl (2.1 MB)Collecting annotated-types>=0.6.0  Using cached annotated_types-0.7.0-py3-none-any.whl (13 kB)Collecting typing-extensions>=4.12.2  Using cached typing_extensions-4.12.2-py3-none-any.whl (37 kB)Collecting certifi>=2017.4.17  Using cached certifi-2024.8.30-py3-none-any.whl (167 kB)Collecting urllib3<3,>=1.21.1  Using cached urllib3-2.2.3-py3-none-any.whl (126 kB)Collecting charset-normalizer<4,>=2  Using cached charset_normalizer-3.4.0-cp39-cp39-musllinux_1_2_x86_64.whl (145 kB)Collecting idna<4,>=2.5  Using cached idna-3.10-py3-none-any.whl (70 kB)Installing collected packages: urllib3, typing-extensions, slack-sdk, pyyaml, idna, charset-normalizer, certifi, annotated-types, requests, pydantic-core, pydantic, terraform-tools  Running setup.py develop for terraform-toolsSuccessfully installed annotated-types-0.7.0 certifi-2024.8.30 charset-normalizer-3.4.0 idna-3.10 pydantic-2.10.3 pydantic-core-2.27.1 pyyaml-6.0.2 requests-2.32.3 slack-sdk-3.33.4 terraform-tools-0.1.0 typing-extensions-4.12.2 urllib3-2.2.3WARNING: Running pip as the 'root' user can result in broken permissions and conflicting behaviour with the system package manager. It is recommended to use a virtual environment instead: https://pip.pypa.io/warnings/venvWARNING: There was an error checking the latest version of pip.🔧 Preparing terraform variables...2024-12-04 06:30:41,732 - INFO - 🚀 Starting tfvars preparation...2024-12-04 06:30:41,732 - INFO - 📝 Creating terraform.tfvars.json at /workspace/shaked-kubiya-ai-plan/terraform-aws-sqs/terraform.tfvars.json2024-12-04 06:30:41,733 - INFO - ✅ Successfully prepared terraform.tfvars.json🚀 Running Terraform plan...2024-12-04 06:30:41,831 - INFO - 🚀 Starting Terraform plan for workspace 'shaked-kubiya-ai-plan'...2024-12-04 06:30:41,831 - WARNING - Missing required environment variables: SLACK_API_TOKEN, SLACK_CHANNEL_ID2024-12-04 06:30:41,832 - INFO - Using module path: /workspace/shaked-kubiya-ai-plan/terraform-aws-sqs2024-12-04 06:30:41,832 - INFO - ⚙️ Initializing Terraform...2024-12-04 06:30:41,832 - INFO - 🔄 Running command in /workspace/shaked-kubiya-ai-plan/terraform-aws-sqs: terraform init[0m[1mInitializing the backend...[0m[0m[1mInitializing provider plugins...[0m- Finding hashicorp/aws versions matching ">= 4.36.0"...- Installing hashicorp/aws v5.79.0...- Installed hashicorp/aws v5.79.0 (signed by HashiCorp)Terraform has created a lock file [1m.terraform.lock.hcl[0m to record the providerselections it made above. Include this file in your version control repositoryso that Terraform can guarantee to make the same selections by default whenyou run "terraform init" in the future.[0m[0m[1m[32mTerraform has been successfully initialized![0m[32m[0m2024-12-04 06:30:46,124 - INFO - 📋 Generating Terraform plan...2024-12-04 06:30:46,125 - INFO - 🔄 Running command in /workspace/shaked-kubiya-ai-plan/terraform-aws-sqs: terraform plan -no-color2024-12-04 06:30:49,151 - INFO - ✅ Terraform plan completed successfully.data.aws_region.current: Reading...data.aws_caller_identity.current: Reading...data.aws_region.current: Read complete after 0s [id=us-east-1]data.aws_caller_identity.current: Read complete after 0s [id=564407622114]Terraform used the selected providers to generate the following executionplan. Resource actions are indicated with the following symbols:  + createTerraform will perform the following actions: Error: SessionID: Timestamp:2024-12-04T08:30:49+02:00 SenderName:Bot Type:tool_output Message: MessageID:737901 Final:false Status:}
2024/12/04 08:30:49 chat.go:219: Sending message: {Content:📦 Installing system dependencies...📦 Installing Terraform 1.10.0...✅ Successfully installed Terraform 1.10.0🔧 Using workspace name: shaked-kubiya-ai-plan📦 Cloning module repository...Cloning into '/workspace/shaked-kubiya-ai-plan/terraform-aws-sqs'...Checking for Terraform files in /workspace/shaked-kubiya-ai-plan/terraform-aws-sqsFound 4 Terraform files in module directory📍 Working in directory: /workspace/shaked-kubiya-ai-plan/terraform-aws-sqsTerraform files in working directory:-rw-r--r--    1 root     root          8786 Dec  4 06:30 main.tf-rw-r--r--    1 root     root          2133 Dec  4 06:30 outputs.tf-rw-r--r--    1 root     root          8829 Dec  4 06:30 variables.tf-rw-r--r--    1 root     root           148 Dec  4 06:30 versions.tf📦 Setting up Python environment...📦 Installing package and dependencies...Obtaining file:///opt/scripts  Preparing metadata (setup.py): started  Preparing metadata (setup.py): finished with status 'done'Collecting slack-sdk  Using cached slack_sdk-3.33.4-py2.py3-none-any.whl (292 kB)Collecting pydantic  Using cached pydantic-2.10.3-py3-none-any.whl (456 kB)Collecting pyyaml  Using cached PyYAML-6.0.2-cp39-cp39-musllinux_1_1_x86_64.whl (723 kB)Collecting requests  Using cached requests-2.32.3-py3-none-any.whl (64 kB)Collecting pydantic-core==2.27.1  Using cached pydantic_core-2.27.1-cp39-cp39-musllinux_1_1_x86_64.whl (2.1 MB)Collecting annotated-types>=0.6.0  Using cached annotated_types-0.7.0-py3-none-any.whl (13 kB)Collecting typing-extensions>=4.12.2  Using cached typing_extensions-4.12.2-py3-none-any.whl (37 kB)Collecting certifi>=2017.4.17  Using cached certifi-2024.8.30-py3-none-any.whl (167 kB)Collecting urllib3<3,>=1.21.1  Using cached urllib3-2.2.3-py3-none-any.whl (126 kB)Collecting charset-normalizer<4,>=2  Using cached charset_normalizer-3.4.0-cp39-cp39-musllinux_1_2_x86_64.whl (145 kB)Collecting idna<4,>=2.5  Using cached idna-3.10-py3-none-any.whl (70 kB)Installing collected packages: urllib3, typing-extensions, slack-sdk, pyyaml, idna, charset-normalizer, certifi, annotated-types, requests, pydantic-core, pydantic, terraform-tools  Running setup.py develop for terraform-toolsSuccessfully installed annotated-types-0.7.0 certifi-2024.8.30 charset-normalizer-3.4.0 idna-3.10 pydantic-2.10.3 pydantic-core-2.27.1 pyyaml-6.0.2 requests-2.32.3 slack-sdk-3.33.4 terraform-tools-0.1.0 typing-extensions-4.12.2 urllib3-2.2.3WARNING: Running pip as the 'root' user can result in broken permissions and conflicting behaviour with the system package manager. It is recommended to use a virtual environment instead: https://pip.pypa.io/warnings/venvWARNING: There was an error checking the latest version of pip.🔧 Preparing terraform variables...2024-12-04 06:30:41,732 - INFO - 🚀 Starting tfvars preparation...2024-12-04 06:30:41,732 - INFO - 📝 Creating terraform.tfvars.json at /workspace/shaked-kubiya-ai-plan/terraform-aws-sqs/terraform.tfvars.json2024-12-04 06:30:41,733 - INFO - ✅ Successfully prepared terraform.tfvars.json🚀 Running Terraform plan...2024-12-04 06:30:41,831 - INFO - 🚀 Starting Terraform plan for workspace 'shaked-kubiya-ai-plan'...2024-12-04 06:30:41,831 - WARNING - Missing required environment variables: SLACK_API_TOKEN, SLACK_CHANNEL_ID2024-12-04 06:30:41,832 - INFO - Using module path: /workspace/shaked-kubiya-ai-plan/terraform-aws-sqs2024-12-04 06:30:41,832 - INFO - ⚙️ Initializing Terraform...2024-12-04 06:30:41,832 - INFO - 🔄 Running command in /workspace/shaked-kubiya-ai-plan/terraform-aws-sqs: terraform init[0m[1mInitializing the backend...[0m[0m[1mInitializing provider plugins...[0m- Finding hashicorp/aws versions matching ">= 4.36.0"...- Installing hashicorp/aws v5.79.0...- Installed hashicorp/aws v5.79.0 (signed by HashiCorp)Terraform has created a lock file [1m.terraform.lock.hcl[0m to record the providerselections it made above. Include this file in your version control repositoryso that Terraform can guarantee to make the same selections by default whenyou run "terraform init" in the future.[0m[0m[1m[32mTerraform has been successfully initialized![0m[32m[0m2024-12-04 06:30:46,124 - INFO - 📋 Generating Terraform plan...2024-12-04 06:30:46,125 - INFO - 🔄 Running command in /workspace/shaked-kubiya-ai-plan/terraform-aws-sqs: terraform plan -no-color2024-12-04 06:30:49,151 - INFO - ✅ Terraform plan completed successfully.data.aws_region.current: Reading...data.aws_caller_identity.current: Reading...data.aws_region.current: Read complete after 0s [id=us-east-1]data.aws_caller_identity.current: Read complete after 0s [id=564407622114]Terraform used the selected providers to generate the following executionplan. Resource actions are indicated with the following symbols:  + createTerraform will perform the following actions:  # aws_sqs_queue.this[0] will be created Error: SessionID: Timestamp:2024-12-04T08:30:49+02:00 SenderName:Bot Type:tool_output Message: MessageID:737901 Final:false Status:}
2024/12/04 08:30:49 chat.go:219: Sending message: {Content:📦 Installing system dependencies...📦 Installing Terraform 1.10.0...✅ Successfully installed Terraform 1.10.0🔧 Using workspace name: shaked-kubiya-ai-plan📦 Cloning module repository...Cloning into '/workspace/shaked-kubiya-ai-plan/terraform-aws-sqs'...Checking for Terraform files in /workspace/shaked-kubiya-ai-plan/terraform-aws-sqsFound 4 Terraform files in module directory📍 Working in directory: /workspace/shaked-kubiya-ai-plan/terraform-aws-sqsTerraform files in working directory:-rw-r--r--    1 root     root          8786 Dec  4 06:30 main.tf-rw-r--r--    1 root     root          2133 Dec  4 06:30 outputs.tf-rw-r--r--    1 root     root          8829 Dec  4 06:30 variables.tf-rw-r--r--    1 root     root           148 Dec  4 06:30 versions.tf📦 Setting up Python environment...📦 Installing package and dependencies...Obtaining file:///opt/scripts  Preparing metadata (setup.py): started  Preparing metadata (setup.py): finished with status 'done'Collecting slack-sdk  Using cached slack_sdk-3.33.4-py2.py3-none-any.whl (292 kB)Collecting pydantic  Using cached pydantic-2.10.3-py3-none-any.whl (456 kB)Collecting pyyaml  Using cached PyYAML-6.0.2-cp39-cp39-musllinux_1_1_x86_64.whl (723 kB)Collecting requests  Using cached requests-2.32.3-py3-none-any.whl (64 kB)Collecting pydantic-core==2.27.1  Using cached pydantic_core-2.27.1-cp39-cp39-musllinux_1_1_x86_64.whl (2.1 MB)Collecting annotated-types>=0.6.0  Using cached annotated_types-0.7.0-py3-none-any.whl (13 kB)Collecting typing-extensions>=4.12.2  Using cached typing_extensions-4.12.2-py3-none-any.whl (37 kB)Collecting certifi>=2017.4.17  Using cached certifi-2024.8.30-py3-none-any.whl (167 kB)Collecting urllib3<3,>=1.21.1  Using cached urllib3-2.2.3-py3-none-any.whl (126 kB)Collecting charset-normalizer<4,>=2  Using cached charset_normalizer-3.4.0-cp39-cp39-musllinux_1_2_x86_64.whl (145 kB)Collecting idna<4,>=2.5  Using cached idna-3.10-py3-none-any.whl (70 kB)Installing collected packages: urllib3, typing-extensions, slack-sdk, pyyaml, idna, charset-normalizer, certifi, annotated-types, requests, pydantic-core, pydantic, terraform-tools  Running setup.py develop for terraform-toolsSuccessfully installed annotated-types-0.7.0 certifi-2024.8.30 charset-normalizer-3.4.0 idna-3.10 pydantic-2.10.3 pydantic-core-2.27.1 pyyaml-6.0.2 requests-2.32.3 slack-sdk-3.33.4 terraform-tools-0.1.0 typing-extensions-4.12.2 urllib3-2.2.3WARNING: Running pip as the 'root' user can result in broken permissions and conflicting behaviour with the system package manager. It is recommended to use a virtual environment instead: https://pip.pypa.io/warnings/venvWARNING: There was an error checking the latest version of pip.🔧 Preparing terraform variables...2024-12-04 06:30:41,732 - INFO - 🚀 Starting tfvars preparation...2024-12-04 06:30:41,732 - INFO - 📝 Creating terraform.tfvars.json at /workspace/shaked-kubiya-ai-plan/terraform-aws-sqs/terraform.tfvars.json2024-12-04 06:30:41,733 - INFO - ✅ Successfully prepared terraform.tfvars.json🚀 Running Terraform plan...2024-12-04 06:30:41,831 - INFO - 🚀 Starting Terraform plan for workspace 'shaked-kubiya-ai-plan'...2024-12-04 06:30:41,831 - WARNING - Missing required environment variables: SLACK_API_TOKEN, SLACK_CHANNEL_ID2024-12-04 06:30:41,832 - INFO - Using module path: /workspace/shaked-kubiya-ai-plan/terraform-aws-sqs2024-12-04 06:30:41,832 - INFO - ⚙️ Initializing Terraform...2024-12-04 06:30:41,832 - INFO - 🔄 Running command in /workspace/shaked-kubiya-ai-plan/terraform-aws-sqs: terraform init[0m[1mInitializing the backend...[0m[0m[1mInitializing provider plugins...[0m- Finding hashicorp/aws versions matching ">= 4.36.0"...- Installing hashicorp/aws v5.79.0...- Installed hashicorp/aws v5.79.0 (signed by HashiCorp)Terraform has created a lock file [1m.terraform.lock.hcl[0m to record the providerselections it made above. Include this file in your version control repositoryso that Terraform can guarantee to make the same selections by default whenyou run "terraform init" in the future.[0m[0m[1m[32mTerraform has been successfully initialized![0m[32m[0m2024-12-04 06:30:46,124 - INFO - 📋 Generating Terraform plan...2024-12-04 06:30:46,125 - INFO - 🔄 Running command in /workspace/shaked-kubiya-ai-plan/terraform-aws-sqs: terraform plan -no-color2024-12-04 06:30:49,151 - INFO - ✅ Terraform plan completed successfully.data.aws_region.current: Reading...data.aws_caller_identity.current: Reading...data.aws_region.current: Read complete after 0s [id=us-east-1]data.aws_caller_identity.current: Read complete after 0s [id=564407622114]Terraform used the selected providers to generate the following executionplan. Resource actions are indicated with the following symbols:  + createTerraform will perform the following actions:  # aws_sqs_queue.this[0] will be created  + resource "aws_sqs_queue" "this" { Error: SessionID: Timestamp:2024-12-04T08:30:49+02:00 SenderName:Bot Type:tool_output Message: MessageID:737901 Final:false Status:}
2024/12/04 08:30:49 chat.go:219: Sending message: {Content:📦 Installing system dependencies...📦 Installing Terraform 1.10.0...✅ Successfully installed Terraform 1.10.0🔧 Using workspace name: shaked-kubiya-ai-plan📦 Cloning module repository...Cloning into '/workspace/shaked-kubiya-ai-plan/terraform-aws-sqs'...Checking for Terraform files in /workspace/shaked-kubiya-ai-plan/terraform-aws-sqsFound 4 Terraform files in module directory📍 Working in directory: /workspace/shaked-kubiya-ai-plan/terraform-aws-sqsTerraform files in working directory:-rw-r--r--    1 root     root          8786 Dec  4 06:30 main.tf-rw-r--r--    1 root     root          2133 Dec  4 06:30 outputs.tf-rw-r--r--    1 root     root          8829 Dec  4 06:30 variables.tf-rw-r--r--    1 root     root           148 Dec  4 06:30 versions.tf📦 Setting up Python environment...📦 Installing package and dependencies...Obtaining file:///opt/scripts  Preparing metadata (setup.py): started  Preparing metadata (setup.py): finished with status 'done'Collecting slack-sdk  Using cached slack_sdk-3.33.4-py2.py3-none-any.whl (292 kB)Collecting pydantic  Using cached pydantic-2.10.3-py3-none-any.whl (456 kB)Collecting pyyaml  Using cached PyYAML-6.0.2-cp39-cp39-musllinux_1_1_x86_64.whl (723 kB)Collecting requests  Using cached requests-2.32.3-py3-none-any.whl (64 kB)Collecting pydantic-core==2.27.1  Using cached pydantic_core-2.27.1-cp39-cp39-musllinux_1_1_x86_64.whl (2.1 MB)Collecting annotated-types>=0.6.0  Using cached annotated_types-0.7.0-py3-none-any.whl (13 kB)Collecting typing-extensions>=4.12.2  Using cached typing_extensions-4.12.2-py3-none-any.whl (37 kB)Collecting certifi>=2017.4.17  Using cached certifi-2024.8.30-py3-none-any.whl (167 kB)Collecting urllib3<3,>=1.21.1  Using cached urllib3-2.2.3-py3-none-any.whl (126 kB)Collecting charset-normalizer<4,>=2  Using cached charset_normalizer-3.4.0-cp39-cp39-musllinux_1_2_x86_64.whl (145 kB)Collecting idna<4,>=2.5  Using cached idna-3.10-py3-none-any.whl (70 kB)Installing collected packages: urllib3, typing-extensions, slack-sdk, pyyaml, idna, charset-normalizer, certifi, annotated-types, requests, pydantic-core, pydantic, terraform-tools  Running setup.py develop for terraform-toolsSuccessfully installed annotated-types-0.7.0 certifi-2024.8.30 charset-normalizer-3.4.0 idna-3.10 pydantic-2.10.3 pydantic-core-2.27.1 pyyaml-6.0.2 requests-2.32.3 slack-sdk-3.33.4 terraform-tools-0.1.0 typing-extensions-4.12.2 urllib3-2.2.3WARNING: Running pip as the 'root' user can result in broken permissions and conflicting behaviour with the system package manager. It is recommended to use a virtual environment instead: https://pip.pypa.io/warnings/venvWARNING: There was an error checking the latest version of pip.🔧 Preparing terraform variables...2024-12-04 06:30:41,732 - INFO - 🚀 Starting tfvars preparation...2024-12-04 06:30:41,732 - INFO - 📝 Creating terraform.tfvars.json at /workspace/shaked-kubiya-ai-plan/terraform-aws-sqs/terraform.tfvars.json2024-12-04 06:30:41,733 - INFO - ✅ Successfully prepared terraform.tfvars.json🚀 Running Terraform plan...2024-12-04 06:30:41,831 - INFO - 🚀 Starting Terraform plan for workspace 'shaked-kubiya-ai-plan'...2024-12-04 06:30:41,831 - WARNING - Missing required environment variables: SLACK_API_TOKEN, SLACK_CHANNEL_ID2024-12-04 06:30:41,832 - INFO - Using module path: /workspace/shaked-kubiya-ai-plan/terraform-aws-sqs2024-12-04 06:30:41,832 - INFO - ⚙️ Initializing Terraform...2024-12-04 06:30:41,832 - INFO - 🔄 Running command in /workspace/shaked-kubiya-ai-plan/terraform-aws-sqs: terraform init[0m[1mInitializing the backend...[0m[0m[1mInitializing provider plugins...[0m- Finding hashicorp/aws versions matching ">= 4.36.0"...- Installing hashicorp/aws v5.79.0...- Installed hashicorp/aws v5.79.0 (signed by HashiCorp)Terraform has created a lock file [1m.terraform.lock.hcl[0m to record the providerselections it made above. Include this file in your version control repositoryso that Terraform can guarantee to make the same selections by default whenyou run "terraform init" in the future.[0m[0m[1m[32mTerraform has been successfully initialized![0m[32m[0m2024-12-04 06:30:46,124 - INFO - 📋 Generating Terraform plan...2024-12-04 06:30:46,125 - INFO - 🔄 Running command in /workspace/shaked-kubiya-ai-plan/terraform-aws-sqs: terraform plan -no-color2024-12-04 06:30:49,151 - INFO - ✅ Terraform plan completed successfully.data.aws_region.current: Reading...data.aws_caller_identity.current: Reading...data.aws_region.current: Read complete after 0s [id=us-east-1]data.aws_caller_identity.current: Read complete after 0s [id=564407622114]Terraform used the selected providers to generate the following executionplan. Resource actions are indicated with the following symbols:  + createTerraform will perform the following actions:  # aws_sqs_queue.this[0] will be created  + resource "aws_sqs_queue" "this" {      + arn                               = (known after apply) Error: SessionID: Timestamp:2024-12-04T08:30:49+02:00 SenderName:Bot Type:tool_output Message: MessageID:737901 Final:false Status:}
2024/12/04 08:30:49 chat.go:219: Sending message: {Content:📦 Installing system dependencies...📦 Installing Terraform 1.10.0...✅ Successfully installed Terraform 1.10.0🔧 Using workspace name: shaked-kubiya-ai-plan📦 Cloning module repository...Cloning into '/workspace/shaked-kubiya-ai-plan/terraform-aws-sqs'...Checking for Terraform files in /workspace/shaked-kubiya-ai-plan/terraform-aws-sqsFound 4 Terraform files in module directory📍 Working in directory: /workspace/shaked-kubiya-ai-plan/terraform-aws-sqsTerraform files in working directory:-rw-r--r--    1 root     root          8786 Dec  4 06:30 main.tf-rw-r--r--    1 root     root          2133 Dec  4 06:30 outputs.tf-rw-r--r--    1 root     root          8829 Dec  4 06:30 variables.tf-rw-r--r--    1 root     root           148 Dec  4 06:30 versions.tf📦 Setting up Python environment...📦 Installing package and dependencies...Obtaining file:///opt/scripts  Preparing metadata (setup.py): started  Preparing metadata (setup.py): finished with status 'done'Collecting slack-sdk  Using cached slack_sdk-3.33.4-py2.py3-none-any.whl (292 kB)Collecting pydantic  Using cached pydantic-2.10.3-py3-none-any.whl (456 kB)Collecting pyyaml  Using cached PyYAML-6.0.2-cp39-cp39-musllinux_1_1_x86_64.whl (723 kB)Collecting requests  Using cached requests-2.32.3-py3-none-any.whl (64 kB)Collecting pydantic-core==2.27.1  Using cached pydantic_core-2.27.1-cp39-cp39-musllinux_1_1_x86_64.whl (2.1 MB)Collecting annotated-types>=0.6.0  Using cached annotated_types-0.7.0-py3-none-any.whl (13 kB)Collecting typing-extensions>=4.12.2  Using cached typing_extensions-4.12.2-py3-none-any.whl (37 kB)Collecting certifi>=2017.4.17  Using cached certifi-2024.8.30-py3-none-any.whl (167 kB)Collecting urllib3<3,>=1.21.1  Using cached urllib3-2.2.3-py3-none-any.whl (126 kB)Collecting charset-normalizer<4,>=2  Using cached charset_normalizer-3.4.0-cp39-cp39-musllinux_1_2_x86_64.whl (145 kB)Collecting idna<4,>=2.5  Using cached idna-3.10-py3-none-any.whl (70 kB)Installing collected packages: urllib3, typing-extensions, slack-sdk, pyyaml, idna, charset-normalizer, certifi, annotated-types, requests, pydantic-core, pydantic, terraform-tools  Running setup.py develop for terraform-toolsSuccessfully installed annotated-types-0.7.0 certifi-2024.8.30 charset-normalizer-3.4.0 idna-3.10 pydantic-2.10.3 pydantic-core-2.27.1 pyyaml-6.0.2 requests-2.32.3 slack-sdk-3.33.4 terraform-tools-0.1.0 typing-extensions-4.12.2 urllib3-2.2.3WARNING: Running pip as the 'root' user can result in broken permissions and conflicting behaviour with the system package manager. It is recommended to use a virtual environment instead: https://pip.pypa.io/warnings/venvWARNING: There was an error checking the latest version of pip.🔧 Preparing terraform variables...2024-12-04 06:30:41,732 - INFO - 🚀 Starting tfvars preparation...2024-12-04 06:30:41,732 - INFO - 📝 Creating terraform.tfvars.json at /workspace/shaked-kubiya-ai-plan/terraform-aws-sqs/terraform.tfvars.json2024-12-04 06:30:41,733 - INFO - ✅ Successfully prepared terraform.tfvars.json🚀 Running Terraform plan...2024-12-04 06:30:41,831 - INFO - 🚀 Starting Terraform plan for workspace 'shaked-kubiya-ai-plan'...2024-12-04 06:30:41,831 - WARNING - Missing required environment variables: SLACK_API_TOKEN, SLACK_CHANNEL_ID2024-12-04 06:30:41,832 - INFO - Using module path: /workspace/shaked-kubiya-ai-plan/terraform-aws-sqs2024-12-04 06:30:41,832 - INFO - ⚙️ Initializing Terraform...2024-12-04 06:30:41,832 - INFO - 🔄 Running command in /workspace/shaked-kubiya-ai-plan/terraform-aws-sqs: terraform init[0m[1mInitializing the backend...[0m[0m[1mInitializing provider plugins...[0m- Finding hashicorp/aws versions matching ">= 4.36.0"...- Installing hashicorp/aws v5.79.0...- Installed hashicorp/aws v5.79.0 (signed by HashiCorp)Terraform has created a lock file [1m.terraform.lock.hcl[0m to record the providerselections it made above. Include this file in your version control repositoryso that Terraform can guarantee to make the same selections by default whenyou run "terraform init" in the future.[0m[0m[1m[32mTerraform has been successfully initialized![0m[32m[0m2024-12-04 06:30:46,124 - INFO - 📋 Generating Terraform plan...2024-12-04 06:30:46,125 - INFO - 🔄 Running command in /workspace/shaked-kubiya-ai-plan/terraform-aws-sqs: terraform plan -no-color2024-12-04 06:30:49,151 - INFO - ✅ Terraform plan completed successfully.data.aws_region.current: Reading...data.aws_caller_identity.current: Reading...data.aws_region.current: Read complete after 0s [id=us-east-1]data.aws_caller_identity.current: Read complete after 0s [id=564407622114]Terraform used the selected providers to generate the following executionplan. Resource actions are indicated with the following symbols:  + createTerraform will perform the following actions:  # aws_sqs_queue.this[0] will be created  + resource "aws_sqs_queue" "this" {      + arn                               = (known after apply)      + content_based_deduplication       = false Error: SessionID: Timestamp:2024-12-04T08:30:49+02:00 SenderName:Bot Type:tool_output Message: MessageID:737901 Final:false Status:}
2024/12/04 08:30:49 chat.go:219: Sending message: {Content:📦 Installing system dependencies...📦 Installing Terraform 1.10.0...✅ Successfully installed Terraform 1.10.0🔧 Using workspace name: shaked-kubiya-ai-plan📦 Cloning module repository...Cloning into '/workspace/shaked-kubiya-ai-plan/terraform-aws-sqs'...Checking for Terraform files in /workspace/shaked-kubiya-ai-plan/terraform-aws-sqsFound 4 Terraform files in module directory📍 Working in directory: /workspace/shaked-kubiya-ai-plan/terraform-aws-sqsTerraform files in working directory:-rw-r--r--    1 root     root          8786 Dec  4 06:30 main.tf-rw-r--r--    1 root     root          2133 Dec  4 06:30 outputs.tf-rw-r--r--    1 root     root          8829 Dec  4 06:30 variables.tf-rw-r--r--    1 root     root           148 Dec  4 06:30 versions.tf📦 Setting up Python environment...📦 Installing package and dependencies...Obtaining file:///opt/scripts  Preparing metadata (setup.py): started  Preparing metadata (setup.py): finished with status 'done'Collecting slack-sdk  Using cached slack_sdk-3.33.4-py2.py3-none-any.whl (292 kB)Collecting pydantic  Using cached pydantic-2.10.3-py3-none-any.whl (456 kB)Collecting pyyaml  Using cached PyYAML-6.0.2-cp39-cp39-musllinux_1_1_x86_64.whl (723 kB)Collecting requests  Using cached requests-2.32.3-py3-none-any.whl (64 kB)Collecting pydantic-core==2.27.1  Using cached pydantic_core-2.27.1-cp39-cp39-musllinux_1_1_x86_64.whl (2.1 MB)Collecting annotated-types>=0.6.0  Using cached annotated_types-0.7.0-py3-none-any.whl (13 kB)Collecting typing-extensions>=4.12.2  Using cached typing_extensions-4.12.2-py3-none-any.whl (37 kB)Collecting certifi>=2017.4.17  Using cached certifi-2024.8.30-py3-none-any.whl (167 kB)Collecting urllib3<3,>=1.21.1  Using cached urllib3-2.2.3-py3-none-any.whl (126 kB)Collecting charset-normalizer<4,>=2  Using cached charset_normalizer-3.4.0-cp39-cp39-musllinux_1_2_x86_64.whl (145 kB)Collecting idna<4,>=2.5  Using cached idna-3.10-py3-none-any.whl (70 kB)Installing collected packages: urllib3, typing-extensions, slack-sdk, pyyaml, idna, charset-normalizer, certifi, annotated-types, requests, pydantic-core, pydantic, terraform-tools  Running setup.py develop for terraform-toolsSuccessfully installed annotated-types-0.7.0 certifi-2024.8.30 charset-normalizer-3.4.0 idna-3.10 pydantic-2.10.3 pydantic-core-2.27.1 pyyaml-6.0.2 requests-2.32.3 slack-sdk-3.33.4 terraform-tools-0.1.0 typing-extensions-4.12.2 urllib3-2.2.3WARNING: Running pip as the 'root' user can result in broken permissions and conflicting behaviour with the system package manager. It is recommended to use a virtual environment instead: https://pip.pypa.io/warnings/venvWARNING: There was an error checking the latest version of pip.🔧 Preparing terraform variables...2024-12-04 06:30:41,732 - INFO - 🚀 Starting tfvars preparation...2024-12-04 06:30:41,732 - INFO - 📝 Creating terraform.tfvars.json at /workspace/shaked-kubiya-ai-plan/terraform-aws-sqs/terraform.tfvars.json2024-12-04 06:30:41,733 - INFO - ✅ Successfully prepared terraform.tfvars.json🚀 Running Terraform plan...2024-12-04 06:30:41,831 - INFO - 🚀 Starting Terraform plan for workspace 'shaked-kubiya-ai-plan'...2024-12-04 06:30:41,831 - WARNING - Missing required environment variables: SLACK_API_TOKEN, SLACK_CHANNEL_ID2024-12-04 06:30:41,832 - INFO - Using module path: /workspace/shaked-kubiya-ai-plan/terraform-aws-sqs2024-12-04 06:30:41,832 - INFO - ⚙️ Initializing Terraform...2024-12-04 06:30:41,832 - INFO - 🔄 Running command in /workspace/shaked-kubiya-ai-plan/terraform-aws-sqs: terraform init[0m[1mInitializing the backend...[0m[0m[1mInitializing provider plugins...[0m- Finding hashicorp/aws versions matching ">= 4.36.0"...- Installing hashicorp/aws v5.79.0...- Installed hashicorp/aws v5.79.0 (signed by HashiCorp)Terraform has created a lock file [1m.terraform.lock.hcl[0m to record the providerselections it made above. Include this file in your version control repositoryso that Terraform can guarantee to make the same selections by default whenyou run "terraform init" in the future.[0m[0m[1m[32mTerraform has been successfully initialized![0m[32m[0m2024-12-04 06:30:46,124 - INFO - 📋 Generating Terraform plan...2024-12-04 06:30:46,125 - INFO - 🔄 Running command in /workspace/shaked-kubiya-ai-plan/terraform-aws-sqs: terraform plan -no-color2024-12-04 06:30:49,151 - INFO - ✅ Terraform plan completed successfully.data.aws_region.current: Reading...data.aws_caller_identity.current: Reading...data.aws_region.current: Read complete after 0s [id=us-east-1]data.aws_caller_identity.current: Read complete after 0s [id=564407622114]Terraform used the selected providers to generate the following executionplan. Resource actions are indicated with the following symbols:  + createTerraform will perform the following actions:  # aws_sqs_queue.this[0] will be created  + resource "aws_sqs_queue" "this" {      + arn                               = (known after apply)      + content_based_deduplication       = false      + deduplication_scope               = (known after apply) Error: SessionID: Timestamp:2024-12-04T08:30:49+02:00 SenderName:Bot Type:tool_output Message: MessageID:737901 Final:false Status:}
2024/12/04 08:30:49 chat.go:219: Sending message: {Content:📦 Installing system dependencies...📦 Installing Terraform 1.10.0...✅ Successfully installed Terraform 1.10.0🔧 Using workspace name: shaked-kubiya-ai-plan📦 Cloning module repository...Cloning into '/workspace/shaked-kubiya-ai-plan/terraform-aws-sqs'...Checking for Terraform files in /workspace/shaked-kubiya-ai-plan/terraform-aws-sqsFound 4 Terraform files in module directory📍 Working in directory: /workspace/shaked-kubiya-ai-plan/terraform-aws-sqsTerraform files in working directory:-rw-r--r--    1 root     root          8786 Dec  4 06:30 main.tf-rw-r--r--    1 root     root          2133 Dec  4 06:30 outputs.tf-rw-r--r--    1 root     root          8829 Dec  4 06:30 variables.tf-rw-r--r--    1 root     root           148 Dec  4 06:30 versions.tf📦 Setting up Python environment...📦 Installing package and dependencies...Obtaining file:///opt/scripts  Preparing metadata (setup.py): started  Preparing metadata (setup.py): finished with status 'done'Collecting slack-sdk  Using cached slack_sdk-3.33.4-py2.py3-none-any.whl (292 kB)Collecting pydantic  Using cached pydantic-2.10.3-py3-none-any.whl (456 kB)Collecting pyyaml  Using cached PyYAML-6.0.2-cp39-cp39-musllinux_1_1_x86_64.whl (723 kB)Collecting requests  Using cached requests-2.32.3-py3-none-any.whl (64 kB)Collecting pydantic-core==2.27.1  Using cached pydantic_core-2.27.1-cp39-cp39-musllinux_1_1_x86_64.whl (2.1 MB)Collecting annotated-types>=0.6.0  Using cached annotated_types-0.7.0-py3-none-any.whl (13 kB)Collecting typing-extensions>=4.12.2  Using cached typing_extensions-4.12.2-py3-none-any.whl (37 kB)Collecting certifi>=2017.4.17  Using cached certifi-2024.8.30-py3-none-any.whl (167 kB)Collecting urllib3<3,>=1.21.1  Using cached urllib3-2.2.3-py3-none-any.whl (126 kB)Collecting charset-normalizer<4,>=2  Using cached charset_normalizer-3.4.0-cp39-cp39-musllinux_1_2_x86_64.whl (145 kB)Collecting idna<4,>=2.5  Using cached idna-3.10-py3-none-any.whl (70 kB)Installing collected packages: urllib3, typing-extensions, slack-sdk, pyyaml, idna, charset-normalizer, certifi, annotated-types, requests, pydantic-core, pydantic, terraform-tools  Running setup.py develop for terraform-toolsSuccessfully installed annotated-types-0.7.0 certifi-2024.8.30 charset-normalizer-3.4.0 idna-3.10 pydantic-2.10.3 pydantic-core-2.27.1 pyyaml-6.0.2 requests-2.32.3 slack-sdk-3.33.4 terraform-tools-0.1.0 typing-extensions-4.12.2 urllib3-2.2.3WARNING: Running pip as the 'root' user can result in broken permissions and conflicting behaviour with the system package manager. It is recommended to use a virtual environment instead: https://pip.pypa.io/warnings/venvWARNING: There was an error checking the latest version of pip.🔧 Preparing terraform variables...2024-12-04 06:30:41,732 - INFO - 🚀 Starting tfvars preparation...2024-12-04 06:30:41,732 - INFO - 📝 Creating terraform.tfvars.json at /workspace/shaked-kubiya-ai-plan/terraform-aws-sqs/terraform.tfvars.json2024-12-04 06:30:41,733 - INFO - ✅ Successfully prepared terraform.tfvars.json🚀 Running Terraform plan...2024-12-04 06:30:41,831 - INFO - 🚀 Starting Terraform plan for workspace 'shaked-kubiya-ai-plan'...2024-12-04 06:30:41,831 - WARNING - Missing required environment variables: SLACK_API_TOKEN, SLACK_CHANNEL_ID2024-12-04 06:30:41,832 - INFO - Using module path: /workspace/shaked-kubiya-ai-plan/terraform-aws-sqs2024-12-04 06:30:41,832 - INFO - ⚙️ Initializing Terraform...2024-12-04 06:30:41,832 - INFO - 🔄 Running command in /workspace/shaked-kubiya-ai-plan/terraform-aws-sqs: terraform init[0m[1mInitializing the backend...[0m[0m[1mInitializing provider plugins...[0m- Finding hashicorp/aws versions matching ">= 4.36.0"...- Installing hashicorp/aws v5.79.0...- Installed hashicorp/aws v5.79.0 (signed by HashiCorp)Terraform has created a lock file [1m.terraform.lock.hcl[0m to record the providerselections it made above. Include this file in your version control repositoryso that Terraform can guarantee to make the same selections by default whenyou run "terraform init" in the future.[0m[0m[1m[32mTerraform has been successfully initialized![0m[32m[0m2024-12-04 06:30:46,124 - INFO - 📋 Generating Terraform plan...2024-12-04 06:30:46,125 - INFO - 🔄 Running command in /workspace/shaked-kubiya-ai-plan/terraform-aws-sqs: terraform plan -no-color2024-12-04 06:30:49,151 - INFO - ✅ Terraform plan completed successfully.data.aws_region.current: Reading...data.aws_caller_identity.current: Reading...data.aws_region.current: Read complete after 0s [id=us-east-1]data.aws_caller_identity.current: Read complete after 0s [id=564407622114]Terraform used the selected providers to generate the following executionplan. Resource actions are indicated with the following symbols:  + createTerraform will perform the following actions:  # aws_sqs_queue.this[0] will be created  + resource "aws_sqs_queue" "this" {      + arn                               = (known after apply)      + content_based_deduplication       = false      + deduplication_scope               = (known after apply)      + delay_seconds                     = 0 Error: SessionID: Timestamp:2024-12-04T08:30:49+02:00 SenderName:Bot Type:tool_output Message: MessageID:737901 Final:false Status:}
2024/12/04 08:30:49 chat.go:219: Sending message: {Content:📦 Installing system dependencies...📦 Installing Terraform 1.10.0...✅ Successfully installed Terraform 1.10.0🔧 Using workspace name: shaked-kubiya-ai-plan📦 Cloning module repository...Cloning into '/workspace/shaked-kubiya-ai-plan/terraform-aws-sqs'...Checking for Terraform files in /workspace/shaked-kubiya-ai-plan/terraform-aws-sqsFound 4 Terraform files in module directory📍 Working in directory: /workspace/shaked-kubiya-ai-plan/terraform-aws-sqsTerraform files in working directory:-rw-r--r--    1 root     root          8786 Dec  4 06:30 main.tf-rw-r--r--    1 root     root          2133 Dec  4 06:30 outputs.tf-rw-r--r--    1 root     root          8829 Dec  4 06:30 variables.tf-rw-r--r--    1 root     root           148 Dec  4 06:30 versions.tf📦 Setting up Python environment...📦 Installing package and dependencies...Obtaining file:///opt/scripts  Preparing metadata (setup.py): started  Preparing metadata (setup.py): finished with status 'done'Collecting slack-sdk  Using cached slack_sdk-3.33.4-py2.py3-none-any.whl (292 kB)Collecting pydantic  Using cached pydantic-2.10.3-py3-none-any.whl (456 kB)Collecting pyyaml  Using cached PyYAML-6.0.2-cp39-cp39-musllinux_1_1_x86_64.whl (723 kB)Collecting requests  Using cached requests-2.32.3-py3-none-any.whl (64 kB)Collecting pydantic-core==2.27.1  Using cached pydantic_core-2.27.1-cp39-cp39-musllinux_1_1_x86_64.whl (2.1 MB)Collecting annotated-types>=0.6.0  Using cached annotated_types-0.7.0-py3-none-any.whl (13 kB)Collecting typing-extensions>=4.12.2  Using cached typing_extensions-4.12.2-py3-none-any.whl (37 kB)Collecting certifi>=2017.4.17  Using cached certifi-2024.8.30-py3-none-any.whl (167 kB)Collecting urllib3<3,>=1.21.1  Using cached urllib3-2.2.3-py3-none-any.whl (126 kB)Collecting charset-normalizer<4,>=2  Using cached charset_normalizer-3.4.0-cp39-cp39-musllinux_1_2_x86_64.whl (145 kB)Collecting idna<4,>=2.5  Using cached idna-3.10-py3-none-any.whl (70 kB)Installing collected packages: urllib3, typing-extensions, slack-sdk, pyyaml, idna, charset-normalizer, certifi, annotated-types, requests, pydantic-core, pydantic, terraform-tools  Running setup.py develop for terraform-toolsSuccessfully installed annotated-types-0.7.0 certifi-2024.8.30 charset-normalizer-3.4.0 idna-3.10 pydantic-2.10.3 pydantic-core-2.27.1 pyyaml-6.0.2 requests-2.32.3 slack-sdk-3.33.4 terraform-tools-0.1.0 typing-extensions-4.12.2 urllib3-2.2.3WARNING: Running pip as the 'root' user can result in broken permissions and conflicting behaviour with the system package manager. It is recommended to use a virtual environment instead: https://pip.pypa.io/warnings/venvWARNING: There was an error checking the latest version of pip.🔧 Preparing terraform variables...2024-12-04 06:30:41,732 - INFO - 🚀 Starting tfvars preparation...2024-12-04 06:30:41,732 - INFO - 📝 Creating terraform.tfvars.json at /workspace/shaked-kubiya-ai-plan/terraform-aws-sqs/terraform.tfvars.json2024-12-04 06:30:41,733 - INFO - ✅ Successfully prepared terraform.tfvars.json🚀 Running Terraform plan...2024-12-04 06:30:41,831 - INFO - 🚀 Starting Terraform plan for workspace 'shaked-kubiya-ai-plan'...2024-12-04 06:30:41,831 - WARNING - Missing required environment variables: SLACK_API_TOKEN, SLACK_CHANNEL_ID2024-12-04 06:30:41,832 - INFO - Using module path: /workspace/shaked-kubiya-ai-plan/terraform-aws-sqs2024-12-04 06:30:41,832 - INFO - ⚙️ Initializing Terraform...2024-12-04 06:30:41,832 - INFO - 🔄 Running command in /workspace/shaked-kubiya-ai-plan/terraform-aws-sqs: terraform init[0m[1mInitializing the backend...[0m[0m[1mInitializing provider plugins...[0m- Finding hashicorp/aws versions matching ">= 4.36.0"...- Installing hashicorp/aws v5.79.0...- Installed hashicorp/aws v5.79.0 (signed by HashiCorp)Terraform has created a lock file [1m.terraform.lock.hcl[0m to record the providerselections it made above. Include this file in your version control repositoryso that Terraform can guarantee to make the same selections by default whenyou run "terraform init" in the future.[0m[0m[1m[32mTerraform has been successfully initialized![0m[32m[0m2024-12-04 06:30:46,124 - INFO - 📋 Generating Terraform plan...2024-12-04 06:30:46,125 - INFO - 🔄 Running command in /workspace/shaked-kubiya-ai-plan/terraform-aws-sqs: terraform plan -no-color2024-12-04 06:30:49,151 - INFO - ✅ Terraform plan completed successfully.data.aws_region.current: Reading...data.aws_caller_identity.current: Reading...data.aws_region.current: Read complete after 0s [id=us-east-1]data.aws_caller_identity.current: Read complete after 0s [id=564407622114]Terraform used the selected providers to generate the following executionplan. Resource actions are indicated with the following symbols:  + createTerraform will perform the following actions:  # aws_sqs_queue.this[0] will be created  + resource "aws_sqs_queue" "this" {      + arn                               = (known after apply)      + content_based_deduplication       = false      + deduplication_scope               = (known after apply)      + delay_seconds                     = 0      + fifo_queue                        = false Error: SessionID: Timestamp:2024-12-04T08:30:49+02:00 SenderName:Bot Type:tool_output Message: MessageID:737901 Final:false Status:}
2024/12/04 08:30:49 chat.go:219: Sending message: {Content:📦 Installing system dependencies...📦 Installing Terraform 1.10.0...✅ Successfully installed Terraform 1.10.0🔧 Using workspace name: shaked-kubiya-ai-plan📦 Cloning module repository...Cloning into '/workspace/shaked-kubiya-ai-plan/terraform-aws-sqs'...Checking for Terraform files in /workspace/shaked-kubiya-ai-plan/terraform-aws-sqsFound 4 Terraform files in module directory📍 Working in directory: /workspace/shaked-kubiya-ai-plan/terraform-aws-sqsTerraform files in working directory:-rw-r--r--    1 root     root          8786 Dec  4 06:30 main.tf-rw-r--r--    1 root     root          2133 Dec  4 06:30 outputs.tf-rw-r--r--    1 root     root          8829 Dec  4 06:30 variables.tf-rw-r--r--    1 root     root           148 Dec  4 06:30 versions.tf📦 Setting up Python environment...📦 Installing package and dependencies...Obtaining file:///opt/scripts  Preparing metadata (setup.py): started  Preparing metadata (setup.py): finished with status 'done'Collecting slack-sdk  Using cached slack_sdk-3.33.4-py2.py3-none-any.whl (292 kB)Collecting pydantic  Using cached pydantic-2.10.3-py3-none-any.whl (456 kB)Collecting pyyaml  Using cached PyYAML-6.0.2-cp39-cp39-musllinux_1_1_x86_64.whl (723 kB)Collecting requests  Using cached requests-2.32.3-py3-none-any.whl (64 kB)Collecting pydantic-core==2.27.1  Using cached pydantic_core-2.27.1-cp39-cp39-musllinux_1_1_x86_64.whl (2.1 MB)Collecting annotated-types>=0.6.0  Using cached annotated_types-0.7.0-py3-none-any.whl (13 kB)Collecting typing-extensions>=4.12.2  Using cached typing_extensions-4.12.2-py3-none-any.whl (37 kB)Collecting certifi>=2017.4.17  Using cached certifi-2024.8.30-py3-none-any.whl (167 kB)Collecting urllib3<3,>=1.21.1  Using cached urllib3-2.2.3-py3-none-any.whl (126 kB)Collecting charset-normalizer<4,>=2  Using cached charset_normalizer-3.4.0-cp39-cp39-musllinux_1_2_x86_64.whl (145 kB)Collecting idna<4,>=2.5  Using cached idna-3.10-py3-none-any.whl (70 kB)Installing collected packages: urllib3, typing-extensions, slack-sdk, pyyaml, idna, charset-normalizer, certifi, annotated-types, requests, pydantic-core, pydantic, terraform-tools  Running setup.py develop for terraform-toolsSuccessfully installed annotated-types-0.7.0 certifi-2024.8.30 charset-normalizer-3.4.0 idna-3.10 pydantic-2.10.3 pydantic-core-2.27.1 pyyaml-6.0.2 requests-2.32.3 slack-sdk-3.33.4 terraform-tools-0.1.0 typing-extensions-4.12.2 urllib3-2.2.3WARNING: Running pip as the 'root' user can result in broken permissions and conflicting behaviour with the system package manager. It is recommended to use a virtual environment instead: https://pip.pypa.io/warnings/venvWARNING: There was an error checking the latest version of pip.🔧 Preparing terraform variables...2024-12-04 06:30:41,732 - INFO - 🚀 Starting tfvars preparation...2024-12-04 06:30:41,732 - INFO - 📝 Creating terraform.tfvars.json at /workspace/shaked-kubiya-ai-plan/terraform-aws-sqs/terraform.tfvars.json2024-12-04 06:30:41,733 - INFO - ✅ Successfully prepared terraform.tfvars.json🚀 Running Terraform plan...2024-12-04 06:30:41,831 - INFO - 🚀 Starting Terraform plan for workspace 'shaked-kubiya-ai-plan'...2024-12-04 06:30:41,831 - WARNING - Missing required environment variables: SLACK_API_TOKEN, SLACK_CHANNEL_ID2024-12-04 06:30:41,832 - INFO - Using module path: /workspace/shaked-kubiya-ai-plan/terraform-aws-sqs2024-12-04 06:30:41,832 - INFO - ⚙️ Initializing Terraform...2024-12-04 06:30:41,832 - INFO - 🔄 Running command in /workspace/shaked-kubiya-ai-plan/terraform-aws-sqs: terraform init[0m[1mInitializing the backend...[0m[0m[1mInitializing provider plugins...[0m- Finding hashicorp/aws versions matching ">= 4.36.0"...- Installing hashicorp/aws v5.79.0...- Installed hashicorp/aws v5.79.0 (signed by HashiCorp)Terraform has created a lock file [1m.terraform.lock.hcl[0m to record the providerselections it made above. Include this file in your version control repositoryso that Terraform can guarantee to make the same selections by default whenyou run "terraform init" in the future.[0m[0m[1m[32mTerraform has been successfully initialized![0m[32m[0m2024-12-04 06:30:46,124 - INFO - 📋 Generating Terraform plan...2024-12-04 06:30:46,125 - INFO - 🔄 Running command in /workspace/shaked-kubiya-ai-plan/terraform-aws-sqs: terraform plan -no-color2024-12-04 06:30:49,151 - INFO - ✅ Terraform plan completed successfully.data.aws_region.current: Reading...data.aws_caller_identity.current: Reading...data.aws_region.current: Read complete after 0s [id=us-east-1]data.aws_caller_identity.current: Read complete after 0s [id=564407622114]Terraform used the selected providers to generate the following executionplan. Resource actions are indicated with the following symbols:  + createTerraform will perform the following actions:  # aws_sqs_queue.this[0] will be created  + resource "aws_sqs_queue" "this" {      + arn                               = (known after apply)      + content_based_deduplication       = false      + deduplication_scope               = (known after apply)      + delay_seconds                     = 0      + fifo_queue                        = false      + fifo_throughput_limit             = (known after apply) Error: SessionID: Timestamp:2024-12-04T08:30:49+02:00 SenderName:Bot Type:tool_output Message: MessageID:737901 Final:false Status:}
2024/12/04 08:30:49 chat.go:219: Sending message: {Content:📦 Installing system dependencies...📦 Installing Terraform 1.10.0...✅ Successfully installed Terraform 1.10.0🔧 Using workspace name: shaked-kubiya-ai-plan📦 Cloning module repository...Cloning into '/workspace/shaked-kubiya-ai-plan/terraform-aws-sqs'...Checking for Terraform files in /workspace/shaked-kubiya-ai-plan/terraform-aws-sqsFound 4 Terraform files in module directory📍 Working in directory: /workspace/shaked-kubiya-ai-plan/terraform-aws-sqsTerraform files in working directory:-rw-r--r--    1 root     root          8786 Dec  4 06:30 main.tf-rw-r--r--    1 root     root          2133 Dec  4 06:30 outputs.tf-rw-r--r--    1 root     root          8829 Dec  4 06:30 variables.tf-rw-r--r--    1 root     root           148 Dec  4 06:30 versions.tf📦 Setting up Python environment...📦 Installing package and dependencies...Obtaining file:///opt/scripts  Preparing metadata (setup.py): started  Preparing metadata (setup.py): finished with status 'done'Collecting slack-sdk  Using cached slack_sdk-3.33.4-py2.py3-none-any.whl (292 kB)Collecting pydantic  Using cached pydantic-2.10.3-py3-none-any.whl (456 kB)Collecting pyyaml  Using cached PyYAML-6.0.2-cp39-cp39-musllinux_1_1_x86_64.whl (723 kB)Collecting requests  Using cached requests-2.32.3-py3-none-any.whl (64 kB)Collecting pydantic-core==2.27.1  Using cached pydantic_core-2.27.1-cp39-cp39-musllinux_1_1_x86_64.whl (2.1 MB)Collecting annotated-types>=0.6.0  Using cached annotated_types-0.7.0-py3-none-any.whl (13 kB)Collecting typing-extensions>=4.12.2  Using cached typing_extensions-4.12.2-py3-none-any.whl (37 kB)Collecting certifi>=2017.4.17  Using cached certifi-2024.8.30-py3-none-any.whl (167 kB)Collecting urllib3<3,>=1.21.1  Using cached urllib3-2.2.3-py3-none-any.whl (126 kB)Collecting charset-normalizer<4,>=2  Using cached charset_normalizer-3.4.0-cp39-cp39-musllinux_1_2_x86_64.whl (145 kB)Collecting idna<4,>=2.5  Using cached idna-3.10-py3-none-any.whl (70 kB)Installing collected packages: urllib3, typing-extensions, slack-sdk, pyyaml, idna, charset-normalizer, certifi, annotated-types, requests, pydantic-core, pydantic, terraform-tools  Running setup.py develop for terraform-toolsSuccessfully installed annotated-types-0.7.0 certifi-2024.8.30 charset-normalizer-3.4.0 idna-3.10 pydantic-2.10.3 pydantic-core-2.27.1 pyyaml-6.0.2 requests-2.32.3 slack-sdk-3.33.4 terraform-tools-0.1.0 typing-extensions-4.12.2 urllib3-2.2.3WARNING: Running pip as the 'root' user can result in broken permissions and conflicting behaviour with the system package manager. It is recommended to use a virtual environment instead: https://pip.pypa.io/warnings/venvWARNING: There was an error checking the latest version of pip.🔧 Preparing terraform variables...2024-12-04 06:30:41,732 - INFO - 🚀 Starting tfvars preparation...2024-12-04 06:30:41,732 - INFO - 📝 Creating terraform.tfvars.json at /workspace/shaked-kubiya-ai-plan/terraform-aws-sqs/terraform.tfvars.json2024-12-04 06:30:41,733 - INFO - ✅ Successfully prepared terraform.tfvars.json🚀 Running Terraform plan...2024-12-04 06:30:41,831 - INFO - 🚀 Starting Terraform plan for workspace 'shaked-kubiya-ai-plan'...2024-12-04 06:30:41,831 - WARNING - Missing required environment variables: SLACK_API_TOKEN, SLACK_CHANNEL_ID2024-12-04 06:30:41,832 - INFO - Using module path: /workspace/shaked-kubiya-ai-plan/terraform-aws-sqs2024-12-04 06:30:41,832 - INFO - ⚙️ Initializing Terraform...2024-12-04 06:30:41,832 - INFO - 🔄 Running command in /workspace/shaked-kubiya-ai-plan/terraform-aws-sqs: terraform init[0m[1mInitializing the backend...[0m[0m[1mInitializing provider plugins...[0m- Finding hashicorp/aws versions matching ">= 4.36.0"...- Installing hashicorp/aws v5.79.0...- Installed hashicorp/aws v5.79.0 (signed by HashiCorp)Terraform has created a lock file [1m.terraform.lock.hcl[0m to record the providerselections it made above. Include this file in your version control repositoryso that Terraform can guarantee to make the same selections by default whenyou run "terraform init" in the future.[0m[0m[1m[32mTerraform has been successfully initialized![0m[32m[0m2024-12-04 06:30:46,124 - INFO - 📋 Generating Terraform plan...2024-12-04 06:30:46,125 - INFO - 🔄 Running command in /workspace/shaked-kubiya-ai-plan/terraform-aws-sqs: terraform plan -no-color2024-12-04 06:30:49,151 - INFO - ✅ Terraform plan completed successfully.data.aws_region.current: Reading...data.aws_caller_identity.current: Reading...data.aws_region.current: Read complete after 0s [id=us-east-1]data.aws_caller_identity.current: Read complete after 0s [id=564407622114]Terraform used the selected providers to generate the following executionplan. Resource actions are indicated with the following symbols:  + createTerraform will perform the following actions:  # aws_sqs_queue.this[0] will be created  + resource "aws_sqs_queue" "this" {      + arn                               = (known after apply)      + content_based_deduplication       = false      + deduplication_scope               = (known after apply)      + delay_seconds                     = 0      + fifo_queue                        = false      + fifo_throughput_limit             = (known after apply)      + id                                = (known after apply) Error: SessionID: Timestamp:2024-12-04T08:30:49+02:00 SenderName:Bot Type:tool_output Message: MessageID:737901 Final:false Status:}
2024/12/04 08:30:49 chat.go:219: Sending message: {Content:📦 Installing system dependencies...📦 Installing Terraform 1.10.0...✅ Successfully installed Terraform 1.10.0🔧 Using workspace name: shaked-kubiya-ai-plan📦 Cloning module repository...Cloning into '/workspace/shaked-kubiya-ai-plan/terraform-aws-sqs'...Checking for Terraform files in /workspace/shaked-kubiya-ai-plan/terraform-aws-sqsFound 4 Terraform files in module directory📍 Working in directory: /workspace/shaked-kubiya-ai-plan/terraform-aws-sqsTerraform files in working directory:-rw-r--r--    1 root     root          8786 Dec  4 06:30 main.tf-rw-r--r--    1 root     root          2133 Dec  4 06:30 outputs.tf-rw-r--r--    1 root     root          8829 Dec  4 06:30 variables.tf-rw-r--r--    1 root     root           148 Dec  4 06:30 versions.tf📦 Setting up Python environment...📦 Installing package and dependencies...Obtaining file:///opt/scripts  Preparing metadata (setup.py): started  Preparing metadata (setup.py): finished with status 'done'Collecting slack-sdk  Using cached slack_sdk-3.33.4-py2.py3-none-any.whl (292 kB)Collecting pydantic  Using cached pydantic-2.10.3-py3-none-any.whl (456 kB)Collecting pyyaml  Using cached PyYAML-6.0.2-cp39-cp39-musllinux_1_1_x86_64.whl (723 kB)Collecting requests  Using cached requests-2.32.3-py3-none-any.whl (64 kB)Collecting pydantic-core==2.27.1  Using cached pydantic_core-2.27.1-cp39-cp39-musllinux_1_1_x86_64.whl (2.1 MB)Collecting annotated-types>=0.6.0  Using cached annotated_types-0.7.0-py3-none-any.whl (13 kB)Collecting typing-extensions>=4.12.2  Using cached typing_extensions-4.12.2-py3-none-any.whl (37 kB)Collecting certifi>=2017.4.17  Using cached certifi-2024.8.30-py3-none-any.whl (167 kB)Collecting urllib3<3,>=1.21.1  Using cached urllib3-2.2.3-py3-none-any.whl (126 kB)Collecting charset-normalizer<4,>=2  Using cached charset_normalizer-3.4.0-cp39-cp39-musllinux_1_2_x86_64.whl (145 kB)Collecting idna<4,>=2.5  Using cached idna-3.10-py3-none-any.whl (70 kB)Installing collected packages: urllib3, typing-extensions, slack-sdk, pyyaml, idna, charset-normalizer, certifi, annotated-types, requests, pydantic-core, pydantic, terraform-tools  Running setup.py develop for terraform-toolsSuccessfully installed annotated-types-0.7.0 certifi-2024.8.30 charset-normalizer-3.4.0 idna-3.10 pydantic-2.10.3 pydantic-core-2.27.1 pyyaml-6.0.2 requests-2.32.3 slack-sdk-3.33.4 terraform-tools-0.1.0 typing-extensions-4.12.2 urllib3-2.2.3WARNING: Running pip as the 'root' user can result in broken permissions and conflicting behaviour with the system package manager. It is recommended to use a virtual environment instead: https://pip.pypa.io/warnings/venvWARNING: There was an error checking the latest version of pip.🔧 Preparing terraform variables...2024-12-04 06:30:41,732 - INFO - 🚀 Starting tfvars preparation...2024-12-04 06:30:41,732 - INFO - 📝 Creating terraform.tfvars.json at /workspace/shaked-kubiya-ai-plan/terraform-aws-sqs/terraform.tfvars.json2024-12-04 06:30:41,733 - INFO - ✅ Successfully prepared terraform.tfvars.json🚀 Running Terraform plan...2024-12-04 06:30:41,831 - INFO - 🚀 Starting Terraform plan for workspace 'shaked-kubiya-ai-plan'...2024-12-04 06:30:41,831 - WARNING - Missing required environment variables: SLACK_API_TOKEN, SLACK_CHANNEL_ID2024-12-04 06:30:41,832 - INFO - Using module path: /workspace/shaked-kubiya-ai-plan/terraform-aws-sqs2024-12-04 06:30:41,832 - INFO - ⚙️ Initializing Terraform...2024-12-04 06:30:41,832 - INFO - 🔄 Running command in /workspace/shaked-kubiya-ai-plan/terraform-aws-sqs: terraform init[0m[1mInitializing the backend...[0m[0m[1mInitializing provider plugins...[0m- Finding hashicorp/aws versions matching ">= 4.36.0"...- Installing hashicorp/aws v5.79.0...- Installed hashicorp/aws v5.79.0 (signed by HashiCorp)Terraform has created a lock file [1m.terraform.lock.hcl[0m to record the providerselections it made above. Include this file in your version control repositoryso that Terraform can guarantee to make the same selections by default whenyou run "terraform init" in the future.[0m[0m[1m[32mTerraform has been successfully initialized![0m[32m[0m2024-12-04 06:30:46,124 - INFO - 📋 Generating Terraform plan...2024-12-04 06:30:46,125 - INFO - 🔄 Running command in /workspace/shaked-kubiya-ai-plan/terraform-aws-sqs: terraform plan -no-color2024-12-04 06:30:49,151 - INFO - ✅ Terraform plan completed successfully.data.aws_region.current: Reading...data.aws_caller_identity.current: Reading...data.aws_region.current: Read complete after 0s [id=us-east-1]data.aws_caller_identity.current: Read complete after 0s [id=564407622114]Terraform used the selected providers to generate the following executionplan. Resource actions are indicated with the following symbols:  + createTerraform will perform the following actions:  # aws_sqs_queue.this[0] will be created  + resource "aws_sqs_queue" "this" {      + arn                               = (known after apply)      + content_based_deduplication       = false      + deduplication_scope               = (known after apply)      + delay_seconds                     = 0      + fifo_queue                        = false      + fifo_throughput_limit             = (known after apply)      + id                                = (known after apply)      + kms_data_key_reuse_period_seconds = (known after apply) Error: SessionID: Timestamp:2024-12-04T08:30:49+02:00 SenderName:Bot Type:tool_output Message: MessageID:737901 Final:false Status:}
2024/12/04 08:30:49 chat.go:219: Sending message: {Content:📦 Installing system dependencies...📦 Installing Terraform 1.10.0...✅ Successfully installed Terraform 1.10.0🔧 Using workspace name: shaked-kubiya-ai-plan📦 Cloning module repository...Cloning into '/workspace/shaked-kubiya-ai-plan/terraform-aws-sqs'...Checking for Terraform files in /workspace/shaked-kubiya-ai-plan/terraform-aws-sqsFound 4 Terraform files in module directory📍 Working in directory: /workspace/shaked-kubiya-ai-plan/terraform-aws-sqsTerraform files in working directory:-rw-r--r--    1 root     root          8786 Dec  4 06:30 main.tf-rw-r--r--    1 root     root          2133 Dec  4 06:30 outputs.tf-rw-r--r--    1 root     root          8829 Dec  4 06:30 variables.tf-rw-r--r--    1 root     root           148 Dec  4 06:30 versions.tf📦 Setting up Python environment...📦 Installing package and dependencies...Obtaining file:///opt/scripts  Preparing metadata (setup.py): started  Preparing metadata (setup.py): finished with status 'done'Collecting slack-sdk  Using cached slack_sdk-3.33.4-py2.py3-none-any.whl (292 kB)Collecting pydantic  Using cached pydantic-2.10.3-py3-none-any.whl (456 kB)Collecting pyyaml  Using cached PyYAML-6.0.2-cp39-cp39-musllinux_1_1_x86_64.whl (723 kB)Collecting requests  Using cached requests-2.32.3-py3-none-any.whl (64 kB)Collecting pydantic-core==2.27.1  Using cached pydantic_core-2.27.1-cp39-cp39-musllinux_1_1_x86_64.whl (2.1 MB)Collecting annotated-types>=0.6.0  Using cached annotated_types-0.7.0-py3-none-any.whl (13 kB)Collecting typing-extensions>=4.12.2  Using cached typing_extensions-4.12.2-py3-none-any.whl (37 kB)Collecting certifi>=2017.4.17  Using cached certifi-2024.8.30-py3-none-any.whl (167 kB)Collecting urllib3<3,>=1.21.1  Using cached urllib3-2.2.3-py3-none-any.whl (126 kB)Collecting charset-normalizer<4,>=2  Using cached charset_normalizer-3.4.0-cp39-cp39-musllinux_1_2_x86_64.whl (145 kB)Collecting idna<4,>=2.5  Using cached idna-3.10-py3-none-any.whl (70 kB)Installing collected packages: urllib3, typing-extensions, slack-sdk, pyyaml, idna, charset-normalizer, certifi, annotated-types, requests, pydantic-core, pydantic, terraform-tools  Running setup.py develop for terraform-toolsSuccessfully installed annotated-types-0.7.0 certifi-2024.8.30 charset-normalizer-3.4.0 idna-3.10 pydantic-2.10.3 pydantic-core-2.27.1 pyyaml-6.0.2 requests-2.32.3 slack-sdk-3.33.4 terraform-tools-0.1.0 typing-extensions-4.12.2 urllib3-2.2.3WARNING: Running pip as the 'root' user can result in broken permissions and conflicting behaviour with the system package manager. It is recommended to use a virtual environment instead: https://pip.pypa.io/warnings/venvWARNING: There was an error checking the latest version of pip.🔧 Preparing terraform variables...2024-12-04 06:30:41,732 - INFO - 🚀 Starting tfvars preparation...2024-12-04 06:30:41,732 - INFO - 📝 Creating terraform.tfvars.json at /workspace/shaked-kubiya-ai-plan/terraform-aws-sqs/terraform.tfvars.json2024-12-04 06:30:41,733 - INFO - ✅ Successfully prepared terraform.tfvars.json🚀 Running Terraform plan...2024-12-04 06:30:41,831 - INFO - 🚀 Starting Terraform plan for workspace 'shaked-kubiya-ai-plan'...2024-12-04 06:30:41,831 - WARNING - Missing required environment variables: SLACK_API_TOKEN, SLACK_CHANNEL_ID2024-12-04 06:30:41,832 - INFO - Using module path: /workspace/shaked-kubiya-ai-plan/terraform-aws-sqs2024-12-04 06:30:41,832 - INFO - ⚙️ Initializing Terraform...2024-12-04 06:30:41,832 - INFO - 🔄 Running command in /workspace/shaked-kubiya-ai-plan/terraform-aws-sqs: terraform init[0m[1mInitializing the backend...[0m[0m[1mInitializing provider plugins...[0m- Finding hashicorp/aws versions matching ">= 4.36.0"...- Installing hashicorp/aws v5.79.0...- Installed hashicorp/aws v5.79.0 (signed by HashiCorp)Terraform has created a lock file [1m.terraform.lock.hcl[0m to record the providerselections it made above. Include this file in your version control repositoryso that Terraform can guarantee to make the same selections by default whenyou run "terraform init" in the future.[0m[0m[1m[32mTerraform has been successfully initialized![0m[32m[0m2024-12-04 06:30:46,124 - INFO - 📋 Generating Terraform plan...2024-12-04 06:30:46,125 - INFO - 🔄 Running command in /workspace/shaked-kubiya-ai-plan/terraform-aws-sqs: terraform plan -no-color2024-12-04 06:30:49,151 - INFO - ✅ Terraform plan completed successfully.data.aws_region.current: Reading...data.aws_caller_identity.current: Reading...data.aws_region.current: Read complete after 0s [id=us-east-1]data.aws_caller_identity.current: Read complete after 0s [id=564407622114]Terraform used the selected providers to generate the following executionplan. Resource actions are indicated with the following symbols:  + createTerraform will perform the following actions:  # aws_sqs_queue.this[0] will be created  + resource "aws_sqs_queue" "this" {      + arn                               = (known after apply)      + content_based_deduplication       = false      + deduplication_scope               = (known after apply)      + delay_seconds                     = 0      + fifo_queue                        = false      + fifo_throughput_limit             = (known after apply)      + id                                = (known after apply)      + kms_data_key_reuse_period_seconds = (known after apply)      + max_message_size                  = 262144 Error: SessionID: Timestamp:2024-12-04T08:30:49+02:00 SenderName:Bot Type:tool_output Message: MessageID:737901 Final:false Status:}
2024/12/04 08:30:49 chat.go:219: Sending message: {Content:📦 Installing system dependencies...📦 Installing Terraform 1.10.0...✅ Successfully installed Terraform 1.10.0🔧 Using workspace name: shaked-kubiya-ai-plan📦 Cloning module repository...Cloning into '/workspace/shaked-kubiya-ai-plan/terraform-aws-sqs'...Checking for Terraform files in /workspace/shaked-kubiya-ai-plan/terraform-aws-sqsFound 4 Terraform files in module directory📍 Working in directory: /workspace/shaked-kubiya-ai-plan/terraform-aws-sqsTerraform files in working directory:-rw-r--r--    1 root     root          8786 Dec  4 06:30 main.tf-rw-r--r--    1 root     root          2133 Dec  4 06:30 outputs.tf-rw-r--r--    1 root     root          8829 Dec  4 06:30 variables.tf-rw-r--r--    1 root     root           148 Dec  4 06:30 versions.tf📦 Setting up Python environment...📦 Installing package and dependencies...Obtaining file:///opt/scripts  Preparing metadata (setup.py): started  Preparing metadata (setup.py): finished with status 'done'Collecting slack-sdk  Using cached slack_sdk-3.33.4-py2.py3-none-any.whl (292 kB)Collecting pydantic  Using cached pydantic-2.10.3-py3-none-any.whl (456 kB)Collecting pyyaml  Using cached PyYAML-6.0.2-cp39-cp39-musllinux_1_1_x86_64.whl (723 kB)Collecting requests  Using cached requests-2.32.3-py3-none-any.whl (64 kB)Collecting pydantic-core==2.27.1  Using cached pydantic_core-2.27.1-cp39-cp39-musllinux_1_1_x86_64.whl (2.1 MB)Collecting annotated-types>=0.6.0  Using cached annotated_types-0.7.0-py3-none-any.whl (13 kB)Collecting typing-extensions>=4.12.2  Using cached typing_extensions-4.12.2-py3-none-any.whl (37 kB)Collecting certifi>=2017.4.17  Using cached certifi-2024.8.30-py3-none-any.whl (167 kB)Collecting urllib3<3,>=1.21.1  Using cached urllib3-2.2.3-py3-none-any.whl (126 kB)Collecting charset-normalizer<4,>=2  Using cached charset_normalizer-3.4.0-cp39-cp39-musllinux_1_2_x86_64.whl (145 kB)Collecting idna<4,>=2.5  Using cached idna-3.10-py3-none-any.whl (70 kB)Installing collected packages: urllib3, typing-extensions, slack-sdk, pyyaml, idna, charset-normalizer, certifi, annotated-types, requests, pydantic-core, pydantic, terraform-tools  Running setup.py develop for terraform-toolsSuccessfully installed annotated-types-0.7.0 certifi-2024.8.30 charset-normalizer-3.4.0 idna-3.10 pydantic-2.10.3 pydantic-core-2.27.1 pyyaml-6.0.2 requests-2.32.3 slack-sdk-3.33.4 terraform-tools-0.1.0 typing-extensions-4.12.2 urllib3-2.2.3WARNING: Running pip as the 'root' user can result in broken permissions and conflicting behaviour with the system package manager. It is recommended to use a virtual environment instead: https://pip.pypa.io/warnings/venvWARNING: There was an error checking the latest version of pip.🔧 Preparing terraform variables...2024-12-04 06:30:41,732 - INFO - 🚀 Starting tfvars preparation...2024-12-04 06:30:41,732 - INFO - 📝 Creating terraform.tfvars.json at /workspace/shaked-kubiya-ai-plan/terraform-aws-sqs/terraform.tfvars.json2024-12-04 06:30:41,733 - INFO - ✅ Successfully prepared terraform.tfvars.json🚀 Running Terraform plan...2024-12-04 06:30:41,831 - INFO - 🚀 Starting Terraform plan for workspace 'shaked-kubiya-ai-plan'...2024-12-04 06:30:41,831 - WARNING - Missing required environment variables: SLACK_API_TOKEN, SLACK_CHANNEL_ID2024-12-04 06:30:41,832 - INFO - Using module path: /workspace/shaked-kubiya-ai-plan/terraform-aws-sqs2024-12-04 06:30:41,832 - INFO - ⚙️ Initializing Terraform...2024-12-04 06:30:41,832 - INFO - 🔄 Running command in /workspace/shaked-kubiya-ai-plan/terraform-aws-sqs: terraform init[0m[1mInitializing the backend...[0m[0m[1mInitializing provider plugins...[0m- Finding hashicorp/aws versions matching ">= 4.36.0"...- Installing hashicorp/aws v5.79.0...- Installed hashicorp/aws v5.79.0 (signed by HashiCorp)Terraform has created a lock file [1m.terraform.lock.hcl[0m to record the providerselections it made above. Include this file in your version control repositoryso that Terraform can guarantee to make the same selections by default whenyou run "terraform init" in the future.[0m[0m[1m[32mTerraform has been successfully initialized![0m[32m[0m2024-12-04 06:30:46,124 - INFO - 📋 Generating Terraform plan...2024-12-04 06:30:46,125 - INFO - 🔄 Running command in /workspace/shaked-kubiya-ai-plan/terraform-aws-sqs: terraform plan -no-color2024-12-04 06:30:49,151 - INFO - ✅ Terraform plan completed successfully.data.aws_region.current: Reading...data.aws_caller_identity.current: Reading...data.aws_region.current: Read complete after 0s [id=us-east-1]data.aws_caller_identity.current: Read complete after 0s [id=564407622114]Terraform used the selected providers to generate the following executionplan. Resource actions are indicated with the following symbols:  + createTerraform will perform the following actions:  # aws_sqs_queue.this[0] will be created  + resource "aws_sqs_queue" "this" {      + arn                               = (known after apply)      + content_based_deduplication       = false      + deduplication_scope               = (known after apply)      + delay_seconds                     = 0      + fifo_queue                        = false      + fifo_throughput_limit             = (known after apply)      + id                                = (known after apply)      + kms_data_key_reuse_period_seconds = (known after apply)      + max_message_size                  = 262144      + message_retention_seconds         = 345600 Error: SessionID: Timestamp:2024-12-04T08:30:49+02:00 SenderName:Bot Type:tool_output Message: MessageID:737901 Final:false Status:}
2024/12/04 08:30:49 chat.go:219: Sending message: {Content:📦 Installing system dependencies...📦 Installing Terraform 1.10.0...✅ Successfully installed Terraform 1.10.0🔧 Using workspace name: shaked-kubiya-ai-plan📦 Cloning module repository...Cloning into '/workspace/shaked-kubiya-ai-plan/terraform-aws-sqs'...Checking for Terraform files in /workspace/shaked-kubiya-ai-plan/terraform-aws-sqsFound 4 Terraform files in module directory📍 Working in directory: /workspace/shaked-kubiya-ai-plan/terraform-aws-sqsTerraform files in working directory:-rw-r--r--    1 root     root          8786 Dec  4 06:30 main.tf-rw-r--r--    1 root     root          2133 Dec  4 06:30 outputs.tf-rw-r--r--    1 root     root          8829 Dec  4 06:30 variables.tf-rw-r--r--    1 root     root           148 Dec  4 06:30 versions.tf📦 Setting up Python environment...📦 Installing package and dependencies...Obtaining file:///opt/scripts  Preparing metadata (setup.py): started  Preparing metadata (setup.py): finished with status 'done'Collecting slack-sdk  Using cached slack_sdk-3.33.4-py2.py3-none-any.whl (292 kB)Collecting pydantic  Using cached pydantic-2.10.3-py3-none-any.whl (456 kB)Collecting pyyaml  Using cached PyYAML-6.0.2-cp39-cp39-musllinux_1_1_x86_64.whl (723 kB)Collecting requests  Using cached requests-2.32.3-py3-none-any.whl (64 kB)Collecting pydantic-core==2.27.1  Using cached pydantic_core-2.27.1-cp39-cp39-musllinux_1_1_x86_64.whl (2.1 MB)Collecting annotated-types>=0.6.0  Using cached annotated_types-0.7.0-py3-none-any.whl (13 kB)Collecting typing-extensions>=4.12.2  Using cached typing_extensions-4.12.2-py3-none-any.whl (37 kB)Collecting certifi>=2017.4.17  Using cached certifi-2024.8.30-py3-none-any.whl (167 kB)Collecting urllib3<3,>=1.21.1  Using cached urllib3-2.2.3-py3-none-any.whl (126 kB)Collecting charset-normalizer<4,>=2  Using cached charset_normalizer-3.4.0-cp39-cp39-musllinux_1_2_x86_64.whl (145 kB)Collecting idna<4,>=2.5  Using cached idna-3.10-py3-none-any.whl (70 kB)Installing collected packages: urllib3, typing-extensions, slack-sdk, pyyaml, idna, charset-normalizer, certifi, annotated-types, requests, pydantic-core, pydantic, terraform-tools  Running setup.py develop for terraform-toolsSuccessfully installed annotated-types-0.7.0 certifi-2024.8.30 charset-normalizer-3.4.0 idna-3.10 pydantic-2.10.3 pydantic-core-2.27.1 pyyaml-6.0.2 requests-2.32.3 slack-sdk-3.33.4 terraform-tools-0.1.0 typing-extensions-4.12.2 urllib3-2.2.3WARNING: Running pip as the 'root' user can result in broken permissions and conflicting behaviour with the system package manager. It is recommended to use a virtual environment instead: https://pip.pypa.io/warnings/venvWARNING: There was an error checking the latest version of pip.🔧 Preparing terraform variables...2024-12-04 06:30:41,732 - INFO - 🚀 Starting tfvars preparation...2024-12-04 06:30:41,732 - INFO - 📝 Creating terraform.tfvars.json at /workspace/shaked-kubiya-ai-plan/terraform-aws-sqs/terraform.tfvars.json2024-12-04 06:30:41,733 - INFO - ✅ Successfully prepared terraform.tfvars.json🚀 Running Terraform plan...2024-12-04 06:30:41,831 - INFO - 🚀 Starting Terraform plan for workspace 'shaked-kubiya-ai-plan'...2024-12-04 06:30:41,831 - WARNING - Missing required environment variables: SLACK_API_TOKEN, SLACK_CHANNEL_ID2024-12-04 06:30:41,832 - INFO - Using module path: /workspace/shaked-kubiya-ai-plan/terraform-aws-sqs2024-12-04 06:30:41,832 - INFO - ⚙️ Initializing Terraform...2024-12-04 06:30:41,832 - INFO - 🔄 Running command in /workspace/shaked-kubiya-ai-plan/terraform-aws-sqs: terraform init[0m[1mInitializing the backend...[0m[0m[1mInitializing provider plugins...[0m- Finding hashicorp/aws versions matching ">= 4.36.0"...- Installing hashicorp/aws v5.79.0...- Installed hashicorp/aws v5.79.0 (signed by HashiCorp)Terraform has created a lock file [1m.terraform.lock.hcl[0m to record the providerselections it made above. Include this file in your version control repositoryso that Terraform can guarantee to make the same selections by default whenyou run "terraform init" in the future.[0m[0m[1m[32mTerraform has been successfully initialized![0m[32m[0m2024-12-04 06:30:46,124 - INFO - 📋 Generating Terraform plan...2024-12-04 06:30:46,125 - INFO - 🔄 Running command in /workspace/shaked-kubiya-ai-plan/terraform-aws-sqs: terraform plan -no-color2024-12-04 06:30:49,151 - INFO - ✅ Terraform plan completed successfully.data.aws_region.current: Reading...data.aws_caller_identity.current: Reading...data.aws_region.current: Read complete after 0s [id=us-east-1]data.aws_caller_identity.current: Read complete after 0s [id=564407622114]Terraform used the selected providers to generate the following executionplan. Resource actions are indicated with the following symbols:  + createTerraform will perform the following actions:  # aws_sqs_queue.this[0] will be created  + resource "aws_sqs_queue" "this" {      + arn                               = (known after apply)      + content_based_deduplication       = false      + deduplication_scope               = (known after apply)      + delay_seconds                     = 0      + fifo_queue                        = false      + fifo_throughput_limit             = (known after apply)      + id                                = (known after apply)      + kms_data_key_reuse_period_seconds = (known after apply)      + max_message_size                  = 262144      + message_retention_seconds         = 345600      + name                              = "blablabla" Error: SessionID: Timestamp:2024-12-04T08:30:49+02:00 SenderName:Bot Type:tool_output Message: MessageID:737901 Final:false Status:}
2024/12/04 08:30:49 chat.go:219: Sending message: {Content:📦 Installing system dependencies...📦 Installing Terraform 1.10.0...✅ Successfully installed Terraform 1.10.0🔧 Using workspace name: shaked-kubiya-ai-plan📦 Cloning module repository...Cloning into '/workspace/shaked-kubiya-ai-plan/terraform-aws-sqs'...Checking for Terraform files in /workspace/shaked-kubiya-ai-plan/terraform-aws-sqsFound 4 Terraform files in module directory📍 Working in directory: /workspace/shaked-kubiya-ai-plan/terraform-aws-sqsTerraform files in working directory:-rw-r--r--    1 root     root          8786 Dec  4 06:30 main.tf-rw-r--r--    1 root     root          2133 Dec  4 06:30 outputs.tf-rw-r--r--    1 root     root          8829 Dec  4 06:30 variables.tf-rw-r--r--    1 root     root           148 Dec  4 06:30 versions.tf📦 Setting up Python environment...📦 Installing package and dependencies...Obtaining file:///opt/scripts  Preparing metadata (setup.py): started  Preparing metadata (setup.py): finished with status 'done'Collecting slack-sdk  Using cached slack_sdk-3.33.4-py2.py3-none-any.whl (292 kB)Collecting pydantic  Using cached pydantic-2.10.3-py3-none-any.whl (456 kB)Collecting pyyaml  Using cached PyYAML-6.0.2-cp39-cp39-musllinux_1_1_x86_64.whl (723 kB)Collecting requests  Using cached requests-2.32.3-py3-none-any.whl (64 kB)Collecting pydantic-core==2.27.1  Using cached pydantic_core-2.27.1-cp39-cp39-musllinux_1_1_x86_64.whl (2.1 MB)Collecting annotated-types>=0.6.0  Using cached annotated_types-0.7.0-py3-none-any.whl (13 kB)Collecting typing-extensions>=4.12.2  Using cached typing_extensions-4.12.2-py3-none-any.whl (37 kB)Collecting certifi>=2017.4.17  Using cached certifi-2024.8.30-py3-none-any.whl (167 kB)Collecting urllib3<3,>=1.21.1  Using cached urllib3-2.2.3-py3-none-any.whl (126 kB)Collecting charset-normalizer<4,>=2  Using cached charset_normalizer-3.4.0-cp39-cp39-musllinux_1_2_x86_64.whl (145 kB)Collecting idna<4,>=2.5  Using cached idna-3.10-py3-none-any.whl (70 kB)Installing collected packages: urllib3, typing-extensions, slack-sdk, pyyaml, idna, charset-normalizer, certifi, annotated-types, requests, pydantic-core, pydantic, terraform-tools  Running setup.py develop for terraform-toolsSuccessfully installed annotated-types-0.7.0 certifi-2024.8.30 charset-normalizer-3.4.0 idna-3.10 pydantic-2.10.3 pydantic-core-2.27.1 pyyaml-6.0.2 requests-2.32.3 slack-sdk-3.33.4 terraform-tools-0.1.0 typing-extensions-4.12.2 urllib3-2.2.3WARNING: Running pip as the 'root' user can result in broken permissions and conflicting behaviour with the system package manager. It is recommended to use a virtual environment instead: https://pip.pypa.io/warnings/venvWARNING: There was an error checking the latest version of pip.🔧 Preparing terraform variables...2024-12-04 06:30:41,732 - INFO - 🚀 Starting tfvars preparation...2024-12-04 06:30:41,732 - INFO - 📝 Creating terraform.tfvars.json at /workspace/shaked-kubiya-ai-plan/terraform-aws-sqs/terraform.tfvars.json2024-12-04 06:30:41,733 - INFO - ✅ Successfully prepared terraform.tfvars.json🚀 Running Terraform plan...2024-12-04 06:30:41,831 - INFO - 🚀 Starting Terraform plan for workspace 'shaked-kubiya-ai-plan'...2024-12-04 06:30:41,831 - WARNING - Missing required environment variables: SLACK_API_TOKEN, SLACK_CHANNEL_ID2024-12-04 06:30:41,832 - INFO - Using module path: /workspace/shaked-kubiya-ai-plan/terraform-aws-sqs2024-12-04 06:30:41,832 - INFO - ⚙️ Initializing Terraform...2024-12-04 06:30:41,832 - INFO - 🔄 Running command in /workspace/shaked-kubiya-ai-plan/terraform-aws-sqs: terraform init[0m[1mInitializing the backend...[0m[0m[1mInitializing provider plugins...[0m- Finding hashicorp/aws versions matching ">= 4.36.0"...- Installing hashicorp/aws v5.79.0...- Installed hashicorp/aws v5.79.0 (signed by HashiCorp)Terraform has created a lock file [1m.terraform.lock.hcl[0m to record the providerselections it made above. Include this file in your version control repositoryso that Terraform can guarantee to make the same selections by default whenyou run "terraform init" in the future.[0m[0m[1m[32mTerraform has been successfully initialized![0m[32m[0m2024-12-04 06:30:46,124 - INFO - 📋 Generating Terraform plan...2024-12-04 06:30:46,125 - INFO - 🔄 Running command in /workspace/shaked-kubiya-ai-plan/terraform-aws-sqs: terraform plan -no-color2024-12-04 06:30:49,151 - INFO - ✅ Terraform plan completed successfully.data.aws_region.current: Reading...data.aws_caller_identity.current: Reading...data.aws_region.current: Read complete after 0s [id=us-east-1]data.aws_caller_identity.current: Read complete after 0s [id=564407622114]Terraform used the selected providers to generate the following executionplan. Resource actions are indicated with the following symbols:  + createTerraform will perform the following actions:  # aws_sqs_queue.this[0] will be created  + resource "aws_sqs_queue" "this" {      + arn                               = (known after apply)      + content_based_deduplication       = false      + deduplication_scope               = (known after apply)      + delay_seconds                     = 0      + fifo_queue                        = false      + fifo_throughput_limit             = (known after apply)      + id                                = (known after apply)      + kms_data_key_reuse_period_seconds = (known after apply)      + max_message_size                  = 262144      + message_retention_seconds         = 345600      + name                              = "blablabla"      + name_prefix                       = (known after apply) Error: SessionID: Timestamp:2024-12-04T08:30:49+02:00 SenderName:Bot Type:tool_output Message: MessageID:737901 Final:false Status:}
2024/12/04 08:30:49 chat.go:219: Sending message: {Content:📦 Installing system dependencies...📦 Installing Terraform 1.10.0...✅ Successfully installed Terraform 1.10.0🔧 Using workspace name: shaked-kubiya-ai-plan📦 Cloning module repository...Cloning into '/workspace/shaked-kubiya-ai-plan/terraform-aws-sqs'...Checking for Terraform files in /workspace/shaked-kubiya-ai-plan/terraform-aws-sqsFound 4 Terraform files in module directory📍 Working in directory: /workspace/shaked-kubiya-ai-plan/terraform-aws-sqsTerraform files in working directory:-rw-r--r--    1 root     root          8786 Dec  4 06:30 main.tf-rw-r--r--    1 root     root          2133 Dec  4 06:30 outputs.tf-rw-r--r--    1 root     root          8829 Dec  4 06:30 variables.tf-rw-r--r--    1 root     root           148 Dec  4 06:30 versions.tf📦 Setting up Python environment...📦 Installing package and dependencies...Obtaining file:///opt/scripts  Preparing metadata (setup.py): started  Preparing metadata (setup.py): finished with status 'done'Collecting slack-sdk  Using cached slack_sdk-3.33.4-py2.py3-none-any.whl (292 kB)Collecting pydantic  Using cached pydantic-2.10.3-py3-none-any.whl (456 kB)Collecting pyyaml  Using cached PyYAML-6.0.2-cp39-cp39-musllinux_1_1_x86_64.whl (723 kB)Collecting requests  Using cached requests-2.32.3-py3-none-any.whl (64 kB)Collecting pydantic-core==2.27.1  Using cached pydantic_core-2.27.1-cp39-cp39-musllinux_1_1_x86_64.whl (2.1 MB)Collecting annotated-types>=0.6.0  Using cached annotated_types-0.7.0-py3-none-any.whl (13 kB)Collecting typing-extensions>=4.12.2  Using cached typing_extensions-4.12.2-py3-none-any.whl (37 kB)Collecting certifi>=2017.4.17  Using cached certifi-2024.8.30-py3-none-any.whl (167 kB)Collecting urllib3<3,>=1.21.1  Using cached urllib3-2.2.3-py3-none-any.whl (126 kB)Collecting charset-normalizer<4,>=2  Using cached charset_normalizer-3.4.0-cp39-cp39-musllinux_1_2_x86_64.whl (145 kB)Collecting idna<4,>=2.5  Using cached idna-3.10-py3-none-any.whl (70 kB)Installing collected packages: urllib3, typing-extensions, slack-sdk, pyyaml, idna, charset-normalizer, certifi, annotated-types, requests, pydantic-core, pydantic, terraform-tools  Running setup.py develop for terraform-toolsSuccessfully installed annotated-types-0.7.0 certifi-2024.8.30 charset-normalizer-3.4.0 idna-3.10 pydantic-2.10.3 pydantic-core-2.27.1 pyyaml-6.0.2 requests-2.32.3 slack-sdk-3.33.4 terraform-tools-0.1.0 typing-extensions-4.12.2 urllib3-2.2.3WARNING: Running pip as the 'root' user can result in broken permissions and conflicting behaviour with the system package manager. It is recommended to use a virtual environment instead: https://pip.pypa.io/warnings/venvWARNING: There was an error checking the latest version of pip.🔧 Preparing terraform variables...2024-12-04 06:30:41,732 - INFO - 🚀 Starting tfvars preparation...2024-12-04 06:30:41,732 - INFO - 📝 Creating terraform.tfvars.json at /workspace/shaked-kubiya-ai-plan/terraform-aws-sqs/terraform.tfvars.json2024-12-04 06:30:41,733 - INFO - ✅ Successfully prepared terraform.tfvars.json🚀 Running Terraform plan...2024-12-04 06:30:41,831 - INFO - 🚀 Starting Terraform plan for workspace 'shaked-kubiya-ai-plan'...2024-12-04 06:30:41,831 - WARNING - Missing required environment variables: SLACK_API_TOKEN, SLACK_CHANNEL_ID2024-12-04 06:30:41,832 - INFO - Using module path: /workspace/shaked-kubiya-ai-plan/terraform-aws-sqs2024-12-04 06:30:41,832 - INFO - ⚙️ Initializing Terraform...2024-12-04 06:30:41,832 - INFO - 🔄 Running command in /workspace/shaked-kubiya-ai-plan/terraform-aws-sqs: terraform init[0m[1mInitializing the backend...[0m[0m[1mInitializing provider plugins...[0m- Finding hashicorp/aws versions matching ">= 4.36.0"...- Installing hashicorp/aws v5.79.0...- Installed hashicorp/aws v5.79.0 (signed by HashiCorp)Terraform has created a lock file [1m.terraform.lock.hcl[0m to record the providerselections it made above. Include this file in your version control repositoryso that Terraform can guarantee to make the same selections by default whenyou run "terraform init" in the future.[0m[0m[1m[32mTerraform has been successfully initialized![0m[32m[0m2024-12-04 06:30:46,124 - INFO - 📋 Generating Terraform plan...2024-12-04 06:30:46,125 - INFO - 🔄 Running command in /workspace/shaked-kubiya-ai-plan/terraform-aws-sqs: terraform plan -no-color2024-12-04 06:30:49,151 - INFO - ✅ Terraform plan completed successfully.data.aws_region.current: Reading...data.aws_caller_identity.current: Reading...data.aws_region.current: Read complete after 0s [id=us-east-1]data.aws_caller_identity.current: Read complete after 0s [id=564407622114]Terraform used the selected providers to generate the following executionplan. Resource actions are indicated with the following symbols:  + createTerraform will perform the following actions:  # aws_sqs_queue.this[0] will be created  + resource "aws_sqs_queue" "this" {      + arn                               = (known after apply)      + content_based_deduplication       = false      + deduplication_scope               = (known after apply)      + delay_seconds                     = 0      + fifo_queue                        = false      + fifo_throughput_limit             = (known after apply)      + id                                = (known after apply)      + kms_data_key_reuse_period_seconds = (known after apply)      + max_message_size                  = 262144      + message_retention_seconds         = 345600      + name                              = "blablabla"      + name_prefix                       = (known after apply)      + policy                            = (known after apply) Error: SessionID: Timestamp:2024-12-04T08:30:49+02:00 SenderName:Bot Type:tool_output Message: MessageID:737901 Final:false Status:}
2024/12/04 08:30:49 chat.go:219: Sending message: {Content:📦 Installing system dependencies...📦 Installing Terraform 1.10.0...✅ Successfully installed Terraform 1.10.0🔧 Using workspace name: shaked-kubiya-ai-plan📦 Cloning module repository...Cloning into '/workspace/shaked-kubiya-ai-plan/terraform-aws-sqs'...Checking for Terraform files in /workspace/shaked-kubiya-ai-plan/terraform-aws-sqsFound 4 Terraform files in module directory📍 Working in directory: /workspace/shaked-kubiya-ai-plan/terraform-aws-sqsTerraform files in working directory:-rw-r--r--    1 root     root          8786 Dec  4 06:30 main.tf-rw-r--r--    1 root     root          2133 Dec  4 06:30 outputs.tf-rw-r--r--    1 root     root          8829 Dec  4 06:30 variables.tf-rw-r--r--    1 root     root           148 Dec  4 06:30 versions.tf📦 Setting up Python environment...📦 Installing package and dependencies...Obtaining file:///opt/scripts  Preparing metadata (setup.py): started  Preparing metadata (setup.py): finished with status 'done'Collecting slack-sdk  Using cached slack_sdk-3.33.4-py2.py3-none-any.whl (292 kB)Collecting pydantic  Using cached pydantic-2.10.3-py3-none-any.whl (456 kB)Collecting pyyaml  Using cached PyYAML-6.0.2-cp39-cp39-musllinux_1_1_x86_64.whl (723 kB)Collecting requests  Using cached requests-2.32.3-py3-none-any.whl (64 kB)Collecting pydantic-core==2.27.1  Using cached pydantic_core-2.27.1-cp39-cp39-musllinux_1_1_x86_64.whl (2.1 MB)Collecting annotated-types>=0.6.0  Using cached annotated_types-0.7.0-py3-none-any.whl (13 kB)Collecting typing-extensions>=4.12.2  Using cached typing_extensions-4.12.2-py3-none-any.whl (37 kB)Collecting certifi>=2017.4.17  Using cached certifi-2024.8.30-py3-none-any.whl (167 kB)Collecting urllib3<3,>=1.21.1  Using cached urllib3-2.2.3-py3-none-any.whl (126 kB)Collecting charset-normalizer<4,>=2  Using cached charset_normalizer-3.4.0-cp39-cp39-musllinux_1_2_x86_64.whl (145 kB)Collecting idna<4,>=2.5  Using cached idna-3.10-py3-none-any.whl (70 kB)Installing collected packages: urllib3, typing-extensions, slack-sdk, pyyaml, idna, charset-normalizer, certifi, annotated-types, requests, pydantic-core, pydantic, terraform-tools  Running setup.py develop for terraform-toolsSuccessfully installed annotated-types-0.7.0 certifi-2024.8.30 charset-normalizer-3.4.0 idna-3.10 pydantic-2.10.3 pydantic-core-2.27.1 pyyaml-6.0.2 requests-2.32.3 slack-sdk-3.33.4 terraform-tools-0.1.0 typing-extensions-4.12.2 urllib3-2.2.3WARNING: Running pip as the 'root' user can result in broken permissions and conflicting behaviour with the system package manager. It is recommended to use a virtual environment instead: https://pip.pypa.io/warnings/venvWARNING: There was an error checking the latest version of pip.🔧 Preparing terraform variables...2024-12-04 06:30:41,732 - INFO - 🚀 Starting tfvars preparation...2024-12-04 06:30:41,732 - INFO - 📝 Creating terraform.tfvars.json at /workspace/shaked-kubiya-ai-plan/terraform-aws-sqs/terraform.tfvars.json2024-12-04 06:30:41,733 - INFO - ✅ Successfully prepared terraform.tfvars.json🚀 Running Terraform plan...2024-12-04 06:30:41,831 - INFO - 🚀 Starting Terraform plan for workspace 'shaked-kubiya-ai-plan'...2024-12-04 06:30:41,831 - WARNING - Missing required environment variables: SLACK_API_TOKEN, SLACK_CHANNEL_ID2024-12-04 06:30:41,832 - INFO - Using module path: /workspace/shaked-kubiya-ai-plan/terraform-aws-sqs2024-12-04 06:30:41,832 - INFO - ⚙️ Initializing Terraform...2024-12-04 06:30:41,832 - INFO - 🔄 Running command in /workspace/shaked-kubiya-ai-plan/terraform-aws-sqs: terraform init[0m[1mInitializing the backend...[0m[0m[1mInitializing provider plugins...[0m- Finding hashicorp/aws versions matching ">= 4.36.0"...- Installing hashicorp/aws v5.79.0...- Installed hashicorp/aws v5.79.0 (signed by HashiCorp)Terraform has created a lock file [1m.terraform.lock.hcl[0m to record the providerselections it made above. Include this file in your version control repositoryso that Terraform can guarantee to make the same selections by default whenyou run "terraform init" in the future.[0m[0m[1m[32mTerraform has been successfully initialized![0m[32m[0m2024-12-04 06:30:46,124 - INFO - 📋 Generating Terraform plan...2024-12-04 06:30:46,125 - INFO - 🔄 Running command in /workspace/shaked-kubiya-ai-plan/terraform-aws-sqs: terraform plan -no-color2024-12-04 06:30:49,151 - INFO - ✅ Terraform plan completed successfully.data.aws_region.current: Reading...data.aws_caller_identity.current: Reading...data.aws_region.current: Read complete after 0s [id=us-east-1]data.aws_caller_identity.current: Read complete after 0s [id=564407622114]Terraform used the selected providers to generate the following executionplan. Resource actions are indicated with the following symbols:  + createTerraform will perform the following actions:  # aws_sqs_queue.this[0] will be created  + resource "aws_sqs_queue" "this" {      + arn                               = (known after apply)      + content_based_deduplication       = false      + deduplication_scope               = (known after apply)      + delay_seconds                     = 0      + fifo_queue                        = false      + fifo_throughput_limit             = (known after apply)      + id                                = (known after apply)      + kms_data_key_reuse_period_seconds = (known after apply)      + max_message_size                  = 262144      + message_retention_seconds         = 345600      + name                              = "blablabla"      + name_prefix                       = (known after apply)      + policy                            = (known after apply)      + receive_wait_time_seconds         = 0 Error: SessionID: Timestamp:2024-12-04T08:30:49+02:00 SenderName:Bot Type:tool_output Message: MessageID:737901 Final:false Status:}
2024/12/04 08:30:49 chat.go:219: Sending message: {Content:📦 Installing system dependencies...📦 Installing Terraform 1.10.0...✅ Successfully installed Terraform 1.10.0🔧 Using workspace name: shaked-kubiya-ai-plan📦 Cloning module repository...Cloning into '/workspace/shaked-kubiya-ai-plan/terraform-aws-sqs'...Checking for Terraform files in /workspace/shaked-kubiya-ai-plan/terraform-aws-sqsFound 4 Terraform files in module directory📍 Working in directory: /workspace/shaked-kubiya-ai-plan/terraform-aws-sqsTerraform files in working directory:-rw-r--r--    1 root     root          8786 Dec  4 06:30 main.tf-rw-r--r--    1 root     root          2133 Dec  4 06:30 outputs.tf-rw-r--r--    1 root     root          8829 Dec  4 06:30 variables.tf-rw-r--r--    1 root     root           148 Dec  4 06:30 versions.tf📦 Setting up Python environment...📦 Installing package and dependencies...Obtaining file:///opt/scripts  Preparing metadata (setup.py): started  Preparing metadata (setup.py): finished with status 'done'Collecting slack-sdk  Using cached slack_sdk-3.33.4-py2.py3-none-any.whl (292 kB)Collecting pydantic  Using cached pydantic-2.10.3-py3-none-any.whl (456 kB)Collecting pyyaml  Using cached PyYAML-6.0.2-cp39-cp39-musllinux_1_1_x86_64.whl (723 kB)Collecting requests  Using cached requests-2.32.3-py3-none-any.whl (64 kB)Collecting pydantic-core==2.27.1  Using cached pydantic_core-2.27.1-cp39-cp39-musllinux_1_1_x86_64.whl (2.1 MB)Collecting annotated-types>=0.6.0  Using cached annotated_types-0.7.0-py3-none-any.whl (13 kB)Collecting typing-extensions>=4.12.2  Using cached typing_extensions-4.12.2-py3-none-any.whl (37 kB)Collecting certifi>=2017.4.17  Using cached certifi-2024.8.30-py3-none-any.whl (167 kB)Collecting urllib3<3,>=1.21.1  Using cached urllib3-2.2.3-py3-none-any.whl (126 kB)Collecting charset-normalizer<4,>=2  Using cached charset_normalizer-3.4.0-cp39-cp39-musllinux_1_2_x86_64.whl (145 kB)Collecting idna<4,>=2.5  Using cached idna-3.10-py3-none-any.whl (70 kB)Installing collected packages: urllib3, typing-extensions, slack-sdk, pyyaml, idna, charset-normalizer, certifi, annotated-types, requests, pydantic-core, pydantic, terraform-tools  Running setup.py develop for terraform-toolsSuccessfully installed annotated-types-0.7.0 certifi-2024.8.30 charset-normalizer-3.4.0 idna-3.10 pydantic-2.10.3 pydantic-core-2.27.1 pyyaml-6.0.2 requests-2.32.3 slack-sdk-3.33.4 terraform-tools-0.1.0 typing-extensions-4.12.2 urllib3-2.2.3WARNING: Running pip as the 'root' user can result in broken permissions and conflicting behaviour with the system package manager. It is recommended to use a virtual environment instead: https://pip.pypa.io/warnings/venvWARNING: There was an error checking the latest version of pip.🔧 Preparing terraform variables...2024-12-04 06:30:41,732 - INFO - 🚀 Starting tfvars preparation...2024-12-04 06:30:41,732 - INFO - 📝 Creating terraform.tfvars.json at /workspace/shaked-kubiya-ai-plan/terraform-aws-sqs/terraform.tfvars.json2024-12-04 06:30:41,733 - INFO - ✅ Successfully prepared terraform.tfvars.json🚀 Running Terraform plan...2024-12-04 06:30:41,831 - INFO - 🚀 Starting Terraform plan for workspace 'shaked-kubiya-ai-plan'...2024-12-04 06:30:41,831 - WARNING - Missing required environment variables: SLACK_API_TOKEN, SLACK_CHANNEL_ID2024-12-04 06:30:41,832 - INFO - Using module path: /workspace/shaked-kubiya-ai-plan/terraform-aws-sqs2024-12-04 06:30:41,832 - INFO - ⚙️ Initializing Terraform...2024-12-04 06:30:41,832 - INFO - 🔄 Running command in /workspace/shaked-kubiya-ai-plan/terraform-aws-sqs: terraform init[0m[1mInitializing the backend...[0m[0m[1mInitializing provider plugins...[0m- Finding hashicorp/aws versions matching ">= 4.36.0"...- Installing hashicorp/aws v5.79.0...- Installed hashicorp/aws v5.79.0 (signed by HashiCorp)Terraform has created a lock file [1m.terraform.lock.hcl[0m to record the providerselections it made above. Include this file in your version control repositoryso that Terraform can guarantee to make the same selections by default whenyou run "terraform init" in the future.[0m[0m[1m[32mTerraform has been successfully initialized![0m[32m[0m2024-12-04 06:30:46,124 - INFO - 📋 Generating Terraform plan...2024-12-04 06:30:46,125 - INFO - 🔄 Running command in /workspace/shaked-kubiya-ai-plan/terraform-aws-sqs: terraform plan -no-color2024-12-04 06:30:49,151 - INFO - ✅ Terraform plan completed successfully.data.aws_region.current: Reading...data.aws_caller_identity.current: Reading...data.aws_region.current: Read complete after 0s [id=us-east-1]data.aws_caller_identity.current: Read complete after 0s [id=564407622114]Terraform used the selected providers to generate the following executionplan. Resource actions are indicated with the following symbols:  + createTerraform will perform the following actions:  # aws_sqs_queue.this[0] will be created  + resource "aws_sqs_queue" "this" {      + arn                               = (known after apply)      + content_based_deduplication       = false      + deduplication_scope               = (known after apply)      + delay_seconds                     = 0      + fifo_queue                        = false      + fifo_throughput_limit             = (known after apply)      + id                                = (known after apply)      + kms_data_key_reuse_period_seconds = (known after apply)      + max_message_size                  = 262144      + message_retention_seconds         = 345600      + name                              = "blablabla"      + name_prefix                       = (known after apply)      + policy                            = (known after apply)      + receive_wait_time_seconds         = 0      + redrive_allow_policy              = (known after apply) Error: SessionID: Timestamp:2024-12-04T08:30:49+02:00 SenderName:Bot Type:tool_output Message: MessageID:737901 Final:false Status:}
2024/12/04 08:30:49 chat.go:219: Sending message: {Content:📦 Installing system dependencies...📦 Installing Terraform 1.10.0...✅ Successfully installed Terraform 1.10.0🔧 Using workspace name: shaked-kubiya-ai-plan📦 Cloning module repository...Cloning into '/workspace/shaked-kubiya-ai-plan/terraform-aws-sqs'...Checking for Terraform files in /workspace/shaked-kubiya-ai-plan/terraform-aws-sqsFound 4 Terraform files in module directory📍 Working in directory: /workspace/shaked-kubiya-ai-plan/terraform-aws-sqsTerraform files in working directory:-rw-r--r--    1 root     root          8786 Dec  4 06:30 main.tf-rw-r--r--    1 root     root          2133 Dec  4 06:30 outputs.tf-rw-r--r--    1 root     root          8829 Dec  4 06:30 variables.tf-rw-r--r--    1 root     root           148 Dec  4 06:30 versions.tf📦 Setting up Python environment...📦 Installing package and dependencies...Obtaining file:///opt/scripts  Preparing metadata (setup.py): started  Preparing metadata (setup.py): finished with status 'done'Collecting slack-sdk  Using cached slack_sdk-3.33.4-py2.py3-none-any.whl (292 kB)Collecting pydantic  Using cached pydantic-2.10.3-py3-none-any.whl (456 kB)Collecting pyyaml  Using cached PyYAML-6.0.2-cp39-cp39-musllinux_1_1_x86_64.whl (723 kB)Collecting requests  Using cached requests-2.32.3-py3-none-any.whl (64 kB)Collecting pydantic-core==2.27.1  Using cached pydantic_core-2.27.1-cp39-cp39-musllinux_1_1_x86_64.whl (2.1 MB)Collecting annotated-types>=0.6.0  Using cached annotated_types-0.7.0-py3-none-any.whl (13 kB)Collecting typing-extensions>=4.12.2  Using cached typing_extensions-4.12.2-py3-none-any.whl (37 kB)Collecting certifi>=2017.4.17  Using cached certifi-2024.8.30-py3-none-any.whl (167 kB)Collecting urllib3<3,>=1.21.1  Using cached urllib3-2.2.3-py3-none-any.whl (126 kB)Collecting charset-normalizer<4,>=2  Using cached charset_normalizer-3.4.0-cp39-cp39-musllinux_1_2_x86_64.whl (145 kB)Collecting idna<4,>=2.5  Using cached idna-3.10-py3-none-any.whl (70 kB)Installing collected packages: urllib3, typing-extensions, slack-sdk, pyyaml, idna, charset-normalizer, certifi, annotated-types, requests, pydantic-core, pydantic, terraform-tools  Running setup.py develop for terraform-toolsSuccessfully installed annotated-types-0.7.0 certifi-2024.8.30 charset-normalizer-3.4.0 idna-3.10 pydantic-2.10.3 pydantic-core-2.27.1 pyyaml-6.0.2 requests-2.32.3 slack-sdk-3.33.4 terraform-tools-0.1.0 typing-extensions-4.12.2 urllib3-2.2.3WARNING: Running pip as the 'root' user can result in broken permissions and conflicting behaviour with the system package manager. It is recommended to use a virtual environment instead: https://pip.pypa.io/warnings/venvWARNING: There was an error checking the latest version of pip.🔧 Preparing terraform variables...2024-12-04 06:30:41,732 - INFO - 🚀 Starting tfvars preparation...2024-12-04 06:30:41,732 - INFO - 📝 Creating terraform.tfvars.json at /workspace/shaked-kubiya-ai-plan/terraform-aws-sqs/terraform.tfvars.json2024-12-04 06:30:41,733 - INFO - ✅ Successfully prepared terraform.tfvars.json🚀 Running Terraform plan...2024-12-04 06:30:41,831 - INFO - 🚀 Starting Terraform plan for workspace 'shaked-kubiya-ai-plan'...2024-12-04 06:30:41,831 - WARNING - Missing required environment variables: SLACK_API_TOKEN, SLACK_CHANNEL_ID2024-12-04 06:30:41,832 - INFO - Using module path: /workspace/shaked-kubiya-ai-plan/terraform-aws-sqs2024-12-04 06:30:41,832 - INFO - ⚙️ Initializing Terraform...2024-12-04 06:30:41,832 - INFO - 🔄 Running command in /workspace/shaked-kubiya-ai-plan/terraform-aws-sqs: terraform init[0m[1mInitializing the backend...[0m[0m[1mInitializing provider plugins...[0m- Finding hashicorp/aws versions matching ">= 4.36.0"...- Installing hashicorp/aws v5.79.0...- Installed hashicorp/aws v5.79.0 (signed by HashiCorp)Terraform has created a lock file [1m.terraform.lock.hcl[0m to record the providerselections it made above. Include this file in your version control repositoryso that Terraform can guarantee to make the same selections by default whenyou run "terraform init" in the future.[0m[0m[1m[32mTerraform has been successfully initialized![0m[32m[0m2024-12-04 06:30:46,124 - INFO - 📋 Generating Terraform plan...2024-12-04 06:30:46,125 - INFO - 🔄 Running command in /workspace/shaked-kubiya-ai-plan/terraform-aws-sqs: terraform plan -no-color2024-12-04 06:30:49,151 - INFO - ✅ Terraform plan completed successfully.data.aws_region.current: Reading...data.aws_caller_identity.current: Reading...data.aws_region.current: Read complete after 0s [id=us-east-1]data.aws_caller_identity.current: Read complete after 0s [id=564407622114]Terraform used the selected providers to generate the following executionplan. Resource actions are indicated with the following symbols:  + createTerraform will perform the following actions:  # aws_sqs_queue.this[0] will be created  + resource "aws_sqs_queue" "this" {      + arn                               = (known after apply)      + content_based_deduplication       = false      + deduplication_scope               = (known after apply)      + delay_seconds                     = 0      + fifo_queue                        = false      + fifo_throughput_limit             = (known after apply)      + id                                = (known after apply)      + kms_data_key_reuse_period_seconds = (known after apply)      + max_message_size                  = 262144      + message_retention_seconds         = 345600      + name                              = "blablabla"      + name_prefix                       = (known after apply)      + policy                            = (known after apply)      + receive_wait_time_seconds         = 0      + redrive_allow_policy              = (known after apply)      + redrive_policy                    = (known after apply) Error: SessionID: Timestamp:2024-12-04T08:30:49+02:00 SenderName:Bot Type:tool_output Message: MessageID:737901 Final:false Status:}
2024/12/04 08:30:49 chat.go:219: Sending message: {Content:📦 Installing system dependencies...📦 Installing Terraform 1.10.0...✅ Successfully installed Terraform 1.10.0🔧 Using workspace name: shaked-kubiya-ai-plan📦 Cloning module repository...Cloning into '/workspace/shaked-kubiya-ai-plan/terraform-aws-sqs'...Checking for Terraform files in /workspace/shaked-kubiya-ai-plan/terraform-aws-sqsFound 4 Terraform files in module directory📍 Working in directory: /workspace/shaked-kubiya-ai-plan/terraform-aws-sqsTerraform files in working directory:-rw-r--r--    1 root     root          8786 Dec  4 06:30 main.tf-rw-r--r--    1 root     root          2133 Dec  4 06:30 outputs.tf-rw-r--r--    1 root     root          8829 Dec  4 06:30 variables.tf-rw-r--r--    1 root     root           148 Dec  4 06:30 versions.tf📦 Setting up Python environment...📦 Installing package and dependencies...Obtaining file:///opt/scripts  Preparing metadata (setup.py): started  Preparing metadata (setup.py): finished with status 'done'Collecting slack-sdk  Using cached slack_sdk-3.33.4-py2.py3-none-any.whl (292 kB)Collecting pydantic  Using cached pydantic-2.10.3-py3-none-any.whl (456 kB)Collecting pyyaml  Using cached PyYAML-6.0.2-cp39-cp39-musllinux_1_1_x86_64.whl (723 kB)Collecting requests  Using cached requests-2.32.3-py3-none-any.whl (64 kB)Collecting pydantic-core==2.27.1  Using cached pydantic_core-2.27.1-cp39-cp39-musllinux_1_1_x86_64.whl (2.1 MB)Collecting annotated-types>=0.6.0  Using cached annotated_types-0.7.0-py3-none-any.whl (13 kB)Collecting typing-extensions>=4.12.2  Using cached typing_extensions-4.12.2-py3-none-any.whl (37 kB)Collecting certifi>=2017.4.17  Using cached certifi-2024.8.30-py3-none-any.whl (167 kB)Collecting urllib3<3,>=1.21.1  Using cached urllib3-2.2.3-py3-none-any.whl (126 kB)Collecting charset-normalizer<4,>=2  Using cached charset_normalizer-3.4.0-cp39-cp39-musllinux_1_2_x86_64.whl (145 kB)Collecting idna<4,>=2.5  Using cached idna-3.10-py3-none-any.whl (70 kB)Installing collected packages: urllib3, typing-extensions, slack-sdk, pyyaml, idna, charset-normalizer, certifi, annotated-types, requests, pydantic-core, pydantic, terraform-tools  Running setup.py develop for terraform-toolsSuccessfully installed annotated-types-0.7.0 certifi-2024.8.30 charset-normalizer-3.4.0 idna-3.10 pydantic-2.10.3 pydantic-core-2.27.1 pyyaml-6.0.2 requests-2.32.3 slack-sdk-3.33.4 terraform-tools-0.1.0 typing-extensions-4.12.2 urllib3-2.2.3WARNING: Running pip as the 'root' user can result in broken permissions and conflicting behaviour with the system package manager. It is recommended to use a virtual environment instead: https://pip.pypa.io/warnings/venvWARNING: There was an error checking the latest version of pip.🔧 Preparing terraform variables...2024-12-04 06:30:41,732 - INFO - 🚀 Starting tfvars preparation...2024-12-04 06:30:41,732 - INFO - 📝 Creating terraform.tfvars.json at /workspace/shaked-kubiya-ai-plan/terraform-aws-sqs/terraform.tfvars.json2024-12-04 06:30:41,733 - INFO - ✅ Successfully prepared terraform.tfvars.json🚀 Running Terraform plan...2024-12-04 06:30:41,831 - INFO - 🚀 Starting Terraform plan for workspace 'shaked-kubiya-ai-plan'...2024-12-04 06:30:41,831 - WARNING - Missing required environment variables: SLACK_API_TOKEN, SLACK_CHANNEL_ID2024-12-04 06:30:41,832 - INFO - Using module path: /workspace/shaked-kubiya-ai-plan/terraform-aws-sqs2024-12-04 06:30:41,832 - INFO - ⚙️ Initializing Terraform...2024-12-04 06:30:41,832 - INFO - 🔄 Running command in /workspace/shaked-kubiya-ai-plan/terraform-aws-sqs: terraform init[0m[1mInitializing the backend...[0m[0m[1mInitializing provider plugins...[0m- Finding hashicorp/aws versions matching ">= 4.36.0"...- Installing hashicorp/aws v5.79.0...- Installed hashicorp/aws v5.79.0 (signed by HashiCorp)Terraform has created a lock file [1m.terraform.lock.hcl[0m to record the providerselections it made above. Include this file in your version control repositoryso that Terraform can guarantee to make the same selections by default whenyou run "terraform init" in the future.[0m[0m[1m[32mTerraform has been successfully initialized![0m[32m[0m2024-12-04 06:30:46,124 - INFO - 📋 Generating Terraform plan...2024-12-04 06:30:46,125 - INFO - 🔄 Running command in /workspace/shaked-kubiya-ai-plan/terraform-aws-sqs: terraform plan -no-color2024-12-04 06:30:49,151 - INFO - ✅ Terraform plan completed successfully.data.aws_region.current: Reading...data.aws_caller_identity.current: Reading...data.aws_region.current: Read complete after 0s [id=us-east-1]data.aws_caller_identity.current: Read complete after 0s [id=564407622114]Terraform used the selected providers to generate the following executionplan. Resource actions are indicated with the following symbols:  + createTerraform will perform the following actions:  # aws_sqs_queue.this[0] will be created  + resource "aws_sqs_queue" "this" {      + arn                               = (known after apply)      + content_based_deduplication       = false      + deduplication_scope               = (known after apply)      + delay_seconds                     = 0      + fifo_queue                        = false      + fifo_throughput_limit             = (known after apply)      + id                                = (known after apply)      + kms_data_key_reuse_period_seconds = (known after apply)      + max_message_size                  = 262144      + message_retention_seconds         = 345600      + name                              = "blablabla"      + name_prefix                       = (known after apply)      + policy                            = (known after apply)      + receive_wait_time_seconds         = 0      + redrive_allow_policy              = (known after apply)      + redrive_policy                    = (known after apply)      + sqs_managed_sse_enabled           = true Error: SessionID: Timestamp:2024-12-04T08:30:49+02:00 SenderName:Bot Type:tool_output Message: MessageID:737901 Final:false Status:}
2024/12/04 08:30:49 chat.go:219: Sending message: {Content:📦 Installing system dependencies...📦 Installing Terraform 1.10.0...✅ Successfully installed Terraform 1.10.0🔧 Using workspace name: shaked-kubiya-ai-plan📦 Cloning module repository...Cloning into '/workspace/shaked-kubiya-ai-plan/terraform-aws-sqs'...Checking for Terraform files in /workspace/shaked-kubiya-ai-plan/terraform-aws-sqsFound 4 Terraform files in module directory📍 Working in directory: /workspace/shaked-kubiya-ai-plan/terraform-aws-sqsTerraform files in working directory:-rw-r--r--    1 root     root          8786 Dec  4 06:30 main.tf-rw-r--r--    1 root     root          2133 Dec  4 06:30 outputs.tf-rw-r--r--    1 root     root          8829 Dec  4 06:30 variables.tf-rw-r--r--    1 root     root           148 Dec  4 06:30 versions.tf📦 Setting up Python environment...📦 Installing package and dependencies...Obtaining file:///opt/scripts  Preparing metadata (setup.py): started  Preparing metadata (setup.py): finished with status 'done'Collecting slack-sdk  Using cached slack_sdk-3.33.4-py2.py3-none-any.whl (292 kB)Collecting pydantic  Using cached pydantic-2.10.3-py3-none-any.whl (456 kB)Collecting pyyaml  Using cached PyYAML-6.0.2-cp39-cp39-musllinux_1_1_x86_64.whl (723 kB)Collecting requests  Using cached requests-2.32.3-py3-none-any.whl (64 kB)Collecting pydantic-core==2.27.1  Using cached pydantic_core-2.27.1-cp39-cp39-musllinux_1_1_x86_64.whl (2.1 MB)Collecting annotated-types>=0.6.0  Using cached annotated_types-0.7.0-py3-none-any.whl (13 kB)Collecting typing-extensions>=4.12.2  Using cached typing_extensions-4.12.2-py3-none-any.whl (37 kB)Collecting certifi>=2017.4.17  Using cached certifi-2024.8.30-py3-none-any.whl (167 kB)Collecting urllib3<3,>=1.21.1  Using cached urllib3-2.2.3-py3-none-any.whl (126 kB)Collecting charset-normalizer<4,>=2  Using cached charset_normalizer-3.4.0-cp39-cp39-musllinux_1_2_x86_64.whl (145 kB)Collecting idna<4,>=2.5  Using cached idna-3.10-py3-none-any.whl (70 kB)Installing collected packages: urllib3, typing-extensions, slack-sdk, pyyaml, idna, charset-normalizer, certifi, annotated-types, requests, pydantic-core, pydantic, terraform-tools  Running setup.py develop for terraform-toolsSuccessfully installed annotated-types-0.7.0 certifi-2024.8.30 charset-normalizer-3.4.0 idna-3.10 pydantic-2.10.3 pydantic-core-2.27.1 pyyaml-6.0.2 requests-2.32.3 slack-sdk-3.33.4 terraform-tools-0.1.0 typing-extensions-4.12.2 urllib3-2.2.3WARNING: Running pip as the 'root' user can result in broken permissions and conflicting behaviour with the system package manager. It is recommended to use a virtual environment instead: https://pip.pypa.io/warnings/venvWARNING: There was an error checking the latest version of pip.🔧 Preparing terraform variables...2024-12-04 06:30:41,732 - INFO - 🚀 Starting tfvars preparation...2024-12-04 06:30:41,732 - INFO - 📝 Creating terraform.tfvars.json at /workspace/shaked-kubiya-ai-plan/terraform-aws-sqs/terraform.tfvars.json2024-12-04 06:30:41,733 - INFO - ✅ Successfully prepared terraform.tfvars.json🚀 Running Terraform plan...2024-12-04 06:30:41,831 - INFO - 🚀 Starting Terraform plan for workspace 'shaked-kubiya-ai-plan'...2024-12-04 06:30:41,831 - WARNING - Missing required environment variables: SLACK_API_TOKEN, SLACK_CHANNEL_ID2024-12-04 06:30:41,832 - INFO - Using module path: /workspace/shaked-kubiya-ai-plan/terraform-aws-sqs2024-12-04 06:30:41,832 - INFO - ⚙️ Initializing Terraform...2024-12-04 06:30:41,832 - INFO - 🔄 Running command in /workspace/shaked-kubiya-ai-plan/terraform-aws-sqs: terraform init[0m[1mInitializing the backend...[0m[0m[1mInitializing provider plugins...[0m- Finding hashicorp/aws versions matching ">= 4.36.0"...- Installing hashicorp/aws v5.79.0...- Installed hashicorp/aws v5.79.0 (signed by HashiCorp)Terraform has created a lock file [1m.terraform.lock.hcl[0m to record the providerselections it made above. Include this file in your version control repositoryso that Terraform can guarantee to make the same selections by default whenyou run "terraform init" in the future.[0m[0m[1m[32mTerraform has been successfully initialized![0m[32m[0m2024-12-04 06:30:46,124 - INFO - 📋 Generating Terraform plan...2024-12-04 06:30:46,125 - INFO - 🔄 Running command in /workspace/shaked-kubiya-ai-plan/terraform-aws-sqs: terraform plan -no-color2024-12-04 06:30:49,151 - INFO - ✅ Terraform plan completed successfully.data.aws_region.current: Reading...data.aws_caller_identity.current: Reading...data.aws_region.current: Read complete after 0s [id=us-east-1]data.aws_caller_identity.current: Read complete after 0s [id=564407622114]Terraform used the selected providers to generate the following executionplan. Resource actions are indicated with the following symbols:  + createTerraform will perform the following actions:  # aws_sqs_queue.this[0] will be created  + resource "aws_sqs_queue" "this" {      + arn                               = (known after apply)      + content_based_deduplication       = false      + deduplication_scope               = (known after apply)      + delay_seconds                     = 0      + fifo_queue                        = false      + fifo_throughput_limit             = (known after apply)      + id                                = (known after apply)      + kms_data_key_reuse_period_seconds = (known after apply)      + max_message_size                  = 262144      + message_retention_seconds         = 345600      + name                              = "blablabla"      + name_prefix                       = (known after apply)      + policy                            = (known after apply)      + receive_wait_time_seconds         = 0      + redrive_allow_policy              = (known after apply)      + redrive_policy                    = (known after apply)      + sqs_managed_sse_enabled           = true      + tags_all                          = (known after apply) Error: SessionID: Timestamp:2024-12-04T08:30:49+02:00 SenderName:Bot Type:tool_output Message: MessageID:737901 Final:false Status:}
2024/12/04 08:30:49 chat.go:219: Sending message: {Content:📦 Installing system dependencies...📦 Installing Terraform 1.10.0...✅ Successfully installed Terraform 1.10.0🔧 Using workspace name: shaked-kubiya-ai-plan📦 Cloning module repository...Cloning into '/workspace/shaked-kubiya-ai-plan/terraform-aws-sqs'...Checking for Terraform files in /workspace/shaked-kubiya-ai-plan/terraform-aws-sqsFound 4 Terraform files in module directory📍 Working in directory: /workspace/shaked-kubiya-ai-plan/terraform-aws-sqsTerraform files in working directory:-rw-r--r--    1 root     root          8786 Dec  4 06:30 main.tf-rw-r--r--    1 root     root          2133 Dec  4 06:30 outputs.tf-rw-r--r--    1 root     root          8829 Dec  4 06:30 variables.tf-rw-r--r--    1 root     root           148 Dec  4 06:30 versions.tf📦 Setting up Python environment...📦 Installing package and dependencies...Obtaining file:///opt/scripts  Preparing metadata (setup.py): started  Preparing metadata (setup.py): finished with status 'done'Collecting slack-sdk  Using cached slack_sdk-3.33.4-py2.py3-none-any.whl (292 kB)Collecting pydantic  Using cached pydantic-2.10.3-py3-none-any.whl (456 kB)Collecting pyyaml  Using cached PyYAML-6.0.2-cp39-cp39-musllinux_1_1_x86_64.whl (723 kB)Collecting requests  Using cached requests-2.32.3-py3-none-any.whl (64 kB)Collecting pydantic-core==2.27.1  Using cached pydantic_core-2.27.1-cp39-cp39-musllinux_1_1_x86_64.whl (2.1 MB)Collecting annotated-types>=0.6.0  Using cached annotated_types-0.7.0-py3-none-any.whl (13 kB)Collecting typing-extensions>=4.12.2  Using cached typing_extensions-4.12.2-py3-none-any.whl (37 kB)Collecting certifi>=2017.4.17  Using cached certifi-2024.8.30-py3-none-any.whl (167 kB)Collecting urllib3<3,>=1.21.1  Using cached urllib3-2.2.3-py3-none-any.whl (126 kB)Collecting charset-normalizer<4,>=2  Using cached charset_normalizer-3.4.0-cp39-cp39-musllinux_1_2_x86_64.whl (145 kB)Collecting idna<4,>=2.5  Using cached idna-3.10-py3-none-any.whl (70 kB)Installing collected packages: urllib3, typing-extensions, slack-sdk, pyyaml, idna, charset-normalizer, certifi, annotated-types, requests, pydantic-core, pydantic, terraform-tools  Running setup.py develop for terraform-toolsSuccessfully installed annotated-types-0.7.0 certifi-2024.8.30 charset-normalizer-3.4.0 idna-3.10 pydantic-2.10.3 pydantic-core-2.27.1 pyyaml-6.0.2 requests-2.32.3 slack-sdk-3.33.4 terraform-tools-0.1.0 typing-extensions-4.12.2 urllib3-2.2.3WARNING: Running pip as the 'root' user can result in broken permissions and conflicting behaviour with the system package manager. It is recommended to use a virtual environment instead: https://pip.pypa.io/warnings/venvWARNING: There was an error checking the latest version of pip.🔧 Preparing terraform variables...2024-12-04 06:30:41,732 - INFO - 🚀 Starting tfvars preparation...2024-12-04 06:30:41,732 - INFO - 📝 Creating terraform.tfvars.json at /workspace/shaked-kubiya-ai-plan/terraform-aws-sqs/terraform.tfvars.json2024-12-04 06:30:41,733 - INFO - ✅ Successfully prepared terraform.tfvars.json🚀 Running Terraform plan...2024-12-04 06:30:41,831 - INFO - 🚀 Starting Terraform plan for workspace 'shaked-kubiya-ai-plan'...2024-12-04 06:30:41,831 - WARNING - Missing required environment variables: SLACK_API_TOKEN, SLACK_CHANNEL_ID2024-12-04 06:30:41,832 - INFO - Using module path: /workspace/shaked-kubiya-ai-plan/terraform-aws-sqs2024-12-04 06:30:41,832 - INFO - ⚙️ Initializing Terraform...2024-12-04 06:30:41,832 - INFO - 🔄 Running command in /workspace/shaked-kubiya-ai-plan/terraform-aws-sqs: terraform init[0m[1mInitializing the backend...[0m[0m[1mInitializing provider plugins...[0m- Finding hashicorp/aws versions matching ">= 4.36.0"...- Installing hashicorp/aws v5.79.0...- Installed hashicorp/aws v5.79.0 (signed by HashiCorp)Terraform has created a lock file [1m.terraform.lock.hcl[0m to record the providerselections it made above. Include this file in your version control repositoryso that Terraform can guarantee to make the same selections by default whenyou run "terraform init" in the future.[0m[0m[1m[32mTerraform has been successfully initialized![0m[32m[0m2024-12-04 06:30:46,124 - INFO - 📋 Generating Terraform plan...2024-12-04 06:30:46,125 - INFO - 🔄 Running command in /workspace/shaked-kubiya-ai-plan/terraform-aws-sqs: terraform plan -no-color2024-12-04 06:30:49,151 - INFO - ✅ Terraform plan completed successfully.data.aws_region.current: Reading...data.aws_caller_identity.current: Reading...data.aws_region.current: Read complete after 0s [id=us-east-1]data.aws_caller_identity.current: Read complete after 0s [id=564407622114]Terraform used the selected providers to generate the following executionplan. Resource actions are indicated with the following symbols:  + createTerraform will perform the following actions:  # aws_sqs_queue.this[0] will be created  + resource "aws_sqs_queue" "this" {      + arn                               = (known after apply)      + content_based_deduplication       = false      + deduplication_scope               = (known after apply)      + delay_seconds                     = 0      + fifo_queue                        = false      + fifo_throughput_limit             = (known after apply)      + id                                = (known after apply)      + kms_data_key_reuse_period_seconds = (known after apply)      + max_message_size                  = 262144      + message_retention_seconds         = 345600      + name                              = "blablabla"      + name_prefix                       = (known after apply)      + policy                            = (known after apply)      + receive_wait_time_seconds         = 0      + redrive_allow_policy              = (known after apply)      + redrive_policy                    = (known after apply)      + sqs_managed_sse_enabled           = true      + tags_all                          = (known after apply)      + url                               = (known after apply) Error: SessionID: Timestamp:2024-12-04T08:30:49+02:00 SenderName:Bot Type:tool_output Message: MessageID:737901 Final:false Status:}
2024/12/04 08:30:49 chat.go:219: Sending message: {Content:📦 Installing system dependencies...📦 Installing Terraform 1.10.0...✅ Successfully installed Terraform 1.10.0🔧 Using workspace name: shaked-kubiya-ai-plan📦 Cloning module repository...Cloning into '/workspace/shaked-kubiya-ai-plan/terraform-aws-sqs'...Checking for Terraform files in /workspace/shaked-kubiya-ai-plan/terraform-aws-sqsFound 4 Terraform files in module directory📍 Working in directory: /workspace/shaked-kubiya-ai-plan/terraform-aws-sqsTerraform files in working directory:-rw-r--r--    1 root     root          8786 Dec  4 06:30 main.tf-rw-r--r--    1 root     root          2133 Dec  4 06:30 outputs.tf-rw-r--r--    1 root     root          8829 Dec  4 06:30 variables.tf-rw-r--r--    1 root     root           148 Dec  4 06:30 versions.tf📦 Setting up Python environment...📦 Installing package and dependencies...Obtaining file:///opt/scripts  Preparing metadata (setup.py): started  Preparing metadata (setup.py): finished with status 'done'Collecting slack-sdk  Using cached slack_sdk-3.33.4-py2.py3-none-any.whl (292 kB)Collecting pydantic  Using cached pydantic-2.10.3-py3-none-any.whl (456 kB)Collecting pyyaml  Using cached PyYAML-6.0.2-cp39-cp39-musllinux_1_1_x86_64.whl (723 kB)Collecting requests  Using cached requests-2.32.3-py3-none-any.whl (64 kB)Collecting pydantic-core==2.27.1  Using cached pydantic_core-2.27.1-cp39-cp39-musllinux_1_1_x86_64.whl (2.1 MB)Collecting annotated-types>=0.6.0  Using cached annotated_types-0.7.0-py3-none-any.whl (13 kB)Collecting typing-extensions>=4.12.2  Using cached typing_extensions-4.12.2-py3-none-any.whl (37 kB)Collecting certifi>=2017.4.17  Using cached certifi-2024.8.30-py3-none-any.whl (167 kB)Collecting urllib3<3,>=1.21.1  Using cached urllib3-2.2.3-py3-none-any.whl (126 kB)Collecting charset-normalizer<4,>=2  Using cached charset_normalizer-3.4.0-cp39-cp39-musllinux_1_2_x86_64.whl (145 kB)Collecting idna<4,>=2.5  Using cached idna-3.10-py3-none-any.whl (70 kB)Installing collected packages: urllib3, typing-extensions, slack-sdk, pyyaml, idna, charset-normalizer, certifi, annotated-types, requests, pydantic-core, pydantic, terraform-tools  Running setup.py develop for terraform-toolsSuccessfully installed annotated-types-0.7.0 certifi-2024.8.30 charset-normalizer-3.4.0 idna-3.10 pydantic-2.10.3 pydantic-core-2.27.1 pyyaml-6.0.2 requests-2.32.3 slack-sdk-3.33.4 terraform-tools-0.1.0 typing-extensions-4.12.2 urllib3-2.2.3WARNING: Running pip as the 'root' user can result in broken permissions and conflicting behaviour with the system package manager. It is recommended to use a virtual environment instead: https://pip.pypa.io/warnings/venvWARNING: There was an error checking the latest version of pip.🔧 Preparing terraform variables...2024-12-04 06:30:41,732 - INFO - 🚀 Starting tfvars preparation...2024-12-04 06:30:41,732 - INFO - 📝 Creating terraform.tfvars.json at /workspace/shaked-kubiya-ai-plan/terraform-aws-sqs/terraform.tfvars.json2024-12-04 06:30:41,733 - INFO - ✅ Successfully prepared terraform.tfvars.json🚀 Running Terraform plan...2024-12-04 06:30:41,831 - INFO - 🚀 Starting Terraform plan for workspace 'shaked-kubiya-ai-plan'...2024-12-04 06:30:41,831 - WARNING - Missing required environment variables: SLACK_API_TOKEN, SLACK_CHANNEL_ID2024-12-04 06:30:41,832 - INFO - Using module path: /workspace/shaked-kubiya-ai-plan/terraform-aws-sqs2024-12-04 06:30:41,832 - INFO - ⚙️ Initializing Terraform...2024-12-04 06:30:41,832 - INFO - 🔄 Running command in /workspace/shaked-kubiya-ai-plan/terraform-aws-sqs: terraform init[0m[1mInitializing the backend...[0m[0m[1mInitializing provider plugins...[0m- Finding hashicorp/aws versions matching ">= 4.36.0"...- Installing hashicorp/aws v5.79.0...- Installed hashicorp/aws v5.79.0 (signed by HashiCorp)Terraform has created a lock file [1m.terraform.lock.hcl[0m to record the providerselections it made above. Include this file in your version control repositoryso that Terraform can guarantee to make the same selections by default whenyou run "terraform init" in the future.[0m[0m[1m[32mTerraform has been successfully initialized![0m[32m[0m2024-12-04 06:30:46,124 - INFO - 📋 Generating Terraform plan...2024-12-04 06:30:46,125 - INFO - 🔄 Running command in /workspace/shaked-kubiya-ai-plan/terraform-aws-sqs: terraform plan -no-color2024-12-04 06:30:49,151 - INFO - ✅ Terraform plan completed successfully.data.aws_region.current: Reading...data.aws_caller_identity.current: Reading...data.aws_region.current: Read complete after 0s [id=us-east-1]data.aws_caller_identity.current: Read complete after 0s [id=564407622114]Terraform used the selected providers to generate the following executionplan. Resource actions are indicated with the following symbols:  + createTerraform will perform the following actions:  # aws_sqs_queue.this[0] will be created  + resource "aws_sqs_queue" "this" {      + arn                               = (known after apply)      + content_based_deduplication       = false      + deduplication_scope               = (known after apply)      + delay_seconds                     = 0      + fifo_queue                        = false      + fifo_throughput_limit             = (known after apply)      + id                                = (known after apply)      + kms_data_key_reuse_period_seconds = (known after apply)      + max_message_size                  = 262144      + message_retention_seconds         = 345600      + name                              = "blablabla"      + name_prefix                       = (known after apply)      + policy                            = (known after apply)      + receive_wait_time_seconds         = 0      + redrive_allow_policy              = (known after apply)      + redrive_policy                    = (known after apply)      + sqs_managed_sse_enabled           = true      + tags_all                          = (known after apply)      + url                               = (known after apply)      + visibility_timeout_seconds        = 30 Error: SessionID: Timestamp:2024-12-04T08:30:49+02:00 SenderName:Bot Type:tool_output Message: MessageID:737901 Final:false Status:}
2024/12/04 08:30:49 chat.go:219: Sending message: {Content:📦 Installing system dependencies...📦 Installing Terraform 1.10.0...✅ Successfully installed Terraform 1.10.0🔧 Using workspace name: shaked-kubiya-ai-plan📦 Cloning module repository...Cloning into '/workspace/shaked-kubiya-ai-plan/terraform-aws-sqs'...Checking for Terraform files in /workspace/shaked-kubiya-ai-plan/terraform-aws-sqsFound 4 Terraform files in module directory📍 Working in directory: /workspace/shaked-kubiya-ai-plan/terraform-aws-sqsTerraform files in working directory:-rw-r--r--    1 root     root          8786 Dec  4 06:30 main.tf-rw-r--r--    1 root     root          2133 Dec  4 06:30 outputs.tf-rw-r--r--    1 root     root          8829 Dec  4 06:30 variables.tf-rw-r--r--    1 root     root           148 Dec  4 06:30 versions.tf📦 Setting up Python environment...📦 Installing package and dependencies...Obtaining file:///opt/scripts  Preparing metadata (setup.py): started  Preparing metadata (setup.py): finished with status 'done'Collecting slack-sdk  Using cached slack_sdk-3.33.4-py2.py3-none-any.whl (292 kB)Collecting pydantic  Using cached pydantic-2.10.3-py3-none-any.whl (456 kB)Collecting pyyaml  Using cached PyYAML-6.0.2-cp39-cp39-musllinux_1_1_x86_64.whl (723 kB)Collecting requests  Using cached requests-2.32.3-py3-none-any.whl (64 kB)Collecting pydantic-core==2.27.1  Using cached pydantic_core-2.27.1-cp39-cp39-musllinux_1_1_x86_64.whl (2.1 MB)Collecting annotated-types>=0.6.0  Using cached annotated_types-0.7.0-py3-none-any.whl (13 kB)Collecting typing-extensions>=4.12.2  Using cached typing_extensions-4.12.2-py3-none-any.whl (37 kB)Collecting certifi>=2017.4.17  Using cached certifi-2024.8.30-py3-none-any.whl (167 kB)Collecting urllib3<3,>=1.21.1  Using cached urllib3-2.2.3-py3-none-any.whl (126 kB)Collecting charset-normalizer<4,>=2  Using cached charset_normalizer-3.4.0-cp39-cp39-musllinux_1_2_x86_64.whl (145 kB)Collecting idna<4,>=2.5  Using cached idna-3.10-py3-none-any.whl (70 kB)Installing collected packages: urllib3, typing-extensions, slack-sdk, pyyaml, idna, charset-normalizer, certifi, annotated-types, requests, pydantic-core, pydantic, terraform-tools  Running setup.py develop for terraform-toolsSuccessfully installed annotated-types-0.7.0 certifi-2024.8.30 charset-normalizer-3.4.0 idna-3.10 pydantic-2.10.3 pydantic-core-2.27.1 pyyaml-6.0.2 requests-2.32.3 slack-sdk-3.33.4 terraform-tools-0.1.0 typing-extensions-4.12.2 urllib3-2.2.3WARNING: Running pip as the 'root' user can result in broken permissions and conflicting behaviour with the system package manager. It is recommended to use a virtual environment instead: https://pip.pypa.io/warnings/venvWARNING: There was an error checking the latest version of pip.🔧 Preparing terraform variables...2024-12-04 06:30:41,732 - INFO - 🚀 Starting tfvars preparation...2024-12-04 06:30:41,732 - INFO - 📝 Creating terraform.tfvars.json at /workspace/shaked-kubiya-ai-plan/terraform-aws-sqs/terraform.tfvars.json2024-12-04 06:30:41,733 - INFO - ✅ Successfully prepared terraform.tfvars.json🚀 Running Terraform plan...2024-12-04 06:30:41,831 - INFO - 🚀 Starting Terraform plan for workspace 'shaked-kubiya-ai-plan'...2024-12-04 06:30:41,831 - WARNING - Missing required environment variables: SLACK_API_TOKEN, SLACK_CHANNEL_ID2024-12-04 06:30:41,832 - INFO - Using module path: /workspace/shaked-kubiya-ai-plan/terraform-aws-sqs2024-12-04 06:30:41,832 - INFO - ⚙️ Initializing Terraform...2024-12-04 06:30:41,832 - INFO - 🔄 Running command in /workspace/shaked-kubiya-ai-plan/terraform-aws-sqs: terraform init[0m[1mInitializing the backend...[0m[0m[1mInitializing provider plugins...[0m- Finding hashicorp/aws versions matching ">= 4.36.0"...- Installing hashicorp/aws v5.79.0...- Installed hashicorp/aws v5.79.0 (signed by HashiCorp)Terraform has created a lock file [1m.terraform.lock.hcl[0m to record the providerselections it made above. Include this file in your version control repositoryso that Terraform can guarantee to make the same selections by default whenyou run "terraform init" in the future.[0m[0m[1m[32mTerraform has been successfully initialized![0m[32m[0m2024-12-04 06:30:46,124 - INFO - 📋 Generating Terraform plan...2024-12-04 06:30:46,125 - INFO - 🔄 Running command in /workspace/shaked-kubiya-ai-plan/terraform-aws-sqs: terraform plan -no-color2024-12-04 06:30:49,151 - INFO - ✅ Terraform plan completed successfully.data.aws_region.current: Reading...data.aws_caller_identity.current: Reading...data.aws_region.current: Read complete after 0s [id=us-east-1]data.aws_caller_identity.current: Read complete after 0s [id=564407622114]Terraform used the selected providers to generate the following executionplan. Resource actions are indicated with the following symbols:  + createTerraform will perform the following actions:  # aws_sqs_queue.this[0] will be created  + resource "aws_sqs_queue" "this" {      + arn                               = (known after apply)      + content_based_deduplication       = false      + deduplication_scope               = (known after apply)      + delay_seconds                     = 0      + fifo_queue                        = false      + fifo_throughput_limit             = (known after apply)      + id                                = (known after apply)      + kms_data_key_reuse_period_seconds = (known after apply)      + max_message_size                  = 262144      + message_retention_seconds         = 345600      + name                              = "blablabla"      + name_prefix                       = (known after apply)      + policy                            = (known after apply)      + receive_wait_time_seconds         = 0      + redrive_allow_policy              = (known after apply)      + redrive_policy                    = (known after apply)      + sqs_managed_sse_enabled           = true      + tags_all                          = (known after apply)      + url                               = (known after apply)      + visibility_timeout_seconds        = 30    } Error: SessionID: Timestamp:2024-12-04T08:30:49+02:00 SenderName:Bot Type:tool_output Message: MessageID:737901 Final:false Status:}
2024/12/04 08:30:49 chat.go:219: Sending message: {Content:📦 Installing system dependencies...📦 Installing Terraform 1.10.0...✅ Successfully installed Terraform 1.10.0🔧 Using workspace name: shaked-kubiya-ai-plan📦 Cloning module repository...Cloning into '/workspace/shaked-kubiya-ai-plan/terraform-aws-sqs'...Checking for Terraform files in /workspace/shaked-kubiya-ai-plan/terraform-aws-sqsFound 4 Terraform files in module directory📍 Working in directory: /workspace/shaked-kubiya-ai-plan/terraform-aws-sqsTerraform files in working directory:-rw-r--r--    1 root     root          8786 Dec  4 06:30 main.tf-rw-r--r--    1 root     root          2133 Dec  4 06:30 outputs.tf-rw-r--r--    1 root     root          8829 Dec  4 06:30 variables.tf-rw-r--r--    1 root     root           148 Dec  4 06:30 versions.tf📦 Setting up Python environment...📦 Installing package and dependencies...Obtaining file:///opt/scripts  Preparing metadata (setup.py): started  Preparing metadata (setup.py): finished with status 'done'Collecting slack-sdk  Using cached slack_sdk-3.33.4-py2.py3-none-any.whl (292 kB)Collecting pydantic  Using cached pydantic-2.10.3-py3-none-any.whl (456 kB)Collecting pyyaml  Using cached PyYAML-6.0.2-cp39-cp39-musllinux_1_1_x86_64.whl (723 kB)Collecting requests  Using cached requests-2.32.3-py3-none-any.whl (64 kB)Collecting pydantic-core==2.27.1  Using cached pydantic_core-2.27.1-cp39-cp39-musllinux_1_1_x86_64.whl (2.1 MB)Collecting annotated-types>=0.6.0  Using cached annotated_types-0.7.0-py3-none-any.whl (13 kB)Collecting typing-extensions>=4.12.2  Using cached typing_extensions-4.12.2-py3-none-any.whl (37 kB)Collecting certifi>=2017.4.17  Using cached certifi-2024.8.30-py3-none-any.whl (167 kB)Collecting urllib3<3,>=1.21.1  Using cached urllib3-2.2.3-py3-none-any.whl (126 kB)Collecting charset-normalizer<4,>=2  Using cached charset_normalizer-3.4.0-cp39-cp39-musllinux_1_2_x86_64.whl (145 kB)Collecting idna<4,>=2.5  Using cached idna-3.10-py3-none-any.whl (70 kB)Installing collected packages: urllib3, typing-extensions, slack-sdk, pyyaml, idna, charset-normalizer, certifi, annotated-types, requests, pydantic-core, pydantic, terraform-tools  Running setup.py develop for terraform-toolsSuccessfully installed annotated-types-0.7.0 certifi-2024.8.30 charset-normalizer-3.4.0 idna-3.10 pydantic-2.10.3 pydantic-core-2.27.1 pyyaml-6.0.2 requests-2.32.3 slack-sdk-3.33.4 terraform-tools-0.1.0 typing-extensions-4.12.2 urllib3-2.2.3WARNING: Running pip as the 'root' user can result in broken permissions and conflicting behaviour with the system package manager. It is recommended to use a virtual environment instead: https://pip.pypa.io/warnings/venvWARNING: There was an error checking the latest version of pip.🔧 Preparing terraform variables...2024-12-04 06:30:41,732 - INFO - 🚀 Starting tfvars preparation...2024-12-04 06:30:41,732 - INFO - 📝 Creating terraform.tfvars.json at /workspace/shaked-kubiya-ai-plan/terraform-aws-sqs/terraform.tfvars.json2024-12-04 06:30:41,733 - INFO - ✅ Successfully prepared terraform.tfvars.json🚀 Running Terraform plan...2024-12-04 06:30:41,831 - INFO - 🚀 Starting Terraform plan for workspace 'shaked-kubiya-ai-plan'...2024-12-04 06:30:41,831 - WARNING - Missing required environment variables: SLACK_API_TOKEN, SLACK_CHANNEL_ID2024-12-04 06:30:41,832 - INFO - Using module path: /workspace/shaked-kubiya-ai-plan/terraform-aws-sqs2024-12-04 06:30:41,832 - INFO - ⚙️ Initializing Terraform...2024-12-04 06:30:41,832 - INFO - 🔄 Running command in /workspace/shaked-kubiya-ai-plan/terraform-aws-sqs: terraform init[0m[1mInitializing the backend...[0m[0m[1mInitializing provider plugins...[0m- Finding hashicorp/aws versions matching ">= 4.36.0"...- Installing hashicorp/aws v5.79.0...- Installed hashicorp/aws v5.79.0 (signed by HashiCorp)Terraform has created a lock file [1m.terraform.lock.hcl[0m to record the providerselections it made above. Include this file in your version control repositoryso that Terraform can guarantee to make the same selections by default whenyou run "terraform init" in the future.[0m[0m[1m[32mTerraform has been successfully initialized![0m[32m[0m2024-12-04 06:30:46,124 - INFO - 📋 Generating Terraform plan...2024-12-04 06:30:46,125 - INFO - 🔄 Running command in /workspace/shaked-kubiya-ai-plan/terraform-aws-sqs: terraform plan -no-color2024-12-04 06:30:49,151 - INFO - ✅ Terraform plan completed successfully.data.aws_region.current: Reading...data.aws_caller_identity.current: Reading...data.aws_region.current: Read complete after 0s [id=us-east-1]data.aws_caller_identity.current: Read complete after 0s [id=564407622114]Terraform used the selected providers to generate the following executionplan. Resource actions are indicated with the following symbols:  + createTerraform will perform the following actions:  # aws_sqs_queue.this[0] will be created  + resource "aws_sqs_queue" "this" {      + arn                               = (known after apply)      + content_based_deduplication       = false      + deduplication_scope               = (known after apply)      + delay_seconds                     = 0      + fifo_queue                        = false      + fifo_throughput_limit             = (known after apply)      + id                                = (known after apply)      + kms_data_key_reuse_period_seconds = (known after apply)      + max_message_size                  = 262144      + message_retention_seconds         = 345600      + name                              = "blablabla"      + name_prefix                       = (known after apply)      + policy                            = (known after apply)      + receive_wait_time_seconds         = 0      + redrive_allow_policy              = (known after apply)      + redrive_policy                    = (known after apply)      + sqs_managed_sse_enabled           = true      + tags_all                          = (known after apply)      + url                               = (known after apply)      + visibility_timeout_seconds        = 30    }Plan: 1 to add, 0 to change, 0 to destroy. Error: SessionID: Timestamp:2024-12-04T08:30:49+02:00 SenderName:Bot Type:tool_output Message: MessageID:737901 Final:true Status:}
2024/12/04 08:30:49 chat.go:219: Sending message: {Content:📦 Installing system dependencies...📦 Installing Terraform 1.10.0...✅ Successfully installed Terraform 1.10.0🔧 Using workspace name: shaked-kubiya-ai-plan📦 Cloning module repository...Cloning into '/workspace/shaked-kubiya-ai-plan/terraform-aws-sqs'...Checking for Terraform files in /workspace/shaked-kubiya-ai-plan/terraform-aws-sqsFound 4 Terraform files in module directory📍 Working in directory: /workspace/shaked-kubiya-ai-plan/terraform-aws-sqsTerraform files in working directory:-rw-r--r--    1 root     root          8786 Dec  4 06:30 main.tf-rw-r--r--    1 root     root          2133 Dec  4 06:30 outputs.tf-rw-r--r--    1 root     root          8829 Dec  4 06:30 variables.tf-rw-r--r--    1 root     root           148 Dec  4 06:30 versions.tf📦 Setting up Python environment...📦 Installing package and dependencies...Obtaining file:///opt/scripts  Preparing metadata (setup.py): started  Preparing metadata (setup.py): finished with status 'done'Collecting slack-sdk  Using cached slack_sdk-3.33.4-py2.py3-none-any.whl (292 kB)Collecting pydantic  Using cached pydantic-2.10.3-py3-none-any.whl (456 kB)Collecting pyyaml  Using cached PyYAML-6.0.2-cp39-cp39-musllinux_1_1_x86_64.whl (723 kB)Collecting requests  Using cached requests-2.32.3-py3-none-any.whl (64 kB)Collecting pydantic-core==2.27.1  Using cached pydantic_core-2.27.1-cp39-cp39-musllinux_1_1_x86_64.whl (2.1 MB)Collecting annotated-types>=0.6.0  Using cached annotated_types-0.7.0-py3-none-any.whl (13 kB)Collecting typing-extensions>=4.12.2  Using cached typing_extensions-4.12.2-py3-none-any.whl (37 kB)Collecting certifi>=2017.4.17  Using cached certifi-2024.8.30-py3-none-any.whl (167 kB)Collecting urllib3<3,>=1.21.1  Using cached urllib3-2.2.3-py3-none-any.whl (126 kB)Collecting charset-normalizer<4,>=2  Using cached charset_normalizer-3.4.0-cp39-cp39-musllinux_1_2_x86_64.whl (145 kB)Collecting idna<4,>=2.5  Using cached idna-3.10-py3-none-any.whl (70 kB)Installing collected packages: urllib3, typing-extensions, slack-sdk, pyyaml, idna, charset-normalizer, certifi, annotated-types, requests, pydantic-core, pydantic, terraform-tools  Running setup.py develop for terraform-toolsSuccessfully installed annotated-types-0.7.0 certifi-2024.8.30 charset-normalizer-3.4.0 idna-3.10 pydantic-2.10.3 pydantic-core-2.27.1 pyyaml-6.0.2 requests-2.32.3 slack-sdk-3.33.4 terraform-tools-0.1.0 typing-extensions-4.12.2 urllib3-2.2.3WARNING: Running pip as the 'root' user can result in broken permissions and conflicting behaviour with the system package manager. It is recommended to use a virtual environment instead: https://pip.pypa.io/warnings/venvWARNING: There was an error checking the latest version of pip.🔧 Preparing terraform variables...2024-12-04 06:30:41,732 - INFO - 🚀 Starting tfvars preparation...2024-12-04 06:30:41,732 - INFO - 📝 Creating terraform.tfvars.json at /workspace/shaked-kubiya-ai-plan/terraform-aws-sqs/terraform.tfvars.json2024-12-04 06:30:41,733 - INFO - ✅ Successfully prepared terraform.tfvars.json🚀 Running Terraform plan...2024-12-04 06:30:41,831 - INFO - 🚀 Starting Terraform plan for workspace 'shaked-kubiya-ai-plan'...2024-12-04 06:30:41,831 - WARNING - Missing required environment variables: SLACK_API_TOKEN, SLACK_CHANNEL_ID2024-12-04 06:30:41,832 - INFO - Using module path: /workspace/shaked-kubiya-ai-plan/terraform-aws-sqs2024-12-04 06:30:41,832 - INFO - ⚙️ Initializing Terraform...2024-12-04 06:30:41,832 - INFO - 🔄 Running command in /workspace/shaked-kubiya-ai-plan/terraform-aws-sqs: terraform init[0m[1mInitializing the backend...[0m[0m[1mInitializing provider plugins...[0m- Finding hashicorp/aws versions matching ">= 4.36.0"...- Installing hashicorp/aws v5.79.0...- Installed hashicorp/aws v5.79.0 (signed by HashiCorp)Terraform has created a lock file [1m.terraform.lock.hcl[0m to record the providerselections it made above. Include this file in your version control repositoryso that Terraform can guarantee to make the same selections by default whenyou run "terraform init" in the future.[0m[0m[1m[32mTerraform has been successfully initialized![0m[32m[0m2024-12-04 06:30:46,124 - INFO - 📋 Generating Terraform plan...2024-12-04 06:30:46,125 - INFO - 🔄 Running command in /workspace/shaked-kubiya-ai-plan/terraform-aws-sqs: terraform plan -no-color2024-12-04 06:30:49,151 - INFO - ✅ Terraform plan completed successfully.data.aws_region.current: Reading...data.aws_caller_identity.current: Reading...data.aws_region.current: Read complete after 0s [id=us-east-1]data.aws_caller_identity.current: Read complete after 0s [id=564407622114]Terraform used the selected providers to generate the following executionplan. Resource actions are indicated with the following symbols:  + createTerraform will perform the following actions:  # aws_sqs_queue.this[0] will be created  + resource "aws_sqs_queue" "this" {      + arn                               = (known after apply)      + content_based_deduplication       = false      + deduplication_scope               = (known after apply)      + delay_seconds                     = 0      + fifo_queue                        = false      + fifo_throughput_limit             = (known after apply)      + id                                = (known after apply)      + kms_data_key_reuse_period_seconds = (known after apply)      + max_message_size                  = 262144      + message_retention_seconds         = 345600      + name                              = "blablabla"      + name_prefix                       = (known after apply)      + policy                            = (known after apply)      + receive_wait_time_seconds         = 0      + redrive_allow_policy              = (known after apply)      + redrive_policy                    = (known after apply)      + sqs_managed_sse_enabled           = true      + tags_all                          = (known after apply)      + url                               = (known after apply)      + visibility_timeout_seconds        = 30    }Plan: 1 to add, 0 to change, 0 to destroy.Changes to Outputs: Error: SessionID: Timestamp:2024-12-04T08:30:49+02:00 SenderName:Bot Type:tool_output Message: MessageID:737901 Final:false Status:}
2024/12/04 08:30:49 chat.go:219: Sending message: {Content:📦 Installing system dependencies...📦 Installing Terraform 1.10.0...✅ Successfully installed Terraform 1.10.0🔧 Using workspace name: shaked-kubiya-ai-plan📦 Cloning module repository...Cloning into '/workspace/shaked-kubiya-ai-plan/terraform-aws-sqs'...Checking for Terraform files in /workspace/shaked-kubiya-ai-plan/terraform-aws-sqsFound 4 Terraform files in module directory📍 Working in directory: /workspace/shaked-kubiya-ai-plan/terraform-aws-sqsTerraform files in working directory:-rw-r--r--    1 root     root          8786 Dec  4 06:30 main.tf-rw-r--r--    1 root     root          2133 Dec  4 06:30 outputs.tf-rw-r--r--    1 root     root          8829 Dec  4 06:30 variables.tf-rw-r--r--    1 root     root           148 Dec  4 06:30 versions.tf📦 Setting up Python environment...📦 Installing package and dependencies...Obtaining file:///opt/scripts  Preparing metadata (setup.py): started  Preparing metadata (setup.py): finished with status 'done'Collecting slack-sdk  Using cached slack_sdk-3.33.4-py2.py3-none-any.whl (292 kB)Collecting pydantic  Using cached pydantic-2.10.3-py3-none-any.whl (456 kB)Collecting pyyaml  Using cached PyYAML-6.0.2-cp39-cp39-musllinux_1_1_x86_64.whl (723 kB)Collecting requests  Using cached requests-2.32.3-py3-none-any.whl (64 kB)Collecting pydantic-core==2.27.1  Using cached pydantic_core-2.27.1-cp39-cp39-musllinux_1_1_x86_64.whl (2.1 MB)Collecting annotated-types>=0.6.0  Using cached annotated_types-0.7.0-py3-none-any.whl (13 kB)Collecting typing-extensions>=4.12.2  Using cached typing_extensions-4.12.2-py3-none-any.whl (37 kB)Collecting certifi>=2017.4.17  Using cached certifi-2024.8.30-py3-none-any.whl (167 kB)Collecting urllib3<3,>=1.21.1  Using cached urllib3-2.2.3-py3-none-any.whl (126 kB)Collecting charset-normalizer<4,>=2  Using cached charset_normalizer-3.4.0-cp39-cp39-musllinux_1_2_x86_64.whl (145 kB)Collecting idna<4,>=2.5  Using cached idna-3.10-py3-none-any.whl (70 kB)Installing collected packages: urllib3, typing-extensions, slack-sdk, pyyaml, idna, charset-normalizer, certifi, annotated-types, requests, pydantic-core, pydantic, terraform-tools  Running setup.py develop for terraform-toolsSuccessfully installed annotated-types-0.7.0 certifi-2024.8.30 charset-normalizer-3.4.0 idna-3.10 pydantic-2.10.3 pydantic-core-2.27.1 pyyaml-6.0.2 requests-2.32.3 slack-sdk-3.33.4 terraform-tools-0.1.0 typing-extensions-4.12.2 urllib3-2.2.3WARNING: Running pip as the 'root' user can result in broken permissions and conflicting behaviour with the system package manager. It is recommended to use a virtual environment instead: https://pip.pypa.io/warnings/venvWARNING: There was an error checking the latest version of pip.🔧 Preparing terraform variables...2024-12-04 06:30:41,732 - INFO - 🚀 Starting tfvars preparation...2024-12-04 06:30:41,732 - INFO - 📝 Creating terraform.tfvars.json at /workspace/shaked-kubiya-ai-plan/terraform-aws-sqs/terraform.tfvars.json2024-12-04 06:30:41,733 - INFO - ✅ Successfully prepared terraform.tfvars.json🚀 Running Terraform plan...2024-12-04 06:30:41,831 - INFO - 🚀 Starting Terraform plan for workspace 'shaked-kubiya-ai-plan'...2024-12-04 06:30:41,831 - WARNING - Missing required environment variables: SLACK_API_TOKEN, SLACK_CHANNEL_ID2024-12-04 06:30:41,832 - INFO - Using module path: /workspace/shaked-kubiya-ai-plan/terraform-aws-sqs2024-12-04 06:30:41,832 - INFO - ⚙️ Initializing Terraform...2024-12-04 06:30:41,832 - INFO - 🔄 Running command in /workspace/shaked-kubiya-ai-plan/terraform-aws-sqs: terraform init[0m[1mInitializing the backend...[0m[0m[1mInitializing provider plugins...[0m- Finding hashicorp/aws versions matching ">= 4.36.0"...- Installing hashicorp/aws v5.79.0...- Installed hashicorp/aws v5.79.0 (signed by HashiCorp)Terraform has created a lock file [1m.terraform.lock.hcl[0m to record the providerselections it made above. Include this file in your version control repositoryso that Terraform can guarantee to make the same selections by default whenyou run "terraform init" in the future.[0m[0m[1m[32mTerraform has been successfully initialized![0m[32m[0m2024-12-04 06:30:46,124 - INFO - 📋 Generating Terraform plan...2024-12-04 06:30:46,125 - INFO - 🔄 Running command in /workspace/shaked-kubiya-ai-plan/terraform-aws-sqs: terraform plan -no-color2024-12-04 06:30:49,151 - INFO - ✅ Terraform plan completed successfully.data.aws_region.current: Reading...data.aws_caller_identity.current: Reading...data.aws_region.current: Read complete after 0s [id=us-east-1]data.aws_caller_identity.current: Read complete after 0s [id=564407622114]Terraform used the selected providers to generate the following executionplan. Resource actions are indicated with the following symbols:  + createTerraform will perform the following actions:  # aws_sqs_queue.this[0] will be created  + resource "aws_sqs_queue" "this" {      + arn                               = (known after apply)      + content_based_deduplication       = false      + deduplication_scope               = (known after apply)      + delay_seconds                     = 0      + fifo_queue                        = false      + fifo_throughput_limit             = (known after apply)      + id                                = (known after apply)      + kms_data_key_reuse_period_seconds = (known after apply)      + max_message_size                  = 262144      + message_retention_seconds         = 345600      + name                              = "blablabla"      + name_prefix                       = (known after apply)      + policy                            = (known after apply)      + receive_wait_time_seconds         = 0      + redrive_allow_policy              = (known after apply)      + redrive_policy                    = (known after apply)      + sqs_managed_sse_enabled           = true      + tags_all                          = (known after apply)      + url                               = (known after apply)      + visibility_timeout_seconds        = 30    }Plan: 1 to add, 0 to change, 0 to destroy.Changes to Outputs:  + dead_letter_queue_arn_static = "" Error: SessionID: Timestamp:2024-12-04T08:30:49+02:00 SenderName:Bot Type:tool_output Message: MessageID:737901 Final:false Status:}
2024/12/04 08:30:49 chat.go:219: Sending message: {Content:📦 Installing system dependencies...📦 Installing Terraform 1.10.0...✅ Successfully installed Terraform 1.10.0🔧 Using workspace name: shaked-kubiya-ai-plan📦 Cloning module repository...Cloning into '/workspace/shaked-kubiya-ai-plan/terraform-aws-sqs'...Checking for Terraform files in /workspace/shaked-kubiya-ai-plan/terraform-aws-sqsFound 4 Terraform files in module directory📍 Working in directory: /workspace/shaked-kubiya-ai-plan/terraform-aws-sqsTerraform files in working directory:-rw-r--r--    1 root     root          8786 Dec  4 06:30 main.tf-rw-r--r--    1 root     root          2133 Dec  4 06:30 outputs.tf-rw-r--r--    1 root     root          8829 Dec  4 06:30 variables.tf-rw-r--r--    1 root     root           148 Dec  4 06:30 versions.tf📦 Setting up Python environment...📦 Installing package and dependencies...Obtaining file:///opt/scripts  Preparing metadata (setup.py): started  Preparing metadata (setup.py): finished with status 'done'Collecting slack-sdk  Using cached slack_sdk-3.33.4-py2.py3-none-any.whl (292 kB)Collecting pydantic  Using cached pydantic-2.10.3-py3-none-any.whl (456 kB)Collecting pyyaml  Using cached PyYAML-6.0.2-cp39-cp39-musllinux_1_1_x86_64.whl (723 kB)Collecting requests  Using cached requests-2.32.3-py3-none-any.whl (64 kB)Collecting pydantic-core==2.27.1  Using cached pydantic_core-2.27.1-cp39-cp39-musllinux_1_1_x86_64.whl (2.1 MB)Collecting annotated-types>=0.6.0  Using cached annotated_types-0.7.0-py3-none-any.whl (13 kB)Collecting typing-extensions>=4.12.2  Using cached typing_extensions-4.12.2-py3-none-any.whl (37 kB)Collecting certifi>=2017.4.17  Using cached certifi-2024.8.30-py3-none-any.whl (167 kB)Collecting urllib3<3,>=1.21.1  Using cached urllib3-2.2.3-py3-none-any.whl (126 kB)Collecting charset-normalizer<4,>=2  Using cached charset_normalizer-3.4.0-cp39-cp39-musllinux_1_2_x86_64.whl (145 kB)Collecting idna<4,>=2.5  Using cached idna-3.10-py3-none-any.whl (70 kB)Installing collected packages: urllib3, typing-extensions, slack-sdk, pyyaml, idna, charset-normalizer, certifi, annotated-types, requests, pydantic-core, pydantic, terraform-tools  Running setup.py develop for terraform-toolsSuccessfully installed annotated-types-0.7.0 certifi-2024.8.30 charset-normalizer-3.4.0 idna-3.10 pydantic-2.10.3 pydantic-core-2.27.1 pyyaml-6.0.2 requests-2.32.3 slack-sdk-3.33.4 terraform-tools-0.1.0 typing-extensions-4.12.2 urllib3-2.2.3WARNING: Running pip as the 'root' user can result in broken permissions and conflicting behaviour with the system package manager. It is recommended to use a virtual environment instead: https://pip.pypa.io/warnings/venvWARNING: There was an error checking the latest version of pip.🔧 Preparing terraform variables...2024-12-04 06:30:41,732 - INFO - 🚀 Starting tfvars preparation...2024-12-04 06:30:41,732 - INFO - 📝 Creating terraform.tfvars.json at /workspace/shaked-kubiya-ai-plan/terraform-aws-sqs/terraform.tfvars.json2024-12-04 06:30:41,733 - INFO - ✅ Successfully prepared terraform.tfvars.json🚀 Running Terraform plan...2024-12-04 06:30:41,831 - INFO - 🚀 Starting Terraform plan for workspace 'shaked-kubiya-ai-plan'...2024-12-04 06:30:41,831 - WARNING - Missing required environment variables: SLACK_API_TOKEN, SLACK_CHANNEL_ID2024-12-04 06:30:41,832 - INFO - Using module path: /workspace/shaked-kubiya-ai-plan/terraform-aws-sqs2024-12-04 06:30:41,832 - INFO - ⚙️ Initializing Terraform...2024-12-04 06:30:41,832 - INFO - 🔄 Running command in /workspace/shaked-kubiya-ai-plan/terraform-aws-sqs: terraform init[0m[1mInitializing the backend...[0m[0m[1mInitializing provider plugins...[0m- Finding hashicorp/aws versions matching ">= 4.36.0"...- Installing hashicorp/aws v5.79.0...- Installed hashicorp/aws v5.79.0 (signed by HashiCorp)Terraform has created a lock file [1m.terraform.lock.hcl[0m to record the providerselections it made above. Include this file in your version control repositoryso that Terraform can guarantee to make the same selections by default whenyou run "terraform init" in the future.[0m[0m[1m[32mTerraform has been successfully initialized![0m[32m[0m2024-12-04 06:30:46,124 - INFO - 📋 Generating Terraform plan...2024-12-04 06:30:46,125 - INFO - 🔄 Running command in /workspace/shaked-kubiya-ai-plan/terraform-aws-sqs: terraform plan -no-color2024-12-04 06:30:49,151 - INFO - ✅ Terraform plan completed successfully.data.aws_region.current: Reading...data.aws_caller_identity.current: Reading...data.aws_region.current: Read complete after 0s [id=us-east-1]data.aws_caller_identity.current: Read complete after 0s [id=564407622114]Terraform used the selected providers to generate the following executionplan. Resource actions are indicated with the following symbols:  + createTerraform will perform the following actions:  # aws_sqs_queue.this[0] will be created  + resource "aws_sqs_queue" "this" {      + arn                               = (known after apply)      + content_based_deduplication       = false      + deduplication_scope               = (known after apply)      + delay_seconds                     = 0      + fifo_queue                        = false      + fifo_throughput_limit             = (known after apply)      + id                                = (known after apply)      + kms_data_key_reuse_period_seconds = (known after apply)      + max_message_size                  = 262144      + message_retention_seconds         = 345600      + name                              = "blablabla"      + name_prefix                       = (known after apply)      + policy                            = (known after apply)      + receive_wait_time_seconds         = 0      + redrive_allow_policy              = (known after apply)      + redrive_policy                    = (known after apply)      + sqs_managed_sse_enabled           = true      + tags_all                          = (known after apply)      + url                               = (known after apply)      + visibility_timeout_seconds        = 30    }Plan: 1 to add, 0 to change, 0 to destroy.Changes to Outputs:  + dead_letter_queue_arn_static = ""  + queue_arn                    = (known after apply) Error: SessionID: Timestamp:2024-12-04T08:30:49+02:00 SenderName:Bot Type:tool_output Message: MessageID:737901 Final:false Status:}
2024/12/04 08:30:49 chat.go:219: Sending message: {Content:📦 Installing system dependencies...📦 Installing Terraform 1.10.0...✅ Successfully installed Terraform 1.10.0🔧 Using workspace name: shaked-kubiya-ai-plan📦 Cloning module repository...Cloning into '/workspace/shaked-kubiya-ai-plan/terraform-aws-sqs'...Checking for Terraform files in /workspace/shaked-kubiya-ai-plan/terraform-aws-sqsFound 4 Terraform files in module directory📍 Working in directory: /workspace/shaked-kubiya-ai-plan/terraform-aws-sqsTerraform files in working directory:-rw-r--r--    1 root     root          8786 Dec  4 06:30 main.tf-rw-r--r--    1 root     root          2133 Dec  4 06:30 outputs.tf-rw-r--r--    1 root     root          8829 Dec  4 06:30 variables.tf-rw-r--r--    1 root     root           148 Dec  4 06:30 versions.tf📦 Setting up Python environment...📦 Installing package and dependencies...Obtaining file:///opt/scripts  Preparing metadata (setup.py): started  Preparing metadata (setup.py): finished with status 'done'Collecting slack-sdk  Using cached slack_sdk-3.33.4-py2.py3-none-any.whl (292 kB)Collecting pydantic  Using cached pydantic-2.10.3-py3-none-any.whl (456 kB)Collecting pyyaml  Using cached PyYAML-6.0.2-cp39-cp39-musllinux_1_1_x86_64.whl (723 kB)Collecting requests  Using cached requests-2.32.3-py3-none-any.whl (64 kB)Collecting pydantic-core==2.27.1  Using cached pydantic_core-2.27.1-cp39-cp39-musllinux_1_1_x86_64.whl (2.1 MB)Collecting annotated-types>=0.6.0  Using cached annotated_types-0.7.0-py3-none-any.whl (13 kB)Collecting typing-extensions>=4.12.2  Using cached typing_extensions-4.12.2-py3-none-any.whl (37 kB)Collecting certifi>=2017.4.17  Using cached certifi-2024.8.30-py3-none-any.whl (167 kB)Collecting urllib3<3,>=1.21.1  Using cached urllib3-2.2.3-py3-none-any.whl (126 kB)Collecting charset-normalizer<4,>=2  Using cached charset_normalizer-3.4.0-cp39-cp39-musllinux_1_2_x86_64.whl (145 kB)Collecting idna<4,>=2.5  Using cached idna-3.10-py3-none-any.whl (70 kB)Installing collected packages: urllib3, typing-extensions, slack-sdk, pyyaml, idna, charset-normalizer, certifi, annotated-types, requests, pydantic-core, pydantic, terraform-tools  Running setup.py develop for terraform-toolsSuccessfully installed annotated-types-0.7.0 certifi-2024.8.30 charset-normalizer-3.4.0 idna-3.10 pydantic-2.10.3 pydantic-core-2.27.1 pyyaml-6.0.2 requests-2.32.3 slack-sdk-3.33.4 terraform-tools-0.1.0 typing-extensions-4.12.2 urllib3-2.2.3WARNING: Running pip as the 'root' user can result in broken permissions and conflicting behaviour with the system package manager. It is recommended to use a virtual environment instead: https://pip.pypa.io/warnings/venvWARNING: There was an error checking the latest version of pip.🔧 Preparing terraform variables...2024-12-04 06:30:41,732 - INFO - 🚀 Starting tfvars preparation...2024-12-04 06:30:41,732 - INFO - 📝 Creating terraform.tfvars.json at /workspace/shaked-kubiya-ai-plan/terraform-aws-sqs/terraform.tfvars.json2024-12-04 06:30:41,733 - INFO - ✅ Successfully prepared terraform.tfvars.json🚀 Running Terraform plan...2024-12-04 06:30:41,831 - INFO - 🚀 Starting Terraform plan for workspace 'shaked-kubiya-ai-plan'...2024-12-04 06:30:41,831 - WARNING - Missing required environment variables: SLACK_API_TOKEN, SLACK_CHANNEL_ID2024-12-04 06:30:41,832 - INFO - Using module path: /workspace/shaked-kubiya-ai-plan/terraform-aws-sqs2024-12-04 06:30:41,832 - INFO - ⚙️ Initializing Terraform...2024-12-04 06:30:41,832 - INFO - 🔄 Running command in /workspace/shaked-kubiya-ai-plan/terraform-aws-sqs: terraform init[0m[1mInitializing the backend...[0m[0m[1mInitializing provider plugins...[0m- Finding hashicorp/aws versions matching ">= 4.36.0"...- Installing hashicorp/aws v5.79.0...- Installed hashicorp/aws v5.79.0 (signed by HashiCorp)Terraform has created a lock file [1m.terraform.lock.hcl[0m to record the providerselections it made above. Include this file in your version control repositoryso that Terraform can guarantee to make the same selections by default whenyou run "terraform init" in the future.[0m[0m[1m[32mTerraform has been successfully initialized![0m[32m[0m2024-12-04 06:30:46,124 - INFO - 📋 Generating Terraform plan...2024-12-04 06:30:46,125 - INFO - 🔄 Running command in /workspace/shaked-kubiya-ai-plan/terraform-aws-sqs: terraform plan -no-color2024-12-04 06:30:49,151 - INFO - ✅ Terraform plan completed successfully.data.aws_region.current: Reading...data.aws_caller_identity.current: Reading...data.aws_region.current: Read complete after 0s [id=us-east-1]data.aws_caller_identity.current: Read complete after 0s [id=564407622114]Terraform used the selected providers to generate the following executionplan. Resource actions are indicated with the following symbols:  + createTerraform will perform the following actions:  # aws_sqs_queue.this[0] will be created  + resource "aws_sqs_queue" "this" {      + arn                               = (known after apply)      + content_based_deduplication       = false      + deduplication_scope               = (known after apply)      + delay_seconds                     = 0      + fifo_queue                        = false      + fifo_throughput_limit             = (known after apply)      + id                                = (known after apply)      + kms_data_key_reuse_period_seconds = (known after apply)      + max_message_size                  = 262144      + message_retention_seconds         = 345600      + name                              = "blablabla"      + name_prefix                       = (known after apply)      + policy                            = (known after apply)      + receive_wait_time_seconds         = 0      + redrive_allow_policy              = (known after apply)      + redrive_policy                    = (known after apply)      + sqs_managed_sse_enabled           = true      + tags_all                          = (known after apply)      + url                               = (known after apply)      + visibility_timeout_seconds        = 30    }Plan: 1 to add, 0 to change, 0 to destroy.Changes to Outputs:  + dead_letter_queue_arn_static = ""  + queue_arn                    = (known after apply)  + queue_arn_static             = "arn:aws:sqs:us-east-1:564407622114:blablabla" Error: SessionID: Timestamp:2024-12-04T08:30:49+02:00 SenderName:Bot Type:tool_output Message: MessageID:737901 Final:false Status:}
2024/12/04 08:30:49 chat.go:219: Sending message: {Content:📦 Installing system dependencies...📦 Installing Terraform 1.10.0...✅ Successfully installed Terraform 1.10.0🔧 Using workspace name: shaked-kubiya-ai-plan📦 Cloning module repository...Cloning into '/workspace/shaked-kubiya-ai-plan/terraform-aws-sqs'...Checking for Terraform files in /workspace/shaked-kubiya-ai-plan/terraform-aws-sqsFound 4 Terraform files in module directory📍 Working in directory: /workspace/shaked-kubiya-ai-plan/terraform-aws-sqsTerraform files in working directory:-rw-r--r--    1 root     root          8786 Dec  4 06:30 main.tf-rw-r--r--    1 root     root          2133 Dec  4 06:30 outputs.tf-rw-r--r--    1 root     root          8829 Dec  4 06:30 variables.tf-rw-r--r--    1 root     root           148 Dec  4 06:30 versions.tf📦 Setting up Python environment...📦 Installing package and dependencies...Obtaining file:///opt/scripts  Preparing metadata (setup.py): started  Preparing metadata (setup.py): finished with status 'done'Collecting slack-sdk  Using cached slack_sdk-3.33.4-py2.py3-none-any.whl (292 kB)Collecting pydantic  Using cached pydantic-2.10.3-py3-none-any.whl (456 kB)Collecting pyyaml  Using cached PyYAML-6.0.2-cp39-cp39-musllinux_1_1_x86_64.whl (723 kB)Collecting requests  Using cached requests-2.32.3-py3-none-any.whl (64 kB)Collecting pydantic-core==2.27.1  Using cached pydantic_core-2.27.1-cp39-cp39-musllinux_1_1_x86_64.whl (2.1 MB)Collecting annotated-types>=0.6.0  Using cached annotated_types-0.7.0-py3-none-any.whl (13 kB)Collecting typing-extensions>=4.12.2  Using cached typing_extensions-4.12.2-py3-none-any.whl (37 kB)Collecting certifi>=2017.4.17  Using cached certifi-2024.8.30-py3-none-any.whl (167 kB)Collecting urllib3<3,>=1.21.1  Using cached urllib3-2.2.3-py3-none-any.whl (126 kB)Collecting charset-normalizer<4,>=2  Using cached charset_normalizer-3.4.0-cp39-cp39-musllinux_1_2_x86_64.whl (145 kB)Collecting idna<4,>=2.5  Using cached idna-3.10-py3-none-any.whl (70 kB)Installing collected packages: urllib3, typing-extensions, slack-sdk, pyyaml, idna, charset-normalizer, certifi, annotated-types, requests, pydantic-core, pydantic, terraform-tools  Running setup.py develop for terraform-toolsSuccessfully installed annotated-types-0.7.0 certifi-2024.8.30 charset-normalizer-3.4.0 idna-3.10 pydantic-2.10.3 pydantic-core-2.27.1 pyyaml-6.0.2 requests-2.32.3 slack-sdk-3.33.4 terraform-tools-0.1.0 typing-extensions-4.12.2 urllib3-2.2.3WARNING: Running pip as the 'root' user can result in broken permissions and conflicting behaviour with the system package manager. It is recommended to use a virtual environment instead: https://pip.pypa.io/warnings/venvWARNING: There was an error checking the latest version of pip.🔧 Preparing terraform variables...2024-12-04 06:30:41,732 - INFO - 🚀 Starting tfvars preparation...2024-12-04 06:30:41,732 - INFO - 📝 Creating terraform.tfvars.json at /workspace/shaked-kubiya-ai-plan/terraform-aws-sqs/terraform.tfvars.json2024-12-04 06:30:41,733 - INFO - ✅ Successfully prepared terraform.tfvars.json🚀 Running Terraform plan...2024-12-04 06:30:41,831 - INFO - 🚀 Starting Terraform plan for workspace 'shaked-kubiya-ai-plan'...2024-12-04 06:30:41,831 - WARNING - Missing required environment variables: SLACK_API_TOKEN, SLACK_CHANNEL_ID2024-12-04 06:30:41,832 - INFO - Using module path: /workspace/shaked-kubiya-ai-plan/terraform-aws-sqs2024-12-04 06:30:41,832 - INFO - ⚙️ Initializing Terraform...2024-12-04 06:30:41,832 - INFO - 🔄 Running command in /workspace/shaked-kubiya-ai-plan/terraform-aws-sqs: terraform init[0m[1mInitializing the backend...[0m[0m[1mInitializing provider plugins...[0m- Finding hashicorp/aws versions matching ">= 4.36.0"...- Installing hashicorp/aws v5.79.0...- Installed hashicorp/aws v5.79.0 (signed by HashiCorp)Terraform has created a lock file [1m.terraform.lock.hcl[0m to record the providerselections it made above. Include this file in your version control repositoryso that Terraform can guarantee to make the same selections by default whenyou run "terraform init" in the future.[0m[0m[1m[32mTerraform has been successfully initialized![0m[32m[0m2024-12-04 06:30:46,124 - INFO - 📋 Generating Terraform plan...2024-12-04 06:30:46,125 - INFO - 🔄 Running command in /workspace/shaked-kubiya-ai-plan/terraform-aws-sqs: terraform plan -no-color2024-12-04 06:30:49,151 - INFO - ✅ Terraform plan completed successfully.data.aws_region.current: Reading...data.aws_caller_identity.current: Reading...data.aws_region.current: Read complete after 0s [id=us-east-1]data.aws_caller_identity.current: Read complete after 0s [id=564407622114]Terraform used the selected providers to generate the following executionplan. Resource actions are indicated with the following symbols:  + createTerraform will perform the following actions:  # aws_sqs_queue.this[0] will be created  + resource "aws_sqs_queue" "this" {      + arn                               = (known after apply)      + content_based_deduplication       = false      + deduplication_scope               = (known after apply)      + delay_seconds                     = 0      + fifo_queue                        = false      + fifo_throughput_limit             = (known after apply)      + id                                = (known after apply)      + kms_data_key_reuse_period_seconds = (known after apply)      + max_message_size                  = 262144      + message_retention_seconds         = 345600      + name                              = "blablabla"      + name_prefix                       = (known after apply)      + policy                            = (known after apply)      + receive_wait_time_seconds         = 0      + redrive_allow_policy              = (known after apply)      + redrive_policy                    = (known after apply)      + sqs_managed_sse_enabled           = true      + tags_all                          = (known after apply)      + url                               = (known after apply)      + visibility_timeout_seconds        = 30    }Plan: 1 to add, 0 to change, 0 to destroy.Changes to Outputs:  + dead_letter_queue_arn_static = ""  + queue_arn                    = (known after apply)  + queue_arn_static             = "arn:aws:sqs:us-east-1:564407622114:blablabla"  + queue_id                     = (known after apply) Error: SessionID: Timestamp:2024-12-04T08:30:49+02:00 SenderName:Bot Type:tool_output Message: MessageID:737901 Final:false Status:}
2024/12/04 08:30:49 chat.go:219: Sending message: {Content:📦 Installing system dependencies...📦 Installing Terraform 1.10.0...✅ Successfully installed Terraform 1.10.0🔧 Using workspace name: shaked-kubiya-ai-plan📦 Cloning module repository...Cloning into '/workspace/shaked-kubiya-ai-plan/terraform-aws-sqs'...Checking for Terraform files in /workspace/shaked-kubiya-ai-plan/terraform-aws-sqsFound 4 Terraform files in module directory📍 Working in directory: /workspace/shaked-kubiya-ai-plan/terraform-aws-sqsTerraform files in working directory:-rw-r--r--    1 root     root          8786 Dec  4 06:30 main.tf-rw-r--r--    1 root     root          2133 Dec  4 06:30 outputs.tf-rw-r--r--    1 root     root          8829 Dec  4 06:30 variables.tf-rw-r--r--    1 root     root           148 Dec  4 06:30 versions.tf📦 Setting up Python environment...📦 Installing package and dependencies...Obtaining file:///opt/scripts  Preparing metadata (setup.py): started  Preparing metadata (setup.py): finished with status 'done'Collecting slack-sdk  Using cached slack_sdk-3.33.4-py2.py3-none-any.whl (292 kB)Collecting pydantic  Using cached pydantic-2.10.3-py3-none-any.whl (456 kB)Collecting pyyaml  Using cached PyYAML-6.0.2-cp39-cp39-musllinux_1_1_x86_64.whl (723 kB)Collecting requests  Using cached requests-2.32.3-py3-none-any.whl (64 kB)Collecting pydantic-core==2.27.1  Using cached pydantic_core-2.27.1-cp39-cp39-musllinux_1_1_x86_64.whl (2.1 MB)Collecting annotated-types>=0.6.0  Using cached annotated_types-0.7.0-py3-none-any.whl (13 kB)Collecting typing-extensions>=4.12.2  Using cached typing_extensions-4.12.2-py3-none-any.whl (37 kB)Collecting certifi>=2017.4.17  Using cached certifi-2024.8.30-py3-none-any.whl (167 kB)Collecting urllib3<3,>=1.21.1  Using cached urllib3-2.2.3-py3-none-any.whl (126 kB)Collecting charset-normalizer<4,>=2  Using cached charset_normalizer-3.4.0-cp39-cp39-musllinux_1_2_x86_64.whl (145 kB)Collecting idna<4,>=2.5  Using cached idna-3.10-py3-none-any.whl (70 kB)Installing collected packages: urllib3, typing-extensions, slack-sdk, pyyaml, idna, charset-normalizer, certifi, annotated-types, requests, pydantic-core, pydantic, terraform-tools  Running setup.py develop for terraform-toolsSuccessfully installed annotated-types-0.7.0 certifi-2024.8.30 charset-normalizer-3.4.0 idna-3.10 pydantic-2.10.3 pydantic-core-2.27.1 pyyaml-6.0.2 requests-2.32.3 slack-sdk-3.33.4 terraform-tools-0.1.0 typing-extensions-4.12.2 urllib3-2.2.3WARNING: Running pip as the 'root' user can result in broken permissions and conflicting behaviour with the system package manager. It is recommended to use a virtual environment instead: https://pip.pypa.io/warnings/venvWARNING: There was an error checking the latest version of pip.🔧 Preparing terraform variables...2024-12-04 06:30:41,732 - INFO - 🚀 Starting tfvars preparation...2024-12-04 06:30:41,732 - INFO - 📝 Creating terraform.tfvars.json at /workspace/shaked-kubiya-ai-plan/terraform-aws-sqs/terraform.tfvars.json2024-12-04 06:30:41,733 - INFO - ✅ Successfully prepared terraform.tfvars.json🚀 Running Terraform plan...2024-12-04 06:30:41,831 - INFO - 🚀 Starting Terraform plan for workspace 'shaked-kubiya-ai-plan'...2024-12-04 06:30:41,831 - WARNING - Missing required environment variables: SLACK_API_TOKEN, SLACK_CHANNEL_ID2024-12-04 06:30:41,832 - INFO - Using module path: /workspace/shaked-kubiya-ai-plan/terraform-aws-sqs2024-12-04 06:30:41,832 - INFO - ⚙️ Initializing Terraform...2024-12-04 06:30:41,832 - INFO - 🔄 Running command in /workspace/shaked-kubiya-ai-plan/terraform-aws-sqs: terraform init[0m[1mInitializing the backend...[0m[0m[1mInitializing provider plugins...[0m- Finding hashicorp/aws versions matching ">= 4.36.0"...- Installing hashicorp/aws v5.79.0...- Installed hashicorp/aws v5.79.0 (signed by HashiCorp)Terraform has created a lock file [1m.terraform.lock.hcl[0m to record the providerselections it made above. Include this file in your version control repositoryso that Terraform can guarantee to make the same selections by default whenyou run "terraform init" in the future.[0m[0m[1m[32mTerraform has been successfully initialized![0m[32m[0m2024-12-04 06:30:46,124 - INFO - 📋 Generating Terraform plan...2024-12-04 06:30:46,125 - INFO - 🔄 Running command in /workspace/shaked-kubiya-ai-plan/terraform-aws-sqs: terraform plan -no-color2024-12-04 06:30:49,151 - INFO - ✅ Terraform plan completed successfully.data.aws_region.current: Reading...data.aws_caller_identity.current: Reading...data.aws_region.current: Read complete after 0s [id=us-east-1]data.aws_caller_identity.current: Read complete after 0s [id=564407622114]Terraform used the selected providers to generate the following executionplan. Resource actions are indicated with the following symbols:  + createTerraform will perform the following actions:  # aws_sqs_queue.this[0] will be created  + resource "aws_sqs_queue" "this" {      + arn                               = (known after apply)      + content_based_deduplication       = false      + deduplication_scope               = (known after apply)      + delay_seconds                     = 0      + fifo_queue                        = false      + fifo_throughput_limit             = (known after apply)      + id                                = (known after apply)      + kms_data_key_reuse_period_seconds = (known after apply)      + max_message_size                  = 262144      + message_retention_seconds         = 345600      + name                              = "blablabla"      + name_prefix                       = (known after apply)      + policy                            = (known after apply)      + receive_wait_time_seconds         = 0      + redrive_allow_policy              = (known after apply)      + redrive_policy                    = (known after apply)      + sqs_managed_sse_enabled           = true      + tags_all                          = (known after apply)      + url                               = (known after apply)      + visibility_timeout_seconds        = 30    }Plan: 1 to add, 0 to change, 0 to destroy.Changes to Outputs:  + dead_letter_queue_arn_static = ""  + queue_arn                    = (known after apply)  + queue_arn_static             = "arn:aws:sqs:us-east-1:564407622114:blablabla"  + queue_id                     = (known after apply)  + queue_name                   = "blablabla" Error: SessionID: Timestamp:2024-12-04T08:30:49+02:00 SenderName:Bot Type:tool_output Message: MessageID:737901 Final:false Status:}
2024/12/04 08:30:49 chat.go:219: Sending message: {Content:📦 Installing system dependencies...📦 Installing Terraform 1.10.0...✅ Successfully installed Terraform 1.10.0🔧 Using workspace name: shaked-kubiya-ai-plan📦 Cloning module repository...Cloning into '/workspace/shaked-kubiya-ai-plan/terraform-aws-sqs'...Checking for Terraform files in /workspace/shaked-kubiya-ai-plan/terraform-aws-sqsFound 4 Terraform files in module directory📍 Working in directory: /workspace/shaked-kubiya-ai-plan/terraform-aws-sqsTerraform files in working directory:-rw-r--r--    1 root     root          8786 Dec  4 06:30 main.tf-rw-r--r--    1 root     root          2133 Dec  4 06:30 outputs.tf-rw-r--r--    1 root     root          8829 Dec  4 06:30 variables.tf-rw-r--r--    1 root     root           148 Dec  4 06:30 versions.tf📦 Setting up Python environment...📦 Installing package and dependencies...Obtaining file:///opt/scripts  Preparing metadata (setup.py): started  Preparing metadata (setup.py): finished with status 'done'Collecting slack-sdk  Using cached slack_sdk-3.33.4-py2.py3-none-any.whl (292 kB)Collecting pydantic  Using cached pydantic-2.10.3-py3-none-any.whl (456 kB)Collecting pyyaml  Using cached PyYAML-6.0.2-cp39-cp39-musllinux_1_1_x86_64.whl (723 kB)Collecting requests  Using cached requests-2.32.3-py3-none-any.whl (64 kB)Collecting pydantic-core==2.27.1  Using cached pydantic_core-2.27.1-cp39-cp39-musllinux_1_1_x86_64.whl (2.1 MB)Collecting annotated-types>=0.6.0  Using cached annotated_types-0.7.0-py3-none-any.whl (13 kB)Collecting typing-extensions>=4.12.2  Using cached typing_extensions-4.12.2-py3-none-any.whl (37 kB)Collecting certifi>=2017.4.17  Using cached certifi-2024.8.30-py3-none-any.whl (167 kB)Collecting urllib3<3,>=1.21.1  Using cached urllib3-2.2.3-py3-none-any.whl (126 kB)Collecting charset-normalizer<4,>=2  Using cached charset_normalizer-3.4.0-cp39-cp39-musllinux_1_2_x86_64.whl (145 kB)Collecting idna<4,>=2.5  Using cached idna-3.10-py3-none-any.whl (70 kB)Installing collected packages: urllib3, typing-extensions, slack-sdk, pyyaml, idna, charset-normalizer, certifi, annotated-types, requests, pydantic-core, pydantic, terraform-tools  Running setup.py develop for terraform-toolsSuccessfully installed annotated-types-0.7.0 certifi-2024.8.30 charset-normalizer-3.4.0 idna-3.10 pydantic-2.10.3 pydantic-core-2.27.1 pyyaml-6.0.2 requests-2.32.3 slack-sdk-3.33.4 terraform-tools-0.1.0 typing-extensions-4.12.2 urllib3-2.2.3WARNING: Running pip as the 'root' user can result in broken permissions and conflicting behaviour with the system package manager. It is recommended to use a virtual environment instead: https://pip.pypa.io/warnings/venvWARNING: There was an error checking the latest version of pip.🔧 Preparing terraform variables...2024-12-04 06:30:41,732 - INFO - 🚀 Starting tfvars preparation...2024-12-04 06:30:41,732 - INFO - 📝 Creating terraform.tfvars.json at /workspace/shaked-kubiya-ai-plan/terraform-aws-sqs/terraform.tfvars.json2024-12-04 06:30:41,733 - INFO - ✅ Successfully prepared terraform.tfvars.json🚀 Running Terraform plan...2024-12-04 06:30:41,831 - INFO - 🚀 Starting Terraform plan for workspace 'shaked-kubiya-ai-plan'...2024-12-04 06:30:41,831 - WARNING - Missing required environment variables: SLACK_API_TOKEN, SLACK_CHANNEL_ID2024-12-04 06:30:41,832 - INFO - Using module path: /workspace/shaked-kubiya-ai-plan/terraform-aws-sqs2024-12-04 06:30:41,832 - INFO - ⚙️ Initializing Terraform...2024-12-04 06:30:41,832 - INFO - 🔄 Running command in /workspace/shaked-kubiya-ai-plan/terraform-aws-sqs: terraform init[0m[1mInitializing the backend...[0m[0m[1mInitializing provider plugins...[0m- Finding hashicorp/aws versions matching ">= 4.36.0"...- Installing hashicorp/aws v5.79.0...- Installed hashicorp/aws v5.79.0 (signed by HashiCorp)Terraform has created a lock file [1m.terraform.lock.hcl[0m to record the providerselections it made above. Include this file in your version control repositoryso that Terraform can guarantee to make the same selections by default whenyou run "terraform init" in the future.[0m[0m[1m[32mTerraform has been successfully initialized![0m[32m[0m2024-12-04 06:30:46,124 - INFO - 📋 Generating Terraform plan...2024-12-04 06:30:46,125 - INFO - 🔄 Running command in /workspace/shaked-kubiya-ai-plan/terraform-aws-sqs: terraform plan -no-color2024-12-04 06:30:49,151 - INFO - ✅ Terraform plan completed successfully.data.aws_region.current: Reading...data.aws_caller_identity.current: Reading...data.aws_region.current: Read complete after 0s [id=us-east-1]data.aws_caller_identity.current: Read complete after 0s [id=564407622114]Terraform used the selected providers to generate the following executionplan. Resource actions are indicated with the following symbols:  + createTerraform will perform the following actions:  # aws_sqs_queue.this[0] will be created  + resource "aws_sqs_queue" "this" {      + arn                               = (known after apply)      + content_based_deduplication       = false      + deduplication_scope               = (known after apply)      + delay_seconds                     = 0      + fifo_queue                        = false      + fifo_throughput_limit             = (known after apply)      + id                                = (known after apply)      + kms_data_key_reuse_period_seconds = (known after apply)      + max_message_size                  = 262144      + message_retention_seconds         = 345600      + name                              = "blablabla"      + name_prefix                       = (known after apply)      + policy                            = (known after apply)      + receive_wait_time_seconds         = 0      + redrive_allow_policy              = (known after apply)      + redrive_policy                    = (known after apply)      + sqs_managed_sse_enabled           = true      + tags_all                          = (known after apply)      + url                               = (known after apply)      + visibility_timeout_seconds        = 30    }Plan: 1 to add, 0 to change, 0 to destroy.Changes to Outputs:  + dead_letter_queue_arn_static = ""  + queue_arn                    = (known after apply)  + queue_arn_static             = "arn:aws:sqs:us-east-1:564407622114:blablabla"  + queue_id                     = (known after apply)  + queue_name                   = "blablabla"  + queue_url                    = (known after apply) Error: SessionID: Timestamp:2024-12-04T08:30:49+02:00 SenderName:Bot Type:tool_output Message: MessageID:737901 Final:false Status:}
2024/12/04 08:30:49 chat.go:219: Sending message: {Content:📦 Installing system dependencies...📦 Installing Terraform 1.10.0...✅ Successfully installed Terraform 1.10.0🔧 Using workspace name: shaked-kubiya-ai-plan📦 Cloning module repository...Cloning into '/workspace/shaked-kubiya-ai-plan/terraform-aws-sqs'...Checking for Terraform files in /workspace/shaked-kubiya-ai-plan/terraform-aws-sqsFound 4 Terraform files in module directory📍 Working in directory: /workspace/shaked-kubiya-ai-plan/terraform-aws-sqsTerraform files in working directory:-rw-r--r--    1 root     root          8786 Dec  4 06:30 main.tf-rw-r--r--    1 root     root          2133 Dec  4 06:30 outputs.tf-rw-r--r--    1 root     root          8829 Dec  4 06:30 variables.tf-rw-r--r--    1 root     root           148 Dec  4 06:30 versions.tf📦 Setting up Python environment...📦 Installing package and dependencies...Obtaining file:///opt/scripts  Preparing metadata (setup.py): started  Preparing metadata (setup.py): finished with status 'done'Collecting slack-sdk  Using cached slack_sdk-3.33.4-py2.py3-none-any.whl (292 kB)Collecting pydantic  Using cached pydantic-2.10.3-py3-none-any.whl (456 kB)Collecting pyyaml  Using cached PyYAML-6.0.2-cp39-cp39-musllinux_1_1_x86_64.whl (723 kB)Collecting requests  Using cached requests-2.32.3-py3-none-any.whl (64 kB)Collecting pydantic-core==2.27.1  Using cached pydantic_core-2.27.1-cp39-cp39-musllinux_1_1_x86_64.whl (2.1 MB)Collecting annotated-types>=0.6.0  Using cached annotated_types-0.7.0-py3-none-any.whl (13 kB)Collecting typing-extensions>=4.12.2  Using cached typing_extensions-4.12.2-py3-none-any.whl (37 kB)Collecting certifi>=2017.4.17  Using cached certifi-2024.8.30-py3-none-any.whl (167 kB)Collecting urllib3<3,>=1.21.1  Using cached urllib3-2.2.3-py3-none-any.whl (126 kB)Collecting charset-normalizer<4,>=2  Using cached charset_normalizer-3.4.0-cp39-cp39-musllinux_1_2_x86_64.whl (145 kB)Collecting idna<4,>=2.5  Using cached idna-3.10-py3-none-any.whl (70 kB)Installing collected packages: urllib3, typing-extensions, slack-sdk, pyyaml, idna, charset-normalizer, certifi, annotated-types, requests, pydantic-core, pydantic, terraform-tools  Running setup.py develop for terraform-toolsSuccessfully installed annotated-types-0.7.0 certifi-2024.8.30 charset-normalizer-3.4.0 idna-3.10 pydantic-2.10.3 pydantic-core-2.27.1 pyyaml-6.0.2 requests-2.32.3 slack-sdk-3.33.4 terraform-tools-0.1.0 typing-extensions-4.12.2 urllib3-2.2.3WARNING: Running pip as the 'root' user can result in broken permissions and conflicting behaviour with the system package manager. It is recommended to use a virtual environment instead: https://pip.pypa.io/warnings/venvWARNING: There was an error checking the latest version of pip.🔧 Preparing terraform variables...2024-12-04 06:30:41,732 - INFO - 🚀 Starting tfvars preparation...2024-12-04 06:30:41,732 - INFO - 📝 Creating terraform.tfvars.json at /workspace/shaked-kubiya-ai-plan/terraform-aws-sqs/terraform.tfvars.json2024-12-04 06:30:41,733 - INFO - ✅ Successfully prepared terraform.tfvars.json🚀 Running Terraform plan...2024-12-04 06:30:41,831 - INFO - 🚀 Starting Terraform plan for workspace 'shaked-kubiya-ai-plan'...2024-12-04 06:30:41,831 - WARNING - Missing required environment variables: SLACK_API_TOKEN, SLACK_CHANNEL_ID2024-12-04 06:30:41,832 - INFO - Using module path: /workspace/shaked-kubiya-ai-plan/terraform-aws-sqs2024-12-04 06:30:41,832 - INFO - ⚙️ Initializing Terraform...2024-12-04 06:30:41,832 - INFO - 🔄 Running command in /workspace/shaked-kubiya-ai-plan/terraform-aws-sqs: terraform init[0m[1mInitializing the backend...[0m[0m[1mInitializing provider plugins...[0m- Finding hashicorp/aws versions matching ">= 4.36.0"...- Installing hashicorp/aws v5.79.0...- Installed hashicorp/aws v5.79.0 (signed by HashiCorp)Terraform has created a lock file [1m.terraform.lock.hcl[0m to record the providerselections it made above. Include this file in your version control repositoryso that Terraform can guarantee to make the same selections by default whenyou run "terraform init" in the future.[0m[0m[1m[32mTerraform has been successfully initialized![0m[32m[0m2024-12-04 06:30:46,124 - INFO - 📋 Generating Terraform plan...2024-12-04 06:30:46,125 - INFO - 🔄 Running command in /workspace/shaked-kubiya-ai-plan/terraform-aws-sqs: terraform plan -no-color2024-12-04 06:30:49,151 - INFO - ✅ Terraform plan completed successfully.data.aws_region.current: Reading...data.aws_caller_identity.current: Reading...data.aws_region.current: Read complete after 0s [id=us-east-1]data.aws_caller_identity.current: Read complete after 0s [id=564407622114]Terraform used the selected providers to generate the following executionplan. Resource actions are indicated with the following symbols:  + createTerraform will perform the following actions:  # aws_sqs_queue.this[0] will be created  + resource "aws_sqs_queue" "this" {      + arn                               = (known after apply)      + content_based_deduplication       = false      + deduplication_scope               = (known after apply)      + delay_seconds                     = 0      + fifo_queue                        = false      + fifo_throughput_limit             = (known after apply)      + id                                = (known after apply)      + kms_data_key_reuse_period_seconds = (known after apply)      + max_message_size                  = 262144      + message_retention_seconds         = 345600      + name                              = "blablabla"      + name_prefix                       = (known after apply)      + policy                            = (known after apply)      + receive_wait_time_seconds         = 0      + redrive_allow_policy              = (known after apply)      + redrive_policy                    = (known after apply)      + sqs_managed_sse_enabled           = true      + tags_all                          = (known after apply)      + url                               = (known after apply)      + visibility_timeout_seconds        = 30    }Plan: 1 to add, 0 to change, 0 to destroy.Changes to Outputs:  + dead_letter_queue_arn_static = ""  + queue_arn                    = (known after apply)  + queue_arn_static             = "arn:aws:sqs:us-east-1:564407622114:blablabla"  + queue_id                     = (known after apply)  + queue_name                   = "blablabla"  + queue_url                    = (known after apply)Warning: Value for undeclared variable Error: SessionID: Timestamp:2024-12-04T08:30:49+02:00 SenderName:Bot Type:tool_output Message: MessageID:737901 Final:false Status:}
2024/12/04 08:30:49 chat.go:219: Sending message: {Content:📦 Installing system dependencies...📦 Installing Terraform 1.10.0...✅ Successfully installed Terraform 1.10.0🔧 Using workspace name: shaked-kubiya-ai-plan📦 Cloning module repository...Cloning into '/workspace/shaked-kubiya-ai-plan/terraform-aws-sqs'...Checking for Terraform files in /workspace/shaked-kubiya-ai-plan/terraform-aws-sqsFound 4 Terraform files in module directory📍 Working in directory: /workspace/shaked-kubiya-ai-plan/terraform-aws-sqsTerraform files in working directory:-rw-r--r--    1 root     root          8786 Dec  4 06:30 main.tf-rw-r--r--    1 root     root          2133 Dec  4 06:30 outputs.tf-rw-r--r--    1 root     root          8829 Dec  4 06:30 variables.tf-rw-r--r--    1 root     root           148 Dec  4 06:30 versions.tf📦 Setting up Python environment...📦 Installing package and dependencies...Obtaining file:///opt/scripts  Preparing metadata (setup.py): started  Preparing metadata (setup.py): finished with status 'done'Collecting slack-sdk  Using cached slack_sdk-3.33.4-py2.py3-none-any.whl (292 kB)Collecting pydantic  Using cached pydantic-2.10.3-py3-none-any.whl (456 kB)Collecting pyyaml  Using cached PyYAML-6.0.2-cp39-cp39-musllinux_1_1_x86_64.whl (723 kB)Collecting requests  Using cached requests-2.32.3-py3-none-any.whl (64 kB)Collecting pydantic-core==2.27.1  Using cached pydantic_core-2.27.1-cp39-cp39-musllinux_1_1_x86_64.whl (2.1 MB)Collecting annotated-types>=0.6.0  Using cached annotated_types-0.7.0-py3-none-any.whl (13 kB)Collecting typing-extensions>=4.12.2  Using cached typing_extensions-4.12.2-py3-none-any.whl (37 kB)Collecting certifi>=2017.4.17  Using cached certifi-2024.8.30-py3-none-any.whl (167 kB)Collecting urllib3<3,>=1.21.1  Using cached urllib3-2.2.3-py3-none-any.whl (126 kB)Collecting charset-normalizer<4,>=2  Using cached charset_normalizer-3.4.0-cp39-cp39-musllinux_1_2_x86_64.whl (145 kB)Collecting idna<4,>=2.5  Using cached idna-3.10-py3-none-any.whl (70 kB)Installing collected packages: urllib3, typing-extensions, slack-sdk, pyyaml, idna, charset-normalizer, certifi, annotated-types, requests, pydantic-core, pydantic, terraform-tools  Running setup.py develop for terraform-toolsSuccessfully installed annotated-types-0.7.0 certifi-2024.8.30 charset-normalizer-3.4.0 idna-3.10 pydantic-2.10.3 pydantic-core-2.27.1 pyyaml-6.0.2 requests-2.32.3 slack-sdk-3.33.4 terraform-tools-0.1.0 typing-extensions-4.12.2 urllib3-2.2.3WARNING: Running pip as the 'root' user can result in broken permissions and conflicting behaviour with the system package manager. It is recommended to use a virtual environment instead: https://pip.pypa.io/warnings/venvWARNING: There was an error checking the latest version of pip.🔧 Preparing terraform variables...2024-12-04 06:30:41,732 - INFO - 🚀 Starting tfvars preparation...2024-12-04 06:30:41,732 - INFO - 📝 Creating terraform.tfvars.json at /workspace/shaked-kubiya-ai-plan/terraform-aws-sqs/terraform.tfvars.json2024-12-04 06:30:41,733 - INFO - ✅ Successfully prepared terraform.tfvars.json🚀 Running Terraform plan...2024-12-04 06:30:41,831 - INFO - 🚀 Starting Terraform plan for workspace 'shaked-kubiya-ai-plan'...2024-12-04 06:30:41,831 - WARNING - Missing required environment variables: SLACK_API_TOKEN, SLACK_CHANNEL_ID2024-12-04 06:30:41,832 - INFO - Using module path: /workspace/shaked-kubiya-ai-plan/terraform-aws-sqs2024-12-04 06:30:41,832 - INFO - ⚙️ Initializing Terraform...2024-12-04 06:30:41,832 - INFO - 🔄 Running command in /workspace/shaked-kubiya-ai-plan/terraform-aws-sqs: terraform init[0m[1mInitializing the backend...[0m[0m[1mInitializing provider plugins...[0m- Finding hashicorp/aws versions matching ">= 4.36.0"...- Installing hashicorp/aws v5.79.0...- Installed hashicorp/aws v5.79.0 (signed by HashiCorp)Terraform has created a lock file [1m.terraform.lock.hcl[0m to record the providerselections it made above. Include this file in your version control repositoryso that Terraform can guarantee to make the same selections by default whenyou run "terraform init" in the future.[0m[0m[1m[32mTerraform has been successfully initialized![0m[32m[0m2024-12-04 06:30:46,124 - INFO - 📋 Generating Terraform plan...2024-12-04 06:30:46,125 - INFO - 🔄 Running command in /workspace/shaked-kubiya-ai-plan/terraform-aws-sqs: terraform plan -no-color2024-12-04 06:30:49,151 - INFO - ✅ Terraform plan completed successfully.data.aws_region.current: Reading...data.aws_caller_identity.current: Reading...data.aws_region.current: Read complete after 0s [id=us-east-1]data.aws_caller_identity.current: Read complete after 0s [id=564407622114]Terraform used the selected providers to generate the following executionplan. Resource actions are indicated with the following symbols:  + createTerraform will perform the following actions:  # aws_sqs_queue.this[0] will be created  + resource "aws_sqs_queue" "this" {      + arn                               = (known after apply)      + content_based_deduplication       = false      + deduplication_scope               = (known after apply)      + delay_seconds                     = 0      + fifo_queue                        = false      + fifo_throughput_limit             = (known after apply)      + id                                = (known after apply)      + kms_data_key_reuse_period_seconds = (known after apply)      + max_message_size                  = 262144      + message_retention_seconds         = 345600      + name                              = "blablabla"      + name_prefix                       = (known after apply)      + policy                            = (known after apply)      + receive_wait_time_seconds         = 0      + redrive_allow_policy              = (known after apply)      + redrive_policy                    = (known after apply)      + sqs_managed_sse_enabled           = true      + tags_all                          = (known after apply)      + url                               = (known after apply)      + visibility_timeout_seconds        = 30    }Plan: 1 to add, 0 to change, 0 to destroy.Changes to Outputs:  + dead_letter_queue_arn_static = ""  + queue_arn                    = (known after apply)  + queue_arn_static             = "arn:aws:sqs:us-east-1:564407622114:blablabla"  + queue_id                     = (known after apply)  + queue_name                   = "blablabla"  + queue_url                    = (known after apply)Warning: Value for undeclared variableThe root module does not declare a variable named "defaults" but a value was Error: SessionID: Timestamp:2024-12-04T08:30:49+02:00 SenderName:Bot Type:tool_output Message: MessageID:737901 Final:false Status:}
2024/12/04 08:30:49 chat.go:219: Sending message: {Content:📦 Installing system dependencies...📦 Installing Terraform 1.10.0...✅ Successfully installed Terraform 1.10.0🔧 Using workspace name: shaked-kubiya-ai-plan📦 Cloning module repository...Cloning into '/workspace/shaked-kubiya-ai-plan/terraform-aws-sqs'...Checking for Terraform files in /workspace/shaked-kubiya-ai-plan/terraform-aws-sqsFound 4 Terraform files in module directory📍 Working in directory: /workspace/shaked-kubiya-ai-plan/terraform-aws-sqsTerraform files in working directory:-rw-r--r--    1 root     root          8786 Dec  4 06:30 main.tf-rw-r--r--    1 root     root          2133 Dec  4 06:30 outputs.tf-rw-r--r--    1 root     root          8829 Dec  4 06:30 variables.tf-rw-r--r--    1 root     root           148 Dec  4 06:30 versions.tf📦 Setting up Python environment...📦 Installing package and dependencies...Obtaining file:///opt/scripts  Preparing metadata (setup.py): started  Preparing metadata (setup.py): finished with status 'done'Collecting slack-sdk  Using cached slack_sdk-3.33.4-py2.py3-none-any.whl (292 kB)Collecting pydantic  Using cached pydantic-2.10.3-py3-none-any.whl (456 kB)Collecting pyyaml  Using cached PyYAML-6.0.2-cp39-cp39-musllinux_1_1_x86_64.whl (723 kB)Collecting requests  Using cached requests-2.32.3-py3-none-any.whl (64 kB)Collecting pydantic-core==2.27.1  Using cached pydantic_core-2.27.1-cp39-cp39-musllinux_1_1_x86_64.whl (2.1 MB)Collecting annotated-types>=0.6.0  Using cached annotated_types-0.7.0-py3-none-any.whl (13 kB)Collecting typing-extensions>=4.12.2  Using cached typing_extensions-4.12.2-py3-none-any.whl (37 kB)Collecting certifi>=2017.4.17  Using cached certifi-2024.8.30-py3-none-any.whl (167 kB)Collecting urllib3<3,>=1.21.1  Using cached urllib3-2.2.3-py3-none-any.whl (126 kB)Collecting charset-normalizer<4,>=2  Using cached charset_normalizer-3.4.0-cp39-cp39-musllinux_1_2_x86_64.whl (145 kB)Collecting idna<4,>=2.5  Using cached idna-3.10-py3-none-any.whl (70 kB)Installing collected packages: urllib3, typing-extensions, slack-sdk, pyyaml, idna, charset-normalizer, certifi, annotated-types, requests, pydantic-core, pydantic, terraform-tools  Running setup.py develop for terraform-toolsSuccessfully installed annotated-types-0.7.0 certifi-2024.8.30 charset-normalizer-3.4.0 idna-3.10 pydantic-2.10.3 pydantic-core-2.27.1 pyyaml-6.0.2 requests-2.32.3 slack-sdk-3.33.4 terraform-tools-0.1.0 typing-extensions-4.12.2 urllib3-2.2.3WARNING: Running pip as the 'root' user can result in broken permissions and conflicting behaviour with the system package manager. It is recommended to use a virtual environment instead: https://pip.pypa.io/warnings/venvWARNING: There was an error checking the latest version of pip.🔧 Preparing terraform variables...2024-12-04 06:30:41,732 - INFO - 🚀 Starting tfvars preparation...2024-12-04 06:30:41,732 - INFO - 📝 Creating terraform.tfvars.json at /workspace/shaked-kubiya-ai-plan/terraform-aws-sqs/terraform.tfvars.json2024-12-04 06:30:41,733 - INFO - ✅ Successfully prepared terraform.tfvars.json🚀 Running Terraform plan...2024-12-04 06:30:41,831 - INFO - 🚀 Starting Terraform plan for workspace 'shaked-kubiya-ai-plan'...2024-12-04 06:30:41,831 - WARNING - Missing required environment variables: SLACK_API_TOKEN, SLACK_CHANNEL_ID2024-12-04 06:30:41,832 - INFO - Using module path: /workspace/shaked-kubiya-ai-plan/terraform-aws-sqs2024-12-04 06:30:41,832 - INFO - ⚙️ Initializing Terraform...2024-12-04 06:30:41,832 - INFO - 🔄 Running command in /workspace/shaked-kubiya-ai-plan/terraform-aws-sqs: terraform init[0m[1mInitializing the backend...[0m[0m[1mInitializing provider plugins...[0m- Finding hashicorp/aws versions matching ">= 4.36.0"...- Installing hashicorp/aws v5.79.0...- Installed hashicorp/aws v5.79.0 (signed by HashiCorp)Terraform has created a lock file [1m.terraform.lock.hcl[0m to record the providerselections it made above. Include this file in your version control repositoryso that Terraform can guarantee to make the same selections by default whenyou run "terraform init" in the future.[0m[0m[1m[32mTerraform has been successfully initialized![0m[32m[0m2024-12-04 06:30:46,124 - INFO - 📋 Generating Terraform plan...2024-12-04 06:30:46,125 - INFO - 🔄 Running command in /workspace/shaked-kubiya-ai-plan/terraform-aws-sqs: terraform plan -no-color2024-12-04 06:30:49,151 - INFO - ✅ Terraform plan completed successfully.data.aws_region.current: Reading...data.aws_caller_identity.current: Reading...data.aws_region.current: Read complete after 0s [id=us-east-1]data.aws_caller_identity.current: Read complete after 0s [id=564407622114]Terraform used the selected providers to generate the following executionplan. Resource actions are indicated with the following symbols:  + createTerraform will perform the following actions:  # aws_sqs_queue.this[0] will be created  + resource "aws_sqs_queue" "this" {      + arn                               = (known after apply)      + content_based_deduplication       = false      + deduplication_scope               = (known after apply)      + delay_seconds                     = 0      + fifo_queue                        = false      + fifo_throughput_limit             = (known after apply)      + id                                = (known after apply)      + kms_data_key_reuse_period_seconds = (known after apply)      + max_message_size                  = 262144      + message_retention_seconds         = 345600      + name                              = "blablabla"      + name_prefix                       = (known after apply)      + policy                            = (known after apply)      + receive_wait_time_seconds         = 0      + redrive_allow_policy              = (known after apply)      + redrive_policy                    = (known after apply)      + sqs_managed_sse_enabled           = true      + tags_all                          = (known after apply)      + url                               = (known after apply)      + visibility_timeout_seconds        = 30    }Plan: 1 to add, 0 to change, 0 to destroy.Changes to Outputs:  + dead_letter_queue_arn_static = ""  + queue_arn                    = (known after apply)  + queue_arn_static             = "arn:aws:sqs:us-east-1:564407622114:blablabla"  + queue_id                     = (known after apply)  + queue_name                   = "blablabla"  + queue_url                    = (known after apply)Warning: Value for undeclared variableThe root module does not declare a variable named "defaults" but a value wasfound in file "terraform.tfvars.json". If you meant to use this value, add a Error: SessionID: Timestamp:2024-12-04T08:30:49+02:00 SenderName:Bot Type:tool_output Message: MessageID:737901 Final:false Status:}
2024/12/04 08:30:49 chat.go:219: Sending message: {Content:📦 Installing system dependencies...📦 Installing Terraform 1.10.0...✅ Successfully installed Terraform 1.10.0🔧 Using workspace name: shaked-kubiya-ai-plan📦 Cloning module repository...Cloning into '/workspace/shaked-kubiya-ai-plan/terraform-aws-sqs'...Checking for Terraform files in /workspace/shaked-kubiya-ai-plan/terraform-aws-sqsFound 4 Terraform files in module directory📍 Working in directory: /workspace/shaked-kubiya-ai-plan/terraform-aws-sqsTerraform files in working directory:-rw-r--r--    1 root     root          8786 Dec  4 06:30 main.tf-rw-r--r--    1 root     root          2133 Dec  4 06:30 outputs.tf-rw-r--r--    1 root     root          8829 Dec  4 06:30 variables.tf-rw-r--r--    1 root     root           148 Dec  4 06:30 versions.tf📦 Setting up Python environment...📦 Installing package and dependencies...Obtaining file:///opt/scripts  Preparing metadata (setup.py): started  Preparing metadata (setup.py): finished with status 'done'Collecting slack-sdk  Using cached slack_sdk-3.33.4-py2.py3-none-any.whl (292 kB)Collecting pydantic  Using cached pydantic-2.10.3-py3-none-any.whl (456 kB)Collecting pyyaml  Using cached PyYAML-6.0.2-cp39-cp39-musllinux_1_1_x86_64.whl (723 kB)Collecting requests  Using cached requests-2.32.3-py3-none-any.whl (64 kB)Collecting pydantic-core==2.27.1  Using cached pydantic_core-2.27.1-cp39-cp39-musllinux_1_1_x86_64.whl (2.1 MB)Collecting annotated-types>=0.6.0  Using cached annotated_types-0.7.0-py3-none-any.whl (13 kB)Collecting typing-extensions>=4.12.2  Using cached typing_extensions-4.12.2-py3-none-any.whl (37 kB)Collecting certifi>=2017.4.17  Using cached certifi-2024.8.30-py3-none-any.whl (167 kB)Collecting urllib3<3,>=1.21.1  Using cached urllib3-2.2.3-py3-none-any.whl (126 kB)Collecting charset-normalizer<4,>=2  Using cached charset_normalizer-3.4.0-cp39-cp39-musllinux_1_2_x86_64.whl (145 kB)Collecting idna<4,>=2.5  Using cached idna-3.10-py3-none-any.whl (70 kB)Installing collected packages: urllib3, typing-extensions, slack-sdk, pyyaml, idna, charset-normalizer, certifi, annotated-types, requests, pydantic-core, pydantic, terraform-tools  Running setup.py develop for terraform-toolsSuccessfully installed annotated-types-0.7.0 certifi-2024.8.30 charset-normalizer-3.4.0 idna-3.10 pydantic-2.10.3 pydantic-core-2.27.1 pyyaml-6.0.2 requests-2.32.3 slack-sdk-3.33.4 terraform-tools-0.1.0 typing-extensions-4.12.2 urllib3-2.2.3WARNING: Running pip as the 'root' user can result in broken permissions and conflicting behaviour with the system package manager. It is recommended to use a virtual environment instead: https://pip.pypa.io/warnings/venvWARNING: There was an error checking the latest version of pip.🔧 Preparing terraform variables...2024-12-04 06:30:41,732 - INFO - 🚀 Starting tfvars preparation...2024-12-04 06:30:41,732 - INFO - 📝 Creating terraform.tfvars.json at /workspace/shaked-kubiya-ai-plan/terraform-aws-sqs/terraform.tfvars.json2024-12-04 06:30:41,733 - INFO - ✅ Successfully prepared terraform.tfvars.json🚀 Running Terraform plan...2024-12-04 06:30:41,831 - INFO - 🚀 Starting Terraform plan for workspace 'shaked-kubiya-ai-plan'...2024-12-04 06:30:41,831 - WARNING - Missing required environment variables: SLACK_API_TOKEN, SLACK_CHANNEL_ID2024-12-04 06:30:41,832 - INFO - Using module path: /workspace/shaked-kubiya-ai-plan/terraform-aws-sqs2024-12-04 06:30:41,832 - INFO - ⚙️ Initializing Terraform...2024-12-04 06:30:41,832 - INFO - 🔄 Running command in /workspace/shaked-kubiya-ai-plan/terraform-aws-sqs: terraform init[0m[1mInitializing the backend...[0m[0m[1mInitializing provider plugins...[0m- Finding hashicorp/aws versions matching ">= 4.36.0"...- Installing hashicorp/aws v5.79.0...- Installed hashicorp/aws v5.79.0 (signed by HashiCorp)Terraform has created a lock file [1m.terraform.lock.hcl[0m to record the providerselections it made above. Include this file in your version control repositoryso that Terraform can guarantee to make the same selections by default whenyou run "terraform init" in the future.[0m[0m[1m[32mTerraform has been successfully initialized![0m[32m[0m2024-12-04 06:30:46,124 - INFO - 📋 Generating Terraform plan...2024-12-04 06:30:46,125 - INFO - 🔄 Running command in /workspace/shaked-kubiya-ai-plan/terraform-aws-sqs: terraform plan -no-color2024-12-04 06:30:49,151 - INFO - ✅ Terraform plan completed successfully.data.aws_region.current: Reading...data.aws_caller_identity.current: Reading...data.aws_region.current: Read complete after 0s [id=us-east-1]data.aws_caller_identity.current: Read complete after 0s [id=564407622114]Terraform used the selected providers to generate the following executionplan. Resource actions are indicated with the following symbols:  + createTerraform will perform the following actions:  # aws_sqs_queue.this[0] will be created  + resource "aws_sqs_queue" "this" {      + arn                               = (known after apply)      + content_based_deduplication       = false      + deduplication_scope               = (known after apply)      + delay_seconds                     = 0      + fifo_queue                        = false      + fifo_throughput_limit             = (known after apply)      + id                                = (known after apply)      + kms_data_key_reuse_period_seconds = (known after apply)      + max_message_size                  = 262144      + message_retention_seconds         = 345600      + name                              = "blablabla"      + name_prefix                       = (known after apply)      + policy                            = (known after apply)      + receive_wait_time_seconds         = 0      + redrive_allow_policy              = (known after apply)      + redrive_policy                    = (known after apply)      + sqs_managed_sse_enabled           = true      + tags_all                          = (known after apply)      + url                               = (known after apply)      + visibility_timeout_seconds        = 30    }Plan: 1 to add, 0 to change, 0 to destroy.Changes to Outputs:  + dead_letter_queue_arn_static = ""  + queue_arn                    = (known after apply)  + queue_arn_static             = "arn:aws:sqs:us-east-1:564407622114:blablabla"  + queue_id                     = (known after apply)  + queue_name                   = "blablabla"  + queue_url                    = (known after apply)Warning: Value for undeclared variableThe root module does not declare a variable named "defaults" but a value wasfound in file "terraform.tfvars.json". If you meant to use this value, add a"variable" block to the configuration. Error: SessionID: Timestamp:2024-12-04T08:30:49+02:00 SenderName:Bot Type:tool_output Message: MessageID:737901 Final:true Status:}
2024/12/04 08:30:49 chat.go:219: Sending message: {Content:📦 Installing system dependencies...📦 Installing Terraform 1.10.0...✅ Successfully installed Terraform 1.10.0🔧 Using workspace name: shaked-kubiya-ai-plan📦 Cloning module repository...Cloning into '/workspace/shaked-kubiya-ai-plan/terraform-aws-sqs'...Checking for Terraform files in /workspace/shaked-kubiya-ai-plan/terraform-aws-sqsFound 4 Terraform files in module directory📍 Working in directory: /workspace/shaked-kubiya-ai-plan/terraform-aws-sqsTerraform files in working directory:-rw-r--r--    1 root     root          8786 Dec  4 06:30 main.tf-rw-r--r--    1 root     root          2133 Dec  4 06:30 outputs.tf-rw-r--r--    1 root     root          8829 Dec  4 06:30 variables.tf-rw-r--r--    1 root     root           148 Dec  4 06:30 versions.tf📦 Setting up Python environment...📦 Installing package and dependencies...Obtaining file:///opt/scripts  Preparing metadata (setup.py): started  Preparing metadata (setup.py): finished with status 'done'Collecting slack-sdk  Using cached slack_sdk-3.33.4-py2.py3-none-any.whl (292 kB)Collecting pydantic  Using cached pydantic-2.10.3-py3-none-any.whl (456 kB)Collecting pyyaml  Using cached PyYAML-6.0.2-cp39-cp39-musllinux_1_1_x86_64.whl (723 kB)Collecting requests  Using cached requests-2.32.3-py3-none-any.whl (64 kB)Collecting pydantic-core==2.27.1  Using cached pydantic_core-2.27.1-cp39-cp39-musllinux_1_1_x86_64.whl (2.1 MB)Collecting annotated-types>=0.6.0  Using cached annotated_types-0.7.0-py3-none-any.whl (13 kB)Collecting typing-extensions>=4.12.2  Using cached typing_extensions-4.12.2-py3-none-any.whl (37 kB)Collecting certifi>=2017.4.17  Using cached certifi-2024.8.30-py3-none-any.whl (167 kB)Collecting urllib3<3,>=1.21.1  Using cached urllib3-2.2.3-py3-none-any.whl (126 kB)Collecting charset-normalizer<4,>=2  Using cached charset_normalizer-3.4.0-cp39-cp39-musllinux_1_2_x86_64.whl (145 kB)Collecting idna<4,>=2.5  Using cached idna-3.10-py3-none-any.whl (70 kB)Installing collected packages: urllib3, typing-extensions, slack-sdk, pyyaml, idna, charset-normalizer, certifi, annotated-types, requests, pydantic-core, pydantic, terraform-tools  Running setup.py develop for terraform-toolsSuccessfully installed annotated-types-0.7.0 certifi-2024.8.30 charset-normalizer-3.4.0 idna-3.10 pydantic-2.10.3 pydantic-core-2.27.1 pyyaml-6.0.2 requests-2.32.3 slack-sdk-3.33.4 terraform-tools-0.1.0 typing-extensions-4.12.2 urllib3-2.2.3WARNING: Running pip as the 'root' user can result in broken permissions and conflicting behaviour with the system package manager. It is recommended to use a virtual environment instead: https://pip.pypa.io/warnings/venvWARNING: There was an error checking the latest version of pip.🔧 Preparing terraform variables...2024-12-04 06:30:41,732 - INFO - 🚀 Starting tfvars preparation...2024-12-04 06:30:41,732 - INFO - 📝 Creating terraform.tfvars.json at /workspace/shaked-kubiya-ai-plan/terraform-aws-sqs/terraform.tfvars.json2024-12-04 06:30:41,733 - INFO - ✅ Successfully prepared terraform.tfvars.json🚀 Running Terraform plan...2024-12-04 06:30:41,831 - INFO - 🚀 Starting Terraform plan for workspace 'shaked-kubiya-ai-plan'...2024-12-04 06:30:41,831 - WARNING - Missing required environment variables: SLACK_API_TOKEN, SLACK_CHANNEL_ID2024-12-04 06:30:41,832 - INFO - Using module path: /workspace/shaked-kubiya-ai-plan/terraform-aws-sqs2024-12-04 06:30:41,832 - INFO - ⚙️ Initializing Terraform...2024-12-04 06:30:41,832 - INFO - 🔄 Running command in /workspace/shaked-kubiya-ai-plan/terraform-aws-sqs: terraform init[0m[1mInitializing the backend...[0m[0m[1mInitializing provider plugins...[0m- Finding hashicorp/aws versions matching ">= 4.36.0"...- Installing hashicorp/aws v5.79.0...- Installed hashicorp/aws v5.79.0 (signed by HashiCorp)Terraform has created a lock file [1m.terraform.lock.hcl[0m to record the providerselections it made above. Include this file in your version control repositoryso that Terraform can guarantee to make the same selections by default whenyou run "terraform init" in the future.[0m[0m[1m[32mTerraform has been successfully initialized![0m[32m[0m2024-12-04 06:30:46,124 - INFO - 📋 Generating Terraform plan...2024-12-04 06:30:46,125 - INFO - 🔄 Running command in /workspace/shaked-kubiya-ai-plan/terraform-aws-sqs: terraform plan -no-color2024-12-04 06:30:49,151 - INFO - ✅ Terraform plan completed successfully.data.aws_region.current: Reading...data.aws_caller_identity.current: Reading...data.aws_region.current: Read complete after 0s [id=us-east-1]data.aws_caller_identity.current: Read complete after 0s [id=564407622114]Terraform used the selected providers to generate the following executionplan. Resource actions are indicated with the following symbols:  + createTerraform will perform the following actions:  # aws_sqs_queue.this[0] will be created  + resource "aws_sqs_queue" "this" {      + arn                               = (known after apply)      + content_based_deduplication       = false      + deduplication_scope               = (known after apply)      + delay_seconds                     = 0      + fifo_queue                        = false      + fifo_throughput_limit             = (known after apply)      + id                                = (known after apply)      + kms_data_key_reuse_period_seconds = (known after apply)      + max_message_size                  = 262144      + message_retention_seconds         = 345600      + name                              = "blablabla"      + name_prefix                       = (known after apply)      + policy                            = (known after apply)      + receive_wait_time_seconds         = 0      + redrive_allow_policy              = (known after apply)      + redrive_policy                    = (known after apply)      + sqs_managed_sse_enabled           = true      + tags_all                          = (known after apply)      + url                               = (known after apply)      + visibility_timeout_seconds        = 30    }Plan: 1 to add, 0 to change, 0 to destroy.Changes to Outputs:  + dead_letter_queue_arn_static = ""  + queue_arn                    = (known after apply)  + queue_arn_static             = "arn:aws:sqs:us-east-1:564407622114:blablabla"  + queue_id                     = (known after apply)  + queue_name                   = "blablabla"  + queue_url                    = (known after apply)Warning: Value for undeclared variableThe root module does not declare a variable named "defaults" but a value wasfound in file "terraform.tfvars.json". If you meant to use this value, add a"variable" block to the configuration.To silence these warnings, use TF_VAR_... environment variables to provide Error: SessionID: Timestamp:2024-12-04T08:30:49+02:00 SenderName:Bot Type:tool_output Message: MessageID:737901 Final:false Status:}
2024/12/04 08:30:49 chat.go:219: Sending message: {Content:📦 Installing system dependencies...📦 Installing Terraform 1.10.0...✅ Successfully installed Terraform 1.10.0🔧 Using workspace name: shaked-kubiya-ai-plan📦 Cloning module repository...Cloning into '/workspace/shaked-kubiya-ai-plan/terraform-aws-sqs'...Checking for Terraform files in /workspace/shaked-kubiya-ai-plan/terraform-aws-sqsFound 4 Terraform files in module directory📍 Working in directory: /workspace/shaked-kubiya-ai-plan/terraform-aws-sqsTerraform files in working directory:-rw-r--r--    1 root     root          8786 Dec  4 06:30 main.tf-rw-r--r--    1 root     root          2133 Dec  4 06:30 outputs.tf-rw-r--r--    1 root     root          8829 Dec  4 06:30 variables.tf-rw-r--r--    1 root     root           148 Dec  4 06:30 versions.tf📦 Setting up Python environment...📦 Installing package and dependencies...Obtaining file:///opt/scripts  Preparing metadata (setup.py): started  Preparing metadata (setup.py): finished with status 'done'Collecting slack-sdk  Using cached slack_sdk-3.33.4-py2.py3-none-any.whl (292 kB)Collecting pydantic  Using cached pydantic-2.10.3-py3-none-any.whl (456 kB)Collecting pyyaml  Using cached PyYAML-6.0.2-cp39-cp39-musllinux_1_1_x86_64.whl (723 kB)Collecting requests  Using cached requests-2.32.3-py3-none-any.whl (64 kB)Collecting pydantic-core==2.27.1  Using cached pydantic_core-2.27.1-cp39-cp39-musllinux_1_1_x86_64.whl (2.1 MB)Collecting annotated-types>=0.6.0  Using cached annotated_types-0.7.0-py3-none-any.whl (13 kB)Collecting typing-extensions>=4.12.2  Using cached typing_extensions-4.12.2-py3-none-any.whl (37 kB)Collecting certifi>=2017.4.17  Using cached certifi-2024.8.30-py3-none-any.whl (167 kB)Collecting urllib3<3,>=1.21.1  Using cached urllib3-2.2.3-py3-none-any.whl (126 kB)Collecting charset-normalizer<4,>=2  Using cached charset_normalizer-3.4.0-cp39-cp39-musllinux_1_2_x86_64.whl (145 kB)Collecting idna<4,>=2.5  Using cached idna-3.10-py3-none-any.whl (70 kB)Installing collected packages: urllib3, typing-extensions, slack-sdk, pyyaml, idna, charset-normalizer, certifi, annotated-types, requests, pydantic-core, pydantic, terraform-tools  Running setup.py develop for terraform-toolsSuccessfully installed annotated-types-0.7.0 certifi-2024.8.30 charset-normalizer-3.4.0 idna-3.10 pydantic-2.10.3 pydantic-core-2.27.1 pyyaml-6.0.2 requests-2.32.3 slack-sdk-3.33.4 terraform-tools-0.1.0 typing-extensions-4.12.2 urllib3-2.2.3WARNING: Running pip as the 'root' user can result in broken permissions and conflicting behaviour with the system package manager. It is recommended to use a virtual environment instead: https://pip.pypa.io/warnings/venvWARNING: There was an error checking the latest version of pip.🔧 Preparing terraform variables...2024-12-04 06:30:41,732 - INFO - 🚀 Starting tfvars preparation...2024-12-04 06:30:41,732 - INFO - 📝 Creating terraform.tfvars.json at /workspace/shaked-kubiya-ai-plan/terraform-aws-sqs/terraform.tfvars.json2024-12-04 06:30:41,733 - INFO - ✅ Successfully prepared terraform.tfvars.json🚀 Running Terraform plan...2024-12-04 06:30:41,831 - INFO - 🚀 Starting Terraform plan for workspace 'shaked-kubiya-ai-plan'...2024-12-04 06:30:41,831 - WARNING - Missing required environment variables: SLACK_API_TOKEN, SLACK_CHANNEL_ID2024-12-04 06:30:41,832 - INFO - Using module path: /workspace/shaked-kubiya-ai-plan/terraform-aws-sqs2024-12-04 06:30:41,832 - INFO - ⚙️ Initializing Terraform...2024-12-04 06:30:41,832 - INFO - 🔄 Running command in /workspace/shaked-kubiya-ai-plan/terraform-aws-sqs: terraform init[0m[1mInitializing the backend...[0m[0m[1mInitializing provider plugins...[0m- Finding hashicorp/aws versions matching ">= 4.36.0"...- Installing hashicorp/aws v5.79.0...- Installed hashicorp/aws v5.79.0 (signed by HashiCorp)Terraform has created a lock file [1m.terraform.lock.hcl[0m to record the providerselections it made above. Include this file in your version control repositoryso that Terraform can guarantee to make the same selections by default whenyou run "terraform init" in the future.[0m[0m[1m[32mTerraform has been successfully initialized![0m[32m[0m2024-12-04 06:30:46,124 - INFO - 📋 Generating Terraform plan...2024-12-04 06:30:46,125 - INFO - 🔄 Running command in /workspace/shaked-kubiya-ai-plan/terraform-aws-sqs: terraform plan -no-color2024-12-04 06:30:49,151 - INFO - ✅ Terraform plan completed successfully.data.aws_region.current: Reading...data.aws_caller_identity.current: Reading...data.aws_region.current: Read complete after 0s [id=us-east-1]data.aws_caller_identity.current: Read complete after 0s [id=564407622114]Terraform used the selected providers to generate the following executionplan. Resource actions are indicated with the following symbols:  + createTerraform will perform the following actions:  # aws_sqs_queue.this[0] will be created  + resource "aws_sqs_queue" "this" {      + arn                               = (known after apply)      + content_based_deduplication       = false      + deduplication_scope               = (known after apply)      + delay_seconds                     = 0      + fifo_queue                        = false      + fifo_throughput_limit             = (known after apply)      + id                                = (known after apply)      + kms_data_key_reuse_period_seconds = (known after apply)      + max_message_size                  = 262144      + message_retention_seconds         = 345600      + name                              = "blablabla"      + name_prefix                       = (known after apply)      + policy                            = (known after apply)      + receive_wait_time_seconds         = 0      + redrive_allow_policy              = (known after apply)      + redrive_policy                    = (known after apply)      + sqs_managed_sse_enabled           = true      + tags_all                          = (known after apply)      + url                               = (known after apply)      + visibility_timeout_seconds        = 30    }Plan: 1 to add, 0 to change, 0 to destroy.Changes to Outputs:  + dead_letter_queue_arn_static = ""  + queue_arn                    = (known after apply)  + queue_arn_static             = "arn:aws:sqs:us-east-1:564407622114:blablabla"  + queue_id                     = (known after apply)  + queue_name                   = "blablabla"  + queue_url                    = (known after apply)Warning: Value for undeclared variableThe root module does not declare a variable named "defaults" but a value wasfound in file "terraform.tfvars.json". If you meant to use this value, add a"variable" block to the configuration.To silence these warnings, use TF_VAR_... environment variables to providecertain "global" settings to all configurations in your organization. To Error: SessionID: Timestamp:2024-12-04T08:30:49+02:00 SenderName:Bot Type:tool_output Message: MessageID:737901 Final:false Status:}
2024/12/04 08:30:49 chat.go:219: Sending message: {Content:📦 Installing system dependencies...📦 Installing Terraform 1.10.0...✅ Successfully installed Terraform 1.10.0🔧 Using workspace name: shaked-kubiya-ai-plan📦 Cloning module repository...Cloning into '/workspace/shaked-kubiya-ai-plan/terraform-aws-sqs'...Checking for Terraform files in /workspace/shaked-kubiya-ai-plan/terraform-aws-sqsFound 4 Terraform files in module directory📍 Working in directory: /workspace/shaked-kubiya-ai-plan/terraform-aws-sqsTerraform files in working directory:-rw-r--r--    1 root     root          8786 Dec  4 06:30 main.tf-rw-r--r--    1 root     root          2133 Dec  4 06:30 outputs.tf-rw-r--r--    1 root     root          8829 Dec  4 06:30 variables.tf-rw-r--r--    1 root     root           148 Dec  4 06:30 versions.tf📦 Setting up Python environment...📦 Installing package and dependencies...Obtaining file:///opt/scripts  Preparing metadata (setup.py): started  Preparing metadata (setup.py): finished with status 'done'Collecting slack-sdk  Using cached slack_sdk-3.33.4-py2.py3-none-any.whl (292 kB)Collecting pydantic  Using cached pydantic-2.10.3-py3-none-any.whl (456 kB)Collecting pyyaml  Using cached PyYAML-6.0.2-cp39-cp39-musllinux_1_1_x86_64.whl (723 kB)Collecting requests  Using cached requests-2.32.3-py3-none-any.whl (64 kB)Collecting pydantic-core==2.27.1  Using cached pydantic_core-2.27.1-cp39-cp39-musllinux_1_1_x86_64.whl (2.1 MB)Collecting annotated-types>=0.6.0  Using cached annotated_types-0.7.0-py3-none-any.whl (13 kB)Collecting typing-extensions>=4.12.2  Using cached typing_extensions-4.12.2-py3-none-any.whl (37 kB)Collecting certifi>=2017.4.17  Using cached certifi-2024.8.30-py3-none-any.whl (167 kB)Collecting urllib3<3,>=1.21.1  Using cached urllib3-2.2.3-py3-none-any.whl (126 kB)Collecting charset-normalizer<4,>=2  Using cached charset_normalizer-3.4.0-cp39-cp39-musllinux_1_2_x86_64.whl (145 kB)Collecting idna<4,>=2.5  Using cached idna-3.10-py3-none-any.whl (70 kB)Installing collected packages: urllib3, typing-extensions, slack-sdk, pyyaml, idna, charset-normalizer, certifi, annotated-types, requests, pydantic-core, pydantic, terraform-tools  Running setup.py develop for terraform-toolsSuccessfully installed annotated-types-0.7.0 certifi-2024.8.30 charset-normalizer-3.4.0 idna-3.10 pydantic-2.10.3 pydantic-core-2.27.1 pyyaml-6.0.2 requests-2.32.3 slack-sdk-3.33.4 terraform-tools-0.1.0 typing-extensions-4.12.2 urllib3-2.2.3WARNING: Running pip as the 'root' user can result in broken permissions and conflicting behaviour with the system package manager. It is recommended to use a virtual environment instead: https://pip.pypa.io/warnings/venvWARNING: There was an error checking the latest version of pip.🔧 Preparing terraform variables...2024-12-04 06:30:41,732 - INFO - 🚀 Starting tfvars preparation...2024-12-04 06:30:41,732 - INFO - 📝 Creating terraform.tfvars.json at /workspace/shaked-kubiya-ai-plan/terraform-aws-sqs/terraform.tfvars.json2024-12-04 06:30:41,733 - INFO - ✅ Successfully prepared terraform.tfvars.json🚀 Running Terraform plan...2024-12-04 06:30:41,831 - INFO - 🚀 Starting Terraform plan for workspace 'shaked-kubiya-ai-plan'...2024-12-04 06:30:41,831 - WARNING - Missing required environment variables: SLACK_API_TOKEN, SLACK_CHANNEL_ID2024-12-04 06:30:41,832 - INFO - Using module path: /workspace/shaked-kubiya-ai-plan/terraform-aws-sqs2024-12-04 06:30:41,832 - INFO - ⚙️ Initializing Terraform...2024-12-04 06:30:41,832 - INFO - 🔄 Running command in /workspace/shaked-kubiya-ai-plan/terraform-aws-sqs: terraform init[0m[1mInitializing the backend...[0m[0m[1mInitializing provider plugins...[0m- Finding hashicorp/aws versions matching ">= 4.36.0"...- Installing hashicorp/aws v5.79.0...- Installed hashicorp/aws v5.79.0 (signed by HashiCorp)Terraform has created a lock file [1m.terraform.lock.hcl[0m to record the providerselections it made above. Include this file in your version control repositoryso that Terraform can guarantee to make the same selections by default whenyou run "terraform init" in the future.[0m[0m[1m[32mTerraform has been successfully initialized![0m[32m[0m2024-12-04 06:30:46,124 - INFO - 📋 Generating Terraform plan...2024-12-04 06:30:46,125 - INFO - 🔄 Running command in /workspace/shaked-kubiya-ai-plan/terraform-aws-sqs: terraform plan -no-color2024-12-04 06:30:49,151 - INFO - ✅ Terraform plan completed successfully.data.aws_region.current: Reading...data.aws_caller_identity.current: Reading...data.aws_region.current: Read complete after 0s [id=us-east-1]data.aws_caller_identity.current: Read complete after 0s [id=564407622114]Terraform used the selected providers to generate the following executionplan. Resource actions are indicated with the following symbols:  + createTerraform will perform the following actions:  # aws_sqs_queue.this[0] will be created  + resource "aws_sqs_queue" "this" {      + arn                               = (known after apply)      + content_based_deduplication       = false      + deduplication_scope               = (known after apply)      + delay_seconds                     = 0      + fifo_queue                        = false      + fifo_throughput_limit             = (known after apply)      + id                                = (known after apply)      + kms_data_key_reuse_period_seconds = (known after apply)      + max_message_size                  = 262144      + message_retention_seconds         = 345600      + name                              = "blablabla"      + name_prefix                       = (known after apply)      + policy                            = (known after apply)      + receive_wait_time_seconds         = 0      + redrive_allow_policy              = (known after apply)      + redrive_policy                    = (known after apply)      + sqs_managed_sse_enabled           = true      + tags_all                          = (known after apply)      + url                               = (known after apply)      + visibility_timeout_seconds        = 30    }Plan: 1 to add, 0 to change, 0 to destroy.Changes to Outputs:  + dead_letter_queue_arn_static = ""  + queue_arn                    = (known after apply)  + queue_arn_static             = "arn:aws:sqs:us-east-1:564407622114:blablabla"  + queue_id                     = (known after apply)  + queue_name                   = "blablabla"  + queue_url                    = (known after apply)Warning: Value for undeclared variableThe root module does not declare a variable named "defaults" but a value wasfound in file "terraform.tfvars.json". If you meant to use this value, add a"variable" block to the configuration.To silence these warnings, use TF_VAR_... environment variables to providecertain "global" settings to all configurations in your organization. Toreduce the verbosity of these warnings, use the -compact-warnings option. Error: SessionID: Timestamp:2024-12-04T08:30:49+02:00 SenderName:Bot Type:tool_output Message: MessageID:737901 Final:true Status:}
2024/12/04 08:30:49 chat.go:219: Sending message: {Content:📦 Installing system dependencies...📦 Installing Terraform 1.10.0...✅ Successfully installed Terraform 1.10.0🔧 Using workspace name: shaked-kubiya-ai-plan📦 Cloning module repository...Cloning into '/workspace/shaked-kubiya-ai-plan/terraform-aws-sqs'...Checking for Terraform files in /workspace/shaked-kubiya-ai-plan/terraform-aws-sqsFound 4 Terraform files in module directory📍 Working in directory: /workspace/shaked-kubiya-ai-plan/terraform-aws-sqsTerraform files in working directory:-rw-r--r--    1 root     root          8786 Dec  4 06:30 main.tf-rw-r--r--    1 root     root          2133 Dec  4 06:30 outputs.tf-rw-r--r--    1 root     root          8829 Dec  4 06:30 variables.tf-rw-r--r--    1 root     root           148 Dec  4 06:30 versions.tf📦 Setting up Python environment...📦 Installing package and dependencies...Obtaining file:///opt/scripts  Preparing metadata (setup.py): started  Preparing metadata (setup.py): finished with status 'done'Collecting slack-sdk  Using cached slack_sdk-3.33.4-py2.py3-none-any.whl (292 kB)Collecting pydantic  Using cached pydantic-2.10.3-py3-none-any.whl (456 kB)Collecting pyyaml  Using cached PyYAML-6.0.2-cp39-cp39-musllinux_1_1_x86_64.whl (723 kB)Collecting requests  Using cached requests-2.32.3-py3-none-any.whl (64 kB)Collecting pydantic-core==2.27.1  Using cached pydantic_core-2.27.1-cp39-cp39-musllinux_1_1_x86_64.whl (2.1 MB)Collecting annotated-types>=0.6.0  Using cached annotated_types-0.7.0-py3-none-any.whl (13 kB)Collecting typing-extensions>=4.12.2  Using cached typing_extensions-4.12.2-py3-none-any.whl (37 kB)Collecting certifi>=2017.4.17  Using cached certifi-2024.8.30-py3-none-any.whl (167 kB)Collecting urllib3<3,>=1.21.1  Using cached urllib3-2.2.3-py3-none-any.whl (126 kB)Collecting charset-normalizer<4,>=2  Using cached charset_normalizer-3.4.0-cp39-cp39-musllinux_1_2_x86_64.whl (145 kB)Collecting idna<4,>=2.5  Using cached idna-3.10-py3-none-any.whl (70 kB)Installing collected packages: urllib3, typing-extensions, slack-sdk, pyyaml, idna, charset-normalizer, certifi, annotated-types, requests, pydantic-core, pydantic, terraform-tools  Running setup.py develop for terraform-toolsSuccessfully installed annotated-types-0.7.0 certifi-2024.8.30 charset-normalizer-3.4.0 idna-3.10 pydantic-2.10.3 pydantic-core-2.27.1 pyyaml-6.0.2 requests-2.32.3 slack-sdk-3.33.4 terraform-tools-0.1.0 typing-extensions-4.12.2 urllib3-2.2.3WARNING: Running pip as the 'root' user can result in broken permissions and conflicting behaviour with the system package manager. It is recommended to use a virtual environment instead: https://pip.pypa.io/warnings/venvWARNING: There was an error checking the latest version of pip.🔧 Preparing terraform variables...2024-12-04 06:30:41,732 - INFO - 🚀 Starting tfvars preparation...2024-12-04 06:30:41,732 - INFO - 📝 Creating terraform.tfvars.json at /workspace/shaked-kubiya-ai-plan/terraform-aws-sqs/terraform.tfvars.json2024-12-04 06:30:41,733 - INFO - ✅ Successfully prepared terraform.tfvars.json🚀 Running Terraform plan...2024-12-04 06:30:41,831 - INFO - 🚀 Starting Terraform plan for workspace 'shaked-kubiya-ai-plan'...2024-12-04 06:30:41,831 - WARNING - Missing required environment variables: SLACK_API_TOKEN, SLACK_CHANNEL_ID2024-12-04 06:30:41,832 - INFO - Using module path: /workspace/shaked-kubiya-ai-plan/terraform-aws-sqs2024-12-04 06:30:41,832 - INFO - ⚙️ Initializing Terraform...2024-12-04 06:30:41,832 - INFO - 🔄 Running command in /workspace/shaked-kubiya-ai-plan/terraform-aws-sqs: terraform init[0m[1mInitializing the backend...[0m[0m[1mInitializing provider plugins...[0m- Finding hashicorp/aws versions matching ">= 4.36.0"...- Installing hashicorp/aws v5.79.0...- Installed hashicorp/aws v5.79.0 (signed by HashiCorp)Terraform has created a lock file [1m.terraform.lock.hcl[0m to record the providerselections it made above. Include this file in your version control repositoryso that Terraform can guarantee to make the same selections by default whenyou run "terraform init" in the future.[0m[0m[1m[32mTerraform has been successfully initialized![0m[32m[0m2024-12-04 06:30:46,124 - INFO - 📋 Generating Terraform plan...2024-12-04 06:30:46,125 - INFO - 🔄 Running command in /workspace/shaked-kubiya-ai-plan/terraform-aws-sqs: terraform plan -no-color2024-12-04 06:30:49,151 - INFO - ✅ Terraform plan completed successfully.data.aws_region.current: Reading...data.aws_caller_identity.current: Reading...data.aws_region.current: Read complete after 0s [id=us-east-1]data.aws_caller_identity.current: Read complete after 0s [id=564407622114]Terraform used the selected providers to generate the following executionplan. Resource actions are indicated with the following symbols:  + createTerraform will perform the following actions:  # aws_sqs_queue.this[0] will be created  + resource "aws_sqs_queue" "this" {      + arn                               = (known after apply)      + content_based_deduplication       = false      + deduplication_scope               = (known after apply)      + delay_seconds                     = 0      + fifo_queue                        = false      + fifo_throughput_limit             = (known after apply)      + id                                = (known after apply)      + kms_data_key_reuse_period_seconds = (known after apply)      + max_message_size                  = 262144      + message_retention_seconds         = 345600      + name                              = "blablabla"      + name_prefix                       = (known after apply)      + policy                            = (known after apply)      + receive_wait_time_seconds         = 0      + redrive_allow_policy              = (known after apply)      + redrive_policy                    = (known after apply)      + sqs_managed_sse_enabled           = true      + tags_all                          = (known after apply)      + url                               = (known after apply)      + visibility_timeout_seconds        = 30    }Plan: 1 to add, 0 to change, 0 to destroy.Changes to Outputs:  + dead_letter_queue_arn_static = ""  + queue_arn                    = (known after apply)  + queue_arn_static             = "arn:aws:sqs:us-east-1:564407622114:blablabla"  + queue_id                     = (known after apply)  + queue_name                   = "blablabla"  + queue_url                    = (known after apply)Warning: Value for undeclared variableThe root module does not declare a variable named "defaults" but a value wasfound in file "terraform.tfvars.json". If you meant to use this value, add a"variable" block to the configuration.To silence these warnings, use TF_VAR_... environment variables to providecertain "global" settings to all configurations in your organization. Toreduce the verbosity of these warnings, use the -compact-warnings option.Warning: Value for undeclared variable Error: SessionID: Timestamp:2024-12-04T08:30:49+02:00 SenderName:Bot Type:tool_output Message: MessageID:737901 Final:false Status:}
2024/12/04 08:30:49 chat.go:219: Sending message: {Content:📦 Installing system dependencies...📦 Installing Terraform 1.10.0...✅ Successfully installed Terraform 1.10.0🔧 Using workspace name: shaked-kubiya-ai-plan📦 Cloning module repository...Cloning into '/workspace/shaked-kubiya-ai-plan/terraform-aws-sqs'...Checking for Terraform files in /workspace/shaked-kubiya-ai-plan/terraform-aws-sqsFound 4 Terraform files in module directory📍 Working in directory: /workspace/shaked-kubiya-ai-plan/terraform-aws-sqsTerraform files in working directory:-rw-r--r--    1 root     root          8786 Dec  4 06:30 main.tf-rw-r--r--    1 root     root          2133 Dec  4 06:30 outputs.tf-rw-r--r--    1 root     root          8829 Dec  4 06:30 variables.tf-rw-r--r--    1 root     root           148 Dec  4 06:30 versions.tf📦 Setting up Python environment...📦 Installing package and dependencies...Obtaining file:///opt/scripts  Preparing metadata (setup.py): started  Preparing metadata (setup.py): finished with status 'done'Collecting slack-sdk  Using cached slack_sdk-3.33.4-py2.py3-none-any.whl (292 kB)Collecting pydantic  Using cached pydantic-2.10.3-py3-none-any.whl (456 kB)Collecting pyyaml  Using cached PyYAML-6.0.2-cp39-cp39-musllinux_1_1_x86_64.whl (723 kB)Collecting requests  Using cached requests-2.32.3-py3-none-any.whl (64 kB)Collecting pydantic-core==2.27.1  Using cached pydantic_core-2.27.1-cp39-cp39-musllinux_1_1_x86_64.whl (2.1 MB)Collecting annotated-types>=0.6.0  Using cached annotated_types-0.7.0-py3-none-any.whl (13 kB)Collecting typing-extensions>=4.12.2  Using cached typing_extensions-4.12.2-py3-none-any.whl (37 kB)Collecting certifi>=2017.4.17  Using cached certifi-2024.8.30-py3-none-any.whl (167 kB)Collecting urllib3<3,>=1.21.1  Using cached urllib3-2.2.3-py3-none-any.whl (126 kB)Collecting charset-normalizer<4,>=2  Using cached charset_normalizer-3.4.0-cp39-cp39-musllinux_1_2_x86_64.whl (145 kB)Collecting idna<4,>=2.5  Using cached idna-3.10-py3-none-any.whl (70 kB)Installing collected packages: urllib3, typing-extensions, slack-sdk, pyyaml, idna, charset-normalizer, certifi, annotated-types, requests, pydantic-core, pydantic, terraform-tools  Running setup.py develop for terraform-toolsSuccessfully installed annotated-types-0.7.0 certifi-2024.8.30 charset-normalizer-3.4.0 idna-3.10 pydantic-2.10.3 pydantic-core-2.27.1 pyyaml-6.0.2 requests-2.32.3 slack-sdk-3.33.4 terraform-tools-0.1.0 typing-extensions-4.12.2 urllib3-2.2.3WARNING: Running pip as the 'root' user can result in broken permissions and conflicting behaviour with the system package manager. It is recommended to use a virtual environment instead: https://pip.pypa.io/warnings/venvWARNING: There was an error checking the latest version of pip.🔧 Preparing terraform variables...2024-12-04 06:30:41,732 - INFO - 🚀 Starting tfvars preparation...2024-12-04 06:30:41,732 - INFO - 📝 Creating terraform.tfvars.json at /workspace/shaked-kubiya-ai-plan/terraform-aws-sqs/terraform.tfvars.json2024-12-04 06:30:41,733 - INFO - ✅ Successfully prepared terraform.tfvars.json🚀 Running Terraform plan...2024-12-04 06:30:41,831 - INFO - 🚀 Starting Terraform plan for workspace 'shaked-kubiya-ai-plan'...2024-12-04 06:30:41,831 - WARNING - Missing required environment variables: SLACK_API_TOKEN, SLACK_CHANNEL_ID2024-12-04 06:30:41,832 - INFO - Using module path: /workspace/shaked-kubiya-ai-plan/terraform-aws-sqs2024-12-04 06:30:41,832 - INFO - ⚙️ Initializing Terraform...2024-12-04 06:30:41,832 - INFO - 🔄 Running command in /workspace/shaked-kubiya-ai-plan/terraform-aws-sqs: terraform init[0m[1mInitializing the backend...[0m[0m[1mInitializing provider plugins...[0m- Finding hashicorp/aws versions matching ">= 4.36.0"...- Installing hashicorp/aws v5.79.0...- Installed hashicorp/aws v5.79.0 (signed by HashiCorp)Terraform has created a lock file [1m.terraform.lock.hcl[0m to record the providerselections it made above. Include this file in your version control repositoryso that Terraform can guarantee to make the same selections by default whenyou run "terraform init" in the future.[0m[0m[1m[32mTerraform has been successfully initialized![0m[32m[0m2024-12-04 06:30:46,124 - INFO - 📋 Generating Terraform plan...2024-12-04 06:30:46,125 - INFO - 🔄 Running command in /workspace/shaked-kubiya-ai-plan/terraform-aws-sqs: terraform plan -no-color2024-12-04 06:30:49,151 - INFO - ✅ Terraform plan completed successfully.data.aws_region.current: Reading...data.aws_caller_identity.current: Reading...data.aws_region.current: Read complete after 0s [id=us-east-1]data.aws_caller_identity.current: Read complete after 0s [id=564407622114]Terraform used the selected providers to generate the following executionplan. Resource actions are indicated with the following symbols:  + createTerraform will perform the following actions:  # aws_sqs_queue.this[0] will be created  + resource "aws_sqs_queue" "this" {      + arn                               = (known after apply)      + content_based_deduplication       = false      + deduplication_scope               = (known after apply)      + delay_seconds                     = 0      + fifo_queue                        = false      + fifo_throughput_limit             = (known after apply)      + id                                = (known after apply)      + kms_data_key_reuse_period_seconds = (known after apply)      + max_message_size                  = 262144      + message_retention_seconds         = 345600      + name                              = "blablabla"      + name_prefix                       = (known after apply)      + policy                            = (known after apply)      + receive_wait_time_seconds         = 0      + redrive_allow_policy              = (known after apply)      + redrive_policy                    = (known after apply)      + sqs_managed_sse_enabled           = true      + tags_all                          = (known after apply)      + url                               = (known after apply)      + visibility_timeout_seconds        = 30    }Plan: 1 to add, 0 to change, 0 to destroy.Changes to Outputs:  + dead_letter_queue_arn_static = ""  + queue_arn                    = (known after apply)  + queue_arn_static             = "arn:aws:sqs:us-east-1:564407622114:blablabla"  + queue_id                     = (known after apply)  + queue_name                   = "blablabla"  + queue_url                    = (known after apply)Warning: Value for undeclared variableThe root module does not declare a variable named "defaults" but a value wasfound in file "terraform.tfvars.json". If you meant to use this value, add a"variable" block to the configuration.To silence these warnings, use TF_VAR_... environment variables to providecertain "global" settings to all configurations in your organization. Toreduce the verbosity of these warnings, use the -compact-warnings option.Warning: Value for undeclared variableThe root module does not declare a variable named "items" but a value was Error: SessionID: Timestamp:2024-12-04T08:30:49+02:00 SenderName:Bot Type:tool_output Message: MessageID:737901 Final:false Status:}
2024/12/04 08:30:49 chat.go:219: Sending message: {Content:📦 Installing system dependencies...📦 Installing Terraform 1.10.0...✅ Successfully installed Terraform 1.10.0🔧 Using workspace name: shaked-kubiya-ai-plan📦 Cloning module repository...Cloning into '/workspace/shaked-kubiya-ai-plan/terraform-aws-sqs'...Checking for Terraform files in /workspace/shaked-kubiya-ai-plan/terraform-aws-sqsFound 4 Terraform files in module directory📍 Working in directory: /workspace/shaked-kubiya-ai-plan/terraform-aws-sqsTerraform files in working directory:-rw-r--r--    1 root     root          8786 Dec  4 06:30 main.tf-rw-r--r--    1 root     root          2133 Dec  4 06:30 outputs.tf-rw-r--r--    1 root     root          8829 Dec  4 06:30 variables.tf-rw-r--r--    1 root     root           148 Dec  4 06:30 versions.tf📦 Setting up Python environment...📦 Installing package and dependencies...Obtaining file:///opt/scripts  Preparing metadata (setup.py): started  Preparing metadata (setup.py): finished with status 'done'Collecting slack-sdk  Using cached slack_sdk-3.33.4-py2.py3-none-any.whl (292 kB)Collecting pydantic  Using cached pydantic-2.10.3-py3-none-any.whl (456 kB)Collecting pyyaml  Using cached PyYAML-6.0.2-cp39-cp39-musllinux_1_1_x86_64.whl (723 kB)Collecting requests  Using cached requests-2.32.3-py3-none-any.whl (64 kB)Collecting pydantic-core==2.27.1  Using cached pydantic_core-2.27.1-cp39-cp39-musllinux_1_1_x86_64.whl (2.1 MB)Collecting annotated-types>=0.6.0  Using cached annotated_types-0.7.0-py3-none-any.whl (13 kB)Collecting typing-extensions>=4.12.2  Using cached typing_extensions-4.12.2-py3-none-any.whl (37 kB)Collecting certifi>=2017.4.17  Using cached certifi-2024.8.30-py3-none-any.whl (167 kB)Collecting urllib3<3,>=1.21.1  Using cached urllib3-2.2.3-py3-none-any.whl (126 kB)Collecting charset-normalizer<4,>=2  Using cached charset_normalizer-3.4.0-cp39-cp39-musllinux_1_2_x86_64.whl (145 kB)Collecting idna<4,>=2.5  Using cached idna-3.10-py3-none-any.whl (70 kB)Installing collected packages: urllib3, typing-extensions, slack-sdk, pyyaml, idna, charset-normalizer, certifi, annotated-types, requests, pydantic-core, pydantic, terraform-tools  Running setup.py develop for terraform-toolsSuccessfully installed annotated-types-0.7.0 certifi-2024.8.30 charset-normalizer-3.4.0 idna-3.10 pydantic-2.10.3 pydantic-core-2.27.1 pyyaml-6.0.2 requests-2.32.3 slack-sdk-3.33.4 terraform-tools-0.1.0 typing-extensions-4.12.2 urllib3-2.2.3WARNING: Running pip as the 'root' user can result in broken permissions and conflicting behaviour with the system package manager. It is recommended to use a virtual environment instead: https://pip.pypa.io/warnings/venvWARNING: There was an error checking the latest version of pip.🔧 Preparing terraform variables...2024-12-04 06:30:41,732 - INFO - 🚀 Starting tfvars preparation...2024-12-04 06:30:41,732 - INFO - 📝 Creating terraform.tfvars.json at /workspace/shaked-kubiya-ai-plan/terraform-aws-sqs/terraform.tfvars.json2024-12-04 06:30:41,733 - INFO - ✅ Successfully prepared terraform.tfvars.json🚀 Running Terraform plan...2024-12-04 06:30:41,831 - INFO - 🚀 Starting Terraform plan for workspace 'shaked-kubiya-ai-plan'...2024-12-04 06:30:41,831 - WARNING - Missing required environment variables: SLACK_API_TOKEN, SLACK_CHANNEL_ID2024-12-04 06:30:41,832 - INFO - Using module path: /workspace/shaked-kubiya-ai-plan/terraform-aws-sqs2024-12-04 06:30:41,832 - INFO - ⚙️ Initializing Terraform...2024-12-04 06:30:41,832 - INFO - 🔄 Running command in /workspace/shaked-kubiya-ai-plan/terraform-aws-sqs: terraform init[0m[1mInitializing the backend...[0m[0m[1mInitializing provider plugins...[0m- Finding hashicorp/aws versions matching ">= 4.36.0"...- Installing hashicorp/aws v5.79.0...- Installed hashicorp/aws v5.79.0 (signed by HashiCorp)Terraform has created a lock file [1m.terraform.lock.hcl[0m to record the providerselections it made above. Include this file in your version control repositoryso that Terraform can guarantee to make the same selections by default whenyou run "terraform init" in the future.[0m[0m[1m[32mTerraform has been successfully initialized![0m[32m[0m2024-12-04 06:30:46,124 - INFO - 📋 Generating Terraform plan...2024-12-04 06:30:46,125 - INFO - 🔄 Running command in /workspace/shaked-kubiya-ai-plan/terraform-aws-sqs: terraform plan -no-color2024-12-04 06:30:49,151 - INFO - ✅ Terraform plan completed successfully.data.aws_region.current: Reading...data.aws_caller_identity.current: Reading...data.aws_region.current: Read complete after 0s [id=us-east-1]data.aws_caller_identity.current: Read complete after 0s [id=564407622114]Terraform used the selected providers to generate the following executionplan. Resource actions are indicated with the following symbols:  + createTerraform will perform the following actions:  # aws_sqs_queue.this[0] will be created  + resource "aws_sqs_queue" "this" {      + arn                               = (known after apply)      + content_based_deduplication       = false      + deduplication_scope               = (known after apply)      + delay_seconds                     = 0      + fifo_queue                        = false      + fifo_throughput_limit             = (known after apply)      + id                                = (known after apply)      + kms_data_key_reuse_period_seconds = (known after apply)      + max_message_size                  = 262144      + message_retention_seconds         = 345600      + name                              = "blablabla"      + name_prefix                       = (known after apply)      + policy                            = (known after apply)      + receive_wait_time_seconds         = 0      + redrive_allow_policy              = (known after apply)      + redrive_policy                    = (known after apply)      + sqs_managed_sse_enabled           = true      + tags_all                          = (known after apply)      + url                               = (known after apply)      + visibility_timeout_seconds        = 30    }Plan: 1 to add, 0 to change, 0 to destroy.Changes to Outputs:  + dead_letter_queue_arn_static = ""  + queue_arn                    = (known after apply)  + queue_arn_static             = "arn:aws:sqs:us-east-1:564407622114:blablabla"  + queue_id                     = (known after apply)  + queue_name                   = "blablabla"  + queue_url                    = (known after apply)Warning: Value for undeclared variableThe root module does not declare a variable named "defaults" but a value wasfound in file "terraform.tfvars.json". If you meant to use this value, add a"variable" block to the configuration.To silence these warnings, use TF_VAR_... environment variables to providecertain "global" settings to all configurations in your organization. Toreduce the verbosity of these warnings, use the -compact-warnings option.Warning: Value for undeclared variableThe root module does not declare a variable named "items" but a value wasfound in file "terraform.tfvars.json". If you meant to use this value, add a Error: SessionID: Timestamp:2024-12-04T08:30:49+02:00 SenderName:Bot Type:tool_output Message: MessageID:737901 Final:false Status:}
2024/12/04 08:30:49 chat.go:219: Sending message: {Content:📦 Installing system dependencies...📦 Installing Terraform 1.10.0...✅ Successfully installed Terraform 1.10.0🔧 Using workspace name: shaked-kubiya-ai-plan📦 Cloning module repository...Cloning into '/workspace/shaked-kubiya-ai-plan/terraform-aws-sqs'...Checking for Terraform files in /workspace/shaked-kubiya-ai-plan/terraform-aws-sqsFound 4 Terraform files in module directory📍 Working in directory: /workspace/shaked-kubiya-ai-plan/terraform-aws-sqsTerraform files in working directory:-rw-r--r--    1 root     root          8786 Dec  4 06:30 main.tf-rw-r--r--    1 root     root          2133 Dec  4 06:30 outputs.tf-rw-r--r--    1 root     root          8829 Dec  4 06:30 variables.tf-rw-r--r--    1 root     root           148 Dec  4 06:30 versions.tf📦 Setting up Python environment...📦 Installing package and dependencies...Obtaining file:///opt/scripts  Preparing metadata (setup.py): started  Preparing metadata (setup.py): finished with status 'done'Collecting slack-sdk  Using cached slack_sdk-3.33.4-py2.py3-none-any.whl (292 kB)Collecting pydantic  Using cached pydantic-2.10.3-py3-none-any.whl (456 kB)Collecting pyyaml  Using cached PyYAML-6.0.2-cp39-cp39-musllinux_1_1_x86_64.whl (723 kB)Collecting requests  Using cached requests-2.32.3-py3-none-any.whl (64 kB)Collecting pydantic-core==2.27.1  Using cached pydantic_core-2.27.1-cp39-cp39-musllinux_1_1_x86_64.whl (2.1 MB)Collecting annotated-types>=0.6.0  Using cached annotated_types-0.7.0-py3-none-any.whl (13 kB)Collecting typing-extensions>=4.12.2  Using cached typing_extensions-4.12.2-py3-none-any.whl (37 kB)Collecting certifi>=2017.4.17  Using cached certifi-2024.8.30-py3-none-any.whl (167 kB)Collecting urllib3<3,>=1.21.1  Using cached urllib3-2.2.3-py3-none-any.whl (126 kB)Collecting charset-normalizer<4,>=2  Using cached charset_normalizer-3.4.0-cp39-cp39-musllinux_1_2_x86_64.whl (145 kB)Collecting idna<4,>=2.5  Using cached idna-3.10-py3-none-any.whl (70 kB)Installing collected packages: urllib3, typing-extensions, slack-sdk, pyyaml, idna, charset-normalizer, certifi, annotated-types, requests, pydantic-core, pydantic, terraform-tools  Running setup.py develop for terraform-toolsSuccessfully installed annotated-types-0.7.0 certifi-2024.8.30 charset-normalizer-3.4.0 idna-3.10 pydantic-2.10.3 pydantic-core-2.27.1 pyyaml-6.0.2 requests-2.32.3 slack-sdk-3.33.4 terraform-tools-0.1.0 typing-extensions-4.12.2 urllib3-2.2.3WARNING: Running pip as the 'root' user can result in broken permissions and conflicting behaviour with the system package manager. It is recommended to use a virtual environment instead: https://pip.pypa.io/warnings/venvWARNING: There was an error checking the latest version of pip.🔧 Preparing terraform variables...2024-12-04 06:30:41,732 - INFO - 🚀 Starting tfvars preparation...2024-12-04 06:30:41,732 - INFO - 📝 Creating terraform.tfvars.json at /workspace/shaked-kubiya-ai-plan/terraform-aws-sqs/terraform.tfvars.json2024-12-04 06:30:41,733 - INFO - ✅ Successfully prepared terraform.tfvars.json🚀 Running Terraform plan...2024-12-04 06:30:41,831 - INFO - 🚀 Starting Terraform plan for workspace 'shaked-kubiya-ai-plan'...2024-12-04 06:30:41,831 - WARNING - Missing required environment variables: SLACK_API_TOKEN, SLACK_CHANNEL_ID2024-12-04 06:30:41,832 - INFO - Using module path: /workspace/shaked-kubiya-ai-plan/terraform-aws-sqs2024-12-04 06:30:41,832 - INFO - ⚙️ Initializing Terraform...2024-12-04 06:30:41,832 - INFO - 🔄 Running command in /workspace/shaked-kubiya-ai-plan/terraform-aws-sqs: terraform init[0m[1mInitializing the backend...[0m[0m[1mInitializing provider plugins...[0m- Finding hashicorp/aws versions matching ">= 4.36.0"...- Installing hashicorp/aws v5.79.0...- Installed hashicorp/aws v5.79.0 (signed by HashiCorp)Terraform has created a lock file [1m.terraform.lock.hcl[0m to record the providerselections it made above. Include this file in your version control repositoryso that Terraform can guarantee to make the same selections by default whenyou run "terraform init" in the future.[0m[0m[1m[32mTerraform has been successfully initialized![0m[32m[0m2024-12-04 06:30:46,124 - INFO - 📋 Generating Terraform plan...2024-12-04 06:30:46,125 - INFO - 🔄 Running command in /workspace/shaked-kubiya-ai-plan/terraform-aws-sqs: terraform plan -no-color2024-12-04 06:30:49,151 - INFO - ✅ Terraform plan completed successfully.data.aws_region.current: Reading...data.aws_caller_identity.current: Reading...data.aws_region.current: Read complete after 0s [id=us-east-1]data.aws_caller_identity.current: Read complete after 0s [id=564407622114]Terraform used the selected providers to generate the following executionplan. Resource actions are indicated with the following symbols:  + createTerraform will perform the following actions:  # aws_sqs_queue.this[0] will be created  + resource "aws_sqs_queue" "this" {      + arn                               = (known after apply)      + content_based_deduplication       = false      + deduplication_scope               = (known after apply)      + delay_seconds                     = 0      + fifo_queue                        = false      + fifo_throughput_limit             = (known after apply)      + id                                = (known after apply)      + kms_data_key_reuse_period_seconds = (known after apply)      + max_message_size                  = 262144      + message_retention_seconds         = 345600      + name                              = "blablabla"      + name_prefix                       = (known after apply)      + policy                            = (known after apply)      + receive_wait_time_seconds         = 0      + redrive_allow_policy              = (known after apply)      + redrive_policy                    = (known after apply)      + sqs_managed_sse_enabled           = true      + tags_all                          = (known after apply)      + url                               = (known after apply)      + visibility_timeout_seconds        = 30    }Plan: 1 to add, 0 to change, 0 to destroy.Changes to Outputs:  + dead_letter_queue_arn_static = ""  + queue_arn                    = (known after apply)  + queue_arn_static             = "arn:aws:sqs:us-east-1:564407622114:blablabla"  + queue_id                     = (known after apply)  + queue_name                   = "blablabla"  + queue_url                    = (known after apply)Warning: Value for undeclared variableThe root module does not declare a variable named "defaults" but a value wasfound in file "terraform.tfvars.json". If you meant to use this value, add a"variable" block to the configuration.To silence these warnings, use TF_VAR_... environment variables to providecertain "global" settings to all configurations in your organization. Toreduce the verbosity of these warnings, use the -compact-warnings option.Warning: Value for undeclared variableThe root module does not declare a variable named "items" but a value wasfound in file "terraform.tfvars.json". If you meant to use this value, add a"variable" block to the configuration. Error: SessionID: Timestamp:2024-12-04T08:30:49+02:00 SenderName:Bot Type:tool_output Message: MessageID:737901 Final:true Status:}
2024/12/04 08:30:49 chat.go:219: Sending message: {Content:📦 Installing system dependencies...📦 Installing Terraform 1.10.0...✅ Successfully installed Terraform 1.10.0🔧 Using workspace name: shaked-kubiya-ai-plan📦 Cloning module repository...Cloning into '/workspace/shaked-kubiya-ai-plan/terraform-aws-sqs'...Checking for Terraform files in /workspace/shaked-kubiya-ai-plan/terraform-aws-sqsFound 4 Terraform files in module directory📍 Working in directory: /workspace/shaked-kubiya-ai-plan/terraform-aws-sqsTerraform files in working directory:-rw-r--r--    1 root     root          8786 Dec  4 06:30 main.tf-rw-r--r--    1 root     root          2133 Dec  4 06:30 outputs.tf-rw-r--r--    1 root     root          8829 Dec  4 06:30 variables.tf-rw-r--r--    1 root     root           148 Dec  4 06:30 versions.tf📦 Setting up Python environment...📦 Installing package and dependencies...Obtaining file:///opt/scripts  Preparing metadata (setup.py): started  Preparing metadata (setup.py): finished with status 'done'Collecting slack-sdk  Using cached slack_sdk-3.33.4-py2.py3-none-any.whl (292 kB)Collecting pydantic  Using cached pydantic-2.10.3-py3-none-any.whl (456 kB)Collecting pyyaml  Using cached PyYAML-6.0.2-cp39-cp39-musllinux_1_1_x86_64.whl (723 kB)Collecting requests  Using cached requests-2.32.3-py3-none-any.whl (64 kB)Collecting pydantic-core==2.27.1  Using cached pydantic_core-2.27.1-cp39-cp39-musllinux_1_1_x86_64.whl (2.1 MB)Collecting annotated-types>=0.6.0  Using cached annotated_types-0.7.0-py3-none-any.whl (13 kB)Collecting typing-extensions>=4.12.2  Using cached typing_extensions-4.12.2-py3-none-any.whl (37 kB)Collecting certifi>=2017.4.17  Using cached certifi-2024.8.30-py3-none-any.whl (167 kB)Collecting urllib3<3,>=1.21.1  Using cached urllib3-2.2.3-py3-none-any.whl (126 kB)Collecting charset-normalizer<4,>=2  Using cached charset_normalizer-3.4.0-cp39-cp39-musllinux_1_2_x86_64.whl (145 kB)Collecting idna<4,>=2.5  Using cached idna-3.10-py3-none-any.whl (70 kB)Installing collected packages: urllib3, typing-extensions, slack-sdk, pyyaml, idna, charset-normalizer, certifi, annotated-types, requests, pydantic-core, pydantic, terraform-tools  Running setup.py develop for terraform-toolsSuccessfully installed annotated-types-0.7.0 certifi-2024.8.30 charset-normalizer-3.4.0 idna-3.10 pydantic-2.10.3 pydantic-core-2.27.1 pyyaml-6.0.2 requests-2.32.3 slack-sdk-3.33.4 terraform-tools-0.1.0 typing-extensions-4.12.2 urllib3-2.2.3WARNING: Running pip as the 'root' user can result in broken permissions and conflicting behaviour with the system package manager. It is recommended to use a virtual environment instead: https://pip.pypa.io/warnings/venvWARNING: There was an error checking the latest version of pip.🔧 Preparing terraform variables...2024-12-04 06:30:41,732 - INFO - 🚀 Starting tfvars preparation...2024-12-04 06:30:41,732 - INFO - 📝 Creating terraform.tfvars.json at /workspace/shaked-kubiya-ai-plan/terraform-aws-sqs/terraform.tfvars.json2024-12-04 06:30:41,733 - INFO - ✅ Successfully prepared terraform.tfvars.json🚀 Running Terraform plan...2024-12-04 06:30:41,831 - INFO - 🚀 Starting Terraform plan for workspace 'shaked-kubiya-ai-plan'...2024-12-04 06:30:41,831 - WARNING - Missing required environment variables: SLACK_API_TOKEN, SLACK_CHANNEL_ID2024-12-04 06:30:41,832 - INFO - Using module path: /workspace/shaked-kubiya-ai-plan/terraform-aws-sqs2024-12-04 06:30:41,832 - INFO - ⚙️ Initializing Terraform...2024-12-04 06:30:41,832 - INFO - 🔄 Running command in /workspace/shaked-kubiya-ai-plan/terraform-aws-sqs: terraform init[0m[1mInitializing the backend...[0m[0m[1mInitializing provider plugins...[0m- Finding hashicorp/aws versions matching ">= 4.36.0"...- Installing hashicorp/aws v5.79.0...- Installed hashicorp/aws v5.79.0 (signed by HashiCorp)Terraform has created a lock file [1m.terraform.lock.hcl[0m to record the providerselections it made above. Include this file in your version control repositoryso that Terraform can guarantee to make the same selections by default whenyou run "terraform init" in the future.[0m[0m[1m[32mTerraform has been successfully initialized![0m[32m[0m2024-12-04 06:30:46,124 - INFO - 📋 Generating Terraform plan...2024-12-04 06:30:46,125 - INFO - 🔄 Running command in /workspace/shaked-kubiya-ai-plan/terraform-aws-sqs: terraform plan -no-color2024-12-04 06:30:49,151 - INFO - ✅ Terraform plan completed successfully.data.aws_region.current: Reading...data.aws_caller_identity.current: Reading...data.aws_region.current: Read complete after 0s [id=us-east-1]data.aws_caller_identity.current: Read complete after 0s [id=564407622114]Terraform used the selected providers to generate the following executionplan. Resource actions are indicated with the following symbols:  + createTerraform will perform the following actions:  # aws_sqs_queue.this[0] will be created  + resource "aws_sqs_queue" "this" {      + arn                               = (known after apply)      + content_based_deduplication       = false      + deduplication_scope               = (known after apply)      + delay_seconds                     = 0      + fifo_queue                        = false      + fifo_throughput_limit             = (known after apply)      + id                                = (known after apply)      + kms_data_key_reuse_period_seconds = (known after apply)      + max_message_size                  = 262144      + message_retention_seconds         = 345600      + name                              = "blablabla"      + name_prefix                       = (known after apply)      + policy                            = (known after apply)      + receive_wait_time_seconds         = 0      + redrive_allow_policy              = (known after apply)      + redrive_policy                    = (known after apply)      + sqs_managed_sse_enabled           = true      + tags_all                          = (known after apply)      + url                               = (known after apply)      + visibility_timeout_seconds        = 30    }Plan: 1 to add, 0 to change, 0 to destroy.Changes to Outputs:  + dead_letter_queue_arn_static = ""  + queue_arn                    = (known after apply)  + queue_arn_static             = "arn:aws:sqs:us-east-1:564407622114:blablabla"  + queue_id                     = (known after apply)  + queue_name                   = "blablabla"  + queue_url                    = (known after apply)Warning: Value for undeclared variableThe root module does not declare a variable named "defaults" but a value wasfound in file "terraform.tfvars.json". If you meant to use this value, add a"variable" block to the configuration.To silence these warnings, use TF_VAR_... environment variables to providecertain "global" settings to all configurations in your organization. Toreduce the verbosity of these warnings, use the -compact-warnings option.Warning: Value for undeclared variableThe root module does not declare a variable named "items" but a value wasfound in file "terraform.tfvars.json". If you meant to use this value, add a"variable" block to the configuration.To silence these warnings, use TF_VAR_... environment variables to provide Error: SessionID: Timestamp:2024-12-04T08:30:49+02:00 SenderName:Bot Type:tool_output Message: MessageID:737901 Final:false Status:}
2024/12/04 08:30:49 chat.go:219: Sending message: {Content:📦 Installing system dependencies...📦 Installing Terraform 1.10.0...✅ Successfully installed Terraform 1.10.0🔧 Using workspace name: shaked-kubiya-ai-plan📦 Cloning module repository...Cloning into '/workspace/shaked-kubiya-ai-plan/terraform-aws-sqs'...Checking for Terraform files in /workspace/shaked-kubiya-ai-plan/terraform-aws-sqsFound 4 Terraform files in module directory📍 Working in directory: /workspace/shaked-kubiya-ai-plan/terraform-aws-sqsTerraform files in working directory:-rw-r--r--    1 root     root          8786 Dec  4 06:30 main.tf-rw-r--r--    1 root     root          2133 Dec  4 06:30 outputs.tf-rw-r--r--    1 root     root          8829 Dec  4 06:30 variables.tf-rw-r--r--    1 root     root           148 Dec  4 06:30 versions.tf📦 Setting up Python environment...📦 Installing package and dependencies...Obtaining file:///opt/scripts  Preparing metadata (setup.py): started  Preparing metadata (setup.py): finished with status 'done'Collecting slack-sdk  Using cached slack_sdk-3.33.4-py2.py3-none-any.whl (292 kB)Collecting pydantic  Using cached pydantic-2.10.3-py3-none-any.whl (456 kB)Collecting pyyaml  Using cached PyYAML-6.0.2-cp39-cp39-musllinux_1_1_x86_64.whl (723 kB)Collecting requests  Using cached requests-2.32.3-py3-none-any.whl (64 kB)Collecting pydantic-core==2.27.1  Using cached pydantic_core-2.27.1-cp39-cp39-musllinux_1_1_x86_64.whl (2.1 MB)Collecting annotated-types>=0.6.0  Using cached annotated_types-0.7.0-py3-none-any.whl (13 kB)Collecting typing-extensions>=4.12.2  Using cached typing_extensions-4.12.2-py3-none-any.whl (37 kB)Collecting certifi>=2017.4.17  Using cached certifi-2024.8.30-py3-none-any.whl (167 kB)Collecting urllib3<3,>=1.21.1  Using cached urllib3-2.2.3-py3-none-any.whl (126 kB)Collecting charset-normalizer<4,>=2  Using cached charset_normalizer-3.4.0-cp39-cp39-musllinux_1_2_x86_64.whl (145 kB)Collecting idna<4,>=2.5  Using cached idna-3.10-py3-none-any.whl (70 kB)Installing collected packages: urllib3, typing-extensions, slack-sdk, pyyaml, idna, charset-normalizer, certifi, annotated-types, requests, pydantic-core, pydantic, terraform-tools  Running setup.py develop for terraform-toolsSuccessfully installed annotated-types-0.7.0 certifi-2024.8.30 charset-normalizer-3.4.0 idna-3.10 pydantic-2.10.3 pydantic-core-2.27.1 pyyaml-6.0.2 requests-2.32.3 slack-sdk-3.33.4 terraform-tools-0.1.0 typing-extensions-4.12.2 urllib3-2.2.3WARNING: Running pip as the 'root' user can result in broken permissions and conflicting behaviour with the system package manager. It is recommended to use a virtual environment instead: https://pip.pypa.io/warnings/venvWARNING: There was an error checking the latest version of pip.🔧 Preparing terraform variables...2024-12-04 06:30:41,732 - INFO - 🚀 Starting tfvars preparation...2024-12-04 06:30:41,732 - INFO - 📝 Creating terraform.tfvars.json at /workspace/shaked-kubiya-ai-plan/terraform-aws-sqs/terraform.tfvars.json2024-12-04 06:30:41,733 - INFO - ✅ Successfully prepared terraform.tfvars.json🚀 Running Terraform plan...2024-12-04 06:30:41,831 - INFO - 🚀 Starting Terraform plan for workspace 'shaked-kubiya-ai-plan'...2024-12-04 06:30:41,831 - WARNING - Missing required environment variables: SLACK_API_TOKEN, SLACK_CHANNEL_ID2024-12-04 06:30:41,832 - INFO - Using module path: /workspace/shaked-kubiya-ai-plan/terraform-aws-sqs2024-12-04 06:30:41,832 - INFO - ⚙️ Initializing Terraform...2024-12-04 06:30:41,832 - INFO - 🔄 Running command in /workspace/shaked-kubiya-ai-plan/terraform-aws-sqs: terraform init[0m[1mInitializing the backend...[0m[0m[1mInitializing provider plugins...[0m- Finding hashicorp/aws versions matching ">= 4.36.0"...- Installing hashicorp/aws v5.79.0...- Installed hashicorp/aws v5.79.0 (signed by HashiCorp)Terraform has created a lock file [1m.terraform.lock.hcl[0m to record the providerselections it made above. Include this file in your version control repositoryso that Terraform can guarantee to make the same selections by default whenyou run "terraform init" in the future.[0m[0m[1m[32mTerraform has been successfully initialized![0m[32m[0m2024-12-04 06:30:46,124 - INFO - 📋 Generating Terraform plan...2024-12-04 06:30:46,125 - INFO - 🔄 Running command in /workspace/shaked-kubiya-ai-plan/terraform-aws-sqs: terraform plan -no-color2024-12-04 06:30:49,151 - INFO - ✅ Terraform plan completed successfully.data.aws_region.current: Reading...data.aws_caller_identity.current: Reading...data.aws_region.current: Read complete after 0s [id=us-east-1]data.aws_caller_identity.current: Read complete after 0s [id=564407622114]Terraform used the selected providers to generate the following executionplan. Resource actions are indicated with the following symbols:  + createTerraform will perform the following actions:  # aws_sqs_queue.this[0] will be created  + resource "aws_sqs_queue" "this" {      + arn                               = (known after apply)      + content_based_deduplication       = false      + deduplication_scope               = (known after apply)      + delay_seconds                     = 0      + fifo_queue                        = false      + fifo_throughput_limit             = (known after apply)      + id                                = (known after apply)      + kms_data_key_reuse_period_seconds = (known after apply)      + max_message_size                  = 262144      + message_retention_seconds         = 345600      + name                              = "blablabla"      + name_prefix                       = (known after apply)      + policy                            = (known after apply)      + receive_wait_time_seconds         = 0      + redrive_allow_policy              = (known after apply)      + redrive_policy                    = (known after apply)      + sqs_managed_sse_enabled           = true      + tags_all                          = (known after apply)      + url                               = (known after apply)      + visibility_timeout_seconds        = 30    }Plan: 1 to add, 0 to change, 0 to destroy.Changes to Outputs:  + dead_letter_queue_arn_static = ""  + queue_arn                    = (known after apply)  + queue_arn_static             = "arn:aws:sqs:us-east-1:564407622114:blablabla"  + queue_id                     = (known after apply)  + queue_name                   = "blablabla"  + queue_url                    = (known after apply)Warning: Value for undeclared variableThe root module does not declare a variable named "defaults" but a value wasfound in file "terraform.tfvars.json". If you meant to use this value, add a"variable" block to the configuration.To silence these warnings, use TF_VAR_... environment variables to providecertain "global" settings to all configurations in your organization. Toreduce the verbosity of these warnings, use the -compact-warnings option.Warning: Value for undeclared variableThe root module does not declare a variable named "items" but a value wasfound in file "terraform.tfvars.json". If you meant to use this value, add a"variable" block to the configuration.To silence these warnings, use TF_VAR_... environment variables to providecertain "global" settings to all configurations in your organization. To Error: SessionID: Timestamp:2024-12-04T08:30:49+02:00 SenderName:Bot Type:tool_output Message: MessageID:737901 Final:false Status:}
2024/12/04 08:30:49 chat.go:219: Sending message: {Content:📦 Installing system dependencies...📦 Installing Terraform 1.10.0...✅ Successfully installed Terraform 1.10.0🔧 Using workspace name: shaked-kubiya-ai-plan📦 Cloning module repository...Cloning into '/workspace/shaked-kubiya-ai-plan/terraform-aws-sqs'...Checking for Terraform files in /workspace/shaked-kubiya-ai-plan/terraform-aws-sqsFound 4 Terraform files in module directory📍 Working in directory: /workspace/shaked-kubiya-ai-plan/terraform-aws-sqsTerraform files in working directory:-rw-r--r--    1 root     root          8786 Dec  4 06:30 main.tf-rw-r--r--    1 root     root          2133 Dec  4 06:30 outputs.tf-rw-r--r--    1 root     root          8829 Dec  4 06:30 variables.tf-rw-r--r--    1 root     root           148 Dec  4 06:30 versions.tf📦 Setting up Python environment...📦 Installing package and dependencies...Obtaining file:///opt/scripts  Preparing metadata (setup.py): started  Preparing metadata (setup.py): finished with status 'done'Collecting slack-sdk  Using cached slack_sdk-3.33.4-py2.py3-none-any.whl (292 kB)Collecting pydantic  Using cached pydantic-2.10.3-py3-none-any.whl (456 kB)Collecting pyyaml  Using cached PyYAML-6.0.2-cp39-cp39-musllinux_1_1_x86_64.whl (723 kB)Collecting requests  Using cached requests-2.32.3-py3-none-any.whl (64 kB)Collecting pydantic-core==2.27.1  Using cached pydantic_core-2.27.1-cp39-cp39-musllinux_1_1_x86_64.whl (2.1 MB)Collecting annotated-types>=0.6.0  Using cached annotated_types-0.7.0-py3-none-any.whl (13 kB)Collecting typing-extensions>=4.12.2  Using cached typing_extensions-4.12.2-py3-none-any.whl (37 kB)Collecting certifi>=2017.4.17  Using cached certifi-2024.8.30-py3-none-any.whl (167 kB)Collecting urllib3<3,>=1.21.1  Using cached urllib3-2.2.3-py3-none-any.whl (126 kB)Collecting charset-normalizer<4,>=2  Using cached charset_normalizer-3.4.0-cp39-cp39-musllinux_1_2_x86_64.whl (145 kB)Collecting idna<4,>=2.5  Using cached idna-3.10-py3-none-any.whl (70 kB)Installing collected packages: urllib3, typing-extensions, slack-sdk, pyyaml, idna, charset-normalizer, certifi, annotated-types, requests, pydantic-core, pydantic, terraform-tools  Running setup.py develop for terraform-toolsSuccessfully installed annotated-types-0.7.0 certifi-2024.8.30 charset-normalizer-3.4.0 idna-3.10 pydantic-2.10.3 pydantic-core-2.27.1 pyyaml-6.0.2 requests-2.32.3 slack-sdk-3.33.4 terraform-tools-0.1.0 typing-extensions-4.12.2 urllib3-2.2.3WARNING: Running pip as the 'root' user can result in broken permissions and conflicting behaviour with the system package manager. It is recommended to use a virtual environment instead: https://pip.pypa.io/warnings/venvWARNING: There was an error checking the latest version of pip.🔧 Preparing terraform variables...2024-12-04 06:30:41,732 - INFO - 🚀 Starting tfvars preparation...2024-12-04 06:30:41,732 - INFO - 📝 Creating terraform.tfvars.json at /workspace/shaked-kubiya-ai-plan/terraform-aws-sqs/terraform.tfvars.json2024-12-04 06:30:41,733 - INFO - ✅ Successfully prepared terraform.tfvars.json🚀 Running Terraform plan...2024-12-04 06:30:41,831 - INFO - 🚀 Starting Terraform plan for workspace 'shaked-kubiya-ai-plan'...2024-12-04 06:30:41,831 - WARNING - Missing required environment variables: SLACK_API_TOKEN, SLACK_CHANNEL_ID2024-12-04 06:30:41,832 - INFO - Using module path: /workspace/shaked-kubiya-ai-plan/terraform-aws-sqs2024-12-04 06:30:41,832 - INFO - ⚙️ Initializing Terraform...2024-12-04 06:30:41,832 - INFO - 🔄 Running command in /workspace/shaked-kubiya-ai-plan/terraform-aws-sqs: terraform init[0m[1mInitializing the backend...[0m[0m[1mInitializing provider plugins...[0m- Finding hashicorp/aws versions matching ">= 4.36.0"...- Installing hashicorp/aws v5.79.0...- Installed hashicorp/aws v5.79.0 (signed by HashiCorp)Terraform has created a lock file [1m.terraform.lock.hcl[0m to record the providerselections it made above. Include this file in your version control repositoryso that Terraform can guarantee to make the same selections by default whenyou run "terraform init" in the future.[0m[0m[1m[32mTerraform has been successfully initialized![0m[32m[0m2024-12-04 06:30:46,124 - INFO - 📋 Generating Terraform plan...2024-12-04 06:30:46,125 - INFO - 🔄 Running command in /workspace/shaked-kubiya-ai-plan/terraform-aws-sqs: terraform plan -no-color2024-12-04 06:30:49,151 - INFO - ✅ Terraform plan completed successfully.data.aws_region.current: Reading...data.aws_caller_identity.current: Reading...data.aws_region.current: Read complete after 0s [id=us-east-1]data.aws_caller_identity.current: Read complete after 0s [id=564407622114]Terraform used the selected providers to generate the following executionplan. Resource actions are indicated with the following symbols:  + createTerraform will perform the following actions:  # aws_sqs_queue.this[0] will be created  + resource "aws_sqs_queue" "this" {      + arn                               = (known after apply)      + content_based_deduplication       = false      + deduplication_scope               = (known after apply)      + delay_seconds                     = 0      + fifo_queue                        = false      + fifo_throughput_limit             = (known after apply)      + id                                = (known after apply)      + kms_data_key_reuse_period_seconds = (known after apply)      + max_message_size                  = 262144      + message_retention_seconds         = 345600      + name                              = "blablabla"      + name_prefix                       = (known after apply)      + policy                            = (known after apply)      + receive_wait_time_seconds         = 0      + redrive_allow_policy              = (known after apply)      + redrive_policy                    = (known after apply)      + sqs_managed_sse_enabled           = true      + tags_all                          = (known after apply)      + url                               = (known after apply)      + visibility_timeout_seconds        = 30    }Plan: 1 to add, 0 to change, 0 to destroy.Changes to Outputs:  + dead_letter_queue_arn_static = ""  + queue_arn                    = (known after apply)  + queue_arn_static             = "arn:aws:sqs:us-east-1:564407622114:blablabla"  + queue_id                     = (known after apply)  + queue_name                   = "blablabla"  + queue_url                    = (known after apply)Warning: Value for undeclared variableThe root module does not declare a variable named "defaults" but a value wasfound in file "terraform.tfvars.json". If you meant to use this value, add a"variable" block to the configuration.To silence these warnings, use TF_VAR_... environment variables to providecertain "global" settings to all configurations in your organization. Toreduce the verbosity of these warnings, use the -compact-warnings option.Warning: Value for undeclared variableThe root module does not declare a variable named "items" but a value wasfound in file "terraform.tfvars.json". If you meant to use this value, add a"variable" block to the configuration.To silence these warnings, use TF_VAR_... environment variables to providecertain "global" settings to all configurations in your organization. Toreduce the verbosity of these warnings, use the -compact-warnings option. Error: SessionID: Timestamp:2024-12-04T08:30:49+02:00 SenderName:Bot Type:tool_output Message: MessageID:737901 Final:true Status:}
2024/12/04 08:30:49 chat.go:219: Sending message: {Content:📦 Installing system dependencies...📦 Installing Terraform 1.10.0...✅ Successfully installed Terraform 1.10.0🔧 Using workspace name: shaked-kubiya-ai-plan📦 Cloning module repository...Cloning into '/workspace/shaked-kubiya-ai-plan/terraform-aws-sqs'...Checking for Terraform files in /workspace/shaked-kubiya-ai-plan/terraform-aws-sqsFound 4 Terraform files in module directory📍 Working in directory: /workspace/shaked-kubiya-ai-plan/terraform-aws-sqsTerraform files in working directory:-rw-r--r--    1 root     root          8786 Dec  4 06:30 main.tf-rw-r--r--    1 root     root          2133 Dec  4 06:30 outputs.tf-rw-r--r--    1 root     root          8829 Dec  4 06:30 variables.tf-rw-r--r--    1 root     root           148 Dec  4 06:30 versions.tf📦 Setting up Python environment...📦 Installing package and dependencies...Obtaining file:///opt/scripts  Preparing metadata (setup.py): started  Preparing metadata (setup.py): finished with status 'done'Collecting slack-sdk  Using cached slack_sdk-3.33.4-py2.py3-none-any.whl (292 kB)Collecting pydantic  Using cached pydantic-2.10.3-py3-none-any.whl (456 kB)Collecting pyyaml  Using cached PyYAML-6.0.2-cp39-cp39-musllinux_1_1_x86_64.whl (723 kB)Collecting requests  Using cached requests-2.32.3-py3-none-any.whl (64 kB)Collecting pydantic-core==2.27.1  Using cached pydantic_core-2.27.1-cp39-cp39-musllinux_1_1_x86_64.whl (2.1 MB)Collecting annotated-types>=0.6.0  Using cached annotated_types-0.7.0-py3-none-any.whl (13 kB)Collecting typing-extensions>=4.12.2  Using cached typing_extensions-4.12.2-py3-none-any.whl (37 kB)Collecting certifi>=2017.4.17  Using cached certifi-2024.8.30-py3-none-any.whl (167 kB)Collecting urllib3<3,>=1.21.1  Using cached urllib3-2.2.3-py3-none-any.whl (126 kB)Collecting charset-normalizer<4,>=2  Using cached charset_normalizer-3.4.0-cp39-cp39-musllinux_1_2_x86_64.whl (145 kB)Collecting idna<4,>=2.5  Using cached idna-3.10-py3-none-any.whl (70 kB)Installing collected packages: urllib3, typing-extensions, slack-sdk, pyyaml, idna, charset-normalizer, certifi, annotated-types, requests, pydantic-core, pydantic, terraform-tools  Running setup.py develop for terraform-toolsSuccessfully installed annotated-types-0.7.0 certifi-2024.8.30 charset-normalizer-3.4.0 idna-3.10 pydantic-2.10.3 pydantic-core-2.27.1 pyyaml-6.0.2 requests-2.32.3 slack-sdk-3.33.4 terraform-tools-0.1.0 typing-extensions-4.12.2 urllib3-2.2.3WARNING: Running pip as the 'root' user can result in broken permissions and conflicting behaviour with the system package manager. It is recommended to use a virtual environment instead: https://pip.pypa.io/warnings/venvWARNING: There was an error checking the latest version of pip.🔧 Preparing terraform variables...2024-12-04 06:30:41,732 - INFO - 🚀 Starting tfvars preparation...2024-12-04 06:30:41,732 - INFO - 📝 Creating terraform.tfvars.json at /workspace/shaked-kubiya-ai-plan/terraform-aws-sqs/terraform.tfvars.json2024-12-04 06:30:41,733 - INFO - ✅ Successfully prepared terraform.tfvars.json🚀 Running Terraform plan...2024-12-04 06:30:41,831 - INFO - 🚀 Starting Terraform plan for workspace 'shaked-kubiya-ai-plan'...2024-12-04 06:30:41,831 - WARNING - Missing required environment variables: SLACK_API_TOKEN, SLACK_CHANNEL_ID2024-12-04 06:30:41,832 - INFO - Using module path: /workspace/shaked-kubiya-ai-plan/terraform-aws-sqs2024-12-04 06:30:41,832 - INFO - ⚙️ Initializing Terraform...2024-12-04 06:30:41,832 - INFO - 🔄 Running command in /workspace/shaked-kubiya-ai-plan/terraform-aws-sqs: terraform init[0m[1mInitializing the backend...[0m[0m[1mInitializing provider plugins...[0m- Finding hashicorp/aws versions matching ">= 4.36.0"...- Installing hashicorp/aws v5.79.0...- Installed hashicorp/aws v5.79.0 (signed by HashiCorp)Terraform has created a lock file [1m.terraform.lock.hcl[0m to record the providerselections it made above. Include this file in your version control repositoryso that Terraform can guarantee to make the same selections by default whenyou run "terraform init" in the future.[0m[0m[1m[32mTerraform has been successfully initialized![0m[32m[0m2024-12-04 06:30:46,124 - INFO - 📋 Generating Terraform plan...2024-12-04 06:30:46,125 - INFO - 🔄 Running command in /workspace/shaked-kubiya-ai-plan/terraform-aws-sqs: terraform plan -no-color2024-12-04 06:30:49,151 - INFO - ✅ Terraform plan completed successfully.data.aws_region.current: Reading...data.aws_caller_identity.current: Reading...data.aws_region.current: Read complete after 0s [id=us-east-1]data.aws_caller_identity.current: Read complete after 0s [id=564407622114]Terraform used the selected providers to generate the following executionplan. Resource actions are indicated with the following symbols:  + createTerraform will perform the following actions:  # aws_sqs_queue.this[0] will be created  + resource "aws_sqs_queue" "this" {      + arn                               = (known after apply)      + content_based_deduplication       = false      + deduplication_scope               = (known after apply)      + delay_seconds                     = 0      + fifo_queue                        = false      + fifo_throughput_limit             = (known after apply)      + id                                = (known after apply)      + kms_data_key_reuse_period_seconds = (known after apply)      + max_message_size                  = 262144      + message_retention_seconds         = 345600      + name                              = "blablabla"      + name_prefix                       = (known after apply)      + policy                            = (known after apply)      + receive_wait_time_seconds         = 0      + redrive_allow_policy              = (known after apply)      + redrive_policy                    = (known after apply)      + sqs_managed_sse_enabled           = true      + tags_all                          = (known after apply)      + url                               = (known after apply)      + visibility_timeout_seconds        = 30    }Plan: 1 to add, 0 to change, 0 to destroy.Changes to Outputs:  + dead_letter_queue_arn_static = ""  + queue_arn                    = (known after apply)  + queue_arn_static             = "arn:aws:sqs:us-east-1:564407622114:blablabla"  + queue_id                     = (known after apply)  + queue_name                   = "blablabla"  + queue_url                    = (known after apply)Warning: Value for undeclared variableThe root module does not declare a variable named "defaults" but a value wasfound in file "terraform.tfvars.json". If you meant to use this value, add a"variable" block to the configuration.To silence these warnings, use TF_VAR_... environment variables to providecertain "global" settings to all configurations in your organization. Toreduce the verbosity of these warnings, use the -compact-warnings option.Warning: Value for undeclared variableThe root module does not declare a variable named "items" but a value wasfound in file "terraform.tfvars.json". If you meant to use this value, add a"variable" block to the configuration.To silence these warnings, use TF_VAR_... environment variables to providecertain "global" settings to all configurations in your organization. Toreduce the verbosity of these warnings, use the -compact-warnings option.Plan Summary: Error: SessionID: Timestamp:2024-12-04T08:30:49+02:00 SenderName:Bot Type:tool_output Message: MessageID:737901 Final:false Status:}
2024/12/04 08:30:49 chat.go:219: Sending message: {Content:📦 Installing system dependencies...📦 Installing Terraform 1.10.0...✅ Successfully installed Terraform 1.10.0🔧 Using workspace name: shaked-kubiya-ai-plan📦 Cloning module repository...Cloning into '/workspace/shaked-kubiya-ai-plan/terraform-aws-sqs'...Checking for Terraform files in /workspace/shaked-kubiya-ai-plan/terraform-aws-sqsFound 4 Terraform files in module directory📍 Working in directory: /workspace/shaked-kubiya-ai-plan/terraform-aws-sqsTerraform files in working directory:-rw-r--r--    1 root     root          8786 Dec  4 06:30 main.tf-rw-r--r--    1 root     root          2133 Dec  4 06:30 outputs.tf-rw-r--r--    1 root     root          8829 Dec  4 06:30 variables.tf-rw-r--r--    1 root     root           148 Dec  4 06:30 versions.tf📦 Setting up Python environment...📦 Installing package and dependencies...Obtaining file:///opt/scripts  Preparing metadata (setup.py): started  Preparing metadata (setup.py): finished with status 'done'Collecting slack-sdk  Using cached slack_sdk-3.33.4-py2.py3-none-any.whl (292 kB)Collecting pydantic  Using cached pydantic-2.10.3-py3-none-any.whl (456 kB)Collecting pyyaml  Using cached PyYAML-6.0.2-cp39-cp39-musllinux_1_1_x86_64.whl (723 kB)Collecting requests  Using cached requests-2.32.3-py3-none-any.whl (64 kB)Collecting pydantic-core==2.27.1  Using cached pydantic_core-2.27.1-cp39-cp39-musllinux_1_1_x86_64.whl (2.1 MB)Collecting annotated-types>=0.6.0  Using cached annotated_types-0.7.0-py3-none-any.whl (13 kB)Collecting typing-extensions>=4.12.2  Using cached typing_extensions-4.12.2-py3-none-any.whl (37 kB)Collecting certifi>=2017.4.17  Using cached certifi-2024.8.30-py3-none-any.whl (167 kB)Collecting urllib3<3,>=1.21.1  Using cached urllib3-2.2.3-py3-none-any.whl (126 kB)Collecting charset-normalizer<4,>=2  Using cached charset_normalizer-3.4.0-cp39-cp39-musllinux_1_2_x86_64.whl (145 kB)Collecting idna<4,>=2.5  Using cached idna-3.10-py3-none-any.whl (70 kB)Installing collected packages: urllib3, typing-extensions, slack-sdk, pyyaml, idna, charset-normalizer, certifi, annotated-types, requests, pydantic-core, pydantic, terraform-tools  Running setup.py develop for terraform-toolsSuccessfully installed annotated-types-0.7.0 certifi-2024.8.30 charset-normalizer-3.4.0 idna-3.10 pydantic-2.10.3 pydantic-core-2.27.1 pyyaml-6.0.2 requests-2.32.3 slack-sdk-3.33.4 terraform-tools-0.1.0 typing-extensions-4.12.2 urllib3-2.2.3WARNING: Running pip as the 'root' user can result in broken permissions and conflicting behaviour with the system package manager. It is recommended to use a virtual environment instead: https://pip.pypa.io/warnings/venvWARNING: There was an error checking the latest version of pip.🔧 Preparing terraform variables...2024-12-04 06:30:41,732 - INFO - 🚀 Starting tfvars preparation...2024-12-04 06:30:41,732 - INFO - 📝 Creating terraform.tfvars.json at /workspace/shaked-kubiya-ai-plan/terraform-aws-sqs/terraform.tfvars.json2024-12-04 06:30:41,733 - INFO - ✅ Successfully prepared terraform.tfvars.json🚀 Running Terraform plan...2024-12-04 06:30:41,831 - INFO - 🚀 Starting Terraform plan for workspace 'shaked-kubiya-ai-plan'...2024-12-04 06:30:41,831 - WARNING - Missing required environment variables: SLACK_API_TOKEN, SLACK_CHANNEL_ID2024-12-04 06:30:41,832 - INFO - Using module path: /workspace/shaked-kubiya-ai-plan/terraform-aws-sqs2024-12-04 06:30:41,832 - INFO - ⚙️ Initializing Terraform...2024-12-04 06:30:41,832 - INFO - 🔄 Running command in /workspace/shaked-kubiya-ai-plan/terraform-aws-sqs: terraform init[0m[1mInitializing the backend...[0m[0m[1mInitializing provider plugins...[0m- Finding hashicorp/aws versions matching ">= 4.36.0"...- Installing hashicorp/aws v5.79.0...- Installed hashicorp/aws v5.79.0 (signed by HashiCorp)Terraform has created a lock file [1m.terraform.lock.hcl[0m to record the providerselections it made above. Include this file in your version control repositoryso that Terraform can guarantee to make the same selections by default whenyou run "terraform init" in the future.[0m[0m[1m[32mTerraform has been successfully initialized![0m[32m[0m2024-12-04 06:30:46,124 - INFO - 📋 Generating Terraform plan...2024-12-04 06:30:46,125 - INFO - 🔄 Running command in /workspace/shaked-kubiya-ai-plan/terraform-aws-sqs: terraform plan -no-color2024-12-04 06:30:49,151 - INFO - ✅ Terraform plan completed successfully.data.aws_region.current: Reading...data.aws_caller_identity.current: Reading...data.aws_region.current: Read complete after 0s [id=us-east-1]data.aws_caller_identity.current: Read complete after 0s [id=564407622114]Terraform used the selected providers to generate the following executionplan. Resource actions are indicated with the following symbols:  + createTerraform will perform the following actions:  # aws_sqs_queue.this[0] will be created  + resource "aws_sqs_queue" "this" {      + arn                               = (known after apply)      + content_based_deduplication       = false      + deduplication_scope               = (known after apply)      + delay_seconds                     = 0      + fifo_queue                        = false      + fifo_throughput_limit             = (known after apply)      + id                                = (known after apply)      + kms_data_key_reuse_period_seconds = (known after apply)      + max_message_size                  = 262144      + message_retention_seconds         = 345600      + name                              = "blablabla"      + name_prefix                       = (known after apply)      + policy                            = (known after apply)      + receive_wait_time_seconds         = 0      + redrive_allow_policy              = (known after apply)      + redrive_policy                    = (known after apply)      + sqs_managed_sse_enabled           = true      + tags_all                          = (known after apply)      + url                               = (known after apply)      + visibility_timeout_seconds        = 30    }Plan: 1 to add, 0 to change, 0 to destroy.Changes to Outputs:  + dead_letter_queue_arn_static = ""  + queue_arn                    = (known after apply)  + queue_arn_static             = "arn:aws:sqs:us-east-1:564407622114:blablabla"  + queue_id                     = (known after apply)  + queue_name                   = "blablabla"  + queue_url                    = (known after apply)Warning: Value for undeclared variableThe root module does not declare a variable named "defaults" but a value wasfound in file "terraform.tfvars.json". If you meant to use this value, add a"variable" block to the configuration.To silence these warnings, use TF_VAR_... environment variables to providecertain "global" settings to all configurations in your organization. Toreduce the verbosity of these warnings, use the -compact-warnings option.Warning: Value for undeclared variableThe root module does not declare a variable named "items" but a value wasfound in file "terraform.tfvars.json". If you meant to use this value, add a"variable" block to the configuration.To silence these warnings, use TF_VAR_... environment variables to providecertain "global" settings to all configurations in your organization. Toreduce the verbosity of these warnings, use the -compact-warnings option.Plan Summary:🟢 To add: 1 Error: SessionID: Timestamp:2024-12-04T08:30:49+02:00 SenderName:Bot Type:tool_output Message: MessageID:737901 Final:false Status:}
2024/12/04 08:30:49 chat.go:219: Sending message: {Content:📦 Installing system dependencies...📦 Installing Terraform 1.10.0...✅ Successfully installed Terraform 1.10.0🔧 Using workspace name: shaked-kubiya-ai-plan📦 Cloning module repository...Cloning into '/workspace/shaked-kubiya-ai-plan/terraform-aws-sqs'...Checking for Terraform files in /workspace/shaked-kubiya-ai-plan/terraform-aws-sqsFound 4 Terraform files in module directory📍 Working in directory: /workspace/shaked-kubiya-ai-plan/terraform-aws-sqsTerraform files in working directory:-rw-r--r--    1 root     root          8786 Dec  4 06:30 main.tf-rw-r--r--    1 root     root          2133 Dec  4 06:30 outputs.tf-rw-r--r--    1 root     root          8829 Dec  4 06:30 variables.tf-rw-r--r--    1 root     root           148 Dec  4 06:30 versions.tf📦 Setting up Python environment...📦 Installing package and dependencies...Obtaining file:///opt/scripts  Preparing metadata (setup.py): started  Preparing metadata (setup.py): finished with status 'done'Collecting slack-sdk  Using cached slack_sdk-3.33.4-py2.py3-none-any.whl (292 kB)Collecting pydantic  Using cached pydantic-2.10.3-py3-none-any.whl (456 kB)Collecting pyyaml  Using cached PyYAML-6.0.2-cp39-cp39-musllinux_1_1_x86_64.whl (723 kB)Collecting requests  Using cached requests-2.32.3-py3-none-any.whl (64 kB)Collecting pydantic-core==2.27.1  Using cached pydantic_core-2.27.1-cp39-cp39-musllinux_1_1_x86_64.whl (2.1 MB)Collecting annotated-types>=0.6.0  Using cached annotated_types-0.7.0-py3-none-any.whl (13 kB)Collecting typing-extensions>=4.12.2  Using cached typing_extensions-4.12.2-py3-none-any.whl (37 kB)Collecting certifi>=2017.4.17  Using cached certifi-2024.8.30-py3-none-any.whl (167 kB)Collecting urllib3<3,>=1.21.1  Using cached urllib3-2.2.3-py3-none-any.whl (126 kB)Collecting charset-normalizer<4,>=2  Using cached charset_normalizer-3.4.0-cp39-cp39-musllinux_1_2_x86_64.whl (145 kB)Collecting idna<4,>=2.5  Using cached idna-3.10-py3-none-any.whl (70 kB)Installing collected packages: urllib3, typing-extensions, slack-sdk, pyyaml, idna, charset-normalizer, certifi, annotated-types, requests, pydantic-core, pydantic, terraform-tools  Running setup.py develop for terraform-toolsSuccessfully installed annotated-types-0.7.0 certifi-2024.8.30 charset-normalizer-3.4.0 idna-3.10 pydantic-2.10.3 pydantic-core-2.27.1 pyyaml-6.0.2 requests-2.32.3 slack-sdk-3.33.4 terraform-tools-0.1.0 typing-extensions-4.12.2 urllib3-2.2.3WARNING: Running pip as the 'root' user can result in broken permissions and conflicting behaviour with the system package manager. It is recommended to use a virtual environment instead: https://pip.pypa.io/warnings/venvWARNING: There was an error checking the latest version of pip.🔧 Preparing terraform variables...2024-12-04 06:30:41,732 - INFO - 🚀 Starting tfvars preparation...2024-12-04 06:30:41,732 - INFO - 📝 Creating terraform.tfvars.json at /workspace/shaked-kubiya-ai-plan/terraform-aws-sqs/terraform.tfvars.json2024-12-04 06:30:41,733 - INFO - ✅ Successfully prepared terraform.tfvars.json🚀 Running Terraform plan...2024-12-04 06:30:41,831 - INFO - 🚀 Starting Terraform plan for workspace 'shaked-kubiya-ai-plan'...2024-12-04 06:30:41,831 - WARNING - Missing required environment variables: SLACK_API_TOKEN, SLACK_CHANNEL_ID2024-12-04 06:30:41,832 - INFO - Using module path: /workspace/shaked-kubiya-ai-plan/terraform-aws-sqs2024-12-04 06:30:41,832 - INFO - ⚙️ Initializing Terraform...2024-12-04 06:30:41,832 - INFO - 🔄 Running command in /workspace/shaked-kubiya-ai-plan/terraform-aws-sqs: terraform init[0m[1mInitializing the backend...[0m[0m[1mInitializing provider plugins...[0m- Finding hashicorp/aws versions matching ">= 4.36.0"...- Installing hashicorp/aws v5.79.0...- Installed hashicorp/aws v5.79.0 (signed by HashiCorp)Terraform has created a lock file [1m.terraform.lock.hcl[0m to record the providerselections it made above. Include this file in your version control repositoryso that Terraform can guarantee to make the same selections by default whenyou run "terraform init" in the future.[0m[0m[1m[32mTerraform has been successfully initialized![0m[32m[0m2024-12-04 06:30:46,124 - INFO - 📋 Generating Terraform plan...2024-12-04 06:30:46,125 - INFO - 🔄 Running command in /workspace/shaked-kubiya-ai-plan/terraform-aws-sqs: terraform plan -no-color2024-12-04 06:30:49,151 - INFO - ✅ Terraform plan completed successfully.data.aws_region.current: Reading...data.aws_caller_identity.current: Reading...data.aws_region.current: Read complete after 0s [id=us-east-1]data.aws_caller_identity.current: Read complete after 0s [id=564407622114]Terraform used the selected providers to generate the following executionplan. Resource actions are indicated with the following symbols:  + createTerraform will perform the following actions:  # aws_sqs_queue.this[0] will be created  + resource "aws_sqs_queue" "this" {      + arn                               = (known after apply)      + content_based_deduplication       = false      + deduplication_scope               = (known after apply)      + delay_seconds                     = 0      + fifo_queue                        = false      + fifo_throughput_limit             = (known after apply)      + id                                = (known after apply)      + kms_data_key_reuse_period_seconds = (known after apply)      + max_message_size                  = 262144      + message_retention_seconds         = 345600      + name                              = "blablabla"      + name_prefix                       = (known after apply)      + policy                            = (known after apply)      + receive_wait_time_seconds         = 0      + redrive_allow_policy              = (known after apply)      + redrive_policy                    = (known after apply)      + sqs_managed_sse_enabled           = true      + tags_all                          = (known after apply)      + url                               = (known after apply)      + visibility_timeout_seconds        = 30    }Plan: 1 to add, 0 to change, 0 to destroy.Changes to Outputs:  + dead_letter_queue_arn_static = ""  + queue_arn                    = (known after apply)  + queue_arn_static             = "arn:aws:sqs:us-east-1:564407622114:blablabla"  + queue_id                     = (known after apply)  + queue_name                   = "blablabla"  + queue_url                    = (known after apply)Warning: Value for undeclared variableThe root module does not declare a variable named "defaults" but a value wasfound in file "terraform.tfvars.json". If you meant to use this value, add a"variable" block to the configuration.To silence these warnings, use TF_VAR_... environment variables to providecertain "global" settings to all configurations in your organization. Toreduce the verbosity of these warnings, use the -compact-warnings option.Warning: Value for undeclared variableThe root module does not declare a variable named "items" but a value wasfound in file "terraform.tfvars.json". If you meant to use this value, add a"variable" block to the configuration.To silence these warnings, use TF_VAR_... environment variables to providecertain "global" settings to all configurations in your organization. Toreduce the verbosity of these warnings, use the -compact-warnings option.Plan Summary:🟢 To add: 1🟡 To change: 0 Error: SessionID: Timestamp:2024-12-04T08:30:49+02:00 SenderName:Bot Type:tool_output Message: MessageID:737901 Final:false Status:}
2024/12/04 08:30:49 chat.go:219: Sending message: {Content:📦 Installing system dependencies...📦 Installing Terraform 1.10.0...✅ Successfully installed Terraform 1.10.0🔧 Using workspace name: shaked-kubiya-ai-plan📦 Cloning module repository...Cloning into '/workspace/shaked-kubiya-ai-plan/terraform-aws-sqs'...Checking for Terraform files in /workspace/shaked-kubiya-ai-plan/terraform-aws-sqsFound 4 Terraform files in module directory📍 Working in directory: /workspace/shaked-kubiya-ai-plan/terraform-aws-sqsTerraform files in working directory:-rw-r--r--    1 root     root          8786 Dec  4 06:30 main.tf-rw-r--r--    1 root     root          2133 Dec  4 06:30 outputs.tf-rw-r--r--    1 root     root          8829 Dec  4 06:30 variables.tf-rw-r--r--    1 root     root           148 Dec  4 06:30 versions.tf📦 Setting up Python environment...📦 Installing package and dependencies...Obtaining file:///opt/scripts  Preparing metadata (setup.py): started  Preparing metadata (setup.py): finished with status 'done'Collecting slack-sdk  Using cached slack_sdk-3.33.4-py2.py3-none-any.whl (292 kB)Collecting pydantic  Using cached pydantic-2.10.3-py3-none-any.whl (456 kB)Collecting pyyaml  Using cached PyYAML-6.0.2-cp39-cp39-musllinux_1_1_x86_64.whl (723 kB)Collecting requests  Using cached requests-2.32.3-py3-none-any.whl (64 kB)Collecting pydantic-core==2.27.1  Using cached pydantic_core-2.27.1-cp39-cp39-musllinux_1_1_x86_64.whl (2.1 MB)Collecting annotated-types>=0.6.0  Using cached annotated_types-0.7.0-py3-none-any.whl (13 kB)Collecting typing-extensions>=4.12.2  Using cached typing_extensions-4.12.2-py3-none-any.whl (37 kB)Collecting certifi>=2017.4.17  Using cached certifi-2024.8.30-py3-none-any.whl (167 kB)Collecting urllib3<3,>=1.21.1  Using cached urllib3-2.2.3-py3-none-any.whl (126 kB)Collecting charset-normalizer<4,>=2  Using cached charset_normalizer-3.4.0-cp39-cp39-musllinux_1_2_x86_64.whl (145 kB)Collecting idna<4,>=2.5  Using cached idna-3.10-py3-none-any.whl (70 kB)Installing collected packages: urllib3, typing-extensions, slack-sdk, pyyaml, idna, charset-normalizer, certifi, annotated-types, requests, pydantic-core, pydantic, terraform-tools  Running setup.py develop for terraform-toolsSuccessfully installed annotated-types-0.7.0 certifi-2024.8.30 charset-normalizer-3.4.0 idna-3.10 pydantic-2.10.3 pydantic-core-2.27.1 pyyaml-6.0.2 requests-2.32.3 slack-sdk-3.33.4 terraform-tools-0.1.0 typing-extensions-4.12.2 urllib3-2.2.3WARNING: Running pip as the 'root' user can result in broken permissions and conflicting behaviour with the system package manager. It is recommended to use a virtual environment instead: https://pip.pypa.io/warnings/venvWARNING: There was an error checking the latest version of pip.🔧 Preparing terraform variables...2024-12-04 06:30:41,732 - INFO - 🚀 Starting tfvars preparation...2024-12-04 06:30:41,732 - INFO - 📝 Creating terraform.tfvars.json at /workspace/shaked-kubiya-ai-plan/terraform-aws-sqs/terraform.tfvars.json2024-12-04 06:30:41,733 - INFO - ✅ Successfully prepared terraform.tfvars.json🚀 Running Terraform plan...2024-12-04 06:30:41,831 - INFO - 🚀 Starting Terraform plan for workspace 'shaked-kubiya-ai-plan'...2024-12-04 06:30:41,831 - WARNING - Missing required environment variables: SLACK_API_TOKEN, SLACK_CHANNEL_ID2024-12-04 06:30:41,832 - INFO - Using module path: /workspace/shaked-kubiya-ai-plan/terraform-aws-sqs2024-12-04 06:30:41,832 - INFO - ⚙️ Initializing Terraform...2024-12-04 06:30:41,832 - INFO - 🔄 Running command in /workspace/shaked-kubiya-ai-plan/terraform-aws-sqs: terraform init[0m[1mInitializing the backend...[0m[0m[1mInitializing provider plugins...[0m- Finding hashicorp/aws versions matching ">= 4.36.0"...- Installing hashicorp/aws v5.79.0...- Installed hashicorp/aws v5.79.0 (signed by HashiCorp)Terraform has created a lock file [1m.terraform.lock.hcl[0m to record the providerselections it made above. Include this file in your version control repositoryso that Terraform can guarantee to make the same selections by default whenyou run "terraform init" in the future.[0m[0m[1m[32mTerraform has been successfully initialized![0m[32m[0m2024-12-04 06:30:46,124 - INFO - 📋 Generating Terraform plan...2024-12-04 06:30:46,125 - INFO - 🔄 Running command in /workspace/shaked-kubiya-ai-plan/terraform-aws-sqs: terraform plan -no-color2024-12-04 06:30:49,151 - INFO - ✅ Terraform plan completed successfully.data.aws_region.current: Reading...data.aws_caller_identity.current: Reading...data.aws_region.current: Read complete after 0s [id=us-east-1]data.aws_caller_identity.current: Read complete after 0s [id=564407622114]Terraform used the selected providers to generate the following executionplan. Resource actions are indicated with the following symbols:  + createTerraform will perform the following actions:  # aws_sqs_queue.this[0] will be created  + resource "aws_sqs_queue" "this" {      + arn                               = (known after apply)      + content_based_deduplication       = false      + deduplication_scope               = (known after apply)      + delay_seconds                     = 0      + fifo_queue                        = false      + fifo_throughput_limit             = (known after apply)      + id                                = (known after apply)      + kms_data_key_reuse_period_seconds = (known after apply)      + max_message_size                  = 262144      + message_retention_seconds         = 345600      + name                              = "blablabla"      + name_prefix                       = (known after apply)      + policy                            = (known after apply)      + receive_wait_time_seconds         = 0      + redrive_allow_policy              = (known after apply)      + redrive_policy                    = (known after apply)      + sqs_managed_sse_enabled           = true      + tags_all                          = (known after apply)      + url                               = (known after apply)      + visibility_timeout_seconds        = 30    }Plan: 1 to add, 0 to change, 0 to destroy.Changes to Outputs:  + dead_letter_queue_arn_static = ""  + queue_arn                    = (known after apply)  + queue_arn_static             = "arn:aws:sqs:us-east-1:564407622114:blablabla"  + queue_id                     = (known after apply)  + queue_name                   = "blablabla"  + queue_url                    = (known after apply)Warning: Value for undeclared variableThe root module does not declare a variable named "defaults" but a value wasfound in file "terraform.tfvars.json". If you meant to use this value, add a"variable" block to the configuration.To silence these warnings, use TF_VAR_... environment variables to providecertain "global" settings to all configurations in your organization. Toreduce the verbosity of these warnings, use the -compact-warnings option.Warning: Value for undeclared variableThe root module does not declare a variable named "items" but a value wasfound in file "terraform.tfvars.json". If you meant to use this value, add a"variable" block to the configuration.To silence these warnings, use TF_VAR_... environment variables to providecertain "global" settings to all configurations in your organization. Toreduce the verbosity of these warnings, use the -compact-warnings option.Plan Summary:🟢 To add: 1🟡 To change: 0🔴 To destroy: 0 Error: SessionID: Timestamp:2024-12-04T08:30:49+02:00 SenderName:Bot Type:tool_output Message: MessageID:737901 Final:false Status:}
2024/12/04 08:30:49 chat.go:219: Sending message: {Content:📦 Installing system dependencies...📦 Installing Terraform 1.10.0...✅ Successfully installed Terraform 1.10.0🔧 Using workspace name: shaked-kubiya-ai-plan📦 Cloning module repository...Cloning into '/workspace/shaked-kubiya-ai-plan/terraform-aws-sqs'...Checking for Terraform files in /workspace/shaked-kubiya-ai-plan/terraform-aws-sqsFound 4 Terraform files in module directory📍 Working in directory: /workspace/shaked-kubiya-ai-plan/terraform-aws-sqsTerraform files in working directory:-rw-r--r--    1 root     root          8786 Dec  4 06:30 main.tf-rw-r--r--    1 root     root          2133 Dec  4 06:30 outputs.tf-rw-r--r--    1 root     root          8829 Dec  4 06:30 variables.tf-rw-r--r--    1 root     root           148 Dec  4 06:30 versions.tf📦 Setting up Python environment...📦 Installing package and dependencies...Obtaining file:///opt/scripts  Preparing metadata (setup.py): started  Preparing metadata (setup.py): finished with status 'done'Collecting slack-sdk  Using cached slack_sdk-3.33.4-py2.py3-none-any.whl (292 kB)Collecting pydantic  Using cached pydantic-2.10.3-py3-none-any.whl (456 kB)Collecting pyyaml  Using cached PyYAML-6.0.2-cp39-cp39-musllinux_1_1_x86_64.whl (723 kB)Collecting requests  Using cached requests-2.32.3-py3-none-any.whl (64 kB)Collecting pydantic-core==2.27.1  Using cached pydantic_core-2.27.1-cp39-cp39-musllinux_1_1_x86_64.whl (2.1 MB)Collecting annotated-types>=0.6.0  Using cached annotated_types-0.7.0-py3-none-any.whl (13 kB)Collecting typing-extensions>=4.12.2  Using cached typing_extensions-4.12.2-py3-none-any.whl (37 kB)Collecting certifi>=2017.4.17  Using cached certifi-2024.8.30-py3-none-any.whl (167 kB)Collecting urllib3<3,>=1.21.1  Using cached urllib3-2.2.3-py3-none-any.whl (126 kB)Collecting charset-normalizer<4,>=2  Using cached charset_normalizer-3.4.0-cp39-cp39-musllinux_1_2_x86_64.whl (145 kB)Collecting idna<4,>=2.5  Using cached idna-3.10-py3-none-any.whl (70 kB)Installing collected packages: urllib3, typing-extensions, slack-sdk, pyyaml, idna, charset-normalizer, certifi, annotated-types, requests, pydantic-core, pydantic, terraform-tools  Running setup.py develop for terraform-toolsSuccessfully installed annotated-types-0.7.0 certifi-2024.8.30 charset-normalizer-3.4.0 idna-3.10 pydantic-2.10.3 pydantic-core-2.27.1 pyyaml-6.0.2 requests-2.32.3 slack-sdk-3.33.4 terraform-tools-0.1.0 typing-extensions-4.12.2 urllib3-2.2.3WARNING: Running pip as the 'root' user can result in broken permissions and conflicting behaviour with the system package manager. It is recommended to use a virtual environment instead: https://pip.pypa.io/warnings/venvWARNING: There was an error checking the latest version of pip.🔧 Preparing terraform variables...2024-12-04 06:30:41,732 - INFO - 🚀 Starting tfvars preparation...2024-12-04 06:30:41,732 - INFO - 📝 Creating terraform.tfvars.json at /workspace/shaked-kubiya-ai-plan/terraform-aws-sqs/terraform.tfvars.json2024-12-04 06:30:41,733 - INFO - ✅ Successfully prepared terraform.tfvars.json🚀 Running Terraform plan...2024-12-04 06:30:41,831 - INFO - 🚀 Starting Terraform plan for workspace 'shaked-kubiya-ai-plan'...2024-12-04 06:30:41,831 - WARNING - Missing required environment variables: SLACK_API_TOKEN, SLACK_CHANNEL_ID2024-12-04 06:30:41,832 - INFO - Using module path: /workspace/shaked-kubiya-ai-plan/terraform-aws-sqs2024-12-04 06:30:41,832 - INFO - ⚙️ Initializing Terraform...2024-12-04 06:30:41,832 - INFO - 🔄 Running command in /workspace/shaked-kubiya-ai-plan/terraform-aws-sqs: terraform init[0m[1mInitializing the backend...[0m[0m[1mInitializing provider plugins...[0m- Finding hashicorp/aws versions matching ">= 4.36.0"...- Installing hashicorp/aws v5.79.0...- Installed hashicorp/aws v5.79.0 (signed by HashiCorp)Terraform has created a lock file [1m.terraform.lock.hcl[0m to record the providerselections it made above. Include this file in your version control repositoryso that Terraform can guarantee to make the same selections by default whenyou run "terraform init" in the future.[0m[0m[1m[32mTerraform has been successfully initialized![0m[32m[0m2024-12-04 06:30:46,124 - INFO - 📋 Generating Terraform plan...2024-12-04 06:30:46,125 - INFO - 🔄 Running command in /workspace/shaked-kubiya-ai-plan/terraform-aws-sqs: terraform plan -no-color2024-12-04 06:30:49,151 - INFO - ✅ Terraform plan completed successfully.data.aws_region.current: Reading...data.aws_caller_identity.current: Reading...data.aws_region.current: Read complete after 0s [id=us-east-1]data.aws_caller_identity.current: Read complete after 0s [id=564407622114]Terraform used the selected providers to generate the following executionplan. Resource actions are indicated with the following symbols:  + createTerraform will perform the following actions:  # aws_sqs_queue.this[0] will be created  + resource "aws_sqs_queue" "this" {      + arn                               = (known after apply)      + content_based_deduplication       = false      + deduplication_scope               = (known after apply)      + delay_seconds                     = 0      + fifo_queue                        = false      + fifo_throughput_limit             = (known after apply)      + id                                = (known after apply)      + kms_data_key_reuse_period_seconds = (known after apply)      + max_message_size                  = 262144      + message_retention_seconds         = 345600      + name                              = "blablabla"      + name_prefix                       = (known after apply)      + policy                            = (known after apply)      + receive_wait_time_seconds         = 0      + redrive_allow_policy              = (known after apply)      + redrive_policy                    = (known after apply)      + sqs_managed_sse_enabled           = true      + tags_all                          = (known after apply)      + url                               = (known after apply)      + visibility_timeout_seconds        = 30    }Plan: 1 to add, 0 to change, 0 to destroy.Changes to Outputs:  + dead_letter_queue_arn_static = ""  + queue_arn                    = (known after apply)  + queue_arn_static             = "arn:aws:sqs:us-east-1:564407622114:blablabla"  + queue_id                     = (known after apply)  + queue_name                   = "blablabla"  + queue_url                    = (known after apply)Warning: Value for undeclared variableThe root module does not declare a variable named "defaults" but a value wasfound in file "terraform.tfvars.json". If you meant to use this value, add a"variable" block to the configuration.To silence these warnings, use TF_VAR_... environment variables to providecertain "global" settings to all configurations in your organization. Toreduce the verbosity of these warnings, use the -compact-warnings option.Warning: Value for undeclared variableThe root module does not declare a variable named "items" but a value wasfound in file "terraform.tfvars.json". If you meant to use this value, add a"variable" block to the configuration.To silence these warnings, use TF_VAR_... environment variables to providecertain "global" settings to all configurations in your organization. Toreduce the verbosity of these warnings, use the -compact-warnings option.Plan Summary:🟢 To add: 1🟡 To change: 0🔴 To destroy: 0 Error: SessionID: Timestamp:2024-12-04T08:30:49+02:00 SenderName:Bot Type:tool_output Message: MessageID:737901 Final:true Status:}
2024/12/04 08:30:53 chat.go:219: Sending message: {Content:📦 Installing system dependencies...📦 Installing Terraform 1.10.0...✅ Successfully installed Terraform 1.10.0🔧 Using workspace name: shaked-kubiya-ai-plan📦 Cloning module repository...Cloning into '/workspace/shaked-kubiya-ai-plan/terraform-aws-sqs'...Checking for Terraform files in /workspace/shaked-kubiya-ai-plan/terraform-aws-sqsFound 4 Terraform files in module directory📍 Working in directory: /workspace/shaked-kubiya-ai-plan/terraform-aws-sqsTerraform files in working directory:-rw-r--r--    1 root     root          8786 Dec  4 06:30 main.tf-rw-r--r--    1 root     root          2133 Dec  4 06:30 outputs.tf-rw-r--r--    1 root     root          8829 Dec  4 06:30 variables.tf-rw-r--r--    1 root     root           148 Dec  4 06:30 versions.tf📦 Setting up Python environment...📦 Installing package and dependencies...Obtaining file:///opt/scripts  Preparing metadata (setup.py): started  Preparing metadata (setup.py): finished with status 'done'Collecting slack-sdk  Using cached slack_sdk-3.33.4-py2.py3-none-any.whl (292 kB)Collecting pydantic  Using cached pydantic-2.10.3-py3-none-any.whl (456 kB)Collecting pyyaml  Using cached PyYAML-6.0.2-cp39-cp39-musllinux_1_1_x86_64.whl (723 kB)Collecting requests  Using cached requests-2.32.3-py3-none-any.whl (64 kB)Collecting pydantic-core==2.27.1  Using cached pydantic_core-2.27.1-cp39-cp39-musllinux_1_1_x86_64.whl (2.1 MB)Collecting annotated-types>=0.6.0  Using cached annotated_types-0.7.0-py3-none-any.whl (13 kB)Collecting typing-extensions>=4.12.2  Using cached typing_extensions-4.12.2-py3-none-any.whl (37 kB)Collecting certifi>=2017.4.17  Using cached certifi-2024.8.30-py3-none-any.whl (167 kB)Collecting urllib3<3,>=1.21.1  Using cached urllib3-2.2.3-py3-none-any.whl (126 kB)Collecting charset-normalizer<4,>=2  Using cached charset_normalizer-3.4.0-cp39-cp39-musllinux_1_2_x86_64.whl (145 kB)Collecting idna<4,>=2.5  Using cached idna-3.10-py3-none-any.whl (70 kB)Installing collected packages: urllib3, typing-extensions, slack-sdk, pyyaml, idna, charset-normalizer, certifi, annotated-types, requests, pydantic-core, pydantic, terraform-tools  Running setup.py develop for terraform-toolsSuccessfully installed annotated-types-0.7.0 certifi-2024.8.30 charset-normalizer-3.4.0 idna-3.10 pydantic-2.10.3 pydantic-core-2.27.1 pyyaml-6.0.2 requests-2.32.3 slack-sdk-3.33.4 terraform-tools-0.1.0 typing-extensions-4.12.2 urllib3-2.2.3WARNING: Running pip as the 'root' user can result in broken permissions and conflicting behaviour with the system package manager. It is recommended to use a virtual environment instead: https://pip.pypa.io/warnings/venvWARNING: There was an error checking the latest version of pip.🔧 Preparing terraform variables...2024-12-04 06:30:41,732 - INFO - 🚀 Starting tfvars preparation...2024-12-04 06:30:41,732 - INFO - 📝 Creating terraform.tfvars.json at /workspace/shaked-kubiya-ai-plan/terraform-aws-sqs/terraform.tfvars.json2024-12-04 06:30:41,733 - INFO - ✅ Successfully prepared terraform.tfvars.json🚀 Running Terraform plan...2024-12-04 06:30:41,831 - INFO - 🚀 Starting Terraform plan for workspace 'shaked-kubiya-ai-plan'...2024-12-04 06:30:41,831 - WARNING - Missing required environment variables: SLACK_API_TOKEN, SLACK_CHANNEL_ID2024-12-04 06:30:41,832 - INFO - Using module path: /workspace/shaked-kubiya-ai-plan/terraform-aws-sqs2024-12-04 06:30:41,832 - INFO - ⚙️ Initializing Terraform...2024-12-04 06:30:41,832 - INFO - 🔄 Running command in /workspace/shaked-kubiya-ai-plan/terraform-aws-sqs: terraform init[0m[1mInitializing the backend...[0m[0m[1mInitializing provider plugins...[0m- Finding hashicorp/aws versions matching ">= 4.36.0"...- Installing hashicorp/aws v5.79.0...- Installed hashicorp/aws v5.79.0 (signed by HashiCorp)Terraform has created a lock file [1m.terraform.lock.hcl[0m to record the providerselections it made above. Include this file in your version control repositoryso that Terraform can guarantee to make the same selections by default whenyou run "terraform init" in the future.[0m[0m[1m[32mTerraform has been successfully initialized![0m[32m[0m2024-12-04 06:30:46,124 - INFO - 📋 Generating Terraform plan...2024-12-04 06:30:46,125 - INFO - 🔄 Running command in /workspace/shaked-kubiya-ai-plan/terraform-aws-sqs: terraform plan -no-color2024-12-04 06:30:49,151 - INFO - ✅ Terraform plan completed successfully.data.aws_region.current: Reading...data.aws_caller_identity.current: Reading...data.aws_region.current: Read complete after 0s [id=us-east-1]data.aws_caller_identity.current: Read complete after 0s [id=564407622114]Terraform used the selected providers to generate the following executionplan. Resource actions are indicated with the following symbols:  + createTerraform will perform the following actions:  # aws_sqs_queue.this[0] will be created  + resource "aws_sqs_queue" "this" {      + arn                               = (known after apply)      + content_based_deduplication       = false      + deduplication_scope               = (known after apply)      + delay_seconds                     = 0      + fifo_queue                        = false      + fifo_throughput_limit             = (known after apply)      + id                                = (known after apply)      + kms_data_key_reuse_period_seconds = (known after apply)      + max_message_size                  = 262144      + message_retention_seconds         = 345600      + name                              = "blablabla"      + name_prefix                       = (known after apply)      + policy                            = (known after apply)      + receive_wait_time_seconds         = 0      + redrive_allow_policy              = (known after apply)      + redrive_policy                    = (known after apply)      + sqs_managed_sse_enabled           = true      + tags_all                          = (known after apply)      + url                               = (known after apply)      + visibility_timeout_seconds        = 30    }Plan: 1 to add, 0 to change, 0 to destroy.Changes to Outputs:  + dead_letter_queue_arn_static = ""  + queue_arn                    = (known after apply)  + queue_arn_static             = "arn:aws:sqs:us-east-1:564407622114:blablabla"  + queue_id                     = (known after apply)  + queue_name                   = "blablabla"  + queue_url                    = (known after apply)Warning: Value for undeclared variableThe root module does not declare a variable named "defaults" but a value wasfound in file "terraform.tfvars.json". If you meant to use this value, add a"variable" block to the configuration.To silence these warnings, use TF_VAR_... environment variables to providecertain "global" settings to all configurations in your organization. Toreduce the verbosity of these warnings, use the -compact-warnings option.Warning: Value for undeclared variableThe root module does not declare a variable named "items" but a value wasfound in file "terraform.tfvars.json". If you meant to use this value, add a"variable" block to the configuration.To silence these warnings, use TF_VAR_... environment variables to providecertain "global" settings to all configurations in your organization. Toreduce the verbosity of these warnings, use the -compact-warnings option.Plan Summary:🟢 To add: 1🟡 To change: 0🔴 To destroy: 0 Error: SessionID: Timestamp:2024-12-04T08:30:53+02:00 SenderName:Bot Type:tool_output Message: MessageID:737901 Final:true Status:}
2024/12/04 08:30:53 chat.go:219: Sending message: {Content:The Error: SessionID: Timestamp:2024-12-04T08:30:53+02:00 SenderName:Bot Type:msg Message: MessageID:614948 Final:false Status:}
2024/12/04 08:30:53 chat.go:219: Sending message: {Content:The Terraform Error: SessionID: Timestamp:2024-12-04T08:30:53+02:00 SenderName:Bot Type:msg Message: MessageID:614948 Final:false Status:}
2024/12/04 08:30:53 chat.go:219: Sending message: {Content:The Terraform plan Error: SessionID: Timestamp:2024-12-04T08:30:53+02:00 SenderName:Bot Type:msg Message: MessageID:614948 Final:false Status:}
2024/12/04 08:30:53 chat.go:219: Sending message: {Content:The Terraform plan for Error: SessionID: Timestamp:2024-12-04T08:30:53+02:00 SenderName:Bot Type:msg Message: MessageID:614948 Final:false Status:}
2024/12/04 08:30:53 chat.go:219: Sending message: {Content:The Terraform plan for creating Error: SessionID: Timestamp:2024-12-04T08:30:53+02:00 SenderName:Bot Type:msg Message: MessageID:614948 Final:false Status:}
2024/12/04 08:30:53 chat.go:219: Sending message: {Content:The Terraform plan for creating an Error: SessionID: Timestamp:2024-12-04T08:30:53+02:00 SenderName:Bot Type:msg Message: MessageID:614948 Final:false Status:}
2024/12/04 08:30:53 chat.go:219: Sending message: {Content:The Terraform plan for creating an S Error: SessionID: Timestamp:2024-12-04T08:30:53+02:00 SenderName:Bot Type:msg Message: MessageID:614948 Final:false Status:}
2024/12/04 08:30:53 chat.go:219: Sending message: {Content:The Terraform plan for creating an SQS Error: SessionID: Timestamp:2024-12-04T08:30:53+02:00 SenderName:Bot Type:msg Message: MessageID:614948 Final:false Status:}
2024/12/04 08:30:53 chat.go:219: Sending message: {Content:The Terraform plan for creating an SQS queue Error: SessionID: Timestamp:2024-12-04T08:30:53+02:00 SenderName:Bot Type:msg Message: MessageID:614948 Final:false Status:}
2024/12/04 08:30:53 chat.go:219: Sending message: {Content:The Terraform plan for creating an SQS queue named Error: SessionID: Timestamp:2024-12-04T08:30:53+02:00 SenderName:Bot Type:msg Message: MessageID:614948 Final:false Status:}
2024/12/04 08:30:53 chat.go:219: Sending message: {Content:The Terraform plan for creating an SQS queue named " Error: SessionID: Timestamp:2024-12-04T08:30:53+02:00 SenderName:Bot Type:msg Message: MessageID:614948 Final:false Status:}
2024/12/04 08:30:53 chat.go:219: Sending message: {Content:The Terraform plan for creating an SQS queue named "bl Error: SessionID: Timestamp:2024-12-04T08:30:53+02:00 SenderName:Bot Type:msg Message: MessageID:614948 Final:false Status:}
2024/12/04 08:30:53 chat.go:219: Sending message: {Content:The Terraform plan for creating an SQS queue named "blabl Error: SessionID: Timestamp:2024-12-04T08:30:53+02:00 SenderName:Bot Type:msg Message: MessageID:614948 Final:false Status:}
2024/12/04 08:30:53 chat.go:219: Sending message: {Content:The Terraform plan for creating an SQS queue named "blablabla Error: SessionID: Timestamp:2024-12-04T08:30:53+02:00 SenderName:Bot Type:msg Message: MessageID:614948 Final:false Status:}
2024/12/04 08:30:53 chat.go:219: Sending message: {Content:The Terraform plan for creating an SQS queue named "blablabla" Error: SessionID: Timestamp:2024-12-04T08:30:53+02:00 SenderName:Bot Type:msg Message: MessageID:614948 Final:false Status:}
2024/12/04 08:30:53 chat.go:219: Sending message: {Content:The Terraform plan for creating an SQS queue named "blablabla" has Error: SessionID: Timestamp:2024-12-04T08:30:53+02:00 SenderName:Bot Type:msg Message: MessageID:614948 Final:false Status:}
2024/12/04 08:30:54 chat.go:219: Sending message: {Content:The Terraform plan for creating an SQS queue named "blablabla" has been Error: SessionID: Timestamp:2024-12-04T08:30:54+02:00 SenderName:Bot Type:msg Message: MessageID:614948 Final:false Status:}
2024/12/04 08:30:54 chat.go:219: Sending message: {Content:The Terraform plan for creating an SQS queue named "blablabla" has been successfully Error: SessionID: Timestamp:2024-12-04T08:30:54+02:00 SenderName:Bot Type:msg Message: MessageID:614948 Final:false Status:}
2024/12/04 08:30:54 chat.go:219: Sending message: {Content:The Terraform plan for creating an SQS queue named "blablabla" has been successfully generated Error: SessionID: Timestamp:2024-12-04T08:30:54+02:00 SenderName:Bot Type:msg Message: MessageID:614948 Final:false Status:}
2024/12/04 08:30:54 chat.go:219: Sending message: {Content:The Terraform plan for creating an SQS queue named "blablabla" has been successfully generated. Error: SessionID: Timestamp:2024-12-04T08:30:54+02:00 SenderName:Bot Type:msg Message: MessageID:614948 Final:true Status:}
2024/12/04 08:30:54 chat.go:219: Sending message: {Content:The Terraform plan for creating an SQS queue named "blablabla" has been successfully generated. Here Error: SessionID: Timestamp:2024-12-04T08:30:54+02:00 SenderName:Bot Type:msg Message: MessageID:614948 Final:false Status:}
2024/12/04 08:30:54 chat.go:219: Sending message: {Content:The Terraform plan for creating an SQS queue named "blablabla" has been successfully generated. Here are Error: SessionID: Timestamp:2024-12-04T08:30:54+02:00 SenderName:Bot Type:msg Message: MessageID:614948 Final:false Status:}
2024/12/04 08:30:54 chat.go:219: Sending message: {Content:The Terraform plan for creating an SQS queue named "blablabla" has been successfully generated. Here are the Error: SessionID: Timestamp:2024-12-04T08:30:54+02:00 SenderName:Bot Type:msg Message: MessageID:614948 Final:false Status:}
2024/12/04 08:30:54 chat.go:219: Sending message: {Content:The Terraform plan for creating an SQS queue named "blablabla" has been successfully generated. Here are the details Error: SessionID: Timestamp:2024-12-04T08:30:54+02:00 SenderName:Bot Type:msg Message: MessageID:614948 Final:false Status:}
2024/12/04 08:30:54 chat.go:219: Sending message: {Content:The Terraform plan for creating an SQS queue named "blablabla" has been successfully generated. Here are the details:

 Error: SessionID: Timestamp:2024-12-04T08:30:54+02:00 SenderName:Bot Type:msg Message: MessageID:614948 Final:false Status:}
2024/12/04 08:30:54 chat.go:219: Sending message: {Content:The Terraform plan for creating an SQS queue named "blablabla" has been successfully generated. Here are the details:

### Error: SessionID: Timestamp:2024-12-04T08:30:54+02:00 SenderName:Bot Type:msg Message: MessageID:614948 Final:false Status:}
2024/12/04 08:30:54 chat.go:219: Sending message: {Content:The Terraform plan for creating an SQS queue named "blablabla" has been successfully generated. Here are the details:

### Changes Error: SessionID: Timestamp:2024-12-04T08:30:54+02:00 SenderName:Bot Type:msg Message: MessageID:614948 Final:false Status:}
2024/12/04 08:30:54 chat.go:219: Sending message: {Content:The Terraform plan for creating an SQS queue named "blablabla" has been successfully generated. Here are the details:

### Changes to Error: SessionID: Timestamp:2024-12-04T08:30:54+02:00 SenderName:Bot Type:msg Message: MessageID:614948 Final:false Status:}
2024/12/04 08:30:54 chat.go:219: Sending message: {Content:The Terraform plan for creating an SQS queue named "blablabla" has been successfully generated. Here are the details:

### Changes to be Error: SessionID: Timestamp:2024-12-04T08:30:54+02:00 SenderName:Bot Type:msg Message: MessageID:614948 Final:false Status:}
2024/12/04 08:30:54 chat.go:219: Sending message: {Content:The Terraform plan for creating an SQS queue named "blablabla" has been successfully generated. Here are the details:

### Changes to be Applied Error: SessionID: Timestamp:2024-12-04T08:30:54+02:00 SenderName:Bot Type:msg Message: MessageID:614948 Final:false Status:}
2024/12/04 08:30:54 chat.go:219: Sending message: {Content:The Terraform plan for creating an SQS queue named "blablabla" has been successfully generated. Here are the details:

### Changes to be Applied
 Error: SessionID: Timestamp:2024-12-04T08:30:54+02:00 SenderName:Bot Type:msg Message: MessageID:614948 Final:false Status:}
2024/12/04 08:30:54 chat.go:219: Sending message: {Content:The Terraform plan for creating an SQS queue named "blablabla" has been successfully generated. Here are the details:

### Changes to be Applied
- Error: SessionID: Timestamp:2024-12-04T08:30:54+02:00 SenderName:Bot Type:msg Message: MessageID:614948 Final:false Status:}
2024/12/04 08:30:54 chat.go:219: Sending message: {Content:The Terraform plan for creating an SQS queue named "blablabla" has been successfully generated. Here are the details:

### Changes to be Applied
- ** Error: SessionID: Timestamp:2024-12-04T08:30:54+02:00 SenderName:Bot Type:msg Message: MessageID:614948 Final:false Status:}
2024/12/04 08:30:54 chat.go:219: Sending message: {Content:The Terraform plan for creating an SQS queue named "blablabla" has been successfully generated. Here are the details:

### Changes to be Applied
- **Plan Error: SessionID: Timestamp:2024-12-04T08:30:54+02:00 SenderName:Bot Type:msg Message: MessageID:614948 Final:false Status:}
2024/12/04 08:30:55 chat.go:219: Sending message: {Content:The Terraform plan for creating an SQS queue named "blablabla" has been successfully generated. Here are the details:

### Changes to be Applied
- **Plan: Error: SessionID: Timestamp:2024-12-04T08:30:55+02:00 SenderName:Bot Type:msg Message: MessageID:614948 Final:false Status:}
2024/12/04 08:30:55 chat.go:219: Sending message: {Content:The Terraform plan for creating an SQS queue named "blablabla" has been successfully generated. Here are the details:

### Changes to be Applied
- **Plan:**
 Error: SessionID: Timestamp:2024-12-04T08:30:55+02:00 SenderName:Bot Type:msg Message: MessageID:614948 Final:false Status:}
2024/12/04 08:30:55 chat.go:219: Sending message: {Content:The Terraform plan for creating an SQS queue named "blablabla" has been successfully generated. Here are the details:

### Changes to be Applied
- **Plan:**
  Error: SessionID: Timestamp:2024-12-04T08:30:55+02:00 SenderName:Bot Type:msg Message: MessageID:614948 Final:false Status:}
2024/12/04 08:30:55 chat.go:219: Sending message: {Content:The Terraform plan for creating an SQS queue named "blablabla" has been successfully generated. Here are the details:

### Changes to be Applied
- **Plan:**
  - Error: SessionID: Timestamp:2024-12-04T08:30:55+02:00 SenderName:Bot Type:msg Message: MessageID:614948 Final:false Status:}
2024/12/04 08:30:55 chat.go:219: Sending message: {Content:The Terraform plan for creating an SQS queue named "blablabla" has been successfully generated. Here are the details:

### Changes to be Applied
- **Plan:**
  - To Error: SessionID: Timestamp:2024-12-04T08:30:55+02:00 SenderName:Bot Type:msg Message: MessageID:614948 Final:false Status:}
2024/12/04 08:30:55 chat.go:219: Sending message: {Content:The Terraform plan for creating an SQS queue named "blablabla" has been successfully generated. Here are the details:

### Changes to be Applied
- **Plan:**
  - To Add Error: SessionID: Timestamp:2024-12-04T08:30:55+02:00 SenderName:Bot Type:msg Message: MessageID:614948 Final:false Status:}
2024/12/04 08:30:55 chat.go:219: Sending message: {Content:The Terraform plan for creating an SQS queue named "blablabla" has been successfully generated. Here are the details:

### Changes to be Applied
- **Plan:**
  - To Add: Error: SessionID: Timestamp:2024-12-04T08:30:55+02:00 SenderName:Bot Type:msg Message: MessageID:614948 Final:false Status:}
2024/12/04 08:30:55 chat.go:219: Sending message: {Content:The Terraform plan for creating an SQS queue named "blablabla" has been successfully generated. Here are the details:

### Changes to be Applied
- **Plan:**
  - To Add:  Error: SessionID: Timestamp:2024-12-04T08:30:55+02:00 SenderName:Bot Type:msg Message: MessageID:614948 Final:false Status:}
2024/12/04 08:30:55 chat.go:219: Sending message: {Content:The Terraform plan for creating an SQS queue named "blablabla" has been successfully generated. Here are the details:

### Changes to be Applied
- **Plan:**
  - To Add: 1 Error: SessionID: Timestamp:2024-12-04T08:30:55+02:00 SenderName:Bot Type:msg Message: MessageID:614948 Final:false Status:}
2024/12/04 08:30:55 chat.go:219: Sending message: {Content:The Terraform plan for creating an SQS queue named "blablabla" has been successfully generated. Here are the details:

### Changes to be Applied
- **Plan:**
  - To Add: 1
 Error: SessionID: Timestamp:2024-12-04T08:30:55+02:00 SenderName:Bot Type:msg Message: MessageID:614948 Final:false Status:}
2024/12/04 08:30:55 chat.go:219: Sending message: {Content:The Terraform plan for creating an SQS queue named "blablabla" has been successfully generated. Here are the details:

### Changes to be Applied
- **Plan:**
  - To Add: 1
  Error: SessionID: Timestamp:2024-12-04T08:30:55+02:00 SenderName:Bot Type:msg Message: MessageID:614948 Final:false Status:}
2024/12/04 08:30:55 chat.go:219: Sending message: {Content:The Terraform plan for creating an SQS queue named "blablabla" has been successfully generated. Here are the details:

### Changes to be Applied
- **Plan:**
  - To Add: 1
  - Error: SessionID: Timestamp:2024-12-04T08:30:55+02:00 SenderName:Bot Type:msg Message: MessageID:614948 Final:false Status:}
2024/12/04 08:30:55 chat.go:219: Sending message: {Content:The Terraform plan for creating an SQS queue named "blablabla" has been successfully generated. Here are the details:

### Changes to be Applied
- **Plan:**
  - To Add: 1
  - To Error: SessionID: Timestamp:2024-12-04T08:30:55+02:00 SenderName:Bot Type:msg Message: MessageID:614948 Final:false Status:}
2024/12/04 08:30:55 chat.go:219: Sending message: {Content:The Terraform plan for creating an SQS queue named "blablabla" has been successfully generated. Here are the details:

### Changes to be Applied
- **Plan:**
  - To Add: 1
  - To Change Error: SessionID: Timestamp:2024-12-04T08:30:55+02:00 SenderName:Bot Type:msg Message: MessageID:614948 Final:false Status:}
2024/12/04 08:30:55 chat.go:219: Sending message: {Content:The Terraform plan for creating an SQS queue named "blablabla" has been successfully generated. Here are the details:

### Changes to be Applied
- **Plan:**
  - To Add: 1
  - To Change: Error: SessionID: Timestamp:2024-12-04T08:30:55+02:00 SenderName:Bot Type:msg Message: MessageID:614948 Final:false Status:}
2024/12/04 08:30:55 chat.go:219: Sending message: {Content:The Terraform plan for creating an SQS queue named "blablabla" has been successfully generated. Here are the details:

### Changes to be Applied
- **Plan:**
  - To Add: 1
  - To Change:  Error: SessionID: Timestamp:2024-12-04T08:30:55+02:00 SenderName:Bot Type:msg Message: MessageID:614948 Final:false Status:}
2024/12/04 08:30:56 chat.go:219: Sending message: {Content:The Terraform plan for creating an SQS queue named "blablabla" has been successfully generated. Here are the details:

### Changes to be Applied
- **Plan:**
  - To Add: 1
  - To Change: 0 Error: SessionID: Timestamp:2024-12-04T08:30:56+02:00 SenderName:Bot Type:msg Message: MessageID:614948 Final:false Status:}
2024/12/04 08:30:56 chat.go:219: Sending message: {Content:The Terraform plan for creating an SQS queue named "blablabla" has been successfully generated. Here are the details:

### Changes to be Applied
- **Plan:**
  - To Add: 1
  - To Change: 0
 Error: SessionID: Timestamp:2024-12-04T08:30:56+02:00 SenderName:Bot Type:msg Message: MessageID:614948 Final:false Status:}
2024/12/04 08:30:56 chat.go:219: Sending message: {Content:The Terraform plan for creating an SQS queue named "blablabla" has been successfully generated. Here are the details:

### Changes to be Applied
- **Plan:**
  - To Add: 1
  - To Change: 0
  Error: SessionID: Timestamp:2024-12-04T08:30:56+02:00 SenderName:Bot Type:msg Message: MessageID:614948 Final:false Status:}
2024/12/04 08:30:56 chat.go:219: Sending message: {Content:The Terraform plan for creating an SQS queue named "blablabla" has been successfully generated. Here are the details:

### Changes to be Applied
- **Plan:**
  - To Add: 1
  - To Change: 0
  - Error: SessionID: Timestamp:2024-12-04T08:30:56+02:00 SenderName:Bot Type:msg Message: MessageID:614948 Final:false Status:}
2024/12/04 08:30:56 chat.go:219: Sending message: {Content:The Terraform plan for creating an SQS queue named "blablabla" has been successfully generated. Here are the details:

### Changes to be Applied
- **Plan:**
  - To Add: 1
  - To Change: 0
  - To Error: SessionID: Timestamp:2024-12-04T08:30:56+02:00 SenderName:Bot Type:msg Message: MessageID:614948 Final:false Status:}
2024/12/04 08:30:56 chat.go:219: Sending message: {Content:The Terraform plan for creating an SQS queue named "blablabla" has been successfully generated. Here are the details:

### Changes to be Applied
- **Plan:**
  - To Add: 1
  - To Change: 0
  - To Destroy Error: SessionID: Timestamp:2024-12-04T08:30:56+02:00 SenderName:Bot Type:msg Message: MessageID:614948 Final:false Status:}
2024/12/04 08:30:56 chat.go:219: Sending message: {Content:The Terraform plan for creating an SQS queue named "blablabla" has been successfully generated. Here are the details:

### Changes to be Applied
- **Plan:**
  - To Add: 1
  - To Change: 0
  - To Destroy: Error: SessionID: Timestamp:2024-12-04T08:30:56+02:00 SenderName:Bot Type:msg Message: MessageID:614948 Final:false Status:}
2024/12/04 08:30:56 chat.go:219: Sending message: {Content:The Terraform plan for creating an SQS queue named "blablabla" has been successfully generated. Here are the details:

### Changes to be Applied
- **Plan:**
  - To Add: 1
  - To Change: 0
  - To Destroy:  Error: SessionID: Timestamp:2024-12-04T08:30:56+02:00 SenderName:Bot Type:msg Message: MessageID:614948 Final:false Status:}
2024/12/04 08:30:56 chat.go:219: Sending message: {Content:The Terraform plan for creating an SQS queue named "blablabla" has been successfully generated. Here are the details:

### Changes to be Applied
- **Plan:**
  - To Add: 1
  - To Change: 0
  - To Destroy: 0 Error: SessionID: Timestamp:2024-12-04T08:30:56+02:00 SenderName:Bot Type:msg Message: MessageID:614948 Final:false Status:}
2024/12/04 08:30:56 chat.go:219: Sending message: {Content:The Terraform plan for creating an SQS queue named "blablabla" has been successfully generated. Here are the details:

### Changes to be Applied
- **Plan:**
  - To Add: 1
  - To Change: 0
  - To Destroy: 0

 Error: SessionID: Timestamp:2024-12-04T08:30:56+02:00 SenderName:Bot Type:msg Message: MessageID:614948 Final:false Status:}
2024/12/04 08:30:56 chat.go:219: Sending message: {Content:The Terraform plan for creating an SQS queue named "blablabla" has been successfully generated. Here are the details:

### Changes to be Applied
- **Plan:**
  - To Add: 1
  - To Change: 0
  - To Destroy: 0

### Error: SessionID: Timestamp:2024-12-04T08:30:56+02:00 SenderName:Bot Type:msg Message: MessageID:614948 Final:false Status:}
2024/12/04 08:30:56 chat.go:219: Sending message: {Content:The Terraform plan for creating an SQS queue named "blablabla" has been successfully generated. Here are the details:

### Changes to be Applied
- **Plan:**
  - To Add: 1
  - To Change: 0
  - To Destroy: 0

### S Error: SessionID: Timestamp:2024-12-04T08:30:56+02:00 SenderName:Bot Type:msg Message: MessageID:614948 Final:false Status:}
2024/12/04 08:30:56 chat.go:219: Sending message: {Content:The Terraform plan for creating an SQS queue named "blablabla" has been successfully generated. Here are the details:

### Changes to be Applied
- **Plan:**
  - To Add: 1
  - To Change: 0
  - To Destroy: 0

### SQS Error: SessionID: Timestamp:2024-12-04T08:30:56+02:00 SenderName:Bot Type:msg Message: MessageID:614948 Final:false Status:}
2024/12/04 08:30:56 chat.go:219: Sending message: {Content:The Terraform plan for creating an SQS queue named "blablabla" has been successfully generated. Here are the details:

### Changes to be Applied
- **Plan:**
  - To Add: 1
  - To Change: 0
  - To Destroy: 0

### SQS Queue Error: SessionID: Timestamp:2024-12-04T08:30:56+02:00 SenderName:Bot Type:msg Message: MessageID:614948 Final:false Status:}
2024/12/04 08:30:56 chat.go:219: Sending message: {Content:The Terraform plan for creating an SQS queue named "blablabla" has been successfully generated. Here are the details:

### Changes to be Applied
- **Plan:**
  - To Add: 1
  - To Change: 0
  - To Destroy: 0

### SQS Queue Details Error: SessionID: Timestamp:2024-12-04T08:30:56+02:00 SenderName:Bot Type:msg Message: MessageID:614948 Final:false Status:}
2024/12/04 08:30:56 chat.go:219: Sending message: {Content:The Terraform plan for creating an SQS queue named "blablabla" has been successfully generated. Here are the details:

### Changes to be Applied
- **Plan:**
  - To Add: 1
  - To Change: 0
  - To Destroy: 0

### SQS Queue Details
 Error: SessionID: Timestamp:2024-12-04T08:30:56+02:00 SenderName:Bot Type:msg Message: MessageID:614948 Final:false Status:}
2024/12/04 08:30:56 chat.go:219: Sending message: {Content:The Terraform plan for creating an SQS queue named "blablabla" has been successfully generated. Here are the details:

### Changes to be Applied
- **Plan:**
  - To Add: 1
  - To Change: 0
  - To Destroy: 0

### SQS Queue Details
- Error: SessionID: Timestamp:2024-12-04T08:30:56+02:00 SenderName:Bot Type:msg Message: MessageID:614948 Final:false Status:}
2024/12/04 08:30:56 chat.go:219: Sending message: {Content:The Terraform plan for creating an SQS queue named "blablabla" has been successfully generated. Here are the details:

### Changes to be Applied
- **Plan:**
  - To Add: 1
  - To Change: 0
  - To Destroy: 0

### SQS Queue Details
- ** Error: SessionID: Timestamp:2024-12-04T08:30:56+02:00 SenderName:Bot Type:msg Message: MessageID:614948 Final:false Status:}
2024/12/04 08:30:56 chat.go:219: Sending message: {Content:The Terraform plan for creating an SQS queue named "blablabla" has been successfully generated. Here are the details:

### Changes to be Applied
- **Plan:**
  - To Add: 1
  - To Change: 0
  - To Destroy: 0

### SQS Queue Details
- **Name Error: SessionID: Timestamp:2024-12-04T08:30:56+02:00 SenderName:Bot Type:msg Message: MessageID:614948 Final:false Status:}
2024/12/04 08:30:56 chat.go:219: Sending message: {Content:The Terraform plan for creating an SQS queue named "blablabla" has been successfully generated. Here are the details:

### Changes to be Applied
- **Plan:**
  - To Add: 1
  - To Change: 0
  - To Destroy: 0

### SQS Queue Details
- **Name:** Error: SessionID: Timestamp:2024-12-04T08:30:56+02:00 SenderName:Bot Type:msg Message: MessageID:614948 Final:false Status:}
2024/12/04 08:30:56 chat.go:219: Sending message: {Content:The Terraform plan for creating an SQS queue named "blablabla" has been successfully generated. Here are the details:

### Changes to be Applied
- **Plan:**
  - To Add: 1
  - To Change: 0
  - To Destroy: 0

### SQS Queue Details
- **Name:** bl Error: SessionID: Timestamp:2024-12-04T08:30:56+02:00 SenderName:Bot Type:msg Message: MessageID:614948 Final:false Status:}
2024/12/04 08:30:56 chat.go:219: Sending message: {Content:The Terraform plan for creating an SQS queue named "blablabla" has been successfully generated. Here are the details:

### Changes to be Applied
- **Plan:**
  - To Add: 1
  - To Change: 0
  - To Destroy: 0

### SQS Queue Details
- **Name:** blabl Error: SessionID: Timestamp:2024-12-04T08:30:56+02:00 SenderName:Bot Type:msg Message: MessageID:614948 Final:false Status:}
2024/12/04 08:30:56 chat.go:219: Sending message: {Content:The Terraform plan for creating an SQS queue named "blablabla" has been successfully generated. Here are the details:

### Changes to be Applied
- **Plan:**
  - To Add: 1
  - To Change: 0
  - To Destroy: 0

### SQS Queue Details
- **Name:** blablabla Error: SessionID: Timestamp:2024-12-04T08:30:56+02:00 SenderName:Bot Type:msg Message: MessageID:614948 Final:false Status:}
2024/12/04 08:30:56 chat.go:219: Sending message: {Content:The Terraform plan for creating an SQS queue named "blablabla" has been successfully generated. Here are the details:

### Changes to be Applied
- **Plan:**
  - To Add: 1
  - To Change: 0
  - To Destroy: 0

### SQS Queue Details
- **Name:** blablabla
 Error: SessionID: Timestamp:2024-12-04T08:30:56+02:00 SenderName:Bot Type:msg Message: MessageID:614948 Final:false Status:}
2024/12/04 08:30:56 chat.go:219: Sending message: {Content:The Terraform plan for creating an SQS queue named "blablabla" has been successfully generated. Here are the details:

### Changes to be Applied
- **Plan:**
  - To Add: 1
  - To Change: 0
  - To Destroy: 0

### SQS Queue Details
- **Name:** blablabla
- Error: SessionID: Timestamp:2024-12-04T08:30:56+02:00 SenderName:Bot Type:msg Message: MessageID:614948 Final:false Status:}
2024/12/04 08:30:56 chat.go:219: Sending message: {Content:The Terraform plan for creating an SQS queue named "blablabla" has been successfully generated. Here are the details:

### Changes to be Applied
- **Plan:**
  - To Add: 1
  - To Change: 0
  - To Destroy: 0

### SQS Queue Details
- **Name:** blablabla
- ** Error: SessionID: Timestamp:2024-12-04T08:30:56+02:00 SenderName:Bot Type:msg Message: MessageID:614948 Final:false Status:}
2024/12/04 08:30:56 chat.go:219: Sending message: {Content:The Terraform plan for creating an SQS queue named "blablabla" has been successfully generated. Here are the details:

### Changes to be Applied
- **Plan:**
  - To Add: 1
  - To Change: 0
  - To Destroy: 0

### SQS Queue Details
- **Name:** blablabla
- **Visibility Error: SessionID: Timestamp:2024-12-04T08:30:56+02:00 SenderName:Bot Type:msg Message: MessageID:614948 Final:false Status:}
2024/12/04 08:30:56 chat.go:219: Sending message: {Content:The Terraform plan for creating an SQS queue named "blablabla" has been successfully generated. Here are the details:

### Changes to be Applied
- **Plan:**
  - To Add: 1
  - To Change: 0
  - To Destroy: 0

### SQS Queue Details
- **Name:** blablabla
- **Visibility Timeout Error: SessionID: Timestamp:2024-12-04T08:30:56+02:00 SenderName:Bot Type:msg Message: MessageID:614948 Final:false Status:}
2024/12/04 08:30:56 chat.go:219: Sending message: {Content:The Terraform plan for creating an SQS queue named "blablabla" has been successfully generated. Here are the details:

### Changes to be Applied
- **Plan:**
  - To Add: 1
  - To Change: 0
  - To Destroy: 0

### SQS Queue Details
- **Name:** blablabla
- **Visibility Timeout:** Error: SessionID: Timestamp:2024-12-04T08:30:56+02:00 SenderName:Bot Type:msg Message: MessageID:614948 Final:false Status:}
2024/12/04 08:30:56 chat.go:219: Sending message: {Content:The Terraform plan for creating an SQS queue named "blablabla" has been successfully generated. Here are the details:

### Changes to be Applied
- **Plan:**
  - To Add: 1
  - To Change: 0
  - To Destroy: 0

### SQS Queue Details
- **Name:** blablabla
- **Visibility Timeout:**  Error: SessionID: Timestamp:2024-12-04T08:30:56+02:00 SenderName:Bot Type:msg Message: MessageID:614948 Final:false Status:}
2024/12/04 08:30:56 chat.go:219: Sending message: {Content:The Terraform plan for creating an SQS queue named "blablabla" has been successfully generated. Here are the details:

### Changes to be Applied
- **Plan:**
  - To Add: 1
  - To Change: 0
  - To Destroy: 0

### SQS Queue Details
- **Name:** blablabla
- **Visibility Timeout:** 30 Error: SessionID: Timestamp:2024-12-04T08:30:56+02:00 SenderName:Bot Type:msg Message: MessageID:614948 Final:false Status:}
2024/12/04 08:30:56 chat.go:219: Sending message: {Content:The Terraform plan for creating an SQS queue named "blablabla" has been successfully generated. Here are the details:

### Changes to be Applied
- **Plan:**
  - To Add: 1
  - To Change: 0
  - To Destroy: 0

### SQS Queue Details
- **Name:** blablabla
- **Visibility Timeout:** 30 seconds Error: SessionID: Timestamp:2024-12-04T08:30:56+02:00 SenderName:Bot Type:msg Message: MessageID:614948 Final:false Status:}
2024/12/04 08:30:56 chat.go:219: Sending message: {Content:The Terraform plan for creating an SQS queue named "blablabla" has been successfully generated. Here are the details:

### Changes to be Applied
- **Plan:**
  - To Add: 1
  - To Change: 0
  - To Destroy: 0

### SQS Queue Details
- **Name:** blablabla
- **Visibility Timeout:** 30 seconds
 Error: SessionID: Timestamp:2024-12-04T08:30:56+02:00 SenderName:Bot Type:msg Message: MessageID:614948 Final:false Status:}
2024/12/04 08:30:56 chat.go:219: Sending message: {Content:The Terraform plan for creating an SQS queue named "blablabla" has been successfully generated. Here are the details:

### Changes to be Applied
- **Plan:**
  - To Add: 1
  - To Change: 0
  - To Destroy: 0

### SQS Queue Details
- **Name:** blablabla
- **Visibility Timeout:** 30 seconds
- Error: SessionID: Timestamp:2024-12-04T08:30:56+02:00 SenderName:Bot Type:msg Message: MessageID:614948 Final:false Status:}
2024/12/04 08:30:56 chat.go:219: Sending message: {Content:The Terraform plan for creating an SQS queue named "blablabla" has been successfully generated. Here are the details:

### Changes to be Applied
- **Plan:**
  - To Add: 1
  - To Change: 0
  - To Destroy: 0

### SQS Queue Details
- **Name:** blablabla
- **Visibility Timeout:** 30 seconds
- ** Error: SessionID: Timestamp:2024-12-04T08:30:56+02:00 SenderName:Bot Type:msg Message: MessageID:614948 Final:false Status:}
2024/12/04 08:30:56 chat.go:219: Sending message: {Content:The Terraform plan for creating an SQS queue named "blablabla" has been successfully generated. Here are the details:

### Changes to be Applied
- **Plan:**
  - To Add: 1
  - To Change: 0
  - To Destroy: 0

### SQS Queue Details
- **Name:** blablabla
- **Visibility Timeout:** 30 seconds
- **Message Error: SessionID: Timestamp:2024-12-04T08:30:56+02:00 SenderName:Bot Type:msg Message: MessageID:614948 Final:false Status:}
2024/12/04 08:30:56 chat.go:219: Sending message: {Content:The Terraform plan for creating an SQS queue named "blablabla" has been successfully generated. Here are the details:

### Changes to be Applied
- **Plan:**
  - To Add: 1
  - To Change: 0
  - To Destroy: 0

### SQS Queue Details
- **Name:** blablabla
- **Visibility Timeout:** 30 seconds
- **Message Ret Error: SessionID: Timestamp:2024-12-04T08:30:56+02:00 SenderName:Bot Type:msg Message: MessageID:614948 Final:false Status:}
2024/12/04 08:30:57 chat.go:219: Sending message: {Content:The Terraform plan for creating an SQS queue named "blablabla" has been successfully generated. Here are the details:

### Changes to be Applied
- **Plan:**
  - To Add: 1
  - To Change: 0
  - To Destroy: 0

### SQS Queue Details
- **Name:** blablabla
- **Visibility Timeout:** 30 seconds
- **Message Retention Error: SessionID: Timestamp:2024-12-04T08:30:57+02:00 SenderName:Bot Type:msg Message: MessageID:614948 Final:false Status:}
2024/12/04 08:30:57 chat.go:219: Sending message: {Content:The Terraform plan for creating an SQS queue named "blablabla" has been successfully generated. Here are the details:

### Changes to be Applied
- **Plan:**
  - To Add: 1
  - To Change: 0
  - To Destroy: 0

### SQS Queue Details
- **Name:** blablabla
- **Visibility Timeout:** 30 seconds
- **Message Retention Period Error: SessionID: Timestamp:2024-12-04T08:30:57+02:00 SenderName:Bot Type:msg Message: MessageID:614948 Final:false Status:}
2024/12/04 08:30:57 chat.go:219: Sending message: {Content:The Terraform plan for creating an SQS queue named "blablabla" has been successfully generated. Here are the details:

### Changes to be Applied
- **Plan:**
  - To Add: 1
  - To Change: 0
  - To Destroy: 0

### SQS Queue Details
- **Name:** blablabla
- **Visibility Timeout:** 30 seconds
- **Message Retention Period:** Error: SessionID: Timestamp:2024-12-04T08:30:57+02:00 SenderName:Bot Type:msg Message: MessageID:614948 Final:false Status:}
2024/12/04 08:30:57 chat.go:219: Sending message: {Content:The Terraform plan for creating an SQS queue named "blablabla" has been successfully generated. Here are the details:

### Changes to be Applied
- **Plan:**
  - To Add: 1
  - To Change: 0
  - To Destroy: 0

### SQS Queue Details
- **Name:** blablabla
- **Visibility Timeout:** 30 seconds
- **Message Retention Period:**  Error: SessionID: Timestamp:2024-12-04T08:30:57+02:00 SenderName:Bot Type:msg Message: MessageID:614948 Final:false Status:}
2024/12/04 08:30:57 chat.go:219: Sending message: {Content:The Terraform plan for creating an SQS queue named "blablabla" has been successfully generated. Here are the details:

### Changes to be Applied
- **Plan:**
  - To Add: 1
  - To Change: 0
  - To Destroy: 0

### SQS Queue Details
- **Name:** blablabla
- **Visibility Timeout:** 30 seconds
- **Message Retention Period:** 4 Error: SessionID: Timestamp:2024-12-04T08:30:57+02:00 SenderName:Bot Type:msg Message: MessageID:614948 Final:false Status:}
2024/12/04 08:30:57 chat.go:219: Sending message: {Content:The Terraform plan for creating an SQS queue named "blablabla" has been successfully generated. Here are the details:

### Changes to be Applied
- **Plan:**
  - To Add: 1
  - To Change: 0
  - To Destroy: 0

### SQS Queue Details
- **Name:** blablabla
- **Visibility Timeout:** 30 seconds
- **Message Retention Period:** 4 days Error: SessionID: Timestamp:2024-12-04T08:30:57+02:00 SenderName:Bot Type:msg Message: MessageID:614948 Final:false Status:}
2024/12/04 08:30:57 chat.go:219: Sending message: {Content:The Terraform plan for creating an SQS queue named "blablabla" has been successfully generated. Here are the details:

### Changes to be Applied
- **Plan:**
  - To Add: 1
  - To Change: 0
  - To Destroy: 0

### SQS Queue Details
- **Name:** blablabla
- **Visibility Timeout:** 30 seconds
- **Message Retention Period:** 4 days ( Error: SessionID: Timestamp:2024-12-04T08:30:57+02:00 SenderName:Bot Type:msg Message: MessageID:614948 Final:false Status:}
2024/12/04 08:30:57 chat.go:219: Sending message: {Content:The Terraform plan for creating an SQS queue named "blablabla" has been successfully generated. Here are the details:

### Changes to be Applied
- **Plan:**
  - To Add: 1
  - To Change: 0
  - To Destroy: 0

### SQS Queue Details
- **Name:** blablabla
- **Visibility Timeout:** 30 seconds
- **Message Retention Period:** 4 days (345 Error: SessionID: Timestamp:2024-12-04T08:30:57+02:00 SenderName:Bot Type:msg Message: MessageID:614948 Final:false Status:}
2024/12/04 08:30:57 chat.go:219: Sending message: {Content:The Terraform plan for creating an SQS queue named "blablabla" has been successfully generated. Here are the details:

### Changes to be Applied
- **Plan:**
  - To Add: 1
  - To Change: 0
  - To Destroy: 0

### SQS Queue Details
- **Name:** blablabla
- **Visibility Timeout:** 30 seconds
- **Message Retention Period:** 4 days (345600 Error: SessionID: Timestamp:2024-12-04T08:30:57+02:00 SenderName:Bot Type:msg Message: MessageID:614948 Final:false Status:}
2024/12/04 08:30:57 chat.go:219: Sending message: {Content:The Terraform plan for creating an SQS queue named "blablabla" has been successfully generated. Here are the details:

### Changes to be Applied
- **Plan:**
  - To Add: 1
  - To Change: 0
  - To Destroy: 0

### SQS Queue Details
- **Name:** blablabla
- **Visibility Timeout:** 30 seconds
- **Message Retention Period:** 4 days (345600 seconds Error: SessionID: Timestamp:2024-12-04T08:30:57+02:00 SenderName:Bot Type:msg Message: MessageID:614948 Final:false Status:}
2024/12/04 08:30:57 chat.go:219: Sending message: {Content:The Terraform plan for creating an SQS queue named "blablabla" has been successfully generated. Here are the details:

### Changes to be Applied
- **Plan:**
  - To Add: 1
  - To Change: 0
  - To Destroy: 0

### SQS Queue Details
- **Name:** blablabla
- **Visibility Timeout:** 30 seconds
- **Message Retention Period:** 4 days (345600 seconds)
 Error: SessionID: Timestamp:2024-12-04T08:30:57+02:00 SenderName:Bot Type:msg Message: MessageID:614948 Final:false Status:}
2024/12/04 08:30:57 chat.go:219: Sending message: {Content:The Terraform plan for creating an SQS queue named "blablabla" has been successfully generated. Here are the details:

### Changes to be Applied
- **Plan:**
  - To Add: 1
  - To Change: 0
  - To Destroy: 0

### SQS Queue Details
- **Name:** blablabla
- **Visibility Timeout:** 30 seconds
- **Message Retention Period:** 4 days (345600 seconds)
- Error: SessionID: Timestamp:2024-12-04T08:30:57+02:00 SenderName:Bot Type:msg Message: MessageID:614948 Final:false Status:}
2024/12/04 08:30:57 chat.go:219: Sending message: {Content:The Terraform plan for creating an SQS queue named "blablabla" has been successfully generated. Here are the details:

### Changes to be Applied
- **Plan:**
  - To Add: 1
  - To Change: 0
  - To Destroy: 0

### SQS Queue Details
- **Name:** blablabla
- **Visibility Timeout:** 30 seconds
- **Message Retention Period:** 4 days (345600 seconds)
- ** Error: SessionID: Timestamp:2024-12-04T08:30:57+02:00 SenderName:Bot Type:msg Message: MessageID:614948 Final:false Status:}
2024/12/04 08:30:57 chat.go:219: Sending message: {Content:The Terraform plan for creating an SQS queue named "blablabla" has been successfully generated. Here are the details:

### Changes to be Applied
- **Plan:**
  - To Add: 1
  - To Change: 0
  - To Destroy: 0

### SQS Queue Details
- **Name:** blablabla
- **Visibility Timeout:** 30 seconds
- **Message Retention Period:** 4 days (345600 seconds)
- **Max Error: SessionID: Timestamp:2024-12-04T08:30:57+02:00 SenderName:Bot Type:msg Message: MessageID:614948 Final:false Status:}
2024/12/04 08:30:57 chat.go:219: Sending message: {Content:The Terraform plan for creating an SQS queue named "blablabla" has been successfully generated. Here are the details:

### Changes to be Applied
- **Plan:**
  - To Add: 1
  - To Change: 0
  - To Destroy: 0

### SQS Queue Details
- **Name:** blablabla
- **Visibility Timeout:** 30 seconds
- **Message Retention Period:** 4 days (345600 seconds)
- **Max Message Error: SessionID: Timestamp:2024-12-04T08:30:57+02:00 SenderName:Bot Type:msg Message: MessageID:614948 Final:false Status:}
2024/12/04 08:30:57 chat.go:219: Sending message: {Content:The Terraform plan for creating an SQS queue named "blablabla" has been successfully generated. Here are the details:

### Changes to be Applied
- **Plan:**
  - To Add: 1
  - To Change: 0
  - To Destroy: 0

### SQS Queue Details
- **Name:** blablabla
- **Visibility Timeout:** 30 seconds
- **Message Retention Period:** 4 days (345600 seconds)
- **Max Message Size Error: SessionID: Timestamp:2024-12-04T08:30:57+02:00 SenderName:Bot Type:msg Message: MessageID:614948 Final:false Status:}
2024/12/04 08:30:57 chat.go:219: Sending message: {Content:The Terraform plan for creating an SQS queue named "blablabla" has been successfully generated. Here are the details:

### Changes to be Applied
- **Plan:**
  - To Add: 1
  - To Change: 0
  - To Destroy: 0

### SQS Queue Details
- **Name:** blablabla
- **Visibility Timeout:** 30 seconds
- **Message Retention Period:** 4 days (345600 seconds)
- **Max Message Size:** Error: SessionID: Timestamp:2024-12-04T08:30:57+02:00 SenderName:Bot Type:msg Message: MessageID:614948 Final:false Status:}
2024/12/04 08:30:57 chat.go:219: Sending message: {Content:The Terraform plan for creating an SQS queue named "blablabla" has been successfully generated. Here are the details:

### Changes to be Applied
- **Plan:**
  - To Add: 1
  - To Change: 0
  - To Destroy: 0

### SQS Queue Details
- **Name:** blablabla
- **Visibility Timeout:** 30 seconds
- **Message Retention Period:** 4 days (345600 seconds)
- **Max Message Size:**  Error: SessionID: Timestamp:2024-12-04T08:30:57+02:00 SenderName:Bot Type:msg Message: MessageID:614948 Final:false Status:}
2024/12/04 08:30:57 chat.go:219: Sending message: {Content:The Terraform plan for creating an SQS queue named "blablabla" has been successfully generated. Here are the details:

### Changes to be Applied
- **Plan:**
  - To Add: 1
  - To Change: 0
  - To Destroy: 0

### SQS Queue Details
- **Name:** blablabla
- **Visibility Timeout:** 30 seconds
- **Message Retention Period:** 4 days (345600 seconds)
- **Max Message Size:** 256 Error: SessionID: Timestamp:2024-12-04T08:30:57+02:00 SenderName:Bot Type:msg Message: MessageID:614948 Final:false Status:}
2024/12/04 08:30:57 chat.go:219: Sending message: {Content:The Terraform plan for creating an SQS queue named "blablabla" has been successfully generated. Here are the details:

### Changes to be Applied
- **Plan:**
  - To Add: 1
  - To Change: 0
  - To Destroy: 0

### SQS Queue Details
- **Name:** blablabla
- **Visibility Timeout:** 30 seconds
- **Message Retention Period:** 4 days (345600 seconds)
- **Max Message Size:** 256 KB Error: SessionID: Timestamp:2024-12-04T08:30:57+02:00 SenderName:Bot Type:msg Message: MessageID:614948 Final:false Status:}
2024/12/04 08:30:57 chat.go:219: Sending message: {Content:The Terraform plan for creating an SQS queue named "blablabla" has been successfully generated. Here are the details:

### Changes to be Applied
- **Plan:**
  - To Add: 1
  - To Change: 0
  - To Destroy: 0

### SQS Queue Details
- **Name:** blablabla
- **Visibility Timeout:** 30 seconds
- **Message Retention Period:** 4 days (345600 seconds)
- **Max Message Size:** 256 KB
 Error: SessionID: Timestamp:2024-12-04T08:30:57+02:00 SenderName:Bot Type:msg Message: MessageID:614948 Final:false Status:}
2024/12/04 08:30:57 chat.go:219: Sending message: {Content:The Terraform plan for creating an SQS queue named "blablabla" has been successfully generated. Here are the details:

### Changes to be Applied
- **Plan:**
  - To Add: 1
  - To Change: 0
  - To Destroy: 0

### SQS Queue Details
- **Name:** blablabla
- **Visibility Timeout:** 30 seconds
- **Message Retention Period:** 4 days (345600 seconds)
- **Max Message Size:** 256 KB
- Error: SessionID: Timestamp:2024-12-04T08:30:57+02:00 SenderName:Bot Type:msg Message: MessageID:614948 Final:false Status:}
2024/12/04 08:30:57 chat.go:219: Sending message: {Content:The Terraform plan for creating an SQS queue named "blablabla" has been successfully generated. Here are the details:

### Changes to be Applied
- **Plan:**
  - To Add: 1
  - To Change: 0
  - To Destroy: 0

### SQS Queue Details
- **Name:** blablabla
- **Visibility Timeout:** 30 seconds
- **Message Retention Period:** 4 days (345600 seconds)
- **Max Message Size:** 256 KB
- ** Error: SessionID: Timestamp:2024-12-04T08:30:57+02:00 SenderName:Bot Type:msg Message: MessageID:614948 Final:false Status:}
2024/12/04 08:30:57 chat.go:219: Sending message: {Content:The Terraform plan for creating an SQS queue named "blablabla" has been successfully generated. Here are the details:

### Changes to be Applied
- **Plan:**
  - To Add: 1
  - To Change: 0
  - To Destroy: 0

### SQS Queue Details
- **Name:** blablabla
- **Visibility Timeout:** 30 seconds
- **Message Retention Period:** 4 days (345600 seconds)
- **Max Message Size:** 256 KB
- **FIFO Error: SessionID: Timestamp:2024-12-04T08:30:57+02:00 SenderName:Bot Type:msg Message: MessageID:614948 Final:false Status:}
2024/12/04 08:30:57 chat.go:219: Sending message: {Content:The Terraform plan for creating an SQS queue named "blablabla" has been successfully generated. Here are the details:

### Changes to be Applied
- **Plan:**
  - To Add: 1
  - To Change: 0
  - To Destroy: 0

### SQS Queue Details
- **Name:** blablabla
- **Visibility Timeout:** 30 seconds
- **Message Retention Period:** 4 days (345600 seconds)
- **Max Message Size:** 256 KB
- **FIFO Queue Error: SessionID: Timestamp:2024-12-04T08:30:57+02:00 SenderName:Bot Type:msg Message: MessageID:614948 Final:false Status:}
2024/12/04 08:30:57 chat.go:219: Sending message: {Content:The Terraform plan for creating an SQS queue named "blablabla" has been successfully generated. Here are the details:

### Changes to be Applied
- **Plan:**
  - To Add: 1
  - To Change: 0
  - To Destroy: 0

### SQS Queue Details
- **Name:** blablabla
- **Visibility Timeout:** 30 seconds
- **Message Retention Period:** 4 days (345600 seconds)
- **Max Message Size:** 256 KB
- **FIFO Queue:** Error: SessionID: Timestamp:2024-12-04T08:30:57+02:00 SenderName:Bot Type:msg Message: MessageID:614948 Final:false Status:}
2024/12/04 08:30:57 chat.go:219: Sending message: {Content:The Terraform plan for creating an SQS queue named "blablabla" has been successfully generated. Here are the details:

### Changes to be Applied
- **Plan:**
  - To Add: 1
  - To Change: 0
  - To Destroy: 0

### SQS Queue Details
- **Name:** blablabla
- **Visibility Timeout:** 30 seconds
- **Message Retention Period:** 4 days (345600 seconds)
- **Max Message Size:** 256 KB
- **FIFO Queue:** False Error: SessionID: Timestamp:2024-12-04T08:30:57+02:00 SenderName:Bot Type:msg Message: MessageID:614948 Final:false Status:}
2024/12/04 08:30:57 chat.go:219: Sending message: {Content:The Terraform plan for creating an SQS queue named "blablabla" has been successfully generated. Here are the details:

### Changes to be Applied
- **Plan:**
  - To Add: 1
  - To Change: 0
  - To Destroy: 0

### SQS Queue Details
- **Name:** blablabla
- **Visibility Timeout:** 30 seconds
- **Message Retention Period:** 4 days (345600 seconds)
- **Max Message Size:** 256 KB
- **FIFO Queue:** False
 Error: SessionID: Timestamp:2024-12-04T08:30:57+02:00 SenderName:Bot Type:msg Message: MessageID:614948 Final:false Status:}
2024/12/04 08:30:57 chat.go:219: Sending message: {Content:The Terraform plan for creating an SQS queue named "blablabla" has been successfully generated. Here are the details:

### Changes to be Applied
- **Plan:**
  - To Add: 1
  - To Change: 0
  - To Destroy: 0

### SQS Queue Details
- **Name:** blablabla
- **Visibility Timeout:** 30 seconds
- **Message Retention Period:** 4 days (345600 seconds)
- **Max Message Size:** 256 KB
- **FIFO Queue:** False
- Error: SessionID: Timestamp:2024-12-04T08:30:57+02:00 SenderName:Bot Type:msg Message: MessageID:614948 Final:false Status:}
2024/12/04 08:30:57 chat.go:219: Sending message: {Content:The Terraform plan for creating an SQS queue named "blablabla" has been successfully generated. Here are the details:

### Changes to be Applied
- **Plan:**
  - To Add: 1
  - To Change: 0
  - To Destroy: 0

### SQS Queue Details
- **Name:** blablabla
- **Visibility Timeout:** 30 seconds
- **Message Retention Period:** 4 days (345600 seconds)
- **Max Message Size:** 256 KB
- **FIFO Queue:** False
- ** Error: SessionID: Timestamp:2024-12-04T08:30:57+02:00 SenderName:Bot Type:msg Message: MessageID:614948 Final:false Status:}
2024/12/04 08:30:57 chat.go:219: Sending message: {Content:The Terraform plan for creating an SQS queue named "blablabla" has been successfully generated. Here are the details:

### Changes to be Applied
- **Plan:**
  - To Add: 1
  - To Change: 0
  - To Destroy: 0

### SQS Queue Details
- **Name:** blablabla
- **Visibility Timeout:** 30 seconds
- **Message Retention Period:** 4 days (345600 seconds)
- **Max Message Size:** 256 KB
- **FIFO Queue:** False
- **S Error: SessionID: Timestamp:2024-12-04T08:30:57+02:00 SenderName:Bot Type:msg Message: MessageID:614948 Final:false Status:}
2024/12/04 08:30:57 chat.go:219: Sending message: {Content:The Terraform plan for creating an SQS queue named "blablabla" has been successfully generated. Here are the details:

### Changes to be Applied
- **Plan:**
  - To Add: 1
  - To Change: 0
  - To Destroy: 0

### SQS Queue Details
- **Name:** blablabla
- **Visibility Timeout:** 30 seconds
- **Message Retention Period:** 4 days (345600 seconds)
- **Max Message Size:** 256 KB
- **FIFO Queue:** False
- **SQS Error: SessionID: Timestamp:2024-12-04T08:30:57+02:00 SenderName:Bot Type:msg Message: MessageID:614948 Final:false Status:}
2024/12/04 08:30:57 chat.go:219: Sending message: {Content:The Terraform plan for creating an SQS queue named "blablabla" has been successfully generated. Here are the details:

### Changes to be Applied
- **Plan:**
  - To Add: 1
  - To Change: 0
  - To Destroy: 0

### SQS Queue Details
- **Name:** blablabla
- **Visibility Timeout:** 30 seconds
- **Message Retention Period:** 4 days (345600 seconds)
- **Max Message Size:** 256 KB
- **FIFO Queue:** False
- **SQS Managed Error: SessionID: Timestamp:2024-12-04T08:30:57+02:00 SenderName:Bot Type:msg Message: MessageID:614948 Final:false Status:}
2024/12/04 08:30:57 chat.go:219: Sending message: {Content:The Terraform plan for creating an SQS queue named "blablabla" has been successfully generated. Here are the details:

### Changes to be Applied
- **Plan:**
  - To Add: 1
  - To Change: 0
  - To Destroy: 0

### SQS Queue Details
- **Name:** blablabla
- **Visibility Timeout:** 30 seconds
- **Message Retention Period:** 4 days (345600 seconds)
- **Max Message Size:** 256 KB
- **FIFO Queue:** False
- **SQS Managed SSE Error: SessionID: Timestamp:2024-12-04T08:30:57+02:00 SenderName:Bot Type:msg Message: MessageID:614948 Final:false Status:}
2024/12/04 08:30:57 chat.go:219: Sending message: {Content:The Terraform plan for creating an SQS queue named "blablabla" has been successfully generated. Here are the details:

### Changes to be Applied
- **Plan:**
  - To Add: 1
  - To Change: 0
  - To Destroy: 0

### SQS Queue Details
- **Name:** blablabla
- **Visibility Timeout:** 30 seconds
- **Message Retention Period:** 4 days (345600 seconds)
- **Max Message Size:** 256 KB
- **FIFO Queue:** False
- **SQS Managed SSE Enabled Error: SessionID: Timestamp:2024-12-04T08:30:57+02:00 SenderName:Bot Type:msg Message: MessageID:614948 Final:false Status:}
2024/12/04 08:30:57 chat.go:219: Sending message: {Content:The Terraform plan for creating an SQS queue named "blablabla" has been successfully generated. Here are the details:

### Changes to be Applied
- **Plan:**
  - To Add: 1
  - To Change: 0
  - To Destroy: 0

### SQS Queue Details
- **Name:** blablabla
- **Visibility Timeout:** 30 seconds
- **Message Retention Period:** 4 days (345600 seconds)
- **Max Message Size:** 256 KB
- **FIFO Queue:** False
- **SQS Managed SSE Enabled:** Error: SessionID: Timestamp:2024-12-04T08:30:57+02:00 SenderName:Bot Type:msg Message: MessageID:614948 Final:false Status:}
2024/12/04 08:30:57 chat.go:219: Sending message: {Content:The Terraform plan for creating an SQS queue named "blablabla" has been successfully generated. Here are the details:

### Changes to be Applied
- **Plan:**
  - To Add: 1
  - To Change: 0
  - To Destroy: 0

### SQS Queue Details
- **Name:** blablabla
- **Visibility Timeout:** 30 seconds
- **Message Retention Period:** 4 days (345600 seconds)
- **Max Message Size:** 256 KB
- **FIFO Queue:** False
- **SQS Managed SSE Enabled:** True Error: SessionID: Timestamp:2024-12-04T08:30:57+02:00 SenderName:Bot Type:msg Message: MessageID:614948 Final:false Status:}
2024/12/04 08:30:57 chat.go:219: Sending message: {Content:The Terraform plan for creating an SQS queue named "blablabla" has been successfully generated. Here are the details:

### Changes to be Applied
- **Plan:**
  - To Add: 1
  - To Change: 0
  - To Destroy: 0

### SQS Queue Details
- **Name:** blablabla
- **Visibility Timeout:** 30 seconds
- **Message Retention Period:** 4 days (345600 seconds)
- **Max Message Size:** 256 KB
- **FIFO Queue:** False
- **SQS Managed SSE Enabled:** True
 Error: SessionID: Timestamp:2024-12-04T08:30:57+02:00 SenderName:Bot Type:msg Message: MessageID:614948 Final:false Status:}
2024/12/04 08:30:57 chat.go:219: Sending message: {Content:The Terraform plan for creating an SQS queue named "blablabla" has been successfully generated. Here are the details:

### Changes to be Applied
- **Plan:**
  - To Add: 1
  - To Change: 0
  - To Destroy: 0

### SQS Queue Details
- **Name:** blablabla
- **Visibility Timeout:** 30 seconds
- **Message Retention Period:** 4 days (345600 seconds)
- **Max Message Size:** 256 KB
- **FIFO Queue:** False
- **SQS Managed SSE Enabled:** True
- Error: SessionID: Timestamp:2024-12-04T08:30:57+02:00 SenderName:Bot Type:msg Message: MessageID:614948 Final:false Status:}
2024/12/04 08:30:57 chat.go:219: Sending message: {Content:The Terraform plan for creating an SQS queue named "blablabla" has been successfully generated. Here are the details:

### Changes to be Applied
- **Plan:**
  - To Add: 1
  - To Change: 0
  - To Destroy: 0

### SQS Queue Details
- **Name:** blablabla
- **Visibility Timeout:** 30 seconds
- **Message Retention Period:** 4 days (345600 seconds)
- **Max Message Size:** 256 KB
- **FIFO Queue:** False
- **SQS Managed SSE Enabled:** True
- ** Error: SessionID: Timestamp:2024-12-04T08:30:57+02:00 SenderName:Bot Type:msg Message: MessageID:614948 Final:false Status:}
2024/12/04 08:30:57 chat.go:219: Sending message: {Content:The Terraform plan for creating an SQS queue named "blablabla" has been successfully generated. Here are the details:

### Changes to be Applied
- **Plan:**
  - To Add: 1
  - To Change: 0
  - To Destroy: 0

### SQS Queue Details
- **Name:** blablabla
- **Visibility Timeout:** 30 seconds
- **Message Retention Period:** 4 days (345600 seconds)
- **Max Message Size:** 256 KB
- **FIFO Queue:** False
- **SQS Managed SSE Enabled:** True
- **URL Error: SessionID: Timestamp:2024-12-04T08:30:57+02:00 SenderName:Bot Type:msg Message: MessageID:614948 Final:false Status:}
2024/12/04 08:30:57 chat.go:219: Sending message: {Content:The Terraform plan for creating an SQS queue named "blablabla" has been successfully generated. Here are the details:

### Changes to be Applied
- **Plan:**
  - To Add: 1
  - To Change: 0
  - To Destroy: 0

### SQS Queue Details
- **Name:** blablabla
- **Visibility Timeout:** 30 seconds
- **Message Retention Period:** 4 days (345600 seconds)
- **Max Message Size:** 256 KB
- **FIFO Queue:** False
- **SQS Managed SSE Enabled:** True
- **URL:** Error: SessionID: Timestamp:2024-12-04T08:30:57+02:00 SenderName:Bot Type:msg Message: MessageID:614948 Final:false Status:}
2024/12/04 08:30:57 chat.go:219: Sending message: {Content:The Terraform plan for creating an SQS queue named "blablabla" has been successfully generated. Here are the details:

### Changes to be Applied
- **Plan:**
  - To Add: 1
  - To Change: 0
  - To Destroy: 0

### SQS Queue Details
- **Name:** blablabla
- **Visibility Timeout:** 30 seconds
- **Message Retention Period:** 4 days (345600 seconds)
- **Max Message Size:** 256 KB
- **FIFO Queue:** False
- **SQS Managed SSE Enabled:** True
- **URL:** ( Error: SessionID: Timestamp:2024-12-04T08:30:57+02:00 SenderName:Bot Type:msg Message: MessageID:614948 Final:false Status:}
2024/12/04 08:30:57 chat.go:219: Sending message: {Content:The Terraform plan for creating an SQS queue named "blablabla" has been successfully generated. Here are the details:

### Changes to be Applied
- **Plan:**
  - To Add: 1
  - To Change: 0
  - To Destroy: 0

### SQS Queue Details
- **Name:** blablabla
- **Visibility Timeout:** 30 seconds
- **Message Retention Period:** 4 days (345600 seconds)
- **Max Message Size:** 256 KB
- **FIFO Queue:** False
- **SQS Managed SSE Enabled:** True
- **URL:** (known Error: SessionID: Timestamp:2024-12-04T08:30:57+02:00 SenderName:Bot Type:msg Message: MessageID:614948 Final:false Status:}
2024/12/04 08:30:57 chat.go:219: Sending message: {Content:The Terraform plan for creating an SQS queue named "blablabla" has been successfully generated. Here are the details:

### Changes to be Applied
- **Plan:**
  - To Add: 1
  - To Change: 0
  - To Destroy: 0

### SQS Queue Details
- **Name:** blablabla
- **Visibility Timeout:** 30 seconds
- **Message Retention Period:** 4 days (345600 seconds)
- **Max Message Size:** 256 KB
- **FIFO Queue:** False
- **SQS Managed SSE Enabled:** True
- **URL:** (known after Error: SessionID: Timestamp:2024-12-04T08:30:57+02:00 SenderName:Bot Type:msg Message: MessageID:614948 Final:false Status:}
2024/12/04 08:30:59 chat.go:219: Sending message: {Content:The Terraform plan for creating an SQS queue named "blablabla" has been successfully generated. Here are the details:

### Changes to be Applied
- **Plan:**
  - To Add: 1
  - To Change: 0
  - To Destroy: 0

### SQS Queue Details
- **Name:** blablabla
- **Visibility Timeout:** 30 seconds
- **Message Retention Period:** 4 days (345600 seconds)
- **Max Message Size:** 256 KB
- **FIFO Queue:** False
- **SQS Managed SSE Enabled:** True
- **URL:** (known after apply Error: SessionID: Timestamp:2024-12-04T08:30:59+02:00 SenderName:Bot Type:msg Message: MessageID:614948 Final:false Status:}
2024/12/04 08:30:59 chat.go:219: Sending message: {Content:The Terraform plan for creating an SQS queue named "blablabla" has been successfully generated. Here are the details:

### Changes to be Applied
- **Plan:**
  - To Add: 1
  - To Change: 0
  - To Destroy: 0

### SQS Queue Details
- **Name:** blablabla
- **Visibility Timeout:** 30 seconds
- **Message Retention Period:** 4 days (345600 seconds)
- **Max Message Size:** 256 KB
- **FIFO Queue:** False
- **SQS Managed SSE Enabled:** True
- **URL:** (known after apply)
 Error: SessionID: Timestamp:2024-12-04T08:30:59+02:00 SenderName:Bot Type:msg Message: MessageID:614948 Final:false Status:}
2024/12/04 08:30:59 chat.go:219: Sending message: {Content:The Terraform plan for creating an SQS queue named "blablabla" has been successfully generated. Here are the details:

### Changes to be Applied
- **Plan:**
  - To Add: 1
  - To Change: 0
  - To Destroy: 0

### SQS Queue Details
- **Name:** blablabla
- **Visibility Timeout:** 30 seconds
- **Message Retention Period:** 4 days (345600 seconds)
- **Max Message Size:** 256 KB
- **FIFO Queue:** False
- **SQS Managed SSE Enabled:** True
- **URL:** (known after apply)
- Error: SessionID: Timestamp:2024-12-04T08:30:59+02:00 SenderName:Bot Type:msg Message: MessageID:614948 Final:false Status:}
2024/12/04 08:30:59 chat.go:219: Sending message: {Content:The Terraform plan for creating an SQS queue named "blablabla" has been successfully generated. Here are the details:

### Changes to be Applied
- **Plan:**
  - To Add: 1
  - To Change: 0
  - To Destroy: 0

### SQS Queue Details
- **Name:** blablabla
- **Visibility Timeout:** 30 seconds
- **Message Retention Period:** 4 days (345600 seconds)
- **Max Message Size:** 256 KB
- **FIFO Queue:** False
- **SQS Managed SSE Enabled:** True
- **URL:** (known after apply)
- ** Error: SessionID: Timestamp:2024-12-04T08:30:59+02:00 SenderName:Bot Type:msg Message: MessageID:614948 Final:false Status:}
2024/12/04 08:30:59 chat.go:219: Sending message: {Content:The Terraform plan for creating an SQS queue named "blablabla" has been successfully generated. Here are the details:

### Changes to be Applied
- **Plan:**
  - To Add: 1
  - To Change: 0
  - To Destroy: 0

### SQS Queue Details
- **Name:** blablabla
- **Visibility Timeout:** 30 seconds
- **Message Retention Period:** 4 days (345600 seconds)
- **Max Message Size:** 256 KB
- **FIFO Queue:** False
- **SQS Managed SSE Enabled:** True
- **URL:** (known after apply)
- **ARN Error: SessionID: Timestamp:2024-12-04T08:30:59+02:00 SenderName:Bot Type:msg Message: MessageID:614948 Final:false Status:}
2024/12/04 08:30:59 chat.go:219: Sending message: {Content:The Terraform plan for creating an SQS queue named "blablabla" has been successfully generated. Here are the details:

### Changes to be Applied
- **Plan:**
  - To Add: 1
  - To Change: 0
  - To Destroy: 0

### SQS Queue Details
- **Name:** blablabla
- **Visibility Timeout:** 30 seconds
- **Message Retention Period:** 4 days (345600 seconds)
- **Max Message Size:** 256 KB
- **FIFO Queue:** False
- **SQS Managed SSE Enabled:** True
- **URL:** (known after apply)
- **ARN:** Error: SessionID: Timestamp:2024-12-04T08:30:59+02:00 SenderName:Bot Type:msg Message: MessageID:614948 Final:false Status:}
2024/12/04 08:30:59 chat.go:219: Sending message: {Content:The Terraform plan for creating an SQS queue named "blablabla" has been successfully generated. Here are the details:

### Changes to be Applied
- **Plan:**
  - To Add: 1
  - To Change: 0
  - To Destroy: 0

### SQS Queue Details
- **Name:** blablabla
- **Visibility Timeout:** 30 seconds
- **Message Retention Period:** 4 days (345600 seconds)
- **Max Message Size:** 256 KB
- **FIFO Queue:** False
- **SQS Managed SSE Enabled:** True
- **URL:** (known after apply)
- **ARN:** ( Error: SessionID: Timestamp:2024-12-04T08:30:59+02:00 SenderName:Bot Type:msg Message: MessageID:614948 Final:false Status:}
2024/12/04 08:30:59 chat.go:219: Sending message: {Content:The Terraform plan for creating an SQS queue named "blablabla" has been successfully generated. Here are the details:

### Changes to be Applied
- **Plan:**
  - To Add: 1
  - To Change: 0
  - To Destroy: 0

### SQS Queue Details
- **Name:** blablabla
- **Visibility Timeout:** 30 seconds
- **Message Retention Period:** 4 days (345600 seconds)
- **Max Message Size:** 256 KB
- **FIFO Queue:** False
- **SQS Managed SSE Enabled:** True
- **URL:** (known after apply)
- **ARN:** (known Error: SessionID: Timestamp:2024-12-04T08:30:59+02:00 SenderName:Bot Type:msg Message: MessageID:614948 Final:false Status:}
2024/12/04 08:30:59 chat.go:219: Sending message: {Content:The Terraform plan for creating an SQS queue named "blablabla" has been successfully generated. Here are the details:

### Changes to be Applied
- **Plan:**
  - To Add: 1
  - To Change: 0
  - To Destroy: 0

### SQS Queue Details
- **Name:** blablabla
- **Visibility Timeout:** 30 seconds
- **Message Retention Period:** 4 days (345600 seconds)
- **Max Message Size:** 256 KB
- **FIFO Queue:** False
- **SQS Managed SSE Enabled:** True
- **URL:** (known after apply)
- **ARN:** (known after Error: SessionID: Timestamp:2024-12-04T08:30:59+02:00 SenderName:Bot Type:msg Message: MessageID:614948 Final:false Status:}
2024/12/04 08:30:59 chat.go:219: Sending message: {Content:The Terraform plan for creating an SQS queue named "blablabla" has been successfully generated. Here are the details:

### Changes to be Applied
- **Plan:**
  - To Add: 1
  - To Change: 0
  - To Destroy: 0

### SQS Queue Details
- **Name:** blablabla
- **Visibility Timeout:** 30 seconds
- **Message Retention Period:** 4 days (345600 seconds)
- **Max Message Size:** 256 KB
- **FIFO Queue:** False
- **SQS Managed SSE Enabled:** True
- **URL:** (known after apply)
- **ARN:** (known after apply Error: SessionID: Timestamp:2024-12-04T08:30:59+02:00 SenderName:Bot Type:msg Message: MessageID:614948 Final:false Status:}
2024/12/04 08:30:59 chat.go:219: Sending message: {Content:The Terraform plan for creating an SQS queue named "blablabla" has been successfully generated. Here are the details:

### Changes to be Applied
- **Plan:**
  - To Add: 1
  - To Change: 0
  - To Destroy: 0

### SQS Queue Details
- **Name:** blablabla
- **Visibility Timeout:** 30 seconds
- **Message Retention Period:** 4 days (345600 seconds)
- **Max Message Size:** 256 KB
- **FIFO Queue:** False
- **SQS Managed SSE Enabled:** True
- **URL:** (known after apply)
- **ARN:** (known after apply)

 Error: SessionID: Timestamp:2024-12-04T08:30:59+02:00 SenderName:Bot Type:msg Message: MessageID:614948 Final:false Status:}
2024/12/04 08:30:59 chat.go:219: Sending message: {Content:The Terraform plan for creating an SQS queue named "blablabla" has been successfully generated. Here are the details:

### Changes to be Applied
- **Plan:**
  - To Add: 1
  - To Change: 0
  - To Destroy: 0

### SQS Queue Details
- **Name:** blablabla
- **Visibility Timeout:** 30 seconds
- **Message Retention Period:** 4 days (345600 seconds)
- **Max Message Size:** 256 KB
- **FIFO Queue:** False
- **SQS Managed SSE Enabled:** True
- **URL:** (known after apply)
- **ARN:** (known after apply)

### Error: SessionID: Timestamp:2024-12-04T08:30:59+02:00 SenderName:Bot Type:msg Message: MessageID:614948 Final:false Status:}
2024/12/04 08:30:59 chat.go:219: Sending message: {Content:The Terraform plan for creating an SQS queue named "blablabla" has been successfully generated. Here are the details:

### Changes to be Applied
- **Plan:**
  - To Add: 1
  - To Change: 0
  - To Destroy: 0

### SQS Queue Details
- **Name:** blablabla
- **Visibility Timeout:** 30 seconds
- **Message Retention Period:** 4 days (345600 seconds)
- **Max Message Size:** 256 KB
- **FIFO Queue:** False
- **SQS Managed SSE Enabled:** True
- **URL:** (known after apply)
- **ARN:** (known after apply)

### Outputs Error: SessionID: Timestamp:2024-12-04T08:30:59+02:00 SenderName:Bot Type:msg Message: MessageID:614948 Final:false Status:}
2024/12/04 08:30:59 chat.go:219: Sending message: {Content:The Terraform plan for creating an SQS queue named "blablabla" has been successfully generated. Here are the details:

### Changes to be Applied
- **Plan:**
  - To Add: 1
  - To Change: 0
  - To Destroy: 0

### SQS Queue Details
- **Name:** blablabla
- **Visibility Timeout:** 30 seconds
- **Message Retention Period:** 4 days (345600 seconds)
- **Max Message Size:** 256 KB
- **FIFO Queue:** False
- **SQS Managed SSE Enabled:** True
- **URL:** (known after apply)
- **ARN:** (known after apply)

### Outputs
 Error: SessionID: Timestamp:2024-12-04T08:30:59+02:00 SenderName:Bot Type:msg Message: MessageID:614948 Final:false Status:}
2024/12/04 08:30:59 chat.go:219: Sending message: {Content:The Terraform plan for creating an SQS queue named "blablabla" has been successfully generated. Here are the details:

### Changes to be Applied
- **Plan:**
  - To Add: 1
  - To Change: 0
  - To Destroy: 0

### SQS Queue Details
- **Name:** blablabla
- **Visibility Timeout:** 30 seconds
- **Message Retention Period:** 4 days (345600 seconds)
- **Max Message Size:** 256 KB
- **FIFO Queue:** False
- **SQS Managed SSE Enabled:** True
- **URL:** (known after apply)
- **ARN:** (known after apply)

### Outputs
- Error: SessionID: Timestamp:2024-12-04T08:30:59+02:00 SenderName:Bot Type:msg Message: MessageID:614948 Final:false Status:}
2024/12/04 08:30:59 chat.go:219: Sending message: {Content:The Terraform plan for creating an SQS queue named "blablabla" has been successfully generated. Here are the details:

### Changes to be Applied
- **Plan:**
  - To Add: 1
  - To Change: 0
  - To Destroy: 0

### SQS Queue Details
- **Name:** blablabla
- **Visibility Timeout:** 30 seconds
- **Message Retention Period:** 4 days (345600 seconds)
- **Max Message Size:** 256 KB
- **FIFO Queue:** False
- **SQS Managed SSE Enabled:** True
- **URL:** (known after apply)
- **ARN:** (known after apply)

### Outputs
- ** Error: SessionID: Timestamp:2024-12-04T08:30:59+02:00 SenderName:Bot Type:msg Message: MessageID:614948 Final:false Status:}
2024/12/04 08:30:59 chat.go:219: Sending message: {Content:The Terraform plan for creating an SQS queue named "blablabla" has been successfully generated. Here are the details:

### Changes to be Applied
- **Plan:**
  - To Add: 1
  - To Change: 0
  - To Destroy: 0

### SQS Queue Details
- **Name:** blablabla
- **Visibility Timeout:** 30 seconds
- **Message Retention Period:** 4 days (345600 seconds)
- **Max Message Size:** 256 KB
- **FIFO Queue:** False
- **SQS Managed SSE Enabled:** True
- **URL:** (known after apply)
- **ARN:** (known after apply)

### Outputs
- **Queue Error: SessionID: Timestamp:2024-12-04T08:30:59+02:00 SenderName:Bot Type:msg Message: MessageID:614948 Final:false Status:}
2024/12/04 08:30:59 chat.go:219: Sending message: {Content:The Terraform plan for creating an SQS queue named "blablabla" has been successfully generated. Here are the details:

### Changes to be Applied
- **Plan:**
  - To Add: 1
  - To Change: 0
  - To Destroy: 0

### SQS Queue Details
- **Name:** blablabla
- **Visibility Timeout:** 30 seconds
- **Message Retention Period:** 4 days (345600 seconds)
- **Max Message Size:** 256 KB
- **FIFO Queue:** False
- **SQS Managed SSE Enabled:** True
- **URL:** (known after apply)
- **ARN:** (known after apply)

### Outputs
- **Queue ARN Error: SessionID: Timestamp:2024-12-04T08:30:59+02:00 SenderName:Bot Type:msg Message: MessageID:614948 Final:false Status:}
2024/12/04 08:30:59 chat.go:219: Sending message: {Content:The Terraform plan for creating an SQS queue named "blablabla" has been successfully generated. Here are the details:

### Changes to be Applied
- **Plan:**
  - To Add: 1
  - To Change: 0
  - To Destroy: 0

### SQS Queue Details
- **Name:** blablabla
- **Visibility Timeout:** 30 seconds
- **Message Retention Period:** 4 days (345600 seconds)
- **Max Message Size:** 256 KB
- **FIFO Queue:** False
- **SQS Managed SSE Enabled:** True
- **URL:** (known after apply)
- **ARN:** (known after apply)

### Outputs
- **Queue ARN Static Error: SessionID: Timestamp:2024-12-04T08:30:59+02:00 SenderName:Bot Type:msg Message: MessageID:614948 Final:false Status:}
2024/12/04 08:30:59 chat.go:219: Sending message: {Content:The Terraform plan for creating an SQS queue named "blablabla" has been successfully generated. Here are the details:

### Changes to be Applied
- **Plan:**
  - To Add: 1
  - To Change: 0
  - To Destroy: 0

### SQS Queue Details
- **Name:** blablabla
- **Visibility Timeout:** 30 seconds
- **Message Retention Period:** 4 days (345600 seconds)
- **Max Message Size:** 256 KB
- **FIFO Queue:** False
- **SQS Managed SSE Enabled:** True
- **URL:** (known after apply)
- **ARN:** (known after apply)

### Outputs
- **Queue ARN Static:** Error: SessionID: Timestamp:2024-12-04T08:30:59+02:00 SenderName:Bot Type:msg Message: MessageID:614948 Final:false Status:}
2024/12/04 08:30:59 chat.go:219: Sending message: {Content:The Terraform plan for creating an SQS queue named "blablabla" has been successfully generated. Here are the details:

### Changes to be Applied
- **Plan:**
  - To Add: 1
  - To Change: 0
  - To Destroy: 0

### SQS Queue Details
- **Name:** blablabla
- **Visibility Timeout:** 30 seconds
- **Message Retention Period:** 4 days (345600 seconds)
- **Max Message Size:** 256 KB
- **FIFO Queue:** False
- **SQS Managed SSE Enabled:** True
- **URL:** (known after apply)
- **ARN:** (known after apply)

### Outputs
- **Queue ARN Static:** ` Error: SessionID: Timestamp:2024-12-04T08:30:59+02:00 SenderName:Bot Type:msg Message: MessageID:614948 Final:false Status:}
2024/12/04 08:30:59 chat.go:219: Sending message: {Content:The Terraform plan for creating an SQS queue named "blablabla" has been successfully generated. Here are the details:

### Changes to be Applied
- **Plan:**
  - To Add: 1
  - To Change: 0
  - To Destroy: 0

### SQS Queue Details
- **Name:** blablabla
- **Visibility Timeout:** 30 seconds
- **Message Retention Period:** 4 days (345600 seconds)
- **Max Message Size:** 256 KB
- **FIFO Queue:** False
- **SQS Managed SSE Enabled:** True
- **URL:** (known after apply)
- **ARN:** (known after apply)

### Outputs
- **Queue ARN Static:** `arn Error: SessionID: Timestamp:2024-12-04T08:30:59+02:00 SenderName:Bot Type:msg Message: MessageID:614948 Final:false Status:}
2024/12/04 08:30:59 chat.go:219: Sending message: {Content:The Terraform plan for creating an SQS queue named "blablabla" has been successfully generated. Here are the details:

### Changes to be Applied
- **Plan:**
  - To Add: 1
  - To Change: 0
  - To Destroy: 0

### SQS Queue Details
- **Name:** blablabla
- **Visibility Timeout:** 30 seconds
- **Message Retention Period:** 4 days (345600 seconds)
- **Max Message Size:** 256 KB
- **FIFO Queue:** False
- **SQS Managed SSE Enabled:** True
- **URL:** (known after apply)
- **ARN:** (known after apply)

### Outputs
- **Queue ARN Static:** `arn: Error: SessionID: Timestamp:2024-12-04T08:30:59+02:00 SenderName:Bot Type:msg Message: MessageID:614948 Final:false Status:}
2024/12/04 08:30:59 chat.go:219: Sending message: {Content:The Terraform plan for creating an SQS queue named "blablabla" has been successfully generated. Here are the details:

### Changes to be Applied
- **Plan:**
  - To Add: 1
  - To Change: 0
  - To Destroy: 0

### SQS Queue Details
- **Name:** blablabla
- **Visibility Timeout:** 30 seconds
- **Message Retention Period:** 4 days (345600 seconds)
- **Max Message Size:** 256 KB
- **FIFO Queue:** False
- **SQS Managed SSE Enabled:** True
- **URL:** (known after apply)
- **ARN:** (known after apply)

### Outputs
- **Queue ARN Static:** `arn:aws Error: SessionID: Timestamp:2024-12-04T08:30:59+02:00 SenderName:Bot Type:msg Message: MessageID:614948 Final:false Status:}
2024/12/04 08:30:59 chat.go:219: Sending message: {Content:The Terraform plan for creating an SQS queue named "blablabla" has been successfully generated. Here are the details:

### Changes to be Applied
- **Plan:**
  - To Add: 1
  - To Change: 0
  - To Destroy: 0

### SQS Queue Details
- **Name:** blablabla
- **Visibility Timeout:** 30 seconds
- **Message Retention Period:** 4 days (345600 seconds)
- **Max Message Size:** 256 KB
- **FIFO Queue:** False
- **SQS Managed SSE Enabled:** True
- **URL:** (known after apply)
- **ARN:** (known after apply)

### Outputs
- **Queue ARN Static:** `arn:aws:s Error: SessionID: Timestamp:2024-12-04T08:30:59+02:00 SenderName:Bot Type:msg Message: MessageID:614948 Final:false Status:}
2024/12/04 08:30:59 chat.go:219: Sending message: {Content:The Terraform plan for creating an SQS queue named "blablabla" has been successfully generated. Here are the details:

### Changes to be Applied
- **Plan:**
  - To Add: 1
  - To Change: 0
  - To Destroy: 0

### SQS Queue Details
- **Name:** blablabla
- **Visibility Timeout:** 30 seconds
- **Message Retention Period:** 4 days (345600 seconds)
- **Max Message Size:** 256 KB
- **FIFO Queue:** False
- **SQS Managed SSE Enabled:** True
- **URL:** (known after apply)
- **ARN:** (known after apply)

### Outputs
- **Queue ARN Static:** `arn:aws:sqs Error: SessionID: Timestamp:2024-12-04T08:30:59+02:00 SenderName:Bot Type:msg Message: MessageID:614948 Final:false Status:}
2024/12/04 08:30:59 chat.go:219: Sending message: {Content:The Terraform plan for creating an SQS queue named "blablabla" has been successfully generated. Here are the details:

### Changes to be Applied
- **Plan:**
  - To Add: 1
  - To Change: 0
  - To Destroy: 0

### SQS Queue Details
- **Name:** blablabla
- **Visibility Timeout:** 30 seconds
- **Message Retention Period:** 4 days (345600 seconds)
- **Max Message Size:** 256 KB
- **FIFO Queue:** False
- **SQS Managed SSE Enabled:** True
- **URL:** (known after apply)
- **ARN:** (known after apply)

### Outputs
- **Queue ARN Static:** `arn:aws:sqs: Error: SessionID: Timestamp:2024-12-04T08:30:59+02:00 SenderName:Bot Type:msg Message: MessageID:614948 Final:false Status:}
2024/12/04 08:30:59 chat.go:219: Sending message: {Content:The Terraform plan for creating an SQS queue named "blablabla" has been successfully generated. Here are the details:

### Changes to be Applied
- **Plan:**
  - To Add: 1
  - To Change: 0
  - To Destroy: 0

### SQS Queue Details
- **Name:** blablabla
- **Visibility Timeout:** 30 seconds
- **Message Retention Period:** 4 days (345600 seconds)
- **Max Message Size:** 256 KB
- **FIFO Queue:** False
- **SQS Managed SSE Enabled:** True
- **URL:** (known after apply)
- **ARN:** (known after apply)

### Outputs
- **Queue ARN Static:** `arn:aws:sqs:us Error: SessionID: Timestamp:2024-12-04T08:30:59+02:00 SenderName:Bot Type:msg Message: MessageID:614948 Final:false Status:}
2024/12/04 08:30:59 chat.go:219: Sending message: {Content:The Terraform plan for creating an SQS queue named "blablabla" has been successfully generated. Here are the details:

### Changes to be Applied
- **Plan:**
  - To Add: 1
  - To Change: 0
  - To Destroy: 0

### SQS Queue Details
- **Name:** blablabla
- **Visibility Timeout:** 30 seconds
- **Message Retention Period:** 4 days (345600 seconds)
- **Max Message Size:** 256 KB
- **FIFO Queue:** False
- **SQS Managed SSE Enabled:** True
- **URL:** (known after apply)
- **ARN:** (known after apply)

### Outputs
- **Queue ARN Static:** `arn:aws:sqs:us-east Error: SessionID: Timestamp:2024-12-04T08:30:59+02:00 SenderName:Bot Type:msg Message: MessageID:614948 Final:false Status:}
2024/12/04 08:30:59 chat.go:219: Sending message: {Content:The Terraform plan for creating an SQS queue named "blablabla" has been successfully generated. Here are the details:

### Changes to be Applied
- **Plan:**
  - To Add: 1
  - To Change: 0
  - To Destroy: 0

### SQS Queue Details
- **Name:** blablabla
- **Visibility Timeout:** 30 seconds
- **Message Retention Period:** 4 days (345600 seconds)
- **Max Message Size:** 256 KB
- **FIFO Queue:** False
- **SQS Managed SSE Enabled:** True
- **URL:** (known after apply)
- **ARN:** (known after apply)

### Outputs
- **Queue ARN Static:** `arn:aws:sqs:us-east- Error: SessionID: Timestamp:2024-12-04T08:30:59+02:00 SenderName:Bot Type:msg Message: MessageID:614948 Final:false Status:}
2024/12/04 08:30:59 chat.go:219: Sending message: {Content:The Terraform plan for creating an SQS queue named "blablabla" has been successfully generated. Here are the details:

### Changes to be Applied
- **Plan:**
  - To Add: 1
  - To Change: 0
  - To Destroy: 0

### SQS Queue Details
- **Name:** blablabla
- **Visibility Timeout:** 30 seconds
- **Message Retention Period:** 4 days (345600 seconds)
- **Max Message Size:** 256 KB
- **FIFO Queue:** False
- **SQS Managed SSE Enabled:** True
- **URL:** (known after apply)
- **ARN:** (known after apply)

### Outputs
- **Queue ARN Static:** `arn:aws:sqs:us-east-1 Error: SessionID: Timestamp:2024-12-04T08:30:59+02:00 SenderName:Bot Type:msg Message: MessageID:614948 Final:false Status:}
2024/12/04 08:30:59 chat.go:219: Sending message: {Content:The Terraform plan for creating an SQS queue named "blablabla" has been successfully generated. Here are the details:

### Changes to be Applied
- **Plan:**
  - To Add: 1
  - To Change: 0
  - To Destroy: 0

### SQS Queue Details
- **Name:** blablabla
- **Visibility Timeout:** 30 seconds
- **Message Retention Period:** 4 days (345600 seconds)
- **Max Message Size:** 256 KB
- **FIFO Queue:** False
- **SQS Managed SSE Enabled:** True
- **URL:** (known after apply)
- **ARN:** (known after apply)

### Outputs
- **Queue ARN Static:** `arn:aws:sqs:us-east-1: Error: SessionID: Timestamp:2024-12-04T08:30:59+02:00 SenderName:Bot Type:msg Message: MessageID:614948 Final:false Status:}
2024/12/04 08:30:59 chat.go:219: Sending message: {Content:The Terraform plan for creating an SQS queue named "blablabla" has been successfully generated. Here are the details:

### Changes to be Applied
- **Plan:**
  - To Add: 1
  - To Change: 0
  - To Destroy: 0

### SQS Queue Details
- **Name:** blablabla
- **Visibility Timeout:** 30 seconds
- **Message Retention Period:** 4 days (345600 seconds)
- **Max Message Size:** 256 KB
- **FIFO Queue:** False
- **SQS Managed SSE Enabled:** True
- **URL:** (known after apply)
- **ARN:** (known after apply)

### Outputs
- **Queue ARN Static:** `arn:aws:sqs:us-east-1:564 Error: SessionID: Timestamp:2024-12-04T08:30:59+02:00 SenderName:Bot Type:msg Message: MessageID:614948 Final:false Status:}
2024/12/04 08:30:59 chat.go:219: Sending message: {Content:The Terraform plan for creating an SQS queue named "blablabla" has been successfully generated. Here are the details:

### Changes to be Applied
- **Plan:**
  - To Add: 1
  - To Change: 0
  - To Destroy: 0

### SQS Queue Details
- **Name:** blablabla
- **Visibility Timeout:** 30 seconds
- **Message Retention Period:** 4 days (345600 seconds)
- **Max Message Size:** 256 KB
- **FIFO Queue:** False
- **SQS Managed SSE Enabled:** True
- **URL:** (known after apply)
- **ARN:** (known after apply)

### Outputs
- **Queue ARN Static:** `arn:aws:sqs:us-east-1:564407 Error: SessionID: Timestamp:2024-12-04T08:30:59+02:00 SenderName:Bot Type:msg Message: MessageID:614948 Final:false Status:}
2024/12/04 08:30:59 chat.go:219: Sending message: {Content:The Terraform plan for creating an SQS queue named "blablabla" has been successfully generated. Here are the details:

### Changes to be Applied
- **Plan:**
  - To Add: 1
  - To Change: 0
  - To Destroy: 0

### SQS Queue Details
- **Name:** blablabla
- **Visibility Timeout:** 30 seconds
- **Message Retention Period:** 4 days (345600 seconds)
- **Max Message Size:** 256 KB
- **FIFO Queue:** False
- **SQS Managed SSE Enabled:** True
- **URL:** (known after apply)
- **ARN:** (known after apply)

### Outputs
- **Queue ARN Static:** `arn:aws:sqs:us-east-1:564407622 Error: SessionID: Timestamp:2024-12-04T08:30:59+02:00 SenderName:Bot Type:msg Message: MessageID:614948 Final:false Status:}
2024/12/04 08:30:59 chat.go:219: Sending message: {Content:The Terraform plan for creating an SQS queue named "blablabla" has been successfully generated. Here are the details:

### Changes to be Applied
- **Plan:**
  - To Add: 1
  - To Change: 0
  - To Destroy: 0

### SQS Queue Details
- **Name:** blablabla
- **Visibility Timeout:** 30 seconds
- **Message Retention Period:** 4 days (345600 seconds)
- **Max Message Size:** 256 KB
- **FIFO Queue:** False
- **SQS Managed SSE Enabled:** True
- **URL:** (known after apply)
- **ARN:** (known after apply)

### Outputs
- **Queue ARN Static:** `arn:aws:sqs:us-east-1:564407622114 Error: SessionID: Timestamp:2024-12-04T08:30:59+02:00 SenderName:Bot Type:msg Message: MessageID:614948 Final:false Status:}
2024/12/04 08:30:59 chat.go:219: Sending message: {Content:The Terraform plan for creating an SQS queue named "blablabla" has been successfully generated. Here are the details:

### Changes to be Applied
- **Plan:**
  - To Add: 1
  - To Change: 0
  - To Destroy: 0

### SQS Queue Details
- **Name:** blablabla
- **Visibility Timeout:** 30 seconds
- **Message Retention Period:** 4 days (345600 seconds)
- **Max Message Size:** 256 KB
- **FIFO Queue:** False
- **SQS Managed SSE Enabled:** True
- **URL:** (known after apply)
- **ARN:** (known after apply)

### Outputs
- **Queue ARN Static:** `arn:aws:sqs:us-east-1:564407622114: Error: SessionID: Timestamp:2024-12-04T08:30:59+02:00 SenderName:Bot Type:msg Message: MessageID:614948 Final:false Status:}
2024/12/04 08:30:59 chat.go:219: Sending message: {Content:The Terraform plan for creating an SQS queue named "blablabla" has been successfully generated. Here are the details:

### Changes to be Applied
- **Plan:**
  - To Add: 1
  - To Change: 0
  - To Destroy: 0

### SQS Queue Details
- **Name:** blablabla
- **Visibility Timeout:** 30 seconds
- **Message Retention Period:** 4 days (345600 seconds)
- **Max Message Size:** 256 KB
- **FIFO Queue:** False
- **SQS Managed SSE Enabled:** True
- **URL:** (known after apply)
- **ARN:** (known after apply)

### Outputs
- **Queue ARN Static:** `arn:aws:sqs:us-east-1:564407622114:bl Error: SessionID: Timestamp:2024-12-04T08:30:59+02:00 SenderName:Bot Type:msg Message: MessageID:614948 Final:false Status:}
2024/12/04 08:30:59 chat.go:219: Sending message: {Content:The Terraform plan for creating an SQS queue named "blablabla" has been successfully generated. Here are the details:

### Changes to be Applied
- **Plan:**
  - To Add: 1
  - To Change: 0
  - To Destroy: 0

### SQS Queue Details
- **Name:** blablabla
- **Visibility Timeout:** 30 seconds
- **Message Retention Period:** 4 days (345600 seconds)
- **Max Message Size:** 256 KB
- **FIFO Queue:** False
- **SQS Managed SSE Enabled:** True
- **URL:** (known after apply)
- **ARN:** (known after apply)

### Outputs
- **Queue ARN Static:** `arn:aws:sqs:us-east-1:564407622114:blabl Error: SessionID: Timestamp:2024-12-04T08:30:59+02:00 SenderName:Bot Type:msg Message: MessageID:614948 Final:false Status:}
2024/12/04 08:30:59 chat.go:219: Sending message: {Content:The Terraform plan for creating an SQS queue named "blablabla" has been successfully generated. Here are the details:

### Changes to be Applied
- **Plan:**
  - To Add: 1
  - To Change: 0
  - To Destroy: 0

### SQS Queue Details
- **Name:** blablabla
- **Visibility Timeout:** 30 seconds
- **Message Retention Period:** 4 days (345600 seconds)
- **Max Message Size:** 256 KB
- **FIFO Queue:** False
- **SQS Managed SSE Enabled:** True
- **URL:** (known after apply)
- **ARN:** (known after apply)

### Outputs
- **Queue ARN Static:** `arn:aws:sqs:us-east-1:564407622114:blablabla Error: SessionID: Timestamp:2024-12-04T08:30:59+02:00 SenderName:Bot Type:msg Message: MessageID:614948 Final:false Status:}
2024/12/04 08:30:59 chat.go:219: Sending message: {Content:The Terraform plan for creating an SQS queue named "blablabla" has been successfully generated. Here are the details:

### Changes to be Applied
- **Plan:**
  - To Add: 1
  - To Change: 0
  - To Destroy: 0

### SQS Queue Details
- **Name:** blablabla
- **Visibility Timeout:** 30 seconds
- **Message Retention Period:** 4 days (345600 seconds)
- **Max Message Size:** 256 KB
- **FIFO Queue:** False
- **SQS Managed SSE Enabled:** True
- **URL:** (known after apply)
- **ARN:** (known after apply)

### Outputs
- **Queue ARN Static:** `arn:aws:sqs:us-east-1:564407622114:blablabla`
 Error: SessionID: Timestamp:2024-12-04T08:30:59+02:00 SenderName:Bot Type:msg Message: MessageID:614948 Final:false Status:}
2024/12/04 08:30:59 chat.go:219: Sending message: {Content:The Terraform plan for creating an SQS queue named "blablabla" has been successfully generated. Here are the details:

### Changes to be Applied
- **Plan:**
  - To Add: 1
  - To Change: 0
  - To Destroy: 0

### SQS Queue Details
- **Name:** blablabla
- **Visibility Timeout:** 30 seconds
- **Message Retention Period:** 4 days (345600 seconds)
- **Max Message Size:** 256 KB
- **FIFO Queue:** False
- **SQS Managed SSE Enabled:** True
- **URL:** (known after apply)
- **ARN:** (known after apply)

### Outputs
- **Queue ARN Static:** `arn:aws:sqs:us-east-1:564407622114:blablabla`
- Error: SessionID: Timestamp:2024-12-04T08:30:59+02:00 SenderName:Bot Type:msg Message: MessageID:614948 Final:false Status:}
2024/12/04 08:30:59 chat.go:219: Sending message: {Content:The Terraform plan for creating an SQS queue named "blablabla" has been successfully generated. Here are the details:

### Changes to be Applied
- **Plan:**
  - To Add: 1
  - To Change: 0
  - To Destroy: 0

### SQS Queue Details
- **Name:** blablabla
- **Visibility Timeout:** 30 seconds
- **Message Retention Period:** 4 days (345600 seconds)
- **Max Message Size:** 256 KB
- **FIFO Queue:** False
- **SQS Managed SSE Enabled:** True
- **URL:** (known after apply)
- **ARN:** (known after apply)

### Outputs
- **Queue ARN Static:** `arn:aws:sqs:us-east-1:564407622114:blablabla`
- ** Error: SessionID: Timestamp:2024-12-04T08:30:59+02:00 SenderName:Bot Type:msg Message: MessageID:614948 Final:false Status:}
2024/12/04 08:30:59 chat.go:219: Sending message: {Content:The Terraform plan for creating an SQS queue named "blablabla" has been successfully generated. Here are the details:

### Changes to be Applied
- **Plan:**
  - To Add: 1
  - To Change: 0
  - To Destroy: 0

### SQS Queue Details
- **Name:** blablabla
- **Visibility Timeout:** 30 seconds
- **Message Retention Period:** 4 days (345600 seconds)
- **Max Message Size:** 256 KB
- **FIFO Queue:** False
- **SQS Managed SSE Enabled:** True
- **URL:** (known after apply)
- **ARN:** (known after apply)

### Outputs
- **Queue ARN Static:** `arn:aws:sqs:us-east-1:564407622114:blablabla`
- **Queue Error: SessionID: Timestamp:2024-12-04T08:30:59+02:00 SenderName:Bot Type:msg Message: MessageID:614948 Final:false Status:}
2024/12/04 08:30:59 chat.go:219: Sending message: {Content:The Terraform plan for creating an SQS queue named "blablabla" has been successfully generated. Here are the details:

### Changes to be Applied
- **Plan:**
  - To Add: 1
  - To Change: 0
  - To Destroy: 0

### SQS Queue Details
- **Name:** blablabla
- **Visibility Timeout:** 30 seconds
- **Message Retention Period:** 4 days (345600 seconds)
- **Max Message Size:** 256 KB
- **FIFO Queue:** False
- **SQS Managed SSE Enabled:** True
- **URL:** (known after apply)
- **ARN:** (known after apply)

### Outputs
- **Queue ARN Static:** `arn:aws:sqs:us-east-1:564407622114:blablabla`
- **Queue Name Error: SessionID: Timestamp:2024-12-04T08:30:59+02:00 SenderName:Bot Type:msg Message: MessageID:614948 Final:false Status:}
2024/12/04 08:30:59 chat.go:219: Sending message: {Content:The Terraform plan for creating an SQS queue named "blablabla" has been successfully generated. Here are the details:

### Changes to be Applied
- **Plan:**
  - To Add: 1
  - To Change: 0
  - To Destroy: 0

### SQS Queue Details
- **Name:** blablabla
- **Visibility Timeout:** 30 seconds
- **Message Retention Period:** 4 days (345600 seconds)
- **Max Message Size:** 256 KB
- **FIFO Queue:** False
- **SQS Managed SSE Enabled:** True
- **URL:** (known after apply)
- **ARN:** (known after apply)

### Outputs
- **Queue ARN Static:** `arn:aws:sqs:us-east-1:564407622114:blablabla`
- **Queue Name:** Error: SessionID: Timestamp:2024-12-04T08:30:59+02:00 SenderName:Bot Type:msg Message: MessageID:614948 Final:false Status:}
2024/12/04 08:30:59 chat.go:219: Sending message: {Content:The Terraform plan for creating an SQS queue named "blablabla" has been successfully generated. Here are the details:

### Changes to be Applied
- **Plan:**
  - To Add: 1
  - To Change: 0
  - To Destroy: 0

### SQS Queue Details
- **Name:** blablabla
- **Visibility Timeout:** 30 seconds
- **Message Retention Period:** 4 days (345600 seconds)
- **Max Message Size:** 256 KB
- **FIFO Queue:** False
- **SQS Managed SSE Enabled:** True
- **URL:** (known after apply)
- **ARN:** (known after apply)

### Outputs
- **Queue ARN Static:** `arn:aws:sqs:us-east-1:564407622114:blablabla`
- **Queue Name:** bl Error: SessionID: Timestamp:2024-12-04T08:30:59+02:00 SenderName:Bot Type:msg Message: MessageID:614948 Final:false Status:}
2024/12/04 08:30:59 chat.go:219: Sending message: {Content:The Terraform plan for creating an SQS queue named "blablabla" has been successfully generated. Here are the details:

### Changes to be Applied
- **Plan:**
  - To Add: 1
  - To Change: 0
  - To Destroy: 0

### SQS Queue Details
- **Name:** blablabla
- **Visibility Timeout:** 30 seconds
- **Message Retention Period:** 4 days (345600 seconds)
- **Max Message Size:** 256 KB
- **FIFO Queue:** False
- **SQS Managed SSE Enabled:** True
- **URL:** (known after apply)
- **ARN:** (known after apply)

### Outputs
- **Queue ARN Static:** `arn:aws:sqs:us-east-1:564407622114:blablabla`
- **Queue Name:** blabl Error: SessionID: Timestamp:2024-12-04T08:30:59+02:00 SenderName:Bot Type:msg Message: MessageID:614948 Final:false Status:}
2024/12/04 08:30:59 chat.go:219: Sending message: {Content:The Terraform plan for creating an SQS queue named "blablabla" has been successfully generated. Here are the details:

### Changes to be Applied
- **Plan:**
  - To Add: 1
  - To Change: 0
  - To Destroy: 0

### SQS Queue Details
- **Name:** blablabla
- **Visibility Timeout:** 30 seconds
- **Message Retention Period:** 4 days (345600 seconds)
- **Max Message Size:** 256 KB
- **FIFO Queue:** False
- **SQS Managed SSE Enabled:** True
- **URL:** (known after apply)
- **ARN:** (known after apply)

### Outputs
- **Queue ARN Static:** `arn:aws:sqs:us-east-1:564407622114:blablabla`
- **Queue Name:** blablabla Error: SessionID: Timestamp:2024-12-04T08:30:59+02:00 SenderName:Bot Type:msg Message: MessageID:614948 Final:false Status:}
2024/12/04 08:31:00 chat.go:219: Sending message: {Content:The Terraform plan for creating an SQS queue named "blablabla" has been successfully generated. Here are the details:

### Changes to be Applied
- **Plan:**
  - To Add: 1
  - To Change: 0
  - To Destroy: 0

### SQS Queue Details
- **Name:** blablabla
- **Visibility Timeout:** 30 seconds
- **Message Retention Period:** 4 days (345600 seconds)
- **Max Message Size:** 256 KB
- **FIFO Queue:** False
- **SQS Managed SSE Enabled:** True
- **URL:** (known after apply)
- **ARN:** (known after apply)

### Outputs
- **Queue ARN Static:** `arn:aws:sqs:us-east-1:564407622114:blablabla`
- **Queue Name:** blablabla
 Error: SessionID: Timestamp:2024-12-04T08:31:00+02:00 SenderName:Bot Type:msg Message: MessageID:614948 Final:false Status:}
2024/12/04 08:31:00 chat.go:219: Sending message: {Content:The Terraform plan for creating an SQS queue named "blablabla" has been successfully generated. Here are the details:

### Changes to be Applied
- **Plan:**
  - To Add: 1
  - To Change: 0
  - To Destroy: 0

### SQS Queue Details
- **Name:** blablabla
- **Visibility Timeout:** 30 seconds
- **Message Retention Period:** 4 days (345600 seconds)
- **Max Message Size:** 256 KB
- **FIFO Queue:** False
- **SQS Managed SSE Enabled:** True
- **URL:** (known after apply)
- **ARN:** (known after apply)

### Outputs
- **Queue ARN Static:** `arn:aws:sqs:us-east-1:564407622114:blablabla`
- **Queue Name:** blablabla
- Error: SessionID: Timestamp:2024-12-04T08:31:00+02:00 SenderName:Bot Type:msg Message: MessageID:614948 Final:false Status:}
2024/12/04 08:31:00 chat.go:219: Sending message: {Content:The Terraform plan for creating an SQS queue named "blablabla" has been successfully generated. Here are the details:

### Changes to be Applied
- **Plan:**
  - To Add: 1
  - To Change: 0
  - To Destroy: 0

### SQS Queue Details
- **Name:** blablabla
- **Visibility Timeout:** 30 seconds
- **Message Retention Period:** 4 days (345600 seconds)
- **Max Message Size:** 256 KB
- **FIFO Queue:** False
- **SQS Managed SSE Enabled:** True
- **URL:** (known after apply)
- **ARN:** (known after apply)

### Outputs
- **Queue ARN Static:** `arn:aws:sqs:us-east-1:564407622114:blablabla`
- **Queue Name:** blablabla
- ** Error: SessionID: Timestamp:2024-12-04T08:31:00+02:00 SenderName:Bot Type:msg Message: MessageID:614948 Final:false Status:}
2024/12/04 08:31:00 chat.go:219: Sending message: {Content:The Terraform plan for creating an SQS queue named "blablabla" has been successfully generated. Here are the details:

### Changes to be Applied
- **Plan:**
  - To Add: 1
  - To Change: 0
  - To Destroy: 0

### SQS Queue Details
- **Name:** blablabla
- **Visibility Timeout:** 30 seconds
- **Message Retention Period:** 4 days (345600 seconds)
- **Max Message Size:** 256 KB
- **FIFO Queue:** False
- **SQS Managed SSE Enabled:** True
- **URL:** (known after apply)
- **ARN:** (known after apply)

### Outputs
- **Queue ARN Static:** `arn:aws:sqs:us-east-1:564407622114:blablabla`
- **Queue Name:** blablabla
- **Queue Error: SessionID: Timestamp:2024-12-04T08:31:00+02:00 SenderName:Bot Type:msg Message: MessageID:614948 Final:false Status:}
2024/12/04 08:31:00 chat.go:219: Sending message: {Content:The Terraform plan for creating an SQS queue named "blablabla" has been successfully generated. Here are the details:

### Changes to be Applied
- **Plan:**
  - To Add: 1
  - To Change: 0
  - To Destroy: 0

### SQS Queue Details
- **Name:** blablabla
- **Visibility Timeout:** 30 seconds
- **Message Retention Period:** 4 days (345600 seconds)
- **Max Message Size:** 256 KB
- **FIFO Queue:** False
- **SQS Managed SSE Enabled:** True
- **URL:** (known after apply)
- **ARN:** (known after apply)

### Outputs
- **Queue ARN Static:** `arn:aws:sqs:us-east-1:564407622114:blablabla`
- **Queue Name:** blablabla
- **Queue URL Error: SessionID: Timestamp:2024-12-04T08:31:00+02:00 SenderName:Bot Type:msg Message: MessageID:614948 Final:false Status:}
2024/12/04 08:31:00 chat.go:219: Sending message: {Content:The Terraform plan for creating an SQS queue named "blablabla" has been successfully generated. Here are the details:

### Changes to be Applied
- **Plan:**
  - To Add: 1
  - To Change: 0
  - To Destroy: 0

### SQS Queue Details
- **Name:** blablabla
- **Visibility Timeout:** 30 seconds
- **Message Retention Period:** 4 days (345600 seconds)
- **Max Message Size:** 256 KB
- **FIFO Queue:** False
- **SQS Managed SSE Enabled:** True
- **URL:** (known after apply)
- **ARN:** (known after apply)

### Outputs
- **Queue ARN Static:** `arn:aws:sqs:us-east-1:564407622114:blablabla`
- **Queue Name:** blablabla
- **Queue URL:** Error: SessionID: Timestamp:2024-12-04T08:31:00+02:00 SenderName:Bot Type:msg Message: MessageID:614948 Final:false Status:}
2024/12/04 08:31:00 chat.go:219: Sending message: {Content:The Terraform plan for creating an SQS queue named "blablabla" has been successfully generated. Here are the details:

### Changes to be Applied
- **Plan:**
  - To Add: 1
  - To Change: 0
  - To Destroy: 0

### SQS Queue Details
- **Name:** blablabla
- **Visibility Timeout:** 30 seconds
- **Message Retention Period:** 4 days (345600 seconds)
- **Max Message Size:** 256 KB
- **FIFO Queue:** False
- **SQS Managed SSE Enabled:** True
- **URL:** (known after apply)
- **ARN:** (known after apply)

### Outputs
- **Queue ARN Static:** `arn:aws:sqs:us-east-1:564407622114:blablabla`
- **Queue Name:** blablabla
- **Queue URL:** ( Error: SessionID: Timestamp:2024-12-04T08:31:00+02:00 SenderName:Bot Type:msg Message: MessageID:614948 Final:false Status:}
2024/12/04 08:31:00 chat.go:219: Sending message: {Content:The Terraform plan for creating an SQS queue named "blablabla" has been successfully generated. Here are the details:

### Changes to be Applied
- **Plan:**
  - To Add: 1
  - To Change: 0
  - To Destroy: 0

### SQS Queue Details
- **Name:** blablabla
- **Visibility Timeout:** 30 seconds
- **Message Retention Period:** 4 days (345600 seconds)
- **Max Message Size:** 256 KB
- **FIFO Queue:** False
- **SQS Managed SSE Enabled:** True
- **URL:** (known after apply)
- **ARN:** (known after apply)

### Outputs
- **Queue ARN Static:** `arn:aws:sqs:us-east-1:564407622114:blablabla`
- **Queue Name:** blablabla
- **Queue URL:** (known Error: SessionID: Timestamp:2024-12-04T08:31:00+02:00 SenderName:Bot Type:msg Message: MessageID:614948 Final:false Status:}
2024/12/04 08:31:00 chat.go:219: Sending message: {Content:The Terraform plan for creating an SQS queue named "blablabla" has been successfully generated. Here are the details:

### Changes to be Applied
- **Plan:**
  - To Add: 1
  - To Change: 0
  - To Destroy: 0

### SQS Queue Details
- **Name:** blablabla
- **Visibility Timeout:** 30 seconds
- **Message Retention Period:** 4 days (345600 seconds)
- **Max Message Size:** 256 KB
- **FIFO Queue:** False
- **SQS Managed SSE Enabled:** True
- **URL:** (known after apply)
- **ARN:** (known after apply)

### Outputs
- **Queue ARN Static:** `arn:aws:sqs:us-east-1:564407622114:blablabla`
- **Queue Name:** blablabla
- **Queue URL:** (known after Error: SessionID: Timestamp:2024-12-04T08:31:00+02:00 SenderName:Bot Type:msg Message: MessageID:614948 Final:false Status:}
2024/12/04 08:31:00 chat.go:219: Sending message: {Content:The Terraform plan for creating an SQS queue named "blablabla" has been successfully generated. Here are the details:

### Changes to be Applied
- **Plan:**
  - To Add: 1
  - To Change: 0
  - To Destroy: 0

### SQS Queue Details
- **Name:** blablabla
- **Visibility Timeout:** 30 seconds
- **Message Retention Period:** 4 days (345600 seconds)
- **Max Message Size:** 256 KB
- **FIFO Queue:** False
- **SQS Managed SSE Enabled:** True
- **URL:** (known after apply)
- **ARN:** (known after apply)

### Outputs
- **Queue ARN Static:** `arn:aws:sqs:us-east-1:564407622114:blablabla`
- **Queue Name:** blablabla
- **Queue URL:** (known after apply Error: SessionID: Timestamp:2024-12-04T08:31:00+02:00 SenderName:Bot Type:msg Message: MessageID:614948 Final:false Status:}
2024/12/04 08:31:00 chat.go:219: Sending message: {Content:The Terraform plan for creating an SQS queue named "blablabla" has been successfully generated. Here are the details:

### Changes to be Applied
- **Plan:**
  - To Add: 1
  - To Change: 0
  - To Destroy: 0

### SQS Queue Details
- **Name:** blablabla
- **Visibility Timeout:** 30 seconds
- **Message Retention Period:** 4 days (345600 seconds)
- **Max Message Size:** 256 KB
- **FIFO Queue:** False
- **SQS Managed SSE Enabled:** True
- **URL:** (known after apply)
- **ARN:** (known after apply)

### Outputs
- **Queue ARN Static:** `arn:aws:sqs:us-east-1:564407622114:blablabla`
- **Queue Name:** blablabla
- **Queue URL:** (known after apply)

 Error: SessionID: Timestamp:2024-12-04T08:31:00+02:00 SenderName:Bot Type:msg Message: MessageID:614948 Final:false Status:}
2024/12/04 08:31:00 chat.go:219: Sending message: {Content:The Terraform plan for creating an SQS queue named "blablabla" has been successfully generated. Here are the details:

### Changes to be Applied
- **Plan:**
  - To Add: 1
  - To Change: 0
  - To Destroy: 0

### SQS Queue Details
- **Name:** blablabla
- **Visibility Timeout:** 30 seconds
- **Message Retention Period:** 4 days (345600 seconds)
- **Max Message Size:** 256 KB
- **FIFO Queue:** False
- **SQS Managed SSE Enabled:** True
- **URL:** (known after apply)
- **ARN:** (known after apply)

### Outputs
- **Queue ARN Static:** `arn:aws:sqs:us-east-1:564407622114:blablabla`
- **Queue Name:** blablabla
- **Queue URL:** (known after apply)

Would Error: SessionID: Timestamp:2024-12-04T08:31:00+02:00 SenderName:Bot Type:msg Message: MessageID:614948 Final:false Status:}
2024/12/04 08:31:00 chat.go:219: Sending message: {Content:The Terraform plan for creating an SQS queue named "blablabla" has been successfully generated. Here are the details:

### Changes to be Applied
- **Plan:**
  - To Add: 1
  - To Change: 0
  - To Destroy: 0

### SQS Queue Details
- **Name:** blablabla
- **Visibility Timeout:** 30 seconds
- **Message Retention Period:** 4 days (345600 seconds)
- **Max Message Size:** 256 KB
- **FIFO Queue:** False
- **SQS Managed SSE Enabled:** True
- **URL:** (known after apply)
- **ARN:** (known after apply)

### Outputs
- **Queue ARN Static:** `arn:aws:sqs:us-east-1:564407622114:blablabla`
- **Queue Name:** blablabla
- **Queue URL:** (known after apply)

Would you Error: SessionID: Timestamp:2024-12-04T08:31:00+02:00 SenderName:Bot Type:msg Message: MessageID:614948 Final:false Status:}
2024/12/04 08:31:00 chat.go:219: Sending message: {Content:The Terraform plan for creating an SQS queue named "blablabla" has been successfully generated. Here are the details:

### Changes to be Applied
- **Plan:**
  - To Add: 1
  - To Change: 0
  - To Destroy: 0

### SQS Queue Details
- **Name:** blablabla
- **Visibility Timeout:** 30 seconds
- **Message Retention Period:** 4 days (345600 seconds)
- **Max Message Size:** 256 KB
- **FIFO Queue:** False
- **SQS Managed SSE Enabled:** True
- **URL:** (known after apply)
- **ARN:** (known after apply)

### Outputs
- **Queue ARN Static:** `arn:aws:sqs:us-east-1:564407622114:blablabla`
- **Queue Name:** blablabla
- **Queue URL:** (known after apply)

Would you like Error: SessionID: Timestamp:2024-12-04T08:31:00+02:00 SenderName:Bot Type:msg Message: MessageID:614948 Final:false Status:}
2024/12/04 08:31:00 chat.go:219: Sending message: {Content:The Terraform plan for creating an SQS queue named "blablabla" has been successfully generated. Here are the details:

### Changes to be Applied
- **Plan:**
  - To Add: 1
  - To Change: 0
  - To Destroy: 0

### SQS Queue Details
- **Name:** blablabla
- **Visibility Timeout:** 30 seconds
- **Message Retention Period:** 4 days (345600 seconds)
- **Max Message Size:** 256 KB
- **FIFO Queue:** False
- **SQS Managed SSE Enabled:** True
- **URL:** (known after apply)
- **ARN:** (known after apply)

### Outputs
- **Queue ARN Static:** `arn:aws:sqs:us-east-1:564407622114:blablabla`
- **Queue Name:** blablabla
- **Queue URL:** (known after apply)

Would you like to Error: SessionID: Timestamp:2024-12-04T08:31:00+02:00 SenderName:Bot Type:msg Message: MessageID:614948 Final:false Status:}
2024/12/04 08:31:00 chat.go:219: Sending message: {Content:The Terraform plan for creating an SQS queue named "blablabla" has been successfully generated. Here are the details:

### Changes to be Applied
- **Plan:**
  - To Add: 1
  - To Change: 0
  - To Destroy: 0

### SQS Queue Details
- **Name:** blablabla
- **Visibility Timeout:** 30 seconds
- **Message Retention Period:** 4 days (345600 seconds)
- **Max Message Size:** 256 KB
- **FIFO Queue:** False
- **SQS Managed SSE Enabled:** True
- **URL:** (known after apply)
- **ARN:** (known after apply)

### Outputs
- **Queue ARN Static:** `arn:aws:sqs:us-east-1:564407622114:blablabla`
- **Queue Name:** blablabla
- **Queue URL:** (known after apply)

Would you like to apply Error: SessionID: Timestamp:2024-12-04T08:31:00+02:00 SenderName:Bot Type:msg Message: MessageID:614948 Final:false Status:}
2024/12/04 08:31:00 chat.go:219: Sending message: {Content:The Terraform plan for creating an SQS queue named "blablabla" has been successfully generated. Here are the details:

### Changes to be Applied
- **Plan:**
  - To Add: 1
  - To Change: 0
  - To Destroy: 0

### SQS Queue Details
- **Name:** blablabla
- **Visibility Timeout:** 30 seconds
- **Message Retention Period:** 4 days (345600 seconds)
- **Max Message Size:** 256 KB
- **FIFO Queue:** False
- **SQS Managed SSE Enabled:** True
- **URL:** (known after apply)
- **ARN:** (known after apply)

### Outputs
- **Queue ARN Static:** `arn:aws:sqs:us-east-1:564407622114:blablabla`
- **Queue Name:** blablabla
- **Queue URL:** (known after apply)

Would you like to apply this Error: SessionID: Timestamp:2024-12-04T08:31:00+02:00 SenderName:Bot Type:msg Message: MessageID:614948 Final:false Status:}
2024/12/04 08:31:00 chat.go:219: Sending message: {Content:The Terraform plan for creating an SQS queue named "blablabla" has been successfully generated. Here are the details:

### Changes to be Applied
- **Plan:**
  - To Add: 1
  - To Change: 0
  - To Destroy: 0

### SQS Queue Details
- **Name:** blablabla
- **Visibility Timeout:** 30 seconds
- **Message Retention Period:** 4 days (345600 seconds)
- **Max Message Size:** 256 KB
- **FIFO Queue:** False
- **SQS Managed SSE Enabled:** True
- **URL:** (known after apply)
- **ARN:** (known after apply)

### Outputs
- **Queue ARN Static:** `arn:aws:sqs:us-east-1:564407622114:blablabla`
- **Queue Name:** blablabla
- **Queue URL:** (known after apply)

Would you like to apply this plan Error: SessionID: Timestamp:2024-12-04T08:31:00+02:00 SenderName:Bot Type:msg Message: MessageID:614948 Final:false Status:}
2024/12/04 08:31:00 chat.go:219: Sending message: {Content:The Terraform plan for creating an SQS queue named "blablabla" has been successfully generated. Here are the details:

### Changes to be Applied
- **Plan:**
  - To Add: 1
  - To Change: 0
  - To Destroy: 0

### SQS Queue Details
- **Name:** blablabla
- **Visibility Timeout:** 30 seconds
- **Message Retention Period:** 4 days (345600 seconds)
- **Max Message Size:** 256 KB
- **FIFO Queue:** False
- **SQS Managed SSE Enabled:** True
- **URL:** (known after apply)
- **ARN:** (known after apply)

### Outputs
- **Queue ARN Static:** `arn:aws:sqs:us-east-1:564407622114:blablabla`
- **Queue Name:** blablabla
- **Queue URL:** (known after apply)

Would you like to apply this plan or Error: SessionID: Timestamp:2024-12-04T08:31:00+02:00 SenderName:Bot Type:msg Message: MessageID:614948 Final:false Status:}
2024/12/04 08:31:00 chat.go:219: Sending message: {Content:The Terraform plan for creating an SQS queue named "blablabla" has been successfully generated. Here are the details:

### Changes to be Applied
- **Plan:**
  - To Add: 1
  - To Change: 0
  - To Destroy: 0

### SQS Queue Details
- **Name:** blablabla
- **Visibility Timeout:** 30 seconds
- **Message Retention Period:** 4 days (345600 seconds)
- **Max Message Size:** 256 KB
- **FIFO Queue:** False
- **SQS Managed SSE Enabled:** True
- **URL:** (known after apply)
- **ARN:** (known after apply)

### Outputs
- **Queue ARN Static:** `arn:aws:sqs:us-east-1:564407622114:blablabla`
- **Queue Name:** blablabla
- **Queue URL:** (known after apply)

Would you like to apply this plan or make Error: SessionID: Timestamp:2024-12-04T08:31:00+02:00 SenderName:Bot Type:msg Message: MessageID:614948 Final:false Status:}
2024/12/04 08:31:00 chat.go:219: Sending message: {Content:The Terraform plan for creating an SQS queue named "blablabla" has been successfully generated. Here are the details:

### Changes to be Applied
- **Plan:**
  - To Add: 1
  - To Change: 0
  - To Destroy: 0

### SQS Queue Details
- **Name:** blablabla
- **Visibility Timeout:** 30 seconds
- **Message Retention Period:** 4 days (345600 seconds)
- **Max Message Size:** 256 KB
- **FIFO Queue:** False
- **SQS Managed SSE Enabled:** True
- **URL:** (known after apply)
- **ARN:** (known after apply)

### Outputs
- **Queue ARN Static:** `arn:aws:sqs:us-east-1:564407622114:blablabla`
- **Queue Name:** blablabla
- **Queue URL:** (known after apply)

Would you like to apply this plan or make any Error: SessionID: Timestamp:2024-12-04T08:31:00+02:00 SenderName:Bot Type:msg Message: MessageID:614948 Final:false Status:}
2024/12/04 08:31:00 chat.go:219: Sending message: {Content:The Terraform plan for creating an SQS queue named "blablabla" has been successfully generated. Here are the details:

### Changes to be Applied
- **Plan:**
  - To Add: 1
  - To Change: 0
  - To Destroy: 0

### SQS Queue Details
- **Name:** blablabla
- **Visibility Timeout:** 30 seconds
- **Message Retention Period:** 4 days (345600 seconds)
- **Max Message Size:** 256 KB
- **FIFO Queue:** False
- **SQS Managed SSE Enabled:** True
- **URL:** (known after apply)
- **ARN:** (known after apply)

### Outputs
- **Queue ARN Static:** `arn:aws:sqs:us-east-1:564407622114:blablabla`
- **Queue Name:** blablabla
- **Queue URL:** (known after apply)

Would you like to apply this plan or make any adjustments Error: SessionID: Timestamp:2024-12-04T08:31:00+02:00 SenderName:Bot Type:msg Message: MessageID:614948 Final:false Status:}
2024/12/04 08:31:00 chat.go:219: Sending message: {Content:The Terraform plan for creating an SQS queue named "blablabla" has been successfully generated. Here are the details:

### Changes to be Applied
- **Plan:**
  - To Add: 1
  - To Change: 0
  - To Destroy: 0

### SQS Queue Details
- **Name:** blablabla
- **Visibility Timeout:** 30 seconds
- **Message Retention Period:** 4 days (345600 seconds)
- **Max Message Size:** 256 KB
- **FIFO Queue:** False
- **SQS Managed SSE Enabled:** True
- **URL:** (known after apply)
- **ARN:** (known after apply)

### Outputs
- **Queue ARN Static:** `arn:aws:sqs:us-east-1:564407622114:blablabla`
- **Queue Name:** blablabla
- **Queue URL:** (known after apply)

Would you like to apply this plan or make any adjustments? Error: SessionID: Timestamp:2024-12-04T08:31:00+02:00 SenderName:Bot Type:msg Message: MessageID:614948 Final:true Status:}
2024/12/04 08:31:00 chat.go:219: Sending message: {Content:The Terraform plan for creating an SQS queue named "blablabla" has been successfully generated. Here are the details:

### Changes to be Applied
- **Plan:**
  - To Add: 1
  - To Change: 0
  - To Destroy: 0

### SQS Queue Details
- **Name:** blablabla
- **Visibility Timeout:** 30 seconds
- **Message Retention Period:** 4 days (345600 seconds)
- **Max Message Size:** 256 KB
- **FIFO Queue:** False
- **SQS Managed SSE Enabled:** True
- **URL:** (known after apply)
- **ARN:** (known after apply)

### Outputs
- **Queue ARN Static:** `arn:aws:sqs:us-east-1:564407622114:blablabla`
- **Queue Name:** blablabla
- **Queue URL:** (known after apply)

Would you like to apply this plan or make any adjustments? Error: SessionID: Timestamp:2024-12-04T08:31:00+02:00 SenderName:Bot Type:msg Message: MessageID:614948 Final:true Status:}
2024/12/05 11:01:06 chat.go:112: === Starting SendMessage ===
2024/12/05 11:01:06 chat.go:113: Payload: {Message:list nodes for me plsssss

Here's some reference files for context:
 AgentUUID:7695b865-97bd-4c14-8f65-c617976a40a5 SessionID:1733389266352209000}
2024/12/05 11:01:15 chat.go:219: Sending message: {Content:
Tool: node_status
Arguments:  Error: SessionID: Timestamp:2024-12-05T11:01:15+02:00 SenderName:Bot Type:tool Message: MessageID:370862 Final:false Status:}
2024/12/05 11:01:15 chat.go:219: Sending message: {Content:
Tool: node_status
Arguments: {} Error: SessionID: Timestamp:2024-12-05T11:01:15+02:00 SenderName:Bot Type:tool Message: MessageID:370862 Final:false Status:}
2024/12/05 11:01:15 chat.go:219: Sending message: {Content:
Tool: node_status
Arguments: {} Error: SessionID: Timestamp:2024-12-05T11:01:15+02:00 SenderName:Bot Type:tool Message: MessageID:370862 Final:true Status:}
2024/12/05 11:01:15 chat.go:219: Sending message: {Content:
Tool: node_status
Arguments: {} Error: SessionID: Timestamp:2024-12-05T11:01:15+02:00 SenderName:Bot Type:tool Message: MessageID:370862 Final:true Status:}
2024/12/05 11:01:24 chat.go:219: Sending message: {Content:🖥️  Node Status: Error: SessionID: Timestamp:2024-12-05T11:01:24+02:00 SenderName:Bot Type:tool_output Message: MessageID:767723 Final:false Status:}
2024/12/05 11:01:24 chat.go:219: Sending message: {Content:🖥️  Node Status:=============== Error: SessionID: Timestamp:2024-12-05T11:01:24+02:00 SenderName:Bot Type:tool_output Message: MessageID:767723 Final:false Status:}
2024/12/05 11:01:24 chat.go:219: Sending message: {Content:🖥️  Node Status:===============  ✅ aks-agentpool-40807194-vmss00000v   Ready    KubeletReady Error: SessionID: Timestamp:2024-12-05T11:01:24+02:00 SenderName:Bot Type:tool_output Message: MessageID:767723 Final:false Status:}
2024/12/05 11:01:24 chat.go:219: Sending message: {Content:🖥️  Node Status:===============  ✅ aks-agentpool-40807194-vmss00000v   Ready    KubeletReady  ✅ aks-agentpool-40807194-vmss000019   Ready    KubeletReady Error: SessionID: Timestamp:2024-12-05T11:01:24+02:00 SenderName:Bot Type:tool_output Message: MessageID:767723 Final:false Status:}
2024/12/05 11:01:24 chat.go:219: Sending message: {Content:🖥️  Node Status:===============  ✅ aks-agentpool-40807194-vmss00000v   Ready    KubeletReady  ✅ aks-agentpool-40807194-vmss000019   Ready    KubeletReady  ✅ aks-agentpool-40807194-vmss00001a   Ready    KubeletReady Error: SessionID: Timestamp:2024-12-05T11:01:24+02:00 SenderName:Bot Type:tool_output Message: MessageID:767723 Final:false Status:}
2024/12/05 11:01:24 chat.go:219: Sending message: {Content:🖥️  Node Status:===============  ✅ aks-agentpool-40807194-vmss00000v   Ready    KubeletReady  ✅ aks-agentpool-40807194-vmss000019   Ready    KubeletReady  ✅ aks-agentpool-40807194-vmss00001a   Ready    KubeletReady  ✅ aks-agentpool-40807194-vmss00001b   Ready    KubeletReady Error: SessionID: Timestamp:2024-12-05T11:01:24+02:00 SenderName:Bot Type:tool_output Message: MessageID:767723 Final:false Status:}
2024/12/05 11:01:24 chat.go:219: Sending message: {Content:🖥️  Node Status:===============  ✅ aks-agentpool-40807194-vmss00000v   Ready    KubeletReady  ✅ aks-agentpool-40807194-vmss000019   Ready    KubeletReady  ✅ aks-agentpool-40807194-vmss00001a   Ready    KubeletReady  ✅ aks-agentpool-40807194-vmss00001b   Ready    KubeletReady  ✅ aks-agentpool-40807194-vmss00001d   Ready    KubeletReady Error: SessionID: Timestamp:2024-12-05T11:01:24+02:00 SenderName:Bot Type:tool_output Message: MessageID:767723 Final:false Status:}
2024/12/05 11:01:24 chat.go:219: Sending message: {Content:🖥️  Node Status:===============  ✅ aks-agentpool-40807194-vmss00000v   Ready    KubeletReady  ✅ aks-agentpool-40807194-vmss000019   Ready    KubeletReady  ✅ aks-agentpool-40807194-vmss00001a   Ready    KubeletReady  ✅ aks-agentpool-40807194-vmss00001b   Ready    KubeletReady  ✅ aks-agentpool-40807194-vmss00001d   Ready    KubeletReady  ✅ aks-agentpool-40807194-vmss00001e   Ready    KubeletReady Error: SessionID: Timestamp:2024-12-05T11:01:24+02:00 SenderName:Bot Type:tool_output Message: MessageID:767723 Final:false Status:}
2024/12/05 11:01:24 chat.go:219: Sending message: {Content:🖥️  Node Status:===============  ✅ aks-agentpool-40807194-vmss00000v   Ready    KubeletReady  ✅ aks-agentpool-40807194-vmss000019   Ready    KubeletReady  ✅ aks-agentpool-40807194-vmss00001a   Ready    KubeletReady  ✅ aks-agentpool-40807194-vmss00001b   Ready    KubeletReady  ✅ aks-agentpool-40807194-vmss00001d   Ready    KubeletReady  ✅ aks-agentpool-40807194-vmss00001e   Ready    KubeletReady  ✅ aks-agentpool-40807194-vmss00001g   Ready    KubeletReady Error: SessionID: Timestamp:2024-12-05T11:01:24+02:00 SenderName:Bot Type:tool_output Message: MessageID:767723 Final:false Status:}
2024/12/05 11:01:24 chat.go:219: Sending message: {Content:🖥️  Node Status:===============  ✅ aks-agentpool-40807194-vmss00000v   Ready    KubeletReady  ✅ aks-agentpool-40807194-vmss000019   Ready    KubeletReady  ✅ aks-agentpool-40807194-vmss00001a   Ready    KubeletReady  ✅ aks-agentpool-40807194-vmss00001b   Ready    KubeletReady  ✅ aks-agentpool-40807194-vmss00001d   Ready    KubeletReady  ✅ aks-agentpool-40807194-vmss00001e   Ready    KubeletReady  ✅ aks-agentpool-40807194-vmss00001g   Ready    KubeletReady  ✅ aks-agentpool-40807194-vmss00001h   Ready    KubeletReady Error: SessionID: Timestamp:2024-12-05T11:01:24+02:00 SenderName:Bot Type:tool_output Message: MessageID:767723 Final:false Status:}
2024/12/05 11:01:24 chat.go:219: Sending message: {Content:🖥️  Node Status:===============  ✅ aks-agentpool-40807194-vmss00000v   Ready    KubeletReady  ✅ aks-agentpool-40807194-vmss000019   Ready    KubeletReady  ✅ aks-agentpool-40807194-vmss00001a   Ready    KubeletReady  ✅ aks-agentpool-40807194-vmss00001b   Ready    KubeletReady  ✅ aks-agentpool-40807194-vmss00001d   Ready    KubeletReady  ✅ aks-agentpool-40807194-vmss00001e   Ready    KubeletReady  ✅ aks-agentpool-40807194-vmss00001g   Ready    KubeletReady  ✅ aks-agentpool-40807194-vmss00001h   Ready    KubeletReady  ✅ aks-agentpool-40807194-vmss00001j   Ready    KubeletReady Error: SessionID: Timestamp:2024-12-05T11:01:24+02:00 SenderName:Bot Type:tool_output Message: MessageID:767723 Final:false Status:}
2024/12/05 11:01:24 chat.go:219: Sending message: {Content:🖥️  Node Status:===============  ✅ aks-agentpool-40807194-vmss00000v   Ready    KubeletReady  ✅ aks-agentpool-40807194-vmss000019   Ready    KubeletReady  ✅ aks-agentpool-40807194-vmss00001a   Ready    KubeletReady  ✅ aks-agentpool-40807194-vmss00001b   Ready    KubeletReady  ✅ aks-agentpool-40807194-vmss00001d   Ready    KubeletReady  ✅ aks-agentpool-40807194-vmss00001e   Ready    KubeletReady  ✅ aks-agentpool-40807194-vmss00001g   Ready    KubeletReady  ✅ aks-agentpool-40807194-vmss00001h   Ready    KubeletReady  ✅ aks-agentpool-40807194-vmss00001j   Ready    KubeletReady  ✅ aks-agentpool-40807194-vmss00001k   Ready    KubeletReady Error: SessionID: Timestamp:2024-12-05T11:01:24+02:00 SenderName:Bot Type:tool_output Message: MessageID:767723 Final:false Status:}
2024/12/05 11:01:25 chat.go:219: Sending message: {Content:🖥️  Node Status:===============  ✅ aks-agentpool-40807194-vmss00000v   Ready    KubeletReady  ✅ aks-agentpool-40807194-vmss000019   Ready    KubeletReady  ✅ aks-agentpool-40807194-vmss00001a   Ready    KubeletReady  ✅ aks-agentpool-40807194-vmss00001b   Ready    KubeletReady  ✅ aks-agentpool-40807194-vmss00001d   Ready    KubeletReady  ✅ aks-agentpool-40807194-vmss00001e   Ready    KubeletReady  ✅ aks-agentpool-40807194-vmss00001g   Ready    KubeletReady  ✅ aks-agentpool-40807194-vmss00001h   Ready    KubeletReady  ✅ aks-agentpool-40807194-vmss00001j   Ready    KubeletReady  ✅ aks-agentpool-40807194-vmss00001k   Ready    KubeletReady Error: SessionID: Timestamp:2024-12-05T11:01:25+02:00 SenderName:Bot Type:tool_output Message: MessageID:767723 Final:true Status:}
2024/12/05 11:01:30 chat.go:219: Sending message: {Content:🖥️  Node Status:===============  ✅ aks-agentpool-40807194-vmss00000v   Ready    KubeletReady  ✅ aks-agentpool-40807194-vmss000019   Ready    KubeletReady  ✅ aks-agentpool-40807194-vmss00001a   Ready    KubeletReady  ✅ aks-agentpool-40807194-vmss00001b   Ready    KubeletReady  ✅ aks-agentpool-40807194-vmss00001d   Ready    KubeletReady  ✅ aks-agentpool-40807194-vmss00001e   Ready    KubeletReady  ✅ aks-agentpool-40807194-vmss00001g   Ready    KubeletReady  ✅ aks-agentpool-40807194-vmss00001h   Ready    KubeletReady  ✅ aks-agentpool-40807194-vmss00001j   Ready    KubeletReady  ✅ aks-agentpool-40807194-vmss00001k   Ready    KubeletReady Error: SessionID: Timestamp:2024-12-05T11:01:30+02:00 SenderName:Bot Type:tool_output Message: MessageID:767723 Final:true Status:}
2024/12/05 11:01:30 chat.go:219: Sending message: {Content:Here Error: SessionID: Timestamp:2024-12-05T11:01:30+02:00 SenderName:Bot Type:msg Message: MessageID:543637 Final:false Status:}
2024/12/05 11:01:30 chat.go:219: Sending message: {Content:Here are Error: SessionID: Timestamp:2024-12-05T11:01:30+02:00 SenderName:Bot Type:msg Message: MessageID:543637 Final:false Status:}
2024/12/05 11:01:30 chat.go:219: Sending message: {Content:Here are the Error: SessionID: Timestamp:2024-12-05T11:01:30+02:00 SenderName:Bot Type:msg Message: MessageID:543637 Final:false Status:}
2024/12/05 11:01:30 chat.go:219: Sending message: {Content:Here are the node Error: SessionID: Timestamp:2024-12-05T11:01:30+02:00 SenderName:Bot Type:msg Message: MessageID:543637 Final:false Status:}
2024/12/05 11:01:30 chat.go:219: Sending message: {Content:Here are the node statuses Error: SessionID: Timestamp:2024-12-05T11:01:30+02:00 SenderName:Bot Type:msg Message: MessageID:543637 Final:false Status:}
2024/12/05 11:01:30 chat.go:219: Sending message: {Content:Here are the node statuses:

 Error: SessionID: Timestamp:2024-12-05T11:01:30+02:00 SenderName:Bot Type:msg Message: MessageID:543637 Final:false Status:}
2024/12/05 11:01:30 chat.go:219: Sending message: {Content:Here are the node statuses:

`` Error: SessionID: Timestamp:2024-12-05T11:01:30+02:00 SenderName:Bot Type:msg Message: MessageID:543637 Final:false Status:}
2024/12/05 11:01:30 chat.go:219: Sending message: {Content:Here are the node statuses:

```
 Error: SessionID: Timestamp:2024-12-05T11:01:30+02:00 SenderName:Bot Type:msg Message: MessageID:543637 Final:false Status:}
2024/12/05 11:01:30 chat.go:219: Sending message: {Content:Here are the node statuses:

```
🖥 Error: SessionID: Timestamp:2024-12-05T11:01:30+02:00 SenderName:Bot Type:msg Message: MessageID:543637 Final:false Status:}
2024/12/05 11:01:30 chat.go:219: Sending message: {Content:Here are the node statuses:

```
🖥️ Error: SessionID: Timestamp:2024-12-05T11:01:30+02:00 SenderName:Bot Type:msg Message: MessageID:543637 Final:false Status:}
2024/12/05 11:01:30 chat.go:219: Sending message: {Content:Here are the node statuses:

```
🖥️  Error: SessionID: Timestamp:2024-12-05T11:01:30+02:00 SenderName:Bot Type:msg Message: MessageID:543637 Final:false Status:}
2024/12/05 11:01:30 chat.go:219: Sending message: {Content:Here are the node statuses:

```
🖥️  Node Error: SessionID: Timestamp:2024-12-05T11:01:30+02:00 SenderName:Bot Type:msg Message: MessageID:543637 Final:false Status:}
2024/12/05 11:01:30 chat.go:219: Sending message: {Content:Here are the node statuses:

```
🖥️  Node Status Error: SessionID: Timestamp:2024-12-05T11:01:30+02:00 SenderName:Bot Type:msg Message: MessageID:543637 Final:false Status:}
2024/12/05 11:01:30 chat.go:219: Sending message: {Content:Here are the node statuses:

```
🖥️  Node Status:
 Error: SessionID: Timestamp:2024-12-05T11:01:30+02:00 SenderName:Bot Type:msg Message: MessageID:543637 Final:false Status:}
2024/12/05 11:01:30 chat.go:219: Sending message: {Content:Here are the node statuses:

```
🖥️  Node Status:
================ Error: SessionID: Timestamp:2024-12-05T11:01:30+02:00 SenderName:Bot Type:msg Message: MessageID:543637 Final:false Status:}
2024/12/05 11:01:30 chat.go:219: Sending message: {Content:Here are the node statuses:

```
🖥️  Node Status:
================
 Error: SessionID: Timestamp:2024-12-05T11:01:30+02:00 SenderName:Bot Type:msg Message: MessageID:543637 Final:false Status:}
2024/12/05 11:01:30 chat.go:219: Sending message: {Content:Here are the node statuses:

```
🖥️  Node Status:
================
  Error: SessionID: Timestamp:2024-12-05T11:01:30+02:00 SenderName:Bot Type:msg Message: MessageID:543637 Final:false Status:}
2024/12/05 11:01:30 chat.go:219: Sending message: {Content:Here are the node statuses:

```
🖥️  Node Status:
================
  ✅ Error: SessionID: Timestamp:2024-12-05T11:01:30+02:00 SenderName:Bot Type:msg Message: MessageID:543637 Final:false Status:}
2024/12/05 11:01:30 chat.go:219: Sending message: {Content:Here are the node statuses:

```
🖥️  Node Status:
================
  ✅ aks Error: SessionID: Timestamp:2024-12-05T11:01:30+02:00 SenderName:Bot Type:msg Message: MessageID:543637 Final:false Status:}
2024/12/05 11:01:30 chat.go:219: Sending message: {Content:Here are the node statuses:

```
🖥️  Node Status:
================
  ✅ aks-agent Error: SessionID: Timestamp:2024-12-05T11:01:30+02:00 SenderName:Bot Type:msg Message: MessageID:543637 Final:false Status:}
2024/12/05 11:01:30 chat.go:219: Sending message: {Content:Here are the node statuses:

```
🖥️  Node Status:
================
  ✅ aks-agentpool Error: SessionID: Timestamp:2024-12-05T11:01:30+02:00 SenderName:Bot Type:msg Message: MessageID:543637 Final:false Status:}
2024/12/05 11:01:30 chat.go:219: Sending message: {Content:Here are the node statuses:

```
🖥️  Node Status:
================
  ✅ aks-agentpool- Error: SessionID: Timestamp:2024-12-05T11:01:30+02:00 SenderName:Bot Type:msg Message: MessageID:543637 Final:false Status:}
2024/12/05 11:01:30 chat.go:219: Sending message: {Content:Here are the node statuses:

```
🖥️  Node Status:
================
  ✅ aks-agentpool-408 Error: SessionID: Timestamp:2024-12-05T11:01:30+02:00 SenderName:Bot Type:msg Message: MessageID:543637 Final:false Status:}
2024/12/05 11:01:30 chat.go:219: Sending message: {Content:Here are the node statuses:

```
🖥️  Node Status:
================
  ✅ aks-agentpool-408071 Error: SessionID: Timestamp:2024-12-05T11:01:30+02:00 SenderName:Bot Type:msg Message: MessageID:543637 Final:false Status:}
2024/12/05 11:01:30 chat.go:219: Sending message: {Content:Here are the node statuses:

```
🖥️  Node Status:
================
  ✅ aks-agentpool-40807194 Error: SessionID: Timestamp:2024-12-05T11:01:30+02:00 SenderName:Bot Type:msg Message: MessageID:543637 Final:false Status:}
2024/12/05 11:01:30 chat.go:219: Sending message: {Content:Here are the node statuses:

```
🖥️  Node Status:
================
  ✅ aks-agentpool-40807194-v Error: SessionID: Timestamp:2024-12-05T11:01:30+02:00 SenderName:Bot Type:msg Message: MessageID:543637 Final:false Status:}
2024/12/05 11:01:30 chat.go:219: Sending message: {Content:Here are the node statuses:

```
🖥️  Node Status:
================
  ✅ aks-agentpool-40807194-vm Error: SessionID: Timestamp:2024-12-05T11:01:30+02:00 SenderName:Bot Type:msg Message: MessageID:543637 Final:false Status:}
2024/12/05 11:01:30 chat.go:219: Sending message: {Content:Here are the node statuses:

```
🖥️  Node Status:
================
  ✅ aks-agentpool-40807194-vmss Error: SessionID: Timestamp:2024-12-05T11:01:30+02:00 SenderName:Bot Type:msg Message: MessageID:543637 Final:false Status:}
2024/12/05 11:01:30 chat.go:219: Sending message: {Content:Here are the node statuses:

```
🖥️  Node Status:
================
  ✅ aks-agentpool-40807194-vmss000 Error: SessionID: Timestamp:2024-12-05T11:01:30+02:00 SenderName:Bot Type:msg Message: MessageID:543637 Final:false Status:}
2024/12/05 11:01:30 chat.go:219: Sending message: {Content:Here are the node statuses:

```
🖥️  Node Status:
================
  ✅ aks-agentpool-40807194-vmss00000 Error: SessionID: Timestamp:2024-12-05T11:01:30+02:00 SenderName:Bot Type:msg Message: MessageID:543637 Final:false Status:}
2024/12/05 11:01:30 chat.go:219: Sending message: {Content:Here are the node statuses:

```
🖥️  Node Status:
================
  ✅ aks-agentpool-40807194-vmss00000v Error: SessionID: Timestamp:2024-12-05T11:01:30+02:00 SenderName:Bot Type:msg Message: MessageID:543637 Final:false Status:}
2024/12/05 11:01:30 chat.go:219: Sending message: {Content:Here are the node statuses:

```
🖥️  Node Status:
================
  ✅ aks-agentpool-40807194-vmss00000v   Error: SessionID: Timestamp:2024-12-05T11:01:30+02:00 SenderName:Bot Type:msg Message: MessageID:543637 Final:false Status:}
2024/12/05 11:01:30 chat.go:219: Sending message: {Content:Here are the node statuses:

```
🖥️  Node Status:
================
  ✅ aks-agentpool-40807194-vmss00000v   Ready Error: SessionID: Timestamp:2024-12-05T11:01:30+02:00 SenderName:Bot Type:msg Message: MessageID:543637 Final:false Status:}
2024/12/05 11:01:30 chat.go:219: Sending message: {Content:Here are the node statuses:

```
🖥️  Node Status:
================
  ✅ aks-agentpool-40807194-vmss00000v   Ready    Error: SessionID: Timestamp:2024-12-05T11:01:30+02:00 SenderName:Bot Type:msg Message: MessageID:543637 Final:false Status:}
2024/12/05 11:01:30 chat.go:219: Sending message: {Content:Here are the node statuses:

```
🖥️  Node Status:
================
  ✅ aks-agentpool-40807194-vmss00000v   Ready    K Error: SessionID: Timestamp:2024-12-05T11:01:30+02:00 SenderName:Bot Type:msg Message: MessageID:543637 Final:false Status:}
2024/12/05 11:01:30 chat.go:219: Sending message: {Content:Here are the node statuses:

```
🖥️  Node Status:
================
  ✅ aks-agentpool-40807194-vmss00000v   Ready    Kube Error: SessionID: Timestamp:2024-12-05T11:01:30+02:00 SenderName:Bot Type:msg Message: MessageID:543637 Final:false Status:}
2024/12/05 11:01:30 chat.go:219: Sending message: {Content:Here are the node statuses:

```
🖥️  Node Status:
================
  ✅ aks-agentpool-40807194-vmss00000v   Ready    Kubelet Error: SessionID: Timestamp:2024-12-05T11:01:30+02:00 SenderName:Bot Type:msg Message: MessageID:543637 Final:false Status:}
2024/12/05 11:01:30 chat.go:219: Sending message: {Content:Here are the node statuses:

```
🖥️  Node Status:
================
  ✅ aks-agentpool-40807194-vmss00000v   Ready    KubeletReady Error: SessionID: Timestamp:2024-12-05T11:01:30+02:00 SenderName:Bot Type:msg Message: MessageID:543637 Final:false Status:}
2024/12/05 11:01:30 chat.go:219: Sending message: {Content:Here are the node statuses:

```
🖥️  Node Status:
================
  ✅ aks-agentpool-40807194-vmss00000v   Ready    KubeletReady
 Error: SessionID: Timestamp:2024-12-05T11:01:30+02:00 SenderName:Bot Type:msg Message: MessageID:543637 Final:false Status:}
2024/12/05 11:01:30 chat.go:219: Sending message: {Content:Here are the node statuses:

```
🖥️  Node Status:
================
  ✅ aks-agentpool-40807194-vmss00000v   Ready    KubeletReady
  Error: SessionID: Timestamp:2024-12-05T11:01:30+02:00 SenderName:Bot Type:msg Message: MessageID:543637 Final:false Status:}
2024/12/05 11:01:30 chat.go:219: Sending message: {Content:Here are the node statuses:

```
🖥️  Node Status:
================
  ✅ aks-agentpool-40807194-vmss00000v   Ready    KubeletReady
  ✅ Error: SessionID: Timestamp:2024-12-05T11:01:30+02:00 SenderName:Bot Type:msg Message: MessageID:543637 Final:false Status:}
2024/12/05 11:01:30 chat.go:219: Sending message: {Content:Here are the node statuses:

```
🖥️  Node Status:
================
  ✅ aks-agentpool-40807194-vmss00000v   Ready    KubeletReady
  ✅ aks Error: SessionID: Timestamp:2024-12-05T11:01:30+02:00 SenderName:Bot Type:msg Message: MessageID:543637 Final:false Status:}
2024/12/05 11:01:30 chat.go:219: Sending message: {Content:Here are the node statuses:

```
🖥️  Node Status:
================
  ✅ aks-agentpool-40807194-vmss00000v   Ready    KubeletReady
  ✅ aks-agent Error: SessionID: Timestamp:2024-12-05T11:01:30+02:00 SenderName:Bot Type:msg Message: MessageID:543637 Final:false Status:}
2024/12/05 11:01:30 chat.go:219: Sending message: {Content:Here are the node statuses:

```
🖥️  Node Status:
================
  ✅ aks-agentpool-40807194-vmss00000v   Ready    KubeletReady
  ✅ aks-agentpool Error: SessionID: Timestamp:2024-12-05T11:01:30+02:00 SenderName:Bot Type:msg Message: MessageID:543637 Final:false Status:}
2024/12/05 11:01:30 chat.go:219: Sending message: {Content:Here are the node statuses:

```
🖥️  Node Status:
================
  ✅ aks-agentpool-40807194-vmss00000v   Ready    KubeletReady
  ✅ aks-agentpool- Error: SessionID: Timestamp:2024-12-05T11:01:30+02:00 SenderName:Bot Type:msg Message: MessageID:543637 Final:false Status:}
2024/12/05 11:01:30 chat.go:219: Sending message: {Content:Here are the node statuses:

```
🖥️  Node Status:
================
  ✅ aks-agentpool-40807194-vmss00000v   Ready    KubeletReady
  ✅ aks-agentpool-408 Error: SessionID: Timestamp:2024-12-05T11:01:30+02:00 SenderName:Bot Type:msg Message: MessageID:543637 Final:false Status:}
2024/12/05 11:01:31 chat.go:219: Sending message: {Content:Here are the node statuses:

```
🖥️  Node Status:
================
  ✅ aks-agentpool-40807194-vmss00000v   Ready    KubeletReady
  ✅ aks-agentpool-408071 Error: SessionID: Timestamp:2024-12-05T11:01:31+02:00 SenderName:Bot Type:msg Message: MessageID:543637 Final:false Status:}
2024/12/05 11:01:31 chat.go:219: Sending message: {Content:Here are the node statuses:

```
🖥️  Node Status:
================
  ✅ aks-agentpool-40807194-vmss00000v   Ready    KubeletReady
  ✅ aks-agentpool-40807194 Error: SessionID: Timestamp:2024-12-05T11:01:31+02:00 SenderName:Bot Type:msg Message: MessageID:543637 Final:false Status:}
2024/12/05 11:01:31 chat.go:219: Sending message: {Content:Here are the node statuses:

```
🖥️  Node Status:
================
  ✅ aks-agentpool-40807194-vmss00000v   Ready    KubeletReady
  ✅ aks-agentpool-40807194-v Error: SessionID: Timestamp:2024-12-05T11:01:31+02:00 SenderName:Bot Type:msg Message: MessageID:543637 Final:false Status:}
2024/12/05 11:01:31 chat.go:219: Sending message: {Content:Here are the node statuses:

```
🖥️  Node Status:
================
  ✅ aks-agentpool-40807194-vmss00000v   Ready    KubeletReady
  ✅ aks-agentpool-40807194-vm Error: SessionID: Timestamp:2024-12-05T11:01:31+02:00 SenderName:Bot Type:msg Message: MessageID:543637 Final:false Status:}
2024/12/05 11:01:31 chat.go:219: Sending message: {Content:Here are the node statuses:

```
🖥️  Node Status:
================
  ✅ aks-agentpool-40807194-vmss00000v   Ready    KubeletReady
  ✅ aks-agentpool-40807194-vmss Error: SessionID: Timestamp:2024-12-05T11:01:31+02:00 SenderName:Bot Type:msg Message: MessageID:543637 Final:false Status:}
2024/12/05 11:01:31 chat.go:219: Sending message: {Content:Here are the node statuses:

```
🖥️  Node Status:
================
  ✅ aks-agentpool-40807194-vmss00000v   Ready    KubeletReady
  ✅ aks-agentpool-40807194-vmss000 Error: SessionID: Timestamp:2024-12-05T11:01:31+02:00 SenderName:Bot Type:msg Message: MessageID:543637 Final:false Status:}
2024/12/05 11:01:31 chat.go:219: Sending message: {Content:Here are the node statuses:

```
🖥️  Node Status:
================
  ✅ aks-agentpool-40807194-vmss00000v   Ready    KubeletReady
  ✅ aks-agentpool-40807194-vmss000019 Error: SessionID: Timestamp:2024-12-05T11:01:31+02:00 SenderName:Bot Type:msg Message: MessageID:543637 Final:false Status:}
2024/12/05 11:01:31 chat.go:219: Sending message: {Content:Here are the node statuses:

```
🖥️  Node Status:
================
  ✅ aks-agentpool-40807194-vmss00000v   Ready    KubeletReady
  ✅ aks-agentpool-40807194-vmss000019   Error: SessionID: Timestamp:2024-12-05T11:01:31+02:00 SenderName:Bot Type:msg Message: MessageID:543637 Final:false Status:}
2024/12/05 11:01:32 chat.go:219: Sending message: {Content:Here are the node statuses:

```
🖥️  Node Status:
================
  ✅ aks-agentpool-40807194-vmss00000v   Ready    KubeletReady
  ✅ aks-agentpool-40807194-vmss000019   Ready Error: SessionID: Timestamp:2024-12-05T11:01:32+02:00 SenderName:Bot Type:msg Message: MessageID:543637 Final:false Status:}
2024/12/05 11:01:32 chat.go:219: Sending message: {Content:Here are the node statuses:

```
🖥️  Node Status:
================
  ✅ aks-agentpool-40807194-vmss00000v   Ready    KubeletReady
  ✅ aks-agentpool-40807194-vmss000019   Ready    Error: SessionID: Timestamp:2024-12-05T11:01:32+02:00 SenderName:Bot Type:msg Message: MessageID:543637 Final:false Status:}
2024/12/05 11:01:32 chat.go:219: Sending message: {Content:Here are the node statuses:

```
🖥️  Node Status:
================
  ✅ aks-agentpool-40807194-vmss00000v   Ready    KubeletReady
  ✅ aks-agentpool-40807194-vmss000019   Ready    K Error: SessionID: Timestamp:2024-12-05T11:01:32+02:00 SenderName:Bot Type:msg Message: MessageID:543637 Final:false Status:}
2024/12/05 11:01:32 chat.go:219: Sending message: {Content:Here are the node statuses:

```
🖥️  Node Status:
================
  ✅ aks-agentpool-40807194-vmss00000v   Ready    KubeletReady
  ✅ aks-agentpool-40807194-vmss000019   Ready    Kube Error: SessionID: Timestamp:2024-12-05T11:01:32+02:00 SenderName:Bot Type:msg Message: MessageID:543637 Final:false Status:}
2024/12/05 11:01:32 chat.go:219: Sending message: {Content:Here are the node statuses:

```
🖥️  Node Status:
================
  ✅ aks-agentpool-40807194-vmss00000v   Ready    KubeletReady
  ✅ aks-agentpool-40807194-vmss000019   Ready    Kubelet Error: SessionID: Timestamp:2024-12-05T11:01:32+02:00 SenderName:Bot Type:msg Message: MessageID:543637 Final:false Status:}
2024/12/05 11:01:32 chat.go:219: Sending message: {Content:Here are the node statuses:

```
🖥️  Node Status:
================
  ✅ aks-agentpool-40807194-vmss00000v   Ready    KubeletReady
  ✅ aks-agentpool-40807194-vmss000019   Ready    KubeletReady Error: SessionID: Timestamp:2024-12-05T11:01:32+02:00 SenderName:Bot Type:msg Message: MessageID:543637 Final:false Status:}
2024/12/05 11:01:32 chat.go:219: Sending message: {Content:Here are the node statuses:

```
🖥️  Node Status:
================
  ✅ aks-agentpool-40807194-vmss00000v   Ready    KubeletReady
  ✅ aks-agentpool-40807194-vmss000019   Ready    KubeletReady
 Error: SessionID: Timestamp:2024-12-05T11:01:32+02:00 SenderName:Bot Type:msg Message: MessageID:543637 Final:false Status:}
2024/12/05 11:01:32 chat.go:219: Sending message: {Content:Here are the node statuses:

```
🖥️  Node Status:
================
  ✅ aks-agentpool-40807194-vmss00000v   Ready    KubeletReady
  ✅ aks-agentpool-40807194-vmss000019   Ready    KubeletReady
  Error: SessionID: Timestamp:2024-12-05T11:01:32+02:00 SenderName:Bot Type:msg Message: MessageID:543637 Final:false Status:}
2024/12/05 11:01:32 chat.go:219: Sending message: {Content:Here are the node statuses:

```
🖥️  Node Status:
================
  ✅ aks-agentpool-40807194-vmss00000v   Ready    KubeletReady
  ✅ aks-agentpool-40807194-vmss000019   Ready    KubeletReady
  ✅ Error: SessionID: Timestamp:2024-12-05T11:01:32+02:00 SenderName:Bot Type:msg Message: MessageID:543637 Final:false Status:}
2024/12/05 11:01:32 chat.go:219: Sending message: {Content:Here are the node statuses:

```
🖥️  Node Status:
================
  ✅ aks-agentpool-40807194-vmss00000v   Ready    KubeletReady
  ✅ aks-agentpool-40807194-vmss000019   Ready    KubeletReady
  ✅ aks Error: SessionID: Timestamp:2024-12-05T11:01:32+02:00 SenderName:Bot Type:msg Message: MessageID:543637 Final:false Status:}
2024/12/05 11:01:32 chat.go:219: Sending message: {Content:Here are the node statuses:

```
🖥️  Node Status:
================
  ✅ aks-agentpool-40807194-vmss00000v   Ready    KubeletReady
  ✅ aks-agentpool-40807194-vmss000019   Ready    KubeletReady
  ✅ aks-agent Error: SessionID: Timestamp:2024-12-05T11:01:32+02:00 SenderName:Bot Type:msg Message: MessageID:543637 Final:false Status:}
2024/12/05 11:01:32 chat.go:219: Sending message: {Content:Here are the node statuses:

```
🖥️  Node Status:
================
  ✅ aks-agentpool-40807194-vmss00000v   Ready    KubeletReady
  ✅ aks-agentpool-40807194-vmss000019   Ready    KubeletReady
  ✅ aks-agentpool Error: SessionID: Timestamp:2024-12-05T11:01:32+02:00 SenderName:Bot Type:msg Message: MessageID:543637 Final:false Status:}
2024/12/05 11:01:32 chat.go:219: Sending message: {Content:Here are the node statuses:

```
🖥️  Node Status:
================
  ✅ aks-agentpool-40807194-vmss00000v   Ready    KubeletReady
  ✅ aks-agentpool-40807194-vmss000019   Ready    KubeletReady
  ✅ aks-agentpool- Error: SessionID: Timestamp:2024-12-05T11:01:32+02:00 SenderName:Bot Type:msg Message: MessageID:543637 Final:false Status:}
2024/12/05 11:01:32 chat.go:219: Sending message: {Content:Here are the node statuses:

```
🖥️  Node Status:
================
  ✅ aks-agentpool-40807194-vmss00000v   Ready    KubeletReady
  ✅ aks-agentpool-40807194-vmss000019   Ready    KubeletReady
  ✅ aks-agentpool-408 Error: SessionID: Timestamp:2024-12-05T11:01:32+02:00 SenderName:Bot Type:msg Message: MessageID:543637 Final:false Status:}
2024/12/05 11:01:32 chat.go:219: Sending message: {Content:Here are the node statuses:

```
🖥️  Node Status:
================
  ✅ aks-agentpool-40807194-vmss00000v   Ready    KubeletReady
  ✅ aks-agentpool-40807194-vmss000019   Ready    KubeletReady
  ✅ aks-agentpool-408071 Error: SessionID: Timestamp:2024-12-05T11:01:32+02:00 SenderName:Bot Type:msg Message: MessageID:543637 Final:false Status:}
2024/12/05 11:01:32 chat.go:219: Sending message: {Content:Here are the node statuses:

```
🖥️  Node Status:
================
  ✅ aks-agentpool-40807194-vmss00000v   Ready    KubeletReady
  ✅ aks-agentpool-40807194-vmss000019   Ready    KubeletReady
  ✅ aks-agentpool-40807194 Error: SessionID: Timestamp:2024-12-05T11:01:32+02:00 SenderName:Bot Type:msg Message: MessageID:543637 Final:false Status:}
2024/12/05 11:01:32 chat.go:219: Sending message: {Content:Here are the node statuses:

```
🖥️  Node Status:
================
  ✅ aks-agentpool-40807194-vmss00000v   Ready    KubeletReady
  ✅ aks-agentpool-40807194-vmss000019   Ready    KubeletReady
  ✅ aks-agentpool-40807194-v Error: SessionID: Timestamp:2024-12-05T11:01:32+02:00 SenderName:Bot Type:msg Message: MessageID:543637 Final:false Status:}
2024/12/05 11:01:32 chat.go:219: Sending message: {Content:Here are the node statuses:

```
🖥️  Node Status:
================
  ✅ aks-agentpool-40807194-vmss00000v   Ready    KubeletReady
  ✅ aks-agentpool-40807194-vmss000019   Ready    KubeletReady
  ✅ aks-agentpool-40807194-vm Error: SessionID: Timestamp:2024-12-05T11:01:32+02:00 SenderName:Bot Type:msg Message: MessageID:543637 Final:false Status:}
2024/12/05 11:01:32 chat.go:219: Sending message: {Content:Here are the node statuses:

```
🖥️  Node Status:
================
  ✅ aks-agentpool-40807194-vmss00000v   Ready    KubeletReady
  ✅ aks-agentpool-40807194-vmss000019   Ready    KubeletReady
  ✅ aks-agentpool-40807194-vmss Error: SessionID: Timestamp:2024-12-05T11:01:32+02:00 SenderName:Bot Type:msg Message: MessageID:543637 Final:false Status:}
2024/12/05 11:01:32 chat.go:219: Sending message: {Content:Here are the node statuses:

```
🖥️  Node Status:
================
  ✅ aks-agentpool-40807194-vmss00000v   Ready    KubeletReady
  ✅ aks-agentpool-40807194-vmss000019   Ready    KubeletReady
  ✅ aks-agentpool-40807194-vmss000 Error: SessionID: Timestamp:2024-12-05T11:01:32+02:00 SenderName:Bot Type:msg Message: MessageID:543637 Final:false Status:}
2024/12/05 11:01:32 chat.go:219: Sending message: {Content:Here are the node statuses:

```
🖥️  Node Status:
================
  ✅ aks-agentpool-40807194-vmss00000v   Ready    KubeletReady
  ✅ aks-agentpool-40807194-vmss000019   Ready    KubeletReady
  ✅ aks-agentpool-40807194-vmss00001 Error: SessionID: Timestamp:2024-12-05T11:01:32+02:00 SenderName:Bot Type:msg Message: MessageID:543637 Final:false Status:}
2024/12/05 11:01:32 chat.go:219: Sending message: {Content:Here are the node statuses:

```
🖥️  Node Status:
================
  ✅ aks-agentpool-40807194-vmss00000v   Ready    KubeletReady
  ✅ aks-agentpool-40807194-vmss000019   Ready    KubeletReady
  ✅ aks-agentpool-40807194-vmss00001a Error: SessionID: Timestamp:2024-12-05T11:01:32+02:00 SenderName:Bot Type:msg Message: MessageID:543637 Final:false Status:}
2024/12/05 11:01:32 chat.go:219: Sending message: {Content:Here are the node statuses:

```
🖥️  Node Status:
================
  ✅ aks-agentpool-40807194-vmss00000v   Ready    KubeletReady
  ✅ aks-agentpool-40807194-vmss000019   Ready    KubeletReady
  ✅ aks-agentpool-40807194-vmss00001a   Error: SessionID: Timestamp:2024-12-05T11:01:32+02:00 SenderName:Bot Type:msg Message: MessageID:543637 Final:false Status:}
2024/12/05 11:01:32 chat.go:219: Sending message: {Content:Here are the node statuses:

```
🖥️  Node Status:
================
  ✅ aks-agentpool-40807194-vmss00000v   Ready    KubeletReady
  ✅ aks-agentpool-40807194-vmss000019   Ready    KubeletReady
  ✅ aks-agentpool-40807194-vmss00001a   Ready Error: SessionID: Timestamp:2024-12-05T11:01:32+02:00 SenderName:Bot Type:msg Message: MessageID:543637 Final:false Status:}
2024/12/05 11:01:32 chat.go:219: Sending message: {Content:Here are the node statuses:

```
🖥️  Node Status:
================
  ✅ aks-agentpool-40807194-vmss00000v   Ready    KubeletReady
  ✅ aks-agentpool-40807194-vmss000019   Ready    KubeletReady
  ✅ aks-agentpool-40807194-vmss00001a   Ready    Error: SessionID: Timestamp:2024-12-05T11:01:32+02:00 SenderName:Bot Type:msg Message: MessageID:543637 Final:false Status:}
2024/12/05 11:01:32 chat.go:219: Sending message: {Content:Here are the node statuses:

```
🖥️  Node Status:
================
  ✅ aks-agentpool-40807194-vmss00000v   Ready    KubeletReady
  ✅ aks-agentpool-40807194-vmss000019   Ready    KubeletReady
  ✅ aks-agentpool-40807194-vmss00001a   Ready    K Error: SessionID: Timestamp:2024-12-05T11:01:32+02:00 SenderName:Bot Type:msg Message: MessageID:543637 Final:false Status:}
2024/12/05 11:01:32 chat.go:219: Sending message: {Content:Here are the node statuses:

```
🖥️  Node Status:
================
  ✅ aks-agentpool-40807194-vmss00000v   Ready    KubeletReady
  ✅ aks-agentpool-40807194-vmss000019   Ready    KubeletReady
  ✅ aks-agentpool-40807194-vmss00001a   Ready    Kube Error: SessionID: Timestamp:2024-12-05T11:01:32+02:00 SenderName:Bot Type:msg Message: MessageID:543637 Final:false Status:}
2024/12/05 11:01:32 chat.go:219: Sending message: {Content:Here are the node statuses:

```
🖥️  Node Status:
================
  ✅ aks-agentpool-40807194-vmss00000v   Ready    KubeletReady
  ✅ aks-agentpool-40807194-vmss000019   Ready    KubeletReady
  ✅ aks-agentpool-40807194-vmss00001a   Ready    Kubelet Error: SessionID: Timestamp:2024-12-05T11:01:32+02:00 SenderName:Bot Type:msg Message: MessageID:543637 Final:false Status:}
2024/12/05 11:01:32 chat.go:219: Sending message: {Content:Here are the node statuses:

```
🖥️  Node Status:
================
  ✅ aks-agentpool-40807194-vmss00000v   Ready    KubeletReady
  ✅ aks-agentpool-40807194-vmss000019   Ready    KubeletReady
  ✅ aks-agentpool-40807194-vmss00001a   Ready    KubeletReady Error: SessionID: Timestamp:2024-12-05T11:01:32+02:00 SenderName:Bot Type:msg Message: MessageID:543637 Final:false Status:}
2024/12/05 11:01:32 chat.go:219: Sending message: {Content:Here are the node statuses:

```
🖥️  Node Status:
================
  ✅ aks-agentpool-40807194-vmss00000v   Ready    KubeletReady
  ✅ aks-agentpool-40807194-vmss000019   Ready    KubeletReady
  ✅ aks-agentpool-40807194-vmss00001a   Ready    KubeletReady
 Error: SessionID: Timestamp:2024-12-05T11:01:32+02:00 SenderName:Bot Type:msg Message: MessageID:543637 Final:false Status:}
2024/12/05 11:01:32 chat.go:219: Sending message: {Content:Here are the node statuses:

```
🖥️  Node Status:
================
  ✅ aks-agentpool-40807194-vmss00000v   Ready    KubeletReady
  ✅ aks-agentpool-40807194-vmss000019   Ready    KubeletReady
  ✅ aks-agentpool-40807194-vmss00001a   Ready    KubeletReady
  Error: SessionID: Timestamp:2024-12-05T11:01:32+02:00 SenderName:Bot Type:msg Message: MessageID:543637 Final:false Status:}
2024/12/05 11:01:32 chat.go:219: Sending message: {Content:Here are the node statuses:

```
🖥️  Node Status:
================
  ✅ aks-agentpool-40807194-vmss00000v   Ready    KubeletReady
  ✅ aks-agentpool-40807194-vmss000019   Ready    KubeletReady
  ✅ aks-agentpool-40807194-vmss00001a   Ready    KubeletReady
  ✅ Error: SessionID: Timestamp:2024-12-05T11:01:32+02:00 SenderName:Bot Type:msg Message: MessageID:543637 Final:false Status:}
2024/12/05 11:01:32 chat.go:219: Sending message: {Content:Here are the node statuses:

```
🖥️  Node Status:
================
  ✅ aks-agentpool-40807194-vmss00000v   Ready    KubeletReady
  ✅ aks-agentpool-40807194-vmss000019   Ready    KubeletReady
  ✅ aks-agentpool-40807194-vmss00001a   Ready    KubeletReady
  ✅ aks Error: SessionID: Timestamp:2024-12-05T11:01:32+02:00 SenderName:Bot Type:msg Message: MessageID:543637 Final:false Status:}
2024/12/05 11:01:32 chat.go:219: Sending message: {Content:Here are the node statuses:

```
🖥️  Node Status:
================
  ✅ aks-agentpool-40807194-vmss00000v   Ready    KubeletReady
  ✅ aks-agentpool-40807194-vmss000019   Ready    KubeletReady
  ✅ aks-agentpool-40807194-vmss00001a   Ready    KubeletReady
  ✅ aks-agent Error: SessionID: Timestamp:2024-12-05T11:01:32+02:00 SenderName:Bot Type:msg Message: MessageID:543637 Final:false Status:}
2024/12/05 11:01:32 chat.go:219: Sending message: {Content:Here are the node statuses:

```
🖥️  Node Status:
================
  ✅ aks-agentpool-40807194-vmss00000v   Ready    KubeletReady
  ✅ aks-agentpool-40807194-vmss000019   Ready    KubeletReady
  ✅ aks-agentpool-40807194-vmss00001a   Ready    KubeletReady
  ✅ aks-agentpool Error: SessionID: Timestamp:2024-12-05T11:01:32+02:00 SenderName:Bot Type:msg Message: MessageID:543637 Final:false Status:}
2024/12/05 11:01:32 chat.go:219: Sending message: {Content:Here are the node statuses:

```
🖥️  Node Status:
================
  ✅ aks-agentpool-40807194-vmss00000v   Ready    KubeletReady
  ✅ aks-agentpool-40807194-vmss000019   Ready    KubeletReady
  ✅ aks-agentpool-40807194-vmss00001a   Ready    KubeletReady
  ✅ aks-agentpool- Error: SessionID: Timestamp:2024-12-05T11:01:32+02:00 SenderName:Bot Type:msg Message: MessageID:543637 Final:false Status:}
2024/12/05 11:01:32 chat.go:219: Sending message: {Content:Here are the node statuses:

```
🖥️  Node Status:
================
  ✅ aks-agentpool-40807194-vmss00000v   Ready    KubeletReady
  ✅ aks-agentpool-40807194-vmss000019   Ready    KubeletReady
  ✅ aks-agentpool-40807194-vmss00001a   Ready    KubeletReady
  ✅ aks-agentpool-408 Error: SessionID: Timestamp:2024-12-05T11:01:32+02:00 SenderName:Bot Type:msg Message: MessageID:543637 Final:false Status:}
2024/12/05 11:01:32 chat.go:219: Sending message: {Content:Here are the node statuses:

```
🖥️  Node Status:
================
  ✅ aks-agentpool-40807194-vmss00000v   Ready    KubeletReady
  ✅ aks-agentpool-40807194-vmss000019   Ready    KubeletReady
  ✅ aks-agentpool-40807194-vmss00001a   Ready    KubeletReady
  ✅ aks-agentpool-408071 Error: SessionID: Timestamp:2024-12-05T11:01:32+02:00 SenderName:Bot Type:msg Message: MessageID:543637 Final:false Status:}
2024/12/05 11:01:32 chat.go:219: Sending message: {Content:Here are the node statuses:

```
🖥️  Node Status:
================
  ✅ aks-agentpool-40807194-vmss00000v   Ready    KubeletReady
  ✅ aks-agentpool-40807194-vmss000019   Ready    KubeletReady
  ✅ aks-agentpool-40807194-vmss00001a   Ready    KubeletReady
  ✅ aks-agentpool-40807194 Error: SessionID: Timestamp:2024-12-05T11:01:32+02:00 SenderName:Bot Type:msg Message: MessageID:543637 Final:false Status:}
2024/12/05 11:01:32 chat.go:219: Sending message: {Content:Here are the node statuses:

```
🖥️  Node Status:
================
  ✅ aks-agentpool-40807194-vmss00000v   Ready    KubeletReady
  ✅ aks-agentpool-40807194-vmss000019   Ready    KubeletReady
  ✅ aks-agentpool-40807194-vmss00001a   Ready    KubeletReady
  ✅ aks-agentpool-40807194-v Error: SessionID: Timestamp:2024-12-05T11:01:32+02:00 SenderName:Bot Type:msg Message: MessageID:543637 Final:false Status:}
2024/12/05 11:01:32 chat.go:219: Sending message: {Content:Here are the node statuses:

```
🖥️  Node Status:
================
  ✅ aks-agentpool-40807194-vmss00000v   Ready    KubeletReady
  ✅ aks-agentpool-40807194-vmss000019   Ready    KubeletReady
  ✅ aks-agentpool-40807194-vmss00001a   Ready    KubeletReady
  ✅ aks-agentpool-40807194-vm Error: SessionID: Timestamp:2024-12-05T11:01:32+02:00 SenderName:Bot Type:msg Message: MessageID:543637 Final:false Status:}
2024/12/05 11:01:32 chat.go:219: Sending message: {Content:Here are the node statuses:

```
🖥️  Node Status:
================
  ✅ aks-agentpool-40807194-vmss00000v   Ready    KubeletReady
  ✅ aks-agentpool-40807194-vmss000019   Ready    KubeletReady
  ✅ aks-agentpool-40807194-vmss00001a   Ready    KubeletReady
  ✅ aks-agentpool-40807194-vmss Error: SessionID: Timestamp:2024-12-05T11:01:32+02:00 SenderName:Bot Type:msg Message: MessageID:543637 Final:false Status:}
2024/12/05 11:01:32 chat.go:219: Sending message: {Content:Here are the node statuses:

```
🖥️  Node Status:
================
  ✅ aks-agentpool-40807194-vmss00000v   Ready    KubeletReady
  ✅ aks-agentpool-40807194-vmss000019   Ready    KubeletReady
  ✅ aks-agentpool-40807194-vmss00001a   Ready    KubeletReady
  ✅ aks-agentpool-40807194-vmss000 Error: SessionID: Timestamp:2024-12-05T11:01:32+02:00 SenderName:Bot Type:msg Message: MessageID:543637 Final:false Status:}
2024/12/05 11:01:32 chat.go:219: Sending message: {Content:Here are the node statuses:

```
🖥️  Node Status:
================
  ✅ aks-agentpool-40807194-vmss00000v   Ready    KubeletReady
  ✅ aks-agentpool-40807194-vmss000019   Ready    KubeletReady
  ✅ aks-agentpool-40807194-vmss00001a   Ready    KubeletReady
  ✅ aks-agentpool-40807194-vmss00001 Error: SessionID: Timestamp:2024-12-05T11:01:32+02:00 SenderName:Bot Type:msg Message: MessageID:543637 Final:false Status:}
2024/12/05 11:01:32 chat.go:219: Sending message: {Content:Here are the node statuses:

```
🖥️  Node Status:
================
  ✅ aks-agentpool-40807194-vmss00000v   Ready    KubeletReady
  ✅ aks-agentpool-40807194-vmss000019   Ready    KubeletReady
  ✅ aks-agentpool-40807194-vmss00001a   Ready    KubeletReady
  ✅ aks-agentpool-40807194-vmss00001b Error: SessionID: Timestamp:2024-12-05T11:01:32+02:00 SenderName:Bot Type:msg Message: MessageID:543637 Final:false Status:}
2024/12/05 11:01:32 chat.go:219: Sending message: {Content:Here are the node statuses:

```
🖥️  Node Status:
================
  ✅ aks-agentpool-40807194-vmss00000v   Ready    KubeletReady
  ✅ aks-agentpool-40807194-vmss000019   Ready    KubeletReady
  ✅ aks-agentpool-40807194-vmss00001a   Ready    KubeletReady
  ✅ aks-agentpool-40807194-vmss00001b   Error: SessionID: Timestamp:2024-12-05T11:01:32+02:00 SenderName:Bot Type:msg Message: MessageID:543637 Final:false Status:}
2024/12/05 11:01:32 chat.go:219: Sending message: {Content:Here are the node statuses:

```
🖥️  Node Status:
================
  ✅ aks-agentpool-40807194-vmss00000v   Ready    KubeletReady
  ✅ aks-agentpool-40807194-vmss000019   Ready    KubeletReady
  ✅ aks-agentpool-40807194-vmss00001a   Ready    KubeletReady
  ✅ aks-agentpool-40807194-vmss00001b   Ready Error: SessionID: Timestamp:2024-12-05T11:01:32+02:00 SenderName:Bot Type:msg Message: MessageID:543637 Final:false Status:}
2024/12/05 11:01:32 chat.go:219: Sending message: {Content:Here are the node statuses:

```
🖥️  Node Status:
================
  ✅ aks-agentpool-40807194-vmss00000v   Ready    KubeletReady
  ✅ aks-agentpool-40807194-vmss000019   Ready    KubeletReady
  ✅ aks-agentpool-40807194-vmss00001a   Ready    KubeletReady
  ✅ aks-agentpool-40807194-vmss00001b   Ready    Error: SessionID: Timestamp:2024-12-05T11:01:32+02:00 SenderName:Bot Type:msg Message: MessageID:543637 Final:false Status:}
2024/12/05 11:01:33 chat.go:219: Sending message: {Content:Here are the node statuses:

```
🖥️  Node Status:
================
  ✅ aks-agentpool-40807194-vmss00000v   Ready    KubeletReady
  ✅ aks-agentpool-40807194-vmss000019   Ready    KubeletReady
  ✅ aks-agentpool-40807194-vmss00001a   Ready    KubeletReady
  ✅ aks-agentpool-40807194-vmss00001b   Ready    K Error: SessionID: Timestamp:2024-12-05T11:01:33+02:00 SenderName:Bot Type:msg Message: MessageID:543637 Final:false Status:}
2024/12/05 11:01:33 chat.go:219: Sending message: {Content:Here are the node statuses:

```
🖥️  Node Status:
================
  ✅ aks-agentpool-40807194-vmss00000v   Ready    KubeletReady
  ✅ aks-agentpool-40807194-vmss000019   Ready    KubeletReady
  ✅ aks-agentpool-40807194-vmss00001a   Ready    KubeletReady
  ✅ aks-agentpool-40807194-vmss00001b   Ready    Kube Error: SessionID: Timestamp:2024-12-05T11:01:33+02:00 SenderName:Bot Type:msg Message: MessageID:543637 Final:false Status:}
2024/12/05 11:01:33 chat.go:219: Sending message: {Content:Here are the node statuses:

```
🖥️  Node Status:
================
  ✅ aks-agentpool-40807194-vmss00000v   Ready    KubeletReady
  ✅ aks-agentpool-40807194-vmss000019   Ready    KubeletReady
  ✅ aks-agentpool-40807194-vmss00001a   Ready    KubeletReady
  ✅ aks-agentpool-40807194-vmss00001b   Ready    Kubelet Error: SessionID: Timestamp:2024-12-05T11:01:33+02:00 SenderName:Bot Type:msg Message: MessageID:543637 Final:false Status:}
2024/12/05 11:01:33 chat.go:219: Sending message: {Content:Here are the node statuses:

```
🖥️  Node Status:
================
  ✅ aks-agentpool-40807194-vmss00000v   Ready    KubeletReady
  ✅ aks-agentpool-40807194-vmss000019   Ready    KubeletReady
  ✅ aks-agentpool-40807194-vmss00001a   Ready    KubeletReady
  ✅ aks-agentpool-40807194-vmss00001b   Ready    KubeletReady Error: SessionID: Timestamp:2024-12-05T11:01:33+02:00 SenderName:Bot Type:msg Message: MessageID:543637 Final:false Status:}
2024/12/05 11:01:33 chat.go:219: Sending message: {Content:Here are the node statuses:

```
🖥️  Node Status:
================
  ✅ aks-agentpool-40807194-vmss00000v   Ready    KubeletReady
  ✅ aks-agentpool-40807194-vmss000019   Ready    KubeletReady
  ✅ aks-agentpool-40807194-vmss00001a   Ready    KubeletReady
  ✅ aks-agentpool-40807194-vmss00001b   Ready    KubeletReady
 Error: SessionID: Timestamp:2024-12-05T11:01:33+02:00 SenderName:Bot Type:msg Message: MessageID:543637 Final:false Status:}
2024/12/05 11:01:33 chat.go:219: Sending message: {Content:Here are the node statuses:

```
🖥️  Node Status:
================
  ✅ aks-agentpool-40807194-vmss00000v   Ready    KubeletReady
  ✅ aks-agentpool-40807194-vmss000019   Ready    KubeletReady
  ✅ aks-agentpool-40807194-vmss00001a   Ready    KubeletReady
  ✅ aks-agentpool-40807194-vmss00001b   Ready    KubeletReady
  Error: SessionID: Timestamp:2024-12-05T11:01:33+02:00 SenderName:Bot Type:msg Message: MessageID:543637 Final:false Status:}
2024/12/05 11:01:33 chat.go:219: Sending message: {Content:Here are the node statuses:

```
🖥️  Node Status:
================
  ✅ aks-agentpool-40807194-vmss00000v   Ready    KubeletReady
  ✅ aks-agentpool-40807194-vmss000019   Ready    KubeletReady
  ✅ aks-agentpool-40807194-vmss00001a   Ready    KubeletReady
  ✅ aks-agentpool-40807194-vmss00001b   Ready    KubeletReady
  ✅ Error: SessionID: Timestamp:2024-12-05T11:01:33+02:00 SenderName:Bot Type:msg Message: MessageID:543637 Final:false Status:}
2024/12/05 11:01:33 chat.go:219: Sending message: {Content:Here are the node statuses:

```
🖥️  Node Status:
================
  ✅ aks-agentpool-40807194-vmss00000v   Ready    KubeletReady
  ✅ aks-agentpool-40807194-vmss000019   Ready    KubeletReady
  ✅ aks-agentpool-40807194-vmss00001a   Ready    KubeletReady
  ✅ aks-agentpool-40807194-vmss00001b   Ready    KubeletReady
  ✅ aks Error: SessionID: Timestamp:2024-12-05T11:01:33+02:00 SenderName:Bot Type:msg Message: MessageID:543637 Final:false Status:}
2024/12/05 11:01:33 chat.go:219: Sending message: {Content:Here are the node statuses:

```
🖥️  Node Status:
================
  ✅ aks-agentpool-40807194-vmss00000v   Ready    KubeletReady
  ✅ aks-agentpool-40807194-vmss000019   Ready    KubeletReady
  ✅ aks-agentpool-40807194-vmss00001a   Ready    KubeletReady
  ✅ aks-agentpool-40807194-vmss00001b   Ready    KubeletReady
  ✅ aks-agent Error: SessionID: Timestamp:2024-12-05T11:01:33+02:00 SenderName:Bot Type:msg Message: MessageID:543637 Final:false Status:}
2024/12/05 11:01:33 chat.go:219: Sending message: {Content:Here are the node statuses:

```
🖥️  Node Status:
================
  ✅ aks-agentpool-40807194-vmss00000v   Ready    KubeletReady
  ✅ aks-agentpool-40807194-vmss000019   Ready    KubeletReady
  ✅ aks-agentpool-40807194-vmss00001a   Ready    KubeletReady
  ✅ aks-agentpool-40807194-vmss00001b   Ready    KubeletReady
  ✅ aks-agentpool Error: SessionID: Timestamp:2024-12-05T11:01:33+02:00 SenderName:Bot Type:msg Message: MessageID:543637 Final:false Status:}
2024/12/05 11:01:33 chat.go:219: Sending message: {Content:Here are the node statuses:

```
🖥️  Node Status:
================
  ✅ aks-agentpool-40807194-vmss00000v   Ready    KubeletReady
  ✅ aks-agentpool-40807194-vmss000019   Ready    KubeletReady
  ✅ aks-agentpool-40807194-vmss00001a   Ready    KubeletReady
  ✅ aks-agentpool-40807194-vmss00001b   Ready    KubeletReady
  ✅ aks-agentpool- Error: SessionID: Timestamp:2024-12-05T11:01:33+02:00 SenderName:Bot Type:msg Message: MessageID:543637 Final:false Status:}
2024/12/05 11:01:33 chat.go:219: Sending message: {Content:Here are the node statuses:

```
🖥️  Node Status:
================
  ✅ aks-agentpool-40807194-vmss00000v   Ready    KubeletReady
  ✅ aks-agentpool-40807194-vmss000019   Ready    KubeletReady
  ✅ aks-agentpool-40807194-vmss00001a   Ready    KubeletReady
  ✅ aks-agentpool-40807194-vmss00001b   Ready    KubeletReady
  ✅ aks-agentpool-408 Error: SessionID: Timestamp:2024-12-05T11:01:33+02:00 SenderName:Bot Type:msg Message: MessageID:543637 Final:false Status:}
2024/12/05 11:01:33 chat.go:219: Sending message: {Content:Here are the node statuses:

```
🖥️  Node Status:
================
  ✅ aks-agentpool-40807194-vmss00000v   Ready    KubeletReady
  ✅ aks-agentpool-40807194-vmss000019   Ready    KubeletReady
  ✅ aks-agentpool-40807194-vmss00001a   Ready    KubeletReady
  ✅ aks-agentpool-40807194-vmss00001b   Ready    KubeletReady
  ✅ aks-agentpool-408071 Error: SessionID: Timestamp:2024-12-05T11:01:33+02:00 SenderName:Bot Type:msg Message: MessageID:543637 Final:false Status:}
2024/12/05 11:01:33 chat.go:219: Sending message: {Content:Here are the node statuses:

```
🖥️  Node Status:
================
  ✅ aks-agentpool-40807194-vmss00000v   Ready    KubeletReady
  ✅ aks-agentpool-40807194-vmss000019   Ready    KubeletReady
  ✅ aks-agentpool-40807194-vmss00001a   Ready    KubeletReady
  ✅ aks-agentpool-40807194-vmss00001b   Ready    KubeletReady
  ✅ aks-agentpool-40807194 Error: SessionID: Timestamp:2024-12-05T11:01:33+02:00 SenderName:Bot Type:msg Message: MessageID:543637 Final:false Status:}
2024/12/05 11:01:33 chat.go:219: Sending message: {Content:Here are the node statuses:

```
🖥️  Node Status:
================
  ✅ aks-agentpool-40807194-vmss00000v   Ready    KubeletReady
  ✅ aks-agentpool-40807194-vmss000019   Ready    KubeletReady
  ✅ aks-agentpool-40807194-vmss00001a   Ready    KubeletReady
  ✅ aks-agentpool-40807194-vmss00001b   Ready    KubeletReady
  ✅ aks-agentpool-40807194-v Error: SessionID: Timestamp:2024-12-05T11:01:33+02:00 SenderName:Bot Type:msg Message: MessageID:543637 Final:false Status:}
2024/12/05 11:01:33 chat.go:219: Sending message: {Content:Here are the node statuses:

```
🖥️  Node Status:
================
  ✅ aks-agentpool-40807194-vmss00000v   Ready    KubeletReady
  ✅ aks-agentpool-40807194-vmss000019   Ready    KubeletReady
  ✅ aks-agentpool-40807194-vmss00001a   Ready    KubeletReady
  ✅ aks-agentpool-40807194-vmss00001b   Ready    KubeletReady
  ✅ aks-agentpool-40807194-vm Error: SessionID: Timestamp:2024-12-05T11:01:33+02:00 SenderName:Bot Type:msg Message: MessageID:543637 Final:false Status:}
2024/12/05 11:01:33 chat.go:219: Sending message: {Content:Here are the node statuses:

```
🖥️  Node Status:
================
  ✅ aks-agentpool-40807194-vmss00000v   Ready    KubeletReady
  ✅ aks-agentpool-40807194-vmss000019   Ready    KubeletReady
  ✅ aks-agentpool-40807194-vmss00001a   Ready    KubeletReady
  ✅ aks-agentpool-40807194-vmss00001b   Ready    KubeletReady
  ✅ aks-agentpool-40807194-vmss Error: SessionID: Timestamp:2024-12-05T11:01:33+02:00 SenderName:Bot Type:msg Message: MessageID:543637 Final:false Status:}
2024/12/05 11:01:33 chat.go:219: Sending message: {Content:Here are the node statuses:

```
🖥️  Node Status:
================
  ✅ aks-agentpool-40807194-vmss00000v   Ready    KubeletReady
  ✅ aks-agentpool-40807194-vmss000019   Ready    KubeletReady
  ✅ aks-agentpool-40807194-vmss00001a   Ready    KubeletReady
  ✅ aks-agentpool-40807194-vmss00001b   Ready    KubeletReady
  ✅ aks-agentpool-40807194-vmss000 Error: SessionID: Timestamp:2024-12-05T11:01:33+02:00 SenderName:Bot Type:msg Message: MessageID:543637 Final:false Status:}
2024/12/05 11:01:33 chat.go:219: Sending message: {Content:Here are the node statuses:

```
🖥️  Node Status:
================
  ✅ aks-agentpool-40807194-vmss00000v   Ready    KubeletReady
  ✅ aks-agentpool-40807194-vmss000019   Ready    KubeletReady
  ✅ aks-agentpool-40807194-vmss00001a   Ready    KubeletReady
  ✅ aks-agentpool-40807194-vmss00001b   Ready    KubeletReady
  ✅ aks-agentpool-40807194-vmss00001 Error: SessionID: Timestamp:2024-12-05T11:01:33+02:00 SenderName:Bot Type:msg Message: MessageID:543637 Final:false Status:}
2024/12/05 11:01:33 chat.go:219: Sending message: {Content:Here are the node statuses:

```
🖥️  Node Status:
================
  ✅ aks-agentpool-40807194-vmss00000v   Ready    KubeletReady
  ✅ aks-agentpool-40807194-vmss000019   Ready    KubeletReady
  ✅ aks-agentpool-40807194-vmss00001a   Ready    KubeletReady
  ✅ aks-agentpool-40807194-vmss00001b   Ready    KubeletReady
  ✅ aks-agentpool-40807194-vmss00001d Error: SessionID: Timestamp:2024-12-05T11:01:33+02:00 SenderName:Bot Type:msg Message: MessageID:543637 Final:false Status:}
2024/12/05 11:01:33 chat.go:219: Sending message: {Content:Here are the node statuses:

```
🖥️  Node Status:
================
  ✅ aks-agentpool-40807194-vmss00000v   Ready    KubeletReady
  ✅ aks-agentpool-40807194-vmss000019   Ready    KubeletReady
  ✅ aks-agentpool-40807194-vmss00001a   Ready    KubeletReady
  ✅ aks-agentpool-40807194-vmss00001b   Ready    KubeletReady
  ✅ aks-agentpool-40807194-vmss00001d   Error: SessionID: Timestamp:2024-12-05T11:01:33+02:00 SenderName:Bot Type:msg Message: MessageID:543637 Final:false Status:}
2024/12/05 11:01:33 chat.go:219: Sending message: {Content:Here are the node statuses:

```
🖥️  Node Status:
================
  ✅ aks-agentpool-40807194-vmss00000v   Ready    KubeletReady
  ✅ aks-agentpool-40807194-vmss000019   Ready    KubeletReady
  ✅ aks-agentpool-40807194-vmss00001a   Ready    KubeletReady
  ✅ aks-agentpool-40807194-vmss00001b   Ready    KubeletReady
  ✅ aks-agentpool-40807194-vmss00001d   Ready Error: SessionID: Timestamp:2024-12-05T11:01:33+02:00 SenderName:Bot Type:msg Message: MessageID:543637 Final:false Status:}
2024/12/05 11:01:33 chat.go:219: Sending message: {Content:Here are the node statuses:

```
🖥️  Node Status:
================
  ✅ aks-agentpool-40807194-vmss00000v   Ready    KubeletReady
  ✅ aks-agentpool-40807194-vmss000019   Ready    KubeletReady
  ✅ aks-agentpool-40807194-vmss00001a   Ready    KubeletReady
  ✅ aks-agentpool-40807194-vmss00001b   Ready    KubeletReady
  ✅ aks-agentpool-40807194-vmss00001d   Ready    Error: SessionID: Timestamp:2024-12-05T11:01:33+02:00 SenderName:Bot Type:msg Message: MessageID:543637 Final:false Status:}
2024/12/05 11:01:33 chat.go:219: Sending message: {Content:Here are the node statuses:

```
🖥️  Node Status:
================
  ✅ aks-agentpool-40807194-vmss00000v   Ready    KubeletReady
  ✅ aks-agentpool-40807194-vmss000019   Ready    KubeletReady
  ✅ aks-agentpool-40807194-vmss00001a   Ready    KubeletReady
  ✅ aks-agentpool-40807194-vmss00001b   Ready    KubeletReady
  ✅ aks-agentpool-40807194-vmss00001d   Ready    K Error: SessionID: Timestamp:2024-12-05T11:01:33+02:00 SenderName:Bot Type:msg Message: MessageID:543637 Final:false Status:}
2024/12/05 11:01:33 chat.go:219: Sending message: {Content:Here are the node statuses:

```
🖥️  Node Status:
================
  ✅ aks-agentpool-40807194-vmss00000v   Ready    KubeletReady
  ✅ aks-agentpool-40807194-vmss000019   Ready    KubeletReady
  ✅ aks-agentpool-40807194-vmss00001a   Ready    KubeletReady
  ✅ aks-agentpool-40807194-vmss00001b   Ready    KubeletReady
  ✅ aks-agentpool-40807194-vmss00001d   Ready    Kube Error: SessionID: Timestamp:2024-12-05T11:01:33+02:00 SenderName:Bot Type:msg Message: MessageID:543637 Final:false Status:}
2024/12/05 11:01:33 chat.go:219: Sending message: {Content:Here are the node statuses:

```
🖥️  Node Status:
================
  ✅ aks-agentpool-40807194-vmss00000v   Ready    KubeletReady
  ✅ aks-agentpool-40807194-vmss000019   Ready    KubeletReady
  ✅ aks-agentpool-40807194-vmss00001a   Ready    KubeletReady
  ✅ aks-agentpool-40807194-vmss00001b   Ready    KubeletReady
  ✅ aks-agentpool-40807194-vmss00001d   Ready    Kubelet Error: SessionID: Timestamp:2024-12-05T11:01:33+02:00 SenderName:Bot Type:msg Message: MessageID:543637 Final:false Status:}
2024/12/05 11:01:33 chat.go:219: Sending message: {Content:Here are the node statuses:

```
🖥️  Node Status:
================
  ✅ aks-agentpool-40807194-vmss00000v   Ready    KubeletReady
  ✅ aks-agentpool-40807194-vmss000019   Ready    KubeletReady
  ✅ aks-agentpool-40807194-vmss00001a   Ready    KubeletReady
  ✅ aks-agentpool-40807194-vmss00001b   Ready    KubeletReady
  ✅ aks-agentpool-40807194-vmss00001d   Ready    KubeletReady Error: SessionID: Timestamp:2024-12-05T11:01:33+02:00 SenderName:Bot Type:msg Message: MessageID:543637 Final:false Status:}
2024/12/05 11:01:33 chat.go:219: Sending message: {Content:Here are the node statuses:

```
🖥️  Node Status:
================
  ✅ aks-agentpool-40807194-vmss00000v   Ready    KubeletReady
  ✅ aks-agentpool-40807194-vmss000019   Ready    KubeletReady
  ✅ aks-agentpool-40807194-vmss00001a   Ready    KubeletReady
  ✅ aks-agentpool-40807194-vmss00001b   Ready    KubeletReady
  ✅ aks-agentpool-40807194-vmss00001d   Ready    KubeletReady
 Error: SessionID: Timestamp:2024-12-05T11:01:33+02:00 SenderName:Bot Type:msg Message: MessageID:543637 Final:false Status:}
2024/12/05 11:01:33 chat.go:219: Sending message: {Content:Here are the node statuses:

```
🖥️  Node Status:
================
  ✅ aks-agentpool-40807194-vmss00000v   Ready    KubeletReady
  ✅ aks-agentpool-40807194-vmss000019   Ready    KubeletReady
  ✅ aks-agentpool-40807194-vmss00001a   Ready    KubeletReady
  ✅ aks-agentpool-40807194-vmss00001b   Ready    KubeletReady
  ✅ aks-agentpool-40807194-vmss00001d   Ready    KubeletReady
  Error: SessionID: Timestamp:2024-12-05T11:01:33+02:00 SenderName:Bot Type:msg Message: MessageID:543637 Final:false Status:}
2024/12/05 11:01:33 chat.go:219: Sending message: {Content:Here are the node statuses:

```
🖥️  Node Status:
================
  ✅ aks-agentpool-40807194-vmss00000v   Ready    KubeletReady
  ✅ aks-agentpool-40807194-vmss000019   Ready    KubeletReady
  ✅ aks-agentpool-40807194-vmss00001a   Ready    KubeletReady
  ✅ aks-agentpool-40807194-vmss00001b   Ready    KubeletReady
  ✅ aks-agentpool-40807194-vmss00001d   Ready    KubeletReady
  ✅ Error: SessionID: Timestamp:2024-12-05T11:01:33+02:00 SenderName:Bot Type:msg Message: MessageID:543637 Final:false Status:}
2024/12/05 11:01:33 chat.go:219: Sending message: {Content:Here are the node statuses:

```
🖥️  Node Status:
================
  ✅ aks-agentpool-40807194-vmss00000v   Ready    KubeletReady
  ✅ aks-agentpool-40807194-vmss000019   Ready    KubeletReady
  ✅ aks-agentpool-40807194-vmss00001a   Ready    KubeletReady
  ✅ aks-agentpool-40807194-vmss00001b   Ready    KubeletReady
  ✅ aks-agentpool-40807194-vmss00001d   Ready    KubeletReady
  ✅ aks Error: SessionID: Timestamp:2024-12-05T11:01:33+02:00 SenderName:Bot Type:msg Message: MessageID:543637 Final:false Status:}
2024/12/05 11:01:33 chat.go:219: Sending message: {Content:Here are the node statuses:

```
🖥️  Node Status:
================
  ✅ aks-agentpool-40807194-vmss00000v   Ready    KubeletReady
  ✅ aks-agentpool-40807194-vmss000019   Ready    KubeletReady
  ✅ aks-agentpool-40807194-vmss00001a   Ready    KubeletReady
  ✅ aks-agentpool-40807194-vmss00001b   Ready    KubeletReady
  ✅ aks-agentpool-40807194-vmss00001d   Ready    KubeletReady
  ✅ aks-agent Error: SessionID: Timestamp:2024-12-05T11:01:33+02:00 SenderName:Bot Type:msg Message: MessageID:543637 Final:false Status:}
2024/12/05 11:01:33 chat.go:219: Sending message: {Content:Here are the node statuses:

```
🖥️  Node Status:
================
  ✅ aks-agentpool-40807194-vmss00000v   Ready    KubeletReady
  ✅ aks-agentpool-40807194-vmss000019   Ready    KubeletReady
  ✅ aks-agentpool-40807194-vmss00001a   Ready    KubeletReady
  ✅ aks-agentpool-40807194-vmss00001b   Ready    KubeletReady
  ✅ aks-agentpool-40807194-vmss00001d   Ready    KubeletReady
  ✅ aks-agentpool Error: SessionID: Timestamp:2024-12-05T11:01:33+02:00 SenderName:Bot Type:msg Message: MessageID:543637 Final:false Status:}
2024/12/05 11:01:33 chat.go:219: Sending message: {Content:Here are the node statuses:

```
🖥️  Node Status:
================
  ✅ aks-agentpool-40807194-vmss00000v   Ready    KubeletReady
  ✅ aks-agentpool-40807194-vmss000019   Ready    KubeletReady
  ✅ aks-agentpool-40807194-vmss00001a   Ready    KubeletReady
  ✅ aks-agentpool-40807194-vmss00001b   Ready    KubeletReady
  ✅ aks-agentpool-40807194-vmss00001d   Ready    KubeletReady
  ✅ aks-agentpool- Error: SessionID: Timestamp:2024-12-05T11:01:33+02:00 SenderName:Bot Type:msg Message: MessageID:543637 Final:false Status:}
2024/12/05 11:01:33 chat.go:219: Sending message: {Content:Here are the node statuses:

```
🖥️  Node Status:
================
  ✅ aks-agentpool-40807194-vmss00000v   Ready    KubeletReady
  ✅ aks-agentpool-40807194-vmss000019   Ready    KubeletReady
  ✅ aks-agentpool-40807194-vmss00001a   Ready    KubeletReady
  ✅ aks-agentpool-40807194-vmss00001b   Ready    KubeletReady
  ✅ aks-agentpool-40807194-vmss00001d   Ready    KubeletReady
  ✅ aks-agentpool-408 Error: SessionID: Timestamp:2024-12-05T11:01:33+02:00 SenderName:Bot Type:msg Message: MessageID:543637 Final:false Status:}
2024/12/05 11:01:33 chat.go:219: Sending message: {Content:Here are the node statuses:

```
🖥️  Node Status:
================
  ✅ aks-agentpool-40807194-vmss00000v   Ready    KubeletReady
  ✅ aks-agentpool-40807194-vmss000019   Ready    KubeletReady
  ✅ aks-agentpool-40807194-vmss00001a   Ready    KubeletReady
  ✅ aks-agentpool-40807194-vmss00001b   Ready    KubeletReady
  ✅ aks-agentpool-40807194-vmss00001d   Ready    KubeletReady
  ✅ aks-agentpool-408071 Error: SessionID: Timestamp:2024-12-05T11:01:33+02:00 SenderName:Bot Type:msg Message: MessageID:543637 Final:false Status:}
2024/12/05 11:01:33 chat.go:219: Sending message: {Content:Here are the node statuses:

```
🖥️  Node Status:
================
  ✅ aks-agentpool-40807194-vmss00000v   Ready    KubeletReady
  ✅ aks-agentpool-40807194-vmss000019   Ready    KubeletReady
  ✅ aks-agentpool-40807194-vmss00001a   Ready    KubeletReady
  ✅ aks-agentpool-40807194-vmss00001b   Ready    KubeletReady
  ✅ aks-agentpool-40807194-vmss00001d   Ready    KubeletReady
  ✅ aks-agentpool-40807194 Error: SessionID: Timestamp:2024-12-05T11:01:33+02:00 SenderName:Bot Type:msg Message: MessageID:543637 Final:false Status:}
2024/12/05 11:01:33 chat.go:219: Sending message: {Content:Here are the node statuses:

```
🖥️  Node Status:
================
  ✅ aks-agentpool-40807194-vmss00000v   Ready    KubeletReady
  ✅ aks-agentpool-40807194-vmss000019   Ready    KubeletReady
  ✅ aks-agentpool-40807194-vmss00001a   Ready    KubeletReady
  ✅ aks-agentpool-40807194-vmss00001b   Ready    KubeletReady
  ✅ aks-agentpool-40807194-vmss00001d   Ready    KubeletReady
  ✅ aks-agentpool-40807194-v Error: SessionID: Timestamp:2024-12-05T11:01:33+02:00 SenderName:Bot Type:msg Message: MessageID:543637 Final:false Status:}
2024/12/05 11:01:33 chat.go:219: Sending message: {Content:Here are the node statuses:

```
🖥️  Node Status:
================
  ✅ aks-agentpool-40807194-vmss00000v   Ready    KubeletReady
  ✅ aks-agentpool-40807194-vmss000019   Ready    KubeletReady
  ✅ aks-agentpool-40807194-vmss00001a   Ready    KubeletReady
  ✅ aks-agentpool-40807194-vmss00001b   Ready    KubeletReady
  ✅ aks-agentpool-40807194-vmss00001d   Ready    KubeletReady
  ✅ aks-agentpool-40807194-vm Error: SessionID: Timestamp:2024-12-05T11:01:33+02:00 SenderName:Bot Type:msg Message: MessageID:543637 Final:false Status:}
2024/12/05 11:01:33 chat.go:219: Sending message: {Content:Here are the node statuses:

```
🖥️  Node Status:
================
  ✅ aks-agentpool-40807194-vmss00000v   Ready    KubeletReady
  ✅ aks-agentpool-40807194-vmss000019   Ready    KubeletReady
  ✅ aks-agentpool-40807194-vmss00001a   Ready    KubeletReady
  ✅ aks-agentpool-40807194-vmss00001b   Ready    KubeletReady
  ✅ aks-agentpool-40807194-vmss00001d   Ready    KubeletReady
  ✅ aks-agentpool-40807194-vmss Error: SessionID: Timestamp:2024-12-05T11:01:33+02:00 SenderName:Bot Type:msg Message: MessageID:543637 Final:false Status:}
2024/12/05 11:01:33 chat.go:219: Sending message: {Content:Here are the node statuses:

```
🖥️  Node Status:
================
  ✅ aks-agentpool-40807194-vmss00000v   Ready    KubeletReady
  ✅ aks-agentpool-40807194-vmss000019   Ready    KubeletReady
  ✅ aks-agentpool-40807194-vmss00001a   Ready    KubeletReady
  ✅ aks-agentpool-40807194-vmss00001b   Ready    KubeletReady
  ✅ aks-agentpool-40807194-vmss00001d   Ready    KubeletReady
  ✅ aks-agentpool-40807194-vmss000 Error: SessionID: Timestamp:2024-12-05T11:01:33+02:00 SenderName:Bot Type:msg Message: MessageID:543637 Final:false Status:}
2024/12/05 11:01:33 chat.go:219: Sending message: {Content:Here are the node statuses:

```
🖥️  Node Status:
================
  ✅ aks-agentpool-40807194-vmss00000v   Ready    KubeletReady
  ✅ aks-agentpool-40807194-vmss000019   Ready    KubeletReady
  ✅ aks-agentpool-40807194-vmss00001a   Ready    KubeletReady
  ✅ aks-agentpool-40807194-vmss00001b   Ready    KubeletReady
  ✅ aks-agentpool-40807194-vmss00001d   Ready    KubeletReady
  ✅ aks-agentpool-40807194-vmss00001 Error: SessionID: Timestamp:2024-12-05T11:01:33+02:00 SenderName:Bot Type:msg Message: MessageID:543637 Final:false Status:}
2024/12/05 11:01:33 chat.go:219: Sending message: {Content:Here are the node statuses:

```
🖥️  Node Status:
================
  ✅ aks-agentpool-40807194-vmss00000v   Ready    KubeletReady
  ✅ aks-agentpool-40807194-vmss000019   Ready    KubeletReady
  ✅ aks-agentpool-40807194-vmss00001a   Ready    KubeletReady
  ✅ aks-agentpool-40807194-vmss00001b   Ready    KubeletReady
  ✅ aks-agentpool-40807194-vmss00001d   Ready    KubeletReady
  ✅ aks-agentpool-40807194-vmss00001e Error: SessionID: Timestamp:2024-12-05T11:01:33+02:00 SenderName:Bot Type:msg Message: MessageID:543637 Final:false Status:}
2024/12/05 11:01:33 chat.go:219: Sending message: {Content:Here are the node statuses:

```
🖥️  Node Status:
================
  ✅ aks-agentpool-40807194-vmss00000v   Ready    KubeletReady
  ✅ aks-agentpool-40807194-vmss000019   Ready    KubeletReady
  ✅ aks-agentpool-40807194-vmss00001a   Ready    KubeletReady
  ✅ aks-agentpool-40807194-vmss00001b   Ready    KubeletReady
  ✅ aks-agentpool-40807194-vmss00001d   Ready    KubeletReady
  ✅ aks-agentpool-40807194-vmss00001e   Error: SessionID: Timestamp:2024-12-05T11:01:33+02:00 SenderName:Bot Type:msg Message: MessageID:543637 Final:false Status:}
2024/12/05 11:01:33 chat.go:219: Sending message: {Content:Here are the node statuses:

```
🖥️  Node Status:
================
  ✅ aks-agentpool-40807194-vmss00000v   Ready    KubeletReady
  ✅ aks-agentpool-40807194-vmss000019   Ready    KubeletReady
  ✅ aks-agentpool-40807194-vmss00001a   Ready    KubeletReady
  ✅ aks-agentpool-40807194-vmss00001b   Ready    KubeletReady
  ✅ aks-agentpool-40807194-vmss00001d   Ready    KubeletReady
  ✅ aks-agentpool-40807194-vmss00001e   Ready Error: SessionID: Timestamp:2024-12-05T11:01:33+02:00 SenderName:Bot Type:msg Message: MessageID:543637 Final:false Status:}
2024/12/05 11:01:33 chat.go:219: Sending message: {Content:Here are the node statuses:

```
🖥️  Node Status:
================
  ✅ aks-agentpool-40807194-vmss00000v   Ready    KubeletReady
  ✅ aks-agentpool-40807194-vmss000019   Ready    KubeletReady
  ✅ aks-agentpool-40807194-vmss00001a   Ready    KubeletReady
  ✅ aks-agentpool-40807194-vmss00001b   Ready    KubeletReady
  ✅ aks-agentpool-40807194-vmss00001d   Ready    KubeletReady
  ✅ aks-agentpool-40807194-vmss00001e   Ready    Error: SessionID: Timestamp:2024-12-05T11:01:33+02:00 SenderName:Bot Type:msg Message: MessageID:543637 Final:false Status:}
2024/12/05 11:01:33 chat.go:219: Sending message: {Content:Here are the node statuses:

```
🖥️  Node Status:
================
  ✅ aks-agentpool-40807194-vmss00000v   Ready    KubeletReady
  ✅ aks-agentpool-40807194-vmss000019   Ready    KubeletReady
  ✅ aks-agentpool-40807194-vmss00001a   Ready    KubeletReady
  ✅ aks-agentpool-40807194-vmss00001b   Ready    KubeletReady
  ✅ aks-agentpool-40807194-vmss00001d   Ready    KubeletReady
  ✅ aks-agentpool-40807194-vmss00001e   Ready    K Error: SessionID: Timestamp:2024-12-05T11:01:33+02:00 SenderName:Bot Type:msg Message: MessageID:543637 Final:false Status:}
2024/12/05 11:01:33 chat.go:219: Sending message: {Content:Here are the node statuses:

```
🖥️  Node Status:
================
  ✅ aks-agentpool-40807194-vmss00000v   Ready    KubeletReady
  ✅ aks-agentpool-40807194-vmss000019   Ready    KubeletReady
  ✅ aks-agentpool-40807194-vmss00001a   Ready    KubeletReady
  ✅ aks-agentpool-40807194-vmss00001b   Ready    KubeletReady
  ✅ aks-agentpool-40807194-vmss00001d   Ready    KubeletReady
  ✅ aks-agentpool-40807194-vmss00001e   Ready    Kube Error: SessionID: Timestamp:2024-12-05T11:01:33+02:00 SenderName:Bot Type:msg Message: MessageID:543637 Final:false Status:}
2024/12/05 11:01:33 chat.go:219: Sending message: {Content:Here are the node statuses:

```
🖥️  Node Status:
================
  ✅ aks-agentpool-40807194-vmss00000v   Ready    KubeletReady
  ✅ aks-agentpool-40807194-vmss000019   Ready    KubeletReady
  ✅ aks-agentpool-40807194-vmss00001a   Ready    KubeletReady
  ✅ aks-agentpool-40807194-vmss00001b   Ready    KubeletReady
  ✅ aks-agentpool-40807194-vmss00001d   Ready    KubeletReady
  ✅ aks-agentpool-40807194-vmss00001e   Ready    Kubelet Error: SessionID: Timestamp:2024-12-05T11:01:33+02:00 SenderName:Bot Type:msg Message: MessageID:543637 Final:false Status:}
2024/12/05 11:01:33 chat.go:219: Sending message: {Content:Here are the node statuses:

```
🖥️  Node Status:
================
  ✅ aks-agentpool-40807194-vmss00000v   Ready    KubeletReady
  ✅ aks-agentpool-40807194-vmss000019   Ready    KubeletReady
  ✅ aks-agentpool-40807194-vmss00001a   Ready    KubeletReady
  ✅ aks-agentpool-40807194-vmss00001b   Ready    KubeletReady
  ✅ aks-agentpool-40807194-vmss00001d   Ready    KubeletReady
  ✅ aks-agentpool-40807194-vmss00001e   Ready    KubeletReady Error: SessionID: Timestamp:2024-12-05T11:01:33+02:00 SenderName:Bot Type:msg Message: MessageID:543637 Final:false Status:}
2024/12/05 11:01:33 chat.go:219: Sending message: {Content:Here are the node statuses:

```
🖥️  Node Status:
================
  ✅ aks-agentpool-40807194-vmss00000v   Ready    KubeletReady
  ✅ aks-agentpool-40807194-vmss000019   Ready    KubeletReady
  ✅ aks-agentpool-40807194-vmss00001a   Ready    KubeletReady
  ✅ aks-agentpool-40807194-vmss00001b   Ready    KubeletReady
  ✅ aks-agentpool-40807194-vmss00001d   Ready    KubeletReady
  ✅ aks-agentpool-40807194-vmss00001e   Ready    KubeletReady
 Error: SessionID: Timestamp:2024-12-05T11:01:33+02:00 SenderName:Bot Type:msg Message: MessageID:543637 Final:false Status:}
2024/12/05 11:01:33 chat.go:219: Sending message: {Content:Here are the node statuses:

```
🖥️  Node Status:
================
  ✅ aks-agentpool-40807194-vmss00000v   Ready    KubeletReady
  ✅ aks-agentpool-40807194-vmss000019   Ready    KubeletReady
  ✅ aks-agentpool-40807194-vmss00001a   Ready    KubeletReady
  ✅ aks-agentpool-40807194-vmss00001b   Ready    KubeletReady
  ✅ aks-agentpool-40807194-vmss00001d   Ready    KubeletReady
  ✅ aks-agentpool-40807194-vmss00001e   Ready    KubeletReady
  Error: SessionID: Timestamp:2024-12-05T11:01:33+02:00 SenderName:Bot Type:msg Message: MessageID:543637 Final:false Status:}
2024/12/05 11:01:33 chat.go:219: Sending message: {Content:Here are the node statuses:

```
🖥️  Node Status:
================
  ✅ aks-agentpool-40807194-vmss00000v   Ready    KubeletReady
  ✅ aks-agentpool-40807194-vmss000019   Ready    KubeletReady
  ✅ aks-agentpool-40807194-vmss00001a   Ready    KubeletReady
  ✅ aks-agentpool-40807194-vmss00001b   Ready    KubeletReady
  ✅ aks-agentpool-40807194-vmss00001d   Ready    KubeletReady
  ✅ aks-agentpool-40807194-vmss00001e   Ready    KubeletReady
  ✅ Error: SessionID: Timestamp:2024-12-05T11:01:33+02:00 SenderName:Bot Type:msg Message: MessageID:543637 Final:false Status:}
2024/12/05 11:01:33 chat.go:219: Sending message: {Content:Here are the node statuses:

```
🖥️  Node Status:
================
  ✅ aks-agentpool-40807194-vmss00000v   Ready    KubeletReady
  ✅ aks-agentpool-40807194-vmss000019   Ready    KubeletReady
  ✅ aks-agentpool-40807194-vmss00001a   Ready    KubeletReady
  ✅ aks-agentpool-40807194-vmss00001b   Ready    KubeletReady
  ✅ aks-agentpool-40807194-vmss00001d   Ready    KubeletReady
  ✅ aks-agentpool-40807194-vmss00001e   Ready    KubeletReady
  ✅ aks Error: SessionID: Timestamp:2024-12-05T11:01:33+02:00 SenderName:Bot Type:msg Message: MessageID:543637 Final:false Status:}
2024/12/05 11:01:33 chat.go:219: Sending message: {Content:Here are the node statuses:

```
🖥️  Node Status:
================
  ✅ aks-agentpool-40807194-vmss00000v   Ready    KubeletReady
  ✅ aks-agentpool-40807194-vmss000019   Ready    KubeletReady
  ✅ aks-agentpool-40807194-vmss00001a   Ready    KubeletReady
  ✅ aks-agentpool-40807194-vmss00001b   Ready    KubeletReady
  ✅ aks-agentpool-40807194-vmss00001d   Ready    KubeletReady
  ✅ aks-agentpool-40807194-vmss00001e   Ready    KubeletReady
  ✅ aks-agent Error: SessionID: Timestamp:2024-12-05T11:01:33+02:00 SenderName:Bot Type:msg Message: MessageID:543637 Final:false Status:}
2024/12/05 11:01:34 chat.go:219: Sending message: {Content:Here are the node statuses:

```
🖥️  Node Status:
================
  ✅ aks-agentpool-40807194-vmss00000v   Ready    KubeletReady
  ✅ aks-agentpool-40807194-vmss000019   Ready    KubeletReady
  ✅ aks-agentpool-40807194-vmss00001a   Ready    KubeletReady
  ✅ aks-agentpool-40807194-vmss00001b   Ready    KubeletReady
  ✅ aks-agentpool-40807194-vmss00001d   Ready    KubeletReady
  ✅ aks-agentpool-40807194-vmss00001e   Ready    KubeletReady
  ✅ aks-agentpool Error: SessionID: Timestamp:2024-12-05T11:01:34+02:00 SenderName:Bot Type:msg Message: MessageID:543637 Final:false Status:}
2024/12/05 11:01:34 chat.go:219: Sending message: {Content:Here are the node statuses:

```
🖥️  Node Status:
================
  ✅ aks-agentpool-40807194-vmss00000v   Ready    KubeletReady
  ✅ aks-agentpool-40807194-vmss000019   Ready    KubeletReady
  ✅ aks-agentpool-40807194-vmss00001a   Ready    KubeletReady
  ✅ aks-agentpool-40807194-vmss00001b   Ready    KubeletReady
  ✅ aks-agentpool-40807194-vmss00001d   Ready    KubeletReady
  ✅ aks-agentpool-40807194-vmss00001e   Ready    KubeletReady
  ✅ aks-agentpool- Error: SessionID: Timestamp:2024-12-05T11:01:34+02:00 SenderName:Bot Type:msg Message: MessageID:543637 Final:false Status:}
2024/12/05 11:01:34 chat.go:219: Sending message: {Content:Here are the node statuses:

```
🖥️  Node Status:
================
  ✅ aks-agentpool-40807194-vmss00000v   Ready    KubeletReady
  ✅ aks-agentpool-40807194-vmss000019   Ready    KubeletReady
  ✅ aks-agentpool-40807194-vmss00001a   Ready    KubeletReady
  ✅ aks-agentpool-40807194-vmss00001b   Ready    KubeletReady
  ✅ aks-agentpool-40807194-vmss00001d   Ready    KubeletReady
  ✅ aks-agentpool-40807194-vmss00001e   Ready    KubeletReady
  ✅ aks-agentpool-408 Error: SessionID: Timestamp:2024-12-05T11:01:34+02:00 SenderName:Bot Type:msg Message: MessageID:543637 Final:false Status:}
2024/12/05 11:01:34 chat.go:219: Sending message: {Content:Here are the node statuses:

```
🖥️  Node Status:
================
  ✅ aks-agentpool-40807194-vmss00000v   Ready    KubeletReady
  ✅ aks-agentpool-40807194-vmss000019   Ready    KubeletReady
  ✅ aks-agentpool-40807194-vmss00001a   Ready    KubeletReady
  ✅ aks-agentpool-40807194-vmss00001b   Ready    KubeletReady
  ✅ aks-agentpool-40807194-vmss00001d   Ready    KubeletReady
  ✅ aks-agentpool-40807194-vmss00001e   Ready    KubeletReady
  ✅ aks-agentpool-408071 Error: SessionID: Timestamp:2024-12-05T11:01:34+02:00 SenderName:Bot Type:msg Message: MessageID:543637 Final:false Status:}
2024/12/05 11:01:34 chat.go:219: Sending message: {Content:Here are the node statuses:

```
🖥️  Node Status:
================
  ✅ aks-agentpool-40807194-vmss00000v   Ready    KubeletReady
  ✅ aks-agentpool-40807194-vmss000019   Ready    KubeletReady
  ✅ aks-agentpool-40807194-vmss00001a   Ready    KubeletReady
  ✅ aks-agentpool-40807194-vmss00001b   Ready    KubeletReady
  ✅ aks-agentpool-40807194-vmss00001d   Ready    KubeletReady
  ✅ aks-agentpool-40807194-vmss00001e   Ready    KubeletReady
  ✅ aks-agentpool-40807194 Error: SessionID: Timestamp:2024-12-05T11:01:34+02:00 SenderName:Bot Type:msg Message: MessageID:543637 Final:false Status:}
2024/12/05 11:01:34 chat.go:219: Sending message: {Content:Here are the node statuses:

```
🖥️  Node Status:
================
  ✅ aks-agentpool-40807194-vmss00000v   Ready    KubeletReady
  ✅ aks-agentpool-40807194-vmss000019   Ready    KubeletReady
  ✅ aks-agentpool-40807194-vmss00001a   Ready    KubeletReady
  ✅ aks-agentpool-40807194-vmss00001b   Ready    KubeletReady
  ✅ aks-agentpool-40807194-vmss00001d   Ready    KubeletReady
  ✅ aks-agentpool-40807194-vmss00001e   Ready    KubeletReady
  ✅ aks-agentpool-40807194-v Error: SessionID: Timestamp:2024-12-05T11:01:34+02:00 SenderName:Bot Type:msg Message: MessageID:543637 Final:false Status:}
2024/12/05 11:01:34 chat.go:219: Sending message: {Content:Here are the node statuses:

```
🖥️  Node Status:
================
  ✅ aks-agentpool-40807194-vmss00000v   Ready    KubeletReady
  ✅ aks-agentpool-40807194-vmss000019   Ready    KubeletReady
  ✅ aks-agentpool-40807194-vmss00001a   Ready    KubeletReady
  ✅ aks-agentpool-40807194-vmss00001b   Ready    KubeletReady
  ✅ aks-agentpool-40807194-vmss00001d   Ready    KubeletReady
  ✅ aks-agentpool-40807194-vmss00001e   Ready    KubeletReady
  ✅ aks-agentpool-40807194-vm Error: SessionID: Timestamp:2024-12-05T11:01:34+02:00 SenderName:Bot Type:msg Message: MessageID:543637 Final:false Status:}
2024/12/05 11:01:34 chat.go:219: Sending message: {Content:Here are the node statuses:

```
🖥️  Node Status:
================
  ✅ aks-agentpool-40807194-vmss00000v   Ready    KubeletReady
  ✅ aks-agentpool-40807194-vmss000019   Ready    KubeletReady
  ✅ aks-agentpool-40807194-vmss00001a   Ready    KubeletReady
  ✅ aks-agentpool-40807194-vmss00001b   Ready    KubeletReady
  ✅ aks-agentpool-40807194-vmss00001d   Ready    KubeletReady
  ✅ aks-agentpool-40807194-vmss00001e   Ready    KubeletReady
  ✅ aks-agentpool-40807194-vmss Error: SessionID: Timestamp:2024-12-05T11:01:34+02:00 SenderName:Bot Type:msg Message: MessageID:543637 Final:false Status:}
2024/12/05 11:01:34 chat.go:219: Sending message: {Content:Here are the node statuses:

```
🖥️  Node Status:
================
  ✅ aks-agentpool-40807194-vmss00000v   Ready    KubeletReady
  ✅ aks-agentpool-40807194-vmss000019   Ready    KubeletReady
  ✅ aks-agentpool-40807194-vmss00001a   Ready    KubeletReady
  ✅ aks-agentpool-40807194-vmss00001b   Ready    KubeletReady
  ✅ aks-agentpool-40807194-vmss00001d   Ready    KubeletReady
  ✅ aks-agentpool-40807194-vmss00001e   Ready    KubeletReady
  ✅ aks-agentpool-40807194-vmss000 Error: SessionID: Timestamp:2024-12-05T11:01:34+02:00 SenderName:Bot Type:msg Message: MessageID:543637 Final:false Status:}
2024/12/05 11:01:34 chat.go:219: Sending message: {Content:Here are the node statuses:

```
🖥️  Node Status:
================
  ✅ aks-agentpool-40807194-vmss00000v   Ready    KubeletReady
  ✅ aks-agentpool-40807194-vmss000019   Ready    KubeletReady
  ✅ aks-agentpool-40807194-vmss00001a   Ready    KubeletReady
  ✅ aks-agentpool-40807194-vmss00001b   Ready    KubeletReady
  ✅ aks-agentpool-40807194-vmss00001d   Ready    KubeletReady
  ✅ aks-agentpool-40807194-vmss00001e   Ready    KubeletReady
  ✅ aks-agentpool-40807194-vmss00001 Error: SessionID: Timestamp:2024-12-05T11:01:34+02:00 SenderName:Bot Type:msg Message: MessageID:543637 Final:false Status:}
2024/12/05 11:01:34 chat.go:219: Sending message: {Content:Here are the node statuses:

```
🖥️  Node Status:
================
  ✅ aks-agentpool-40807194-vmss00000v   Ready    KubeletReady
  ✅ aks-agentpool-40807194-vmss000019   Ready    KubeletReady
  ✅ aks-agentpool-40807194-vmss00001a   Ready    KubeletReady
  ✅ aks-agentpool-40807194-vmss00001b   Ready    KubeletReady
  ✅ aks-agentpool-40807194-vmss00001d   Ready    KubeletReady
  ✅ aks-agentpool-40807194-vmss00001e   Ready    KubeletReady
  ✅ aks-agentpool-40807194-vmss00001g Error: SessionID: Timestamp:2024-12-05T11:01:34+02:00 SenderName:Bot Type:msg Message: MessageID:543637 Final:false Status:}
2024/12/05 11:01:34 chat.go:219: Sending message: {Content:Here are the node statuses:

```
🖥️  Node Status:
================
  ✅ aks-agentpool-40807194-vmss00000v   Ready    KubeletReady
  ✅ aks-agentpool-40807194-vmss000019   Ready    KubeletReady
  ✅ aks-agentpool-40807194-vmss00001a   Ready    KubeletReady
  ✅ aks-agentpool-40807194-vmss00001b   Ready    KubeletReady
  ✅ aks-agentpool-40807194-vmss00001d   Ready    KubeletReady
  ✅ aks-agentpool-40807194-vmss00001e   Ready    KubeletReady
  ✅ aks-agentpool-40807194-vmss00001g   Error: SessionID: Timestamp:2024-12-05T11:01:34+02:00 SenderName:Bot Type:msg Message: MessageID:543637 Final:false Status:}
2024/12/05 11:01:34 chat.go:219: Sending message: {Content:Here are the node statuses:

```
🖥️  Node Status:
================
  ✅ aks-agentpool-40807194-vmss00000v   Ready    KubeletReady
  ✅ aks-agentpool-40807194-vmss000019   Ready    KubeletReady
  ✅ aks-agentpool-40807194-vmss00001a   Ready    KubeletReady
  ✅ aks-agentpool-40807194-vmss00001b   Ready    KubeletReady
  ✅ aks-agentpool-40807194-vmss00001d   Ready    KubeletReady
  ✅ aks-agentpool-40807194-vmss00001e   Ready    KubeletReady
  ✅ aks-agentpool-40807194-vmss00001g   Ready Error: SessionID: Timestamp:2024-12-05T11:01:34+02:00 SenderName:Bot Type:msg Message: MessageID:543637 Final:false Status:}
2024/12/05 11:01:34 chat.go:219: Sending message: {Content:Here are the node statuses:

```
🖥️  Node Status:
================
  ✅ aks-agentpool-40807194-vmss00000v   Ready    KubeletReady
  ✅ aks-agentpool-40807194-vmss000019   Ready    KubeletReady
  ✅ aks-agentpool-40807194-vmss00001a   Ready    KubeletReady
  ✅ aks-agentpool-40807194-vmss00001b   Ready    KubeletReady
  ✅ aks-agentpool-40807194-vmss00001d   Ready    KubeletReady
  ✅ aks-agentpool-40807194-vmss00001e   Ready    KubeletReady
  ✅ aks-agentpool-40807194-vmss00001g   Ready    Error: SessionID: Timestamp:2024-12-05T11:01:34+02:00 SenderName:Bot Type:msg Message: MessageID:543637 Final:false Status:}
2024/12/05 11:01:34 chat.go:219: Sending message: {Content:Here are the node statuses:

```
🖥️  Node Status:
================
  ✅ aks-agentpool-40807194-vmss00000v   Ready    KubeletReady
  ✅ aks-agentpool-40807194-vmss000019   Ready    KubeletReady
  ✅ aks-agentpool-40807194-vmss00001a   Ready    KubeletReady
  ✅ aks-agentpool-40807194-vmss00001b   Ready    KubeletReady
  ✅ aks-agentpool-40807194-vmss00001d   Ready    KubeletReady
  ✅ aks-agentpool-40807194-vmss00001e   Ready    KubeletReady
  ✅ aks-agentpool-40807194-vmss00001g   Ready    K Error: SessionID: Timestamp:2024-12-05T11:01:34+02:00 SenderName:Bot Type:msg Message: MessageID:543637 Final:false Status:}
2024/12/05 11:01:34 chat.go:219: Sending message: {Content:Here are the node statuses:

```
🖥️  Node Status:
================
  ✅ aks-agentpool-40807194-vmss00000v   Ready    KubeletReady
  ✅ aks-agentpool-40807194-vmss000019   Ready    KubeletReady
  ✅ aks-agentpool-40807194-vmss00001a   Ready    KubeletReady
  ✅ aks-agentpool-40807194-vmss00001b   Ready    KubeletReady
  ✅ aks-agentpool-40807194-vmss00001d   Ready    KubeletReady
  ✅ aks-agentpool-40807194-vmss00001e   Ready    KubeletReady
  ✅ aks-agentpool-40807194-vmss00001g   Ready    Kube Error: SessionID: Timestamp:2024-12-05T11:01:34+02:00 SenderName:Bot Type:msg Message: MessageID:543637 Final:false Status:}
2024/12/05 11:01:34 chat.go:219: Sending message: {Content:Here are the node statuses:

```
🖥️  Node Status:
================
  ✅ aks-agentpool-40807194-vmss00000v   Ready    KubeletReady
  ✅ aks-agentpool-40807194-vmss000019   Ready    KubeletReady
  ✅ aks-agentpool-40807194-vmss00001a   Ready    KubeletReady
  ✅ aks-agentpool-40807194-vmss00001b   Ready    KubeletReady
  ✅ aks-agentpool-40807194-vmss00001d   Ready    KubeletReady
  ✅ aks-agentpool-40807194-vmss00001e   Ready    KubeletReady
  ✅ aks-agentpool-40807194-vmss00001g   Ready    Kubelet Error: SessionID: Timestamp:2024-12-05T11:01:34+02:00 SenderName:Bot Type:msg Message: MessageID:543637 Final:false Status:}
2024/12/05 11:01:34 chat.go:219: Sending message: {Content:Here are the node statuses:

```
🖥️  Node Status:
================
  ✅ aks-agentpool-40807194-vmss00000v   Ready    KubeletReady
  ✅ aks-agentpool-40807194-vmss000019   Ready    KubeletReady
  ✅ aks-agentpool-40807194-vmss00001a   Ready    KubeletReady
  ✅ aks-agentpool-40807194-vmss00001b   Ready    KubeletReady
  ✅ aks-agentpool-40807194-vmss00001d   Ready    KubeletReady
  ✅ aks-agentpool-40807194-vmss00001e   Ready    KubeletReady
  ✅ aks-agentpool-40807194-vmss00001g   Ready    KubeletReady Error: SessionID: Timestamp:2024-12-05T11:01:34+02:00 SenderName:Bot Type:msg Message: MessageID:543637 Final:false Status:}
2024/12/05 11:01:34 chat.go:219: Sending message: {Content:Here are the node statuses:

```
🖥️  Node Status:
================
  ✅ aks-agentpool-40807194-vmss00000v   Ready    KubeletReady
  ✅ aks-agentpool-40807194-vmss000019   Ready    KubeletReady
  ✅ aks-agentpool-40807194-vmss00001a   Ready    KubeletReady
  ✅ aks-agentpool-40807194-vmss00001b   Ready    KubeletReady
  ✅ aks-agentpool-40807194-vmss00001d   Ready    KubeletReady
  ✅ aks-agentpool-40807194-vmss00001e   Ready    KubeletReady
  ✅ aks-agentpool-40807194-vmss00001g   Ready    KubeletReady
 Error: SessionID: Timestamp:2024-12-05T11:01:34+02:00 SenderName:Bot Type:msg Message: MessageID:543637 Final:false Status:}
2024/12/05 11:01:34 chat.go:219: Sending message: {Content:Here are the node statuses:

```
🖥️  Node Status:
================
  ✅ aks-agentpool-40807194-vmss00000v   Ready    KubeletReady
  ✅ aks-agentpool-40807194-vmss000019   Ready    KubeletReady
  ✅ aks-agentpool-40807194-vmss00001a   Ready    KubeletReady
  ✅ aks-agentpool-40807194-vmss00001b   Ready    KubeletReady
  ✅ aks-agentpool-40807194-vmss00001d   Ready    KubeletReady
  ✅ aks-agentpool-40807194-vmss00001e   Ready    KubeletReady
  ✅ aks-agentpool-40807194-vmss00001g   Ready    KubeletReady
  Error: SessionID: Timestamp:2024-12-05T11:01:34+02:00 SenderName:Bot Type:msg Message: MessageID:543637 Final:false Status:}
2024/12/05 11:01:34 chat.go:219: Sending message: {Content:Here are the node statuses:

```
🖥️  Node Status:
================
  ✅ aks-agentpool-40807194-vmss00000v   Ready    KubeletReady
  ✅ aks-agentpool-40807194-vmss000019   Ready    KubeletReady
  ✅ aks-agentpool-40807194-vmss00001a   Ready    KubeletReady
  ✅ aks-agentpool-40807194-vmss00001b   Ready    KubeletReady
  ✅ aks-agentpool-40807194-vmss00001d   Ready    KubeletReady
  ✅ aks-agentpool-40807194-vmss00001e   Ready    KubeletReady
  ✅ aks-agentpool-40807194-vmss00001g   Ready    KubeletReady
  ✅ Error: SessionID: Timestamp:2024-12-05T11:01:34+02:00 SenderName:Bot Type:msg Message: MessageID:543637 Final:false Status:}
2024/12/05 11:01:34 chat.go:219: Sending message: {Content:Here are the node statuses:

```
🖥️  Node Status:
================
  ✅ aks-agentpool-40807194-vmss00000v   Ready    KubeletReady
  ✅ aks-agentpool-40807194-vmss000019   Ready    KubeletReady
  ✅ aks-agentpool-40807194-vmss00001a   Ready    KubeletReady
  ✅ aks-agentpool-40807194-vmss00001b   Ready    KubeletReady
  ✅ aks-agentpool-40807194-vmss00001d   Ready    KubeletReady
  ✅ aks-agentpool-40807194-vmss00001e   Ready    KubeletReady
  ✅ aks-agentpool-40807194-vmss00001g   Ready    KubeletReady
  ✅ aks Error: SessionID: Timestamp:2024-12-05T11:01:34+02:00 SenderName:Bot Type:msg Message: MessageID:543637 Final:false Status:}
2024/12/05 11:01:34 chat.go:219: Sending message: {Content:Here are the node statuses:

```
🖥️  Node Status:
================
  ✅ aks-agentpool-40807194-vmss00000v   Ready    KubeletReady
  ✅ aks-agentpool-40807194-vmss000019   Ready    KubeletReady
  ✅ aks-agentpool-40807194-vmss00001a   Ready    KubeletReady
  ✅ aks-agentpool-40807194-vmss00001b   Ready    KubeletReady
  ✅ aks-agentpool-40807194-vmss00001d   Ready    KubeletReady
  ✅ aks-agentpool-40807194-vmss00001e   Ready    KubeletReady
  ✅ aks-agentpool-40807194-vmss00001g   Ready    KubeletReady
  ✅ aks-agent Error: SessionID: Timestamp:2024-12-05T11:01:34+02:00 SenderName:Bot Type:msg Message: MessageID:543637 Final:false Status:}
2024/12/05 11:01:34 chat.go:219: Sending message: {Content:Here are the node statuses:

```
🖥️  Node Status:
================
  ✅ aks-agentpool-40807194-vmss00000v   Ready    KubeletReady
  ✅ aks-agentpool-40807194-vmss000019   Ready    KubeletReady
  ✅ aks-agentpool-40807194-vmss00001a   Ready    KubeletReady
  ✅ aks-agentpool-40807194-vmss00001b   Ready    KubeletReady
  ✅ aks-agentpool-40807194-vmss00001d   Ready    KubeletReady
  ✅ aks-agentpool-40807194-vmss00001e   Ready    KubeletReady
  ✅ aks-agentpool-40807194-vmss00001g   Ready    KubeletReady
  ✅ aks-agentpool Error: SessionID: Timestamp:2024-12-05T11:01:34+02:00 SenderName:Bot Type:msg Message: MessageID:543637 Final:false Status:}
2024/12/05 11:01:34 chat.go:219: Sending message: {Content:Here are the node statuses:

```
🖥️  Node Status:
================
  ✅ aks-agentpool-40807194-vmss00000v   Ready    KubeletReady
  ✅ aks-agentpool-40807194-vmss000019   Ready    KubeletReady
  ✅ aks-agentpool-40807194-vmss00001a   Ready    KubeletReady
  ✅ aks-agentpool-40807194-vmss00001b   Ready    KubeletReady
  ✅ aks-agentpool-40807194-vmss00001d   Ready    KubeletReady
  ✅ aks-agentpool-40807194-vmss00001e   Ready    KubeletReady
  ✅ aks-agentpool-40807194-vmss00001g   Ready    KubeletReady
  ✅ aks-agentpool- Error: SessionID: Timestamp:2024-12-05T11:01:34+02:00 SenderName:Bot Type:msg Message: MessageID:543637 Final:false Status:}
2024/12/05 11:01:34 chat.go:219: Sending message: {Content:Here are the node statuses:

```
🖥️  Node Status:
================
  ✅ aks-agentpool-40807194-vmss00000v   Ready    KubeletReady
  ✅ aks-agentpool-40807194-vmss000019   Ready    KubeletReady
  ✅ aks-agentpool-40807194-vmss00001a   Ready    KubeletReady
  ✅ aks-agentpool-40807194-vmss00001b   Ready    KubeletReady
  ✅ aks-agentpool-40807194-vmss00001d   Ready    KubeletReady
  ✅ aks-agentpool-40807194-vmss00001e   Ready    KubeletReady
  ✅ aks-agentpool-40807194-vmss00001g   Ready    KubeletReady
  ✅ aks-agentpool-408 Error: SessionID: Timestamp:2024-12-05T11:01:34+02:00 SenderName:Bot Type:msg Message: MessageID:543637 Final:false Status:}
2024/12/05 11:01:34 chat.go:219: Sending message: {Content:Here are the node statuses:

```
🖥️  Node Status:
================
  ✅ aks-agentpool-40807194-vmss00000v   Ready    KubeletReady
  ✅ aks-agentpool-40807194-vmss000019   Ready    KubeletReady
  ✅ aks-agentpool-40807194-vmss00001a   Ready    KubeletReady
  ✅ aks-agentpool-40807194-vmss00001b   Ready    KubeletReady
  ✅ aks-agentpool-40807194-vmss00001d   Ready    KubeletReady
  ✅ aks-agentpool-40807194-vmss00001e   Ready    KubeletReady
  ✅ aks-agentpool-40807194-vmss00001g   Ready    KubeletReady
  ✅ aks-agentpool-408071 Error: SessionID: Timestamp:2024-12-05T11:01:34+02:00 SenderName:Bot Type:msg Message: MessageID:543637 Final:false Status:}
2024/12/05 11:01:34 chat.go:219: Sending message: {Content:Here are the node statuses:

```
🖥️  Node Status:
================
  ✅ aks-agentpool-40807194-vmss00000v   Ready    KubeletReady
  ✅ aks-agentpool-40807194-vmss000019   Ready    KubeletReady
  ✅ aks-agentpool-40807194-vmss00001a   Ready    KubeletReady
  ✅ aks-agentpool-40807194-vmss00001b   Ready    KubeletReady
  ✅ aks-agentpool-40807194-vmss00001d   Ready    KubeletReady
  ✅ aks-agentpool-40807194-vmss00001e   Ready    KubeletReady
  ✅ aks-agentpool-40807194-vmss00001g   Ready    KubeletReady
  ✅ aks-agentpool-40807194 Error: SessionID: Timestamp:2024-12-05T11:01:34+02:00 SenderName:Bot Type:msg Message: MessageID:543637 Final:false Status:}
2024/12/05 11:01:34 chat.go:219: Sending message: {Content:Here are the node statuses:

```
🖥️  Node Status:
================
  ✅ aks-agentpool-40807194-vmss00000v   Ready    KubeletReady
  ✅ aks-agentpool-40807194-vmss000019   Ready    KubeletReady
  ✅ aks-agentpool-40807194-vmss00001a   Ready    KubeletReady
  ✅ aks-agentpool-40807194-vmss00001b   Ready    KubeletReady
  ✅ aks-agentpool-40807194-vmss00001d   Ready    KubeletReady
  ✅ aks-agentpool-40807194-vmss00001e   Ready    KubeletReady
  ✅ aks-agentpool-40807194-vmss00001g   Ready    KubeletReady
  ✅ aks-agentpool-40807194-v Error: SessionID: Timestamp:2024-12-05T11:01:34+02:00 SenderName:Bot Type:msg Message: MessageID:543637 Final:false Status:}
2024/12/05 11:01:34 chat.go:219: Sending message: {Content:Here are the node statuses:

```
🖥️  Node Status:
================
  ✅ aks-agentpool-40807194-vmss00000v   Ready    KubeletReady
  ✅ aks-agentpool-40807194-vmss000019   Ready    KubeletReady
  ✅ aks-agentpool-40807194-vmss00001a   Ready    KubeletReady
  ✅ aks-agentpool-40807194-vmss00001b   Ready    KubeletReady
  ✅ aks-agentpool-40807194-vmss00001d   Ready    KubeletReady
  ✅ aks-agentpool-40807194-vmss00001e   Ready    KubeletReady
  ✅ aks-agentpool-40807194-vmss00001g   Ready    KubeletReady
  ✅ aks-agentpool-40807194-vm Error: SessionID: Timestamp:2024-12-05T11:01:34+02:00 SenderName:Bot Type:msg Message: MessageID:543637 Final:false Status:}
2024/12/05 11:01:34 chat.go:219: Sending message: {Content:Here are the node statuses:

```
🖥️  Node Status:
================
  ✅ aks-agentpool-40807194-vmss00000v   Ready    KubeletReady
  ✅ aks-agentpool-40807194-vmss000019   Ready    KubeletReady
  ✅ aks-agentpool-40807194-vmss00001a   Ready    KubeletReady
  ✅ aks-agentpool-40807194-vmss00001b   Ready    KubeletReady
  ✅ aks-agentpool-40807194-vmss00001d   Ready    KubeletReady
  ✅ aks-agentpool-40807194-vmss00001e   Ready    KubeletReady
  ✅ aks-agentpool-40807194-vmss00001g   Ready    KubeletReady
  ✅ aks-agentpool-40807194-vmss Error: SessionID: Timestamp:2024-12-05T11:01:34+02:00 SenderName:Bot Type:msg Message: MessageID:543637 Final:false Status:}
2024/12/05 11:01:34 chat.go:219: Sending message: {Content:Here are the node statuses:

```
🖥️  Node Status:
================
  ✅ aks-agentpool-40807194-vmss00000v   Ready    KubeletReady
  ✅ aks-agentpool-40807194-vmss000019   Ready    KubeletReady
  ✅ aks-agentpool-40807194-vmss00001a   Ready    KubeletReady
  ✅ aks-agentpool-40807194-vmss00001b   Ready    KubeletReady
  ✅ aks-agentpool-40807194-vmss00001d   Ready    KubeletReady
  ✅ aks-agentpool-40807194-vmss00001e   Ready    KubeletReady
  ✅ aks-agentpool-40807194-vmss00001g   Ready    KubeletReady
  ✅ aks-agentpool-40807194-vmss000 Error: SessionID: Timestamp:2024-12-05T11:01:34+02:00 SenderName:Bot Type:msg Message: MessageID:543637 Final:false Status:}
2024/12/05 11:01:34 chat.go:219: Sending message: {Content:Here are the node statuses:

```
🖥️  Node Status:
================
  ✅ aks-agentpool-40807194-vmss00000v   Ready    KubeletReady
  ✅ aks-agentpool-40807194-vmss000019   Ready    KubeletReady
  ✅ aks-agentpool-40807194-vmss00001a   Ready    KubeletReady
  ✅ aks-agentpool-40807194-vmss00001b   Ready    KubeletReady
  ✅ aks-agentpool-40807194-vmss00001d   Ready    KubeletReady
  ✅ aks-agentpool-40807194-vmss00001e   Ready    KubeletReady
  ✅ aks-agentpool-40807194-vmss00001g   Ready    KubeletReady
  ✅ aks-agentpool-40807194-vmss00001 Error: SessionID: Timestamp:2024-12-05T11:01:34+02:00 SenderName:Bot Type:msg Message: MessageID:543637 Final:false Status:}
2024/12/05 11:01:34 chat.go:219: Sending message: {Content:Here are the node statuses:

```
🖥️  Node Status:
================
  ✅ aks-agentpool-40807194-vmss00000v   Ready    KubeletReady
  ✅ aks-agentpool-40807194-vmss000019   Ready    KubeletReady
  ✅ aks-agentpool-40807194-vmss00001a   Ready    KubeletReady
  ✅ aks-agentpool-40807194-vmss00001b   Ready    KubeletReady
  ✅ aks-agentpool-40807194-vmss00001d   Ready    KubeletReady
  ✅ aks-agentpool-40807194-vmss00001e   Ready    KubeletReady
  ✅ aks-agentpool-40807194-vmss00001g   Ready    KubeletReady
  ✅ aks-agentpool-40807194-vmss00001h Error: SessionID: Timestamp:2024-12-05T11:01:34+02:00 SenderName:Bot Type:msg Message: MessageID:543637 Final:false Status:}
2024/12/05 11:01:34 chat.go:219: Sending message: {Content:Here are the node statuses:

```
🖥️  Node Status:
================
  ✅ aks-agentpool-40807194-vmss00000v   Ready    KubeletReady
  ✅ aks-agentpool-40807194-vmss000019   Ready    KubeletReady
  ✅ aks-agentpool-40807194-vmss00001a   Ready    KubeletReady
  ✅ aks-agentpool-40807194-vmss00001b   Ready    KubeletReady
  ✅ aks-agentpool-40807194-vmss00001d   Ready    KubeletReady
  ✅ aks-agentpool-40807194-vmss00001e   Ready    KubeletReady
  ✅ aks-agentpool-40807194-vmss00001g   Ready    KubeletReady
  ✅ aks-agentpool-40807194-vmss00001h   Error: SessionID: Timestamp:2024-12-05T11:01:34+02:00 SenderName:Bot Type:msg Message: MessageID:543637 Final:false Status:}
2024/12/05 11:01:34 chat.go:219: Sending message: {Content:Here are the node statuses:

```
🖥️  Node Status:
================
  ✅ aks-agentpool-40807194-vmss00000v   Ready    KubeletReady
  ✅ aks-agentpool-40807194-vmss000019   Ready    KubeletReady
  ✅ aks-agentpool-40807194-vmss00001a   Ready    KubeletReady
  ✅ aks-agentpool-40807194-vmss00001b   Ready    KubeletReady
  ✅ aks-agentpool-40807194-vmss00001d   Ready    KubeletReady
  ✅ aks-agentpool-40807194-vmss00001e   Ready    KubeletReady
  ✅ aks-agentpool-40807194-vmss00001g   Ready    KubeletReady
  ✅ aks-agentpool-40807194-vmss00001h   Ready Error: SessionID: Timestamp:2024-12-05T11:01:34+02:00 SenderName:Bot Type:msg Message: MessageID:543637 Final:false Status:}
2024/12/05 11:01:34 chat.go:219: Sending message: {Content:Here are the node statuses:

```
🖥️  Node Status:
================
  ✅ aks-agentpool-40807194-vmss00000v   Ready    KubeletReady
  ✅ aks-agentpool-40807194-vmss000019   Ready    KubeletReady
  ✅ aks-agentpool-40807194-vmss00001a   Ready    KubeletReady
  ✅ aks-agentpool-40807194-vmss00001b   Ready    KubeletReady
  ✅ aks-agentpool-40807194-vmss00001d   Ready    KubeletReady
  ✅ aks-agentpool-40807194-vmss00001e   Ready    KubeletReady
  ✅ aks-agentpool-40807194-vmss00001g   Ready    KubeletReady
  ✅ aks-agentpool-40807194-vmss00001h   Ready    Error: SessionID: Timestamp:2024-12-05T11:01:34+02:00 SenderName:Bot Type:msg Message: MessageID:543637 Final:false Status:}
2024/12/05 11:01:34 chat.go:219: Sending message: {Content:Here are the node statuses:

```
🖥️  Node Status:
================
  ✅ aks-agentpool-40807194-vmss00000v   Ready    KubeletReady
  ✅ aks-agentpool-40807194-vmss000019   Ready    KubeletReady
  ✅ aks-agentpool-40807194-vmss00001a   Ready    KubeletReady
  ✅ aks-agentpool-40807194-vmss00001b   Ready    KubeletReady
  ✅ aks-agentpool-40807194-vmss00001d   Ready    KubeletReady
  ✅ aks-agentpool-40807194-vmss00001e   Ready    KubeletReady
  ✅ aks-agentpool-40807194-vmss00001g   Ready    KubeletReady
  ✅ aks-agentpool-40807194-vmss00001h   Ready    K Error: SessionID: Timestamp:2024-12-05T11:01:34+02:00 SenderName:Bot Type:msg Message: MessageID:543637 Final:false Status:}
2024/12/05 11:01:34 chat.go:219: Sending message: {Content:Here are the node statuses:

```
🖥️  Node Status:
================
  ✅ aks-agentpool-40807194-vmss00000v   Ready    KubeletReady
  ✅ aks-agentpool-40807194-vmss000019   Ready    KubeletReady
  ✅ aks-agentpool-40807194-vmss00001a   Ready    KubeletReady
  ✅ aks-agentpool-40807194-vmss00001b   Ready    KubeletReady
  ✅ aks-agentpool-40807194-vmss00001d   Ready    KubeletReady
  ✅ aks-agentpool-40807194-vmss00001e   Ready    KubeletReady
  ✅ aks-agentpool-40807194-vmss00001g   Ready    KubeletReady
  ✅ aks-agentpool-40807194-vmss00001h   Ready    Kube Error: SessionID: Timestamp:2024-12-05T11:01:34+02:00 SenderName:Bot Type:msg Message: MessageID:543637 Final:false Status:}
2024/12/05 11:01:34 chat.go:219: Sending message: {Content:Here are the node statuses:

```
🖥️  Node Status:
================
  ✅ aks-agentpool-40807194-vmss00000v   Ready    KubeletReady
  ✅ aks-agentpool-40807194-vmss000019   Ready    KubeletReady
  ✅ aks-agentpool-40807194-vmss00001a   Ready    KubeletReady
  ✅ aks-agentpool-40807194-vmss00001b   Ready    KubeletReady
  ✅ aks-agentpool-40807194-vmss00001d   Ready    KubeletReady
  ✅ aks-agentpool-40807194-vmss00001e   Ready    KubeletReady
  ✅ aks-agentpool-40807194-vmss00001g   Ready    KubeletReady
  ✅ aks-agentpool-40807194-vmss00001h   Ready    Kubelet Error: SessionID: Timestamp:2024-12-05T11:01:34+02:00 SenderName:Bot Type:msg Message: MessageID:543637 Final:false Status:}
2024/12/05 11:01:34 chat.go:219: Sending message: {Content:Here are the node statuses:

```
🖥️  Node Status:
================
  ✅ aks-agentpool-40807194-vmss00000v   Ready    KubeletReady
  ✅ aks-agentpool-40807194-vmss000019   Ready    KubeletReady
  ✅ aks-agentpool-40807194-vmss00001a   Ready    KubeletReady
  ✅ aks-agentpool-40807194-vmss00001b   Ready    KubeletReady
  ✅ aks-agentpool-40807194-vmss00001d   Ready    KubeletReady
  ✅ aks-agentpool-40807194-vmss00001e   Ready    KubeletReady
  ✅ aks-agentpool-40807194-vmss00001g   Ready    KubeletReady
  ✅ aks-agentpool-40807194-vmss00001h   Ready    KubeletReady Error: SessionID: Timestamp:2024-12-05T11:01:34+02:00 SenderName:Bot Type:msg Message: MessageID:543637 Final:false Status:}
2024/12/05 11:01:34 chat.go:219: Sending message: {Content:Here are the node statuses:

```
🖥️  Node Status:
================
  ✅ aks-agentpool-40807194-vmss00000v   Ready    KubeletReady
  ✅ aks-agentpool-40807194-vmss000019   Ready    KubeletReady
  ✅ aks-agentpool-40807194-vmss00001a   Ready    KubeletReady
  ✅ aks-agentpool-40807194-vmss00001b   Ready    KubeletReady
  ✅ aks-agentpool-40807194-vmss00001d   Ready    KubeletReady
  ✅ aks-agentpool-40807194-vmss00001e   Ready    KubeletReady
  ✅ aks-agentpool-40807194-vmss00001g   Ready    KubeletReady
  ✅ aks-agentpool-40807194-vmss00001h   Ready    KubeletReady
 Error: SessionID: Timestamp:2024-12-05T11:01:34+02:00 SenderName:Bot Type:msg Message: MessageID:543637 Final:false Status:}
2024/12/05 11:01:34 chat.go:219: Sending message: {Content:Here are the node statuses:

```
🖥️  Node Status:
================
  ✅ aks-agentpool-40807194-vmss00000v   Ready    KubeletReady
  ✅ aks-agentpool-40807194-vmss000019   Ready    KubeletReady
  ✅ aks-agentpool-40807194-vmss00001a   Ready    KubeletReady
  ✅ aks-agentpool-40807194-vmss00001b   Ready    KubeletReady
  ✅ aks-agentpool-40807194-vmss00001d   Ready    KubeletReady
  ✅ aks-agentpool-40807194-vmss00001e   Ready    KubeletReady
  ✅ aks-agentpool-40807194-vmss00001g   Ready    KubeletReady
  ✅ aks-agentpool-40807194-vmss00001h   Ready    KubeletReady
  Error: SessionID: Timestamp:2024-12-05T11:01:34+02:00 SenderName:Bot Type:msg Message: MessageID:543637 Final:false Status:}
2024/12/05 11:01:34 chat.go:219: Sending message: {Content:Here are the node statuses:

```
🖥️  Node Status:
================
  ✅ aks-agentpool-40807194-vmss00000v   Ready    KubeletReady
  ✅ aks-agentpool-40807194-vmss000019   Ready    KubeletReady
  ✅ aks-agentpool-40807194-vmss00001a   Ready    KubeletReady
  ✅ aks-agentpool-40807194-vmss00001b   Ready    KubeletReady
  ✅ aks-agentpool-40807194-vmss00001d   Ready    KubeletReady
  ✅ aks-agentpool-40807194-vmss00001e   Ready    KubeletReady
  ✅ aks-agentpool-40807194-vmss00001g   Ready    KubeletReady
  ✅ aks-agentpool-40807194-vmss00001h   Ready    KubeletReady
  ✅ Error: SessionID: Timestamp:2024-12-05T11:01:34+02:00 SenderName:Bot Type:msg Message: MessageID:543637 Final:false Status:}
2024/12/05 11:01:34 chat.go:219: Sending message: {Content:Here are the node statuses:

```
🖥️  Node Status:
================
  ✅ aks-agentpool-40807194-vmss00000v   Ready    KubeletReady
  ✅ aks-agentpool-40807194-vmss000019   Ready    KubeletReady
  ✅ aks-agentpool-40807194-vmss00001a   Ready    KubeletReady
  ✅ aks-agentpool-40807194-vmss00001b   Ready    KubeletReady
  ✅ aks-agentpool-40807194-vmss00001d   Ready    KubeletReady
  ✅ aks-agentpool-40807194-vmss00001e   Ready    KubeletReady
  ✅ aks-agentpool-40807194-vmss00001g   Ready    KubeletReady
  ✅ aks-agentpool-40807194-vmss00001h   Ready    KubeletReady
  ✅ aks Error: SessionID: Timestamp:2024-12-05T11:01:34+02:00 SenderName:Bot Type:msg Message: MessageID:543637 Final:false Status:}
2024/12/05 11:01:34 chat.go:219: Sending message: {Content:Here are the node statuses:

```
🖥️  Node Status:
================
  ✅ aks-agentpool-40807194-vmss00000v   Ready    KubeletReady
  ✅ aks-agentpool-40807194-vmss000019   Ready    KubeletReady
  ✅ aks-agentpool-40807194-vmss00001a   Ready    KubeletReady
  ✅ aks-agentpool-40807194-vmss00001b   Ready    KubeletReady
  ✅ aks-agentpool-40807194-vmss00001d   Ready    KubeletReady
  ✅ aks-agentpool-40807194-vmss00001e   Ready    KubeletReady
  ✅ aks-agentpool-40807194-vmss00001g   Ready    KubeletReady
  ✅ aks-agentpool-40807194-vmss00001h   Ready    KubeletReady
  ✅ aks-agent Error: SessionID: Timestamp:2024-12-05T11:01:34+02:00 SenderName:Bot Type:msg Message: MessageID:543637 Final:false Status:}
2024/12/05 11:01:34 chat.go:219: Sending message: {Content:Here are the node statuses:

```
🖥️  Node Status:
================
  ✅ aks-agentpool-40807194-vmss00000v   Ready    KubeletReady
  ✅ aks-agentpool-40807194-vmss000019   Ready    KubeletReady
  ✅ aks-agentpool-40807194-vmss00001a   Ready    KubeletReady
  ✅ aks-agentpool-40807194-vmss00001b   Ready    KubeletReady
  ✅ aks-agentpool-40807194-vmss00001d   Ready    KubeletReady
  ✅ aks-agentpool-40807194-vmss00001e   Ready    KubeletReady
  ✅ aks-agentpool-40807194-vmss00001g   Ready    KubeletReady
  ✅ aks-agentpool-40807194-vmss00001h   Ready    KubeletReady
  ✅ aks-agentpool Error: SessionID: Timestamp:2024-12-05T11:01:34+02:00 SenderName:Bot Type:msg Message: MessageID:543637 Final:false Status:}
2024/12/05 11:01:34 chat.go:219: Sending message: {Content:Here are the node statuses:

```
🖥️  Node Status:
================
  ✅ aks-agentpool-40807194-vmss00000v   Ready    KubeletReady
  ✅ aks-agentpool-40807194-vmss000019   Ready    KubeletReady
  ✅ aks-agentpool-40807194-vmss00001a   Ready    KubeletReady
  ✅ aks-agentpool-40807194-vmss00001b   Ready    KubeletReady
  ✅ aks-agentpool-40807194-vmss00001d   Ready    KubeletReady
  ✅ aks-agentpool-40807194-vmss00001e   Ready    KubeletReady
  ✅ aks-agentpool-40807194-vmss00001g   Ready    KubeletReady
  ✅ aks-agentpool-40807194-vmss00001h   Ready    KubeletReady
  ✅ aks-agentpool- Error: SessionID: Timestamp:2024-12-05T11:01:34+02:00 SenderName:Bot Type:msg Message: MessageID:543637 Final:false Status:}
2024/12/05 11:01:34 chat.go:219: Sending message: {Content:Here are the node statuses:

```
🖥️  Node Status:
================
  ✅ aks-agentpool-40807194-vmss00000v   Ready    KubeletReady
  ✅ aks-agentpool-40807194-vmss000019   Ready    KubeletReady
  ✅ aks-agentpool-40807194-vmss00001a   Ready    KubeletReady
  ✅ aks-agentpool-40807194-vmss00001b   Ready    KubeletReady
  ✅ aks-agentpool-40807194-vmss00001d   Ready    KubeletReady
  ✅ aks-agentpool-40807194-vmss00001e   Ready    KubeletReady
  ✅ aks-agentpool-40807194-vmss00001g   Ready    KubeletReady
  ✅ aks-agentpool-40807194-vmss00001h   Ready    KubeletReady
  ✅ aks-agentpool-408 Error: SessionID: Timestamp:2024-12-05T11:01:34+02:00 SenderName:Bot Type:msg Message: MessageID:543637 Final:false Status:}
2024/12/05 11:01:34 chat.go:219: Sending message: {Content:Here are the node statuses:

```
🖥️  Node Status:
================
  ✅ aks-agentpool-40807194-vmss00000v   Ready    KubeletReady
  ✅ aks-agentpool-40807194-vmss000019   Ready    KubeletReady
  ✅ aks-agentpool-40807194-vmss00001a   Ready    KubeletReady
  ✅ aks-agentpool-40807194-vmss00001b   Ready    KubeletReady
  ✅ aks-agentpool-40807194-vmss00001d   Ready    KubeletReady
  ✅ aks-agentpool-40807194-vmss00001e   Ready    KubeletReady
  ✅ aks-agentpool-40807194-vmss00001g   Ready    KubeletReady
  ✅ aks-agentpool-40807194-vmss00001h   Ready    KubeletReady
  ✅ aks-agentpool-408071 Error: SessionID: Timestamp:2024-12-05T11:01:34+02:00 SenderName:Bot Type:msg Message: MessageID:543637 Final:false Status:}
2024/12/05 11:01:34 chat.go:219: Sending message: {Content:Here are the node statuses:

```
🖥️  Node Status:
================
  ✅ aks-agentpool-40807194-vmss00000v   Ready    KubeletReady
  ✅ aks-agentpool-40807194-vmss000019   Ready    KubeletReady
  ✅ aks-agentpool-40807194-vmss00001a   Ready    KubeletReady
  ✅ aks-agentpool-40807194-vmss00001b   Ready    KubeletReady
  ✅ aks-agentpool-40807194-vmss00001d   Ready    KubeletReady
  ✅ aks-agentpool-40807194-vmss00001e   Ready    KubeletReady
  ✅ aks-agentpool-40807194-vmss00001g   Ready    KubeletReady
  ✅ aks-agentpool-40807194-vmss00001h   Ready    KubeletReady
  ✅ aks-agentpool-40807194 Error: SessionID: Timestamp:2024-12-05T11:01:34+02:00 SenderName:Bot Type:msg Message: MessageID:543637 Final:false Status:}
2024/12/05 11:01:34 chat.go:219: Sending message: {Content:Here are the node statuses:

```
🖥️  Node Status:
================
  ✅ aks-agentpool-40807194-vmss00000v   Ready    KubeletReady
  ✅ aks-agentpool-40807194-vmss000019   Ready    KubeletReady
  ✅ aks-agentpool-40807194-vmss00001a   Ready    KubeletReady
  ✅ aks-agentpool-40807194-vmss00001b   Ready    KubeletReady
  ✅ aks-agentpool-40807194-vmss00001d   Ready    KubeletReady
  ✅ aks-agentpool-40807194-vmss00001e   Ready    KubeletReady
  ✅ aks-agentpool-40807194-vmss00001g   Ready    KubeletReady
  ✅ aks-agentpool-40807194-vmss00001h   Ready    KubeletReady
  ✅ aks-agentpool-40807194-v Error: SessionID: Timestamp:2024-12-05T11:01:34+02:00 SenderName:Bot Type:msg Message: MessageID:543637 Final:false Status:}
2024/12/05 11:01:34 chat.go:219: Sending message: {Content:Here are the node statuses:

```
🖥️  Node Status:
================
  ✅ aks-agentpool-40807194-vmss00000v   Ready    KubeletReady
  ✅ aks-agentpool-40807194-vmss000019   Ready    KubeletReady
  ✅ aks-agentpool-40807194-vmss00001a   Ready    KubeletReady
  ✅ aks-agentpool-40807194-vmss00001b   Ready    KubeletReady
  ✅ aks-agentpool-40807194-vmss00001d   Ready    KubeletReady
  ✅ aks-agentpool-40807194-vmss00001e   Ready    KubeletReady
  ✅ aks-agentpool-40807194-vmss00001g   Ready    KubeletReady
  ✅ aks-agentpool-40807194-vmss00001h   Ready    KubeletReady
  ✅ aks-agentpool-40807194-vm Error: SessionID: Timestamp:2024-12-05T11:01:34+02:00 SenderName:Bot Type:msg Message: MessageID:543637 Final:false Status:}
2024/12/05 11:01:34 chat.go:219: Sending message: {Content:Here are the node statuses:

```
🖥️  Node Status:
================
  ✅ aks-agentpool-40807194-vmss00000v   Ready    KubeletReady
  ✅ aks-agentpool-40807194-vmss000019   Ready    KubeletReady
  ✅ aks-agentpool-40807194-vmss00001a   Ready    KubeletReady
  ✅ aks-agentpool-40807194-vmss00001b   Ready    KubeletReady
  ✅ aks-agentpool-40807194-vmss00001d   Ready    KubeletReady
  ✅ aks-agentpool-40807194-vmss00001e   Ready    KubeletReady
  ✅ aks-agentpool-40807194-vmss00001g   Ready    KubeletReady
  ✅ aks-agentpool-40807194-vmss00001h   Ready    KubeletReady
  ✅ aks-agentpool-40807194-vmss Error: SessionID: Timestamp:2024-12-05T11:01:34+02:00 SenderName:Bot Type:msg Message: MessageID:543637 Final:false Status:}
2024/12/05 11:01:34 chat.go:219: Sending message: {Content:Here are the node statuses:

```
🖥️  Node Status:
================
  ✅ aks-agentpool-40807194-vmss00000v   Ready    KubeletReady
  ✅ aks-agentpool-40807194-vmss000019   Ready    KubeletReady
  ✅ aks-agentpool-40807194-vmss00001a   Ready    KubeletReady
  ✅ aks-agentpool-40807194-vmss00001b   Ready    KubeletReady
  ✅ aks-agentpool-40807194-vmss00001d   Ready    KubeletReady
  ✅ aks-agentpool-40807194-vmss00001e   Ready    KubeletReady
  ✅ aks-agentpool-40807194-vmss00001g   Ready    KubeletReady
  ✅ aks-agentpool-40807194-vmss00001h   Ready    KubeletReady
  ✅ aks-agentpool-40807194-vmss000 Error: SessionID: Timestamp:2024-12-05T11:01:34+02:00 SenderName:Bot Type:msg Message: MessageID:543637 Final:false Status:}
2024/12/05 11:01:34 chat.go:219: Sending message: {Content:Here are the node statuses:

```
🖥️  Node Status:
================
  ✅ aks-agentpool-40807194-vmss00000v   Ready    KubeletReady
  ✅ aks-agentpool-40807194-vmss000019   Ready    KubeletReady
  ✅ aks-agentpool-40807194-vmss00001a   Ready    KubeletReady
  ✅ aks-agentpool-40807194-vmss00001b   Ready    KubeletReady
  ✅ aks-agentpool-40807194-vmss00001d   Ready    KubeletReady
  ✅ aks-agentpool-40807194-vmss00001e   Ready    KubeletReady
  ✅ aks-agentpool-40807194-vmss00001g   Ready    KubeletReady
  ✅ aks-agentpool-40807194-vmss00001h   Ready    KubeletReady
  ✅ aks-agentpool-40807194-vmss00001 Error: SessionID: Timestamp:2024-12-05T11:01:34+02:00 SenderName:Bot Type:msg Message: MessageID:543637 Final:false Status:}
2024/12/05 11:01:34 chat.go:219: Sending message: {Content:Here are the node statuses:

```
🖥️  Node Status:
================
  ✅ aks-agentpool-40807194-vmss00000v   Ready    KubeletReady
  ✅ aks-agentpool-40807194-vmss000019   Ready    KubeletReady
  ✅ aks-agentpool-40807194-vmss00001a   Ready    KubeletReady
  ✅ aks-agentpool-40807194-vmss00001b   Ready    KubeletReady
  ✅ aks-agentpool-40807194-vmss00001d   Ready    KubeletReady
  ✅ aks-agentpool-40807194-vmss00001e   Ready    KubeletReady
  ✅ aks-agentpool-40807194-vmss00001g   Ready    KubeletReady
  ✅ aks-agentpool-40807194-vmss00001h   Ready    KubeletReady
  ✅ aks-agentpool-40807194-vmss00001j Error: SessionID: Timestamp:2024-12-05T11:01:34+02:00 SenderName:Bot Type:msg Message: MessageID:543637 Final:false Status:}
2024/12/05 11:01:34 chat.go:219: Sending message: {Content:Here are the node statuses:

```
🖥️  Node Status:
================
  ✅ aks-agentpool-40807194-vmss00000v   Ready    KubeletReady
  ✅ aks-agentpool-40807194-vmss000019   Ready    KubeletReady
  ✅ aks-agentpool-40807194-vmss00001a   Ready    KubeletReady
  ✅ aks-agentpool-40807194-vmss00001b   Ready    KubeletReady
  ✅ aks-agentpool-40807194-vmss00001d   Ready    KubeletReady
  ✅ aks-agentpool-40807194-vmss00001e   Ready    KubeletReady
  ✅ aks-agentpool-40807194-vmss00001g   Ready    KubeletReady
  ✅ aks-agentpool-40807194-vmss00001h   Ready    KubeletReady
  ✅ aks-agentpool-40807194-vmss00001j   Error: SessionID: Timestamp:2024-12-05T11:01:34+02:00 SenderName:Bot Type:msg Message: MessageID:543637 Final:false Status:}
2024/12/05 11:01:34 chat.go:219: Sending message: {Content:Here are the node statuses:

```
🖥️  Node Status:
================
  ✅ aks-agentpool-40807194-vmss00000v   Ready    KubeletReady
  ✅ aks-agentpool-40807194-vmss000019   Ready    KubeletReady
  ✅ aks-agentpool-40807194-vmss00001a   Ready    KubeletReady
  ✅ aks-agentpool-40807194-vmss00001b   Ready    KubeletReady
  ✅ aks-agentpool-40807194-vmss00001d   Ready    KubeletReady
  ✅ aks-agentpool-40807194-vmss00001e   Ready    KubeletReady
  ✅ aks-agentpool-40807194-vmss00001g   Ready    KubeletReady
  ✅ aks-agentpool-40807194-vmss00001h   Ready    KubeletReady
  ✅ aks-agentpool-40807194-vmss00001j   Ready Error: SessionID: Timestamp:2024-12-05T11:01:34+02:00 SenderName:Bot Type:msg Message: MessageID:543637 Final:false Status:}
2024/12/05 11:01:34 chat.go:219: Sending message: {Content:Here are the node statuses:

```
🖥️  Node Status:
================
  ✅ aks-agentpool-40807194-vmss00000v   Ready    KubeletReady
  ✅ aks-agentpool-40807194-vmss000019   Ready    KubeletReady
  ✅ aks-agentpool-40807194-vmss00001a   Ready    KubeletReady
  ✅ aks-agentpool-40807194-vmss00001b   Ready    KubeletReady
  ✅ aks-agentpool-40807194-vmss00001d   Ready    KubeletReady
  ✅ aks-agentpool-40807194-vmss00001e   Ready    KubeletReady
  ✅ aks-agentpool-40807194-vmss00001g   Ready    KubeletReady
  ✅ aks-agentpool-40807194-vmss00001h   Ready    KubeletReady
  ✅ aks-agentpool-40807194-vmss00001j   Ready    Error: SessionID: Timestamp:2024-12-05T11:01:34+02:00 SenderName:Bot Type:msg Message: MessageID:543637 Final:false Status:}
2024/12/05 11:01:34 chat.go:219: Sending message: {Content:Here are the node statuses:

```
🖥️  Node Status:
================
  ✅ aks-agentpool-40807194-vmss00000v   Ready    KubeletReady
  ✅ aks-agentpool-40807194-vmss000019   Ready    KubeletReady
  ✅ aks-agentpool-40807194-vmss00001a   Ready    KubeletReady
  ✅ aks-agentpool-40807194-vmss00001b   Ready    KubeletReady
  ✅ aks-agentpool-40807194-vmss00001d   Ready    KubeletReady
  ✅ aks-agentpool-40807194-vmss00001e   Ready    KubeletReady
  ✅ aks-agentpool-40807194-vmss00001g   Ready    KubeletReady
  ✅ aks-agentpool-40807194-vmss00001h   Ready    KubeletReady
  ✅ aks-agentpool-40807194-vmss00001j   Ready    K Error: SessionID: Timestamp:2024-12-05T11:01:34+02:00 SenderName:Bot Type:msg Message: MessageID:543637 Final:false Status:}
2024/12/05 11:01:34 chat.go:219: Sending message: {Content:Here are the node statuses:

```
🖥️  Node Status:
================
  ✅ aks-agentpool-40807194-vmss00000v   Ready    KubeletReady
  ✅ aks-agentpool-40807194-vmss000019   Ready    KubeletReady
  ✅ aks-agentpool-40807194-vmss00001a   Ready    KubeletReady
  ✅ aks-agentpool-40807194-vmss00001b   Ready    KubeletReady
  ✅ aks-agentpool-40807194-vmss00001d   Ready    KubeletReady
  ✅ aks-agentpool-40807194-vmss00001e   Ready    KubeletReady
  ✅ aks-agentpool-40807194-vmss00001g   Ready    KubeletReady
  ✅ aks-agentpool-40807194-vmss00001h   Ready    KubeletReady
  ✅ aks-agentpool-40807194-vmss00001j   Ready    Kube Error: SessionID: Timestamp:2024-12-05T11:01:34+02:00 SenderName:Bot Type:msg Message: MessageID:543637 Final:false Status:}
2024/12/05 11:01:34 chat.go:219: Sending message: {Content:Here are the node statuses:

```
🖥️  Node Status:
================
  ✅ aks-agentpool-40807194-vmss00000v   Ready    KubeletReady
  ✅ aks-agentpool-40807194-vmss000019   Ready    KubeletReady
  ✅ aks-agentpool-40807194-vmss00001a   Ready    KubeletReady
  ✅ aks-agentpool-40807194-vmss00001b   Ready    KubeletReady
  ✅ aks-agentpool-40807194-vmss00001d   Ready    KubeletReady
  ✅ aks-agentpool-40807194-vmss00001e   Ready    KubeletReady
  ✅ aks-agentpool-40807194-vmss00001g   Ready    KubeletReady
  ✅ aks-agentpool-40807194-vmss00001h   Ready    KubeletReady
  ✅ aks-agentpool-40807194-vmss00001j   Ready    Kubelet Error: SessionID: Timestamp:2024-12-05T11:01:34+02:00 SenderName:Bot Type:msg Message: MessageID:543637 Final:false Status:}
2024/12/05 11:01:34 chat.go:219: Sending message: {Content:Here are the node statuses:

```
🖥️  Node Status:
================
  ✅ aks-agentpool-40807194-vmss00000v   Ready    KubeletReady
  ✅ aks-agentpool-40807194-vmss000019   Ready    KubeletReady
  ✅ aks-agentpool-40807194-vmss00001a   Ready    KubeletReady
  ✅ aks-agentpool-40807194-vmss00001b   Ready    KubeletReady
  ✅ aks-agentpool-40807194-vmss00001d   Ready    KubeletReady
  ✅ aks-agentpool-40807194-vmss00001e   Ready    KubeletReady
  ✅ aks-agentpool-40807194-vmss00001g   Ready    KubeletReady
  ✅ aks-agentpool-40807194-vmss00001h   Ready    KubeletReady
  ✅ aks-agentpool-40807194-vmss00001j   Ready    KubeletReady Error: SessionID: Timestamp:2024-12-05T11:01:34+02:00 SenderName:Bot Type:msg Message: MessageID:543637 Final:false Status:}
2024/12/05 11:01:34 chat.go:219: Sending message: {Content:Here are the node statuses:

```
🖥️  Node Status:
================
  ✅ aks-agentpool-40807194-vmss00000v   Ready    KubeletReady
  ✅ aks-agentpool-40807194-vmss000019   Ready    KubeletReady
  ✅ aks-agentpool-40807194-vmss00001a   Ready    KubeletReady
  ✅ aks-agentpool-40807194-vmss00001b   Ready    KubeletReady
  ✅ aks-agentpool-40807194-vmss00001d   Ready    KubeletReady
  ✅ aks-agentpool-40807194-vmss00001e   Ready    KubeletReady
  ✅ aks-agentpool-40807194-vmss00001g   Ready    KubeletReady
  ✅ aks-agentpool-40807194-vmss00001h   Ready    KubeletReady
  ✅ aks-agentpool-40807194-vmss00001j   Ready    KubeletReady
 Error: SessionID: Timestamp:2024-12-05T11:01:34+02:00 SenderName:Bot Type:msg Message: MessageID:543637 Final:false Status:}
2024/12/05 11:01:34 chat.go:219: Sending message: {Content:Here are the node statuses:

```
🖥️  Node Status:
================
  ✅ aks-agentpool-40807194-vmss00000v   Ready    KubeletReady
  ✅ aks-agentpool-40807194-vmss000019   Ready    KubeletReady
  ✅ aks-agentpool-40807194-vmss00001a   Ready    KubeletReady
  ✅ aks-agentpool-40807194-vmss00001b   Ready    KubeletReady
  ✅ aks-agentpool-40807194-vmss00001d   Ready    KubeletReady
  ✅ aks-agentpool-40807194-vmss00001e   Ready    KubeletReady
  ✅ aks-agentpool-40807194-vmss00001g   Ready    KubeletReady
  ✅ aks-agentpool-40807194-vmss00001h   Ready    KubeletReady
  ✅ aks-agentpool-40807194-vmss00001j   Ready    KubeletReady
  Error: SessionID: Timestamp:2024-12-05T11:01:34+02:00 SenderName:Bot Type:msg Message: MessageID:543637 Final:false Status:}
2024/12/05 11:01:34 chat.go:219: Sending message: {Content:Here are the node statuses:

```
🖥️  Node Status:
================
  ✅ aks-agentpool-40807194-vmss00000v   Ready    KubeletReady
  ✅ aks-agentpool-40807194-vmss000019   Ready    KubeletReady
  ✅ aks-agentpool-40807194-vmss00001a   Ready    KubeletReady
  ✅ aks-agentpool-40807194-vmss00001b   Ready    KubeletReady
  ✅ aks-agentpool-40807194-vmss00001d   Ready    KubeletReady
  ✅ aks-agentpool-40807194-vmss00001e   Ready    KubeletReady
  ✅ aks-agentpool-40807194-vmss00001g   Ready    KubeletReady
  ✅ aks-agentpool-40807194-vmss00001h   Ready    KubeletReady
  ✅ aks-agentpool-40807194-vmss00001j   Ready    KubeletReady
  ✅ Error: SessionID: Timestamp:2024-12-05T11:01:34+02:00 SenderName:Bot Type:msg Message: MessageID:543637 Final:false Status:}
2024/12/05 11:01:34 chat.go:219: Sending message: {Content:Here are the node statuses:

```
🖥️  Node Status:
================
  ✅ aks-agentpool-40807194-vmss00000v   Ready    KubeletReady
  ✅ aks-agentpool-40807194-vmss000019   Ready    KubeletReady
  ✅ aks-agentpool-40807194-vmss00001a   Ready    KubeletReady
  ✅ aks-agentpool-40807194-vmss00001b   Ready    KubeletReady
  ✅ aks-agentpool-40807194-vmss00001d   Ready    KubeletReady
  ✅ aks-agentpool-40807194-vmss00001e   Ready    KubeletReady
  ✅ aks-agentpool-40807194-vmss00001g   Ready    KubeletReady
  ✅ aks-agentpool-40807194-vmss00001h   Ready    KubeletReady
  ✅ aks-agentpool-40807194-vmss00001j   Ready    KubeletReady
  ✅ aks Error: SessionID: Timestamp:2024-12-05T11:01:34+02:00 SenderName:Bot Type:msg Message: MessageID:543637 Final:false Status:}
2024/12/05 11:01:34 chat.go:219: Sending message: {Content:Here are the node statuses:

```
🖥️  Node Status:
================
  ✅ aks-agentpool-40807194-vmss00000v   Ready    KubeletReady
  ✅ aks-agentpool-40807194-vmss000019   Ready    KubeletReady
  ✅ aks-agentpool-40807194-vmss00001a   Ready    KubeletReady
  ✅ aks-agentpool-40807194-vmss00001b   Ready    KubeletReady
  ✅ aks-agentpool-40807194-vmss00001d   Ready    KubeletReady
  ✅ aks-agentpool-40807194-vmss00001e   Ready    KubeletReady
  ✅ aks-agentpool-40807194-vmss00001g   Ready    KubeletReady
  ✅ aks-agentpool-40807194-vmss00001h   Ready    KubeletReady
  ✅ aks-agentpool-40807194-vmss00001j   Ready    KubeletReady
  ✅ aks-agent Error: SessionID: Timestamp:2024-12-05T11:01:34+02:00 SenderName:Bot Type:msg Message: MessageID:543637 Final:false Status:}
2024/12/05 11:01:34 chat.go:219: Sending message: {Content:Here are the node statuses:

```
🖥️  Node Status:
================
  ✅ aks-agentpool-40807194-vmss00000v   Ready    KubeletReady
  ✅ aks-agentpool-40807194-vmss000019   Ready    KubeletReady
  ✅ aks-agentpool-40807194-vmss00001a   Ready    KubeletReady
  ✅ aks-agentpool-40807194-vmss00001b   Ready    KubeletReady
  ✅ aks-agentpool-40807194-vmss00001d   Ready    KubeletReady
  ✅ aks-agentpool-40807194-vmss00001e   Ready    KubeletReady
  ✅ aks-agentpool-40807194-vmss00001g   Ready    KubeletReady
  ✅ aks-agentpool-40807194-vmss00001h   Ready    KubeletReady
  ✅ aks-agentpool-40807194-vmss00001j   Ready    KubeletReady
  ✅ aks-agentpool Error: SessionID: Timestamp:2024-12-05T11:01:34+02:00 SenderName:Bot Type:msg Message: MessageID:543637 Final:false Status:}
2024/12/05 11:01:34 chat.go:219: Sending message: {Content:Here are the node statuses:

```
🖥️  Node Status:
================
  ✅ aks-agentpool-40807194-vmss00000v   Ready    KubeletReady
  ✅ aks-agentpool-40807194-vmss000019   Ready    KubeletReady
  ✅ aks-agentpool-40807194-vmss00001a   Ready    KubeletReady
  ✅ aks-agentpool-40807194-vmss00001b   Ready    KubeletReady
  ✅ aks-agentpool-40807194-vmss00001d   Ready    KubeletReady
  ✅ aks-agentpool-40807194-vmss00001e   Ready    KubeletReady
  ✅ aks-agentpool-40807194-vmss00001g   Ready    KubeletReady
  ✅ aks-agentpool-40807194-vmss00001h   Ready    KubeletReady
  ✅ aks-agentpool-40807194-vmss00001j   Ready    KubeletReady
  ✅ aks-agentpool- Error: SessionID: Timestamp:2024-12-05T11:01:34+02:00 SenderName:Bot Type:msg Message: MessageID:543637 Final:false Status:}
2024/12/05 11:01:34 chat.go:219: Sending message: {Content:Here are the node statuses:

```
🖥️  Node Status:
================
  ✅ aks-agentpool-40807194-vmss00000v   Ready    KubeletReady
  ✅ aks-agentpool-40807194-vmss000019   Ready    KubeletReady
  ✅ aks-agentpool-40807194-vmss00001a   Ready    KubeletReady
  ✅ aks-agentpool-40807194-vmss00001b   Ready    KubeletReady
  ✅ aks-agentpool-40807194-vmss00001d   Ready    KubeletReady
  ✅ aks-agentpool-40807194-vmss00001e   Ready    KubeletReady
  ✅ aks-agentpool-40807194-vmss00001g   Ready    KubeletReady
  ✅ aks-agentpool-40807194-vmss00001h   Ready    KubeletReady
  ✅ aks-agentpool-40807194-vmss00001j   Ready    KubeletReady
  ✅ aks-agentpool-408 Error: SessionID: Timestamp:2024-12-05T11:01:34+02:00 SenderName:Bot Type:msg Message: MessageID:543637 Final:false Status:}
2024/12/05 11:01:34 chat.go:219: Sending message: {Content:Here are the node statuses:

```
🖥️  Node Status:
================
  ✅ aks-agentpool-40807194-vmss00000v   Ready    KubeletReady
  ✅ aks-agentpool-40807194-vmss000019   Ready    KubeletReady
  ✅ aks-agentpool-40807194-vmss00001a   Ready    KubeletReady
  ✅ aks-agentpool-40807194-vmss00001b   Ready    KubeletReady
  ✅ aks-agentpool-40807194-vmss00001d   Ready    KubeletReady
  ✅ aks-agentpool-40807194-vmss00001e   Ready    KubeletReady
  ✅ aks-agentpool-40807194-vmss00001g   Ready    KubeletReady
  ✅ aks-agentpool-40807194-vmss00001h   Ready    KubeletReady
  ✅ aks-agentpool-40807194-vmss00001j   Ready    KubeletReady
  ✅ aks-agentpool-408071 Error: SessionID: Timestamp:2024-12-05T11:01:34+02:00 SenderName:Bot Type:msg Message: MessageID:543637 Final:false Status:}
2024/12/05 11:01:34 chat.go:219: Sending message: {Content:Here are the node statuses:

```
🖥️  Node Status:
================
  ✅ aks-agentpool-40807194-vmss00000v   Ready    KubeletReady
  ✅ aks-agentpool-40807194-vmss000019   Ready    KubeletReady
  ✅ aks-agentpool-40807194-vmss00001a   Ready    KubeletReady
  ✅ aks-agentpool-40807194-vmss00001b   Ready    KubeletReady
  ✅ aks-agentpool-40807194-vmss00001d   Ready    KubeletReady
  ✅ aks-agentpool-40807194-vmss00001e   Ready    KubeletReady
  ✅ aks-agentpool-40807194-vmss00001g   Ready    KubeletReady
  ✅ aks-agentpool-40807194-vmss00001h   Ready    KubeletReady
  ✅ aks-agentpool-40807194-vmss00001j   Ready    KubeletReady
  ✅ aks-agentpool-40807194 Error: SessionID: Timestamp:2024-12-05T11:01:34+02:00 SenderName:Bot Type:msg Message: MessageID:543637 Final:false Status:}
2024/12/05 11:01:34 chat.go:219: Sending message: {Content:Here are the node statuses:

```
🖥️  Node Status:
================
  ✅ aks-agentpool-40807194-vmss00000v   Ready    KubeletReady
  ✅ aks-agentpool-40807194-vmss000019   Ready    KubeletReady
  ✅ aks-agentpool-40807194-vmss00001a   Ready    KubeletReady
  ✅ aks-agentpool-40807194-vmss00001b   Ready    KubeletReady
  ✅ aks-agentpool-40807194-vmss00001d   Ready    KubeletReady
  ✅ aks-agentpool-40807194-vmss00001e   Ready    KubeletReady
  ✅ aks-agentpool-40807194-vmss00001g   Ready    KubeletReady
  ✅ aks-agentpool-40807194-vmss00001h   Ready    KubeletReady
  ✅ aks-agentpool-40807194-vmss00001j   Ready    KubeletReady
  ✅ aks-agentpool-40807194-v Error: SessionID: Timestamp:2024-12-05T11:01:34+02:00 SenderName:Bot Type:msg Message: MessageID:543637 Final:false Status:}
2024/12/05 11:01:34 chat.go:219: Sending message: {Content:Here are the node statuses:

```
🖥️  Node Status:
================
  ✅ aks-agentpool-40807194-vmss00000v   Ready    KubeletReady
  ✅ aks-agentpool-40807194-vmss000019   Ready    KubeletReady
  ✅ aks-agentpool-40807194-vmss00001a   Ready    KubeletReady
  ✅ aks-agentpool-40807194-vmss00001b   Ready    KubeletReady
  ✅ aks-agentpool-40807194-vmss00001d   Ready    KubeletReady
  ✅ aks-agentpool-40807194-vmss00001e   Ready    KubeletReady
  ✅ aks-agentpool-40807194-vmss00001g   Ready    KubeletReady
  ✅ aks-agentpool-40807194-vmss00001h   Ready    KubeletReady
  ✅ aks-agentpool-40807194-vmss00001j   Ready    KubeletReady
  ✅ aks-agentpool-40807194-vm Error: SessionID: Timestamp:2024-12-05T11:01:34+02:00 SenderName:Bot Type:msg Message: MessageID:543637 Final:false Status:}
2024/12/05 11:01:34 chat.go:219: Sending message: {Content:Here are the node statuses:

```
🖥️  Node Status:
================
  ✅ aks-agentpool-40807194-vmss00000v   Ready    KubeletReady
  ✅ aks-agentpool-40807194-vmss000019   Ready    KubeletReady
  ✅ aks-agentpool-40807194-vmss00001a   Ready    KubeletReady
  ✅ aks-agentpool-40807194-vmss00001b   Ready    KubeletReady
  ✅ aks-agentpool-40807194-vmss00001d   Ready    KubeletReady
  ✅ aks-agentpool-40807194-vmss00001e   Ready    KubeletReady
  ✅ aks-agentpool-40807194-vmss00001g   Ready    KubeletReady
  ✅ aks-agentpool-40807194-vmss00001h   Ready    KubeletReady
  ✅ aks-agentpool-40807194-vmss00001j   Ready    KubeletReady
  ✅ aks-agentpool-40807194-vmss Error: SessionID: Timestamp:2024-12-05T11:01:34+02:00 SenderName:Bot Type:msg Message: MessageID:543637 Final:false Status:}
2024/12/05 11:01:34 chat.go:219: Sending message: {Content:Here are the node statuses:

```
🖥️  Node Status:
================
  ✅ aks-agentpool-40807194-vmss00000v   Ready    KubeletReady
  ✅ aks-agentpool-40807194-vmss000019   Ready    KubeletReady
  ✅ aks-agentpool-40807194-vmss00001a   Ready    KubeletReady
  ✅ aks-agentpool-40807194-vmss00001b   Ready    KubeletReady
  ✅ aks-agentpool-40807194-vmss00001d   Ready    KubeletReady
  ✅ aks-agentpool-40807194-vmss00001e   Ready    KubeletReady
  ✅ aks-agentpool-40807194-vmss00001g   Ready    KubeletReady
  ✅ aks-agentpool-40807194-vmss00001h   Ready    KubeletReady
  ✅ aks-agentpool-40807194-vmss00001j   Ready    KubeletReady
  ✅ aks-agentpool-40807194-vmss000 Error: SessionID: Timestamp:2024-12-05T11:01:34+02:00 SenderName:Bot Type:msg Message: MessageID:543637 Final:false Status:}
2024/12/05 11:01:34 chat.go:219: Sending message: {Content:Here are the node statuses:

```
🖥️  Node Status:
================
  ✅ aks-agentpool-40807194-vmss00000v   Ready    KubeletReady
  ✅ aks-agentpool-40807194-vmss000019   Ready    KubeletReady
  ✅ aks-agentpool-40807194-vmss00001a   Ready    KubeletReady
  ✅ aks-agentpool-40807194-vmss00001b   Ready    KubeletReady
  ✅ aks-agentpool-40807194-vmss00001d   Ready    KubeletReady
  ✅ aks-agentpool-40807194-vmss00001e   Ready    KubeletReady
  ✅ aks-agentpool-40807194-vmss00001g   Ready    KubeletReady
  ✅ aks-agentpool-40807194-vmss00001h   Ready    KubeletReady
  ✅ aks-agentpool-40807194-vmss00001j   Ready    KubeletReady
  ✅ aks-agentpool-40807194-vmss00001 Error: SessionID: Timestamp:2024-12-05T11:01:34+02:00 SenderName:Bot Type:msg Message: MessageID:543637 Final:false Status:}
2024/12/05 11:01:34 chat.go:219: Sending message: {Content:Here are the node statuses:

```
🖥️  Node Status:
================
  ✅ aks-agentpool-40807194-vmss00000v   Ready    KubeletReady
  ✅ aks-agentpool-40807194-vmss000019   Ready    KubeletReady
  ✅ aks-agentpool-40807194-vmss00001a   Ready    KubeletReady
  ✅ aks-agentpool-40807194-vmss00001b   Ready    KubeletReady
  ✅ aks-agentpool-40807194-vmss00001d   Ready    KubeletReady
  ✅ aks-agentpool-40807194-vmss00001e   Ready    KubeletReady
  ✅ aks-agentpool-40807194-vmss00001g   Ready    KubeletReady
  ✅ aks-agentpool-40807194-vmss00001h   Ready    KubeletReady
  ✅ aks-agentpool-40807194-vmss00001j   Ready    KubeletReady
  ✅ aks-agentpool-40807194-vmss00001k Error: SessionID: Timestamp:2024-12-05T11:01:34+02:00 SenderName:Bot Type:msg Message: MessageID:543637 Final:false Status:}
2024/12/05 11:01:34 chat.go:219: Sending message: {Content:Here are the node statuses:

```
🖥️  Node Status:
================
  ✅ aks-agentpool-40807194-vmss00000v   Ready    KubeletReady
  ✅ aks-agentpool-40807194-vmss000019   Ready    KubeletReady
  ✅ aks-agentpool-40807194-vmss00001a   Ready    KubeletReady
  ✅ aks-agentpool-40807194-vmss00001b   Ready    KubeletReady
  ✅ aks-agentpool-40807194-vmss00001d   Ready    KubeletReady
  ✅ aks-agentpool-40807194-vmss00001e   Ready    KubeletReady
  ✅ aks-agentpool-40807194-vmss00001g   Ready    KubeletReady
  ✅ aks-agentpool-40807194-vmss00001h   Ready    KubeletReady
  ✅ aks-agentpool-40807194-vmss00001j   Ready    KubeletReady
  ✅ aks-agentpool-40807194-vmss00001k   Error: SessionID: Timestamp:2024-12-05T11:01:34+02:00 SenderName:Bot Type:msg Message: MessageID:543637 Final:false Status:}
2024/12/05 11:01:34 chat.go:219: Sending message: {Content:Here are the node statuses:

```
🖥️  Node Status:
================
  ✅ aks-agentpool-40807194-vmss00000v   Ready    KubeletReady
  ✅ aks-agentpool-40807194-vmss000019   Ready    KubeletReady
  ✅ aks-agentpool-40807194-vmss00001a   Ready    KubeletReady
  ✅ aks-agentpool-40807194-vmss00001b   Ready    KubeletReady
  ✅ aks-agentpool-40807194-vmss00001d   Ready    KubeletReady
  ✅ aks-agentpool-40807194-vmss00001e   Ready    KubeletReady
  ✅ aks-agentpool-40807194-vmss00001g   Ready    KubeletReady
  ✅ aks-agentpool-40807194-vmss00001h   Ready    KubeletReady
  ✅ aks-agentpool-40807194-vmss00001j   Ready    KubeletReady
  ✅ aks-agentpool-40807194-vmss00001k   Ready Error: SessionID: Timestamp:2024-12-05T11:01:34+02:00 SenderName:Bot Type:msg Message: MessageID:543637 Final:false Status:}
2024/12/05 11:01:34 chat.go:219: Sending message: {Content:Here are the node statuses:

```
🖥️  Node Status:
================
  ✅ aks-agentpool-40807194-vmss00000v   Ready    KubeletReady
  ✅ aks-agentpool-40807194-vmss000019   Ready    KubeletReady
  ✅ aks-agentpool-40807194-vmss00001a   Ready    KubeletReady
  ✅ aks-agentpool-40807194-vmss00001b   Ready    KubeletReady
  ✅ aks-agentpool-40807194-vmss00001d   Ready    KubeletReady
  ✅ aks-agentpool-40807194-vmss00001e   Ready    KubeletReady
  ✅ aks-agentpool-40807194-vmss00001g   Ready    KubeletReady
  ✅ aks-agentpool-40807194-vmss00001h   Ready    KubeletReady
  ✅ aks-agentpool-40807194-vmss00001j   Ready    KubeletReady
  ✅ aks-agentpool-40807194-vmss00001k   Ready    Error: SessionID: Timestamp:2024-12-05T11:01:34+02:00 SenderName:Bot Type:msg Message: MessageID:543637 Final:false Status:}
2024/12/05 11:01:34 chat.go:219: Sending message: {Content:Here are the node statuses:

```
🖥️  Node Status:
================
  ✅ aks-agentpool-40807194-vmss00000v   Ready    KubeletReady
  ✅ aks-agentpool-40807194-vmss000019   Ready    KubeletReady
  ✅ aks-agentpool-40807194-vmss00001a   Ready    KubeletReady
  ✅ aks-agentpool-40807194-vmss00001b   Ready    KubeletReady
  ✅ aks-agentpool-40807194-vmss00001d   Ready    KubeletReady
  ✅ aks-agentpool-40807194-vmss00001e   Ready    KubeletReady
  ✅ aks-agentpool-40807194-vmss00001g   Ready    KubeletReady
  ✅ aks-agentpool-40807194-vmss00001h   Ready    KubeletReady
  ✅ aks-agentpool-40807194-vmss00001j   Ready    KubeletReady
  ✅ aks-agentpool-40807194-vmss00001k   Ready    K Error: SessionID: Timestamp:2024-12-05T11:01:34+02:00 SenderName:Bot Type:msg Message: MessageID:543637 Final:false Status:}
2024/12/05 11:01:34 chat.go:219: Sending message: {Content:Here are the node statuses:

```
🖥️  Node Status:
================
  ✅ aks-agentpool-40807194-vmss00000v   Ready    KubeletReady
  ✅ aks-agentpool-40807194-vmss000019   Ready    KubeletReady
  ✅ aks-agentpool-40807194-vmss00001a   Ready    KubeletReady
  ✅ aks-agentpool-40807194-vmss00001b   Ready    KubeletReady
  ✅ aks-agentpool-40807194-vmss00001d   Ready    KubeletReady
  ✅ aks-agentpool-40807194-vmss00001e   Ready    KubeletReady
  ✅ aks-agentpool-40807194-vmss00001g   Ready    KubeletReady
  ✅ aks-agentpool-40807194-vmss00001h   Ready    KubeletReady
  ✅ aks-agentpool-40807194-vmss00001j   Ready    KubeletReady
  ✅ aks-agentpool-40807194-vmss00001k   Ready    Kube Error: SessionID: Timestamp:2024-12-05T11:01:34+02:00 SenderName:Bot Type:msg Message: MessageID:543637 Final:false Status:}
2024/12/05 11:01:34 chat.go:219: Sending message: {Content:Here are the node statuses:

```
🖥️  Node Status:
================
  ✅ aks-agentpool-40807194-vmss00000v   Ready    KubeletReady
  ✅ aks-agentpool-40807194-vmss000019   Ready    KubeletReady
  ✅ aks-agentpool-40807194-vmss00001a   Ready    KubeletReady
  ✅ aks-agentpool-40807194-vmss00001b   Ready    KubeletReady
  ✅ aks-agentpool-40807194-vmss00001d   Ready    KubeletReady
  ✅ aks-agentpool-40807194-vmss00001e   Ready    KubeletReady
  ✅ aks-agentpool-40807194-vmss00001g   Ready    KubeletReady
  ✅ aks-agentpool-40807194-vmss00001h   Ready    KubeletReady
  ✅ aks-agentpool-40807194-vmss00001j   Ready    KubeletReady
  ✅ aks-agentpool-40807194-vmss00001k   Ready    Kubelet Error: SessionID: Timestamp:2024-12-05T11:01:34+02:00 SenderName:Bot Type:msg Message: MessageID:543637 Final:false Status:}
2024/12/05 11:01:34 chat.go:219: Sending message: {Content:Here are the node statuses:

```
🖥️  Node Status:
================
  ✅ aks-agentpool-40807194-vmss00000v   Ready    KubeletReady
  ✅ aks-agentpool-40807194-vmss000019   Ready    KubeletReady
  ✅ aks-agentpool-40807194-vmss00001a   Ready    KubeletReady
  ✅ aks-agentpool-40807194-vmss00001b   Ready    KubeletReady
  ✅ aks-agentpool-40807194-vmss00001d   Ready    KubeletReady
  ✅ aks-agentpool-40807194-vmss00001e   Ready    KubeletReady
  ✅ aks-agentpool-40807194-vmss00001g   Ready    KubeletReady
  ✅ aks-agentpool-40807194-vmss00001h   Ready    KubeletReady
  ✅ aks-agentpool-40807194-vmss00001j   Ready    KubeletReady
  ✅ aks-agentpool-40807194-vmss00001k   Ready    KubeletReady Error: SessionID: Timestamp:2024-12-05T11:01:34+02:00 SenderName:Bot Type:msg Message: MessageID:543637 Final:false Status:}
2024/12/05 11:01:34 chat.go:219: Sending message: {Content:Here are the node statuses:

```
🖥️  Node Status:
================
  ✅ aks-agentpool-40807194-vmss00000v   Ready    KubeletReady
  ✅ aks-agentpool-40807194-vmss000019   Ready    KubeletReady
  ✅ aks-agentpool-40807194-vmss00001a   Ready    KubeletReady
  ✅ aks-agentpool-40807194-vmss00001b   Ready    KubeletReady
  ✅ aks-agentpool-40807194-vmss00001d   Ready    KubeletReady
  ✅ aks-agentpool-40807194-vmss00001e   Ready    KubeletReady
  ✅ aks-agentpool-40807194-vmss00001g   Ready    KubeletReady
  ✅ aks-agentpool-40807194-vmss00001h   Ready    KubeletReady
  ✅ aks-agentpool-40807194-vmss00001j   Ready    KubeletReady
  ✅ aks-agentpool-40807194-vmss00001k   Ready    KubeletReady
 Error: SessionID: Timestamp:2024-12-05T11:01:34+02:00 SenderName:Bot Type:msg Message: MessageID:543637 Final:false Status:}
2024/12/05 11:01:34 chat.go:219: Sending message: {Content:Here are the node statuses:

```
🖥️  Node Status:
================
  ✅ aks-agentpool-40807194-vmss00000v   Ready    KubeletReady
  ✅ aks-agentpool-40807194-vmss000019   Ready    KubeletReady
  ✅ aks-agentpool-40807194-vmss00001a   Ready    KubeletReady
  ✅ aks-agentpool-40807194-vmss00001b   Ready    KubeletReady
  ✅ aks-agentpool-40807194-vmss00001d   Ready    KubeletReady
  ✅ aks-agentpool-40807194-vmss00001e   Ready    KubeletReady
  ✅ aks-agentpool-40807194-vmss00001g   Ready    KubeletReady
  ✅ aks-agentpool-40807194-vmss00001h   Ready    KubeletReady
  ✅ aks-agentpool-40807194-vmss00001j   Ready    KubeletReady
  ✅ aks-agentpool-40807194-vmss00001k   Ready    KubeletReady
``` Error: SessionID: Timestamp:2024-12-05T11:01:34+02:00 SenderName:Bot Type:msg Message: MessageID:543637 Final:false Status:}
2024/12/05 11:01:34 chat.go:219: Sending message: {Content:Here are the node statuses:

```
🖥️  Node Status:
================
  ✅ aks-agentpool-40807194-vmss00000v   Ready    KubeletReady
  ✅ aks-agentpool-40807194-vmss000019   Ready    KubeletReady
  ✅ aks-agentpool-40807194-vmss00001a   Ready    KubeletReady
  ✅ aks-agentpool-40807194-vmss00001b   Ready    KubeletReady
  ✅ aks-agentpool-40807194-vmss00001d   Ready    KubeletReady
  ✅ aks-agentpool-40807194-vmss00001e   Ready    KubeletReady
  ✅ aks-agentpool-40807194-vmss00001g   Ready    KubeletReady
  ✅ aks-agentpool-40807194-vmss00001h   Ready    KubeletReady
  ✅ aks-agentpool-40807194-vmss00001j   Ready    KubeletReady
  ✅ aks-agentpool-40807194-vmss00001k   Ready    KubeletReady
``` Error: SessionID: Timestamp:2024-12-05T11:01:34+02:00 SenderName:Bot Type:msg Message: MessageID:543637 Final:true Status:}
